{
    "version": 3,
    "terraform_version": "0.10.6",
    "serial": 40,
    "lineage": "9e20ea7a-48e2-4c55-a187-8ac1947cacdd",
    "modules": [
        {
            "path": [
                "root"
            ],
            "outputs": {},
            "resources": {},
            "depends_on": []
        },
        {
            "path": [
                "root",
                "disha_online_env"
            ],
            "outputs": {
                "vpc_id": {
                    "sensitive": false,
                    "type": "string",
                    "value": "vpc-905a95f8"
                }
            },
            "resources": {
                "aws_alb_target_group_attachment.biometric-admin-http": {
                    "type": "aws_alb_target_group_attachment",
                    "depends_on": [
                        "module.biometric-admin-tg-http",
                        "module.biometric_admin"
                    ],
                    "primary": {
                        "id": "arn:aws:elasticloadbalancing:ap-south-1:044611426596:targetgroup/disha-online-biom-admin-http/00332b9590be2b38-20171229124556497900000018",
                        "attributes": {
                            "id": "arn:aws:elasticloadbalancing:ap-south-1:044611426596:targetgroup/disha-online-biom-admin-http/00332b9590be2b38-20171229124556497900000018",
                            "port": "80",
                            "target_group_arn": "arn:aws:elasticloadbalancing:ap-south-1:044611426596:targetgroup/disha-online-biom-admin-http/00332b9590be2b38",
                            "target_id": "i-0476b5f835112dd2e"
                        },
                        "meta": {},
                        "tainted": false
                    },
                    "deposed": [],
                    "provider": ""
                },
                "aws_alb_target_group_attachment.biometric-admin-https": {
                    "type": "aws_alb_target_group_attachment",
                    "depends_on": [
                        "module.biometric-admin-tg-https",
                        "module.biometric_admin"
                    ],
                    "primary": {
                        "id": "arn:aws:elasticloadbalancing:ap-south-1:044611426596:targetgroup/disha-online-bio-admin-https/665220a8f432a346-20171229124557068900000019",
                        "attributes": {
                            "id": "arn:aws:elasticloadbalancing:ap-south-1:044611426596:targetgroup/disha-online-bio-admin-https/665220a8f432a346-20171229124557068900000019",
                            "port": "443",
                            "target_group_arn": "arn:aws:elasticloadbalancing:ap-south-1:044611426596:targetgroup/disha-online-bio-admin-https/665220a8f432a346",
                            "target_id": "i-0476b5f835112dd2e"
                        },
                        "meta": {},
                        "tainted": false
                    },
                    "deposed": [],
                    "provider": ""
                },
                "aws_alb_target_group_attachment.biometric-http": {
                    "type": "aws_alb_target_group_attachment",
                    "depends_on": [
                        "module.biometric",
                        "module.biometric-tg-http"
                    ],
                    "primary": {
                        "id": "arn:aws:elasticloadbalancing:ap-south-1:044611426596:targetgroup/disha-online-biometric-http/7775e5dfc8e0171d-20171229124549978800000016",
                        "attributes": {
                            "id": "arn:aws:elasticloadbalancing:ap-south-1:044611426596:targetgroup/disha-online-biometric-http/7775e5dfc8e0171d-20171229124549978800000016",
                            "port": "80",
                            "target_group_arn": "arn:aws:elasticloadbalancing:ap-south-1:044611426596:targetgroup/disha-online-biometric-http/7775e5dfc8e0171d",
                            "target_id": "i-0914d624aa3ebf41c"
                        },
                        "meta": {},
                        "tainted": false
                    },
                    "deposed": [],
                    "provider": ""
                },
                "aws_alb_target_group_attachment.biometric-https": {
                    "type": "aws_alb_target_group_attachment",
                    "depends_on": [
                        "module.biometric",
                        "module.biometric-tg-https"
                    ],
                    "primary": {
                        "id": "arn:aws:elasticloadbalancing:ap-south-1:044611426596:targetgroup/disha-online-biometric-https/3d51cd88a9c8a887-20171229124549968500000014",
                        "attributes": {
                            "id": "arn:aws:elasticloadbalancing:ap-south-1:044611426596:targetgroup/disha-online-biometric-https/3d51cd88a9c8a887-20171229124549968500000014",
                            "port": "443",
                            "target_group_arn": "arn:aws:elasticloadbalancing:ap-south-1:044611426596:targetgroup/disha-online-biometric-https/3d51cd88a9c8a887",
                            "target_id": "i-0914d624aa3ebf41c"
                        },
                        "meta": {},
                        "tainted": false
                    },
                    "deposed": [],
                    "provider": ""
                },
                "aws_alb_target_group_attachment.certificate-https": {
                    "type": "aws_alb_target_group_attachment",
                    "depends_on": [
                        "module.certificate-tg-https",
                        "module.certificate_instance"
                    ],
                    "primary": {
                        "id": "arn:aws:elasticloadbalancing:ap-south-1:044611426596:targetgroup/disha-online-certificate-https/ebb76c6c7cd7ed20-2017122912460971420000001f",
                        "attributes": {
                            "id": "arn:aws:elasticloadbalancing:ap-south-1:044611426596:targetgroup/disha-online-certificate-https/ebb76c6c7cd7ed20-2017122912460971420000001f",
                            "port": "443",
                            "target_group_arn": "arn:aws:elasticloadbalancing:ap-south-1:044611426596:targetgroup/disha-online-certificate-https/ebb76c6c7cd7ed20",
                            "target_id": "i-04ab3dbf59e2e41e9"
                        },
                        "meta": {},
                        "tainted": false
                    },
                    "deposed": [],
                    "provider": ""
                },
                "aws_alb_target_group_attachment.disha-tcmap-http": {
                    "type": "aws_alb_target_group_attachment",
                    "depends_on": [
                        "module.disha-app-tcmap-tg-http",
                        "module.disha_web_tcmap_instance"
                    ],
                    "primary": {
                        "id": "arn:aws:elasticloadbalancing:ap-south-1:044611426596:targetgroup/disha-online-tcmap-http/835b194879633c56-20171229124549976300000015",
                        "attributes": {
                            "id": "arn:aws:elasticloadbalancing:ap-south-1:044611426596:targetgroup/disha-online-tcmap-http/835b194879633c56-20171229124549976300000015",
                            "port": "80",
                            "target_group_arn": "arn:aws:elasticloadbalancing:ap-south-1:044611426596:targetgroup/disha-online-tcmap-http/835b194879633c56",
                            "target_id": "i-0dd87ce4722d6add2"
                        },
                        "meta": {},
                        "tainted": false
                    },
                    "deposed": [],
                    "provider": ""
                },
                "aws_alb_target_group_attachment.disha-tcmap-https": {
                    "type": "aws_alb_target_group_attachment",
                    "depends_on": [
                        "module.disha-app-tcmap-tg-https",
                        "module.disha_web_tcmap_instance"
                    ],
                    "primary": {
                        "id": "arn:aws:elasticloadbalancing:ap-south-1:044611426596:targetgroup/disha-online-tcmap-https/8b1c2131a90c7437-20171229124550041000000017",
                        "attributes": {
                            "id": "arn:aws:elasticloadbalancing:ap-south-1:044611426596:targetgroup/disha-online-tcmap-https/8b1c2131a90c7437-20171229124550041000000017",
                            "port": "443",
                            "target_group_arn": "arn:aws:elasticloadbalancing:ap-south-1:044611426596:targetgroup/disha-online-tcmap-https/8b1c2131a90c7437",
                            "target_id": "i-0dd87ce4722d6add2"
                        },
                        "meta": {},
                        "tainted": false
                    },
                    "deposed": [],
                    "provider": ""
                },
                "aws_alb_target_group_attachment.metabase-https": {
                    "type": "aws_alb_target_group_attachment",
                    "depends_on": [
                        "module.metabase-tg-http",
                        "module.metabase_instance"
                    ],
                    "primary": {
                        "id": "arn:aws:elasticloadbalancing:ap-south-1:044611426596:targetgroup/disha-online-metabase-http/5cd86a5140d96926-20171229171943341900000001",
                        "attributes": {
                            "id": "arn:aws:elasticloadbalancing:ap-south-1:044611426596:targetgroup/disha-online-metabase-http/5cd86a5140d96926-20171229171943341900000001",
                            "port": "8080",
                            "target_group_arn": "arn:aws:elasticloadbalancing:ap-south-1:044611426596:targetgroup/disha-online-metabase-http/5cd86a5140d96926",
                            "target_id": "i-0a7af01a29395dcc3"
                        },
                        "meta": {},
                        "tainted": false
                    },
                    "deposed": [],
                    "provider": ""
                },
                "aws_alb_target_group_attachment.practice-http": {
                    "type": "aws_alb_target_group_attachment",
                    "depends_on": [
                        "module.practice-tg-http",
                        "module.practice_instance"
                    ],
                    "primary": {
                        "id": "arn:aws:elasticloadbalancing:ap-south-1:044611426596:targetgroup/disha-online-practice-http/27f18d1681b2df0d-20171229124638540900000020",
                        "attributes": {
                            "id": "arn:aws:elasticloadbalancing:ap-south-1:044611426596:targetgroup/disha-online-practice-http/27f18d1681b2df0d-20171229124638540900000020",
                            "port": "8040",
                            "target_group_arn": "arn:aws:elasticloadbalancing:ap-south-1:044611426596:targetgroup/disha-online-practice-http/27f18d1681b2df0d",
                            "target_id": "i-0ae59514a4b2d8772"
                        },
                        "meta": {},
                        "tainted": false
                    },
                    "deposed": [],
                    "provider": ""
                },
                "aws_cloudwatch_metric_alarm.ansible_jenkins_instance_status_check": {
                    "type": "aws_cloudwatch_metric_alarm",
                    "depends_on": [
                        "aws_instance.jenkins-ansible-instance",
                        "module.disha_sns"
                    ],
                    "primary": {
                        "id": "disha-online-jenkins-ansible-status-checks-failed",
                        "attributes": {
                            "actions_enabled": "true",
                            "alarm_actions.#": "1",
                            "alarm_actions.992370358": "arn:aws:sns:ap-south-1:044611426596:disha-online-sns",
                            "alarm_description": "This metric monitors ec2 status checks",
                            "alarm_name": "disha-online-jenkins-ansible-status-checks-failed",
                            "comparison_operator": "GreaterThanOrEqualToThreshold",
                            "dimensions.%": "1",
                            "dimensions.InstanceId": "i-08df4ba879b846e1e",
                            "evaluate_low_sample_count_percentiles": "",
                            "evaluation_periods": "1",
                            "extended_statistic": "",
                            "id": "disha-online-jenkins-ansible-status-checks-failed",
                            "insufficient_data_actions.#": "1",
                            "insufficient_data_actions.992370358": "arn:aws:sns:ap-south-1:044611426596:disha-online-sns",
                            "metric_name": "StatusCheckFailed",
                            "namespace": "AWS/EC2",
                            "ok_actions.#": "1",
                            "ok_actions.992370358": "arn:aws:sns:ap-south-1:044611426596:disha-online-sns",
                            "period": "60",
                            "statistic": "Average",
                            "threshold": "1",
                            "treat_missing_data": "missing",
                            "unit": ""
                        },
                        "meta": {
                            "schema_version": "1"
                        },
                        "tainted": false
                    },
                    "deposed": [],
                    "provider": ""
                },
                "aws_cloudwatch_metric_alarm.elastic_redis_cpuutilization": {
                    "type": "aws_cloudwatch_metric_alarm",
                    "depends_on": [
                        "aws_elasticache_cluster.redis_cluster",
                        "module.disha_sns"
                    ],
                    "primary": {
                        "id": "disha-online-elastic-redis-High-CPUUtilization",
                        "attributes": {
                            "actions_enabled": "true",
                            "alarm_actions.#": "1",
                            "alarm_actions.992370358": "arn:aws:sns:ap-south-1:044611426596:disha-online-sns",
                            "alarm_description": "This metric monitor CPU utilization of redis",
                            "alarm_name": "disha-online-elastic-redis-High-CPUUtilization",
                            "comparison_operator": "GreaterThanOrEqualToThreshold",
                            "dimensions.%": "1",
                            "dimensions.InstanceId": "redis-onlinepvt",
                            "evaluate_low_sample_count_percentiles": "",
                            "evaluation_periods": "1",
                            "extended_statistic": "",
                            "id": "disha-online-elastic-redis-High-CPUUtilization",
                            "insufficient_data_actions.#": "1",
                            "insufficient_data_actions.992370358": "arn:aws:sns:ap-south-1:044611426596:disha-online-sns",
                            "metric_name": "CPUUtilization",
                            "namespace": "AWS/ElastiCache",
                            "ok_actions.#": "1",
                            "ok_actions.992370358": "arn:aws:sns:ap-south-1:044611426596:disha-online-sns",
                            "period": "300",
                            "statistic": "Average",
                            "threshold": "80",
                            "treat_missing_data": "missing",
                            "unit": ""
                        },
                        "meta": {
                            "schema_version": "1"
                        },
                        "tainted": false
                    },
                    "deposed": [],
                    "provider": ""
                },
                "aws_cloudwatch_metric_alarm.openvpn_instance_status_check": {
                    "type": "aws_cloudwatch_metric_alarm",
                    "depends_on": [
                        "aws_instance.openvpn-instance",
                        "module.disha_sns"
                    ],
                    "primary": {
                        "id": "disha-online-openvpn-status-checks-failed",
                        "attributes": {
                            "actions_enabled": "true",
                            "alarm_actions.#": "1",
                            "alarm_actions.992370358": "arn:aws:sns:ap-south-1:044611426596:disha-online-sns",
                            "alarm_description": "This metric monitors ec2 status checks",
                            "alarm_name": "disha-online-openvpn-status-checks-failed",
                            "comparison_operator": "GreaterThanOrEqualToThreshold",
                            "dimensions.%": "1",
                            "dimensions.InstanceId": "i-0d77340a708b3e364",
                            "evaluate_low_sample_count_percentiles": "",
                            "evaluation_periods": "1",
                            "extended_statistic": "",
                            "id": "disha-online-openvpn-status-checks-failed",
                            "insufficient_data_actions.#": "1",
                            "insufficient_data_actions.992370358": "arn:aws:sns:ap-south-1:044611426596:disha-online-sns",
                            "metric_name": "StatusCheckFailed",
                            "namespace": "AWS/EC2",
                            "ok_actions.#": "1",
                            "ok_actions.992370358": "arn:aws:sns:ap-south-1:044611426596:disha-online-sns",
                            "period": "60",
                            "statistic": "Average",
                            "threshold": "1",
                            "treat_missing_data": "missing",
                            "unit": ""
                        },
                        "meta": {
                            "schema_version": "1"
                        },
                        "tainted": false
                    },
                    "deposed": [],
                    "provider": ""
                },
                "aws_eip_association.jenkins": {
                    "type": "aws_eip_association",
                    "depends_on": [
                        "aws_instance.jenkins-ansible-instance"
                    ],
                    "primary": {
                        "id": "eipassoc-0571b224",
                        "attributes": {
                            "allocation_id": "eipalloc-73ce865d",
                            "id": "eipassoc-0571b224",
                            "instance_id": "i-08df4ba879b846e1e",
                            "network_interface_id": "eni-125f194d",
                            "private_ip_address": "20.0.4.210",
                            "public_ip": "52.66.86.174"
                        },
                        "meta": {},
                        "tainted": false
                    },
                    "deposed": [],
                    "provider": ""
                },
                "aws_eip_association.jump_box": {
                    "type": "aws_eip_association",
                    "depends_on": [
                        "module.jump_box"
                    ],
                    "primary": {
                        "id": "eipassoc-51d51470",
                        "attributes": {
                            "allocation_id": "eipalloc-b5c0889b",
                            "id": "eipassoc-51d51470",
                            "instance_id": "i-02794cdeec992d2bd",
                            "network_interface_id": "eni-aaeb90f5",
                            "private_ip_address": "20.0.4.203",
                            "public_ip": "13.127.116.110"
                        },
                        "meta": {},
                        "tainted": false
                    },
                    "deposed": [],
                    "provider": ""
                },
                "aws_eip_association.openvpn": {
                    "type": "aws_eip_association",
                    "depends_on": [
                        "aws_instance.openvpn-instance"
                    ],
                    "primary": {
                        "id": "eipassoc-fea465df",
                        "attributes": {
                            "allocation_id": "eipalloc-c7cf87e9",
                            "id": "eipassoc-fea465df",
                            "instance_id": "i-0d77340a708b3e364",
                            "network_interface_id": "eni-c5bec59a",
                            "private_ip_address": "20.0.4.206",
                            "public_ip": "13.126.97.170"
                        },
                        "meta": {},
                        "tainted": false
                    },
                    "deposed": [],
                    "provider": ""
                },
                "aws_eip_association.username": {
                    "type": "aws_eip_association",
                    "depends_on": [
                        "module.disha_location_instance"
                    ],
                    "primary": {
                        "id": "eipassoc-09aa6b28",
                        "attributes": {
                            "allocation_id": "eipalloc-09cc8427",
                            "id": "eipassoc-09aa6b28",
                            "instance_id": "i-020a1c1cc6792a788",
                            "network_interface_id": "eni-33bcc76c",
                            "private_ip_address": "20.0.4.41",
                            "public_ip": "35.154.249.167"
                        },
                        "meta": {},
                        "tainted": false
                    },
                    "deposed": [],
                    "provider": ""
                },
                "aws_elasticache_cluster.redis_cluster": {
                    "type": "aws_elasticache_cluster",
                    "depends_on": [
                        "aws_elasticache_subnet_group.elasticache_subnet_group",
                        "aws_security_group.redis_sg"
                    ],
                    "primary": {
                        "id": "redis-onlinepvt",
                        "attributes": {
                            "apply_immediately": "true",
                            "availability_zone": "ap-south-1a",
                            "az_mode": "single-az",
                            "cache_nodes.#": "1",
                            "cache_nodes.0.address": "redis-onlinepvt.mc9yhw.0001.aps1.cache.amazonaws.com",
                            "cache_nodes.0.availability_zone": "ap-south-1a",
                            "cache_nodes.0.id": "0001",
                            "cache_nodes.0.port": "6379",
                            "cluster_id": "redis-onlinepvt",
                            "engine": "redis",
                            "engine_version": "3.2.10",
                            "id": "redis-onlinepvt",
                            "maintenance_window": "sun:20:00-sun:22:00",
                            "node_type": "cache.r4.large",
                            "num_cache_nodes": "1",
                            "parameter_group_name": "default.redis3.2",
                            "port": "6379",
                            "security_group_ids.#": "1",
                            "security_group_ids.1060793083": "sg-eeebfd86",
                            "security_group_names.#": "0",
                            "snapshot_retention_limit": "0",
                            "snapshot_window": "01:30-02:30",
                            "subnet_group_name": "tf-test-cache-subnet",
                            "tags.%": "0"
                        },
                        "meta": {},
                        "tainted": false
                    },
                    "deposed": [],
                    "provider": ""
                },
                "aws_elasticache_subnet_group.elasticache_subnet_group": {
                    "type": "aws_elasticache_subnet_group",
                    "depends_on": [
                        "module.vpc"
                    ],
                    "primary": {
                        "id": "tf-test-cache-subnet",
                        "attributes": {
                            "description": "Managed by Terraform",
                            "id": "tf-test-cache-subnet",
                            "name": "tf-test-cache-subnet",
                            "subnet_ids.#": "1",
                            "subnet_ids.2705572671": "subnet-c49246ac"
                        },
                        "meta": {},
                        "tainted": false
                    },
                    "deposed": [],
                    "provider": ""
                },
                "aws_elb_attachment.pmgdisha": {
                    "type": "aws_elb_attachment",
                    "depends_on": [
                        "module.as-lb-http",
                        "module.pmgdisha_info_instance"
                    ],
                    "primary": {
                        "id": "disha-online-pmgdisha-info-lb-2017122912460008050000001a",
                        "attributes": {
                            "elb": "disha-online-pmgdisha-info-lb",
                            "id": "disha-online-pmgdisha-info-lb-2017122912460008050000001a",
                            "instance": "i-067280d7d23b52c55"
                        },
                        "meta": {},
                        "tainted": false
                    },
                    "deposed": [],
                    "provider": ""
                },
                "aws_iam_instance_profile.ansible-profile": {
                    "type": "aws_iam_instance_profile",
                    "depends_on": [],
                    "primary": {
                        "id": "disha-online-ansible-profile",
                        "attributes": {
                            "arn": "arn:aws:iam::044611426596:instance-profile/disha-online-ansible-profile",
                            "id": "disha-online-ansible-profile",
                            "name": "disha-online-ansible-profile",
                            "path": "/",
                            "role": "disha-online-ansible-role",
                            "roles.#": "1",
                            "roles.1526891775": "disha-online-ansible-role",
                            "unique_id": "AIPAIRX5JNLF6AVMS4RM6"
                        },
                        "meta": {},
                        "tainted": false
                    },
                    "deposed": [],
                    "provider": ""
                },
                "aws_iam_instance_profile.autoscaling-deployment-s3logs-iam-profile": {
                    "type": "aws_iam_instance_profile",
                    "depends_on": [
                        "aws_iam_role.autoscaling-deployment-s3logs-iam-role"
                    ],
                    "primary": {
                        "id": "disha-online-autoscaling-deployment-s3logs-iam-profile",
                        "attributes": {
                            "arn": "arn:aws:iam::044611426596:instance-profile/disha-online-autoscaling-deployment-s3logs-iam-profile",
                            "id": "disha-online-autoscaling-deployment-s3logs-iam-profile",
                            "name": "disha-online-autoscaling-deployment-s3logs-iam-profile",
                            "path": "/",
                            "role": "disha-online-autoscaling-deployment-s3logs-iam-profile",
                            "roles.#": "1",
                            "roles.3993451182": "disha-online-autoscaling-deployment-s3logs-iam-profile",
                            "unique_id": "AIPAIAJQC55RKWDN74TOO"
                        },
                        "meta": {},
                        "tainted": false
                    },
                    "deposed": [],
                    "provider": ""
                },
                "aws_iam_instance_profile.instance-profile": {
                    "type": "aws_iam_instance_profile",
                    "depends_on": [
                        "aws_iam_role.instance-role"
                    ],
                    "primary": {
                        "id": "disha-online-instance-profile",
                        "attributes": {
                            "arn": "arn:aws:iam::044611426596:instance-profile/disha-online-instance-profile",
                            "id": "disha-online-instance-profile",
                            "name": "disha-online-instance-profile",
                            "path": "/",
                            "role": "disha-online-instance-profile",
                            "roles.#": "1",
                            "roles.3544972486": "disha-online-instance-profile",
                            "unique_id": "AIPAJ6IJW43XUUAMQTPU4"
                        },
                        "meta": {},
                        "tainted": false
                    },
                    "deposed": [],
                    "provider": ""
                },
                "aws_iam_instance_profile.metrics-profile": {
                    "type": "aws_iam_instance_profile",
                    "depends_on": [
                        "aws_iam_role.metrics-role"
                    ],
                    "primary": {
                        "id": "disha-online-metrics-profile",
                        "attributes": {
                            "arn": "arn:aws:iam::044611426596:instance-profile/disha-online-metrics-profile",
                            "id": "disha-online-metrics-profile",
                            "name": "disha-online-metrics-profile",
                            "path": "/",
                            "role": "disha-online-metrics-profile",
                            "roles.#": "1",
                            "roles.967344087": "disha-online-metrics-profile",
                            "unique_id": "AIPAIUTTIPLD2K333MWO2"
                        },
                        "meta": {},
                        "tainted": false
                    },
                    "deposed": [],
                    "provider": ""
                },
                "aws_iam_instance_profile.report-db-updator-instance-profile": {
                    "type": "aws_iam_instance_profile",
                    "depends_on": [
                        "aws_iam_role.report-db-updator-instance-role"
                    ],
                    "primary": {
                        "id": "disha-online-report-db-updator-instance-profile",
                        "attributes": {
                            "arn": "arn:aws:iam::044611426596:instance-profile/disha-online-report-db-updator-instance-profile",
                            "id": "disha-online-report-db-updator-instance-profile",
                            "name": "disha-online-report-db-updator-instance-profile",
                            "path": "/",
                            "role": "disha-online-report-db-updator-instance-profile",
                            "roles.#": "1",
                            "roles.2690449675": "disha-online-report-db-updator-instance-profile",
                            "unique_id": "AIPAJCKREGA2CJCX3CXEG"
                        },
                        "meta": {},
                        "tainted": false
                    },
                    "deposed": [],
                    "provider": ""
                },
                "aws_iam_policy.autoscaling-read-policy": {
                    "type": "aws_iam_policy",
                    "depends_on": [
                        "data.template_file.autoscaling_read_policy_as_template"
                    ],
                    "primary": {
                        "id": "arn:aws:iam::044611426596:policy/disha-online-autoscaling-read",
                        "attributes": {
                            "arn": "arn:aws:iam::044611426596:policy/disha-online-autoscaling-read",
                            "id": "arn:aws:iam::044611426596:policy/disha-online-autoscaling-read",
                            "name": "disha-online-autoscaling-read",
                            "path": "/",
                            "policy": "{\n    \"Version\": \"2012-10-17\",\n    \"Statement\": [\n\n        {\n            \"Effect\": \"Allow\",\n            \"Action\":\n            [\n                            \"autoscaling:DescribeTags\",\n                            \"autoscaling:DescribeAutoScalingGroups\"\n                        ],\n\n            \"Resource\": \"*\"\n        }\n    ]\n}"
                        },
                        "meta": {},
                        "tainted": false
                    },
                    "deposed": [],
                    "provider": ""
                },
                "aws_iam_policy.cloudwatch-policy": {
                    "type": "aws_iam_policy",
                    "depends_on": [
                        "data.template_file.cloudwatch_policy_as_template"
                    ],
                    "primary": {
                        "id": "arn:aws:iam::044611426596:policy/disha-online-cloudwatch-policy",
                        "attributes": {
                            "arn": "arn:aws:iam::044611426596:policy/disha-online-cloudwatch-policy",
                            "id": "arn:aws:iam::044611426596:policy/disha-online-cloudwatch-policy",
                            "name": "disha-online-cloudwatch-policy",
                            "path": "/",
                            "policy": "{\n    \"Version\": \"2012-10-17\",\n    \"Statement\": [\n        {\n            \"Sid\": \"Stmt1495189811000\",\n            \"Effect\": \"Allow\",\n            \"Action\": [\n                \"cloudwatch:ListMetrics\",\n                \"cloudwatch:PutMetricData\"\n            ],\n            \"Resource\": [\n                \"*\"\n            ]\n        }\n    ]\n}"
                        },
                        "meta": {},
                        "tainted": false
                    },
                    "deposed": [],
                    "provider": ""
                },
                "aws_iam_policy.ec2-read-policy": {
                    "type": "aws_iam_policy",
                    "depends_on": [
                        "data.template_file.ec2_read_policy_as_template"
                    ],
                    "primary": {
                        "id": "arn:aws:iam::044611426596:policy/disha-online-ec2-read",
                        "attributes": {
                            "arn": "arn:aws:iam::044611426596:policy/disha-online-ec2-read",
                            "id": "arn:aws:iam::044611426596:policy/disha-online-ec2-read",
                            "name": "disha-online-ec2-read",
                            "path": "/",
                            "policy": "{\n    \"Version\": \"2012-10-17\",\n    \"Statement\": [\n\n        {\n            \"Effect\": \"Allow\",\n            \"Action\":\n            [\n\t\t\t    \"ec2:DescribeInstances\"\n                        ],\n\n            \"Resource\": \"*\"\n        }\n    ]\n}\n"
                        },
                        "meta": {},
                        "tainted": false
                    },
                    "deposed": [],
                    "provider": ""
                },
                "aws_iam_policy.get-deployement-version-policy": {
                    "type": "aws_iam_policy",
                    "depends_on": [],
                    "primary": {
                        "id": "arn:aws:iam::044611426596:policy/disha-online-get-deployement-version",
                        "attributes": {
                            "arn": "arn:aws:iam::044611426596:policy/disha-online-get-deployement-version",
                            "id": "arn:aws:iam::044611426596:policy/disha-online-get-deployement-version",
                            "name": "disha-online-get-deployement-version",
                            "path": "/",
                            "policy": "{\n    \"Version\": \"2012-10-17\",\n    \"Statement\": [\n        {\n            \"Effect\": \"Allow\",\n            \"Action\": [\n                \"s3:ListBucket\"\n            ],\n            \"Resource\": [\n\n                \"arn:aws:s3:::disha-online-deployement-versions\"\n            ]\n        },\n        {\n            \"Effect\": \"Allow\",\n            \"Action\": [\n                \"s3:PutObject\",\n                \"s3:GetObject\",\n                \"s3:DeleteObject\"\n            ],\n            \"Resource\": [\n\n                \"arn:aws:s3:::disha-online-deployement-versions/*\"\n            ]\n        }\n    ]\n}\n"
                        },
                        "meta": {},
                        "tainted": false
                    },
                    "deposed": [],
                    "provider": ""
                },
                "aws_iam_policy.s3-logs-policy": {
                    "type": "aws_iam_policy",
                    "depends_on": [
                        "data.template_file.s3_logs_policy_as_template"
                    ],
                    "primary": {
                        "id": "arn:aws:iam::044611426596:policy/disha-online-s3-logs-policy",
                        "attributes": {
                            "arn": "arn:aws:iam::044611426596:policy/disha-online-s3-logs-policy",
                            "id": "arn:aws:iam::044611426596:policy/disha-online-s3-logs-policy",
                            "name": "disha-online-s3-logs-policy",
                            "path": "/",
                            "policy": "{\n    \"Version\": \"2012-10-17\",\n    \"Statement\": [\n        {\n            \"Sid\": \"Stmt1462344008000\",\n            \"Effect\": \"Allow\",\n            \"Action\": [\n                \"s3:GetBucketLocation\",\n                \"s3:ListAllMyBuckets\"\n            ],\n            \"Resource\": [\n                \"arn:aws:s3:::*\"\n            ]\n        },\n        {\n            \"Sid\": \"Stmt1462344268000\",\n            \"Effect\": \"Allow\",\n            \"Action\": [\n                \"s3:*\"\n            ],\n            \"Resource\": [\n                \"arn:aws:s3:::disha-online-logs/*\"\n            ]\n        },\n        {\n            \"Sid\": \"Stmt1462344360000\",\n            \"Effect\": \"Allow\",\n            \"Action\": [\n                \"s3:ListBucket\"\n            ],\n            \"Resource\": [\n                \"arn:aws:s3:::disha-online-logs\"\n            ]\n        }\n    ]\n}"
                        },
                        "meta": {},
                        "tainted": false
                    },
                    "deposed": [],
                    "provider": ""
                },
                "aws_iam_role.ansible-role": {
                    "type": "aws_iam_role",
                    "depends_on": [],
                    "primary": {
                        "id": "disha-online-ansible-role",
                        "attributes": {
                            "arn": "arn:aws:iam::044611426596:role/disha-online-ansible-role",
                            "assume_role_policy": "{\"Version\":\"2012-10-17\",\"Statement\":[{\"Sid\":\"\",\"Effect\":\"Allow\",\"Principal\":{\"Service\":\"ec2.amazonaws.com\"},\"Action\":\"sts:AssumeRole\"}]}",
                            "create_date": "2017-12-29T12:40:15Z",
                            "force_detach_policies": "false",
                            "id": "disha-online-ansible-role",
                            "name": "disha-online-ansible-role",
                            "path": "/",
                            "unique_id": "AROAJR6J6UZROIERRJA3A"
                        },
                        "meta": {},
                        "tainted": false
                    },
                    "deposed": [],
                    "provider": ""
                },
                "aws_iam_role.autoscaling-deployment-s3logs-iam-role": {
                    "type": "aws_iam_role",
                    "depends_on": [],
                    "primary": {
                        "id": "disha-online-autoscaling-deployment-s3logs-iam-profile",
                        "attributes": {
                            "arn": "arn:aws:iam::044611426596:role/disha-online-autoscaling-deployment-s3logs-iam-profile",
                            "assume_role_policy": "{\"Version\":\"2012-10-17\",\"Statement\":[{\"Sid\":\"\",\"Effect\":\"Allow\",\"Principal\":{\"Service\":\"ec2.amazonaws.com\"},\"Action\":\"sts:AssumeRole\"}]}",
                            "create_date": "2017-12-29T12:39:47Z",
                            "force_detach_policies": "false",
                            "id": "disha-online-autoscaling-deployment-s3logs-iam-profile",
                            "name": "disha-online-autoscaling-deployment-s3logs-iam-profile",
                            "path": "/",
                            "unique_id": "AROAJH4Q2BT3BTQ3F2TTS"
                        },
                        "meta": {},
                        "tainted": false
                    },
                    "deposed": [],
                    "provider": ""
                },
                "aws_iam_role.instance-role": {
                    "type": "aws_iam_role",
                    "depends_on": [],
                    "primary": {
                        "id": "disha-online-instance-profile",
                        "attributes": {
                            "arn": "arn:aws:iam::044611426596:role/disha-online-instance-profile",
                            "assume_role_policy": "{\"Version\":\"2012-10-17\",\"Statement\":[{\"Sid\":\"\",\"Effect\":\"Allow\",\"Principal\":{\"Service\":\"ec2.amazonaws.com\"},\"Action\":\"sts:AssumeRole\"}]}",
                            "create_date": "2017-12-29T12:40:15Z",
                            "force_detach_policies": "false",
                            "id": "disha-online-instance-profile",
                            "name": "disha-online-instance-profile",
                            "path": "/",
                            "unique_id": "AROAI4GYNJYQWOST5NZX4"
                        },
                        "meta": {},
                        "tainted": false
                    },
                    "deposed": [],
                    "provider": ""
                },
                "aws_iam_role.metrics-role": {
                    "type": "aws_iam_role",
                    "depends_on": [],
                    "primary": {
                        "id": "disha-online-metrics-profile",
                        "attributes": {
                            "arn": "arn:aws:iam::044611426596:role/disha-online-metrics-profile",
                            "assume_role_policy": "{\"Version\":\"2012-10-17\",\"Statement\":[{\"Sid\":\"\",\"Effect\":\"Allow\",\"Principal\":{\"Service\":\"ec2.amazonaws.com\"},\"Action\":\"sts:AssumeRole\"}]}",
                            "create_date": "2017-12-29T12:40:06Z",
                            "force_detach_policies": "false",
                            "id": "disha-online-metrics-profile",
                            "name": "disha-online-metrics-profile",
                            "path": "/",
                            "unique_id": "AROAIV2TVP7UDPQXEPDLQ"
                        },
                        "meta": {},
                        "tainted": false
                    },
                    "deposed": [],
                    "provider": ""
                },
                "aws_iam_role.report-db-updator-instance-role": {
                    "type": "aws_iam_role",
                    "depends_on": [],
                    "primary": {
                        "id": "disha-online-report-db-updator-instance-profile",
                        "attributes": {
                            "arn": "arn:aws:iam::044611426596:role/disha-online-report-db-updator-instance-profile",
                            "assume_role_policy": "{\"Version\":\"2012-10-17\",\"Statement\":[{\"Sid\":\"\",\"Effect\":\"Allow\",\"Principal\":{\"Service\":\"ec2.amazonaws.com\"},\"Action\":\"sts:AssumeRole\"}]}",
                            "create_date": "2017-12-29T12:40:17Z",
                            "force_detach_policies": "false",
                            "id": "disha-online-report-db-updator-instance-profile",
                            "name": "disha-online-report-db-updator-instance-profile",
                            "path": "/",
                            "unique_id": "AROAJ7ODPZLJ637S7LC3Q"
                        },
                        "meta": {},
                        "tainted": false
                    },
                    "deposed": [],
                    "provider": ""
                },
                "aws_iam_role_policy.ansible-policy": {
                    "type": "aws_iam_role_policy",
                    "depends_on": [
                        "aws_iam_role.ansible-role",
                        "data.template_file.ansible_jenkins_policy_as_template"
                    ],
                    "primary": {
                        "id": "disha-online-ansible-role:disha-online-ansible-policy",
                        "attributes": {
                            "id": "disha-online-ansible-role:disha-online-ansible-policy",
                            "name": "disha-online-ansible-policy",
                            "policy": "{\n    \"Version\": \"2012-10-17\",\n    \"Statement\": [\n        {\n            \"Effect\": \"Allow\",\n            \"Action\": [\n                \"s3:ListBucket\"\n            ],\n            \"Resource\": [\n                \"arn:aws:s3:::disha-online-devops\",\n                \"arn:aws:s3:::disha-online-deployement-versions\",\n                \"arn:aws:s3:::disha-online-cms-resources\",\n                \"arn:aws:s3:::disha-online-web-resources\",\n                \"arn:aws:s3:::mettl-installers\"\n            ]\n        },\n        {\n            \"Effect\": \"Allow\",\n            \"Action\": [\n                \"s3:PutObject\",\n                \"s3:GetObject\",\n                \"s3:DeleteObject\"\n            ],\n            \"Resource\": [\n                \"arn:aws:s3:::disha-online-devops/*\",\n                \"arn:aws:s3:::disha-online-deployement-versions/*\",\n                \"arn:aws:s3:::disha-online-devops/generic-data-for-ansible-and-jenkins/*\",\n                \"arn:aws:s3:::disha-online-devops/ansible/keys/disha-online/*\",\n                \"arn:aws:s3:::disha-online-devops/jenkins/keys/disha-online/*\",\n                \"arn:aws:s3:::disha-online-cms-resources/*\",\n                \"arn:aws:s3:::disha-online-web-resources/*\",\n                \"arn:aws:s3:::mettl-installers/*\"\n            ]\n        },\n\n        {\n             \"Action\": [\n                            \"ec2:DescribeVpcs\",\n                            \"ec2:DescribeVpcClassicLink\",\n                            \"ec2:DescribeAvailabilityZones\",\n                            \"ec2:DescribeSubnets\",\n                            \"ec2:DescribeInstances\"\n                        ],\n            \"Effect\": \"Allow\",\n            \"Resource\": \"*\"\n        },\n        {\n                    \"Effect\": \"Allow\",\n                    \"Action\": \"autoscaling:Describe*\",\n                    \"Resource\": \"*\"\n        },\n        {\n            \"Effect\": \"Allow\",\n            \"Action\": \"autoscaling:*\",\n            \"Resource\": \"arn:aws:autoscaling:ap-south-1:*:autoScalingGroup:*:autoScalingGroupName/disha-online-*\"\n        },\n        {\n            \"Effect\": \"Allow\",\n            \"Action\": \"elasticloadbalancing:Describe*\",\n            \"Resource\": \"*\"\n        },\n         {\n                    \"Effect\": \"Allow\",\n                    \"Action\": [\n                        \"ec2:CreateSnapshot\",\n                        \"ec2:DescribeSnapshots\",\n                        \"ec2:CreateImage\",\n                        \"ec2:DescribeImages\",\n                        \"ec2:DeleteSnapshot\",\n                        \"ec2:DeregisterImage\",\n                        \"ec2:DescribeInstances\"\n                    ],\n                    \"Condition\": {\n                        \"StringEquals\": {\n                            \"ec2:Region\": \"ap-south-1\"\n                        }\n                    },\n                    \"Resource\": [\n                        \"*\"\n                    ]\n         },\n          {\n              \"Effect\": \"Allow\",\n              \"Action\": [\n                  \"lambda:UpdateFunctionCode\"\n              ],\n              \"Resource\": [\n                  \"arn:aws:lambda:ap-south-1:044611426596:function:disha-online-certificate-lambda\"\n              ]\n          },\n          {\n              \"Effect\": \"Allow\",\n              \"Action\": \"ec2:StartInstances\",\n              \"Resource\": \"arn:aws:ec2:ap-south-1:044611426596:instance/i-0c5b6f215cfb3f554\"\n          },\n          {\n               \"Effect\": \"Allow\",\n               \"Action\": \"cloudfront:CreateInvalidation\",\n               \"Resource\": \"*\"\n          }\n    ]\n}",
                            "role": "disha-online-ansible-role"
                        },
                        "meta": {},
                        "tainted": false
                    },
                    "deposed": [],
                    "provider": ""
                },
                "aws_iam_role_policy_attachment.ansible-cloudwatch-policy-attachment": {
                    "type": "aws_iam_role_policy_attachment",
                    "depends_on": [
                        "aws_iam_policy.cloudwatch-policy",
                        "aws_iam_role.ansible-role"
                    ],
                    "primary": {
                        "id": "disha-online-ansible-role-20171229124114055000000009",
                        "attributes": {
                            "id": "disha-online-ansible-role-20171229124114055000000009",
                            "policy_arn": "arn:aws:iam::044611426596:policy/disha-online-cloudwatch-policy",
                            "role": "disha-online-ansible-role"
                        },
                        "meta": {},
                        "tainted": false
                    },
                    "deposed": [],
                    "provider": ""
                },
                "aws_iam_role_policy_attachment.autoscaling-read-attachment": {
                    "type": "aws_iam_role_policy_attachment",
                    "depends_on": [
                        "aws_iam_policy.autoscaling-read-policy",
                        "aws_iam_role.autoscaling-deployment-s3logs-iam-role"
                    ],
                    "primary": {
                        "id": "disha-online-autoscaling-deployment-s3logs-iam-profile-20171229124026358000000001",
                        "attributes": {
                            "id": "disha-online-autoscaling-deployment-s3logs-iam-profile-20171229124026358000000001",
                            "policy_arn": "arn:aws:iam::044611426596:policy/disha-online-autoscaling-read",
                            "role": "disha-online-autoscaling-deployment-s3logs-iam-profile"
                        },
                        "meta": {},
                        "tainted": false
                    },
                    "deposed": [],
                    "provider": ""
                },
                "aws_iam_role_policy_attachment.cloudwatch-attachment": {
                    "type": "aws_iam_role_policy_attachment",
                    "depends_on": [
                        "aws_iam_policy.cloudwatch-policy",
                        "aws_iam_role.instance-role"
                    ],
                    "primary": {
                        "id": "disha-online-instance-profile-2017122912411406340000000b",
                        "attributes": {
                            "id": "disha-online-instance-profile-2017122912411406340000000b",
                            "policy_arn": "arn:aws:iam::044611426596:policy/disha-online-cloudwatch-policy",
                            "role": "disha-online-instance-profile"
                        },
                        "meta": {},
                        "tainted": false
                    },
                    "deposed": [],
                    "provider": ""
                },
                "aws_iam_role_policy_attachment.cloudwatch-attachment-for-report-db-updator-instance": {
                    "type": "aws_iam_role_policy_attachment",
                    "depends_on": [
                        "aws_iam_policy.cloudwatch-policy",
                        "aws_iam_role.report-db-updator-instance-role"
                    ],
                    "primary": {
                        "id": "disha-online-report-db-updator-instance-profile-2017122912411635150000000f",
                        "attributes": {
                            "id": "disha-online-report-db-updator-instance-profile-2017122912411635150000000f",
                            "policy_arn": "arn:aws:iam::044611426596:policy/disha-online-cloudwatch-policy",
                            "role": "disha-online-report-db-updator-instance-profile"
                        },
                        "meta": {},
                        "tainted": false
                    },
                    "deposed": [],
                    "provider": ""
                },
                "aws_iam_role_policy_attachment.cloudwatch-policy-attachment": {
                    "type": "aws_iam_role_policy_attachment",
                    "depends_on": [
                        "aws_iam_policy.cloudwatch-policy",
                        "aws_iam_role.autoscaling-deployment-s3logs-iam-role"
                    ],
                    "primary": {
                        "id": "disha-online-autoscaling-deployment-s3logs-iam-profile-20171229124053578900000003",
                        "attributes": {
                            "id": "disha-online-autoscaling-deployment-s3logs-iam-profile-20171229124053578900000003",
                            "policy_arn": "arn:aws:iam::044611426596:policy/disha-online-cloudwatch-policy",
                            "role": "disha-online-autoscaling-deployment-s3logs-iam-profile"
                        },
                        "meta": {},
                        "tainted": false
                    },
                    "deposed": [],
                    "provider": ""
                },
                "aws_iam_role_policy_attachment.deployment-autoscaling-policy-attachment": {
                    "type": "aws_iam_role_policy_attachment",
                    "depends_on": [
                        "aws_iam_policy.get-deployement-version-policy",
                        "aws_iam_role.autoscaling-deployment-s3logs-iam-role"
                    ],
                    "primary": {
                        "id": "disha-online-autoscaling-deployment-s3logs-iam-profile-2017122912411406510000000c",
                        "attributes": {
                            "id": "disha-online-autoscaling-deployment-s3logs-iam-profile-2017122912411406510000000c",
                            "policy_arn": "arn:aws:iam::044611426596:policy/disha-online-get-deployement-version",
                            "role": "disha-online-autoscaling-deployment-s3logs-iam-profile"
                        },
                        "meta": {},
                        "tainted": false
                    },
                    "deposed": [],
                    "provider": ""
                },
                "aws_iam_role_policy_attachment.deployment-policy-attachment-for-report-db-updator-instance": {
                    "type": "aws_iam_role_policy_attachment",
                    "depends_on": [
                        "aws_iam_policy.get-deployement-version-policy",
                        "aws_iam_role.report-db-updator-instance-role"
                    ],
                    "primary": {
                        "id": "disha-online-report-db-updator-instance-profile-20171229124117492200000011",
                        "attributes": {
                            "id": "disha-online-report-db-updator-instance-profile-20171229124117492200000011",
                            "policy_arn": "arn:aws:iam::044611426596:policy/disha-online-get-deployement-version",
                            "role": "disha-online-report-db-updator-instance-profile"
                        },
                        "meta": {},
                        "tainted": false
                    },
                    "deposed": [],
                    "provider": ""
                },
                "aws_iam_role_policy_attachment.ec2-read-attachment": {
                    "type": "aws_iam_role_policy_attachment",
                    "depends_on": [
                        "aws_iam_policy.ec2-read-policy",
                        "aws_iam_role.instance-role"
                    ],
                    "primary": {
                        "id": "disha-online-instance-profile-2017122912411406550000000d",
                        "attributes": {
                            "id": "disha-online-instance-profile-2017122912411406550000000d",
                            "policy_arn": "arn:aws:iam::044611426596:policy/disha-online-ec2-read",
                            "role": "disha-online-instance-profile"
                        },
                        "meta": {},
                        "tainted": false
                    },
                    "deposed": [],
                    "provider": ""
                },
                "aws_iam_role_policy_attachment.ec2-read-attachment-for-autoscaling": {
                    "type": "aws_iam_role_policy_attachment",
                    "depends_on": [
                        "aws_iam_policy.ec2-read-policy",
                        "aws_iam_role.autoscaling-deployment-s3logs-iam-role"
                    ],
                    "primary": {
                        "id": "disha-online-autoscaling-deployment-s3logs-iam-profile-20171229124059848900000008",
                        "attributes": {
                            "id": "disha-online-autoscaling-deployment-s3logs-iam-profile-20171229124059848900000008",
                            "policy_arn": "arn:aws:iam::044611426596:policy/disha-online-ec2-read",
                            "role": "disha-online-autoscaling-deployment-s3logs-iam-profile"
                        },
                        "meta": {},
                        "tainted": false
                    },
                    "deposed": [],
                    "provider": ""
                },
                "aws_iam_role_policy_attachment.ec2-read-attachment-for-report-db-updator-instance": {
                    "type": "aws_iam_role_policy_attachment",
                    "depends_on": [
                        "aws_iam_policy.ec2-read-policy",
                        "aws_iam_role.report-db-updator-instance-role"
                    ],
                    "primary": {
                        "id": "disha-online-report-db-updator-instance-profile-20171229124117489700000010",
                        "attributes": {
                            "id": "disha-online-report-db-updator-instance-profile-20171229124117489700000010",
                            "policy_arn": "arn:aws:iam::044611426596:policy/disha-online-ec2-read",
                            "role": "disha-online-report-db-updator-instance-profile"
                        },
                        "meta": {},
                        "tainted": false
                    },
                    "deposed": [],
                    "provider": ""
                },
                "aws_iam_role_policy_attachment.metrics-autoscaling-read-attachment": {
                    "type": "aws_iam_role_policy_attachment",
                    "depends_on": [
                        "aws_iam_policy.autoscaling-read-policy",
                        "aws_iam_role.metrics-role"
                    ],
                    "primary": {
                        "id": "disha-online-metrics-profile-20171229124041033800000002",
                        "attributes": {
                            "id": "disha-online-metrics-profile-20171229124041033800000002",
                            "policy_arn": "arn:aws:iam::044611426596:policy/disha-online-autoscaling-read",
                            "role": "disha-online-metrics-profile"
                        },
                        "meta": {},
                        "tainted": false
                    },
                    "deposed": [],
                    "provider": ""
                },
                "aws_iam_role_policy_attachment.metrics-cloudwatch-attachment": {
                    "type": "aws_iam_role_policy_attachment",
                    "depends_on": [
                        "aws_iam_policy.cloudwatch-policy",
                        "aws_iam_role.metrics-role"
                    ],
                    "primary": {
                        "id": "disha-online-metrics-profile-20171229124053606500000004",
                        "attributes": {
                            "id": "disha-online-metrics-profile-20171229124053606500000004",
                            "policy_arn": "arn:aws:iam::044611426596:policy/disha-online-cloudwatch-policy",
                            "role": "disha-online-metrics-profile"
                        },
                        "meta": {},
                        "tainted": false
                    },
                    "deposed": [],
                    "provider": ""
                },
                "aws_iam_role_policy_attachment.metrics-ec2-read-attachment": {
                    "type": "aws_iam_role_policy_attachment",
                    "depends_on": [
                        "aws_iam_policy.ec2-read-policy",
                        "aws_iam_role.metrics-role"
                    ],
                    "primary": {
                        "id": "disha-online-metrics-profile-20171229124059812000000007",
                        "attributes": {
                            "id": "disha-online-metrics-profile-20171229124059812000000007",
                            "policy_arn": "arn:aws:iam::044611426596:policy/disha-online-ec2-read",
                            "role": "disha-online-metrics-profile"
                        },
                        "meta": {},
                        "tainted": false
                    },
                    "deposed": [],
                    "provider": ""
                },
                "aws_iam_role_policy_attachment.metrics-s3-logs-attachment": {
                    "type": "aws_iam_role_policy_attachment",
                    "depends_on": [
                        "aws_iam_policy.s3-logs-policy",
                        "aws_iam_role.metrics-role"
                    ],
                    "primary": {
                        "id": "disha-online-metrics-profile-20171229124053610000000006",
                        "attributes": {
                            "id": "disha-online-metrics-profile-20171229124053610000000006",
                            "policy_arn": "arn:aws:iam::044611426596:policy/disha-online-s3-logs-policy",
                            "role": "disha-online-metrics-profile"
                        },
                        "meta": {},
                        "tainted": false
                    },
                    "deposed": [],
                    "provider": ""
                },
                "aws_iam_role_policy_attachment.s3-logs-attachment": {
                    "type": "aws_iam_role_policy_attachment",
                    "depends_on": [
                        "aws_iam_policy.s3-logs-policy",
                        "aws_iam_role.instance-role"
                    ],
                    "primary": {
                        "id": "disha-online-instance-profile-2017122912411405540000000a",
                        "attributes": {
                            "id": "disha-online-instance-profile-2017122912411405540000000a",
                            "policy_arn": "arn:aws:iam::044611426596:policy/disha-online-s3-logs-policy",
                            "role": "disha-online-instance-profile"
                        },
                        "meta": {},
                        "tainted": false
                    },
                    "deposed": [],
                    "provider": ""
                },
                "aws_iam_role_policy_attachment.s3-logs-attachment-for-report-db-updator-instance": {
                    "type": "aws_iam_role_policy_attachment",
                    "depends_on": [
                        "aws_iam_policy.s3-logs-policy",
                        "aws_iam_role.report-db-updator-instance-role"
                    ],
                    "primary": {
                        "id": "disha-online-report-db-updator-instance-profile-2017122912411522460000000e",
                        "attributes": {
                            "id": "disha-online-report-db-updator-instance-profile-2017122912411522460000000e",
                            "policy_arn": "arn:aws:iam::044611426596:policy/disha-online-s3-logs-policy",
                            "role": "disha-online-report-db-updator-instance-profile"
                        },
                        "meta": {},
                        "tainted": false
                    },
                    "deposed": [],
                    "provider": ""
                },
                "aws_iam_role_policy_attachment.s3logs-autoscaling-policy-attachment": {
                    "type": "aws_iam_role_policy_attachment",
                    "depends_on": [
                        "aws_iam_policy.s3-logs-policy",
                        "aws_iam_role.autoscaling-deployment-s3logs-iam-role"
                    ],
                    "primary": {
                        "id": "disha-online-autoscaling-deployment-s3logs-iam-profile-20171229124053608600000005",
                        "attributes": {
                            "id": "disha-online-autoscaling-deployment-s3logs-iam-profile-20171229124053608600000005",
                            "policy_arn": "arn:aws:iam::044611426596:policy/disha-online-s3-logs-policy",
                            "role": "disha-online-autoscaling-deployment-s3logs-iam-profile"
                        },
                        "meta": {},
                        "tainted": false
                    },
                    "deposed": [],
                    "provider": ""
                },
                "aws_iam_server_certificate.ssl_cert": {
                    "type": "aws_iam_server_certificate",
                    "depends_on": [],
                    "primary": {
                        "id": "ASCAIK2O2EGFM7J3ZUROA",
                        "attributes": {
                            "arn": "arn:aws:iam::044611426596:server-certificate/disha-online-ssl-cert",
                            "certificate_body": "20c1c69697bb98460a4d80a3af04ec502dcddf72",
                            "certificate_chain": "7e85cb3e40dff5a9f83ff75576d71fd98fdfdd89",
                            "id": "ASCAIK2O2EGFM7J3ZUROA",
                            "name": "disha-online-ssl-cert",
                            "path": "/",
                            "private_key": "1f627b1a771104f1352be7115f56b1312ab1c280"
                        },
                        "meta": {},
                        "tainted": false
                    },
                    "deposed": [],
                    "provider": ""
                },
                "aws_instance.jenkins-ansible-instance": {
                    "type": "aws_instance",
                    "depends_on": [
                        "aws_iam_instance_profile.ansible-profile",
                        "aws_security_group.ansible_sg",
                        "data.template_file.ansible_userdata_as_template",
                        "module.vpc"
                    ],
                    "primary": {
                        "id": "i-08df4ba879b846e1e",
                        "attributes": {
                            "ami": "ami-422c792d",
                            "associate_public_ip_address": "true",
                            "availability_zone": "ap-south-1a",
                            "disable_api_termination": "false",
                            "ebs_block_device.#": "0",
                            "ebs_optimized": "false",
                            "ephemeral_block_device.#": "0",
                            "iam_instance_profile": "disha-online-ansible-profile",
                            "id": "i-08df4ba879b846e1e",
                            "instance_state": "running",
                            "instance_type": "t2.small",
                            "ipv6_addresses.#": "0",
                            "key_name": "disha-online.onlinepvt",
                            "monitoring": "false",
                            "network_interface.#": "0",
                            "network_interface_id": "eni-125f194d",
                            "primary_network_interface_id": "eni-125f194d",
                            "private_dns": "ip-20-0-4-210.ap-south-1.compute.internal",
                            "private_ip": "20.0.4.210",
                            "public_dns": "ec2-52-66-86-174.ap-south-1.compute.amazonaws.com",
                            "public_ip": "52.66.86.174",
                            "root_block_device.#": "1",
                            "root_block_device.0.delete_on_termination": "true",
                            "root_block_device.0.iops": "100",
                            "root_block_device.0.volume_size": "24",
                            "root_block_device.0.volume_type": "gp2",
                            "security_groups.#": "0",
                            "source_dest_check": "true",
                            "subnet_id": "subnet-f9914591",
                            "tags.%": "3",
                            "tags.Cluster": "maintenance",
                            "tags.Environment": "disha-online",
                            "tags.Name": "disha-online-jenkins-ansible",
                            "tenancy": "default",
                            "user_data": "854b0c430ecaa4ee3a41bff5fac9a078ae87a13a",
                            "volume_tags.%": "0",
                            "vpc_security_group_ids.#": "2",
                            "vpc_security_group_ids.196190601": "sg-a8eafcc0",
                            "vpc_security_group_ids.309319734": "sg-cae8fea2"
                        },
                        "meta": {
                            "e2bfb730-ecaa-11e6-8f88-34363bc7c4c0": {
                                "create": 600000000000,
                                "delete": 600000000000,
                                "update": 600000000000
                            },
                            "schema_version": "1"
                        },
                        "tainted": false
                    },
                    "deposed": [],
                    "provider": ""
                },
                "aws_instance.openvpn-instance": {
                    "type": "aws_instance",
                    "depends_on": [
                        "aws_security_group.openvpn_sg",
                        "module.vpc"
                    ],
                    "primary": {
                        "id": "i-0d77340a708b3e364",
                        "attributes": {
                            "ami": "ami-422c792d",
                            "associate_public_ip_address": "true",
                            "availability_zone": "ap-south-1a",
                            "disable_api_termination": "false",
                            "ebs_block_device.#": "0",
                            "ebs_optimized": "false",
                            "ephemeral_block_device.#": "0",
                            "iam_instance_profile": "",
                            "id": "i-0d77340a708b3e364",
                            "instance_state": "running",
                            "instance_type": "t2.micro",
                            "ipv6_addresses.#": "0",
                            "key_name": "disha-online.onlinepvt",
                            "monitoring": "false",
                            "network_interface.#": "0",
                            "network_interface_id": "eni-c5bec59a",
                            "primary_network_interface_id": "eni-c5bec59a",
                            "private_dns": "ip-20-0-4-206.ap-south-1.compute.internal",
                            "private_ip": "20.0.4.206",
                            "public_dns": "ec2-13-126-97-170.ap-south-1.compute.amazonaws.com",
                            "public_ip": "13.126.97.170",
                            "root_block_device.#": "1",
                            "root_block_device.0.delete_on_termination": "true",
                            "root_block_device.0.iops": "100",
                            "root_block_device.0.volume_size": "24",
                            "root_block_device.0.volume_type": "gp2",
                            "security_groups.#": "0",
                            "source_dest_check": "true",
                            "subnet_id": "subnet-f9914591",
                            "tags.%": "3",
                            "tags.Cluster": "maintenance",
                            "tags.Environment": "disha-online",
                            "tags.Name": "disha-online-openvpn",
                            "tenancy": "default",
                            "user_data": "5e7848be9dcf1079051728970416f6400a24fa24",
                            "volume_tags.%": "0",
                            "vpc_security_group_ids.#": "2",
                            "vpc_security_group_ids.1691656591": "sg-b1ebfdd9",
                            "vpc_security_group_ids.309319734": "sg-cae8fea2"
                        },
                        "meta": {
                            "e2bfb730-ecaa-11e6-8f88-34363bc7c4c0": {
                                "create": 600000000000,
                                "delete": 600000000000,
                                "update": 600000000000
                            },
                            "schema_version": "1"
                        },
                        "tainted": false
                    },
                    "deposed": [],
                    "provider": ""
                },
                "aws_redshift_cluster.report-redshift-cluster": {
                    "type": "aws_redshift_cluster",
                    "depends_on": [
                        "aws_redshift_parameter_group.redshift-timeout-pg",
                        "aws_redshift_subnet_group.redshift_cluster_subnet_group",
                        "aws_security_group.redshift_sg"
                    ],
                    "primary": {
                        "id": "disha-online-disha-report",
                        "attributes": {
                            "allow_version_upgrade": "true",
                            "automated_snapshot_retention_period": "1",
                            "availability_zone": "ap-south-1a",
                            "bucket_name": "",
                            "cluster_identifier": "disha-online-disha-report",
                            "cluster_parameter_group_name": "redshift-with-timeout",
                            "cluster_public_key": "ssh-rsa AAAAB3NzaC1yc2EAAAADAQABAAABAQDQsy4VVkYc/cSapZKsWAhPD6VWOxDTISLluxNdJ7dPi3mSSUWOLcLyf9Vv8Iwezc0FmPRgksMrCzPyGPSA8BfyBadPG5kitEM/gKWOIN+HU3zHF/ewvpD8iTWec6N+ni0H9ne/tWja0i4WPvVNMsumGPrs68310gBC+JJ9VFDYs6sNQ42BfJBOTXst4PKga4Cg5RNcHmuMjtty3FShcc/sx97kHbbrfgtWIz+lH8IeN2QTHIkc/ARUVwJaB+cIDLG778fb+oKW5EqL1DYgIIoEUeZvela8H1a00nXQ0ej68JhVVBzIadKPD3K1DMdnrCGRF7NsLmTyM/IK4ZerFLh3 Amazon-Redshift\n",
                            "cluster_revision_number": "1582",
                            "cluster_security_groups.#": "0",
                            "cluster_subnet_group_name": "foo",
                            "cluster_type": "single-node",
                            "cluster_version": "1.0",
                            "database_name": "dev",
                            "enable_logging": "false",
                            "encrypted": "false",
                            "endpoint": "disha-online-disha-report.ctanw8gtqpdm.ap-south-1.redshift.amazonaws.com:5439",
                            "enhanced_vpc_routing": "false",
                            "iam_roles.#": "0",
                            "id": "disha-online-disha-report",
                            "kms_key_id": "",
                            "master_password": "PlaceHolder123",
                            "master_username": "smallvoldemort",
                            "node_type": "dc1.large",
                            "number_of_nodes": "1",
                            "port": "5439",
                            "preferred_maintenance_window": "sun:20:00-sun:22:00",
                            "publicly_accessible": "false",
                            "s3_key_prefix": "",
                            "skip_final_snapshot": "false",
                            "snapshot_copy.#": "0",
                            "tags.%": "0",
                            "vpc_security_group_ids.#": "1",
                            "vpc_security_group_ids.3047463597": "sg-b0ebfdd8"
                        },
                        "meta": {},
                        "tainted": false
                    },
                    "deposed": [],
                    "provider": ""
                },
                "aws_redshift_parameter_group.redshift-timeout-pg": {
                    "type": "aws_redshift_parameter_group",
                    "depends_on": [],
                    "primary": {
                        "id": "redshift-with-timeout",
                        "attributes": {
                            "description": "Managed by Terraform",
                            "family": "redshift-1.0",
                            "id": "redshift-with-timeout",
                            "name": "redshift-with-timeout",
                            "parameter.#": "1",
                            "parameter.2058757629.name": "statement_timeout",
                            "parameter.2058757629.value": "900000"
                        },
                        "meta": {},
                        "tainted": false
                    },
                    "deposed": [],
                    "provider": ""
                },
                "aws_redshift_subnet_group.redshift_cluster_subnet_group": {
                    "type": "aws_redshift_subnet_group",
                    "depends_on": [
                        "module.vpc"
                    ],
                    "primary": {
                        "id": "foo",
                        "attributes": {
                            "description": "Managed by Terraform",
                            "id": "foo",
                            "name": "foo",
                            "subnet_ids.#": "1",
                            "subnet_ids.2705572671": "subnet-c49246ac",
                            "tags.%": "0"
                        },
                        "meta": {},
                        "tainted": false
                    },
                    "deposed": [],
                    "provider": ""
                },
                "aws_route53_record.admin_csc_gov_lb_route53_entry": {
                    "type": "aws_route53_record",
                    "depends_on": [
                        "module.disha-cms-alb",
                        "module.vpc"
                    ],
                    "primary": {
                        "id": "ZKM2Z3KHUT5IO_admin.csc-gov_A",
                        "attributes": {
                            "alias.#": "1",
                            "alias.1545893775.evaluate_target_health": "true",
                            "alias.1545893775.name": "disha-online-pmgdisha-lb-449308217.ap-south-1.elb.amazonaws.com",
                            "alias.1545893775.zone_id": "ZP97RAFLXTNZK",
                            "fqdn": "admin.csc-gov.pmgdisha.online",
                            "health_check_id": "",
                            "id": "ZKM2Z3KHUT5IO_admin.csc-gov_A",
                            "name": "admin.csc-gov",
                            "records.#": "0",
                            "set_identifier": "",
                            "ttl": "0",
                            "type": "A",
                            "zone_id": "ZKM2Z3KHUT5IO"
                        },
                        "meta": {
                            "schema_version": "2"
                        },
                        "tainted": false
                    },
                    "deposed": [],
                    "provider": ""
                },
                "aws_route53_record.ansible_dns": {
                    "type": "aws_route53_record",
                    "depends_on": [
                        "aws_instance.jenkins-ansible-instance",
                        "module.vpc"
                    ],
                    "primary": {
                        "id": "Z1W3IBBR2VYHVF_ansible_A",
                        "attributes": {
                            "fqdn": "ansible.onlinepvt",
                            "health_check_id": "",
                            "id": "Z1W3IBBR2VYHVF_ansible_A",
                            "name": "ansible",
                            "records.#": "1",
                            "records.195267450": "20.0.4.210",
                            "set_identifier": "",
                            "ttl": "60",
                            "type": "A",
                            "zone_id": "Z1W3IBBR2VYHVF"
                        },
                        "meta": {
                            "schema_version": "2"
                        },
                        "tainted": false
                    },
                    "deposed": [],
                    "provider": ""
                },
                "aws_route53_record.certificate_lb_route53_entry": {
                    "type": "aws_route53_record",
                    "depends_on": [
                        "module.disha-cms-alb",
                        "module.vpc"
                    ],
                    "primary": {
                        "id": "ZKM2Z3KHUT5IO_certificate_A",
                        "attributes": {
                            "alias.#": "1",
                            "alias.1545893775.evaluate_target_health": "true",
                            "alias.1545893775.name": "disha-online-pmgdisha-lb-449308217.ap-south-1.elb.amazonaws.com",
                            "alias.1545893775.zone_id": "ZP97RAFLXTNZK",
                            "fqdn": "certificate.pmgdisha.online",
                            "health_check_id": "",
                            "id": "ZKM2Z3KHUT5IO_certificate_A",
                            "name": "certificate",
                            "records.#": "0",
                            "set_identifier": "",
                            "ttl": "0",
                            "type": "A",
                            "zone_id": "ZKM2Z3KHUT5IO"
                        },
                        "meta": {
                            "schema_version": "2"
                        },
                        "tainted": false
                    },
                    "deposed": [],
                    "provider": ""
                },
                "aws_route53_record.csc_gov_lb_route53_entry": {
                    "type": "aws_route53_record",
                    "depends_on": [
                        "module.disha-cms-alb",
                        "module.vpc"
                    ],
                    "primary": {
                        "id": "ZKM2Z3KHUT5IO_csc-gov_A",
                        "attributes": {
                            "alias.#": "1",
                            "alias.1545893775.evaluate_target_health": "true",
                            "alias.1545893775.name": "disha-online-pmgdisha-lb-449308217.ap-south-1.elb.amazonaws.com",
                            "alias.1545893775.zone_id": "ZP97RAFLXTNZK",
                            "fqdn": "csc-gov.pmgdisha.online",
                            "health_check_id": "",
                            "id": "ZKM2Z3KHUT5IO_csc-gov_A",
                            "name": "csc-gov",
                            "records.#": "0",
                            "set_identifier": "",
                            "ttl": "0",
                            "type": "A",
                            "zone_id": "ZKM2Z3KHUT5IO"
                        },
                        "meta": {
                            "schema_version": "2"
                        },
                        "tainted": false
                    },
                    "deposed": [],
                    "provider": ""
                },
                "aws_route53_record.elastic_redis_route53_entry": {
                    "type": "aws_route53_record",
                    "depends_on": [
                        "aws_elasticache_cluster.redis_cluster",
                        "module.vpc"
                    ],
                    "primary": {
                        "id": "Z1W3IBBR2VYHVF_disha-redis-elastic-cache_CNAME",
                        "attributes": {
                            "fqdn": "disha-redis-elastic-cache.onlinepvt",
                            "health_check_id": "",
                            "id": "Z1W3IBBR2VYHVF_disha-redis-elastic-cache_CNAME",
                            "name": "disha-redis-elastic-cache",
                            "records.#": "1",
                            "records.280420141": "redis-onlinepvt.mc9yhw.0001.aps1.cache.amazonaws.com",
                            "set_identifier": "",
                            "ttl": "60",
                            "type": "CNAME",
                            "zone_id": "Z1W3IBBR2VYHVF"
                        },
                        "meta": {
                            "schema_version": "2"
                        },
                        "tainted": false
                    },
                    "deposed": [],
                    "provider": ""
                },
                "aws_route53_record.info_lb_new_dns_route53_entry": {
                    "type": "aws_route53_record",
                    "depends_on": [
                        "module.as-lb-http",
                        "module.vpc"
                    ],
                    "primary": {
                        "id": "ZMJLQ45U7PTAA__A",
                        "attributes": {
                            "alias.#": "1",
                            "alias.2677694362.evaluate_target_health": "true",
                            "alias.2677694362.name": "disha-online-pmgdisha-info-lb-37235570.ap-south-1.elb.amazonaws.com",
                            "alias.2677694362.zone_id": "ZP97RAFLXTNZK",
                            "fqdn": "mettl.online",
                            "health_check_id": "",
                            "id": "ZMJLQ45U7PTAA__A",
                            "records.#": "0",
                            "set_identifier": "",
                            "ttl": "0",
                            "type": "A",
                            "zone_id": "ZMJLQ45U7PTAA"
                        },
                        "meta": {
                            "schema_version": "2"
                        },
                        "tainted": false
                    },
                    "deposed": [],
                    "provider": ""
                },
                "aws_route53_record.jenkins_dns": {
                    "type": "aws_route53_record",
                    "depends_on": [
                        "aws_instance.jenkins-ansible-instance",
                        "module.vpc"
                    ],
                    "primary": {
                        "id": "Z1W3IBBR2VYHVF_jenkins_A",
                        "attributes": {
                            "fqdn": "jenkins.onlinepvt",
                            "health_check_id": "",
                            "id": "Z1W3IBBR2VYHVF_jenkins_A",
                            "name": "jenkins",
                            "records.#": "1",
                            "records.195267450": "20.0.4.210",
                            "set_identifier": "",
                            "ttl": "60",
                            "type": "A",
                            "zone_id": "Z1W3IBBR2VYHVF"
                        },
                        "meta": {
                            "schema_version": "2"
                        },
                        "tainted": false
                    },
                    "deposed": [],
                    "provider": ""
                },
                "aws_route53_record.jenkins_instance_route53_entry": {
                    "type": "aws_route53_record",
                    "depends_on": [
                        "aws_eip_association.jenkins",
                        "module.vpc"
                    ],
                    "primary": {
                        "id": "ZKM2Z3KHUT5IO_jenkins_A",
                        "attributes": {
                            "fqdn": "jenkins.pmgdisha.online",
                            "health_check_id": "",
                            "id": "ZKM2Z3KHUT5IO_jenkins_A",
                            "name": "jenkins",
                            "records.#": "1",
                            "records.1165569131": "52.66.86.174",
                            "set_identifier": "",
                            "ttl": "60",
                            "type": "A",
                            "zone_id": "ZKM2Z3KHUT5IO"
                        },
                        "meta": {
                            "schema_version": "2"
                        },
                        "tainted": false
                    },
                    "deposed": [],
                    "provider": ""
                },
                "aws_route53_record.location_instance_route53_entry": {
                    "type": "aws_route53_record",
                    "depends_on": [
                        "aws_eip_association.username",
                        "module.vpc"
                    ],
                    "primary": {
                        "id": "ZKM2Z3KHUT5IO_location_A",
                        "attributes": {
                            "fqdn": "location.pmgdisha.online",
                            "health_check_id": "",
                            "id": "ZKM2Z3KHUT5IO_location_A",
                            "name": "location",
                            "records.#": "1",
                            "records.1300642447": "35.154.249.167",
                            "set_identifier": "",
                            "ttl": "60",
                            "type": "A",
                            "zone_id": "ZKM2Z3KHUT5IO"
                        },
                        "meta": {
                            "schema_version": "2"
                        },
                        "tainted": false
                    },
                    "deposed": [],
                    "provider": ""
                },
                "aws_route53_record.metabase_lb_route53_entry": {
                    "type": "aws_route53_record",
                    "depends_on": [
                        "module.disha-cms-alb",
                        "module.vpc"
                    ],
                    "primary": {
                        "id": "ZKM2Z3KHUT5IO_reports_A",
                        "attributes": {
                            "alias.#": "1",
                            "alias.1545893775.evaluate_target_health": "true",
                            "alias.1545893775.name": "disha-online-pmgdisha-lb-449308217.ap-south-1.elb.amazonaws.com",
                            "alias.1545893775.zone_id": "ZP97RAFLXTNZK",
                            "fqdn": "reports.pmgdisha.online",
                            "health_check_id": "",
                            "id": "ZKM2Z3KHUT5IO_reports_A",
                            "name": "reports",
                            "records.#": "0",
                            "set_identifier": "",
                            "ttl": "0",
                            "type": "A",
                            "zone_id": "ZKM2Z3KHUT5IO"
                        },
                        "meta": {
                            "schema_version": "2"
                        },
                        "tainted": false
                    },
                    "deposed": [],
                    "provider": ""
                },
                "aws_route53_record.openvpn_dns": {
                    "type": "aws_route53_record",
                    "depends_on": [
                        "aws_instance.openvpn-instance",
                        "module.vpc"
                    ],
                    "primary": {
                        "id": "Z1W3IBBR2VYHVF_openvpn.onlinepvt_A",
                        "attributes": {
                            "fqdn": "openvpn.onlinepvt",
                            "health_check_id": "",
                            "id": "Z1W3IBBR2VYHVF_openvpn.onlinepvt_A",
                            "name": "openvpn.onlinepvt",
                            "records.#": "1",
                            "records.4225441550": "20.0.4.206",
                            "set_identifier": "",
                            "ttl": "60",
                            "type": "A",
                            "zone_id": "Z1W3IBBR2VYHVF"
                        },
                        "meta": {
                            "schema_version": "2"
                        },
                        "tainted": false
                    },
                    "deposed": [],
                    "provider": ""
                },
                "aws_route53_record.practice_lb_route53_entry": {
                    "type": "aws_route53_record",
                    "depends_on": [
                        "module.disha-cms-alb",
                        "module.vpc"
                    ],
                    "primary": {
                        "id": "ZKM2Z3KHUT5IO_practice_A",
                        "attributes": {
                            "alias.#": "1",
                            "alias.1545893775.evaluate_target_health": "true",
                            "alias.1545893775.name": "disha-online-pmgdisha-lb-449308217.ap-south-1.elb.amazonaws.com",
                            "alias.1545893775.zone_id": "ZP97RAFLXTNZK",
                            "fqdn": "practice.pmgdisha.online",
                            "health_check_id": "",
                            "id": "ZKM2Z3KHUT5IO_practice_A",
                            "name": "practice",
                            "records.#": "0",
                            "set_identifier": "",
                            "ttl": "0",
                            "type": "A",
                            "zone_id": "ZKM2Z3KHUT5IO"
                        },
                        "meta": {
                            "schema_version": "2"
                        },
                        "tainted": false
                    },
                    "deposed": [],
                    "provider": ""
                },
                "aws_route53_record.root_lb_route53_entry": {
                    "type": "aws_route53_record",
                    "depends_on": [
                        "module.disha-cms-alb",
                        "module.vpc"
                    ],
                    "primary": {
                        "id": "ZKM2Z3KHUT5IO__A",
                        "attributes": {
                            "alias.#": "1",
                            "alias.1545893775.evaluate_target_health": "true",
                            "alias.1545893775.name": "disha-online-pmgdisha-lb-449308217.ap-south-1.elb.amazonaws.com",
                            "alias.1545893775.zone_id": "ZP97RAFLXTNZK",
                            "fqdn": "pmgdisha.online",
                            "health_check_id": "",
                            "id": "ZKM2Z3KHUT5IO__A",
                            "records.#": "0",
                            "set_identifier": "",
                            "ttl": "0",
                            "type": "A",
                            "zone_id": "ZKM2Z3KHUT5IO"
                        },
                        "meta": {
                            "schema_version": "2"
                        },
                        "tainted": false
                    },
                    "deposed": [],
                    "provider": ""
                },
                "aws_route53_record.vpn_instance_route53_entry": {
                    "type": "aws_route53_record",
                    "depends_on": [
                        "aws_eip_association.openvpn",
                        "module.vpc"
                    ],
                    "primary": {
                        "id": "ZKM2Z3KHUT5IO_vpn_A",
                        "attributes": {
                            "fqdn": "vpn.pmgdisha.online",
                            "health_check_id": "",
                            "id": "ZKM2Z3KHUT5IO_vpn_A",
                            "name": "vpn",
                            "records.#": "1",
                            "records.3674136229": "13.126.97.170",
                            "set_identifier": "",
                            "ttl": "60",
                            "type": "A",
                            "zone_id": "ZKM2Z3KHUT5IO"
                        },
                        "meta": {
                            "schema_version": "2"
                        },
                        "tainted": false
                    },
                    "deposed": [],
                    "provider": ""
                },
                "aws_route53_record.www_root_lb_route53_entry": {
                    "type": "aws_route53_record",
                    "depends_on": [
                        "module.disha-cms-alb",
                        "module.vpc"
                    ],
                    "primary": {
                        "id": "ZKM2Z3KHUT5IO_www_A",
                        "attributes": {
                            "alias.#": "1",
                            "alias.1545893775.evaluate_target_health": "true",
                            "alias.1545893775.name": "disha-online-pmgdisha-lb-449308217.ap-south-1.elb.amazonaws.com",
                            "alias.1545893775.zone_id": "ZP97RAFLXTNZK",
                            "fqdn": "www.pmgdisha.online",
                            "health_check_id": "",
                            "id": "ZKM2Z3KHUT5IO_www_A",
                            "name": "www",
                            "records.#": "0",
                            "set_identifier": "",
                            "ttl": "0",
                            "type": "A",
                            "zone_id": "ZKM2Z3KHUT5IO"
                        },
                        "meta": {
                            "schema_version": "2"
                        },
                        "tainted": false
                    },
                    "deposed": [],
                    "provider": ""
                },
                "aws_security_group.ansible_sg": {
                    "type": "aws_security_group",
                    "depends_on": [
                        "module.vpc"
                    ],
                    "primary": {
                        "id": "sg-a8eafcc0",
                        "attributes": {
                            "description": "Managed by Terraform",
                            "egress.#": "0",
                            "id": "sg-a8eafcc0",
                            "ingress.#": "2",
                            "ingress.1075349658.cidr_blocks.#": "1",
                            "ingress.1075349658.cidr_blocks.0": "20.0.0.0/16",
                            "ingress.1075349658.description": "",
                            "ingress.1075349658.from_port": "22",
                            "ingress.1075349658.ipv6_cidr_blocks.#": "0",
                            "ingress.1075349658.protocol": "tcp",
                            "ingress.1075349658.security_groups.#": "0",
                            "ingress.1075349658.self": "false",
                            "ingress.1075349658.to_port": "22",
                            "ingress.516175195.cidr_blocks.#": "1",
                            "ingress.516175195.cidr_blocks.0": "0.0.0.0/0",
                            "ingress.516175195.description": "",
                            "ingress.516175195.from_port": "8080",
                            "ingress.516175195.ipv6_cidr_blocks.#": "0",
                            "ingress.516175195.protocol": "tcp",
                            "ingress.516175195.security_groups.#": "0",
                            "ingress.516175195.self": "false",
                            "ingress.516175195.to_port": "8080",
                            "name": "disha-online-jenkins-ansible",
                            "owner_id": "044611426596",
                            "revoke_rules_on_delete": "false",
                            "tags.%": "0",
                            "vpc_id": "vpc-905a95f8"
                        },
                        "meta": {
                            "schema_version": "1"
                        },
                        "tainted": false
                    },
                    "deposed": [],
                    "provider": ""
                },
                "aws_security_group.application_sg": {
                    "type": "aws_security_group",
                    "depends_on": [
                        "module.vpc"
                    ],
                    "primary": {
                        "id": "sg-bfebfdd7",
                        "attributes": {
                            "description": "for zabbix and ssh",
                            "egress.#": "1",
                            "egress.482069346.cidr_blocks.#": "1",
                            "egress.482069346.cidr_blocks.0": "0.0.0.0/0",
                            "egress.482069346.description": "",
                            "egress.482069346.from_port": "0",
                            "egress.482069346.ipv6_cidr_blocks.#": "0",
                            "egress.482069346.prefix_list_ids.#": "0",
                            "egress.482069346.protocol": "-1",
                            "egress.482069346.security_groups.#": "0",
                            "egress.482069346.self": "false",
                            "egress.482069346.to_port": "0",
                            "id": "sg-bfebfdd7",
                            "ingress.#": "1",
                            "ingress.1075349658.cidr_blocks.#": "1",
                            "ingress.1075349658.cidr_blocks.0": "20.0.0.0/16",
                            "ingress.1075349658.description": "",
                            "ingress.1075349658.from_port": "22",
                            "ingress.1075349658.ipv6_cidr_blocks.#": "0",
                            "ingress.1075349658.protocol": "tcp",
                            "ingress.1075349658.security_groups.#": "0",
                            "ingress.1075349658.self": "false",
                            "ingress.1075349658.to_port": "22",
                            "name": "disha-online-application-sg",
                            "owner_id": "044611426596",
                            "revoke_rules_on_delete": "false",
                            "tags.%": "1",
                            "tags.Name": "disha-online-application-sg",
                            "vpc_id": "vpc-905a95f8"
                        },
                        "meta": {
                            "schema_version": "1"
                        },
                        "tainted": false
                    },
                    "deposed": [],
                    "provider": ""
                },
                "aws_security_group.disha-cms-alb-sg": {
                    "type": "aws_security_group",
                    "depends_on": [
                        "module.vpc"
                    ],
                    "primary": {
                        "id": "sg-3ae9ff52",
                        "attributes": {
                            "description": "disha-cms",
                            "egress.#": "0",
                            "id": "sg-3ae9ff52",
                            "ingress.#": "2",
                            "ingress.2214680975.cidr_blocks.#": "1",
                            "ingress.2214680975.cidr_blocks.0": "0.0.0.0/0",
                            "ingress.2214680975.description": "",
                            "ingress.2214680975.from_port": "80",
                            "ingress.2214680975.ipv6_cidr_blocks.#": "0",
                            "ingress.2214680975.protocol": "tcp",
                            "ingress.2214680975.security_groups.#": "0",
                            "ingress.2214680975.self": "false",
                            "ingress.2214680975.to_port": "80",
                            "ingress.2617001939.cidr_blocks.#": "1",
                            "ingress.2617001939.cidr_blocks.0": "0.0.0.0/0",
                            "ingress.2617001939.description": "",
                            "ingress.2617001939.from_port": "443",
                            "ingress.2617001939.ipv6_cidr_blocks.#": "0",
                            "ingress.2617001939.protocol": "tcp",
                            "ingress.2617001939.security_groups.#": "0",
                            "ingress.2617001939.self": "false",
                            "ingress.2617001939.to_port": "443",
                            "name": "disha-online-cms-alb-sg",
                            "owner_id": "044611426596",
                            "revoke_rules_on_delete": "false",
                            "tags.%": "1",
                            "tags.Name": "disha-online-cms-alb-sg",
                            "vpc_id": "vpc-905a95f8"
                        },
                        "meta": {
                            "schema_version": "1"
                        },
                        "tainted": false
                    },
                    "deposed": [],
                    "provider": ""
                },
                "aws_security_group.disha-cms-sg": {
                    "type": "aws_security_group",
                    "depends_on": [
                        "module.vpc"
                    ],
                    "primary": {
                        "id": "sg-c1e9ffa9",
                        "attributes": {
                            "description": "disha-cms",
                            "egress.#": "0",
                            "id": "sg-c1e9ffa9",
                            "ingress.#": "3",
                            "ingress.3458797956.cidr_blocks.#": "1",
                            "ingress.3458797956.cidr_blocks.0": "20.0.0.0/16",
                            "ingress.3458797956.description": "",
                            "ingress.3458797956.from_port": "8090",
                            "ingress.3458797956.ipv6_cidr_blocks.#": "0",
                            "ingress.3458797956.protocol": "tcp",
                            "ingress.3458797956.security_groups.#": "0",
                            "ingress.3458797956.self": "false",
                            "ingress.3458797956.to_port": "8090",
                            "ingress.4136817967.cidr_blocks.#": "1",
                            "ingress.4136817967.cidr_blocks.0": "20.0.0.0/16",
                            "ingress.4136817967.description": "",
                            "ingress.4136817967.from_port": "80",
                            "ingress.4136817967.ipv6_cidr_blocks.#": "0",
                            "ingress.4136817967.protocol": "tcp",
                            "ingress.4136817967.security_groups.#": "0",
                            "ingress.4136817967.self": "false",
                            "ingress.4136817967.to_port": "80",
                            "ingress.445900265.cidr_blocks.#": "1",
                            "ingress.445900265.cidr_blocks.0": "20.0.0.0/16",
                            "ingress.445900265.description": "",
                            "ingress.445900265.from_port": "443",
                            "ingress.445900265.ipv6_cidr_blocks.#": "0",
                            "ingress.445900265.protocol": "tcp",
                            "ingress.445900265.security_groups.#": "0",
                            "ingress.445900265.self": "false",
                            "ingress.445900265.to_port": "443",
                            "name": "disha-online-cms-sg",
                            "owner_id": "044611426596",
                            "revoke_rules_on_delete": "false",
                            "tags.%": "1",
                            "tags.Name": "disha-online-cms-sg",
                            "vpc_id": "vpc-905a95f8"
                        },
                        "meta": {
                            "schema_version": "1"
                        },
                        "tainted": false
                    },
                    "deposed": [],
                    "provider": ""
                },
                "aws_security_group.disha-web-sg": {
                    "type": "aws_security_group",
                    "depends_on": [
                        "module.vpc"
                    ],
                    "primary": {
                        "id": "sg-edebfd85",
                        "attributes": {
                            "description": "disha-web",
                            "egress.#": "0",
                            "id": "sg-edebfd85",
                            "ingress.#": "3",
                            "ingress.3458797956.cidr_blocks.#": "1",
                            "ingress.3458797956.cidr_blocks.0": "20.0.0.0/16",
                            "ingress.3458797956.description": "",
                            "ingress.3458797956.from_port": "8090",
                            "ingress.3458797956.ipv6_cidr_blocks.#": "0",
                            "ingress.3458797956.protocol": "tcp",
                            "ingress.3458797956.security_groups.#": "0",
                            "ingress.3458797956.self": "false",
                            "ingress.3458797956.to_port": "8090",
                            "ingress.4136817967.cidr_blocks.#": "1",
                            "ingress.4136817967.cidr_blocks.0": "20.0.0.0/16",
                            "ingress.4136817967.description": "",
                            "ingress.4136817967.from_port": "80",
                            "ingress.4136817967.ipv6_cidr_blocks.#": "0",
                            "ingress.4136817967.protocol": "tcp",
                            "ingress.4136817967.security_groups.#": "0",
                            "ingress.4136817967.self": "false",
                            "ingress.4136817967.to_port": "80",
                            "ingress.445900265.cidr_blocks.#": "1",
                            "ingress.445900265.cidr_blocks.0": "20.0.0.0/16",
                            "ingress.445900265.description": "",
                            "ingress.445900265.from_port": "443",
                            "ingress.445900265.ipv6_cidr_blocks.#": "0",
                            "ingress.445900265.protocol": "tcp",
                            "ingress.445900265.security_groups.#": "0",
                            "ingress.445900265.self": "false",
                            "ingress.445900265.to_port": "443",
                            "name": "disha-online-web-sg",
                            "owner_id": "044611426596",
                            "revoke_rules_on_delete": "false",
                            "tags.%": "1",
                            "tags.Name": "disha-online-web-sg",
                            "vpc_id": "vpc-905a95f8"
                        },
                        "meta": {
                            "schema_version": "1"
                        },
                        "tainted": false
                    },
                    "deposed": [],
                    "provider": ""
                },
                "aws_security_group.openvpn_sg": {
                    "type": "aws_security_group",
                    "depends_on": [
                        "module.vpc"
                    ],
                    "primary": {
                        "id": "sg-b1ebfdd9",
                        "attributes": {
                            "description": "Managed by Terraform",
                            "egress.#": "1",
                            "egress.482069346.cidr_blocks.#": "1",
                            "egress.482069346.cidr_blocks.0": "0.0.0.0/0",
                            "egress.482069346.description": "",
                            "egress.482069346.from_port": "0",
                            "egress.482069346.ipv6_cidr_blocks.#": "0",
                            "egress.482069346.prefix_list_ids.#": "0",
                            "egress.482069346.protocol": "-1",
                            "egress.482069346.security_groups.#": "0",
                            "egress.482069346.self": "false",
                            "egress.482069346.to_port": "0",
                            "id": "sg-b1ebfdd9",
                            "ingress.#": "4",
                            "ingress.1075349658.cidr_blocks.#": "1",
                            "ingress.1075349658.cidr_blocks.0": "20.0.0.0/16",
                            "ingress.1075349658.description": "",
                            "ingress.1075349658.from_port": "22",
                            "ingress.1075349658.ipv6_cidr_blocks.#": "0",
                            "ingress.1075349658.protocol": "tcp",
                            "ingress.1075349658.security_groups.#": "0",
                            "ingress.1075349658.self": "false",
                            "ingress.1075349658.to_port": "22",
                            "ingress.2617001939.cidr_blocks.#": "1",
                            "ingress.2617001939.cidr_blocks.0": "0.0.0.0/0",
                            "ingress.2617001939.description": "",
                            "ingress.2617001939.from_port": "443",
                            "ingress.2617001939.ipv6_cidr_blocks.#": "0",
                            "ingress.2617001939.protocol": "tcp",
                            "ingress.2617001939.security_groups.#": "0",
                            "ingress.2617001939.self": "false",
                            "ingress.2617001939.to_port": "443",
                            "ingress.2870960532.cidr_blocks.#": "1",
                            "ingress.2870960532.cidr_blocks.0": "0.0.0.0/0",
                            "ingress.2870960532.description": "",
                            "ingress.2870960532.from_port": "943",
                            "ingress.2870960532.ipv6_cidr_blocks.#": "0",
                            "ingress.2870960532.protocol": "tcp",
                            "ingress.2870960532.security_groups.#": "0",
                            "ingress.2870960532.self": "false",
                            "ingress.2870960532.to_port": "943",
                            "ingress.4178520169.cidr_blocks.#": "1",
                            "ingress.4178520169.cidr_blocks.0": "0.0.0.0/0",
                            "ingress.4178520169.description": "",
                            "ingress.4178520169.from_port": "1194",
                            "ingress.4178520169.ipv6_cidr_blocks.#": "0",
                            "ingress.4178520169.protocol": "udp",
                            "ingress.4178520169.security_groups.#": "0",
                            "ingress.4178520169.self": "false",
                            "ingress.4178520169.to_port": "1194",
                            "name": "disha-online-openvpn-sg",
                            "owner_id": "044611426596",
                            "revoke_rules_on_delete": "false",
                            "tags.%": "0",
                            "vpc_id": "vpc-905a95f8"
                        },
                        "meta": {
                            "schema_version": "1"
                        },
                        "tainted": false
                    },
                    "deposed": [],
                    "provider": ""
                },
                "aws_security_group.redis_sg": {
                    "type": "aws_security_group",
                    "depends_on": [
                        "module.vpc"
                    ],
                    "primary": {
                        "id": "sg-eeebfd86",
                        "attributes": {
                            "description": "redis-sg",
                            "egress.#": "0",
                            "id": "sg-eeebfd86",
                            "ingress.#": "1",
                            "ingress.482069346.cidr_blocks.#": "1",
                            "ingress.482069346.cidr_blocks.0": "0.0.0.0/0",
                            "ingress.482069346.description": "",
                            "ingress.482069346.from_port": "0",
                            "ingress.482069346.ipv6_cidr_blocks.#": "0",
                            "ingress.482069346.protocol": "-1",
                            "ingress.482069346.security_groups.#": "0",
                            "ingress.482069346.self": "false",
                            "ingress.482069346.to_port": "0",
                            "name": "redis-sg",
                            "owner_id": "044611426596",
                            "revoke_rules_on_delete": "false",
                            "tags.%": "0",
                            "vpc_id": "vpc-905a95f8"
                        },
                        "meta": {
                            "schema_version": "1"
                        },
                        "tainted": false
                    },
                    "deposed": [],
                    "provider": ""
                },
                "aws_security_group.redshift_sg": {
                    "type": "aws_security_group",
                    "depends_on": [
                        "module.vpc"
                    ],
                    "primary": {
                        "id": "sg-b0ebfdd8",
                        "attributes": {
                            "description": "redshift-sg",
                            "egress.#": "0",
                            "id": "sg-b0ebfdd8",
                            "ingress.#": "1",
                            "ingress.318800288.cidr_blocks.#": "1",
                            "ingress.318800288.cidr_blocks.0": "20.0.0.0/16",
                            "ingress.318800288.description": "",
                            "ingress.318800288.from_port": "5439",
                            "ingress.318800288.ipv6_cidr_blocks.#": "0",
                            "ingress.318800288.protocol": "tcp",
                            "ingress.318800288.security_groups.#": "0",
                            "ingress.318800288.self": "false",
                            "ingress.318800288.to_port": "5439",
                            "name": "redshift-sg",
                            "owner_id": "044611426596",
                            "revoke_rules_on_delete": "false",
                            "tags.%": "0",
                            "vpc_id": "vpc-905a95f8"
                        },
                        "meta": {
                            "schema_version": "1"
                        },
                        "tainted": false
                    },
                    "deposed": [],
                    "provider": ""
                },
                "data.template_file.ansible_jenkins_policy_as_template": {
                    "type": "template_file",
                    "depends_on": [
                        "module.reporting_database_updator_instance"
                    ],
                    "primary": {
                        "id": "a40788e42cd593ca64642d70bce31a7c0151f9090ba71022380fc70d33c48c8c",
                        "attributes": {
                            "id": "a40788e42cd593ca64642d70bce31a7c0151f9090ba71022380fc70d33c48c8c",
                            "rendered": "{\n    \"Version\": \"2012-10-17\",\n    \"Statement\": [\n        {\n            \"Effect\": \"Allow\",\n            \"Action\": [\n                \"s3:ListBucket\"\n            ],\n            \"Resource\": [\n                \"arn:aws:s3:::disha-online-devops\",\n                \"arn:aws:s3:::disha-online-deployement-versions\",\n                \"arn:aws:s3:::disha-online-cms-resources\",\n                \"arn:aws:s3:::disha-online-web-resources\",\n                \"arn:aws:s3:::mettl-installers\"\n            ]\n        },\n        {\n            \"Effect\": \"Allow\",\n            \"Action\": [\n                \"s3:PutObject\",\n                \"s3:GetObject\",\n                \"s3:DeleteObject\"\n            ],\n            \"Resource\": [\n                \"arn:aws:s3:::disha-online-devops/*\",\n                \"arn:aws:s3:::disha-online-deployement-versions/*\",\n                \"arn:aws:s3:::disha-online-devops/generic-data-for-ansible-and-jenkins/*\",\n                \"arn:aws:s3:::disha-online-devops/ansible/keys/disha-online/*\",\n                \"arn:aws:s3:::disha-online-devops/jenkins/keys/disha-online/*\",\n                \"arn:aws:s3:::disha-online-cms-resources/*\",\n                \"arn:aws:s3:::disha-online-web-resources/*\",\n                \"arn:aws:s3:::mettl-installers/*\"\n            ]\n        },\n\n        {\n             \"Action\": [\n                            \"ec2:DescribeVpcs\",\n                            \"ec2:DescribeVpcClassicLink\",\n                            \"ec2:DescribeAvailabilityZones\",\n                            \"ec2:DescribeSubnets\",\n                            \"ec2:DescribeInstances\"\n                        ],\n            \"Effect\": \"Allow\",\n            \"Resource\": \"*\"\n        },\n        {\n                    \"Effect\": \"Allow\",\n                    \"Action\": \"autoscaling:Describe*\",\n                    \"Resource\": \"*\"\n        },\n        {\n            \"Effect\": \"Allow\",\n            \"Action\": \"autoscaling:*\",\n            \"Resource\": \"arn:aws:autoscaling:ap-south-1:*:autoScalingGroup:*:autoScalingGroupName/disha-online-*\"\n        },\n        {\n            \"Effect\": \"Allow\",\n            \"Action\": \"elasticloadbalancing:Describe*\",\n            \"Resource\": \"*\"\n        },\n         {\n                    \"Effect\": \"Allow\",\n                    \"Action\": [\n                        \"ec2:CreateSnapshot\",\n                        \"ec2:DescribeSnapshots\",\n                        \"ec2:CreateImage\",\n                        \"ec2:DescribeImages\",\n                        \"ec2:DeleteSnapshot\",\n                        \"ec2:DeregisterImage\",\n                        \"ec2:DescribeInstances\"\n                    ],\n                    \"Condition\": {\n                        \"StringEquals\": {\n                            \"ec2:Region\": \"ap-south-1\"\n                        }\n                    },\n                    \"Resource\": [\n                        \"*\"\n                    ]\n         },\n          {\n              \"Effect\": \"Allow\",\n              \"Action\": [\n                  \"lambda:UpdateFunctionCode\"\n              ],\n              \"Resource\": [\n                  \"arn:aws:lambda:ap-south-1:044611426596:function:disha-online-certificate-lambda\"\n              ]\n          },\n          {\n              \"Effect\": \"Allow\",\n              \"Action\": \"ec2:StartInstances\",\n              \"Resource\": \"arn:aws:ec2:ap-south-1:044611426596:instance/i-0c5b6f215cfb3f554\"\n          },\n          {\n               \"Effect\": \"Allow\",\n               \"Action\": \"cloudfront:CreateInvalidation\",\n               \"Resource\": \"*\"\n          }\n    ]\n}",
                            "template": "{\n    \"Version\": \"2012-10-17\",\n    \"Statement\": [\n        {\n            \"Effect\": \"Allow\",\n            \"Action\": [\n                \"s3:ListBucket\"\n            ],\n            \"Resource\": [\n                \"arn:aws:s3:::${env}-devops\",\n                \"arn:aws:s3:::${env}-deployement-versions\",\n                \"arn:aws:s3:::${env}-cms-resources\",\n                \"arn:aws:s3:::${env}-web-resources\",\n                \"arn:aws:s3:::mettl-installers\"\n            ]\n        },\n        {\n            \"Effect\": \"Allow\",\n            \"Action\": [\n                \"s3:PutObject\",\n                \"s3:GetObject\",\n                \"s3:DeleteObject\"\n            ],\n            \"Resource\": [\n                \"arn:aws:s3:::${env}-devops/*\",\n                \"arn:aws:s3:::${env}-deployement-versions/*\",\n                \"arn:aws:s3:::${env}-devops/generic-data-for-ansible-and-jenkins/*\",\n                \"arn:aws:s3:::${env}-devops/ansible/keys/${env}/*\",\n                \"arn:aws:s3:::${env}-devops/jenkins/keys/${env}/*\",\n                \"arn:aws:s3:::${env}-cms-resources/*\",\n                \"arn:aws:s3:::${env}-web-resources/*\",\n                \"arn:aws:s3:::mettl-installers/*\"\n            ]\n        },\n\n        {\n             \"Action\": [\n                            \"ec2:DescribeVpcs\",\n                            \"ec2:DescribeVpcClassicLink\",\n                            \"ec2:DescribeAvailabilityZones\",\n                            \"ec2:DescribeSubnets\",\n                            \"ec2:DescribeInstances\"\n                        ],\n            \"Effect\": \"Allow\",\n            \"Resource\": \"*\"\n        },\n        {\n                    \"Effect\": \"Allow\",\n                    \"Action\": \"autoscaling:Describe*\",\n                    \"Resource\": \"*\"\n        },\n        {\n            \"Effect\": \"Allow\",\n            \"Action\": \"autoscaling:*\",\n            \"Resource\": \"arn:aws:autoscaling:${aws_region}:*:autoScalingGroup:*:autoScalingGroupName/${env}-*\"\n        },\n        {\n            \"Effect\": \"Allow\",\n            \"Action\": \"elasticloadbalancing:Describe*\",\n            \"Resource\": \"*\"\n        },\n         {\n                    \"Effect\": \"Allow\",\n                    \"Action\": [\n                        \"ec2:CreateSnapshot\",\n                        \"ec2:DescribeSnapshots\",\n                        \"ec2:CreateImage\",\n                        \"ec2:DescribeImages\",\n                        \"ec2:DeleteSnapshot\",\n                        \"ec2:DeregisterImage\",\n                        \"ec2:DescribeInstances\"\n                    ],\n                    \"Condition\": {\n                        \"StringEquals\": {\n                            \"ec2:Region\": \"${aws_region}\"\n                        }\n                    },\n                    \"Resource\": [\n                        \"*\"\n                    ]\n         },\n          {\n              \"Effect\": \"Allow\",\n              \"Action\": [\n                  \"lambda:UpdateFunctionCode\"\n              ],\n              \"Resource\": [\n                  \"arn:aws:lambda:${aws_region}:${aws_account_number}:function:${env}-certificate-lambda\"\n              ]\n          },\n          {\n              \"Effect\": \"Allow\",\n              \"Action\": \"ec2:StartInstances\",\n              \"Resource\": \"arn:aws:ec2:${aws_region}:${aws_account_number}:instance/${reportDbInstance_id}\"\n          },\n          {\n               \"Effect\": \"Allow\",\n               \"Action\": \"cloudfront:CreateInvalidation\",\n               \"Resource\": \"*\"\n          }\n    ]\n}",
                            "vars.%": "6",
                            "vars.aws_account_number": "044611426596",
                            "vars.aws_region": "ap-south-1",
                            "vars.disha_cms_bucket_name": "disha-online-cms-resources",
                            "vars.disha_web_bucket_name": "disha-online-web-resources",
                            "vars.env": "disha-online",
                            "vars.reportDbInstance_id": "i-0c5b6f215cfb3f554"
                        },
                        "meta": {},
                        "tainted": false
                    },
                    "deposed": [],
                    "provider": ""
                },
                "data.template_file.ansible_userdata_as_template": {
                    "type": "template_file",
                    "depends_on": [],
                    "primary": {
                        "id": "7872528393949eca5f9678514ba93a4ad4039a27b1878f6a1b6d7223dca6dffd",
                        "attributes": {
                            "id": "7872528393949eca5f9678514ba93a4ad4039a27b1878f6a1b6d7223dca6dffd",
                            "rendered": "#!/bin/bash\napt-get install unzip\ncurl \"https://s3.amazonaws.com/aws-cli/awscli-bundle.zip\" -o \"awscli-bundle.zip\"\nunzip awscli-bundle.zip\n./awscli-bundle/install -i /usr/local/aws -b /usr/local/bin/aws\naws s3 cp s3://disha-online-devops/generic-data-for-ansible-and-jenkins/ansible-userdata.sh ansible-userdata.sh --region ap-south-1\nbash ansible-userdata.sh disha-online disha-online-devops \u003e /var/log/ansible-setup.log 2\u003e\u00261\n",
                            "template": "#!/bin/bash\napt-get install unzip\ncurl \"https://s3.amazonaws.com/aws-cli/awscli-bundle.zip\" -o \"awscli-bundle.zip\"\nunzip awscli-bundle.zip\n./awscli-bundle/install -i /usr/local/aws -b /usr/local/bin/aws\naws s3 cp s3://${devops_bucket_name}/generic-data-for-ansible-and-jenkins/ansible-userdata.sh ansible-userdata.sh --region ap-south-1\nbash ansible-userdata.sh ${deployement_env} ${devops_bucket_name} \u003e /var/log/ansible-setup.log 2\u003e\u00261\n",
                            "vars.%": "2",
                            "vars.deployement_env": "disha-online",
                            "vars.devops_bucket_name": "disha-online-devops"
                        },
                        "meta": {},
                        "tainted": false
                    },
                    "deposed": [],
                    "provider": ""
                },
                "data.template_file.autoscaling_read_policy_as_template": {
                    "type": "template_file",
                    "depends_on": [],
                    "primary": {
                        "id": "04e00ab913c225e7107a8c6647914a1b6abbe20d24e3f8771ee5309b2e6578b5",
                        "attributes": {
                            "id": "04e00ab913c225e7107a8c6647914a1b6abbe20d24e3f8771ee5309b2e6578b5",
                            "rendered": "{\n    \"Version\": \"2012-10-17\",\n    \"Statement\": [\n\n        {\n            \"Effect\": \"Allow\",\n            \"Action\":\n            [\n                            \"autoscaling:DescribeTags\",\n                            \"autoscaling:DescribeAutoScalingGroups\"\n                        ],\n\n            \"Resource\": \"*\"\n        }\n    ]\n}",
                            "template": "{\n    \"Version\": \"2012-10-17\",\n    \"Statement\": [\n\n        {\n            \"Effect\": \"Allow\",\n            \"Action\":\n            [\n                            \"autoscaling:DescribeTags\",\n                            \"autoscaling:DescribeAutoScalingGroups\"\n                        ],\n\n            \"Resource\": \"*\"\n        }\n    ]\n}"
                        },
                        "meta": {},
                        "tainted": false
                    },
                    "deposed": [],
                    "provider": ""
                },
                "data.template_file.cloudwatch_policy_as_template": {
                    "type": "template_file",
                    "depends_on": [],
                    "primary": {
                        "id": "3baf01ba2139846106aef2752c28a1cf1f50a75837ca8f920f82adb0220f4b39",
                        "attributes": {
                            "id": "3baf01ba2139846106aef2752c28a1cf1f50a75837ca8f920f82adb0220f4b39",
                            "rendered": "{\n    \"Version\": \"2012-10-17\",\n    \"Statement\": [\n        {\n            \"Sid\": \"Stmt1495189811000\",\n            \"Effect\": \"Allow\",\n            \"Action\": [\n                \"cloudwatch:ListMetrics\",\n                \"cloudwatch:PutMetricData\"\n            ],\n            \"Resource\": [\n                \"*\"\n            ]\n        }\n    ]\n}",
                            "template": "{\n    \"Version\": \"2012-10-17\",\n    \"Statement\": [\n        {\n            \"Sid\": \"Stmt1495189811000\",\n            \"Effect\": \"Allow\",\n            \"Action\": [\n                \"cloudwatch:ListMetrics\",\n                \"cloudwatch:PutMetricData\"\n            ],\n            \"Resource\": [\n                \"*\"\n            ]\n        }\n    ]\n}"
                        },
                        "meta": {},
                        "tainted": false
                    },
                    "deposed": [],
                    "provider": ""
                },
                "data.template_file.ec2_read_policy_as_template": {
                    "type": "template_file",
                    "depends_on": [],
                    "primary": {
                        "id": "7f93da9ffda8883e6fea92764957cceef93c40cbd0b999f475a989c3937d3532",
                        "attributes": {
                            "id": "7f93da9ffda8883e6fea92764957cceef93c40cbd0b999f475a989c3937d3532",
                            "rendered": "{\n    \"Version\": \"2012-10-17\",\n    \"Statement\": [\n\n        {\n            \"Effect\": \"Allow\",\n            \"Action\":\n            [\n\t\t\t    \"ec2:DescribeInstances\"\n                        ],\n\n            \"Resource\": \"*\"\n        }\n    ]\n}\n",
                            "template": "{\n    \"Version\": \"2012-10-17\",\n    \"Statement\": [\n\n        {\n            \"Effect\": \"Allow\",\n            \"Action\":\n            [\n\t\t\t    \"ec2:DescribeInstances\"\n                        ],\n\n            \"Resource\": \"*\"\n        }\n    ]\n}\n"
                        },
                        "meta": {},
                        "tainted": false
                    },
                    "deposed": [],
                    "provider": ""
                },
                "data.template_file.s3_logs_policy_as_template": {
                    "type": "template_file",
                    "depends_on": [],
                    "primary": {
                        "id": "9f5c437f9a3a97e5f485daf0066820b22648a01d6791189bcdf8deee6554e2c2",
                        "attributes": {
                            "id": "9f5c437f9a3a97e5f485daf0066820b22648a01d6791189bcdf8deee6554e2c2",
                            "rendered": "{\n    \"Version\": \"2012-10-17\",\n    \"Statement\": [\n        {\n            \"Sid\": \"Stmt1462344008000\",\n            \"Effect\": \"Allow\",\n            \"Action\": [\n                \"s3:GetBucketLocation\",\n                \"s3:ListAllMyBuckets\"\n            ],\n            \"Resource\": [\n                \"arn:aws:s3:::*\"\n            ]\n        },\n        {\n            \"Sid\": \"Stmt1462344268000\",\n            \"Effect\": \"Allow\",\n            \"Action\": [\n                \"s3:*\"\n            ],\n            \"Resource\": [\n                \"arn:aws:s3:::disha-online-logs/*\"\n            ]\n        },\n        {\n            \"Sid\": \"Stmt1462344360000\",\n            \"Effect\": \"Allow\",\n            \"Action\": [\n                \"s3:ListBucket\"\n            ],\n            \"Resource\": [\n                \"arn:aws:s3:::disha-online-logs\"\n            ]\n        }\n    ]\n}",
                            "template": "{\n    \"Version\": \"2012-10-17\",\n    \"Statement\": [\n        {\n            \"Sid\": \"Stmt1462344008000\",\n            \"Effect\": \"Allow\",\n            \"Action\": [\n                \"s3:GetBucketLocation\",\n                \"s3:ListAllMyBuckets\"\n            ],\n            \"Resource\": [\n                \"arn:aws:s3:::*\"\n            ]\n        },\n        {\n            \"Sid\": \"Stmt1462344268000\",\n            \"Effect\": \"Allow\",\n            \"Action\": [\n                \"s3:*\"\n            ],\n            \"Resource\": [\n                \"arn:aws:s3:::${bucket_name}/*\"\n            ]\n        },\n        {\n            \"Sid\": \"Stmt1462344360000\",\n            \"Effect\": \"Allow\",\n            \"Action\": [\n                \"s3:ListBucket\"\n            ],\n            \"Resource\": [\n                \"arn:aws:s3:::${bucket_name}\"\n            ]\n        }\n    ]\n}",
                            "vars.%": "1",
                            "vars.bucket_name": "disha-online-logs"
                        },
                        "meta": {},
                        "tainted": false
                    },
                    "deposed": [],
                    "provider": ""
                }
            },
            "depends_on": []
        },
        {
            "path": [
                "root",
                "disha_online_env",
                "as-lb-http"
            ],
            "outputs": {
                "elb_dns_name_output": {
                    "sensitive": false,
                    "type": "string",
                    "value": "disha-online-pmgdisha-info-lb-37235570.ap-south-1.elb.amazonaws.com"
                },
                "elb_id": {
                    "sensitive": false,
                    "type": "string",
                    "value": "disha-online-pmgdisha-info-lb"
                },
                "elb_name_output": {
                    "sensitive": false,
                    "type": "string",
                    "value": "disha-online-pmgdisha-info-lb"
                },
                "elb_zone_id_output": {
                    "sensitive": false,
                    "type": "string",
                    "value": "ZP97RAFLXTNZK"
                }
            },
            "resources": {
                "aws_cloudwatch_metric_alarm.high_unhealthy_alarm": {
                    "type": "aws_cloudwatch_metric_alarm",
                    "depends_on": [],
                    "primary": {
                        "id": "disha-online-ELB-pmgdisha-info-High-Unhealthy-Hosts",
                        "attributes": {
                            "actions_enabled": "true",
                            "alarm_actions.#": "1",
                            "alarm_actions.992370358": "arn:aws:sns:ap-south-1:044611426596:disha-online-sns",
                            "alarm_description": "Raises alarm if unhealthy instances in disha-online-pmgdisha-info load balancer increase",
                            "alarm_name": "disha-online-ELB-pmgdisha-info-High-Unhealthy-Hosts",
                            "comparison_operator": "GreaterThanThreshold",
                            "dimensions.%": "1",
                            "dimensions.LoadBalancerName": "disha-online-pmgdisha-info",
                            "evaluate_low_sample_count_percentiles": "",
                            "evaluation_periods": "1",
                            "extended_statistic": "",
                            "id": "disha-online-ELB-pmgdisha-info-High-Unhealthy-Hosts",
                            "insufficient_data_actions.#": "0",
                            "metric_name": "UnHealthyHostCount",
                            "namespace": "AWS/ELB",
                            "ok_actions.#": "0",
                            "period": "60",
                            "statistic": "Average",
                            "threshold": "0",
                            "treat_missing_data": "missing",
                            "unit": ""
                        },
                        "meta": {
                            "schema_version": "1"
                        },
                        "tainted": false
                    },
                    "deposed": [],
                    "provider": ""
                },
                "aws_cloudwatch_metric_alarm.low_healthy_alarm": {
                    "type": "aws_cloudwatch_metric_alarm",
                    "depends_on": [],
                    "primary": {
                        "id": "disha-online-ELB-pmgdisha-info-Low-Healthy-Hosts",
                        "attributes": {
                            "actions_enabled": "true",
                            "alarm_actions.#": "1",
                            "alarm_actions.992370358": "arn:aws:sns:ap-south-1:044611426596:disha-online-sns",
                            "alarm_description": "Raises alarm if healthy instances in disha-online-pmgdisha-info load balancer decrease",
                            "alarm_name": "disha-online-ELB-pmgdisha-info-Low-Healthy-Hosts",
                            "comparison_operator": "LessThanThreshold",
                            "dimensions.%": "1",
                            "dimensions.LoadBalancerName": "disha-online-pmgdisha-info",
                            "evaluate_low_sample_count_percentiles": "",
                            "evaluation_periods": "1",
                            "extended_statistic": "",
                            "id": "disha-online-ELB-pmgdisha-info-Low-Healthy-Hosts",
                            "insufficient_data_actions.#": "0",
                            "metric_name": "HealthyHostCount",
                            "namespace": "AWS/ELB",
                            "ok_actions.#": "0",
                            "period": "60",
                            "statistic": "Average",
                            "threshold": "1",
                            "treat_missing_data": "missing",
                            "unit": ""
                        },
                        "meta": {
                            "schema_version": "1"
                        },
                        "tainted": false
                    },
                    "deposed": [],
                    "provider": ""
                },
                "aws_elb.elb-http": {
                    "type": "aws_elb",
                    "depends_on": [],
                    "primary": {
                        "id": "disha-online-pmgdisha-info-lb",
                        "attributes": {
                            "access_logs.#": "1",
                            "access_logs.0.bucket": "disha-online-elb-logs",
                            "access_logs.0.bucket_prefix": "disha-online-pmgdisha-info",
                            "access_logs.0.enabled": "true",
                            "access_logs.0.interval": "60",
                            "arn": "arn:aws:elasticloadbalancing:ap-south-1:044611426596:loadbalancer/disha-online-pmgdisha-info-lb",
                            "availability_zones.#": "1",
                            "availability_zones.1163474009": "ap-south-1a",
                            "connection_draining": "true",
                            "connection_draining_timeout": "60",
                            "cross_zone_load_balancing": "true",
                            "dns_name": "disha-online-pmgdisha-info-lb-37235570.ap-south-1.elb.amazonaws.com",
                            "health_check.#": "1",
                            "health_check.0.healthy_threshold": "2",
                            "health_check.0.interval": "5",
                            "health_check.0.target": "TCP:8050",
                            "health_check.0.timeout": "4",
                            "health_check.0.unhealthy_threshold": "2",
                            "id": "disha-online-pmgdisha-info-lb",
                            "idle_timeout": "60",
                            "instances.#": "1",
                            "instances.4078863804": "i-067280d7d23b52c55",
                            "internal": "false",
                            "listener.#": "2",
                            "listener.2286340244.instance_port": "8050",
                            "listener.2286340244.instance_protocol": "http",
                            "listener.2286340244.lb_port": "443",
                            "listener.2286340244.lb_protocol": "https",
                            "listener.2286340244.ssl_certificate_id": "arn:aws:acm:ap-south-1:044611426596:certificate/b0f38379-d500-46cd-801c-f957c1307b37",
                            "listener.3057123346.instance_port": "80",
                            "listener.3057123346.instance_protocol": "http",
                            "listener.3057123346.lb_port": "80",
                            "listener.3057123346.lb_protocol": "http",
                            "listener.3057123346.ssl_certificate_id": "",
                            "name": "disha-online-pmgdisha-info-lb",
                            "security_groups.#": "1",
                            "security_groups.1408396481": "sg-aaeafcc2",
                            "source_security_group": "044611426596/disha-online-elb-http-sg",
                            "source_security_group_id": "sg-aaeafcc2",
                            "subnets.#": "1",
                            "subnets.982880150": "subnet-f9914591",
                            "tags.%": "0",
                            "zone_id": "ZP97RAFLXTNZK"
                        },
                        "meta": {},
                        "tainted": false
                    },
                    "deposed": [],
                    "provider": ""
                }
            },
            "depends_on": []
        },
        {
            "path": [
                "root",
                "disha_online_env",
                "biometric"
            ],
            "outputs": {
                "instance_id": {
                    "sensitive": false,
                    "type": "string",
                    "value": "i-0914d624aa3ebf41c"
                },
                "instance_name": {
                    "sensitive": false,
                    "type": "string",
                    "value": "disha-online-biometric"
                },
                "public_ip": {
                    "sensitive": false,
                    "type": "string",
                    "value": ""
                }
            },
            "resources": {
                "aws_cloudwatch_metric_alarm.instance_status_check": {
                    "type": "aws_cloudwatch_metric_alarm",
                    "depends_on": [
                        "aws_instance.instance"
                    ],
                    "primary": {
                        "id": "disha-online-biometric-status-checks-failed",
                        "attributes": {
                            "actions_enabled": "true",
                            "alarm_actions.#": "1",
                            "alarm_actions.992370358": "arn:aws:sns:ap-south-1:044611426596:disha-online-sns",
                            "alarm_description": "This metric monitors ec2 status checks",
                            "alarm_name": "disha-online-biometric-status-checks-failed",
                            "comparison_operator": "GreaterThanOrEqualToThreshold",
                            "dimensions.%": "1",
                            "dimensions.InstanceId": "i-0914d624aa3ebf41c",
                            "evaluate_low_sample_count_percentiles": "",
                            "evaluation_periods": "1",
                            "extended_statistic": "",
                            "id": "disha-online-biometric-status-checks-failed",
                            "insufficient_data_actions.#": "1",
                            "insufficient_data_actions.992370358": "arn:aws:sns:ap-south-1:044611426596:disha-online-sns",
                            "metric_name": "StatusCheckFailed",
                            "namespace": "AWS/EC2",
                            "ok_actions.#": "1",
                            "ok_actions.992370358": "arn:aws:sns:ap-south-1:044611426596:disha-online-sns",
                            "period": "60",
                            "statistic": "Average",
                            "threshold": "1",
                            "treat_missing_data": "missing",
                            "unit": ""
                        },
                        "meta": {
                            "schema_version": "1"
                        },
                        "tainted": false
                    },
                    "deposed": [],
                    "provider": ""
                },
                "aws_instance.instance": {
                    "type": "aws_instance",
                    "depends_on": [
                        "module.sg"
                    ],
                    "primary": {
                        "id": "i-0914d624aa3ebf41c",
                        "attributes": {
                            "ami": "ami-1323767c",
                            "associate_public_ip_address": "false",
                            "availability_zone": "ap-south-1a",
                            "disable_api_termination": "false",
                            "ebs_block_device.#": "1",
                            "ebs_block_device.1001659282.delete_on_termination": "true",
                            "ebs_block_device.1001659282.device_name": "/dev/sdb",
                            "ebs_block_device.1001659282.encrypted": "false",
                            "ebs_block_device.1001659282.iops": "0",
                            "ebs_block_device.1001659282.snapshot_id": "snap-07b0059a97417e0a9",
                            "ebs_block_device.1001659282.volume_size": "30",
                            "ebs_block_device.1001659282.volume_type": "standard",
                            "ebs_optimized": "false",
                            "ephemeral_block_device.#": "0",
                            "iam_instance_profile": "disha-online-instance-profile",
                            "id": "i-0914d624aa3ebf41c",
                            "instance_state": "running",
                            "instance_type": "m4.large",
                            "ipv6_addresses.#": "0",
                            "key_name": "disha-online.onlinepvt",
                            "monitoring": "false",
                            "network_interface.#": "0",
                            "network_interface_id": "eni-8bbfc4d4",
                            "primary_network_interface_id": "eni-8bbfc4d4",
                            "private_dns": "ip-20-0-0-145.ap-south-1.compute.internal",
                            "private_ip": "20.0.0.145",
                            "public_dns": "",
                            "public_ip": "",
                            "root_block_device.#": "1",
                            "root_block_device.0.delete_on_termination": "true",
                            "root_block_device.0.iops": "100",
                            "root_block_device.0.volume_size": "24",
                            "root_block_device.0.volume_type": "gp2",
                            "security_groups.#": "0",
                            "source_dest_check": "true",
                            "subnet_id": "subnet-3c924654",
                            "tags.%": "3",
                            "tags.Cluster": "disha",
                            "tags.Environment": "disha-online",
                            "tags.Name": "disha-online-biometric",
                            "tenancy": "default",
                            "volume_tags.%": "1",
                            "volume_tags.Name": "disha-online-biometric",
                            "vpc_security_group_ids.#": "2",
                            "vpc_security_group_ids.1696488369": "sg-bfebfdd7",
                            "vpc_security_group_ids.3440819387": "sg-c2e9ffaa"
                        },
                        "meta": {
                            "e2bfb730-ecaa-11e6-8f88-34363bc7c4c0": {
                                "create": 600000000000,
                                "delete": 600000000000,
                                "update": 600000000000
                            },
                            "schema_version": "1"
                        },
                        "tainted": false
                    },
                    "deposed": [],
                    "provider": ""
                },
                "aws_route53_record.instance_route53_entry": {
                    "type": "aws_route53_record",
                    "depends_on": [
                        "aws_instance.instance"
                    ],
                    "primary": {
                        "id": "Z1W3IBBR2VYHVF_biometric_A",
                        "attributes": {
                            "fqdn": "biometric.onlinepvt",
                            "health_check_id": "",
                            "id": "Z1W3IBBR2VYHVF_biometric_A",
                            "name": "biometric",
                            "records.#": "1",
                            "records.4051211049": "20.0.0.145",
                            "set_identifier": "",
                            "ttl": "60",
                            "type": "A",
                            "zone_id": "Z1W3IBBR2VYHVF"
                        },
                        "meta": {
                            "schema_version": "2"
                        },
                        "tainted": false
                    },
                    "deposed": [],
                    "provider": ""
                }
            },
            "depends_on": []
        },
        {
            "path": [
                "root",
                "disha_online_env",
                "biometric-admin-tg-http"
            ],
            "outputs": {
                "alb_tg_arn": {
                    "sensitive": false,
                    "type": "string",
                    "value": "arn:aws:elasticloadbalancing:ap-south-1:044611426596:targetgroup/disha-online-biom-admin-http/00332b9590be2b38"
                }
            },
            "resources": {
                "aws_alb_target_group.alb_tg": {
                    "type": "aws_alb_target_group",
                    "depends_on": [],
                    "primary": {
                        "id": "arn:aws:elasticloadbalancing:ap-south-1:044611426596:targetgroup/disha-online-biom-admin-http/00332b9590be2b38",
                        "attributes": {
                            "arn": "arn:aws:elasticloadbalancing:ap-south-1:044611426596:targetgroup/disha-online-biom-admin-http/00332b9590be2b38",
                            "arn_suffix": "targetgroup/disha-online-biom-admin-http/00332b9590be2b38",
                            "deregistration_delay": "300",
                            "health_check.#": "1",
                            "health_check.0.healthy_threshold": "2",
                            "health_check.0.interval": "10",
                            "health_check.0.matcher": "200",
                            "health_check.0.path": "/ping",
                            "health_check.0.port": "80",
                            "health_check.0.protocol": "HTTP",
                            "health_check.0.timeout": "5",
                            "health_check.0.unhealthy_threshold": "2",
                            "id": "arn:aws:elasticloadbalancing:ap-south-1:044611426596:targetgroup/disha-online-biom-admin-http/00332b9590be2b38",
                            "name": "disha-online-biom-admin-http",
                            "port": "80",
                            "protocol": "HTTP",
                            "stickiness.#": "1",
                            "stickiness.0.cookie_duration": "86400",
                            "stickiness.0.enabled": "false",
                            "stickiness.0.type": "lb_cookie",
                            "tags.%": "0",
                            "target_type": "instance",
                            "vpc_id": "vpc-905a95f8"
                        },
                        "meta": {},
                        "tainted": false
                    },
                    "deposed": [],
                    "provider": ""
                },
                "aws_cloudwatch_metric_alarm.high_unhealthy_alarm": {
                    "type": "aws_cloudwatch_metric_alarm",
                    "depends_on": [],
                    "primary": {
                        "id": "disha-online-ELB-biom-admin-http-High-Unhealthy-Hosts",
                        "attributes": {
                            "actions_enabled": "true",
                            "alarm_actions.#": "1",
                            "alarm_actions.992370358": "arn:aws:sns:ap-south-1:044611426596:disha-online-sns",
                            "alarm_description": "Raises alarm if unhealthy instances in disha-online-biom-admin-http load balancer increase",
                            "alarm_name": "disha-online-ELB-biom-admin-http-High-Unhealthy-Hosts",
                            "comparison_operator": "GreaterThanThreshold",
                            "dimensions.%": "1",
                            "dimensions.LoadBalancerName": "disha-online-biom-admin-http",
                            "evaluate_low_sample_count_percentiles": "",
                            "evaluation_periods": "1",
                            "extended_statistic": "",
                            "id": "disha-online-ELB-biom-admin-http-High-Unhealthy-Hosts",
                            "insufficient_data_actions.#": "0",
                            "metric_name": "UnHealthyHostCount",
                            "namespace": "AWS/ELB",
                            "ok_actions.#": "0",
                            "period": "60",
                            "statistic": "Average",
                            "threshold": "0",
                            "treat_missing_data": "missing",
                            "unit": ""
                        },
                        "meta": {
                            "schema_version": "1"
                        },
                        "tainted": false
                    },
                    "deposed": [],
                    "provider": ""
                },
                "aws_cloudwatch_metric_alarm.low_healthy_alarm": {
                    "type": "aws_cloudwatch_metric_alarm",
                    "depends_on": [],
                    "primary": {
                        "id": "disha-online-ELB-biom-admin-http-Low-Healthy-Hosts",
                        "attributes": {
                            "actions_enabled": "true",
                            "alarm_actions.#": "1",
                            "alarm_actions.992370358": "arn:aws:sns:ap-south-1:044611426596:disha-online-sns",
                            "alarm_description": "Raises alarm if healthy instances in disha-online-biom-admin-http load balancer decrease",
                            "alarm_name": "disha-online-ELB-biom-admin-http-Low-Healthy-Hosts",
                            "comparison_operator": "LessThanThreshold",
                            "dimensions.%": "1",
                            "dimensions.LoadBalancerName": "disha-online-biom-admin-http",
                            "evaluate_low_sample_count_percentiles": "",
                            "evaluation_periods": "1",
                            "extended_statistic": "",
                            "id": "disha-online-ELB-biom-admin-http-Low-Healthy-Hosts",
                            "insufficient_data_actions.#": "0",
                            "metric_name": "HealthyHostCount",
                            "namespace": "AWS/ELB",
                            "ok_actions.#": "0",
                            "period": "60",
                            "statistic": "Average",
                            "threshold": "1",
                            "treat_missing_data": "missing",
                            "unit": ""
                        },
                        "meta": {
                            "schema_version": "1"
                        },
                        "tainted": false
                    },
                    "deposed": [],
                    "provider": ""
                }
            },
            "depends_on": []
        },
        {
            "path": [
                "root",
                "disha_online_env",
                "biometric-admin-tg-https"
            ],
            "outputs": {
                "alb_tg_arn": {
                    "sensitive": false,
                    "type": "string",
                    "value": "arn:aws:elasticloadbalancing:ap-south-1:044611426596:targetgroup/disha-online-bio-admin-https/665220a8f432a346"
                }
            },
            "resources": {
                "aws_alb_target_group.alb_tg": {
                    "type": "aws_alb_target_group",
                    "depends_on": [],
                    "primary": {
                        "id": "arn:aws:elasticloadbalancing:ap-south-1:044611426596:targetgroup/disha-online-bio-admin-https/665220a8f432a346",
                        "attributes": {
                            "arn": "arn:aws:elasticloadbalancing:ap-south-1:044611426596:targetgroup/disha-online-bio-admin-https/665220a8f432a346",
                            "arn_suffix": "targetgroup/disha-online-bio-admin-https/665220a8f432a346",
                            "deregistration_delay": "300",
                            "health_check.#": "1",
                            "health_check.0.healthy_threshold": "2",
                            "health_check.0.interval": "15",
                            "health_check.0.matcher": "200",
                            "health_check.0.path": "/ping",
                            "health_check.0.port": "443",
                            "health_check.0.protocol": "HTTPS",
                            "health_check.0.timeout": "10",
                            "health_check.0.unhealthy_threshold": "2",
                            "id": "arn:aws:elasticloadbalancing:ap-south-1:044611426596:targetgroup/disha-online-bio-admin-https/665220a8f432a346",
                            "name": "disha-online-bio-admin-https",
                            "port": "443",
                            "protocol": "HTTPS",
                            "stickiness.#": "1",
                            "stickiness.0.cookie_duration": "86400",
                            "stickiness.0.enabled": "false",
                            "stickiness.0.type": "lb_cookie",
                            "tags.%": "0",
                            "target_type": "instance",
                            "vpc_id": "vpc-905a95f8"
                        },
                        "meta": {},
                        "tainted": false
                    },
                    "deposed": [],
                    "provider": ""
                },
                "aws_cloudwatch_metric_alarm.high_unhealthy_alarm": {
                    "type": "aws_cloudwatch_metric_alarm",
                    "depends_on": [],
                    "primary": {
                        "id": "disha-online-ELB-bio-admin-https-High-Unhealthy-Hosts",
                        "attributes": {
                            "actions_enabled": "true",
                            "alarm_actions.#": "1",
                            "alarm_actions.992370358": "arn:aws:sns:ap-south-1:044611426596:disha-online-sns",
                            "alarm_description": "Raises alarm if unhealthy instances in disha-online-bio-admin-https load balancer increase",
                            "alarm_name": "disha-online-ELB-bio-admin-https-High-Unhealthy-Hosts",
                            "comparison_operator": "GreaterThanThreshold",
                            "dimensions.%": "1",
                            "dimensions.LoadBalancerName": "disha-online-bio-admin-https",
                            "evaluate_low_sample_count_percentiles": "",
                            "evaluation_periods": "1",
                            "extended_statistic": "",
                            "id": "disha-online-ELB-bio-admin-https-High-Unhealthy-Hosts",
                            "insufficient_data_actions.#": "0",
                            "metric_name": "UnHealthyHostCount",
                            "namespace": "AWS/ELB",
                            "ok_actions.#": "0",
                            "period": "60",
                            "statistic": "Average",
                            "threshold": "0",
                            "treat_missing_data": "missing",
                            "unit": ""
                        },
                        "meta": {
                            "schema_version": "1"
                        },
                        "tainted": false
                    },
                    "deposed": [],
                    "provider": ""
                },
                "aws_cloudwatch_metric_alarm.low_healthy_alarm": {
                    "type": "aws_cloudwatch_metric_alarm",
                    "depends_on": [],
                    "primary": {
                        "id": "disha-online-ELB-bio-admin-https-Low-Healthy-Hosts",
                        "attributes": {
                            "actions_enabled": "true",
                            "alarm_actions.#": "1",
                            "alarm_actions.992370358": "arn:aws:sns:ap-south-1:044611426596:disha-online-sns",
                            "alarm_description": "Raises alarm if healthy instances in disha-online-bio-admin-https load balancer decrease",
                            "alarm_name": "disha-online-ELB-bio-admin-https-Low-Healthy-Hosts",
                            "comparison_operator": "LessThanThreshold",
                            "dimensions.%": "1",
                            "dimensions.LoadBalancerName": "disha-online-bio-admin-https",
                            "evaluate_low_sample_count_percentiles": "",
                            "evaluation_periods": "1",
                            "extended_statistic": "",
                            "id": "disha-online-ELB-bio-admin-https-Low-Healthy-Hosts",
                            "insufficient_data_actions.#": "0",
                            "metric_name": "HealthyHostCount",
                            "namespace": "AWS/ELB",
                            "ok_actions.#": "0",
                            "period": "60",
                            "statistic": "Average",
                            "threshold": "1",
                            "treat_missing_data": "missing",
                            "unit": ""
                        },
                        "meta": {
                            "schema_version": "1"
                        },
                        "tainted": false
                    },
                    "deposed": [],
                    "provider": ""
                }
            },
            "depends_on": []
        },
        {
            "path": [
                "root",
                "disha_online_env",
                "biometric-tg-http"
            ],
            "outputs": {
                "alb_tg_arn": {
                    "sensitive": false,
                    "type": "string",
                    "value": "arn:aws:elasticloadbalancing:ap-south-1:044611426596:targetgroup/disha-online-biometric-http/7775e5dfc8e0171d"
                }
            },
            "resources": {
                "aws_alb_target_group.alb_tg": {
                    "type": "aws_alb_target_group",
                    "depends_on": [],
                    "primary": {
                        "id": "arn:aws:elasticloadbalancing:ap-south-1:044611426596:targetgroup/disha-online-biometric-http/7775e5dfc8e0171d",
                        "attributes": {
                            "arn": "arn:aws:elasticloadbalancing:ap-south-1:044611426596:targetgroup/disha-online-biometric-http/7775e5dfc8e0171d",
                            "arn_suffix": "targetgroup/disha-online-biometric-http/7775e5dfc8e0171d",
                            "deregistration_delay": "300",
                            "health_check.#": "1",
                            "health_check.0.healthy_threshold": "2",
                            "health_check.0.interval": "10",
                            "health_check.0.matcher": "200",
                            "health_check.0.path": "/ping",
                            "health_check.0.port": "80",
                            "health_check.0.protocol": "HTTP",
                            "health_check.0.timeout": "5",
                            "health_check.0.unhealthy_threshold": "2",
                            "id": "arn:aws:elasticloadbalancing:ap-south-1:044611426596:targetgroup/disha-online-biometric-http/7775e5dfc8e0171d",
                            "name": "disha-online-biometric-http",
                            "port": "80",
                            "protocol": "HTTP",
                            "stickiness.#": "1",
                            "stickiness.0.cookie_duration": "86400",
                            "stickiness.0.enabled": "false",
                            "stickiness.0.type": "lb_cookie",
                            "tags.%": "0",
                            "target_type": "instance",
                            "vpc_id": "vpc-905a95f8"
                        },
                        "meta": {},
                        "tainted": false
                    },
                    "deposed": [],
                    "provider": ""
                },
                "aws_cloudwatch_metric_alarm.high_unhealthy_alarm": {
                    "type": "aws_cloudwatch_metric_alarm",
                    "depends_on": [],
                    "primary": {
                        "id": "disha-online-ELB-biometric-http-High-Unhealthy-Hosts",
                        "attributes": {
                            "actions_enabled": "true",
                            "alarm_actions.#": "1",
                            "alarm_actions.992370358": "arn:aws:sns:ap-south-1:044611426596:disha-online-sns",
                            "alarm_description": "Raises alarm if unhealthy instances in disha-online-biometric-http load balancer increase",
                            "alarm_name": "disha-online-ELB-biometric-http-High-Unhealthy-Hosts",
                            "comparison_operator": "GreaterThanThreshold",
                            "dimensions.%": "1",
                            "dimensions.LoadBalancerName": "disha-online-biometric-http",
                            "evaluate_low_sample_count_percentiles": "",
                            "evaluation_periods": "1",
                            "extended_statistic": "",
                            "id": "disha-online-ELB-biometric-http-High-Unhealthy-Hosts",
                            "insufficient_data_actions.#": "0",
                            "metric_name": "UnHealthyHostCount",
                            "namespace": "AWS/ELB",
                            "ok_actions.#": "0",
                            "period": "60",
                            "statistic": "Average",
                            "threshold": "0",
                            "treat_missing_data": "missing",
                            "unit": ""
                        },
                        "meta": {
                            "schema_version": "1"
                        },
                        "tainted": false
                    },
                    "deposed": [],
                    "provider": ""
                },
                "aws_cloudwatch_metric_alarm.low_healthy_alarm": {
                    "type": "aws_cloudwatch_metric_alarm",
                    "depends_on": [],
                    "primary": {
                        "id": "disha-online-ELB-biometric-http-Low-Healthy-Hosts",
                        "attributes": {
                            "actions_enabled": "true",
                            "alarm_actions.#": "1",
                            "alarm_actions.992370358": "arn:aws:sns:ap-south-1:044611426596:disha-online-sns",
                            "alarm_description": "Raises alarm if healthy instances in disha-online-biometric-http load balancer decrease",
                            "alarm_name": "disha-online-ELB-biometric-http-Low-Healthy-Hosts",
                            "comparison_operator": "LessThanThreshold",
                            "dimensions.%": "1",
                            "dimensions.LoadBalancerName": "disha-online-biometric-http",
                            "evaluate_low_sample_count_percentiles": "",
                            "evaluation_periods": "1",
                            "extended_statistic": "",
                            "id": "disha-online-ELB-biometric-http-Low-Healthy-Hosts",
                            "insufficient_data_actions.#": "0",
                            "metric_name": "HealthyHostCount",
                            "namespace": "AWS/ELB",
                            "ok_actions.#": "0",
                            "period": "60",
                            "statistic": "Average",
                            "threshold": "1",
                            "treat_missing_data": "missing",
                            "unit": ""
                        },
                        "meta": {
                            "schema_version": "1"
                        },
                        "tainted": false
                    },
                    "deposed": [],
                    "provider": ""
                }
            },
            "depends_on": []
        },
        {
            "path": [
                "root",
                "disha_online_env",
                "biometric-tg-https"
            ],
            "outputs": {
                "alb_tg_arn": {
                    "sensitive": false,
                    "type": "string",
                    "value": "arn:aws:elasticloadbalancing:ap-south-1:044611426596:targetgroup/disha-online-biometric-https/3d51cd88a9c8a887"
                }
            },
            "resources": {
                "aws_alb_target_group.alb_tg": {
                    "type": "aws_alb_target_group",
                    "depends_on": [],
                    "primary": {
                        "id": "arn:aws:elasticloadbalancing:ap-south-1:044611426596:targetgroup/disha-online-biometric-https/3d51cd88a9c8a887",
                        "attributes": {
                            "arn": "arn:aws:elasticloadbalancing:ap-south-1:044611426596:targetgroup/disha-online-biometric-https/3d51cd88a9c8a887",
                            "arn_suffix": "targetgroup/disha-online-biometric-https/3d51cd88a9c8a887",
                            "deregistration_delay": "300",
                            "health_check.#": "1",
                            "health_check.0.healthy_threshold": "2",
                            "health_check.0.interval": "15",
                            "health_check.0.matcher": "200",
                            "health_check.0.path": "/ping",
                            "health_check.0.port": "443",
                            "health_check.0.protocol": "HTTPS",
                            "health_check.0.timeout": "10",
                            "health_check.0.unhealthy_threshold": "2",
                            "id": "arn:aws:elasticloadbalancing:ap-south-1:044611426596:targetgroup/disha-online-biometric-https/3d51cd88a9c8a887",
                            "name": "disha-online-biometric-https",
                            "port": "443",
                            "protocol": "HTTPS",
                            "stickiness.#": "1",
                            "stickiness.0.cookie_duration": "86400",
                            "stickiness.0.enabled": "false",
                            "stickiness.0.type": "lb_cookie",
                            "tags.%": "0",
                            "target_type": "instance",
                            "vpc_id": "vpc-905a95f8"
                        },
                        "meta": {},
                        "tainted": false
                    },
                    "deposed": [],
                    "provider": ""
                },
                "aws_cloudwatch_metric_alarm.high_unhealthy_alarm": {
                    "type": "aws_cloudwatch_metric_alarm",
                    "depends_on": [],
                    "primary": {
                        "id": "disha-online-ELB-biometric-https-High-Unhealthy-Hosts",
                        "attributes": {
                            "actions_enabled": "true",
                            "alarm_actions.#": "1",
                            "alarm_actions.992370358": "arn:aws:sns:ap-south-1:044611426596:disha-online-sns",
                            "alarm_description": "Raises alarm if unhealthy instances in disha-online-biometric-https load balancer increase",
                            "alarm_name": "disha-online-ELB-biometric-https-High-Unhealthy-Hosts",
                            "comparison_operator": "GreaterThanThreshold",
                            "dimensions.%": "1",
                            "dimensions.LoadBalancerName": "disha-online-biometric-https",
                            "evaluate_low_sample_count_percentiles": "",
                            "evaluation_periods": "1",
                            "extended_statistic": "",
                            "id": "disha-online-ELB-biometric-https-High-Unhealthy-Hosts",
                            "insufficient_data_actions.#": "0",
                            "metric_name": "UnHealthyHostCount",
                            "namespace": "AWS/ELB",
                            "ok_actions.#": "0",
                            "period": "60",
                            "statistic": "Average",
                            "threshold": "0",
                            "treat_missing_data": "missing",
                            "unit": ""
                        },
                        "meta": {
                            "schema_version": "1"
                        },
                        "tainted": false
                    },
                    "deposed": [],
                    "provider": ""
                },
                "aws_cloudwatch_metric_alarm.low_healthy_alarm": {
                    "type": "aws_cloudwatch_metric_alarm",
                    "depends_on": [],
                    "primary": {
                        "id": "disha-online-ELB-biometric-https-Low-Healthy-Hosts",
                        "attributes": {
                            "actions_enabled": "true",
                            "alarm_actions.#": "1",
                            "alarm_actions.992370358": "arn:aws:sns:ap-south-1:044611426596:disha-online-sns",
                            "alarm_description": "Raises alarm if healthy instances in disha-online-biometric-https load balancer decrease",
                            "alarm_name": "disha-online-ELB-biometric-https-Low-Healthy-Hosts",
                            "comparison_operator": "LessThanThreshold",
                            "dimensions.%": "1",
                            "dimensions.LoadBalancerName": "disha-online-biometric-https",
                            "evaluate_low_sample_count_percentiles": "",
                            "evaluation_periods": "1",
                            "extended_statistic": "",
                            "id": "disha-online-ELB-biometric-https-Low-Healthy-Hosts",
                            "insufficient_data_actions.#": "0",
                            "metric_name": "HealthyHostCount",
                            "namespace": "AWS/ELB",
                            "ok_actions.#": "0",
                            "period": "60",
                            "statistic": "Average",
                            "threshold": "1",
                            "treat_missing_data": "missing",
                            "unit": ""
                        },
                        "meta": {
                            "schema_version": "1"
                        },
                        "tainted": false
                    },
                    "deposed": [],
                    "provider": ""
                }
            },
            "depends_on": []
        },
        {
            "path": [
                "root",
                "disha_online_env",
                "biometric_admin"
            ],
            "outputs": {
                "instance_id": {
                    "sensitive": false,
                    "type": "string",
                    "value": "i-0476b5f835112dd2e"
                },
                "instance_name": {
                    "sensitive": false,
                    "type": "string",
                    "value": "disha-online-biometric-admin"
                },
                "public_ip": {
                    "sensitive": false,
                    "type": "string",
                    "value": ""
                }
            },
            "resources": {
                "aws_cloudwatch_metric_alarm.instance_status_check": {
                    "type": "aws_cloudwatch_metric_alarm",
                    "depends_on": [
                        "aws_instance.instance"
                    ],
                    "primary": {
                        "id": "disha-online-biometric-admin-status-checks-failed",
                        "attributes": {
                            "actions_enabled": "true",
                            "alarm_actions.#": "1",
                            "alarm_actions.992370358": "arn:aws:sns:ap-south-1:044611426596:disha-online-sns",
                            "alarm_description": "This metric monitors ec2 status checks",
                            "alarm_name": "disha-online-biometric-admin-status-checks-failed",
                            "comparison_operator": "GreaterThanOrEqualToThreshold",
                            "dimensions.%": "1",
                            "dimensions.InstanceId": "i-0476b5f835112dd2e",
                            "evaluate_low_sample_count_percentiles": "",
                            "evaluation_periods": "1",
                            "extended_statistic": "",
                            "id": "disha-online-biometric-admin-status-checks-failed",
                            "insufficient_data_actions.#": "1",
                            "insufficient_data_actions.992370358": "arn:aws:sns:ap-south-1:044611426596:disha-online-sns",
                            "metric_name": "StatusCheckFailed",
                            "namespace": "AWS/EC2",
                            "ok_actions.#": "1",
                            "ok_actions.992370358": "arn:aws:sns:ap-south-1:044611426596:disha-online-sns",
                            "period": "60",
                            "statistic": "Average",
                            "threshold": "1",
                            "treat_missing_data": "missing",
                            "unit": ""
                        },
                        "meta": {
                            "schema_version": "1"
                        },
                        "tainted": false
                    },
                    "deposed": [],
                    "provider": ""
                },
                "aws_instance.instance": {
                    "type": "aws_instance",
                    "depends_on": [
                        "module.sg"
                    ],
                    "primary": {
                        "id": "i-0476b5f835112dd2e",
                        "attributes": {
                            "ami": "ami-1323767c",
                            "associate_public_ip_address": "false",
                            "availability_zone": "ap-south-1a",
                            "disable_api_termination": "false",
                            "ebs_block_device.#": "1",
                            "ebs_block_device.1001659282.delete_on_termination": "true",
                            "ebs_block_device.1001659282.device_name": "/dev/sdb",
                            "ebs_block_device.1001659282.encrypted": "false",
                            "ebs_block_device.1001659282.iops": "0",
                            "ebs_block_device.1001659282.snapshot_id": "snap-07b0059a97417e0a9",
                            "ebs_block_device.1001659282.volume_size": "30",
                            "ebs_block_device.1001659282.volume_type": "standard",
                            "ebs_optimized": "false",
                            "ephemeral_block_device.#": "0",
                            "iam_instance_profile": "disha-online-instance-profile",
                            "id": "i-0476b5f835112dd2e",
                            "instance_state": "running",
                            "instance_type": "m4.large",
                            "ipv6_addresses.#": "0",
                            "key_name": "disha-online.onlinepvt",
                            "monitoring": "false",
                            "network_interface.#": "0",
                            "network_interface_id": "eni-afb9c2f0",
                            "primary_network_interface_id": "eni-afb9c2f0",
                            "private_dns": "ip-20-0-0-20.ap-south-1.compute.internal",
                            "private_ip": "20.0.0.20",
                            "public_dns": "",
                            "public_ip": "",
                            "root_block_device.#": "1",
                            "root_block_device.0.delete_on_termination": "true",
                            "root_block_device.0.iops": "100",
                            "root_block_device.0.volume_size": "24",
                            "root_block_device.0.volume_type": "gp2",
                            "security_groups.#": "0",
                            "source_dest_check": "true",
                            "subnet_id": "subnet-3c924654",
                            "tags.%": "3",
                            "tags.Cluster": "disha",
                            "tags.Environment": "disha-online",
                            "tags.Name": "disha-online-biometric-admin",
                            "tenancy": "default",
                            "volume_tags.%": "1",
                            "volume_tags.Name": "disha-online-biometric-admin",
                            "vpc_security_group_ids.#": "2",
                            "vpc_security_group_ids.1696488369": "sg-bfebfdd7",
                            "vpc_security_group_ids.755947741": "sg-aceafcc4"
                        },
                        "meta": {
                            "e2bfb730-ecaa-11e6-8f88-34363bc7c4c0": {
                                "create": 600000000000,
                                "delete": 600000000000,
                                "update": 600000000000
                            },
                            "schema_version": "1"
                        },
                        "tainted": false
                    },
                    "deposed": [],
                    "provider": ""
                },
                "aws_route53_record.instance_route53_entry": {
                    "type": "aws_route53_record",
                    "depends_on": [
                        "aws_instance.instance"
                    ],
                    "primary": {
                        "id": "Z1W3IBBR2VYHVF_biometric-admin_A",
                        "attributes": {
                            "fqdn": "biometric-admin.onlinepvt",
                            "health_check_id": "",
                            "id": "Z1W3IBBR2VYHVF_biometric-admin_A",
                            "name": "biometric-admin",
                            "records.#": "1",
                            "records.2405141528": "20.0.0.20",
                            "set_identifier": "",
                            "ttl": "60",
                            "type": "A",
                            "zone_id": "Z1W3IBBR2VYHVF"
                        },
                        "meta": {
                            "schema_version": "2"
                        },
                        "tainted": false
                    },
                    "deposed": [],
                    "provider": ""
                }
            },
            "depends_on": []
        },
        {
            "path": [
                "root",
                "disha_online_env",
                "cert_sign_zip_notification"
            ],
            "outputs": {},
            "resources": {
                "aws_s3_bucket_notification.notify_sqs_on_object_creation": {
                    "type": "aws_s3_bucket_notification",
                    "depends_on": [],
                    "primary": {
                        "id": "disha-online-certificates-sign-zip",
                        "attributes": {
                            "bucket": "disha-online-certificates-sign-zip",
                            "id": "disha-online-certificates-sign-zip",
                            "lambda_function.#": "0",
                            "queue.#": "1",
                            "queue.0.events.#": "1",
                            "queue.0.events.3356830603": "s3:ObjectCreated:*",
                            "queue.0.filter_prefix": "",
                            "queue.0.filter_suffix": "",
                            "queue.0.id": "tf-s3-queue-20180107034442760100000001",
                            "queue.0.queue_arn": "arn:aws:sqs:ap-south-1:044611426596:disha-online-eligibility-sign-certificate",
                            "topic.#": "0"
                        },
                        "meta": {},
                        "tainted": false
                    },
                    "deposed": [],
                    "provider": ""
                }
            },
            "depends_on": []
        },
        {
            "path": [
                "root",
                "disha_online_env",
                "certificate-tg-https"
            ],
            "outputs": {
                "alb_tg_arn": {
                    "sensitive": false,
                    "type": "string",
                    "value": "arn:aws:elasticloadbalancing:ap-south-1:044611426596:targetgroup/disha-online-certificate-https/ebb76c6c7cd7ed20"
                }
            },
            "resources": {
                "aws_alb_target_group.alb_tg": {
                    "type": "aws_alb_target_group",
                    "depends_on": [],
                    "primary": {
                        "id": "arn:aws:elasticloadbalancing:ap-south-1:044611426596:targetgroup/disha-online-certificate-https/ebb76c6c7cd7ed20",
                        "attributes": {
                            "arn": "arn:aws:elasticloadbalancing:ap-south-1:044611426596:targetgroup/disha-online-certificate-https/ebb76c6c7cd7ed20",
                            "arn_suffix": "targetgroup/disha-online-certificate-https/ebb76c6c7cd7ed20",
                            "deregistration_delay": "300",
                            "health_check.#": "1",
                            "health_check.0.healthy_threshold": "2",
                            "health_check.0.interval": "15",
                            "health_check.0.matcher": "200",
                            "health_check.0.path": "/login",
                            "health_check.0.port": "443",
                            "health_check.0.protocol": "HTTPS",
                            "health_check.0.timeout": "10",
                            "health_check.0.unhealthy_threshold": "2",
                            "id": "arn:aws:elasticloadbalancing:ap-south-1:044611426596:targetgroup/disha-online-certificate-https/ebb76c6c7cd7ed20",
                            "name": "disha-online-certificate-https",
                            "port": "443",
                            "protocol": "HTTPS",
                            "stickiness.#": "1",
                            "stickiness.0.cookie_duration": "86400",
                            "stickiness.0.enabled": "false",
                            "stickiness.0.type": "lb_cookie",
                            "tags.%": "0",
                            "target_type": "instance",
                            "vpc_id": "vpc-905a95f8"
                        },
                        "meta": {},
                        "tainted": false
                    },
                    "deposed": [],
                    "provider": ""
                },
                "aws_cloudwatch_metric_alarm.high_unhealthy_alarm": {
                    "type": "aws_cloudwatch_metric_alarm",
                    "depends_on": [],
                    "primary": {
                        "id": "disha-online-ELB-certificate-https-High-Unhealthy-Hosts",
                        "attributes": {
                            "actions_enabled": "true",
                            "alarm_actions.#": "1",
                            "alarm_actions.992370358": "arn:aws:sns:ap-south-1:044611426596:disha-online-sns",
                            "alarm_description": "Raises alarm if unhealthy instances in disha-online-certificate-https load balancer increase",
                            "alarm_name": "disha-online-ELB-certificate-https-High-Unhealthy-Hosts",
                            "comparison_operator": "GreaterThanThreshold",
                            "dimensions.%": "1",
                            "dimensions.LoadBalancerName": "disha-online-certificate-https",
                            "evaluate_low_sample_count_percentiles": "",
                            "evaluation_periods": "1",
                            "extended_statistic": "",
                            "id": "disha-online-ELB-certificate-https-High-Unhealthy-Hosts",
                            "insufficient_data_actions.#": "0",
                            "metric_name": "UnHealthyHostCount",
                            "namespace": "AWS/ELB",
                            "ok_actions.#": "0",
                            "period": "60",
                            "statistic": "Average",
                            "threshold": "0",
                            "treat_missing_data": "missing",
                            "unit": ""
                        },
                        "meta": {
                            "schema_version": "1"
                        },
                        "tainted": false
                    },
                    "deposed": [],
                    "provider": ""
                },
                "aws_cloudwatch_metric_alarm.low_healthy_alarm": {
                    "type": "aws_cloudwatch_metric_alarm",
                    "depends_on": [],
                    "primary": {
                        "id": "disha-online-ELB-certificate-https-Low-Healthy-Hosts",
                        "attributes": {
                            "actions_enabled": "true",
                            "alarm_actions.#": "1",
                            "alarm_actions.992370358": "arn:aws:sns:ap-south-1:044611426596:disha-online-sns",
                            "alarm_description": "Raises alarm if healthy instances in disha-online-certificate-https load balancer decrease",
                            "alarm_name": "disha-online-ELB-certificate-https-Low-Healthy-Hosts",
                            "comparison_operator": "LessThanThreshold",
                            "dimensions.%": "1",
                            "dimensions.LoadBalancerName": "disha-online-certificate-https",
                            "evaluate_low_sample_count_percentiles": "",
                            "evaluation_periods": "1",
                            "extended_statistic": "",
                            "id": "disha-online-ELB-certificate-https-Low-Healthy-Hosts",
                            "insufficient_data_actions.#": "0",
                            "metric_name": "HealthyHostCount",
                            "namespace": "AWS/ELB",
                            "ok_actions.#": "0",
                            "period": "60",
                            "statistic": "Average",
                            "threshold": "1",
                            "treat_missing_data": "missing",
                            "unit": ""
                        },
                        "meta": {
                            "schema_version": "1"
                        },
                        "tainted": false
                    },
                    "deposed": [],
                    "provider": ""
                }
            },
            "depends_on": []
        },
        {
            "path": [
                "root",
                "disha_online_env",
                "certificate_instance"
            ],
            "outputs": {
                "instance_id": {
                    "sensitive": false,
                    "type": "string",
                    "value": "i-04ab3dbf59e2e41e9"
                },
                "instance_name": {
                    "sensitive": false,
                    "type": "string",
                    "value": "disha-online-certificate"
                },
                "public_ip": {
                    "sensitive": false,
                    "type": "string",
                    "value": ""
                }
            },
            "resources": {
                "aws_cloudwatch_metric_alarm.instance_status_check": {
                    "type": "aws_cloudwatch_metric_alarm",
                    "depends_on": [
                        "aws_instance.instance"
                    ],
                    "primary": {
                        "id": "disha-online-certificate-status-checks-failed",
                        "attributes": {
                            "actions_enabled": "true",
                            "alarm_actions.#": "1",
                            "alarm_actions.992370358": "arn:aws:sns:ap-south-1:044611426596:disha-online-sns",
                            "alarm_description": "This metric monitors ec2 status checks",
                            "alarm_name": "disha-online-certificate-status-checks-failed",
                            "comparison_operator": "GreaterThanOrEqualToThreshold",
                            "dimensions.%": "1",
                            "dimensions.InstanceId": "i-04ab3dbf59e2e41e9",
                            "evaluate_low_sample_count_percentiles": "",
                            "evaluation_periods": "1",
                            "extended_statistic": "",
                            "id": "disha-online-certificate-status-checks-failed",
                            "insufficient_data_actions.#": "1",
                            "insufficient_data_actions.992370358": "arn:aws:sns:ap-south-1:044611426596:disha-online-sns",
                            "metric_name": "StatusCheckFailed",
                            "namespace": "AWS/EC2",
                            "ok_actions.#": "1",
                            "ok_actions.992370358": "arn:aws:sns:ap-south-1:044611426596:disha-online-sns",
                            "period": "60",
                            "statistic": "Average",
                            "threshold": "1",
                            "treat_missing_data": "missing",
                            "unit": ""
                        },
                        "meta": {
                            "schema_version": "1"
                        },
                        "tainted": false
                    },
                    "deposed": [],
                    "provider": ""
                },
                "aws_instance.instance": {
                    "type": "aws_instance",
                    "depends_on": [
                        "module.sg"
                    ],
                    "primary": {
                        "id": "i-04ab3dbf59e2e41e9",
                        "attributes": {
                            "ami": "ami-1323767c",
                            "associate_public_ip_address": "false",
                            "availability_zone": "ap-south-1a",
                            "disable_api_termination": "false",
                            "ebs_block_device.#": "1",
                            "ebs_block_device.1001659282.delete_on_termination": "true",
                            "ebs_block_device.1001659282.device_name": "/dev/sdb",
                            "ebs_block_device.1001659282.encrypted": "false",
                            "ebs_block_device.1001659282.iops": "0",
                            "ebs_block_device.1001659282.snapshot_id": "snap-07b0059a97417e0a9",
                            "ebs_block_device.1001659282.volume_size": "30",
                            "ebs_block_device.1001659282.volume_type": "standard",
                            "ebs_optimized": "false",
                            "ephemeral_block_device.#": "0",
                            "iam_instance_profile": "disha-online-instance-profile",
                            "id": "i-04ab3dbf59e2e41e9",
                            "instance_state": "running",
                            "instance_type": "t2.small",
                            "ipv6_addresses.#": "0",
                            "key_name": "disha-online.onlinepvt",
                            "monitoring": "false",
                            "network_interface.#": "0",
                            "network_interface_id": "eni-85bfc4da",
                            "primary_network_interface_id": "eni-85bfc4da",
                            "private_dns": "ip-20-0-0-205.ap-south-1.compute.internal",
                            "private_ip": "20.0.0.205",
                            "public_dns": "",
                            "public_ip": "",
                            "root_block_device.#": "1",
                            "root_block_device.0.delete_on_termination": "true",
                            "root_block_device.0.iops": "100",
                            "root_block_device.0.volume_size": "24",
                            "root_block_device.0.volume_type": "gp2",
                            "security_groups.#": "0",
                            "source_dest_check": "true",
                            "subnet_id": "subnet-3c924654",
                            "tags.%": "3",
                            "tags.Cluster": "disha",
                            "tags.Environment": "disha-online",
                            "tags.Name": "disha-online-certificate",
                            "tenancy": "default",
                            "volume_tags.%": "1",
                            "volume_tags.Name": "disha-online-certificate",
                            "vpc_security_group_ids.#": "2",
                            "vpc_security_group_ids.1086908589": "sg-c4e9ffac",
                            "vpc_security_group_ids.1696488369": "sg-bfebfdd7"
                        },
                        "meta": {
                            "e2bfb730-ecaa-11e6-8f88-34363bc7c4c0": {
                                "create": 600000000000,
                                "delete": 600000000000,
                                "update": 600000000000
                            },
                            "schema_version": "1"
                        },
                        "tainted": false
                    },
                    "deposed": [],
                    "provider": ""
                },
                "aws_route53_record.instance_route53_entry": {
                    "type": "aws_route53_record",
                    "depends_on": [
                        "aws_instance.instance"
                    ],
                    "primary": {
                        "id": "Z1W3IBBR2VYHVF_certificate_A",
                        "attributes": {
                            "fqdn": "certificate.onlinepvt",
                            "health_check_id": "",
                            "id": "Z1W3IBBR2VYHVF_certificate_A",
                            "name": "certificate",
                            "records.#": "1",
                            "records.2538793076": "20.0.0.205",
                            "set_identifier": "",
                            "ttl": "60",
                            "type": "A",
                            "zone_id": "Z1W3IBBR2VYHVF"
                        },
                        "meta": {
                            "schema_version": "2"
                        },
                        "tainted": false
                    },
                    "deposed": [],
                    "provider": ""
                }
            },
            "depends_on": []
        },
        {
            "path": [
                "root",
                "disha_online_env",
                "certificate_sns"
            ],
            "outputs": {
                "sns_arn": {
                    "sensitive": false,
                    "type": "string",
                    "value": "arn:aws:sns:ap-south-1:044611426596:disha-online-certificate-sns"
                }
            },
            "resources": {
                "aws_sns_topic.sns_topic": {
                    "type": "aws_sns_topic",
                    "depends_on": [],
                    "primary": {
                        "id": "arn:aws:sns:ap-south-1:044611426596:disha-online-certificate-sns",
                        "attributes": {
                            "arn": "arn:aws:sns:ap-south-1:044611426596:disha-online-certificate-sns",
                            "display_name": "",
                            "id": "arn:aws:sns:ap-south-1:044611426596:disha-online-certificate-sns",
                            "name": "disha-online-certificate-sns",
                            "policy": "{\"Id\":\"__default_policy_ID\",\"Statement\":[{\"Action\":[\"SNS:GetTopicAttributes\",\"SNS:SetTopicAttributes\",\"SNS:AddPermission\",\"SNS:RemovePermission\",\"SNS:DeleteTopic\",\"SNS:Subscribe\",\"SNS:ListSubscriptionsByTopic\",\"SNS:Publish\",\"SNS:Receive\"],\"Condition\":{\"StringEquals\":{\"AWS:SourceOwner\":\"044611426596\"}},\"Effect\":\"Allow\",\"Principal\":{\"AWS\":\"*\"},\"Resource\":\"arn:aws:sns:ap-south-1:044611426596:disha-online-certificate-sns\",\"Sid\":\"__default_statement_ID\"}],\"Version\":\"2008-10-17\"}"
                        },
                        "meta": {},
                        "tainted": false
                    },
                    "deposed": [],
                    "provider": ""
                }
            },
            "depends_on": []
        },
        {
            "path": [
                "root",
                "disha_online_env",
                "certificates_sign_zip"
            ],
            "outputs": {
                "bucket_domain_name": {
                    "sensitive": false,
                    "type": "string",
                    "value": "disha-online-certificates-sign-zip.s3.amazonaws.com"
                },
                "bucket_id": {
                    "sensitive": false,
                    "type": "string",
                    "value": "disha-online-certificates-sign-zip"
                }
            },
            "resources": {
                "aws_s3_bucket.bucket": {
                    "type": "aws_s3_bucket",
                    "depends_on": [],
                    "primary": {
                        "id": "disha-online-certificates-sign-zip",
                        "attributes": {
                            "acceleration_status": "",
                            "acl": "private",
                            "arn": "arn:aws:s3:::disha-online-certificates-sign-zip",
                            "bucket": "disha-online-certificates-sign-zip",
                            "bucket_domain_name": "disha-online-certificates-sign-zip.s3.amazonaws.com",
                            "force_destroy": "false",
                            "hosted_zone_id": "Z11RGJOFQNVJUP",
                            "id": "disha-online-certificates-sign-zip",
                            "logging.#": "0",
                            "policy": "{\"Statement\":[{\"Action\":\"s3:GetObject\",\"Effect\":\"Allow\",\"Principal\":\"*\",\"Resource\":\"arn:aws:s3:::disha-online-certificates-sign-zip/certificate/*\",\"Sid\":\"AddPerm\"}],\"Version\":\"2012-10-17\"}",
                            "region": "ap-south-1",
                            "request_payer": "BucketOwner",
                            "tags.%": "0",
                            "versioning.#": "1",
                            "versioning.0.enabled": "false",
                            "versioning.0.mfa_delete": "false",
                            "website.#": "0"
                        },
                        "meta": {},
                        "tainted": false
                    },
                    "deposed": [],
                    "provider": ""
                }
            },
            "depends_on": []
        },
        {
            "path": [
                "root",
                "disha_online_env",
                "circuit_breaker_instance"
            ],
            "outputs": {
                "instance_name": {
                    "sensitive": false,
                    "type": "string",
                    "value": "disha-online-circuit-breaker"
                }
            },
            "resources": {},
            "depends_on": []
        },
        {
            "path": [
                "root",
                "disha_online_env",
                "disha-app-tcmap-tg-http"
            ],
            "outputs": {
                "alb_tg_arn": {
                    "sensitive": false,
                    "type": "string",
                    "value": "arn:aws:elasticloadbalancing:ap-south-1:044611426596:targetgroup/disha-online-tcmap-http/835b194879633c56"
                }
            },
            "resources": {
                "aws_alb_target_group.alb_tg": {
                    "type": "aws_alb_target_group",
                    "depends_on": [],
                    "primary": {
                        "id": "arn:aws:elasticloadbalancing:ap-south-1:044611426596:targetgroup/disha-online-tcmap-http/835b194879633c56",
                        "attributes": {
                            "arn": "arn:aws:elasticloadbalancing:ap-south-1:044611426596:targetgroup/disha-online-tcmap-http/835b194879633c56",
                            "arn_suffix": "targetgroup/disha-online-tcmap-http/835b194879633c56",
                            "deregistration_delay": "300",
                            "health_check.#": "1",
                            "health_check.0.healthy_threshold": "2",
                            "health_check.0.interval": "10",
                            "health_check.0.matcher": "301",
                            "health_check.0.path": "/tcmap/statusCheck",
                            "health_check.0.port": "80",
                            "health_check.0.protocol": "HTTP",
                            "health_check.0.timeout": "5",
                            "health_check.0.unhealthy_threshold": "2",
                            "id": "arn:aws:elasticloadbalancing:ap-south-1:044611426596:targetgroup/disha-online-tcmap-http/835b194879633c56",
                            "name": "disha-online-tcmap-http",
                            "port": "80",
                            "protocol": "HTTP",
                            "stickiness.#": "1",
                            "stickiness.0.cookie_duration": "86400",
                            "stickiness.0.enabled": "false",
                            "stickiness.0.type": "lb_cookie",
                            "tags.%": "0",
                            "target_type": "instance",
                            "vpc_id": "vpc-905a95f8"
                        },
                        "meta": {},
                        "tainted": false
                    },
                    "deposed": [],
                    "provider": ""
                },
                "aws_cloudwatch_metric_alarm.high_unhealthy_alarm": {
                    "type": "aws_cloudwatch_metric_alarm",
                    "depends_on": [],
                    "primary": {
                        "id": "disha-online-ELB-tcmap-http-High-Unhealthy-Hosts",
                        "attributes": {
                            "actions_enabled": "true",
                            "alarm_actions.#": "1",
                            "alarm_actions.992370358": "arn:aws:sns:ap-south-1:044611426596:disha-online-sns",
                            "alarm_description": "Raises alarm if unhealthy instances in disha-online-tcmap-http load balancer increase",
                            "alarm_name": "disha-online-ELB-tcmap-http-High-Unhealthy-Hosts",
                            "comparison_operator": "GreaterThanThreshold",
                            "dimensions.%": "1",
                            "dimensions.LoadBalancerName": "disha-online-tcmap-http",
                            "evaluate_low_sample_count_percentiles": "",
                            "evaluation_periods": "1",
                            "extended_statistic": "",
                            "id": "disha-online-ELB-tcmap-http-High-Unhealthy-Hosts",
                            "insufficient_data_actions.#": "0",
                            "metric_name": "UnHealthyHostCount",
                            "namespace": "AWS/ELB",
                            "ok_actions.#": "0",
                            "period": "60",
                            "statistic": "Average",
                            "threshold": "0",
                            "treat_missing_data": "missing",
                            "unit": ""
                        },
                        "meta": {
                            "schema_version": "1"
                        },
                        "tainted": false
                    },
                    "deposed": [],
                    "provider": ""
                },
                "aws_cloudwatch_metric_alarm.low_healthy_alarm": {
                    "type": "aws_cloudwatch_metric_alarm",
                    "depends_on": [],
                    "primary": {
                        "id": "disha-online-ELB-tcmap-http-Low-Healthy-Hosts",
                        "attributes": {
                            "actions_enabled": "true",
                            "alarm_actions.#": "1",
                            "alarm_actions.992370358": "arn:aws:sns:ap-south-1:044611426596:disha-online-sns",
                            "alarm_description": "Raises alarm if healthy instances in disha-online-tcmap-http load balancer decrease",
                            "alarm_name": "disha-online-ELB-tcmap-http-Low-Healthy-Hosts",
                            "comparison_operator": "LessThanThreshold",
                            "dimensions.%": "1",
                            "dimensions.LoadBalancerName": "disha-online-tcmap-http",
                            "evaluate_low_sample_count_percentiles": "",
                            "evaluation_periods": "1",
                            "extended_statistic": "",
                            "id": "disha-online-ELB-tcmap-http-Low-Healthy-Hosts",
                            "insufficient_data_actions.#": "0",
                            "metric_name": "HealthyHostCount",
                            "namespace": "AWS/ELB",
                            "ok_actions.#": "0",
                            "period": "60",
                            "statistic": "Average",
                            "threshold": "1",
                            "treat_missing_data": "missing",
                            "unit": ""
                        },
                        "meta": {
                            "schema_version": "1"
                        },
                        "tainted": false
                    },
                    "deposed": [],
                    "provider": ""
                }
            },
            "depends_on": []
        },
        {
            "path": [
                "root",
                "disha_online_env",
                "disha-app-tcmap-tg-https"
            ],
            "outputs": {
                "alb_tg_arn": {
                    "sensitive": false,
                    "type": "string",
                    "value": "arn:aws:elasticloadbalancing:ap-south-1:044611426596:targetgroup/disha-online-tcmap-https/8b1c2131a90c7437"
                }
            },
            "resources": {
                "aws_alb_target_group.alb_tg": {
                    "type": "aws_alb_target_group",
                    "depends_on": [],
                    "primary": {
                        "id": "arn:aws:elasticloadbalancing:ap-south-1:044611426596:targetgroup/disha-online-tcmap-https/8b1c2131a90c7437",
                        "attributes": {
                            "arn": "arn:aws:elasticloadbalancing:ap-south-1:044611426596:targetgroup/disha-online-tcmap-https/8b1c2131a90c7437",
                            "arn_suffix": "targetgroup/disha-online-tcmap-https/8b1c2131a90c7437",
                            "deregistration_delay": "300",
                            "health_check.#": "1",
                            "health_check.0.healthy_threshold": "2",
                            "health_check.0.interval": "15",
                            "health_check.0.matcher": "200",
                            "health_check.0.path": "/tcmap/statusCheck",
                            "health_check.0.port": "443",
                            "health_check.0.protocol": "HTTPS",
                            "health_check.0.timeout": "10",
                            "health_check.0.unhealthy_threshold": "2",
                            "id": "arn:aws:elasticloadbalancing:ap-south-1:044611426596:targetgroup/disha-online-tcmap-https/8b1c2131a90c7437",
                            "name": "disha-online-tcmap-https",
                            "port": "443",
                            "protocol": "HTTPS",
                            "stickiness.#": "1",
                            "stickiness.0.cookie_duration": "86400",
                            "stickiness.0.enabled": "false",
                            "stickiness.0.type": "lb_cookie",
                            "tags.%": "0",
                            "target_type": "instance",
                            "vpc_id": "vpc-905a95f8"
                        },
                        "meta": {},
                        "tainted": false
                    },
                    "deposed": [],
                    "provider": ""
                },
                "aws_cloudwatch_metric_alarm.high_unhealthy_alarm": {
                    "type": "aws_cloudwatch_metric_alarm",
                    "depends_on": [],
                    "primary": {
                        "id": "disha-online-ELB-tcmap-https-High-Unhealthy-Hosts",
                        "attributes": {
                            "actions_enabled": "true",
                            "alarm_actions.#": "1",
                            "alarm_actions.992370358": "arn:aws:sns:ap-south-1:044611426596:disha-online-sns",
                            "alarm_description": "Raises alarm if unhealthy instances in disha-online-tcmap-https load balancer increase",
                            "alarm_name": "disha-online-ELB-tcmap-https-High-Unhealthy-Hosts",
                            "comparison_operator": "GreaterThanThreshold",
                            "dimensions.%": "1",
                            "dimensions.LoadBalancerName": "disha-online-tcmap-https",
                            "evaluate_low_sample_count_percentiles": "",
                            "evaluation_periods": "1",
                            "extended_statistic": "",
                            "id": "disha-online-ELB-tcmap-https-High-Unhealthy-Hosts",
                            "insufficient_data_actions.#": "0",
                            "metric_name": "UnHealthyHostCount",
                            "namespace": "AWS/ELB",
                            "ok_actions.#": "0",
                            "period": "60",
                            "statistic": "Average",
                            "threshold": "0",
                            "treat_missing_data": "missing",
                            "unit": ""
                        },
                        "meta": {
                            "schema_version": "1"
                        },
                        "tainted": false
                    },
                    "deposed": [],
                    "provider": ""
                },
                "aws_cloudwatch_metric_alarm.low_healthy_alarm": {
                    "type": "aws_cloudwatch_metric_alarm",
                    "depends_on": [],
                    "primary": {
                        "id": "disha-online-ELB-tcmap-https-Low-Healthy-Hosts",
                        "attributes": {
                            "actions_enabled": "true",
                            "alarm_actions.#": "1",
                            "alarm_actions.992370358": "arn:aws:sns:ap-south-1:044611426596:disha-online-sns",
                            "alarm_description": "Raises alarm if healthy instances in disha-online-tcmap-https load balancer decrease",
                            "alarm_name": "disha-online-ELB-tcmap-https-Low-Healthy-Hosts",
                            "comparison_operator": "LessThanThreshold",
                            "dimensions.%": "1",
                            "dimensions.LoadBalancerName": "disha-online-tcmap-https",
                            "evaluate_low_sample_count_percentiles": "",
                            "evaluation_periods": "1",
                            "extended_statistic": "",
                            "id": "disha-online-ELB-tcmap-https-Low-Healthy-Hosts",
                            "insufficient_data_actions.#": "0",
                            "metric_name": "HealthyHostCount",
                            "namespace": "AWS/ELB",
                            "ok_actions.#": "0",
                            "period": "60",
                            "statistic": "Average",
                            "threshold": "1",
                            "treat_missing_data": "missing",
                            "unit": ""
                        },
                        "meta": {
                            "schema_version": "1"
                        },
                        "tainted": false
                    },
                    "deposed": [],
                    "provider": ""
                }
            },
            "depends_on": []
        },
        {
            "path": [
                "root",
                "disha_online_env",
                "disha-app-tg-http"
            ],
            "outputs": {
                "alb_tg_arn": {
                    "sensitive": false,
                    "type": "string",
                    "value": "arn:aws:elasticloadbalancing:ap-south-1:044611426596:targetgroup/disha-online-app-http/78aa00211e99c17d"
                }
            },
            "resources": {
                "aws_alb_target_group.alb_tg": {
                    "type": "aws_alb_target_group",
                    "depends_on": [],
                    "primary": {
                        "id": "arn:aws:elasticloadbalancing:ap-south-1:044611426596:targetgroup/disha-online-app-http/78aa00211e99c17d",
                        "attributes": {
                            "arn": "arn:aws:elasticloadbalancing:ap-south-1:044611426596:targetgroup/disha-online-app-http/78aa00211e99c17d",
                            "arn_suffix": "targetgroup/disha-online-app-http/78aa00211e99c17d",
                            "deregistration_delay": "300",
                            "health_check.#": "1",
                            "health_check.0.healthy_threshold": "2",
                            "health_check.0.interval": "10",
                            "health_check.0.matcher": "301",
                            "health_check.0.path": "/app/statusCheck",
                            "health_check.0.port": "80",
                            "health_check.0.protocol": "HTTP",
                            "health_check.0.timeout": "5",
                            "health_check.0.unhealthy_threshold": "2",
                            "id": "arn:aws:elasticloadbalancing:ap-south-1:044611426596:targetgroup/disha-online-app-http/78aa00211e99c17d",
                            "name": "disha-online-app-http",
                            "port": "80",
                            "protocol": "HTTP",
                            "stickiness.#": "1",
                            "stickiness.0.cookie_duration": "86400",
                            "stickiness.0.enabled": "false",
                            "stickiness.0.type": "lb_cookie",
                            "tags.%": "0",
                            "target_type": "instance",
                            "vpc_id": "vpc-905a95f8"
                        },
                        "meta": {},
                        "tainted": false
                    },
                    "deposed": [],
                    "provider": ""
                },
                "aws_cloudwatch_metric_alarm.high_unhealthy_alarm": {
                    "type": "aws_cloudwatch_metric_alarm",
                    "depends_on": [],
                    "primary": {
                        "id": "disha-online-ELB-app-http-High-Unhealthy-Hosts",
                        "attributes": {
                            "actions_enabled": "true",
                            "alarm_actions.#": "1",
                            "alarm_actions.992370358": "arn:aws:sns:ap-south-1:044611426596:disha-online-sns",
                            "alarm_description": "Raises alarm if unhealthy instances in disha-online-app-http load balancer increase",
                            "alarm_name": "disha-online-ELB-app-http-High-Unhealthy-Hosts",
                            "comparison_operator": "GreaterThanThreshold",
                            "dimensions.%": "1",
                            "dimensions.LoadBalancerName": "disha-online-app-http",
                            "evaluate_low_sample_count_percentiles": "",
                            "evaluation_periods": "1",
                            "extended_statistic": "",
                            "id": "disha-online-ELB-app-http-High-Unhealthy-Hosts",
                            "insufficient_data_actions.#": "0",
                            "metric_name": "UnHealthyHostCount",
                            "namespace": "AWS/ELB",
                            "ok_actions.#": "0",
                            "period": "60",
                            "statistic": "Average",
                            "threshold": "0",
                            "treat_missing_data": "missing",
                            "unit": ""
                        },
                        "meta": {
                            "schema_version": "1"
                        },
                        "tainted": false
                    },
                    "deposed": [],
                    "provider": ""
                },
                "aws_cloudwatch_metric_alarm.low_healthy_alarm": {
                    "type": "aws_cloudwatch_metric_alarm",
                    "depends_on": [],
                    "primary": {
                        "id": "disha-online-ELB-app-http-Low-Healthy-Hosts",
                        "attributes": {
                            "actions_enabled": "true",
                            "alarm_actions.#": "1",
                            "alarm_actions.992370358": "arn:aws:sns:ap-south-1:044611426596:disha-online-sns",
                            "alarm_description": "Raises alarm if healthy instances in disha-online-app-http load balancer decrease",
                            "alarm_name": "disha-online-ELB-app-http-Low-Healthy-Hosts",
                            "comparison_operator": "LessThanThreshold",
                            "dimensions.%": "1",
                            "dimensions.LoadBalancerName": "disha-online-app-http",
                            "evaluate_low_sample_count_percentiles": "",
                            "evaluation_periods": "1",
                            "extended_statistic": "",
                            "id": "disha-online-ELB-app-http-Low-Healthy-Hosts",
                            "insufficient_data_actions.#": "0",
                            "metric_name": "HealthyHostCount",
                            "namespace": "AWS/ELB",
                            "ok_actions.#": "0",
                            "period": "60",
                            "statistic": "Average",
                            "threshold": "1",
                            "treat_missing_data": "missing",
                            "unit": ""
                        },
                        "meta": {
                            "schema_version": "1"
                        },
                        "tainted": false
                    },
                    "deposed": [],
                    "provider": ""
                }
            },
            "depends_on": []
        },
        {
            "path": [
                "root",
                "disha_online_env",
                "disha-app-tg-https"
            ],
            "outputs": {
                "alb_tg_arn": {
                    "sensitive": false,
                    "type": "string",
                    "value": "arn:aws:elasticloadbalancing:ap-south-1:044611426596:targetgroup/disha-online-app-https/0f01cfe034edc5a7"
                }
            },
            "resources": {
                "aws_alb_target_group.alb_tg": {
                    "type": "aws_alb_target_group",
                    "depends_on": [],
                    "primary": {
                        "id": "arn:aws:elasticloadbalancing:ap-south-1:044611426596:targetgroup/disha-online-app-https/0f01cfe034edc5a7",
                        "attributes": {
                            "arn": "arn:aws:elasticloadbalancing:ap-south-1:044611426596:targetgroup/disha-online-app-https/0f01cfe034edc5a7",
                            "arn_suffix": "targetgroup/disha-online-app-https/0f01cfe034edc5a7",
                            "deregistration_delay": "300",
                            "health_check.#": "1",
                            "health_check.0.healthy_threshold": "2",
                            "health_check.0.interval": "15",
                            "health_check.0.matcher": "200",
                            "health_check.0.path": "/app/statusCheck",
                            "health_check.0.port": "443",
                            "health_check.0.protocol": "HTTPS",
                            "health_check.0.timeout": "10",
                            "health_check.0.unhealthy_threshold": "2",
                            "id": "arn:aws:elasticloadbalancing:ap-south-1:044611426596:targetgroup/disha-online-app-https/0f01cfe034edc5a7",
                            "name": "disha-online-app-https",
                            "port": "443",
                            "protocol": "HTTPS",
                            "stickiness.#": "1",
                            "stickiness.0.cookie_duration": "86400",
                            "stickiness.0.enabled": "false",
                            "stickiness.0.type": "lb_cookie",
                            "tags.%": "0",
                            "target_type": "instance",
                            "vpc_id": "vpc-905a95f8"
                        },
                        "meta": {},
                        "tainted": false
                    },
                    "deposed": [],
                    "provider": ""
                },
                "aws_cloudwatch_metric_alarm.high_unhealthy_alarm": {
                    "type": "aws_cloudwatch_metric_alarm",
                    "depends_on": [],
                    "primary": {
                        "id": "disha-online-ELB-app-https-High-Unhealthy-Hosts",
                        "attributes": {
                            "actions_enabled": "true",
                            "alarm_actions.#": "1",
                            "alarm_actions.992370358": "arn:aws:sns:ap-south-1:044611426596:disha-online-sns",
                            "alarm_description": "Raises alarm if unhealthy instances in disha-online-app-https load balancer increase",
                            "alarm_name": "disha-online-ELB-app-https-High-Unhealthy-Hosts",
                            "comparison_operator": "GreaterThanThreshold",
                            "dimensions.%": "1",
                            "dimensions.LoadBalancerName": "disha-online-app-https",
                            "evaluate_low_sample_count_percentiles": "",
                            "evaluation_periods": "1",
                            "extended_statistic": "",
                            "id": "disha-online-ELB-app-https-High-Unhealthy-Hosts",
                            "insufficient_data_actions.#": "0",
                            "metric_name": "UnHealthyHostCount",
                            "namespace": "AWS/ELB",
                            "ok_actions.#": "0",
                            "period": "60",
                            "statistic": "Average",
                            "threshold": "0",
                            "treat_missing_data": "missing",
                            "unit": ""
                        },
                        "meta": {
                            "schema_version": "1"
                        },
                        "tainted": false
                    },
                    "deposed": [],
                    "provider": ""
                },
                "aws_cloudwatch_metric_alarm.low_healthy_alarm": {
                    "type": "aws_cloudwatch_metric_alarm",
                    "depends_on": [],
                    "primary": {
                        "id": "disha-online-ELB-app-https-Low-Healthy-Hosts",
                        "attributes": {
                            "actions_enabled": "true",
                            "alarm_actions.#": "1",
                            "alarm_actions.992370358": "arn:aws:sns:ap-south-1:044611426596:disha-online-sns",
                            "alarm_description": "Raises alarm if healthy instances in disha-online-app-https load balancer decrease",
                            "alarm_name": "disha-online-ELB-app-https-Low-Healthy-Hosts",
                            "comparison_operator": "LessThanThreshold",
                            "dimensions.%": "1",
                            "dimensions.LoadBalancerName": "disha-online-app-https",
                            "evaluate_low_sample_count_percentiles": "",
                            "evaluation_periods": "1",
                            "extended_statistic": "",
                            "id": "disha-online-ELB-app-https-Low-Healthy-Hosts",
                            "insufficient_data_actions.#": "0",
                            "metric_name": "HealthyHostCount",
                            "namespace": "AWS/ELB",
                            "ok_actions.#": "0",
                            "period": "60",
                            "statistic": "Average",
                            "threshold": "1",
                            "treat_missing_data": "missing",
                            "unit": ""
                        },
                        "meta": {
                            "schema_version": "1"
                        },
                        "tainted": false
                    },
                    "deposed": [],
                    "provider": ""
                }
            },
            "depends_on": []
        },
        {
            "path": [
                "root",
                "disha_online_env",
                "disha-cms"
            ],
            "outputs": {
                "as_name_output": {
                    "sensitive": false,
                    "type": "string",
                    "value": "disha-online-cms"
                }
            },
            "resources": {
                "aws_autoscaling_attachment.attach_alb_tg_to_asg.0": {
                    "type": "aws_autoscaling_attachment",
                    "depends_on": [
                        "aws_autoscaling_group.as"
                    ],
                    "primary": {
                        "id": "disha-online-cms-2017122912460814400000001c",
                        "attributes": {
                            "alb_target_group_arn": "arn:aws:elasticloadbalancing:ap-south-1:044611426596:targetgroup/disha-online-cms-http/893861d0db2b08cd",
                            "autoscaling_group_name": "disha-online-cms",
                            "id": "disha-online-cms-2017122912460814400000001c"
                        },
                        "meta": {},
                        "tainted": false
                    },
                    "deposed": [],
                    "provider": ""
                },
                "aws_autoscaling_attachment.attach_alb_tg_to_asg.1": {
                    "type": "aws_autoscaling_attachment",
                    "depends_on": [
                        "aws_autoscaling_group.as"
                    ],
                    "primary": {
                        "id": "disha-online-cms-2017122912460758920000001b",
                        "attributes": {
                            "alb_target_group_arn": "arn:aws:elasticloadbalancing:ap-south-1:044611426596:targetgroup/disha-online-cms-https/7295eb17e945c41e",
                            "autoscaling_group_name": "disha-online-cms",
                            "id": "disha-online-cms-2017122912460758920000001b"
                        },
                        "meta": {},
                        "tainted": false
                    },
                    "deposed": [],
                    "provider": ""
                },
                "aws_autoscaling_group.as": {
                    "type": "aws_autoscaling_group",
                    "depends_on": [
                        "module.lc-with-extra-ebs",
                        "module.lc-without-extra-ebs"
                    ],
                    "primary": {
                        "id": "disha-online-cms",
                        "attributes": {
                            "arn": "arn:aws:autoscaling:ap-south-1:044611426596:autoScalingGroup:8030a47e-fc17-42d0-b5ae-f696f6230cf5:autoScalingGroupName/disha-online-cms",
                            "availability_zones.#": "1",
                            "availability_zones.1163474009": "ap-south-1a",
                            "default_cooldown": "300",
                            "desired_capacity": "1",
                            "force_delete": "false",
                            "health_check_grace_period": "100",
                            "health_check_type": "ELB",
                            "id": "disha-online-cms",
                            "launch_configuration": "disha-online-cms",
                            "load_balancers.#": "0",
                            "max_size": "10",
                            "metrics_granularity": "1Minute",
                            "min_size": "1",
                            "name": "disha-online-cms",
                            "placement_group": "",
                            "protect_from_scale_in": "false",
                            "suspended_processes.#": "0",
                            "tag.#": "3",
                            "tag.2895461860.key": "Name",
                            "tag.2895461860.propagate_at_launch": "true",
                            "tag.2895461860.value": "disha-online-cms",
                            "tag.3378511798.key": "Environment",
                            "tag.3378511798.propagate_at_launch": "true",
                            "tag.3378511798.value": "disha-online",
                            "tag.580903521.key": "Cluster",
                            "tag.580903521.propagate_at_launch": "true",
                            "tag.580903521.value": "disha",
                            "target_group_arns.#": "2",
                            "target_group_arns.4260785369": "arn:aws:elasticloadbalancing:ap-south-1:044611426596:targetgroup/disha-online-cms-https/7295eb17e945c41e",
                            "target_group_arns.755951158": "arn:aws:elasticloadbalancing:ap-south-1:044611426596:targetgroup/disha-online-cms-http/893861d0db2b08cd",
                            "termination_policies.#": "0",
                            "vpc_zone_identifier.#": "1",
                            "vpc_zone_identifier.969915335": "subnet-3c924654",
                            "wait_for_capacity_timeout": "10m"
                        },
                        "meta": {
                            "e2bfb730-ecaa-11e6-8f88-34363bc7c4c0": {
                                "delete": 600000000000
                            }
                        },
                        "tainted": false
                    },
                    "deposed": [],
                    "provider": ""
                },
                "aws_autoscaling_notification.asg_notifications": {
                    "type": "aws_autoscaling_notification",
                    "depends_on": [
                        "aws_autoscaling_group.as"
                    ],
                    "primary": {
                        "id": "arn:aws:sns:ap-south-1:044611426596:disha-online-sns",
                        "attributes": {
                            "group_names.#": "1",
                            "group_names.1176223019": "disha-online-cms",
                            "id": "arn:aws:sns:ap-south-1:044611426596:disha-online-sns",
                            "notifications.#": "4",
                            "notifications.3116970575": "autoscaling:EC2_INSTANCE_TERMINATE",
                            "notifications.3298075921": "autoscaling:EC2_INSTANCE_TERMINATE_ERROR",
                            "notifications.4098158487": "autoscaling:EC2_INSTANCE_LAUNCH",
                            "notifications.753791182": "autoscaling:EC2_INSTANCE_LAUNCH_ERROR",
                            "topic_arn": "arn:aws:sns:ap-south-1:044611426596:disha-online-sns"
                        },
                        "meta": {},
                        "tainted": false
                    },
                    "deposed": [],
                    "provider": ""
                }
            },
            "depends_on": []
        },
        {
            "path": [
                "root",
                "disha_online_env",
                "disha-cms-alb"
            ],
            "outputs": {
                "alb_arn_output": {
                    "sensitive": false,
                    "type": "string",
                    "value": "arn:aws:elasticloadbalancing:ap-south-1:044611426596:loadbalancer/app/disha-online-pmgdisha-lb/27fbcb9f33c9ab2a"
                },
                "alb_dns_output": {
                    "sensitive": false,
                    "type": "string",
                    "value": "disha-online-pmgdisha-lb-449308217.ap-south-1.elb.amazonaws.com"
                },
                "alb_zone_id_output": {
                    "sensitive": false,
                    "type": "string",
                    "value": "ZP97RAFLXTNZK"
                }
            },
            "resources": {
                "aws_alb.alb": {
                    "type": "aws_alb",
                    "depends_on": [],
                    "primary": {
                        "id": "arn:aws:elasticloadbalancing:ap-south-1:044611426596:loadbalancer/app/disha-online-pmgdisha-lb/27fbcb9f33c9ab2a",
                        "attributes": {
                            "access_logs.#": "1",
                            "access_logs.0.bucket": "disha-online-elb-logs",
                            "access_logs.0.enabled": "true",
                            "access_logs.0.prefix": "disha-online-pmgdisha",
                            "arn": "arn:aws:elasticloadbalancing:ap-south-1:044611426596:loadbalancer/app/disha-online-pmgdisha-lb/27fbcb9f33c9ab2a",
                            "arn_suffix": "app/disha-online-pmgdisha-lb/27fbcb9f33c9ab2a",
                            "dns_name": "disha-online-pmgdisha-lb-449308217.ap-south-1.elb.amazonaws.com",
                            "enable_deletion_protection": "false",
                            "id": "arn:aws:elasticloadbalancing:ap-south-1:044611426596:loadbalancer/app/disha-online-pmgdisha-lb/27fbcb9f33c9ab2a",
                            "idle_timeout": "60",
                            "internal": "false",
                            "ip_address_type": "ipv4",
                            "load_balancer_type": "application",
                            "name": "disha-online-pmgdisha-lb",
                            "security_groups.#": "2",
                            "security_groups.1696488369": "sg-bfebfdd7",
                            "security_groups.2797085769": "sg-3ae9ff52",
                            "subnets.#": "2",
                            "subnets.764278603": "subnet-5d0d0b10",
                            "subnets.982880150": "subnet-f9914591",
                            "tags.%": "0",
                            "vpc_id": "vpc-905a95f8",
                            "zone_id": "ZP97RAFLXTNZK"
                        },
                        "meta": {
                            "e2bfb730-ecaa-11e6-8f88-34363bc7c4c0": {
                                "create": 600000000000,
                                "delete": 600000000000,
                                "update": 600000000000
                            }
                        },
                        "tainted": false
                    },
                    "deposed": [],
                    "provider": ""
                }
            },
            "depends_on": []
        },
        {
            "path": [
                "root",
                "disha_online_env",
                "disha-cms-listener"
            ],
            "outputs": {
                "listener_http_arn": {
                    "sensitive": false,
                    "type": "string",
                    "value": "arn:aws:elasticloadbalancing:ap-south-1:044611426596:listener/app/disha-online-pmgdisha-lb/27fbcb9f33c9ab2a/3f0238546c57b74e"
                },
                "listener_https_arn": {
                    "sensitive": false,
                    "type": "string",
                    "value": "arn:aws:elasticloadbalancing:ap-south-1:044611426596:listener/app/disha-online-pmgdisha-lb/27fbcb9f33c9ab2a/6e1082128951a5d6"
                }
            },
            "resources": {
                "aws_alb_listener.http": {
                    "type": "aws_alb_listener",
                    "depends_on": [],
                    "primary": {
                        "id": "arn:aws:elasticloadbalancing:ap-south-1:044611426596:listener/app/disha-online-pmgdisha-lb/27fbcb9f33c9ab2a/3f0238546c57b74e",
                        "attributes": {
                            "arn": "arn:aws:elasticloadbalancing:ap-south-1:044611426596:listener/app/disha-online-pmgdisha-lb/27fbcb9f33c9ab2a/3f0238546c57b74e",
                            "default_action.#": "1",
                            "default_action.0.target_group_arn": "arn:aws:elasticloadbalancing:ap-south-1:044611426596:targetgroup/disha-online-cms-http/893861d0db2b08cd",
                            "default_action.0.type": "forward",
                            "id": "arn:aws:elasticloadbalancing:ap-south-1:044611426596:listener/app/disha-online-pmgdisha-lb/27fbcb9f33c9ab2a/3f0238546c57b74e",
                            "load_balancer_arn": "arn:aws:elasticloadbalancing:ap-south-1:044611426596:loadbalancer/app/disha-online-pmgdisha-lb/27fbcb9f33c9ab2a",
                            "port": "80",
                            "protocol": "HTTP",
                            "ssl_policy": ""
                        },
                        "meta": {},
                        "tainted": false
                    },
                    "deposed": [],
                    "provider": ""
                },
                "aws_alb_listener.https": {
                    "type": "aws_alb_listener",
                    "depends_on": [],
                    "primary": {
                        "id": "arn:aws:elasticloadbalancing:ap-south-1:044611426596:listener/app/disha-online-pmgdisha-lb/27fbcb9f33c9ab2a/6e1082128951a5d6",
                        "attributes": {
                            "arn": "arn:aws:elasticloadbalancing:ap-south-1:044611426596:listener/app/disha-online-pmgdisha-lb/27fbcb9f33c9ab2a/6e1082128951a5d6",
                            "certificate_arn": "arn:aws:acm:ap-south-1:044611426596:certificate/b861c556-5b76-4e59-badb-1e7caa8d63d5",
                            "default_action.#": "1",
                            "default_action.0.target_group_arn": "arn:aws:elasticloadbalancing:ap-south-1:044611426596:targetgroup/disha-online-cms-https/7295eb17e945c41e",
                            "default_action.0.type": "forward",
                            "id": "arn:aws:elasticloadbalancing:ap-south-1:044611426596:listener/app/disha-online-pmgdisha-lb/27fbcb9f33c9ab2a/6e1082128951a5d6",
                            "load_balancer_arn": "arn:aws:elasticloadbalancing:ap-south-1:044611426596:loadbalancer/app/disha-online-pmgdisha-lb/27fbcb9f33c9ab2a",
                            "port": "443",
                            "protocol": "HTTPS",
                            "ssl_policy": "ELBSecurityPolicy-2016-08"
                        },
                        "meta": {},
                        "tainted": false
                    },
                    "deposed": [],
                    "provider": ""
                },
                "aws_alb_listener_rule.rule_http.0": {
                    "type": "aws_alb_listener_rule",
                    "depends_on": [],
                    "primary": {
                        "id": "arn:aws:elasticloadbalancing:ap-south-1:044611426596:listener-rule/app/disha-online-pmgdisha-lb/27fbcb9f33c9ab2a/3f0238546c57b74e/2ce04174abd31885",
                        "attributes": {
                            "action.#": "1",
                            "action.0.target_group_arn": "arn:aws:elasticloadbalancing:ap-south-1:044611426596:targetgroup/disha-online-biometric-http/7775e5dfc8e0171d",
                            "action.0.type": "forward",
                            "arn": "arn:aws:elasticloadbalancing:ap-south-1:044611426596:listener-rule/app/disha-online-pmgdisha-lb/27fbcb9f33c9ab2a/3f0238546c57b74e/2ce04174abd31885",
                            "condition.#": "1",
                            "condition.2671473483.field": "host-header",
                            "condition.2671473483.values.#": "1",
                            "condition.2671473483.values.0": "csc-gov.pmgdisha.online",
                            "id": "arn:aws:elasticloadbalancing:ap-south-1:044611426596:listener-rule/app/disha-online-pmgdisha-lb/27fbcb9f33c9ab2a/3f0238546c57b74e/2ce04174abd31885",
                            "listener_arn": "arn:aws:elasticloadbalancing:ap-south-1:044611426596:listener/app/disha-online-pmgdisha-lb/27fbcb9f33c9ab2a/3f0238546c57b74e",
                            "priority": "100"
                        },
                        "meta": {},
                        "tainted": false
                    },
                    "deposed": [],
                    "provider": ""
                },
                "aws_alb_listener_rule.rule_http.1": {
                    "type": "aws_alb_listener_rule",
                    "depends_on": [],
                    "primary": {
                        "id": "arn:aws:elasticloadbalancing:ap-south-1:044611426596:listener-rule/app/disha-online-pmgdisha-lb/27fbcb9f33c9ab2a/3f0238546c57b74e/205540fa35e58986",
                        "attributes": {
                            "action.#": "1",
                            "action.0.target_group_arn": "arn:aws:elasticloadbalancing:ap-south-1:044611426596:targetgroup/disha-online-biom-admin-http/00332b9590be2b38",
                            "action.0.type": "forward",
                            "arn": "arn:aws:elasticloadbalancing:ap-south-1:044611426596:listener-rule/app/disha-online-pmgdisha-lb/27fbcb9f33c9ab2a/3f0238546c57b74e/205540fa35e58986",
                            "condition.#": "1",
                            "condition.1097795935.field": "host-header",
                            "condition.1097795935.values.#": "1",
                            "condition.1097795935.values.0": "admin.csc-gov.pmgdisha.online",
                            "id": "arn:aws:elasticloadbalancing:ap-south-1:044611426596:listener-rule/app/disha-online-pmgdisha-lb/27fbcb9f33c9ab2a/3f0238546c57b74e/205540fa35e58986",
                            "listener_arn": "arn:aws:elasticloadbalancing:ap-south-1:044611426596:listener/app/disha-online-pmgdisha-lb/27fbcb9f33c9ab2a/3f0238546c57b74e",
                            "priority": "101"
                        },
                        "meta": {},
                        "tainted": false
                    },
                    "deposed": [],
                    "provider": ""
                },
                "aws_alb_listener_rule.rule_http.2": {
                    "type": "aws_alb_listener_rule",
                    "depends_on": [],
                    "primary": {
                        "id": "arn:aws:elasticloadbalancing:ap-south-1:044611426596:listener-rule/app/disha-online-pmgdisha-lb/27fbcb9f33c9ab2a/3f0238546c57b74e/d3e3286e87aafeff",
                        "attributes": {
                            "action.#": "1",
                            "action.0.target_group_arn": "arn:aws:elasticloadbalancing:ap-south-1:044611426596:targetgroup/disha-online-practice-http/27f18d1681b2df0d",
                            "action.0.type": "forward",
                            "arn": "arn:aws:elasticloadbalancing:ap-south-1:044611426596:listener-rule/app/disha-online-pmgdisha-lb/27fbcb9f33c9ab2a/3f0238546c57b74e/d3e3286e87aafeff",
                            "condition.#": "1",
                            "condition.118239671.field": "host-header",
                            "condition.118239671.values.#": "1",
                            "condition.118239671.values.0": "practice.pmgdisha.online",
                            "id": "arn:aws:elasticloadbalancing:ap-south-1:044611426596:listener-rule/app/disha-online-pmgdisha-lb/27fbcb9f33c9ab2a/3f0238546c57b74e/d3e3286e87aafeff",
                            "listener_arn": "arn:aws:elasticloadbalancing:ap-south-1:044611426596:listener/app/disha-online-pmgdisha-lb/27fbcb9f33c9ab2a/3f0238546c57b74e",
                            "priority": "102"
                        },
                        "meta": {},
                        "tainted": false
                    },
                    "deposed": [],
                    "provider": ""
                },
                "aws_alb_listener_rule.rule_http.3": {
                    "type": "aws_alb_listener_rule",
                    "depends_on": [],
                    "primary": {
                        "id": "arn:aws:elasticloadbalancing:ap-south-1:044611426596:listener-rule/app/disha-online-pmgdisha-lb/27fbcb9f33c9ab2a/3f0238546c57b74e/f2a08a6e51af4ecc",
                        "attributes": {
                            "action.#": "1",
                            "action.0.target_group_arn": "arn:aws:elasticloadbalancing:ap-south-1:044611426596:targetgroup/disha-online-app-http/78aa00211e99c17d",
                            "action.0.type": "forward",
                            "arn": "arn:aws:elasticloadbalancing:ap-south-1:044611426596:listener-rule/app/disha-online-pmgdisha-lb/27fbcb9f33c9ab2a/3f0238546c57b74e/f2a08a6e51af4ecc",
                            "condition.#": "1",
                            "condition.3579464561.field": "path-pattern",
                            "condition.3579464561.values.#": "1",
                            "condition.3579464561.values.0": "/app/*",
                            "id": "arn:aws:elasticloadbalancing:ap-south-1:044611426596:listener-rule/app/disha-online-pmgdisha-lb/27fbcb9f33c9ab2a/3f0238546c57b74e/f2a08a6e51af4ecc",
                            "listener_arn": "arn:aws:elasticloadbalancing:ap-south-1:044611426596:listener/app/disha-online-pmgdisha-lb/27fbcb9f33c9ab2a/3f0238546c57b74e",
                            "priority": "103"
                        },
                        "meta": {},
                        "tainted": false
                    },
                    "deposed": [],
                    "provider": ""
                },
                "aws_alb_listener_rule.rule_http.4": {
                    "type": "aws_alb_listener_rule",
                    "depends_on": [],
                    "primary": {
                        "id": "arn:aws:elasticloadbalancing:ap-south-1:044611426596:listener-rule/app/disha-online-pmgdisha-lb/27fbcb9f33c9ab2a/3f0238546c57b74e/e9354bb7b13f12c2",
                        "attributes": {
                            "action.#": "1",
                            "action.0.target_group_arn": "arn:aws:elasticloadbalancing:ap-south-1:044611426596:targetgroup/disha-online-tcmap-http/835b194879633c56",
                            "action.0.type": "forward",
                            "arn": "arn:aws:elasticloadbalancing:ap-south-1:044611426596:listener-rule/app/disha-online-pmgdisha-lb/27fbcb9f33c9ab2a/3f0238546c57b74e/e9354bb7b13f12c2",
                            "condition.#": "1",
                            "condition.3997092414.field": "path-pattern",
                            "condition.3997092414.values.#": "1",
                            "condition.3997092414.values.0": "/tcmap/*",
                            "id": "arn:aws:elasticloadbalancing:ap-south-1:044611426596:listener-rule/app/disha-online-pmgdisha-lb/27fbcb9f33c9ab2a/3f0238546c57b74e/e9354bb7b13f12c2",
                            "listener_arn": "arn:aws:elasticloadbalancing:ap-south-1:044611426596:listener/app/disha-online-pmgdisha-lb/27fbcb9f33c9ab2a/3f0238546c57b74e",
                            "priority": "104"
                        },
                        "meta": {},
                        "tainted": false
                    },
                    "deposed": [],
                    "provider": ""
                },
                "aws_alb_listener_rule.rule_https.0": {
                    "type": "aws_alb_listener_rule",
                    "depends_on": [],
                    "primary": {
                        "id": "arn:aws:elasticloadbalancing:ap-south-1:044611426596:listener-rule/app/disha-online-pmgdisha-lb/27fbcb9f33c9ab2a/6e1082128951a5d6/27891b85e960cf98",
                        "attributes": {
                            "action.#": "1",
                            "action.0.target_group_arn": "arn:aws:elasticloadbalancing:ap-south-1:044611426596:targetgroup/disha-online-biometric-https/3d51cd88a9c8a887",
                            "action.0.type": "forward",
                            "arn": "arn:aws:elasticloadbalancing:ap-south-1:044611426596:listener-rule/app/disha-online-pmgdisha-lb/27fbcb9f33c9ab2a/6e1082128951a5d6/27891b85e960cf98",
                            "condition.#": "1",
                            "condition.2671473483.field": "host-header",
                            "condition.2671473483.values.#": "1",
                            "condition.2671473483.values.0": "csc-gov.pmgdisha.online",
                            "id": "arn:aws:elasticloadbalancing:ap-south-1:044611426596:listener-rule/app/disha-online-pmgdisha-lb/27fbcb9f33c9ab2a/6e1082128951a5d6/27891b85e960cf98",
                            "listener_arn": "arn:aws:elasticloadbalancing:ap-south-1:044611426596:listener/app/disha-online-pmgdisha-lb/27fbcb9f33c9ab2a/6e1082128951a5d6",
                            "priority": "101"
                        },
                        "meta": {},
                        "tainted": false
                    },
                    "deposed": [],
                    "provider": ""
                },
                "aws_alb_listener_rule.rule_https.1": {
                    "type": "aws_alb_listener_rule",
                    "depends_on": [],
                    "primary": {
                        "id": "arn:aws:elasticloadbalancing:ap-south-1:044611426596:listener-rule/app/disha-online-pmgdisha-lb/27fbcb9f33c9ab2a/6e1082128951a5d6/ad7240d235351d6f",
                        "attributes": {
                            "action.#": "1",
                            "action.0.target_group_arn": "arn:aws:elasticloadbalancing:ap-south-1:044611426596:targetgroup/disha-online-bio-admin-https/665220a8f432a346",
                            "action.0.type": "forward",
                            "arn": "arn:aws:elasticloadbalancing:ap-south-1:044611426596:listener-rule/app/disha-online-pmgdisha-lb/27fbcb9f33c9ab2a/6e1082128951a5d6/ad7240d235351d6f",
                            "condition.#": "1",
                            "condition.1097795935.field": "host-header",
                            "condition.1097795935.values.#": "1",
                            "condition.1097795935.values.0": "admin.csc-gov.pmgdisha.online",
                            "id": "arn:aws:elasticloadbalancing:ap-south-1:044611426596:listener-rule/app/disha-online-pmgdisha-lb/27fbcb9f33c9ab2a/6e1082128951a5d6/ad7240d235351d6f",
                            "listener_arn": "arn:aws:elasticloadbalancing:ap-south-1:044611426596:listener/app/disha-online-pmgdisha-lb/27fbcb9f33c9ab2a/6e1082128951a5d6",
                            "priority": "102"
                        },
                        "meta": {},
                        "tainted": false
                    },
                    "deposed": [],
                    "provider": ""
                },
                "aws_alb_listener_rule.rule_https.2": {
                    "type": "aws_alb_listener_rule",
                    "depends_on": [],
                    "primary": {
                        "id": "arn:aws:elasticloadbalancing:ap-south-1:044611426596:listener-rule/app/disha-online-pmgdisha-lb/27fbcb9f33c9ab2a/6e1082128951a5d6/ec674bb4e1ca5580",
                        "attributes": {
                            "action.#": "1",
                            "action.0.target_group_arn": "arn:aws:elasticloadbalancing:ap-south-1:044611426596:targetgroup/disha-online-certificate-https/ebb76c6c7cd7ed20",
                            "action.0.type": "forward",
                            "arn": "arn:aws:elasticloadbalancing:ap-south-1:044611426596:listener-rule/app/disha-online-pmgdisha-lb/27fbcb9f33c9ab2a/6e1082128951a5d6/ec674bb4e1ca5580",
                            "condition.#": "1",
                            "condition.2199260847.field": "host-header",
                            "condition.2199260847.values.#": "1",
                            "condition.2199260847.values.0": "certificate.pmgdisha.online",
                            "id": "arn:aws:elasticloadbalancing:ap-south-1:044611426596:listener-rule/app/disha-online-pmgdisha-lb/27fbcb9f33c9ab2a/6e1082128951a5d6/ec674bb4e1ca5580",
                            "listener_arn": "arn:aws:elasticloadbalancing:ap-south-1:044611426596:listener/app/disha-online-pmgdisha-lb/27fbcb9f33c9ab2a/6e1082128951a5d6",
                            "priority": "103"
                        },
                        "meta": {},
                        "tainted": false
                    },
                    "deposed": [],
                    "provider": ""
                },
                "aws_alb_listener_rule.rule_https.3": {
                    "type": "aws_alb_listener_rule",
                    "depends_on": [],
                    "primary": {
                        "id": "arn:aws:elasticloadbalancing:ap-south-1:044611426596:listener-rule/app/disha-online-pmgdisha-lb/27fbcb9f33c9ab2a/6e1082128951a5d6/017be9bbf97e818f",
                        "attributes": {
                            "action.#": "1",
                            "action.0.target_group_arn": "arn:aws:elasticloadbalancing:ap-south-1:044611426596:targetgroup/disha-online-metabase-http/5cd86a5140d96926",
                            "action.0.type": "forward",
                            "arn": "arn:aws:elasticloadbalancing:ap-south-1:044611426596:listener-rule/app/disha-online-pmgdisha-lb/27fbcb9f33c9ab2a/6e1082128951a5d6/017be9bbf97e818f",
                            "condition.#": "1",
                            "condition.4067241287.field": "host-header",
                            "condition.4067241287.values.#": "1",
                            "condition.4067241287.values.0": "reports.pmgdisha.online",
                            "id": "arn:aws:elasticloadbalancing:ap-south-1:044611426596:listener-rule/app/disha-online-pmgdisha-lb/27fbcb9f33c9ab2a/6e1082128951a5d6/017be9bbf97e818f",
                            "listener_arn": "arn:aws:elasticloadbalancing:ap-south-1:044611426596:listener/app/disha-online-pmgdisha-lb/27fbcb9f33c9ab2a/6e1082128951a5d6",
                            "priority": "104"
                        },
                        "meta": {},
                        "tainted": false
                    },
                    "deposed": [],
                    "provider": ""
                },
                "aws_alb_listener_rule.rule_https.4": {
                    "type": "aws_alb_listener_rule",
                    "depends_on": [],
                    "primary": {
                        "id": "arn:aws:elasticloadbalancing:ap-south-1:044611426596:listener-rule/app/disha-online-pmgdisha-lb/27fbcb9f33c9ab2a/6e1082128951a5d6/c85d06a53e7fac50",
                        "attributes": {
                            "action.#": "1",
                            "action.0.target_group_arn": "arn:aws:elasticloadbalancing:ap-south-1:044611426596:targetgroup/disha-online-practice-http/27f18d1681b2df0d",
                            "action.0.type": "forward",
                            "arn": "arn:aws:elasticloadbalancing:ap-south-1:044611426596:listener-rule/app/disha-online-pmgdisha-lb/27fbcb9f33c9ab2a/6e1082128951a5d6/c85d06a53e7fac50",
                            "condition.#": "1",
                            "condition.118239671.field": "host-header",
                            "condition.118239671.values.#": "1",
                            "condition.118239671.values.0": "practice.pmgdisha.online",
                            "id": "arn:aws:elasticloadbalancing:ap-south-1:044611426596:listener-rule/app/disha-online-pmgdisha-lb/27fbcb9f33c9ab2a/6e1082128951a5d6/c85d06a53e7fac50",
                            "listener_arn": "arn:aws:elasticloadbalancing:ap-south-1:044611426596:listener/app/disha-online-pmgdisha-lb/27fbcb9f33c9ab2a/6e1082128951a5d6",
                            "priority": "105"
                        },
                        "meta": {},
                        "tainted": false
                    },
                    "deposed": [],
                    "provider": ""
                },
                "aws_alb_listener_rule.rule_https.5": {
                    "type": "aws_alb_listener_rule",
                    "depends_on": [],
                    "primary": {
                        "id": "arn:aws:elasticloadbalancing:ap-south-1:044611426596:listener-rule/app/disha-online-pmgdisha-lb/27fbcb9f33c9ab2a/6e1082128951a5d6/8d632e4533c6a8c1",
                        "attributes": {
                            "action.#": "1",
                            "action.0.target_group_arn": "arn:aws:elasticloadbalancing:ap-south-1:044611426596:targetgroup/disha-online-app-https/0f01cfe034edc5a7",
                            "action.0.type": "forward",
                            "arn": "arn:aws:elasticloadbalancing:ap-south-1:044611426596:listener-rule/app/disha-online-pmgdisha-lb/27fbcb9f33c9ab2a/6e1082128951a5d6/8d632e4533c6a8c1",
                            "condition.#": "1",
                            "condition.3579464561.field": "path-pattern",
                            "condition.3579464561.values.#": "1",
                            "condition.3579464561.values.0": "/app/*",
                            "id": "arn:aws:elasticloadbalancing:ap-south-1:044611426596:listener-rule/app/disha-online-pmgdisha-lb/27fbcb9f33c9ab2a/6e1082128951a5d6/8d632e4533c6a8c1",
                            "listener_arn": "arn:aws:elasticloadbalancing:ap-south-1:044611426596:listener/app/disha-online-pmgdisha-lb/27fbcb9f33c9ab2a/6e1082128951a5d6",
                            "priority": "106"
                        },
                        "meta": {},
                        "tainted": false
                    },
                    "deposed": [],
                    "provider": ""
                },
                "aws_alb_listener_rule.rule_https.6": {
                    "type": "aws_alb_listener_rule",
                    "depends_on": [],
                    "primary": {
                        "id": "arn:aws:elasticloadbalancing:ap-south-1:044611426596:listener-rule/app/disha-online-pmgdisha-lb/27fbcb9f33c9ab2a/6e1082128951a5d6/634c0d2c3f87d2f5",
                        "attributes": {
                            "action.#": "1",
                            "action.0.target_group_arn": "arn:aws:elasticloadbalancing:ap-south-1:044611426596:targetgroup/disha-online-tcmap-https/8b1c2131a90c7437",
                            "action.0.type": "forward",
                            "arn": "arn:aws:elasticloadbalancing:ap-south-1:044611426596:listener-rule/app/disha-online-pmgdisha-lb/27fbcb9f33c9ab2a/6e1082128951a5d6/634c0d2c3f87d2f5",
                            "condition.#": "1",
                            "condition.3997092414.field": "path-pattern",
                            "condition.3997092414.values.#": "1",
                            "condition.3997092414.values.0": "/tcmap/*",
                            "id": "arn:aws:elasticloadbalancing:ap-south-1:044611426596:listener-rule/app/disha-online-pmgdisha-lb/27fbcb9f33c9ab2a/6e1082128951a5d6/634c0d2c3f87d2f5",
                            "listener_arn": "arn:aws:elasticloadbalancing:ap-south-1:044611426596:listener/app/disha-online-pmgdisha-lb/27fbcb9f33c9ab2a/6e1082128951a5d6",
                            "priority": "107"
                        },
                        "meta": {},
                        "tainted": false
                    },
                    "deposed": [],
                    "provider": ""
                }
            },
            "depends_on": []
        },
        {
            "path": [
                "root",
                "disha_online_env",
                "disha-cms-tg-http"
            ],
            "outputs": {
                "alb_tg_arn": {
                    "sensitive": false,
                    "type": "string",
                    "value": "arn:aws:elasticloadbalancing:ap-south-1:044611426596:targetgroup/disha-online-cms-http/893861d0db2b08cd"
                }
            },
            "resources": {
                "aws_alb_target_group.alb_tg": {
                    "type": "aws_alb_target_group",
                    "depends_on": [],
                    "primary": {
                        "id": "arn:aws:elasticloadbalancing:ap-south-1:044611426596:targetgroup/disha-online-cms-http/893861d0db2b08cd",
                        "attributes": {
                            "arn": "arn:aws:elasticloadbalancing:ap-south-1:044611426596:targetgroup/disha-online-cms-http/893861d0db2b08cd",
                            "arn_suffix": "targetgroup/disha-online-cms-http/893861d0db2b08cd",
                            "deregistration_delay": "300",
                            "health_check.#": "1",
                            "health_check.0.healthy_threshold": "2",
                            "health_check.0.interval": "70",
                            "health_check.0.matcher": "301",
                            "health_check.0.path": "/",
                            "health_check.0.port": "80",
                            "health_check.0.protocol": "HTTP",
                            "health_check.0.timeout": "60",
                            "health_check.0.unhealthy_threshold": "2",
                            "id": "arn:aws:elasticloadbalancing:ap-south-1:044611426596:targetgroup/disha-online-cms-http/893861d0db2b08cd",
                            "name": "disha-online-cms-http",
                            "port": "80",
                            "protocol": "HTTP",
                            "stickiness.#": "1",
                            "stickiness.0.cookie_duration": "86400",
                            "stickiness.0.enabled": "false",
                            "stickiness.0.type": "lb_cookie",
                            "tags.%": "0",
                            "target_type": "instance",
                            "vpc_id": "vpc-905a95f8"
                        },
                        "meta": {},
                        "tainted": false
                    },
                    "deposed": [],
                    "provider": ""
                },
                "aws_cloudwatch_metric_alarm.high_unhealthy_alarm": {
                    "type": "aws_cloudwatch_metric_alarm",
                    "depends_on": [],
                    "primary": {
                        "id": "disha-online-ELB-cms-http-High-Unhealthy-Hosts",
                        "attributes": {
                            "actions_enabled": "true",
                            "alarm_actions.#": "1",
                            "alarm_actions.992370358": "arn:aws:sns:ap-south-1:044611426596:disha-online-sns",
                            "alarm_description": "Raises alarm if unhealthy instances in disha-online-cms-http load balancer increase",
                            "alarm_name": "disha-online-ELB-cms-http-High-Unhealthy-Hosts",
                            "comparison_operator": "GreaterThanThreshold",
                            "dimensions.%": "1",
                            "dimensions.LoadBalancerName": "disha-online-cms-http",
                            "evaluate_low_sample_count_percentiles": "",
                            "evaluation_periods": "1",
                            "extended_statistic": "",
                            "id": "disha-online-ELB-cms-http-High-Unhealthy-Hosts",
                            "insufficient_data_actions.#": "0",
                            "metric_name": "UnHealthyHostCount",
                            "namespace": "AWS/ELB",
                            "ok_actions.#": "0",
                            "period": "60",
                            "statistic": "Average",
                            "threshold": "0",
                            "treat_missing_data": "missing",
                            "unit": ""
                        },
                        "meta": {
                            "schema_version": "1"
                        },
                        "tainted": false
                    },
                    "deposed": [],
                    "provider": ""
                },
                "aws_cloudwatch_metric_alarm.low_healthy_alarm": {
                    "type": "aws_cloudwatch_metric_alarm",
                    "depends_on": [],
                    "primary": {
                        "id": "disha-online-ELB-cms-http-Low-Healthy-Hosts",
                        "attributes": {
                            "actions_enabled": "true",
                            "alarm_actions.#": "1",
                            "alarm_actions.992370358": "arn:aws:sns:ap-south-1:044611426596:disha-online-sns",
                            "alarm_description": "Raises alarm if healthy instances in disha-online-cms-http load balancer decrease",
                            "alarm_name": "disha-online-ELB-cms-http-Low-Healthy-Hosts",
                            "comparison_operator": "LessThanThreshold",
                            "dimensions.%": "1",
                            "dimensions.LoadBalancerName": "disha-online-cms-http",
                            "evaluate_low_sample_count_percentiles": "",
                            "evaluation_periods": "1",
                            "extended_statistic": "",
                            "id": "disha-online-ELB-cms-http-Low-Healthy-Hosts",
                            "insufficient_data_actions.#": "0",
                            "metric_name": "HealthyHostCount",
                            "namespace": "AWS/ELB",
                            "ok_actions.#": "0",
                            "period": "60",
                            "statistic": "Average",
                            "threshold": "1",
                            "treat_missing_data": "missing",
                            "unit": ""
                        },
                        "meta": {
                            "schema_version": "1"
                        },
                        "tainted": false
                    },
                    "deposed": [],
                    "provider": ""
                }
            },
            "depends_on": []
        },
        {
            "path": [
                "root",
                "disha_online_env",
                "disha-cms-tg-https"
            ],
            "outputs": {
                "alb_tg_arn": {
                    "sensitive": false,
                    "type": "string",
                    "value": "arn:aws:elasticloadbalancing:ap-south-1:044611426596:targetgroup/disha-online-cms-https/7295eb17e945c41e"
                }
            },
            "resources": {
                "aws_alb_target_group.alb_tg": {
                    "type": "aws_alb_target_group",
                    "depends_on": [],
                    "primary": {
                        "id": "arn:aws:elasticloadbalancing:ap-south-1:044611426596:targetgroup/disha-online-cms-https/7295eb17e945c41e",
                        "attributes": {
                            "arn": "arn:aws:elasticloadbalancing:ap-south-1:044611426596:targetgroup/disha-online-cms-https/7295eb17e945c41e",
                            "arn_suffix": "targetgroup/disha-online-cms-https/7295eb17e945c41e",
                            "deregistration_delay": "300",
                            "health_check.#": "1",
                            "health_check.0.healthy_threshold": "2",
                            "health_check.0.interval": "70",
                            "health_check.0.matcher": "200",
                            "health_check.0.path": "/",
                            "health_check.0.port": "443",
                            "health_check.0.protocol": "HTTPS",
                            "health_check.0.timeout": "60",
                            "health_check.0.unhealthy_threshold": "2",
                            "id": "arn:aws:elasticloadbalancing:ap-south-1:044611426596:targetgroup/disha-online-cms-https/7295eb17e945c41e",
                            "name": "disha-online-cms-https",
                            "port": "443",
                            "protocol": "HTTPS",
                            "stickiness.#": "1",
                            "stickiness.0.cookie_duration": "86400",
                            "stickiness.0.enabled": "false",
                            "stickiness.0.type": "lb_cookie",
                            "tags.%": "0",
                            "target_type": "instance",
                            "vpc_id": "vpc-905a95f8"
                        },
                        "meta": {},
                        "tainted": false
                    },
                    "deposed": [],
                    "provider": ""
                },
                "aws_cloudwatch_metric_alarm.high_unhealthy_alarm": {
                    "type": "aws_cloudwatch_metric_alarm",
                    "depends_on": [],
                    "primary": {
                        "id": "disha-online-ELB-cms-https-High-Unhealthy-Hosts",
                        "attributes": {
                            "actions_enabled": "true",
                            "alarm_actions.#": "1",
                            "alarm_actions.992370358": "arn:aws:sns:ap-south-1:044611426596:disha-online-sns",
                            "alarm_description": "Raises alarm if unhealthy instances in disha-online-cms-https load balancer increase",
                            "alarm_name": "disha-online-ELB-cms-https-High-Unhealthy-Hosts",
                            "comparison_operator": "GreaterThanThreshold",
                            "dimensions.%": "1",
                            "dimensions.LoadBalancerName": "disha-online-cms-https",
                            "evaluate_low_sample_count_percentiles": "",
                            "evaluation_periods": "1",
                            "extended_statistic": "",
                            "id": "disha-online-ELB-cms-https-High-Unhealthy-Hosts",
                            "insufficient_data_actions.#": "0",
                            "metric_name": "UnHealthyHostCount",
                            "namespace": "AWS/ELB",
                            "ok_actions.#": "0",
                            "period": "60",
                            "statistic": "Average",
                            "threshold": "0",
                            "treat_missing_data": "missing",
                            "unit": ""
                        },
                        "meta": {
                            "schema_version": "1"
                        },
                        "tainted": false
                    },
                    "deposed": [],
                    "provider": ""
                },
                "aws_cloudwatch_metric_alarm.low_healthy_alarm": {
                    "type": "aws_cloudwatch_metric_alarm",
                    "depends_on": [],
                    "primary": {
                        "id": "disha-online-ELB-cms-https-Low-Healthy-Hosts",
                        "attributes": {
                            "actions_enabled": "true",
                            "alarm_actions.#": "1",
                            "alarm_actions.992370358": "arn:aws:sns:ap-south-1:044611426596:disha-online-sns",
                            "alarm_description": "Raises alarm if healthy instances in disha-online-cms-https load balancer decrease",
                            "alarm_name": "disha-online-ELB-cms-https-Low-Healthy-Hosts",
                            "comparison_operator": "LessThanThreshold",
                            "dimensions.%": "1",
                            "dimensions.LoadBalancerName": "disha-online-cms-https",
                            "evaluate_low_sample_count_percentiles": "",
                            "evaluation_periods": "1",
                            "extended_statistic": "",
                            "id": "disha-online-ELB-cms-https-Low-Healthy-Hosts",
                            "insufficient_data_actions.#": "0",
                            "metric_name": "HealthyHostCount",
                            "namespace": "AWS/ELB",
                            "ok_actions.#": "0",
                            "period": "60",
                            "statistic": "Average",
                            "threshold": "1",
                            "treat_missing_data": "missing",
                            "unit": ""
                        },
                        "meta": {
                            "schema_version": "1"
                        },
                        "tainted": false
                    },
                    "deposed": [],
                    "provider": ""
                }
            },
            "depends_on": []
        },
        {
            "path": [
                "root",
                "disha_online_env",
                "disha-web"
            ],
            "outputs": {
                "as_name_output": {
                    "sensitive": false,
                    "type": "string",
                    "value": "disha-online-web"
                }
            },
            "resources": {
                "aws_autoscaling_attachment.attach_alb_tg_to_asg.0": {
                    "type": "aws_autoscaling_attachment",
                    "depends_on": [
                        "aws_autoscaling_group.as"
                    ],
                    "primary": {
                        "id": "disha-online-web-2017122912460919160000001e",
                        "attributes": {
                            "alb_target_group_arn": "arn:aws:elasticloadbalancing:ap-south-1:044611426596:targetgroup/disha-online-app-http/78aa00211e99c17d",
                            "autoscaling_group_name": "disha-online-web",
                            "id": "disha-online-web-2017122912460919160000001e"
                        },
                        "meta": {},
                        "tainted": false
                    },
                    "deposed": [],
                    "provider": ""
                },
                "aws_autoscaling_attachment.attach_alb_tg_to_asg.1": {
                    "type": "aws_autoscaling_attachment",
                    "depends_on": [
                        "aws_autoscaling_group.as"
                    ],
                    "primary": {
                        "id": "disha-online-web-2017122912460918700000001d",
                        "attributes": {
                            "alb_target_group_arn": "arn:aws:elasticloadbalancing:ap-south-1:044611426596:targetgroup/disha-online-app-https/0f01cfe034edc5a7",
                            "autoscaling_group_name": "disha-online-web",
                            "id": "disha-online-web-2017122912460918700000001d"
                        },
                        "meta": {},
                        "tainted": false
                    },
                    "deposed": [],
                    "provider": ""
                },
                "aws_autoscaling_group.as": {
                    "type": "aws_autoscaling_group",
                    "depends_on": [
                        "module.lc-with-extra-ebs",
                        "module.lc-without-extra-ebs"
                    ],
                    "primary": {
                        "id": "disha-online-web",
                        "attributes": {
                            "arn": "arn:aws:autoscaling:ap-south-1:044611426596:autoScalingGroup:ac3de321-462e-4c67-b92d-3c6b901c0591:autoScalingGroupName/disha-online-web",
                            "availability_zones.#": "1",
                            "availability_zones.1163474009": "ap-south-1a",
                            "default_cooldown": "300",
                            "desired_capacity": "1",
                            "force_delete": "false",
                            "health_check_grace_period": "300",
                            "health_check_type": "EC2",
                            "id": "disha-online-web",
                            "launch_configuration": "disha-online-web",
                            "load_balancers.#": "0",
                            "max_size": "10",
                            "metrics_granularity": "1Minute",
                            "min_size": "1",
                            "name": "disha-online-web",
                            "placement_group": "",
                            "protect_from_scale_in": "false",
                            "suspended_processes.#": "0",
                            "tag.#": "3",
                            "tag.1341497942.key": "Name",
                            "tag.1341497942.propagate_at_launch": "true",
                            "tag.1341497942.value": "disha-online-web",
                            "tag.27536829.key": "Cluster",
                            "tag.27536829.propagate_at_launch": "true",
                            "tag.27536829.value": "proctoring",
                            "tag.3378511798.key": "Environment",
                            "tag.3378511798.propagate_at_launch": "true",
                            "tag.3378511798.value": "disha-online",
                            "target_group_arns.#": "2",
                            "target_group_arns.2283942090": "arn:aws:elasticloadbalancing:ap-south-1:044611426596:targetgroup/disha-online-app-https/0f01cfe034edc5a7",
                            "target_group_arns.2310707484": "arn:aws:elasticloadbalancing:ap-south-1:044611426596:targetgroup/disha-online-app-http/78aa00211e99c17d",
                            "termination_policies.#": "1",
                            "termination_policies.0": "OldestInstance",
                            "vpc_zone_identifier.#": "1",
                            "vpc_zone_identifier.969915335": "subnet-3c924654",
                            "wait_for_capacity_timeout": "10m"
                        },
                        "meta": {
                            "e2bfb730-ecaa-11e6-8f88-34363bc7c4c0": {
                                "delete": 600000000000
                            }
                        },
                        "tainted": false
                    },
                    "deposed": [],
                    "provider": ""
                },
                "aws_autoscaling_notification.asg_notifications": {
                    "type": "aws_autoscaling_notification",
                    "depends_on": [
                        "aws_autoscaling_group.as"
                    ],
                    "primary": {
                        "id": "arn:aws:sns:ap-south-1:044611426596:disha-online-sns",
                        "attributes": {
                            "group_names.#": "1",
                            "group_names.4284292221": "disha-online-web",
                            "id": "arn:aws:sns:ap-south-1:044611426596:disha-online-sns",
                            "notifications.#": "4",
                            "notifications.3116970575": "autoscaling:EC2_INSTANCE_TERMINATE",
                            "notifications.3298075921": "autoscaling:EC2_INSTANCE_TERMINATE_ERROR",
                            "notifications.4098158487": "autoscaling:EC2_INSTANCE_LAUNCH",
                            "notifications.753791182": "autoscaling:EC2_INSTANCE_LAUNCH_ERROR",
                            "topic_arn": "arn:aws:sns:ap-south-1:044611426596:disha-online-sns"
                        },
                        "meta": {},
                        "tainted": false
                    },
                    "deposed": [],
                    "provider": ""
                }
            },
            "depends_on": []
        },
        {
            "path": [
                "root",
                "disha_online_env",
                "disha_cms"
            ],
            "outputs": {
                "bucket_domain_name": {
                    "sensitive": false,
                    "type": "string",
                    "value": "disha-online-cms-resources.s3.amazonaws.com"
                },
                "bucket_id": {
                    "sensitive": false,
                    "type": "string",
                    "value": "disha-online-cms-resources"
                }
            },
            "resources": {
                "aws_s3_bucket.bucket": {
                    "type": "aws_s3_bucket",
                    "depends_on": [],
                    "primary": {
                        "id": "disha-online-cms-resources",
                        "attributes": {
                            "acceleration_status": "",
                            "acl": "private",
                            "arn": "arn:aws:s3:::disha-online-cms-resources",
                            "bucket": "disha-online-cms-resources",
                            "bucket_domain_name": "disha-online-cms-resources.s3.amazonaws.com",
                            "cors_rule.#": "1",
                            "cors_rule.0.allowed_headers.#": "1",
                            "cors_rule.0.allowed_headers.0": "Authorization",
                            "cors_rule.0.allowed_methods.#": "1",
                            "cors_rule.0.allowed_methods.0": "GET",
                            "cors_rule.0.allowed_origins.#": "1",
                            "cors_rule.0.allowed_origins.0": "*",
                            "cors_rule.0.expose_headers.#": "0",
                            "cors_rule.0.max_age_seconds": "3000",
                            "force_destroy": "false",
                            "hosted_zone_id": "Z11RGJOFQNVJUP",
                            "id": "disha-online-cms-resources",
                            "logging.#": "0",
                            "policy": "{\"Statement\":[{\"Action\":\"s3:GetObject\",\"Effect\":\"Allow\",\"Principal\":\"*\",\"Resource\":\"arn:aws:s3:::disha-online-cms-resources/*\",\"Sid\":\"AddPerm\"}],\"Version\":\"2012-10-17\"}",
                            "region": "ap-south-1",
                            "request_payer": "BucketOwner",
                            "tags.%": "0",
                            "versioning.#": "1",
                            "versioning.0.enabled": "false",
                            "versioning.0.mfa_delete": "false",
                            "website.#": "0"
                        },
                        "meta": {},
                        "tainted": false
                    },
                    "deposed": [],
                    "provider": ""
                }
            },
            "depends_on": []
        },
        {
            "path": [
                "root",
                "disha_online_env",
                "disha_cms_cloudfront"
            ],
            "outputs": {},
            "resources": {
                "aws_cloudfront_distribution.s3_distribution": {
                    "type": "aws_cloudfront_distribution",
                    "depends_on": [],
                    "primary": {
                        "id": "E55ZQ03JS5EJK",
                        "attributes": {
                            "active_trusted_signers.%": "2",
                            "active_trusted_signers.enabled": "false",
                            "active_trusted_signers.items.#": "0",
                            "aliases.#": "0",
                            "arn": "arn:aws:cloudfront::044611426596:distribution/E55ZQ03JS5EJK",
                            "cache_behavior.#": "0",
                            "caller_reference": "2017-12-29T18:11:49.922404296+05:30",
                            "custom_error_response.#": "0",
                            "default_cache_behavior.#": "1",
                            "default_cache_behavior.3510718931.allowed_methods.#": "2",
                            "default_cache_behavior.3510718931.allowed_methods.0": "HEAD",
                            "default_cache_behavior.3510718931.allowed_methods.1": "GET",
                            "default_cache_behavior.3510718931.cached_methods.#": "2",
                            "default_cache_behavior.3510718931.cached_methods.0": "HEAD",
                            "default_cache_behavior.3510718931.cached_methods.1": "GET",
                            "default_cache_behavior.3510718931.compress": "false",
                            "default_cache_behavior.3510718931.default_ttl": "86400",
                            "default_cache_behavior.3510718931.forwarded_values.#": "1",
                            "default_cache_behavior.3510718931.forwarded_values.2759845635.cookies.#": "1",
                            "default_cache_behavior.3510718931.forwarded_values.2759845635.cookies.2625240281.forward": "none",
                            "default_cache_behavior.3510718931.forwarded_values.2759845635.cookies.2625240281.whitelisted_names.#": "0",
                            "default_cache_behavior.3510718931.forwarded_values.2759845635.headers.#": "0",
                            "default_cache_behavior.3510718931.forwarded_values.2759845635.query_string": "false",
                            "default_cache_behavior.3510718931.forwarded_values.2759845635.query_string_cache_keys.#": "0",
                            "default_cache_behavior.3510718931.lambda_function_association.#": "0",
                            "default_cache_behavior.3510718931.max_ttl": "31536000",
                            "default_cache_behavior.3510718931.min_ttl": "0",
                            "default_cache_behavior.3510718931.smooth_streaming": "false",
                            "default_cache_behavior.3510718931.target_origin_id": "S3-disha-online-cms-resources",
                            "default_cache_behavior.3510718931.trusted_signers.#": "0",
                            "default_cache_behavior.3510718931.viewer_protocol_policy": "allow-all",
                            "default_root_object": "",
                            "domain_name": "d2j35m8w0vepkz.cloudfront.net",
                            "enabled": "true",
                            "etag": "EF100702HFOI",
                            "hosted_zone_id": "Z2FDTNDATAQYW2",
                            "http_version": "http2",
                            "id": "E55ZQ03JS5EJK",
                            "in_progress_validation_batches": "0",
                            "is_ipv6_enabled": "false",
                            "last_modified_time": "2018-01-11 07:00:36.234 +0000 UTC",
                            "logging_config.#": "0",
                            "origin.#": "1",
                            "origin.2322314758.custom_header.#": "0",
                            "origin.2322314758.custom_origin_config.#": "0",
                            "origin.2322314758.domain_name": "disha-online-cms-resources.s3.amazonaws.com",
                            "origin.2322314758.origin_id": "S3-disha-online-cms-resources",
                            "origin.2322314758.origin_path": "",
                            "origin.2322314758.s3_origin_config.#": "0",
                            "price_class": "PriceClass_200",
                            "restrictions.#": "1",
                            "restrictions.1097372288.geo_restriction.#": "1",
                            "restrictions.1097372288.geo_restriction.2625240281.locations.#": "0",
                            "restrictions.1097372288.geo_restriction.2625240281.restriction_type": "none",
                            "retain_on_delete": "false",
                            "status": "Deployed",
                            "tags.%": "0",
                            "viewer_certificate.#": "1",
                            "viewer_certificate.69840937.acm_certificate_arn": "",
                            "viewer_certificate.69840937.cloudfront_default_certificate": "true",
                            "viewer_certificate.69840937.iam_certificate_id": "",
                            "viewer_certificate.69840937.minimum_protocol_version": "TLSv1",
                            "viewer_certificate.69840937.ssl_support_method": "",
                            "web_acl_id": ""
                        },
                        "meta": {},
                        "tainted": false
                    },
                    "deposed": [],
                    "provider": ""
                }
            },
            "depends_on": []
        },
        {
            "path": [
                "root",
                "disha_online_env",
                "disha_document"
            ],
            "outputs": {
                "bucket_domain_name": {
                    "sensitive": false,
                    "type": "string",
                    "value": "disha-online-document.s3.amazonaws.com"
                },
                "bucket_id": {
                    "sensitive": false,
                    "type": "string",
                    "value": "disha-online-document"
                }
            },
            "resources": {
                "aws_s3_bucket.bucket": {
                    "type": "aws_s3_bucket",
                    "depends_on": [],
                    "primary": {
                        "id": "disha-online-document",
                        "attributes": {
                            "acceleration_status": "",
                            "acl": "private",
                            "arn": "arn:aws:s3:::disha-online-document",
                            "bucket": "disha-online-document",
                            "bucket_domain_name": "disha-online-document.s3.amazonaws.com",
                            "force_destroy": "false",
                            "hosted_zone_id": "Z11RGJOFQNVJUP",
                            "id": "disha-online-document",
                            "logging.#": "0",
                            "policy": "{\"Statement\":[{\"Action\":\"s3:GetObject\",\"Effect\":\"Allow\",\"Principal\":\"*\",\"Resource\":\"arn:aws:s3:::disha-online-document/*\",\"Sid\":\"AddPerm\"}],\"Version\":\"2012-10-17\"}",
                            "region": "ap-south-1",
                            "request_payer": "BucketOwner",
                            "tags.%": "0",
                            "versioning.#": "1",
                            "versioning.0.enabled": "false",
                            "versioning.0.mfa_delete": "false",
                            "website.#": "0"
                        },
                        "meta": {},
                        "tainted": false
                    },
                    "deposed": [],
                    "provider": ""
                }
            },
            "depends_on": []
        },
        {
            "path": [
                "root",
                "disha_online_env",
                "disha_eligibility_instance"
            ],
            "outputs": {
                "instance_id": {
                    "sensitive": false,
                    "type": "string",
                    "value": "i-02b8e951d8a7d5b18"
                },
                "instance_name": {
                    "sensitive": false,
                    "type": "string",
                    "value": "disha-online-eligibility"
                },
                "public_ip": {
                    "sensitive": false,
                    "type": "string",
                    "value": ""
                }
            },
            "resources": {
                "aws_cloudwatch_metric_alarm.instance_status_check": {
                    "type": "aws_cloudwatch_metric_alarm",
                    "depends_on": [
                        "aws_instance.instance"
                    ],
                    "primary": {
                        "id": "disha-online-eligibility-status-checks-failed",
                        "attributes": {
                            "actions_enabled": "true",
                            "alarm_actions.#": "1",
                            "alarm_actions.992370358": "arn:aws:sns:ap-south-1:044611426596:disha-online-sns",
                            "alarm_description": "This metric monitors ec2 status checks",
                            "alarm_name": "disha-online-eligibility-status-checks-failed",
                            "comparison_operator": "GreaterThanOrEqualToThreshold",
                            "dimensions.%": "1",
                            "dimensions.InstanceId": "i-02b8e951d8a7d5b18",
                            "evaluate_low_sample_count_percentiles": "",
                            "evaluation_periods": "1",
                            "extended_statistic": "",
                            "id": "disha-online-eligibility-status-checks-failed",
                            "insufficient_data_actions.#": "1",
                            "insufficient_data_actions.992370358": "arn:aws:sns:ap-south-1:044611426596:disha-online-sns",
                            "metric_name": "StatusCheckFailed",
                            "namespace": "AWS/EC2",
                            "ok_actions.#": "1",
                            "ok_actions.992370358": "arn:aws:sns:ap-south-1:044611426596:disha-online-sns",
                            "period": "60",
                            "statistic": "Average",
                            "threshold": "1",
                            "treat_missing_data": "missing",
                            "unit": ""
                        },
                        "meta": {
                            "schema_version": "1"
                        },
                        "tainted": false
                    },
                    "deposed": [],
                    "provider": ""
                },
                "aws_instance.instance": {
                    "type": "aws_instance",
                    "depends_on": [
                        "module.sg"
                    ],
                    "primary": {
                        "id": "i-02b8e951d8a7d5b18",
                        "attributes": {
                            "ami": "ami-1323767c",
                            "associate_public_ip_address": "false",
                            "availability_zone": "ap-south-1a",
                            "disable_api_termination": "false",
                            "ebs_block_device.#": "1",
                            "ebs_block_device.1001659282.delete_on_termination": "true",
                            "ebs_block_device.1001659282.device_name": "/dev/sdb",
                            "ebs_block_device.1001659282.encrypted": "false",
                            "ebs_block_device.1001659282.iops": "0",
                            "ebs_block_device.1001659282.snapshot_id": "snap-07b0059a97417e0a9",
                            "ebs_block_device.1001659282.volume_size": "30",
                            "ebs_block_device.1001659282.volume_type": "standard",
                            "ebs_optimized": "false",
                            "ephemeral_block_device.#": "0",
                            "iam_instance_profile": "disha-online-instance-profile",
                            "id": "i-02b8e951d8a7d5b18",
                            "instance_state": "running",
                            "instance_type": "t2.large",
                            "ipv6_addresses.#": "0",
                            "key_name": "disha-online.onlinepvt",
                            "monitoring": "false",
                            "network_interface.#": "0",
                            "network_interface_id": "eni-89bfc4d6",
                            "primary_network_interface_id": "eni-89bfc4d6",
                            "private_dns": "ip-20-0-0-24.ap-south-1.compute.internal",
                            "private_ip": "20.0.0.24",
                            "public_dns": "",
                            "public_ip": "",
                            "root_block_device.#": "1",
                            "root_block_device.0.delete_on_termination": "true",
                            "root_block_device.0.iops": "100",
                            "root_block_device.0.volume_size": "24",
                            "root_block_device.0.volume_type": "gp2",
                            "security_groups.#": "0",
                            "source_dest_check": "true",
                            "subnet_id": "subnet-3c924654",
                            "tags.%": "3",
                            "tags.Cluster": "disha",
                            "tags.Environment": "disha-online",
                            "tags.Name": "disha-online-eligibility",
                            "tenancy": "default",
                            "volume_tags.%": "1",
                            "volume_tags.Name": "disha-online-eligibility",
                            "vpc_security_group_ids.#": "2",
                            "vpc_security_group_ids.1696488369": "sg-bfebfdd7",
                            "vpc_security_group_ids.4084993907": "sg-95e9fffd"
                        },
                        "meta": {
                            "e2bfb730-ecaa-11e6-8f88-34363bc7c4c0": {
                                "create": 600000000000,
                                "delete": 600000000000,
                                "update": 600000000000
                            },
                            "schema_version": "1"
                        },
                        "tainted": false
                    },
                    "deposed": [],
                    "provider": ""
                },
                "aws_route53_record.instance_route53_entry": {
                    "type": "aws_route53_record",
                    "depends_on": [
                        "aws_instance.instance"
                    ],
                    "primary": {
                        "id": "Z1W3IBBR2VYHVF_eligibility_A",
                        "attributes": {
                            "fqdn": "eligibility.onlinepvt",
                            "health_check_id": "",
                            "id": "Z1W3IBBR2VYHVF_eligibility_A",
                            "name": "eligibility",
                            "records.#": "1",
                            "records.2285258753": "20.0.0.24",
                            "set_identifier": "",
                            "ttl": "60",
                            "type": "A",
                            "zone_id": "Z1W3IBBR2VYHVF"
                        },
                        "meta": {
                            "schema_version": "2"
                        },
                        "tainted": false
                    },
                    "deposed": [],
                    "provider": ""
                }
            },
            "depends_on": []
        },
        {
            "path": [
                "root",
                "disha_online_env",
                "disha_email"
            ],
            "outputs": {
                "bucket_domain_name": {
                    "sensitive": false,
                    "type": "string",
                    "value": "disha-online-email.s3.amazonaws.com"
                },
                "bucket_id": {
                    "sensitive": false,
                    "type": "string",
                    "value": "disha-online-email"
                }
            },
            "resources": {
                "aws_s3_bucket.bucket": {
                    "type": "aws_s3_bucket",
                    "depends_on": [],
                    "primary": {
                        "id": "disha-online-email",
                        "attributes": {
                            "acceleration_status": "",
                            "acl": "private",
                            "arn": "arn:aws:s3:::disha-online-email",
                            "bucket": "disha-online-email",
                            "bucket_domain_name": "disha-online-email.s3.amazonaws.com",
                            "force_destroy": "false",
                            "hosted_zone_id": "Z11RGJOFQNVJUP",
                            "id": "disha-online-email",
                            "logging.#": "0",
                            "policy": "{\"Statement\":[{\"Action\":\"s3:PutObject\",\"Condition\":{\"StringEquals\":{\"aws:Referer\":\"044611426596\"}},\"Effect\":\"Allow\",\"Principal\":{\"Service\":\"ses.amazonaws.com\"},\"Resource\":\"arn:aws:s3:::disha-online-email/*\",\"Sid\":\"AllowSESPuts-1494229053172\"},{\"Action\":\"s3:*\",\"Effect\":\"Allow\",\"Principal\":{\"AWS\":\"arn:aws:iam::760572120597:user/test-migration-user\"},\"Resource\":\"arn:aws:s3:::disha-online-email\"},{\"Action\":\"s3:*\",\"Effect\":\"Allow\",\"Principal\":{\"AWS\":\"arn:aws:iam::760572120597:user/test-migration-user\"},\"Resource\":\"arn:aws:s3:::disha-online-email/*\"}],\"Version\":\"2012-10-17\"}",
                            "region": "ap-south-1",
                            "request_payer": "BucketOwner",
                            "tags.%": "0",
                            "versioning.#": "1",
                            "versioning.0.enabled": "false",
                            "versioning.0.mfa_delete": "false",
                            "website.#": "0"
                        },
                        "meta": {},
                        "tainted": false
                    },
                    "deposed": [],
                    "provider": ""
                }
            },
            "depends_on": []
        },
        {
            "path": [
                "root",
                "disha_online_env",
                "disha_email_notification"
            ],
            "outputs": {},
            "resources": {
                "aws_s3_bucket_notification.notify_sqs_on_object_creation": {
                    "type": "aws_s3_bucket_notification",
                    "depends_on": [],
                    "primary": {
                        "id": "disha-online-email",
                        "attributes": {
                            "bucket": "disha-online-email",
                            "id": "disha-online-email",
                            "lambda_function.#": "0",
                            "queue.#": "1",
                            "queue.0.events.#": "1",
                            "queue.0.events.3356830603": "s3:ObjectCreated:*",
                            "queue.0.filter_prefix": "",
                            "queue.0.filter_suffix": "",
                            "queue.0.id": "tf-s3-queue-20180107034442788700000002",
                            "queue.0.queue_arn": "arn:aws:sqs:ap-south-1:044611426596:disha-online-ses-email",
                            "topic.#": "0"
                        },
                        "meta": {},
                        "tainted": false
                    },
                    "deposed": [],
                    "provider": ""
                }
            },
            "depends_on": []
        },
        {
            "path": [
                "root",
                "disha_online_env",
                "disha_ifsc_instance"
            ],
            "outputs": {
                "instance_id": {
                    "sensitive": false,
                    "type": "string",
                    "value": "i-082d1caae0ab67b3a"
                },
                "instance_name": {
                    "sensitive": false,
                    "type": "string",
                    "value": "disha-online-ifsc"
                },
                "public_ip": {
                    "sensitive": false,
                    "type": "string",
                    "value": ""
                }
            },
            "resources": {
                "aws_cloudwatch_metric_alarm.instance_status_check": {
                    "type": "aws_cloudwatch_metric_alarm",
                    "depends_on": [
                        "aws_instance.instance"
                    ],
                    "primary": {
                        "id": "disha-online-ifsc-status-checks-failed",
                        "attributes": {
                            "actions_enabled": "true",
                            "alarm_actions.#": "1",
                            "alarm_actions.992370358": "arn:aws:sns:ap-south-1:044611426596:disha-online-sns",
                            "alarm_description": "This metric monitors ec2 status checks",
                            "alarm_name": "disha-online-ifsc-status-checks-failed",
                            "comparison_operator": "GreaterThanOrEqualToThreshold",
                            "dimensions.%": "1",
                            "dimensions.InstanceId": "i-082d1caae0ab67b3a",
                            "evaluate_low_sample_count_percentiles": "",
                            "evaluation_periods": "1",
                            "extended_statistic": "",
                            "id": "disha-online-ifsc-status-checks-failed",
                            "insufficient_data_actions.#": "1",
                            "insufficient_data_actions.992370358": "arn:aws:sns:ap-south-1:044611426596:disha-online-sns",
                            "metric_name": "StatusCheckFailed",
                            "namespace": "AWS/EC2",
                            "ok_actions.#": "1",
                            "ok_actions.992370358": "arn:aws:sns:ap-south-1:044611426596:disha-online-sns",
                            "period": "60",
                            "statistic": "Average",
                            "threshold": "1",
                            "treat_missing_data": "missing",
                            "unit": ""
                        },
                        "meta": {
                            "schema_version": "1"
                        },
                        "tainted": false
                    },
                    "deposed": [],
                    "provider": ""
                },
                "aws_instance.instance": {
                    "type": "aws_instance",
                    "depends_on": [
                        "module.sg"
                    ],
                    "primary": {
                        "id": "i-082d1caae0ab67b3a",
                        "attributes": {
                            "ami": "ami-1323767c",
                            "associate_public_ip_address": "false",
                            "availability_zone": "ap-south-1a",
                            "disable_api_termination": "false",
                            "ebs_block_device.#": "1",
                            "ebs_block_device.1001659282.delete_on_termination": "true",
                            "ebs_block_device.1001659282.device_name": "/dev/sdb",
                            "ebs_block_device.1001659282.encrypted": "false",
                            "ebs_block_device.1001659282.iops": "0",
                            "ebs_block_device.1001659282.snapshot_id": "snap-07b0059a97417e0a9",
                            "ebs_block_device.1001659282.volume_size": "30",
                            "ebs_block_device.1001659282.volume_type": "standard",
                            "ebs_optimized": "false",
                            "ephemeral_block_device.#": "0",
                            "iam_instance_profile": "disha-online-instance-profile",
                            "id": "i-082d1caae0ab67b3a",
                            "instance_state": "running",
                            "instance_type": "t2.small",
                            "ipv6_addresses.#": "0",
                            "key_name": "disha-online.onlinepvt",
                            "monitoring": "false",
                            "network_interface.#": "0",
                            "network_interface_id": "eni-71b3c82e",
                            "primary_network_interface_id": "eni-71b3c82e",
                            "private_dns": "ip-20-0-0-220.ap-south-1.compute.internal",
                            "private_ip": "20.0.0.220",
                            "public_dns": "",
                            "public_ip": "",
                            "root_block_device.#": "1",
                            "root_block_device.0.delete_on_termination": "true",
                            "root_block_device.0.iops": "100",
                            "root_block_device.0.volume_size": "24",
                            "root_block_device.0.volume_type": "gp2",
                            "security_groups.#": "0",
                            "source_dest_check": "true",
                            "subnet_id": "subnet-3c924654",
                            "tags.%": "3",
                            "tags.Cluster": "disha",
                            "tags.Environment": "disha-online",
                            "tags.Name": "disha-online-ifsc",
                            "tenancy": "default",
                            "volume_tags.%": "1",
                            "volume_tags.Name": "disha-online-ifsc",
                            "vpc_security_group_ids.#": "2",
                            "vpc_security_group_ids.1696488369": "sg-bfebfdd7",
                            "vpc_security_group_ids.3763801666": "sg-3be9ff53"
                        },
                        "meta": {
                            "e2bfb730-ecaa-11e6-8f88-34363bc7c4c0": {
                                "create": 600000000000,
                                "delete": 600000000000,
                                "update": 600000000000
                            },
                            "schema_version": "1"
                        },
                        "tainted": false
                    },
                    "deposed": [],
                    "provider": ""
                },
                "aws_route53_record.instance_route53_entry": {
                    "type": "aws_route53_record",
                    "depends_on": [
                        "aws_instance.instance"
                    ],
                    "primary": {
                        "id": "Z1W3IBBR2VYHVF_ifsc_A",
                        "attributes": {
                            "fqdn": "ifsc.onlinepvt",
                            "health_check_id": "",
                            "id": "Z1W3IBBR2VYHVF_ifsc_A",
                            "name": "ifsc",
                            "records.#": "1",
                            "records.3574496889": "20.0.0.220",
                            "set_identifier": "",
                            "ttl": "60",
                            "type": "A",
                            "zone_id": "Z1W3IBBR2VYHVF"
                        },
                        "meta": {
                            "schema_version": "2"
                        },
                        "tainted": false
                    },
                    "deposed": [],
                    "provider": ""
                }
            },
            "depends_on": []
        },
        {
            "path": [
                "root",
                "disha_online_env",
                "disha_location_instance"
            ],
            "outputs": {
                "instance_id": {
                    "sensitive": false,
                    "type": "string",
                    "value": "i-020a1c1cc6792a788"
                },
                "instance_name": {
                    "sensitive": false,
                    "type": "string",
                    "value": "disha-online-location"
                },
                "public_ip": {
                    "sensitive": false,
                    "type": "string",
                    "value": "35.154.249.167"
                }
            },
            "resources": {
                "aws_cloudwatch_metric_alarm.instance_status_check": {
                    "type": "aws_cloudwatch_metric_alarm",
                    "depends_on": [
                        "aws_instance.instance"
                    ],
                    "primary": {
                        "id": "disha-online-location-status-checks-failed",
                        "attributes": {
                            "actions_enabled": "true",
                            "alarm_actions.#": "1",
                            "alarm_actions.992370358": "arn:aws:sns:ap-south-1:044611426596:disha-online-sns",
                            "alarm_description": "This metric monitors ec2 status checks",
                            "alarm_name": "disha-online-location-status-checks-failed",
                            "comparison_operator": "GreaterThanOrEqualToThreshold",
                            "dimensions.%": "1",
                            "dimensions.InstanceId": "i-020a1c1cc6792a788",
                            "evaluate_low_sample_count_percentiles": "",
                            "evaluation_periods": "1",
                            "extended_statistic": "",
                            "id": "disha-online-location-status-checks-failed",
                            "insufficient_data_actions.#": "1",
                            "insufficient_data_actions.992370358": "arn:aws:sns:ap-south-1:044611426596:disha-online-sns",
                            "metric_name": "StatusCheckFailed",
                            "namespace": "AWS/EC2",
                            "ok_actions.#": "1",
                            "ok_actions.992370358": "arn:aws:sns:ap-south-1:044611426596:disha-online-sns",
                            "period": "60",
                            "statistic": "Average",
                            "threshold": "1",
                            "treat_missing_data": "missing",
                            "unit": ""
                        },
                        "meta": {
                            "schema_version": "1"
                        },
                        "tainted": false
                    },
                    "deposed": [],
                    "provider": ""
                },
                "aws_instance.instance": {
                    "type": "aws_instance",
                    "depends_on": [
                        "module.sg"
                    ],
                    "primary": {
                        "id": "i-020a1c1cc6792a788",
                        "attributes": {
                            "ami": "ami-1323767c",
                            "associate_public_ip_address": "true",
                            "availability_zone": "ap-south-1a",
                            "disable_api_termination": "false",
                            "ebs_block_device.#": "1",
                            "ebs_block_device.1001659282.delete_on_termination": "true",
                            "ebs_block_device.1001659282.device_name": "/dev/sdb",
                            "ebs_block_device.1001659282.encrypted": "false",
                            "ebs_block_device.1001659282.iops": "0",
                            "ebs_block_device.1001659282.snapshot_id": "snap-07b0059a97417e0a9",
                            "ebs_block_device.1001659282.volume_size": "30",
                            "ebs_block_device.1001659282.volume_type": "standard",
                            "ebs_optimized": "false",
                            "ephemeral_block_device.#": "0",
                            "iam_instance_profile": "disha-online-instance-profile",
                            "id": "i-020a1c1cc6792a788",
                            "instance_state": "running",
                            "instance_type": "t2.medium",
                            "ipv6_addresses.#": "0",
                            "key_name": "disha-online.onlinepvt",
                            "monitoring": "false",
                            "network_interface.#": "0",
                            "network_interface_id": "eni-33bcc76c",
                            "primary_network_interface_id": "eni-33bcc76c",
                            "private_dns": "ip-20-0-4-41.ap-south-1.compute.internal",
                            "private_ip": "20.0.4.41",
                            "public_dns": "ec2-35-154-249-167.ap-south-1.compute.amazonaws.com",
                            "public_ip": "35.154.249.167",
                            "root_block_device.#": "1",
                            "root_block_device.0.delete_on_termination": "true",
                            "root_block_device.0.iops": "100",
                            "root_block_device.0.volume_size": "24",
                            "root_block_device.0.volume_type": "gp2",
                            "security_groups.#": "0",
                            "source_dest_check": "true",
                            "subnet_id": "subnet-f9914591",
                            "tags.%": "3",
                            "tags.Cluster": "disha",
                            "tags.Environment": "disha-online",
                            "tags.Name": "disha-online-location",
                            "tenancy": "default",
                            "volume_tags.%": "1",
                            "volume_tags.Name": "disha-online-location",
                            "vpc_security_group_ids.#": "2",
                            "vpc_security_group_ids.1696488369": "sg-bfebfdd7",
                            "vpc_security_group_ids.3176281794": "sg-b4ebfddc"
                        },
                        "meta": {
                            "e2bfb730-ecaa-11e6-8f88-34363bc7c4c0": {
                                "create": 600000000000,
                                "delete": 600000000000,
                                "update": 600000000000
                            },
                            "schema_version": "1"
                        },
                        "tainted": false
                    },
                    "deposed": [],
                    "provider": ""
                },
                "aws_route53_record.instance_route53_entry": {
                    "type": "aws_route53_record",
                    "depends_on": [
                        "aws_instance.instance"
                    ],
                    "primary": {
                        "id": "Z1W3IBBR2VYHVF_location_A",
                        "attributes": {
                            "fqdn": "location.onlinepvt",
                            "health_check_id": "",
                            "id": "Z1W3IBBR2VYHVF_location_A",
                            "name": "location",
                            "records.#": "1",
                            "records.560237663": "20.0.4.41",
                            "set_identifier": "",
                            "ttl": "60",
                            "type": "A",
                            "zone_id": "Z1W3IBBR2VYHVF"
                        },
                        "meta": {
                            "schema_version": "2"
                        },
                        "tainted": false
                    },
                    "deposed": [],
                    "provider": ""
                }
            },
            "depends_on": []
        },
        {
            "path": [
                "root",
                "disha_online_env",
                "disha_mongo_arbiter_instance"
            ],
            "outputs": {
                "instance_id": {
                    "sensitive": false,
                    "type": "string",
                    "value": "i-023b3237fe672e979"
                },
                "instance_name": {
                    "sensitive": false,
                    "type": "string",
                    "value": "disha-online-mongo-arbiter"
                },
                "public_ip": {
                    "sensitive": false,
                    "type": "string",
                    "value": ""
                }
            },
            "resources": {
                "aws_cloudwatch_metric_alarm.instance_status_check": {
                    "type": "aws_cloudwatch_metric_alarm",
                    "depends_on": [
                        "aws_instance.instance"
                    ],
                    "primary": {
                        "id": "disha-online-mongo-arbiter-status-checks-failed",
                        "attributes": {
                            "actions_enabled": "true",
                            "alarm_actions.#": "1",
                            "alarm_actions.992370358": "arn:aws:sns:ap-south-1:044611426596:disha-online-sns",
                            "alarm_description": "This metric monitors ec2 status checks",
                            "alarm_name": "disha-online-mongo-arbiter-status-checks-failed",
                            "comparison_operator": "GreaterThanOrEqualToThreshold",
                            "dimensions.%": "1",
                            "dimensions.InstanceId": "i-023b3237fe672e979",
                            "evaluate_low_sample_count_percentiles": "",
                            "evaluation_periods": "1",
                            "extended_statistic": "",
                            "id": "disha-online-mongo-arbiter-status-checks-failed",
                            "insufficient_data_actions.#": "1",
                            "insufficient_data_actions.992370358": "arn:aws:sns:ap-south-1:044611426596:disha-online-sns",
                            "metric_name": "StatusCheckFailed",
                            "namespace": "AWS/EC2",
                            "ok_actions.#": "1",
                            "ok_actions.992370358": "arn:aws:sns:ap-south-1:044611426596:disha-online-sns",
                            "period": "60",
                            "statistic": "Average",
                            "threshold": "1",
                            "treat_missing_data": "missing",
                            "unit": ""
                        },
                        "meta": {
                            "schema_version": "1"
                        },
                        "tainted": false
                    },
                    "deposed": [],
                    "provider": ""
                },
                "aws_instance.instance": {
                    "type": "aws_instance",
                    "depends_on": [
                        "module.sg"
                    ],
                    "primary": {
                        "id": "i-023b3237fe672e979",
                        "attributes": {
                            "ami": "ami-162a7d79",
                            "associate_public_ip_address": "false",
                            "availability_zone": "ap-south-1a",
                            "disable_api_termination": "false",
                            "ebs_block_device.#": "1",
                            "ebs_block_device.1852543832.delete_on_termination": "true",
                            "ebs_block_device.1852543832.device_name": "/dev/sdb",
                            "ebs_block_device.1852543832.encrypted": "false",
                            "ebs_block_device.1852543832.iops": "300",
                            "ebs_block_device.1852543832.snapshot_id": "snap-0074926501020810e",
                            "ebs_block_device.1852543832.volume_size": "100",
                            "ebs_block_device.1852543832.volume_type": "gp2",
                            "ebs_optimized": "false",
                            "ephemeral_block_device.#": "0",
                            "iam_instance_profile": "disha-online-instance-profile",
                            "id": "i-023b3237fe672e979",
                            "instance_state": "running",
                            "instance_type": "t2.micro",
                            "ipv6_addresses.#": "0",
                            "key_name": "disha-online.onlinepvt",
                            "monitoring": "false",
                            "network_interface.#": "0",
                            "network_interface_id": "eni-72dc8c2d",
                            "primary_network_interface_id": "eni-72dc8c2d",
                            "private_dns": "ip-20-0-0-19.ap-south-1.compute.internal",
                            "private_ip": "20.0.0.19",
                            "public_dns": "",
                            "public_ip": "",
                            "root_block_device.#": "1",
                            "root_block_device.0.delete_on_termination": "true",
                            "root_block_device.0.iops": "100",
                            "root_block_device.0.volume_size": "30",
                            "root_block_device.0.volume_type": "gp2",
                            "security_groups.#": "0",
                            "source_dest_check": "true",
                            "subnet_id": "subnet-3c924654",
                            "tags.%": "3",
                            "tags.Cluster": "disha-mongo",
                            "tags.Environment": "disha-online",
                            "tags.Name": "disha-online-mongo-arbiter",
                            "tenancy": "default",
                            "volume_tags.%": "1",
                            "volume_tags.Name": "disha-online-mongo-arbiter",
                            "vpc_security_group_ids.#": "2",
                            "vpc_security_group_ids.1662128833": "sg-03cd2868",
                            "vpc_security_group_ids.1696488369": "sg-bfebfdd7"
                        },
                        "meta": {
                            "e2bfb730-ecaa-11e6-8f88-34363bc7c4c0": {
                                "create": 600000000000,
                                "delete": 600000000000,
                                "update": 600000000000
                            },
                            "schema_version": "1"
                        },
                        "tainted": false
                    },
                    "deposed": [],
                    "provider": ""
                },
                "aws_route53_record.instance_route53_entry": {
                    "type": "aws_route53_record",
                    "depends_on": [
                        "aws_instance.instance"
                    ],
                    "primary": {
                        "id": "Z1W3IBBR2VYHVF_mongo-arbiter_A",
                        "attributes": {
                            "fqdn": "mongo-arbiter.onlinepvt",
                            "health_check_id": "",
                            "id": "Z1W3IBBR2VYHVF_mongo-arbiter_A",
                            "name": "mongo-arbiter",
                            "records.#": "1",
                            "records.3718932351": "20.0.0.19",
                            "set_identifier": "",
                            "ttl": "60",
                            "type": "A",
                            "zone_id": "Z1W3IBBR2VYHVF"
                        },
                        "meta": {
                            "schema_version": "2"
                        },
                        "tainted": false
                    },
                    "deposed": [],
                    "provider": ""
                }
            },
            "depends_on": []
        },
        {
            "path": [
                "root",
                "disha_online_env",
                "disha_mongo_arbitor_instance"
            ],
            "outputs": {
                "instance_id": {
                    "sensitive": false,
                    "type": "string",
                    "value": "i-062d275871564e775"
                },
                "instance_name": {
                    "sensitive": false,
                    "type": "string",
                    "value": "disha-online-mongo-arbitor"
                },
                "public_ip": {
                    "sensitive": false,
                    "type": "string",
                    "value": ""
                }
            },
            "resources": {},
            "depends_on": []
        },
        {
            "path": [
                "root",
                "disha_online_env",
                "disha_mongo_primary_instance"
            ],
            "outputs": {
                "instance_id": {
                    "sensitive": false,
                    "type": "string",
                    "value": "i-0cbc61968be243884"
                },
                "instance_name": {
                    "sensitive": false,
                    "type": "string",
                    "value": "disha-online-mongo-primary"
                },
                "public_ip": {
                    "sensitive": false,
                    "type": "string",
                    "value": ""
                }
            },
            "resources": {
                "aws_cloudwatch_metric_alarm.instance_status_check": {
                    "type": "aws_cloudwatch_metric_alarm",
                    "depends_on": [
                        "aws_instance.instance"
                    ],
                    "primary": {
                        "id": "disha-online-mongo-primary-status-checks-failed",
                        "attributes": {
                            "actions_enabled": "true",
                            "alarm_actions.#": "1",
                            "alarm_actions.992370358": "arn:aws:sns:ap-south-1:044611426596:disha-online-sns",
                            "alarm_description": "This metric monitors ec2 status checks",
                            "alarm_name": "disha-online-mongo-primary-status-checks-failed",
                            "comparison_operator": "GreaterThanOrEqualToThreshold",
                            "dimensions.%": "1",
                            "dimensions.InstanceId": "i-0cbc61968be243884",
                            "evaluate_low_sample_count_percentiles": "",
                            "evaluation_periods": "1",
                            "extended_statistic": "",
                            "id": "disha-online-mongo-primary-status-checks-failed",
                            "insufficient_data_actions.#": "1",
                            "insufficient_data_actions.992370358": "arn:aws:sns:ap-south-1:044611426596:disha-online-sns",
                            "metric_name": "StatusCheckFailed",
                            "namespace": "AWS/EC2",
                            "ok_actions.#": "1",
                            "ok_actions.992370358": "arn:aws:sns:ap-south-1:044611426596:disha-online-sns",
                            "period": "60",
                            "statistic": "Average",
                            "threshold": "1",
                            "treat_missing_data": "missing",
                            "unit": ""
                        },
                        "meta": {
                            "schema_version": "1"
                        },
                        "tainted": false
                    },
                    "deposed": [],
                    "provider": ""
                },
                "aws_instance.instance": {
                    "type": "aws_instance",
                    "depends_on": [
                        "module.sg"
                    ],
                    "primary": {
                        "id": "i-0cbc61968be243884",
                        "attributes": {
                            "ami": "ami-da287fb5",
                            "associate_public_ip_address": "false",
                            "availability_zone": "ap-south-1a",
                            "disable_api_termination": "false",
                            "ebs_block_device.#": "4",
                            "ebs_block_device.1662493429.delete_on_termination": "true",
                            "ebs_block_device.1662493429.device_name": "/dev/sdb",
                            "ebs_block_device.1662493429.encrypted": "false",
                            "ebs_block_device.1662493429.iops": "300",
                            "ebs_block_device.1662493429.snapshot_id": "snap-092f5b031305be3ac",
                            "ebs_block_device.1662493429.volume_size": "100",
                            "ebs_block_device.1662493429.volume_type": "gp2",
                            "ebs_block_device.2029614746.delete_on_termination": "false",
                            "ebs_block_device.2029614746.device_name": "/dev/sdd",
                            "ebs_block_device.2029614746.encrypted": "false",
                            "ebs_block_device.2029614746.iops": "1500",
                            "ebs_block_device.2029614746.snapshot_id": "snap-055f6b49bcb197420",
                            "ebs_block_device.2029614746.volume_size": "500",
                            "ebs_block_device.2029614746.volume_type": "gp2",
                            "ebs_block_device.2972409653.delete_on_termination": "false",
                            "ebs_block_device.2972409653.device_name": "/dev/sdc",
                            "ebs_block_device.2972409653.encrypted": "false",
                            "ebs_block_device.2972409653.iops": "600",
                            "ebs_block_device.2972409653.snapshot_id": "snap-0f26837f149df3564",
                            "ebs_block_device.2972409653.volume_size": "200",
                            "ebs_block_device.2972409653.volume_type": "gp2",
                            "ebs_block_device.331637470.delete_on_termination": "false",
                            "ebs_block_device.331637470.device_name": "/dev/sdf",
                            "ebs_block_device.331637470.encrypted": "false",
                            "ebs_block_device.331637470.iops": "1500",
                            "ebs_block_device.331637470.snapshot_id": "snap-0af3be0e32dc07a42",
                            "ebs_block_device.331637470.volume_size": "500",
                            "ebs_block_device.331637470.volume_type": "gp2",
                            "ebs_optimized": "false",
                            "ephemeral_block_device.#": "0",
                            "iam_instance_profile": "disha-online-instance-profile",
                            "id": "i-0cbc61968be243884",
                            "instance_state": "running",
                            "instance_type": "t2.medium",
                            "ipv6_addresses.#": "0",
                            "key_name": "disha-online.onlinepvt",
                            "monitoring": "false",
                            "network_interface.#": "0",
                            "network_interface_id": "eni-e2de8ebd",
                            "primary_network_interface_id": "eni-e2de8ebd",
                            "private_dns": "ip-20-0-0-150.ap-south-1.compute.internal",
                            "private_ip": "20.0.0.150",
                            "public_dns": "",
                            "public_ip": "",
                            "root_block_device.#": "1",
                            "root_block_device.0.delete_on_termination": "true",
                            "root_block_device.0.iops": "100",
                            "root_block_device.0.volume_size": "30",
                            "root_block_device.0.volume_type": "gp2",
                            "security_groups.#": "0",
                            "source_dest_check": "true",
                            "subnet_id": "subnet-3c924654",
                            "tags.%": "3",
                            "tags.Cluster": "disha-mongo",
                            "tags.Environment": "disha-online",
                            "tags.Name": "disha-online-mongo-primary",
                            "tenancy": "default",
                            "volume_tags.%": "1",
                            "volume_tags.Name": "disha-online-mongo-primary",
                            "vpc_security_group_ids.#": "2",
                            "vpc_security_group_ids.1029823810": "sg-c0a0b6a8",
                            "vpc_security_group_ids.1696488369": "sg-bfebfdd7"
                        },
                        "meta": {
                            "e2bfb730-ecaa-11e6-8f88-34363bc7c4c0": {
                                "create": 600000000000,
                                "delete": 600000000000,
                                "update": 600000000000
                            },
                            "schema_version": "1"
                        },
                        "tainted": false
                    },
                    "deposed": [],
                    "provider": ""
                },
                "aws_route53_record.instance_route53_entry": {
                    "type": "aws_route53_record",
                    "depends_on": [
                        "aws_instance.instance"
                    ],
                    "primary": {
                        "id": "Z1W3IBBR2VYHVF_mongo-primary_A",
                        "attributes": {
                            "fqdn": "mongo-primary.onlinepvt",
                            "health_check_id": "",
                            "id": "Z1W3IBBR2VYHVF_mongo-primary_A",
                            "name": "mongo-primary",
                            "records.#": "1",
                            "records.2550748903": "20.0.0.150",
                            "set_identifier": "",
                            "ttl": "60",
                            "type": "A",
                            "zone_id": "Z1W3IBBR2VYHVF"
                        },
                        "meta": {
                            "schema_version": "2"
                        },
                        "tainted": false
                    },
                    "deposed": [],
                    "provider": ""
                }
            },
            "depends_on": []
        },
        {
            "path": [
                "root",
                "disha_online_env",
                "disha_mongo_secondary_instance"
            ],
            "outputs": {
                "instance_id": {
                    "sensitive": false,
                    "type": "string",
                    "value": "i-0b924f79e914fdbee"
                },
                "instance_name": {
                    "sensitive": false,
                    "type": "string",
                    "value": "disha-online-mongo-secondary"
                },
                "public_ip": {
                    "sensitive": false,
                    "type": "string",
                    "value": ""
                }
            },
            "resources": {
                "aws_cloudwatch_metric_alarm.instance_status_check": {
                    "type": "aws_cloudwatch_metric_alarm",
                    "depends_on": [
                        "aws_instance.instance"
                    ],
                    "primary": {
                        "id": "disha-online-mongo-secondary-status-checks-failed",
                        "attributes": {
                            "actions_enabled": "true",
                            "alarm_actions.#": "1",
                            "alarm_actions.992370358": "arn:aws:sns:ap-south-1:044611426596:disha-online-sns",
                            "alarm_description": "This metric monitors ec2 status checks",
                            "alarm_name": "disha-online-mongo-secondary-status-checks-failed",
                            "comparison_operator": "GreaterThanOrEqualToThreshold",
                            "dimensions.%": "1",
                            "dimensions.InstanceId": "i-0b924f79e914fdbee",
                            "evaluate_low_sample_count_percentiles": "",
                            "evaluation_periods": "1",
                            "extended_statistic": "",
                            "id": "disha-online-mongo-secondary-status-checks-failed",
                            "insufficient_data_actions.#": "1",
                            "insufficient_data_actions.992370358": "arn:aws:sns:ap-south-1:044611426596:disha-online-sns",
                            "metric_name": "StatusCheckFailed",
                            "namespace": "AWS/EC2",
                            "ok_actions.#": "1",
                            "ok_actions.992370358": "arn:aws:sns:ap-south-1:044611426596:disha-online-sns",
                            "period": "60",
                            "statistic": "Average",
                            "threshold": "1",
                            "treat_missing_data": "missing",
                            "unit": ""
                        },
                        "meta": {
                            "schema_version": "1"
                        },
                        "tainted": false
                    },
                    "deposed": [],
                    "provider": ""
                },
                "aws_instance.instance": {
                    "type": "aws_instance",
                    "depends_on": [
                        "module.sg"
                    ],
                    "primary": {
                        "id": "i-0b924f79e914fdbee",
                        "attributes": {
                            "ami": "ami-da287fb5",
                            "associate_public_ip_address": "false",
                            "availability_zone": "ap-south-1a",
                            "disable_api_termination": "false",
                            "ebs_block_device.#": "4",
                            "ebs_block_device.1662493429.delete_on_termination": "true",
                            "ebs_block_device.1662493429.device_name": "/dev/sdb",
                            "ebs_block_device.1662493429.encrypted": "false",
                            "ebs_block_device.1662493429.iops": "300",
                            "ebs_block_device.1662493429.snapshot_id": "snap-092f5b031305be3ac",
                            "ebs_block_device.1662493429.volume_size": "100",
                            "ebs_block_device.1662493429.volume_type": "gp2",
                            "ebs_block_device.2029614746.delete_on_termination": "false",
                            "ebs_block_device.2029614746.device_name": "/dev/sdd",
                            "ebs_block_device.2029614746.encrypted": "false",
                            "ebs_block_device.2029614746.iops": "1500",
                            "ebs_block_device.2029614746.snapshot_id": "snap-055f6b49bcb197420",
                            "ebs_block_device.2029614746.volume_size": "500",
                            "ebs_block_device.2029614746.volume_type": "gp2",
                            "ebs_block_device.2972409653.delete_on_termination": "false",
                            "ebs_block_device.2972409653.device_name": "/dev/sdc",
                            "ebs_block_device.2972409653.encrypted": "false",
                            "ebs_block_device.2972409653.iops": "600",
                            "ebs_block_device.2972409653.snapshot_id": "snap-0f26837f149df3564",
                            "ebs_block_device.2972409653.volume_size": "200",
                            "ebs_block_device.2972409653.volume_type": "gp2",
                            "ebs_block_device.331637470.delete_on_termination": "false",
                            "ebs_block_device.331637470.device_name": "/dev/sdf",
                            "ebs_block_device.331637470.encrypted": "false",
                            "ebs_block_device.331637470.iops": "1500",
                            "ebs_block_device.331637470.snapshot_id": "snap-0af3be0e32dc07a42",
                            "ebs_block_device.331637470.volume_size": "500",
                            "ebs_block_device.331637470.volume_type": "gp2",
                            "ebs_optimized": "false",
                            "ephemeral_block_device.#": "0",
                            "iam_instance_profile": "disha-online-instance-profile",
                            "id": "i-0b924f79e914fdbee",
                            "instance_state": "running",
                            "instance_type": "t2.medium",
                            "ipv6_addresses.#": "0",
                            "key_name": "disha-online.onlinepvt",
                            "monitoring": "false",
                            "network_interface.#": "0",
                            "network_interface_id": "eni-fadd8da5",
                            "primary_network_interface_id": "eni-fadd8da5",
                            "private_dns": "ip-20-0-0-158.ap-south-1.compute.internal",
                            "private_ip": "20.0.0.158",
                            "public_dns": "",
                            "public_ip": "",
                            "root_block_device.#": "1",
                            "root_block_device.0.delete_on_termination": "true",
                            "root_block_device.0.iops": "100",
                            "root_block_device.0.volume_size": "30",
                            "root_block_device.0.volume_type": "gp2",
                            "security_groups.#": "0",
                            "source_dest_check": "true",
                            "subnet_id": "subnet-3c924654",
                            "tags.%": "3",
                            "tags.Cluster": "disha-mongo",
                            "tags.Environment": "disha-online",
                            "tags.Name": "disha-online-mongo-secondary",
                            "tenancy": "default",
                            "volume_tags.%": "1",
                            "volume_tags.Name": "disha-online-mongo-secondary",
                            "vpc_security_group_ids.#": "2",
                            "vpc_security_group_ids.1696488369": "sg-bfebfdd7",
                            "vpc_security_group_ids.3215265650": "sg-60a1b708"
                        },
                        "meta": {
                            "e2bfb730-ecaa-11e6-8f88-34363bc7c4c0": {
                                "create": 600000000000,
                                "delete": 600000000000,
                                "update": 600000000000
                            },
                            "schema_version": "1"
                        },
                        "tainted": false
                    },
                    "deposed": [],
                    "provider": ""
                },
                "aws_route53_record.instance_route53_entry": {
                    "type": "aws_route53_record",
                    "depends_on": [
                        "aws_instance.instance"
                    ],
                    "primary": {
                        "id": "Z1W3IBBR2VYHVF_mongo-secondary_A",
                        "attributes": {
                            "fqdn": "mongo-secondary.onlinepvt",
                            "health_check_id": "",
                            "id": "Z1W3IBBR2VYHVF_mongo-secondary_A",
                            "name": "mongo-secondary",
                            "records.#": "1",
                            "records.2530402005": "20.0.0.158",
                            "set_identifier": "",
                            "ttl": "60",
                            "type": "A",
                            "zone_id": "Z1W3IBBR2VYHVF"
                        },
                        "meta": {
                            "schema_version": "2"
                        },
                        "tainted": false
                    },
                    "deposed": [],
                    "provider": ""
                }
            },
            "depends_on": []
        },
        {
            "path": [
                "root",
                "disha_online_env",
                "disha_reporting_data"
            ],
            "outputs": {
                "bucket_domain_name": {
                    "sensitive": false,
                    "type": "string",
                    "value": "disha-online-reporting-data.s3.amazonaws.com"
                },
                "bucket_id": {
                    "sensitive": false,
                    "type": "string",
                    "value": "disha-online-reporting-data"
                }
            },
            "resources": {
                "aws_s3_bucket.bucket": {
                    "type": "aws_s3_bucket",
                    "depends_on": [],
                    "primary": {
                        "id": "disha-online-reporting-data",
                        "attributes": {
                            "acceleration_status": "",
                            "acl": "private",
                            "arn": "arn:aws:s3:::disha-online-reporting-data",
                            "bucket": "disha-online-reporting-data",
                            "bucket_domain_name": "disha-online-reporting-data.s3.amazonaws.com",
                            "force_destroy": "false",
                            "hosted_zone_id": "Z11RGJOFQNVJUP",
                            "id": "disha-online-reporting-data",
                            "logging.#": "0",
                            "region": "ap-south-1",
                            "request_payer": "BucketOwner",
                            "tags.%": "0",
                            "versioning.#": "1",
                            "versioning.0.enabled": "false",
                            "versioning.0.mfa_delete": "false",
                            "website.#": "0"
                        },
                        "meta": {},
                        "tainted": false
                    },
                    "deposed": [],
                    "provider": ""
                }
            },
            "depends_on": []
        },
        {
            "path": [
                "root",
                "disha_online_env",
                "disha_sns"
            ],
            "outputs": {
                "sns_arn": {
                    "sensitive": false,
                    "type": "string",
                    "value": "arn:aws:sns:ap-south-1:044611426596:disha-online-sns"
                }
            },
            "resources": {
                "aws_sns_topic.sns_topic": {
                    "type": "aws_sns_topic",
                    "depends_on": [],
                    "primary": {
                        "id": "arn:aws:sns:ap-south-1:044611426596:disha-online-sns",
                        "attributes": {
                            "arn": "arn:aws:sns:ap-south-1:044611426596:disha-online-sns",
                            "display_name": "",
                            "id": "arn:aws:sns:ap-south-1:044611426596:disha-online-sns",
                            "name": "disha-online-sns",
                            "policy": "{\"Id\":\"__default_policy_ID\",\"Statement\":[{\"Action\":[\"SNS:GetTopicAttributes\",\"SNS:SetTopicAttributes\",\"SNS:AddPermission\",\"SNS:RemovePermission\",\"SNS:DeleteTopic\",\"SNS:Subscribe\",\"SNS:ListSubscriptionsByTopic\",\"SNS:Publish\",\"SNS:Receive\"],\"Condition\":{\"StringEquals\":{\"AWS:SourceOwner\":\"044611426596\"}},\"Effect\":\"Allow\",\"Principal\":{\"AWS\":\"*\"},\"Resource\":\"arn:aws:sns:ap-south-1:044611426596:disha-online-sns\",\"Sid\":\"__default_statement_ID\"}],\"Version\":\"2008-10-17\"}"
                        },
                        "meta": {},
                        "tainted": false
                    },
                    "deposed": [],
                    "provider": ""
                }
            },
            "depends_on": []
        },
        {
            "path": [
                "root",
                "disha_online_env",
                "disha_web"
            ],
            "outputs": {
                "bucket_domain_name": {
                    "sensitive": false,
                    "type": "string",
                    "value": "disha-online-web-resources.s3.amazonaws.com"
                },
                "bucket_id": {
                    "sensitive": false,
                    "type": "string",
                    "value": "disha-online-web-resources"
                }
            },
            "resources": {
                "aws_s3_bucket.bucket": {
                    "type": "aws_s3_bucket",
                    "depends_on": [],
                    "primary": {
                        "id": "disha-online-web-resources",
                        "attributes": {
                            "acceleration_status": "",
                            "acl": "private",
                            "arn": "arn:aws:s3:::disha-online-web-resources",
                            "bucket": "disha-online-web-resources",
                            "bucket_domain_name": "disha-online-web-resources.s3.amazonaws.com",
                            "cors_rule.#": "1",
                            "cors_rule.0.allowed_headers.#": "1",
                            "cors_rule.0.allowed_headers.0": "Authorization",
                            "cors_rule.0.allowed_methods.#": "1",
                            "cors_rule.0.allowed_methods.0": "GET",
                            "cors_rule.0.allowed_origins.#": "1",
                            "cors_rule.0.allowed_origins.0": "*",
                            "cors_rule.0.expose_headers.#": "0",
                            "cors_rule.0.max_age_seconds": "3000",
                            "force_destroy": "false",
                            "hosted_zone_id": "Z11RGJOFQNVJUP",
                            "id": "disha-online-web-resources",
                            "logging.#": "0",
                            "policy": "{\"Statement\":[{\"Action\":\"s3:GetObject\",\"Effect\":\"Allow\",\"Principal\":\"*\",\"Resource\":\"arn:aws:s3:::disha-online-web-resources/*\",\"Sid\":\"AddPerm\"}],\"Version\":\"2012-10-17\"}",
                            "region": "ap-south-1",
                            "request_payer": "BucketOwner",
                            "tags.%": "0",
                            "versioning.#": "1",
                            "versioning.0.enabled": "false",
                            "versioning.0.mfa_delete": "false",
                            "website.#": "0"
                        },
                        "meta": {},
                        "tainted": false
                    },
                    "deposed": [],
                    "provider": ""
                }
            },
            "depends_on": []
        },
        {
            "path": [
                "root",
                "disha_online_env",
                "disha_web_cloudfront"
            ],
            "outputs": {},
            "resources": {
                "aws_cloudfront_distribution.s3_distribution": {
                    "type": "aws_cloudfront_distribution",
                    "depends_on": [],
                    "primary": {
                        "id": "EKPQY59OBZLFN",
                        "attributes": {
                            "active_trusted_signers.%": "2",
                            "active_trusted_signers.enabled": "false",
                            "active_trusted_signers.items.#": "0",
                            "aliases.#": "0",
                            "arn": "arn:aws:cloudfront::044611426596:distribution/EKPQY59OBZLFN",
                            "cache_behavior.#": "0",
                            "caller_reference": "2017-12-29T18:12:19.500206527+05:30",
                            "custom_error_response.#": "0",
                            "default_cache_behavior.#": "1",
                            "default_cache_behavior.2768534694.allowed_methods.#": "2",
                            "default_cache_behavior.2768534694.allowed_methods.0": "HEAD",
                            "default_cache_behavior.2768534694.allowed_methods.1": "GET",
                            "default_cache_behavior.2768534694.cached_methods.#": "2",
                            "default_cache_behavior.2768534694.cached_methods.0": "HEAD",
                            "default_cache_behavior.2768534694.cached_methods.1": "GET",
                            "default_cache_behavior.2768534694.compress": "false",
                            "default_cache_behavior.2768534694.default_ttl": "86400",
                            "default_cache_behavior.2768534694.forwarded_values.#": "1",
                            "default_cache_behavior.2768534694.forwarded_values.2759845635.cookies.#": "1",
                            "default_cache_behavior.2768534694.forwarded_values.2759845635.cookies.2625240281.forward": "none",
                            "default_cache_behavior.2768534694.forwarded_values.2759845635.cookies.2625240281.whitelisted_names.#": "0",
                            "default_cache_behavior.2768534694.forwarded_values.2759845635.headers.#": "0",
                            "default_cache_behavior.2768534694.forwarded_values.2759845635.query_string": "false",
                            "default_cache_behavior.2768534694.forwarded_values.2759845635.query_string_cache_keys.#": "0",
                            "default_cache_behavior.2768534694.lambda_function_association.#": "0",
                            "default_cache_behavior.2768534694.max_ttl": "31536000",
                            "default_cache_behavior.2768534694.min_ttl": "0",
                            "default_cache_behavior.2768534694.smooth_streaming": "false",
                            "default_cache_behavior.2768534694.target_origin_id": "S3-disha-online-web-resources",
                            "default_cache_behavior.2768534694.trusted_signers.#": "0",
                            "default_cache_behavior.2768534694.viewer_protocol_policy": "allow-all",
                            "default_root_object": "",
                            "domain_name": "dk6gaf9w4gty3.cloudfront.net",
                            "enabled": "true",
                            "etag": "E477YEW4OF6FO",
                            "hosted_zone_id": "Z2FDTNDATAQYW2",
                            "http_version": "http2",
                            "id": "EKPQY59OBZLFN",
                            "in_progress_validation_batches": "0",
                            "is_ipv6_enabled": "false",
                            "last_modified_time": "2018-01-11 07:00:36.251 +0000 UTC",
                            "logging_config.#": "0",
                            "origin.#": "1",
                            "origin.2348209975.custom_header.#": "0",
                            "origin.2348209975.custom_origin_config.#": "0",
                            "origin.2348209975.domain_name": "disha-online-web-resources.s3.amazonaws.com",
                            "origin.2348209975.origin_id": "S3-disha-online-web-resources",
                            "origin.2348209975.origin_path": "",
                            "origin.2348209975.s3_origin_config.#": "0",
                            "price_class": "PriceClass_200",
                            "restrictions.#": "1",
                            "restrictions.1097372288.geo_restriction.#": "1",
                            "restrictions.1097372288.geo_restriction.2625240281.locations.#": "0",
                            "restrictions.1097372288.geo_restriction.2625240281.restriction_type": "none",
                            "retain_on_delete": "false",
                            "status": "Deployed",
                            "tags.%": "0",
                            "viewer_certificate.#": "1",
                            "viewer_certificate.69840937.acm_certificate_arn": "",
                            "viewer_certificate.69840937.cloudfront_default_certificate": "true",
                            "viewer_certificate.69840937.iam_certificate_id": "",
                            "viewer_certificate.69840937.minimum_protocol_version": "TLSv1",
                            "viewer_certificate.69840937.ssl_support_method": "",
                            "web_acl_id": ""
                        },
                        "meta": {},
                        "tainted": false
                    },
                    "deposed": [],
                    "provider": ""
                }
            },
            "depends_on": []
        },
        {
            "path": [
                "root",
                "disha_online_env",
                "disha_web_tcmap_instance"
            ],
            "outputs": {
                "instance_id": {
                    "sensitive": false,
                    "type": "string",
                    "value": "i-0dd87ce4722d6add2"
                },
                "instance_name": {
                    "sensitive": false,
                    "type": "string",
                    "value": "disha-online-web-tcmap"
                },
                "public_ip": {
                    "sensitive": false,
                    "type": "string",
                    "value": ""
                }
            },
            "resources": {
                "aws_cloudwatch_metric_alarm.instance_status_check": {
                    "type": "aws_cloudwatch_metric_alarm",
                    "depends_on": [
                        "aws_instance.instance"
                    ],
                    "primary": {
                        "id": "disha-online-web-tcmap-status-checks-failed",
                        "attributes": {
                            "actions_enabled": "true",
                            "alarm_actions.#": "1",
                            "alarm_actions.992370358": "arn:aws:sns:ap-south-1:044611426596:disha-online-sns",
                            "alarm_description": "This metric monitors ec2 status checks",
                            "alarm_name": "disha-online-web-tcmap-status-checks-failed",
                            "comparison_operator": "GreaterThanOrEqualToThreshold",
                            "dimensions.%": "1",
                            "dimensions.InstanceId": "i-0dd87ce4722d6add2",
                            "evaluate_low_sample_count_percentiles": "",
                            "evaluation_periods": "1",
                            "extended_statistic": "",
                            "id": "disha-online-web-tcmap-status-checks-failed",
                            "insufficient_data_actions.#": "1",
                            "insufficient_data_actions.992370358": "arn:aws:sns:ap-south-1:044611426596:disha-online-sns",
                            "metric_name": "StatusCheckFailed",
                            "namespace": "AWS/EC2",
                            "ok_actions.#": "1",
                            "ok_actions.992370358": "arn:aws:sns:ap-south-1:044611426596:disha-online-sns",
                            "period": "60",
                            "statistic": "Average",
                            "threshold": "1",
                            "treat_missing_data": "missing",
                            "unit": ""
                        },
                        "meta": {
                            "schema_version": "1"
                        },
                        "tainted": false
                    },
                    "deposed": [],
                    "provider": ""
                },
                "aws_instance.instance": {
                    "type": "aws_instance",
                    "depends_on": [
                        "module.sg"
                    ],
                    "primary": {
                        "id": "i-0dd87ce4722d6add2",
                        "attributes": {
                            "ami": "ami-1323767c",
                            "associate_public_ip_address": "false",
                            "availability_zone": "ap-south-1a",
                            "disable_api_termination": "false",
                            "ebs_block_device.#": "1",
                            "ebs_block_device.1001659282.delete_on_termination": "true",
                            "ebs_block_device.1001659282.device_name": "/dev/sdb",
                            "ebs_block_device.1001659282.encrypted": "false",
                            "ebs_block_device.1001659282.iops": "0",
                            "ebs_block_device.1001659282.snapshot_id": "snap-07b0059a97417e0a9",
                            "ebs_block_device.1001659282.volume_size": "30",
                            "ebs_block_device.1001659282.volume_type": "standard",
                            "ebs_optimized": "false",
                            "ephemeral_block_device.#": "0",
                            "iam_instance_profile": "disha-online-instance-profile",
                            "id": "i-0dd87ce4722d6add2",
                            "instance_state": "stopped",
                            "instance_type": "t2.micro",
                            "ipv6_addresses.#": "0",
                            "key_name": "disha-online.onlinepvt",
                            "monitoring": "false",
                            "network_interface.#": "0",
                            "network_interface_id": "eni-08bac157",
                            "primary_network_interface_id": "eni-08bac157",
                            "private_dns": "ip-20-0-0-71.ap-south-1.compute.internal",
                            "private_ip": "20.0.0.71",
                            "public_dns": "",
                            "public_ip": "",
                            "root_block_device.#": "1",
                            "root_block_device.0.delete_on_termination": "true",
                            "root_block_device.0.iops": "100",
                            "root_block_device.0.volume_size": "24",
                            "root_block_device.0.volume_type": "gp2",
                            "security_groups.#": "0",
                            "source_dest_check": "true",
                            "subnet_id": "subnet-3c924654",
                            "tags.%": "3",
                            "tags.Cluster": "disha-web-server",
                            "tags.Environment": "disha-online",
                            "tags.Name": "disha-online-web-tcmap",
                            "tenancy": "default",
                            "volume_tags.%": "1",
                            "volume_tags.Name": "disha-online-web-tcmap",
                            "vpc_security_group_ids.#": "2",
                            "vpc_security_group_ids.1696488369": "sg-bfebfdd7",
                            "vpc_security_group_ids.284907413": "sg-99e8fef1"
                        },
                        "meta": {
                            "e2bfb730-ecaa-11e6-8f88-34363bc7c4c0": {
                                "create": 600000000000,
                                "delete": 600000000000,
                                "update": 600000000000
                            },
                            "schema_version": "1"
                        },
                        "tainted": false
                    },
                    "deposed": [],
                    "provider": ""
                },
                "aws_route53_record.instance_route53_entry": {
                    "type": "aws_route53_record",
                    "depends_on": [
                        "aws_instance.instance"
                    ],
                    "primary": {
                        "id": "Z1W3IBBR2VYHVF_web-tcmap_A",
                        "attributes": {
                            "fqdn": "web-tcmap.onlinepvt",
                            "health_check_id": "",
                            "id": "Z1W3IBBR2VYHVF_web-tcmap_A",
                            "name": "web-tcmap",
                            "records.#": "1",
                            "records.2234206411": "20.0.0.71",
                            "set_identifier": "",
                            "ttl": "60",
                            "type": "A",
                            "zone_id": "Z1W3IBBR2VYHVF"
                        },
                        "meta": {
                            "schema_version": "2"
                        },
                        "tainted": false
                    },
                    "deposed": [],
                    "provider": ""
                }
            },
            "depends_on": []
        },
        {
            "path": [
                "root",
                "disha_online_env",
                "elb-http-sg"
            ],
            "outputs": {
                "sg_id": {
                    "sensitive": false,
                    "type": "string",
                    "value": "sg-aaeafcc2"
                }
            },
            "resources": {
                "aws_security_group.sg": {
                    "type": "aws_security_group",
                    "depends_on": [],
                    "primary": {
                        "id": "sg-aaeafcc2",
                        "attributes": {
                            "description": "Managed by Terraform",
                            "egress.#": "1",
                            "egress.482069346.cidr_blocks.#": "1",
                            "egress.482069346.cidr_blocks.0": "0.0.0.0/0",
                            "egress.482069346.description": "",
                            "egress.482069346.from_port": "0",
                            "egress.482069346.ipv6_cidr_blocks.#": "0",
                            "egress.482069346.prefix_list_ids.#": "0",
                            "egress.482069346.protocol": "-1",
                            "egress.482069346.security_groups.#": "0",
                            "egress.482069346.self": "false",
                            "egress.482069346.to_port": "0",
                            "id": "sg-aaeafcc2",
                            "ingress.#": "2",
                            "ingress.2214680975.cidr_blocks.#": "1",
                            "ingress.2214680975.cidr_blocks.0": "0.0.0.0/0",
                            "ingress.2214680975.description": "",
                            "ingress.2214680975.from_port": "80",
                            "ingress.2214680975.ipv6_cidr_blocks.#": "0",
                            "ingress.2214680975.protocol": "tcp",
                            "ingress.2214680975.security_groups.#": "0",
                            "ingress.2214680975.self": "false",
                            "ingress.2214680975.to_port": "80",
                            "ingress.2617001939.cidr_blocks.#": "1",
                            "ingress.2617001939.cidr_blocks.0": "0.0.0.0/0",
                            "ingress.2617001939.description": "",
                            "ingress.2617001939.from_port": "443",
                            "ingress.2617001939.ipv6_cidr_blocks.#": "0",
                            "ingress.2617001939.protocol": "tcp",
                            "ingress.2617001939.security_groups.#": "0",
                            "ingress.2617001939.self": "false",
                            "ingress.2617001939.to_port": "443",
                            "name": "disha-online-elb-http-sg",
                            "owner_id": "044611426596",
                            "revoke_rules_on_delete": "false",
                            "tags.%": "1",
                            "tags.Name": "disha-online-elb-http-sg",
                            "vpc_id": "vpc-905a95f8"
                        },
                        "meta": {
                            "schema_version": "1"
                        },
                        "tainted": false
                    },
                    "deposed": [],
                    "provider": ""
                },
                "aws_security_group_rule.sg_rule.0": {
                    "type": "aws_security_group_rule",
                    "depends_on": [
                        "aws_security_group.sg"
                    ],
                    "primary": {
                        "id": "sgrule-1165254664",
                        "attributes": {
                            "cidr_blocks.#": "1",
                            "cidr_blocks.0": "0.0.0.0/0",
                            "description": "",
                            "from_port": "80",
                            "id": "sgrule-1165254664",
                            "ipv6_cidr_blocks.#": "0",
                            "prefix_list_ids.#": "0",
                            "protocol": "tcp",
                            "security_group_id": "sg-aaeafcc2",
                            "self": "false",
                            "to_port": "80",
                            "type": "ingress"
                        },
                        "meta": {
                            "schema_version": "2"
                        },
                        "tainted": false
                    },
                    "deposed": [],
                    "provider": ""
                },
                "aws_security_group_rule.sg_rule.1": {
                    "type": "aws_security_group_rule",
                    "depends_on": [
                        "aws_security_group.sg"
                    ],
                    "primary": {
                        "id": "sgrule-591973590",
                        "attributes": {
                            "cidr_blocks.#": "1",
                            "cidr_blocks.0": "0.0.0.0/0",
                            "description": "",
                            "from_port": "443",
                            "id": "sgrule-591973590",
                            "ipv6_cidr_blocks.#": "0",
                            "prefix_list_ids.#": "0",
                            "protocol": "tcp",
                            "security_group_id": "sg-aaeafcc2",
                            "self": "false",
                            "to_port": "443",
                            "type": "ingress"
                        },
                        "meta": {
                            "schema_version": "2"
                        },
                        "tainted": false
                    },
                    "deposed": [],
                    "provider": ""
                },
                "aws_security_group_rule.sg_rule.2": {
                    "type": "aws_security_group_rule",
                    "depends_on": [
                        "aws_security_group.sg"
                    ],
                    "primary": {
                        "id": "sgrule-873633948",
                        "attributes": {
                            "cidr_blocks.#": "1",
                            "cidr_blocks.0": "0.0.0.0/0",
                            "description": "",
                            "from_port": "0",
                            "id": "sgrule-873633948",
                            "ipv6_cidr_blocks.#": "0",
                            "prefix_list_ids.#": "0",
                            "protocol": "-1",
                            "security_group_id": "sg-aaeafcc2",
                            "self": "false",
                            "to_port": "0",
                            "type": "egress"
                        },
                        "meta": {
                            "schema_version": "2"
                        },
                        "tainted": false
                    },
                    "deposed": [],
                    "provider": ""
                }
            },
            "depends_on": []
        },
        {
            "path": [
                "root",
                "disha_online_env",
                "iam_disha_reporting_user"
            ],
            "outputs": {},
            "resources": {
                "aws_iam_access_key.iam_access_key": {
                    "type": "aws_iam_access_key",
                    "depends_on": [
                        "aws_iam_user.iam_user"
                    ],
                    "primary": {
                        "id": "AKIAJMU4R2OQ4Y7M3ZFQ",
                        "attributes": {
                            "id": "AKIAJMU4R2OQ4Y7M3ZFQ",
                            "secret": "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",
                            "ses_smtp_password": "Aj5dkqyOOC847U9MzuoZ+uVVUWnBRI/fWlsAjv0NwNVI",
                            "status": "Active",
                            "user": "disha-online-reporting"
                        },
                        "meta": {},
                        "tainted": false
                    },
                    "deposed": [],
                    "provider": ""
                },
                "aws_iam_user.iam_user": {
                    "type": "aws_iam_user",
                    "depends_on": [],
                    "primary": {
                        "id": "disha-online-reporting",
                        "attributes": {
                            "arn": "arn:aws:iam::044611426596:user/disha-online-reporting",
                            "force_destroy": "false",
                            "id": "disha-online-reporting",
                            "name": "disha-online-reporting",
                            "path": "/",
                            "unique_id": "AIDAJTIFVX3Q4H7DNIHAW"
                        },
                        "meta": {},
                        "tainted": false
                    },
                    "deposed": [],
                    "provider": ""
                },
                "aws_iam_user_policy.lb_ro": {
                    "type": "aws_iam_user_policy",
                    "depends_on": [
                        "aws_iam_user.iam_user"
                    ],
                    "primary": {
                        "id": "disha-online-reporting:disha-online-reporting-policy",
                        "attributes": {
                            "id": "disha-online-reporting:disha-online-reporting-policy",
                            "name": "disha-online-reporting-policy",
                            "policy": "{\n    \"Version\": \"2012-10-17\",\n    \"Statement\": [\n        {\n            \"Sid\": \"AllowUserToSeeBucketListInTheConsole\",\n            \"Action\": [\n                \"s3:ListAllMyBuckets\",\n                \"s3:GetBucketLocation\"\n            ],\n            \"Effect\": \"Allow\",\n            \"Resource\": [\n                \"arn:aws:s3:::*\"\n            ]\n        },\n        {\n            \"Sid\": \"Stmt1470315667000\",\n            \"Effect\": \"Allow\",\n            \"Action\": [\n                \"s3:*\"\n            ],\n            \"Resource\": [\n                \"arn:aws:s3:::disha-online-reporting-data\",\n                \"arn:aws:s3:::disha-online-reporting-data/*\"\n            ]\n        },\n        {\n            \"Sid\": \"AllowUserToTopicListInTheConsole\",\n            \"Action\": [\n                \"sns:ListTopics\",\n                \"sns:ListSubscriptions\"\n            ],\n            \"Effect\": \"Allow\",\n            \"Resource\": [\n                \"arn:aws:sns:::*\"\n            ]\n        },\n        {\n            \"Sid\": \"Stmt1489128738000\",\n            \"Effect\": \"Allow\",\n            \"Action\": [\n                \"sns:*\"\n            ],\n            \"Resource\": [\n                \"arn:aws:sns:ap-south-1:044611426596:disha-online-stop-report-ec2-instance\"\n            ]\n        }\n    ]\n}\n",
                            "user": "disha-online-reporting"
                        },
                        "meta": {},
                        "tainted": false
                    },
                    "deposed": [],
                    "provider": ""
                }
            },
            "depends_on": []
        },
        {
            "path": [
                "root",
                "disha_online_env",
                "iam_user_biometric_admin"
            ],
            "outputs": {},
            "resources": {},
            "depends_on": []
        },
        {
            "path": [
                "root",
                "disha_online_env",
                "iam_user_disha_certificate"
            ],
            "outputs": {},
            "resources": {
                "aws_iam_access_key.iam_access_key": {
                    "type": "aws_iam_access_key",
                    "depends_on": [
                        "aws_iam_user.iam_user"
                    ],
                    "primary": {
                        "id": "AKIAI6VYF3S4CL6NTY3Q",
                        "attributes": {
                            "id": "AKIAI6VYF3S4CL6NTY3Q",
                            "secret": "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",
                            "ses_smtp_password": "Aqqzx9XU7xQPfXU0EV1RtHrn9mNOy2inq0CzU0x1NStm",
                            "status": "Active",
                            "user": "disha-online-certificate-iam-user"
                        },
                        "meta": {},
                        "tainted": false
                    },
                    "deposed": [],
                    "provider": ""
                },
                "aws_iam_user.iam_user": {
                    "type": "aws_iam_user",
                    "depends_on": [],
                    "primary": {
                        "id": "disha-online-certificate-iam-user",
                        "attributes": {
                            "arn": "arn:aws:iam::044611426596:user/disha-online-certificate-iam-user",
                            "force_destroy": "false",
                            "id": "disha-online-certificate-iam-user",
                            "name": "disha-online-certificate-iam-user",
                            "path": "/",
                            "unique_id": "AIDAJTN4HCPSTRJFXON5M"
                        },
                        "meta": {},
                        "tainted": false
                    },
                    "deposed": [],
                    "provider": ""
                },
                "aws_iam_user_policy.lb_ro": {
                    "type": "aws_iam_user_policy",
                    "depends_on": [
                        "aws_iam_user.iam_user"
                    ],
                    "primary": {
                        "id": "disha-online-certificate-iam-user:disha-online-certificate-iam-user-policy",
                        "attributes": {
                            "id": "disha-online-certificate-iam-user:disha-online-certificate-iam-user-policy",
                            "name": "disha-online-certificate-iam-user-policy",
                            "policy": "{\n    \"Version\": \"2012-10-17\",\n    \"Statement\": [\n        {\n            \"Sid\": \"Stmt1489128738000\",\n            \"Effect\": \"Allow\",\n            \"Action\": [\n                \"sqs:AddPermission\",\n                \"sqs:ChangeMessageVisibility\",\n                \"sqs:ChangeMessageVisibilityBatch\",\n                \"sqs:CreateQueue\",\n                \"sqs:GetQueueAttributes\",\n                \"sqs:GetQueueUrl\",\n                \"sqs:ListDeadLetterSourceQueues\",\n                \"sqs:ListQueues\",\n                \"sqs:PurgeQueue\",\n                \"sqs:ReceiveMessage\",\n                \"sqs:SendMessage\",\n                \"sqs:SendMessageBatch\",\n                \"sqs:SetQueueAttributes\",\n                \"sqs:DeleteMessage\"\n            ],\n            \"Resource\": [\n                \"arn:aws:sqs:ap-south-1:044611426596:disha-online-certificate\",\n                \"arn:aws:sqs:ap-south-1:044611426596:disha-online-certificate-status\"\n            ]\n        },\n        {\n            \"Effect\": \"Allow\",\n            \"Action\": [\n                \"s3:*\"\n            ],\n            \"Resource\": [\n                \"arn:aws:s3:::disha-online-student-certificates/*\",\n                \"arn:aws:s3:::disha-online-document/*\"\n            ]\n        },\n        {\n            \"Effect\": \"Allow\",\n            \"Action\": [\n                \"sns:Publish\"\n            ],\n            \"Resource\": [\n                \"arn:aws:sns:ap-south-1:044611426596:disha-online-certificate-sns\"\n            ]\n        }\n    ]\n}\n",
                            "user": "disha-online-certificate-iam-user"
                        },
                        "meta": {},
                        "tainted": false
                    },
                    "deposed": [],
                    "provider": ""
                }
            },
            "depends_on": []
        },
        {
            "path": [
                "root",
                "disha_online_env",
                "iam_user_disha_eligibilitty"
            ],
            "outputs": {},
            "resources": {
                "aws_iam_access_key.iam_access_key": {
                    "type": "aws_iam_access_key",
                    "depends_on": [
                        "aws_iam_user.iam_user"
                    ],
                    "primary": {
                        "id": "AKIAIWH3HNPADJQ4T3SA",
                        "attributes": {
                            "id": "AKIAIWH3HNPADJQ4T3SA",
                            "secret": "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",
                            "ses_smtp_password": "AtdUg0PfzPIJ9R+UiHBSMw0Jwmy7p/TxNcxH6A0f6VM6",
                            "status": "Active",
                            "user": "disha-online-eligibility-iam-user"
                        },
                        "meta": {},
                        "tainted": false
                    },
                    "deposed": [],
                    "provider": ""
                },
                "aws_iam_user.iam_user": {
                    "type": "aws_iam_user",
                    "depends_on": [],
                    "primary": {
                        "id": "disha-online-eligibility-iam-user",
                        "attributes": {
                            "arn": "arn:aws:iam::044611426596:user/disha-online-eligibility-iam-user",
                            "force_destroy": "false",
                            "id": "disha-online-eligibility-iam-user",
                            "name": "disha-online-eligibility-iam-user",
                            "path": "/",
                            "unique_id": "AIDAIGHND3Z7UL7FUUA5O"
                        },
                        "meta": {},
                        "tainted": false
                    },
                    "deposed": [],
                    "provider": ""
                },
                "aws_iam_user_policy.lb_ro": {
                    "type": "aws_iam_user_policy",
                    "depends_on": [
                        "aws_iam_user.iam_user"
                    ],
                    "primary": {
                        "id": "disha-online-eligibility-iam-user:disha-online-eligibility-iam-user-policy",
                        "attributes": {
                            "id": "disha-online-eligibility-iam-user:disha-online-eligibility-iam-user-policy",
                            "name": "disha-online-eligibility-iam-user-policy",
                            "policy": "{\n    \"Version\": \"2012-10-17\",\n    \"Statement\": [\n        {\n            \"Sid\": \"Stmt1489128738000\",\n            \"Effect\": \"Allow\",\n            \"Action\": [\n                \"sqs:AddPermission\",\n                \"sqs:ChangeMessageVisibility\",\n                \"sqs:ChangeMessageVisibilityBatch\",\n                \"sqs:CreateQueue\",\n                \"sqs:GetQueueAttributes\",\n                \"sqs:GetQueueUrl\",\n                \"sqs:ListDeadLetterSourceQueues\",\n                \"sqs:ListQueues\",\n                \"sqs:PurgeQueue\",\n                \"sqs:ReceiveMessage\",\n                \"sqs:SendMessage\",\n                \"sqs:SendMessageBatch\",\n                \"sqs:SetQueueAttributes\",\n                \"sqs:DeleteMessage\"\n            ],\n            \"Resource\": [\n                \"arn:aws:sqs:ap-south-1:044611426596:disha-online-excel-reports\",\n                \"arn:aws:sqs:ap-south-1:044611426596:disha-online-ses-email\",\n                \"arn:aws:sqs:ap-south-1:044611426596:disha-online-eligibility-sign-certificate\",\n                \"arn:aws:sqs:ap-south-1:044611426596:disha-online-emailid-verification\"\n            ]\n        },\n        {\n            \"Effect\": \"Allow\",\n            \"Action\": [\n                \"s3:*\"\n            ],\n            \"Resource\": [\n                \"arn:aws:s3:::disha-online-document/*\",\n                \"arn:aws:s3:::disha-online-email/*\",\n                \"arn:aws:s3:::disha-online-certificates-sign-zip/*\"\n            ]\n        }\n    ]\n}\n",
                            "user": "disha-online-eligibility-iam-user"
                        },
                        "meta": {},
                        "tainted": false
                    },
                    "deposed": [],
                    "provider": ""
                }
            },
            "depends_on": []
        },
        {
            "path": [
                "root",
                "disha_online_env",
                "iam_user_disha_web"
            ],
            "outputs": {},
            "resources": {
                "aws_iam_access_key.iam_access_key": {
                    "type": "aws_iam_access_key",
                    "depends_on": [
                        "aws_iam_user.iam_user"
                    ],
                    "primary": {
                        "id": "AKIAJQGA5P44WFDZ4U4A",
                        "attributes": {
                            "id": "AKIAJQGA5P44WFDZ4U4A",
                            "secret": "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",
                            "ses_smtp_password": "AnmBfY1+/oINpEFOcT4edOU9LRKR5kboX7nQfu8bFr5C",
                            "status": "Active",
                            "user": "disha-online-web-iam-user"
                        },
                        "meta": {},
                        "tainted": false
                    },
                    "deposed": [],
                    "provider": ""
                },
                "aws_iam_user.iam_user": {
                    "type": "aws_iam_user",
                    "depends_on": [],
                    "primary": {
                        "id": "disha-online-web-iam-user",
                        "attributes": {
                            "arn": "arn:aws:iam::044611426596:user/disha-online-web-iam-user",
                            "force_destroy": "false",
                            "id": "disha-online-web-iam-user",
                            "name": "disha-online-web-iam-user",
                            "path": "/",
                            "unique_id": "AIDAIHSDLKTBWMFGY6C2W"
                        },
                        "meta": {},
                        "tainted": false
                    },
                    "deposed": [],
                    "provider": ""
                },
                "aws_iam_user_policy.lb_ro": {
                    "type": "aws_iam_user_policy",
                    "depends_on": [
                        "aws_iam_user.iam_user"
                    ],
                    "primary": {
                        "id": "disha-online-web-iam-user:disha-online-web-iam-user-policy",
                        "attributes": {
                            "id": "disha-online-web-iam-user:disha-online-web-iam-user-policy",
                            "name": "disha-online-web-iam-user-policy",
                            "policy": "{\n    \"Version\": \"2012-10-17\",\n    \"Statement\": [\n        {\n            \"Sid\": \"Stmt1489128738000\",\n            \"Effect\": \"Allow\",\n            \"Action\": [\n                \"sqs:AddPermission\",\n                \"sqs:ChangeMessageVisibility\",\n                \"sqs:ChangeMessageVisibilityBatch\",\n                \"sqs:CreateQueue\",\n                \"sqs:GetQueueAttributes\",\n                \"sqs:GetQueueUrl\",\n                \"sqs:ListDeadLetterSourceQueues\",\n                \"sqs:ListQueues\",\n                \"sqs:PurgeQueue\",\n                \"sqs:ReceiveMessage\",\n                \"sqs:SendMessage\",\n                \"sqs:SendMessageBatch\",\n                \"sqs:SetQueueAttributes\",\n                \"sqs:DeleteMessage\"\n            ],\n            \"Resource\": [\n                \"arn:aws:sqs:ap-south-1:044611426596:disha-online-excel-reports\"\n            ]\n        },\n        {\n            \"Effect\": \"Allow\",\n            \"Action\": [\n                \"s3:*\"\n            ],\n            \"Resource\": [\n                \"arn:aws:s3:::disha-online-document/*\"\n            ]\n        }\n    ]\n}\n",
                            "user": "disha-online-web-iam-user"
                        },
                        "meta": {},
                        "tainted": false
                    },
                    "deposed": [],
                    "provider": ""
                }
            },
            "depends_on": []
        },
        {
            "path": [
                "root",
                "disha_online_env",
                "iam_user_hkcl_certificate"
            ],
            "outputs": {},
            "resources": {
                "aws_iam_access_key.iam_access_key": {
                    "type": "aws_iam_access_key",
                    "depends_on": [
                        "aws_iam_user.iam_user"
                    ],
                    "primary": {
                        "id": "AKIAJTW3CPOFDUVOQ6DQ",
                        "attributes": {
                            "id": "AKIAJTW3CPOFDUVOQ6DQ",
                            "secret": "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",
                            "ses_smtp_password": "Aq3dP/ak1PLuXGplWPXwJL7dSm2XeX4hIm5Nt37DDWrz",
                            "status": "Active",
                            "user": "disha-online-hkcl-certificate"
                        },
                        "meta": {},
                        "tainted": false
                    },
                    "deposed": [],
                    "provider": ""
                },
                "aws_iam_user.iam_user": {
                    "type": "aws_iam_user",
                    "depends_on": [],
                    "primary": {
                        "id": "disha-online-hkcl-certificate",
                        "attributes": {
                            "arn": "arn:aws:iam::044611426596:user/disha-online-hkcl-certificate",
                            "force_destroy": "false",
                            "id": "disha-online-hkcl-certificate",
                            "name": "disha-online-hkcl-certificate",
                            "path": "/",
                            "unique_id": "AIDAIOA6E32NS3ZPBWKJK"
                        },
                        "meta": {},
                        "tainted": false
                    },
                    "deposed": [],
                    "provider": ""
                },
                "aws_iam_user_policy.lb_ro": {
                    "type": "aws_iam_user_policy",
                    "depends_on": [
                        "aws_iam_user.iam_user"
                    ],
                    "primary": {
                        "id": "disha-online-hkcl-certificate:disha-online-hkcl-certificate-policy",
                        "attributes": {
                            "id": "disha-online-hkcl-certificate:disha-online-hkcl-certificate-policy",
                            "name": "disha-online-hkcl-certificate-policy",
                            "policy": "{\n    \"Version\": \"2012-10-17\",\n    \"Statement\": [\n        {\n            \"Effect\": \"Allow\",\n            \"Action\": [\n                \"s3:*\"\n            ],\n            \"Resource\": [\n                \"arn:aws:s3:::disha-online-certificates-sign-zip/hkcl/*\"\n            ]\n        }\n    ]\n}\n",
                            "user": "disha-online-hkcl-certificate"
                        },
                        "meta": {},
                        "tainted": false
                    },
                    "deposed": [],
                    "provider": ""
                }
            },
            "depends_on": []
        },
        {
            "path": [
                "root",
                "disha_online_env",
                "iam_user_nios_certificate"
            ],
            "outputs": {},
            "resources": {
                "aws_iam_access_key.iam_access_key": {
                    "type": "aws_iam_access_key",
                    "depends_on": [
                        "aws_iam_user.iam_user"
                    ],
                    "primary": {
                        "id": "AKIAJUIYABAUGKBXTD5Q",
                        "attributes": {
                            "id": "AKIAJUIYABAUGKBXTD5Q",
                            "secret": "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",
                            "ses_smtp_password": "AtZshK1Xf6CKe9AbJIXAH8V4sPbXblR/hdjuQ1tiCGR3",
                            "status": "Active",
                            "user": "disha-online-nios-certificate"
                        },
                        "meta": {},
                        "tainted": false
                    },
                    "deposed": [],
                    "provider": ""
                },
                "aws_iam_user.iam_user": {
                    "type": "aws_iam_user",
                    "depends_on": [],
                    "primary": {
                        "id": "disha-online-nios-certificate",
                        "attributes": {
                            "arn": "arn:aws:iam::044611426596:user/disha-online-nios-certificate",
                            "force_destroy": "false",
                            "id": "disha-online-nios-certificate",
                            "name": "disha-online-nios-certificate",
                            "path": "/",
                            "unique_id": "AIDAJPCSTZ2YCXGJULVWC"
                        },
                        "meta": {},
                        "tainted": false
                    },
                    "deposed": [],
                    "provider": ""
                },
                "aws_iam_user_policy.lb_ro": {
                    "type": "aws_iam_user_policy",
                    "depends_on": [
                        "aws_iam_user.iam_user"
                    ],
                    "primary": {
                        "id": "disha-online-nios-certificate:disha-online-nios-certificate-policy",
                        "attributes": {
                            "id": "disha-online-nios-certificate:disha-online-nios-certificate-policy",
                            "name": "disha-online-nios-certificate-policy",
                            "policy": "{\n    \"Version\": \"2012-10-17\",\n    \"Statement\": [\n        {\n            \"Effect\": \"Allow\",\n            \"Action\": [\n                \"s3:*\"\n            ],\n            \"Resource\": [\n                \"arn:aws:s3:::disha-online-certificates-sign-zip/nios/*\"\n            ]\n        }\n    ]\n}\n",
                            "user": "disha-online-nios-certificate"
                        },
                        "meta": {},
                        "tainted": false
                    },
                    "deposed": [],
                    "provider": ""
                }
            },
            "depends_on": []
        },
        {
            "path": [
                "root",
                "disha_online_env",
                "jump_box"
            ],
            "outputs": {
                "instance_id": {
                    "sensitive": false,
                    "type": "string",
                    "value": "i-02794cdeec992d2bd"
                },
                "instance_name": {
                    "sensitive": false,
                    "type": "string",
                    "value": "disha-online-jump-box"
                },
                "public_ip": {
                    "sensitive": false,
                    "type": "string",
                    "value": "13.127.116.110"
                }
            },
            "resources": {
                "aws_cloudwatch_metric_alarm.instance_status_check": {
                    "type": "aws_cloudwatch_metric_alarm",
                    "depends_on": [
                        "aws_instance.instance"
                    ],
                    "primary": {
                        "id": "disha-online-jump-box-status-checks-failed",
                        "attributes": {
                            "actions_enabled": "true",
                            "alarm_actions.#": "1",
                            "alarm_actions.992370358": "arn:aws:sns:ap-south-1:044611426596:disha-online-sns",
                            "alarm_description": "This metric monitors ec2 status checks",
                            "alarm_name": "disha-online-jump-box-status-checks-failed",
                            "comparison_operator": "GreaterThanOrEqualToThreshold",
                            "dimensions.%": "1",
                            "dimensions.InstanceId": "i-02794cdeec992d2bd",
                            "evaluate_low_sample_count_percentiles": "",
                            "evaluation_periods": "1",
                            "extended_statistic": "",
                            "id": "disha-online-jump-box-status-checks-failed",
                            "insufficient_data_actions.#": "1",
                            "insufficient_data_actions.992370358": "arn:aws:sns:ap-south-1:044611426596:disha-online-sns",
                            "metric_name": "StatusCheckFailed",
                            "namespace": "AWS/EC2",
                            "ok_actions.#": "1",
                            "ok_actions.992370358": "arn:aws:sns:ap-south-1:044611426596:disha-online-sns",
                            "period": "60",
                            "statistic": "Average",
                            "threshold": "1",
                            "treat_missing_data": "missing",
                            "unit": ""
                        },
                        "meta": {
                            "schema_version": "1"
                        },
                        "tainted": false
                    },
                    "deposed": [],
                    "provider": ""
                },
                "aws_instance.instance": {
                    "type": "aws_instance",
                    "depends_on": [
                        "module.sg"
                    ],
                    "primary": {
                        "id": "i-02794cdeec992d2bd",
                        "attributes": {
                            "ami": "ami-1323767c",
                            "associate_public_ip_address": "true",
                            "availability_zone": "ap-south-1a",
                            "disable_api_termination": "false",
                            "ebs_block_device.#": "1",
                            "ebs_block_device.1001659282.delete_on_termination": "true",
                            "ebs_block_device.1001659282.device_name": "/dev/sdb",
                            "ebs_block_device.1001659282.encrypted": "false",
                            "ebs_block_device.1001659282.iops": "0",
                            "ebs_block_device.1001659282.snapshot_id": "snap-07b0059a97417e0a9",
                            "ebs_block_device.1001659282.volume_size": "30",
                            "ebs_block_device.1001659282.volume_type": "standard",
                            "ebs_optimized": "false",
                            "ephemeral_block_device.#": "0",
                            "iam_instance_profile": "",
                            "id": "i-02794cdeec992d2bd",
                            "instance_state": "running",
                            "instance_type": "t2.micro",
                            "ipv6_addresses.#": "0",
                            "key_name": "disha-online.onlinepvt",
                            "monitoring": "false",
                            "network_interface.#": "0",
                            "network_interface_id": "eni-aaeb90f5",
                            "primary_network_interface_id": "eni-aaeb90f5",
                            "private_dns": "ip-20-0-4-203.ap-south-1.compute.internal",
                            "private_ip": "20.0.4.203",
                            "public_dns": "ec2-13-127-116-110.ap-south-1.compute.amazonaws.com",
                            "public_ip": "13.127.116.110",
                            "root_block_device.#": "1",
                            "root_block_device.0.delete_on_termination": "true",
                            "root_block_device.0.iops": "100",
                            "root_block_device.0.volume_size": "24",
                            "root_block_device.0.volume_type": "gp2",
                            "security_groups.#": "0",
                            "source_dest_check": "true",
                            "subnet_id": "subnet-f9914591",
                            "tags.%": "3",
                            "tags.Cluster": "maintenance",
                            "tags.Environment": "disha-online",
                            "tags.Name": "disha-online-jump-box",
                            "tenancy": "default",
                            "volume_tags.%": "1",
                            "volume_tags.Name": "disha-online-jump-box",
                            "vpc_security_group_ids.#": "2",
                            "vpc_security_group_ids.1696488369": "sg-bfebfdd7",
                            "vpc_security_group_ids.2043649916": "sg-93e9fffb"
                        },
                        "meta": {
                            "e2bfb730-ecaa-11e6-8f88-34363bc7c4c0": {
                                "create": 600000000000,
                                "delete": 600000000000,
                                "update": 600000000000
                            },
                            "schema_version": "1"
                        },
                        "tainted": false
                    },
                    "deposed": [],
                    "provider": ""
                },
                "aws_route53_record.instance_route53_entry": {
                    "type": "aws_route53_record",
                    "depends_on": [
                        "aws_instance.instance"
                    ],
                    "primary": {
                        "id": "Z1W3IBBR2VYHVF_jump-box_A",
                        "attributes": {
                            "fqdn": "jump-box.onlinepvt",
                            "health_check_id": "",
                            "id": "Z1W3IBBR2VYHVF_jump-box_A",
                            "name": "jump-box",
                            "records.#": "1",
                            "records.2343693185": "20.0.4.203",
                            "set_identifier": "",
                            "ttl": "60",
                            "type": "A",
                            "zone_id": "Z1W3IBBR2VYHVF"
                        },
                        "meta": {
                            "schema_version": "2"
                        },
                        "tainted": false
                    },
                    "deposed": [],
                    "provider": ""
                }
            },
            "depends_on": []
        },
        {
            "path": [
                "root",
                "disha_online_env",
                "metabase-tg-http"
            ],
            "outputs": {
                "alb_tg_arn": {
                    "sensitive": false,
                    "type": "string",
                    "value": "arn:aws:elasticloadbalancing:ap-south-1:044611426596:targetgroup/disha-online-metabase-http/5cd86a5140d96926"
                }
            },
            "resources": {
                "aws_alb_target_group.alb_tg": {
                    "type": "aws_alb_target_group",
                    "depends_on": [],
                    "primary": {
                        "id": "arn:aws:elasticloadbalancing:ap-south-1:044611426596:targetgroup/disha-online-metabase-http/5cd86a5140d96926",
                        "attributes": {
                            "arn": "arn:aws:elasticloadbalancing:ap-south-1:044611426596:targetgroup/disha-online-metabase-http/5cd86a5140d96926",
                            "arn_suffix": "targetgroup/disha-online-metabase-http/5cd86a5140d96926",
                            "deregistration_delay": "300",
                            "health_check.#": "1",
                            "health_check.0.healthy_threshold": "2",
                            "health_check.0.interval": "15",
                            "health_check.0.matcher": "200",
                            "health_check.0.path": "/",
                            "health_check.0.port": "8080",
                            "health_check.0.protocol": "HTTP",
                            "health_check.0.timeout": "10",
                            "health_check.0.unhealthy_threshold": "2",
                            "id": "arn:aws:elasticloadbalancing:ap-south-1:044611426596:targetgroup/disha-online-metabase-http/5cd86a5140d96926",
                            "name": "disha-online-metabase-http",
                            "port": "8080",
                            "protocol": "HTTP",
                            "stickiness.#": "1",
                            "stickiness.0.cookie_duration": "86400",
                            "stickiness.0.enabled": "false",
                            "stickiness.0.type": "lb_cookie",
                            "tags.%": "0",
                            "target_type": "instance",
                            "vpc_id": "vpc-905a95f8"
                        },
                        "meta": {},
                        "tainted": false
                    },
                    "deposed": [],
                    "provider": ""
                },
                "aws_cloudwatch_metric_alarm.high_unhealthy_alarm": {
                    "type": "aws_cloudwatch_metric_alarm",
                    "depends_on": [],
                    "primary": {
                        "id": "disha-online-ELB-metabase-http-High-Unhealthy-Hosts",
                        "attributes": {
                            "actions_enabled": "true",
                            "alarm_actions.#": "1",
                            "alarm_actions.992370358": "arn:aws:sns:ap-south-1:044611426596:disha-online-sns",
                            "alarm_description": "Raises alarm if unhealthy instances in disha-online-metabase-http load balancer increase",
                            "alarm_name": "disha-online-ELB-metabase-http-High-Unhealthy-Hosts",
                            "comparison_operator": "GreaterThanThreshold",
                            "dimensions.%": "1",
                            "dimensions.LoadBalancerName": "disha-online-metabase-http",
                            "evaluate_low_sample_count_percentiles": "",
                            "evaluation_periods": "1",
                            "extended_statistic": "",
                            "id": "disha-online-ELB-metabase-http-High-Unhealthy-Hosts",
                            "insufficient_data_actions.#": "0",
                            "metric_name": "UnHealthyHostCount",
                            "namespace": "AWS/ELB",
                            "ok_actions.#": "0",
                            "period": "60",
                            "statistic": "Average",
                            "threshold": "0",
                            "treat_missing_data": "missing",
                            "unit": ""
                        },
                        "meta": {
                            "schema_version": "1"
                        },
                        "tainted": false
                    },
                    "deposed": [],
                    "provider": ""
                },
                "aws_cloudwatch_metric_alarm.low_healthy_alarm": {
                    "type": "aws_cloudwatch_metric_alarm",
                    "depends_on": [],
                    "primary": {
                        "id": "disha-online-ELB-metabase-http-Low-Healthy-Hosts",
                        "attributes": {
                            "actions_enabled": "true",
                            "alarm_actions.#": "1",
                            "alarm_actions.992370358": "arn:aws:sns:ap-south-1:044611426596:disha-online-sns",
                            "alarm_description": "Raises alarm if healthy instances in disha-online-metabase-http load balancer decrease",
                            "alarm_name": "disha-online-ELB-metabase-http-Low-Healthy-Hosts",
                            "comparison_operator": "LessThanThreshold",
                            "dimensions.%": "1",
                            "dimensions.LoadBalancerName": "disha-online-metabase-http",
                            "evaluate_low_sample_count_percentiles": "",
                            "evaluation_periods": "1",
                            "extended_statistic": "",
                            "id": "disha-online-ELB-metabase-http-Low-Healthy-Hosts",
                            "insufficient_data_actions.#": "0",
                            "metric_name": "HealthyHostCount",
                            "namespace": "AWS/ELB",
                            "ok_actions.#": "0",
                            "period": "60",
                            "statistic": "Average",
                            "threshold": "1",
                            "treat_missing_data": "missing",
                            "unit": ""
                        },
                        "meta": {
                            "schema_version": "1"
                        },
                        "tainted": false
                    },
                    "deposed": [],
                    "provider": ""
                }
            },
            "depends_on": []
        },
        {
            "path": [
                "root",
                "disha_online_env",
                "metabase_instance"
            ],
            "outputs": {
                "instance_id": {
                    "sensitive": false,
                    "type": "string",
                    "value": "i-0a7af01a29395dcc3"
                },
                "instance_name": {
                    "sensitive": false,
                    "type": "string",
                    "value": "disha-online-metabase"
                },
                "public_ip": {
                    "sensitive": false,
                    "type": "string",
                    "value": ""
                }
            },
            "resources": {
                "aws_cloudwatch_metric_alarm.instance_status_check": {
                    "type": "aws_cloudwatch_metric_alarm",
                    "depends_on": [
                        "aws_instance.instance"
                    ],
                    "primary": {
                        "id": "disha-online-metabase-status-checks-failed",
                        "attributes": {
                            "actions_enabled": "true",
                            "alarm_actions.#": "1",
                            "alarm_actions.992370358": "arn:aws:sns:ap-south-1:044611426596:disha-online-sns",
                            "alarm_description": "This metric monitors ec2 status checks",
                            "alarm_name": "disha-online-metabase-status-checks-failed",
                            "comparison_operator": "GreaterThanOrEqualToThreshold",
                            "dimensions.%": "1",
                            "dimensions.InstanceId": "i-0a7af01a29395dcc3",
                            "evaluate_low_sample_count_percentiles": "",
                            "evaluation_periods": "1",
                            "extended_statistic": "",
                            "id": "disha-online-metabase-status-checks-failed",
                            "insufficient_data_actions.#": "1",
                            "insufficient_data_actions.992370358": "arn:aws:sns:ap-south-1:044611426596:disha-online-sns",
                            "metric_name": "StatusCheckFailed",
                            "namespace": "AWS/EC2",
                            "ok_actions.#": "1",
                            "ok_actions.992370358": "arn:aws:sns:ap-south-1:044611426596:disha-online-sns",
                            "period": "60",
                            "statistic": "Average",
                            "threshold": "1",
                            "treat_missing_data": "missing",
                            "unit": ""
                        },
                        "meta": {
                            "schema_version": "1"
                        },
                        "tainted": false
                    },
                    "deposed": [],
                    "provider": ""
                },
                "aws_instance.instance": {
                    "type": "aws_instance",
                    "depends_on": [
                        "module.sg"
                    ],
                    "primary": {
                        "id": "i-0a7af01a29395dcc3",
                        "attributes": {
                            "ami": "ami-1323767c",
                            "associate_public_ip_address": "false",
                            "availability_zone": "ap-south-1a",
                            "disable_api_termination": "false",
                            "ebs_block_device.#": "1",
                            "ebs_block_device.1001659282.delete_on_termination": "true",
                            "ebs_block_device.1001659282.device_name": "/dev/sdb",
                            "ebs_block_device.1001659282.encrypted": "false",
                            "ebs_block_device.1001659282.iops": "0",
                            "ebs_block_device.1001659282.snapshot_id": "snap-07b0059a97417e0a9",
                            "ebs_block_device.1001659282.volume_size": "30",
                            "ebs_block_device.1001659282.volume_type": "standard",
                            "ebs_optimized": "false",
                            "ephemeral_block_device.#": "0",
                            "iam_instance_profile": "disha-online-instance-profile",
                            "id": "i-0a7af01a29395dcc3",
                            "instance_state": "running",
                            "instance_type": "t2.large",
                            "ipv6_addresses.#": "0",
                            "key_name": "disha-online.onlinepvt",
                            "monitoring": "false",
                            "network_interface.#": "0",
                            "network_interface_id": "eni-fcea91a3",
                            "primary_network_interface_id": "eni-fcea91a3",
                            "private_dns": "ip-20-0-0-204.ap-south-1.compute.internal",
                            "private_ip": "20.0.0.204",
                            "public_dns": "",
                            "public_ip": "",
                            "root_block_device.#": "1",
                            "root_block_device.0.delete_on_termination": "true",
                            "root_block_device.0.iops": "100",
                            "root_block_device.0.volume_size": "24",
                            "root_block_device.0.volume_type": "gp2",
                            "security_groups.#": "0",
                            "source_dest_check": "true",
                            "subnet_id": "subnet-3c924654",
                            "tags.%": "3",
                            "tags.Cluster": "disha",
                            "tags.Environment": "disha-online",
                            "tags.Name": "disha-online-metabase",
                            "tenancy": "default",
                            "volume_tags.%": "1",
                            "volume_tags.Name": "disha-online-metabase",
                            "vpc_security_group_ids.#": "2",
                            "vpc_security_group_ids.1696488369": "sg-bfebfdd7",
                            "vpc_security_group_ids.1821600810": "sg-cce8fea4"
                        },
                        "meta": {
                            "e2bfb730-ecaa-11e6-8f88-34363bc7c4c0": {
                                "create": 600000000000,
                                "delete": 600000000000,
                                "update": 600000000000
                            },
                            "schema_version": "1"
                        },
                        "tainted": false
                    },
                    "deposed": [],
                    "provider": ""
                },
                "aws_route53_record.instance_route53_entry": {
                    "type": "aws_route53_record",
                    "depends_on": [
                        "aws_instance.instance"
                    ],
                    "primary": {
                        "id": "Z1W3IBBR2VYHVF_metabase_A",
                        "attributes": {
                            "fqdn": "metabase.onlinepvt",
                            "health_check_id": "",
                            "id": "Z1W3IBBR2VYHVF_metabase_A",
                            "name": "metabase",
                            "records.#": "1",
                            "records.3763722466": "20.0.0.204",
                            "set_identifier": "",
                            "ttl": "60",
                            "type": "A",
                            "zone_id": "Z1W3IBBR2VYHVF"
                        },
                        "meta": {
                            "schema_version": "2"
                        },
                        "tainted": false
                    },
                    "deposed": [],
                    "provider": ""
                }
            },
            "depends_on": []
        },
        {
            "path": [
                "root",
                "disha_online_env",
                "nfs_instance"
            ],
            "outputs": {
                "instance_id": {
                    "sensitive": false,
                    "type": "string",
                    "value": "i-0723671dac82cd2ce"
                },
                "instance_name": {
                    "sensitive": false,
                    "type": "string",
                    "value": "disha-online-nfs"
                },
                "public_ip": {
                    "sensitive": false,
                    "type": "string",
                    "value": ""
                }
            },
            "resources": {
                "aws_cloudwatch_metric_alarm.instance_status_check": {
                    "type": "aws_cloudwatch_metric_alarm",
                    "depends_on": [
                        "aws_instance.instance"
                    ],
                    "primary": {
                        "id": "disha-online-nfs-status-checks-failed",
                        "attributes": {
                            "actions_enabled": "true",
                            "alarm_actions.#": "1",
                            "alarm_actions.992370358": "arn:aws:sns:ap-south-1:044611426596:disha-online-sns",
                            "alarm_description": "This metric monitors ec2 status checks",
                            "alarm_name": "disha-online-nfs-status-checks-failed",
                            "comparison_operator": "GreaterThanOrEqualToThreshold",
                            "dimensions.%": "1",
                            "dimensions.InstanceId": "i-0723671dac82cd2ce",
                            "evaluate_low_sample_count_percentiles": "",
                            "evaluation_periods": "1",
                            "extended_statistic": "",
                            "id": "disha-online-nfs-status-checks-failed",
                            "insufficient_data_actions.#": "1",
                            "insufficient_data_actions.992370358": "arn:aws:sns:ap-south-1:044611426596:disha-online-sns",
                            "metric_name": "StatusCheckFailed",
                            "namespace": "AWS/EC2",
                            "ok_actions.#": "1",
                            "ok_actions.992370358": "arn:aws:sns:ap-south-1:044611426596:disha-online-sns",
                            "period": "60",
                            "statistic": "Average",
                            "threshold": "1",
                            "treat_missing_data": "missing",
                            "unit": ""
                        },
                        "meta": {
                            "schema_version": "1"
                        },
                        "tainted": false
                    },
                    "deposed": [],
                    "provider": ""
                },
                "aws_instance.instance": {
                    "type": "aws_instance",
                    "depends_on": [
                        "module.sg"
                    ],
                    "primary": {
                        "id": "i-0723671dac82cd2ce",
                        "attributes": {
                            "ami": "ami-1323767c",
                            "associate_public_ip_address": "false",
                            "availability_zone": "ap-south-1a",
                            "disable_api_termination": "false",
                            "ebs_block_device.#": "2",
                            "ebs_block_device.1001659282.delete_on_termination": "true",
                            "ebs_block_device.1001659282.device_name": "/dev/sdb",
                            "ebs_block_device.1001659282.encrypted": "false",
                            "ebs_block_device.1001659282.iops": "0",
                            "ebs_block_device.1001659282.snapshot_id": "snap-07b0059a97417e0a9",
                            "ebs_block_device.1001659282.volume_size": "30",
                            "ebs_block_device.1001659282.volume_type": "standard",
                            "ebs_block_device.1240117860.delete_on_termination": "false",
                            "ebs_block_device.1240117860.device_name": "/dev/sdh",
                            "ebs_block_device.1240117860.encrypted": "false",
                            "ebs_block_device.1240117860.iops": "600",
                            "ebs_block_device.1240117860.snapshot_id": "snap-0c9ec9851dc6ac43f",
                            "ebs_block_device.1240117860.volume_size": "200",
                            "ebs_block_device.1240117860.volume_type": "gp2",
                            "ebs_optimized": "false",
                            "ephemeral_block_device.#": "0",
                            "iam_instance_profile": "disha-online-instance-profile",
                            "id": "i-0723671dac82cd2ce",
                            "instance_state": "running",
                            "instance_type": "t2.medium",
                            "ipv6_addresses.#": "0",
                            "key_name": "disha-online.onlinepvt",
                            "monitoring": "false",
                            "network_interface.#": "0",
                            "network_interface_id": "eni-cbb3c894",
                            "primary_network_interface_id": "eni-cbb3c894",
                            "private_dns": "ip-20-0-0-162.ap-south-1.compute.internal",
                            "private_ip": "20.0.0.162",
                            "public_dns": "",
                            "public_ip": "",
                            "root_block_device.#": "1",
                            "root_block_device.0.delete_on_termination": "true",
                            "root_block_device.0.iops": "100",
                            "root_block_device.0.volume_size": "24",
                            "root_block_device.0.volume_type": "gp2",
                            "security_groups.#": "0",
                            "source_dest_check": "true",
                            "subnet_id": "subnet-3c924654",
                            "tags.%": "3",
                            "tags.Cluster": "platform-core-server",
                            "tags.Environment": "disha-online",
                            "tags.Name": "disha-online-nfs",
                            "tenancy": "default",
                            "volume_tags.%": "1",
                            "volume_tags.Name": "disha-online-nfs",
                            "vpc_security_group_ids.#": "2",
                            "vpc_security_group_ids.1696488369": "sg-bfebfdd7",
                            "vpc_security_group_ids.4066961077": "sg-c3e9ffab"
                        },
                        "meta": {
                            "e2bfb730-ecaa-11e6-8f88-34363bc7c4c0": {
                                "create": 600000000000,
                                "delete": 600000000000,
                                "update": 600000000000
                            },
                            "schema_version": "1"
                        },
                        "tainted": false
                    },
                    "deposed": [],
                    "provider": ""
                },
                "aws_route53_record.instance_route53_entry": {
                    "type": "aws_route53_record",
                    "depends_on": [
                        "aws_instance.instance"
                    ],
                    "primary": {
                        "id": "Z1W3IBBR2VYHVF_nfs_A",
                        "attributes": {
                            "fqdn": "nfs.onlinepvt",
                            "health_check_id": "",
                            "id": "Z1W3IBBR2VYHVF_nfs_A",
                            "name": "nfs",
                            "records.#": "1",
                            "records.1563059208": "20.0.0.162",
                            "set_identifier": "",
                            "ttl": "60",
                            "type": "A",
                            "zone_id": "Z1W3IBBR2VYHVF"
                        },
                        "meta": {
                            "schema_version": "2"
                        },
                        "tainted": false
                    },
                    "deposed": [],
                    "provider": ""
                }
            },
            "depends_on": []
        },
        {
            "path": [
                "root",
                "disha_online_env",
                "nfs_volume_attach"
            ],
            "outputs": {
                "created_volume_size": {
                    "sensitive": false,
                    "type": "string",
                    "value": "200"
                }
            },
            "resources": {
                "aws_ebs_volume.ebs_from_snapshot": {
                    "type": "aws_ebs_volume",
                    "depends_on": [],
                    "primary": {
                        "id": "vol-030477ab27997831a",
                        "attributes": {
                            "arn": "arn:aws:ec2:ap-south-1:044611426596:volume/vol-030477ab27997831a",
                            "availability_zone": "ap-south-1a",
                            "encrypted": "false",
                            "id": "vol-030477ab27997831a",
                            "size": "200",
                            "snapshot_id": "snap-0c9ec9851dc6ac43f",
                            "tags.%": "1",
                            "tags.Name": "disha-online-nfs",
                            "type": "gp2"
                        },
                        "meta": {},
                        "tainted": false
                    },
                    "deposed": [],
                    "provider": ""
                },
                "aws_volume_attachment.attach_ebs_created_from_snapshot": {
                    "type": "aws_volume_attachment",
                    "depends_on": [
                        "aws_ebs_volume.ebs_from_snapshot"
                    ],
                    "primary": {
                        "id": "vai-948412255",
                        "attributes": {
                            "device_name": "/dev/sdh",
                            "id": "vai-948412255",
                            "instance_id": "i-0723671dac82cd2ce",
                            "volume_id": "vol-030477ab27997831a"
                        },
                        "meta": {},
                        "tainted": false
                    },
                    "deposed": [],
                    "provider": ""
                }
            },
            "depends_on": []
        },
        {
            "path": [
                "root",
                "disha_online_env",
                "pmgdisha_info_instance"
            ],
            "outputs": {
                "instance_id": {
                    "sensitive": false,
                    "type": "string",
                    "value": "i-067280d7d23b52c55"
                },
                "instance_name": {
                    "sensitive": false,
                    "type": "string",
                    "value": "disha-online-pmgdisha_info"
                },
                "public_ip": {
                    "sensitive": false,
                    "type": "string",
                    "value": ""
                }
            },
            "resources": {
                "aws_cloudwatch_metric_alarm.instance_status_check": {
                    "type": "aws_cloudwatch_metric_alarm",
                    "depends_on": [
                        "aws_instance.instance"
                    ],
                    "primary": {
                        "id": "disha-online-pmgdisha_info-status-checks-failed",
                        "attributes": {
                            "actions_enabled": "true",
                            "alarm_actions.#": "1",
                            "alarm_actions.992370358": "arn:aws:sns:ap-south-1:044611426596:disha-online-sns",
                            "alarm_description": "This metric monitors ec2 status checks",
                            "alarm_name": "disha-online-pmgdisha_info-status-checks-failed",
                            "comparison_operator": "GreaterThanOrEqualToThreshold",
                            "dimensions.%": "1",
                            "dimensions.InstanceId": "i-067280d7d23b52c55",
                            "evaluate_low_sample_count_percentiles": "",
                            "evaluation_periods": "1",
                            "extended_statistic": "",
                            "id": "disha-online-pmgdisha_info-status-checks-failed",
                            "insufficient_data_actions.#": "1",
                            "insufficient_data_actions.992370358": "arn:aws:sns:ap-south-1:044611426596:disha-online-sns",
                            "metric_name": "StatusCheckFailed",
                            "namespace": "AWS/EC2",
                            "ok_actions.#": "1",
                            "ok_actions.992370358": "arn:aws:sns:ap-south-1:044611426596:disha-online-sns",
                            "period": "60",
                            "statistic": "Average",
                            "threshold": "1",
                            "treat_missing_data": "missing",
                            "unit": ""
                        },
                        "meta": {
                            "schema_version": "1"
                        },
                        "tainted": false
                    },
                    "deposed": [],
                    "provider": ""
                },
                "aws_instance.instance": {
                    "type": "aws_instance",
                    "depends_on": [
                        "module.sg"
                    ],
                    "primary": {
                        "id": "i-067280d7d23b52c55",
                        "attributes": {
                            "ami": "ami-1323767c",
                            "associate_public_ip_address": "false",
                            "availability_zone": "ap-south-1a",
                            "disable_api_termination": "false",
                            "ebs_block_device.#": "1",
                            "ebs_block_device.1001659282.delete_on_termination": "true",
                            "ebs_block_device.1001659282.device_name": "/dev/sdb",
                            "ebs_block_device.1001659282.encrypted": "false",
                            "ebs_block_device.1001659282.iops": "0",
                            "ebs_block_device.1001659282.snapshot_id": "snap-07b0059a97417e0a9",
                            "ebs_block_device.1001659282.volume_size": "30",
                            "ebs_block_device.1001659282.volume_type": "standard",
                            "ebs_optimized": "false",
                            "ephemeral_block_device.#": "0",
                            "iam_instance_profile": "disha-online-instance-profile",
                            "id": "i-067280d7d23b52c55",
                            "instance_state": "running",
                            "instance_type": "t2.medium",
                            "ipv6_addresses.#": "0",
                            "key_name": "disha-online.onlinepvt",
                            "monitoring": "false",
                            "network_interface.#": "0",
                            "network_interface_id": "eni-73b9c22c",
                            "primary_network_interface_id": "eni-73b9c22c",
                            "private_dns": "ip-20-0-0-154.ap-south-1.compute.internal",
                            "private_ip": "20.0.0.154",
                            "public_dns": "",
                            "public_ip": "",
                            "root_block_device.#": "1",
                            "root_block_device.0.delete_on_termination": "true",
                            "root_block_device.0.iops": "100",
                            "root_block_device.0.volume_size": "24",
                            "root_block_device.0.volume_type": "gp2",
                            "security_groups.#": "0",
                            "source_dest_check": "true",
                            "subnet_id": "subnet-3c924654",
                            "tags.%": "3",
                            "tags.Cluster": "disha",
                            "tags.Environment": "disha-online",
                            "tags.Name": "disha-online-pmgdisha_info",
                            "tenancy": "default",
                            "volume_tags.%": "1",
                            "volume_tags.Name": "disha-online-pmgdisha_info",
                            "vpc_security_group_ids.#": "2",
                            "vpc_security_group_ids.1696488369": "sg-bfebfdd7",
                            "vpc_security_group_ids.267532506": "sg-b3ebfddb"
                        },
                        "meta": {
                            "e2bfb730-ecaa-11e6-8f88-34363bc7c4c0": {
                                "create": 600000000000,
                                "delete": 600000000000,
                                "update": 600000000000
                            },
                            "schema_version": "1"
                        },
                        "tainted": false
                    },
                    "deposed": [],
                    "provider": ""
                },
                "aws_route53_record.instance_route53_entry": {
                    "type": "aws_route53_record",
                    "depends_on": [
                        "aws_instance.instance"
                    ],
                    "primary": {
                        "id": "Z1W3IBBR2VYHVF_pmgdisha_info_A",
                        "attributes": {
                            "fqdn": "pmgdisha_info.onlinepvt",
                            "health_check_id": "",
                            "id": "Z1W3IBBR2VYHVF_pmgdisha_info_A",
                            "name": "pmgdisha_info",
                            "records.#": "1",
                            "records.2674168574": "20.0.0.154",
                            "set_identifier": "",
                            "ttl": "60",
                            "type": "A",
                            "zone_id": "Z1W3IBBR2VYHVF"
                        },
                        "meta": {
                            "schema_version": "2"
                        },
                        "tainted": false
                    },
                    "deposed": [],
                    "provider": ""
                }
            },
            "depends_on": []
        },
        {
            "path": [
                "root",
                "disha_online_env",
                "practice-tg-http"
            ],
            "outputs": {
                "alb_tg_arn": {
                    "sensitive": false,
                    "type": "string",
                    "value": "arn:aws:elasticloadbalancing:ap-south-1:044611426596:targetgroup/disha-online-practice-http/27f18d1681b2df0d"
                }
            },
            "resources": {
                "aws_alb_target_group.alb_tg": {
                    "type": "aws_alb_target_group",
                    "depends_on": [],
                    "primary": {
                        "id": "arn:aws:elasticloadbalancing:ap-south-1:044611426596:targetgroup/disha-online-practice-http/27f18d1681b2df0d",
                        "attributes": {
                            "arn": "arn:aws:elasticloadbalancing:ap-south-1:044611426596:targetgroup/disha-online-practice-http/27f18d1681b2df0d",
                            "arn_suffix": "targetgroup/disha-online-practice-http/27f18d1681b2df0d",
                            "deregistration_delay": "300",
                            "health_check.#": "1",
                            "health_check.0.healthy_threshold": "2",
                            "health_check.0.interval": "15",
                            "health_check.0.matcher": "200",
                            "health_check.0.path": "/statusCheck",
                            "health_check.0.port": "8040",
                            "health_check.0.protocol": "HTTP",
                            "health_check.0.timeout": "10",
                            "health_check.0.unhealthy_threshold": "2",
                            "id": "arn:aws:elasticloadbalancing:ap-south-1:044611426596:targetgroup/disha-online-practice-http/27f18d1681b2df0d",
                            "name": "disha-online-practice-http",
                            "port": "8040",
                            "protocol": "HTTP",
                            "stickiness.#": "1",
                            "stickiness.0.cookie_duration": "86400",
                            "stickiness.0.enabled": "false",
                            "stickiness.0.type": "lb_cookie",
                            "tags.%": "0",
                            "target_type": "instance",
                            "vpc_id": "vpc-905a95f8"
                        },
                        "meta": {},
                        "tainted": false
                    },
                    "deposed": [],
                    "provider": ""
                },
                "aws_cloudwatch_metric_alarm.high_unhealthy_alarm": {
                    "type": "aws_cloudwatch_metric_alarm",
                    "depends_on": [],
                    "primary": {
                        "id": "disha-online-ELB-practice-http-High-Unhealthy-Hosts",
                        "attributes": {
                            "actions_enabled": "true",
                            "alarm_actions.#": "1",
                            "alarm_actions.992370358": "arn:aws:sns:ap-south-1:044611426596:disha-online-sns",
                            "alarm_description": "Raises alarm if unhealthy instances in disha-online-practice-http load balancer increase",
                            "alarm_name": "disha-online-ELB-practice-http-High-Unhealthy-Hosts",
                            "comparison_operator": "GreaterThanThreshold",
                            "dimensions.%": "1",
                            "dimensions.LoadBalancerName": "disha-online-practice-http",
                            "evaluate_low_sample_count_percentiles": "",
                            "evaluation_periods": "1",
                            "extended_statistic": "",
                            "id": "disha-online-ELB-practice-http-High-Unhealthy-Hosts",
                            "insufficient_data_actions.#": "0",
                            "metric_name": "UnHealthyHostCount",
                            "namespace": "AWS/ELB",
                            "ok_actions.#": "0",
                            "period": "60",
                            "statistic": "Average",
                            "threshold": "0",
                            "treat_missing_data": "missing",
                            "unit": ""
                        },
                        "meta": {
                            "schema_version": "1"
                        },
                        "tainted": false
                    },
                    "deposed": [],
                    "provider": ""
                },
                "aws_cloudwatch_metric_alarm.low_healthy_alarm": {
                    "type": "aws_cloudwatch_metric_alarm",
                    "depends_on": [],
                    "primary": {
                        "id": "disha-online-ELB-practice-http-Low-Healthy-Hosts",
                        "attributes": {
                            "actions_enabled": "true",
                            "alarm_actions.#": "1",
                            "alarm_actions.992370358": "arn:aws:sns:ap-south-1:044611426596:disha-online-sns",
                            "alarm_description": "Raises alarm if healthy instances in disha-online-practice-http load balancer decrease",
                            "alarm_name": "disha-online-ELB-practice-http-Low-Healthy-Hosts",
                            "comparison_operator": "LessThanThreshold",
                            "dimensions.%": "1",
                            "dimensions.LoadBalancerName": "disha-online-practice-http",
                            "evaluate_low_sample_count_percentiles": "",
                            "evaluation_periods": "1",
                            "extended_statistic": "",
                            "id": "disha-online-ELB-practice-http-Low-Healthy-Hosts",
                            "insufficient_data_actions.#": "0",
                            "metric_name": "HealthyHostCount",
                            "namespace": "AWS/ELB",
                            "ok_actions.#": "0",
                            "period": "60",
                            "statistic": "Average",
                            "threshold": "1",
                            "treat_missing_data": "missing",
                            "unit": ""
                        },
                        "meta": {
                            "schema_version": "1"
                        },
                        "tainted": false
                    },
                    "deposed": [],
                    "provider": ""
                }
            },
            "depends_on": []
        },
        {
            "path": [
                "root",
                "disha_online_env",
                "practice_instance"
            ],
            "outputs": {
                "instance_id": {
                    "sensitive": false,
                    "type": "string",
                    "value": "i-0ae59514a4b2d8772"
                },
                "instance_name": {
                    "sensitive": false,
                    "type": "string",
                    "value": "disha-online-practice"
                },
                "public_ip": {
                    "sensitive": false,
                    "type": "string",
                    "value": ""
                }
            },
            "resources": {
                "aws_cloudwatch_metric_alarm.instance_status_check": {
                    "type": "aws_cloudwatch_metric_alarm",
                    "depends_on": [
                        "aws_instance.instance"
                    ],
                    "primary": {
                        "id": "disha-online-practice-status-checks-failed",
                        "attributes": {
                            "actions_enabled": "true",
                            "alarm_actions.#": "1",
                            "alarm_actions.992370358": "arn:aws:sns:ap-south-1:044611426596:disha-online-sns",
                            "alarm_description": "This metric monitors ec2 status checks",
                            "alarm_name": "disha-online-practice-status-checks-failed",
                            "comparison_operator": "GreaterThanOrEqualToThreshold",
                            "dimensions.%": "1",
                            "dimensions.InstanceId": "i-0ae59514a4b2d8772",
                            "evaluate_low_sample_count_percentiles": "",
                            "evaluation_periods": "1",
                            "extended_statistic": "",
                            "id": "disha-online-practice-status-checks-failed",
                            "insufficient_data_actions.#": "1",
                            "insufficient_data_actions.992370358": "arn:aws:sns:ap-south-1:044611426596:disha-online-sns",
                            "metric_name": "StatusCheckFailed",
                            "namespace": "AWS/EC2",
                            "ok_actions.#": "1",
                            "ok_actions.992370358": "arn:aws:sns:ap-south-1:044611426596:disha-online-sns",
                            "period": "60",
                            "statistic": "Average",
                            "threshold": "1",
                            "treat_missing_data": "missing",
                            "unit": ""
                        },
                        "meta": {
                            "schema_version": "1"
                        },
                        "tainted": false
                    },
                    "deposed": [],
                    "provider": ""
                },
                "aws_instance.instance": {
                    "type": "aws_instance",
                    "depends_on": [
                        "module.sg"
                    ],
                    "primary": {
                        "id": "i-0ae59514a4b2d8772",
                        "attributes": {
                            "ami": "ami-1323767c",
                            "associate_public_ip_address": "false",
                            "availability_zone": "ap-south-1a",
                            "disable_api_termination": "false",
                            "ebs_block_device.#": "1",
                            "ebs_block_device.1001659282.delete_on_termination": "true",
                            "ebs_block_device.1001659282.device_name": "/dev/sdb",
                            "ebs_block_device.1001659282.encrypted": "false",
                            "ebs_block_device.1001659282.iops": "0",
                            "ebs_block_device.1001659282.snapshot_id": "snap-07b0059a97417e0a9",
                            "ebs_block_device.1001659282.volume_size": "30",
                            "ebs_block_device.1001659282.volume_type": "standard",
                            "ebs_optimized": "false",
                            "ephemeral_block_device.#": "0",
                            "iam_instance_profile": "disha-online-instance-profile",
                            "id": "i-0ae59514a4b2d8772",
                            "instance_state": "running",
                            "instance_type": "t2.micro",
                            "ipv6_addresses.#": "0",
                            "key_name": "disha-online.onlinepvt",
                            "monitoring": "false",
                            "network_interface.#": "0",
                            "network_interface_id": "eni-f2bdc6ad",
                            "primary_network_interface_id": "eni-f2bdc6ad",
                            "private_dns": "ip-20-0-0-28.ap-south-1.compute.internal",
                            "private_ip": "20.0.0.28",
                            "public_dns": "",
                            "public_ip": "",
                            "root_block_device.#": "1",
                            "root_block_device.0.delete_on_termination": "true",
                            "root_block_device.0.iops": "100",
                            "root_block_device.0.volume_size": "24",
                            "root_block_device.0.volume_type": "gp2",
                            "security_groups.#": "0",
                            "source_dest_check": "true",
                            "subnet_id": "subnet-3c924654",
                            "tags.%": "3",
                            "tags.Cluster": "disha",
                            "tags.Environment": "disha-online",
                            "tags.Name": "disha-online-practice",
                            "tenancy": "default",
                            "volume_tags.%": "1",
                            "volume_tags.Name": "disha-online-practice",
                            "vpc_security_group_ids.#": "2",
                            "vpc_security_group_ids.1696488369": "sg-bfebfdd7",
                            "vpc_security_group_ids.2330820470": "sg-97e9ffff"
                        },
                        "meta": {
                            "e2bfb730-ecaa-11e6-8f88-34363bc7c4c0": {
                                "create": 600000000000,
                                "delete": 600000000000,
                                "update": 600000000000
                            },
                            "schema_version": "1"
                        },
                        "tainted": false
                    },
                    "deposed": [],
                    "provider": ""
                },
                "aws_route53_record.instance_route53_entry": {
                    "type": "aws_route53_record",
                    "depends_on": [
                        "aws_instance.instance"
                    ],
                    "primary": {
                        "id": "Z1W3IBBR2VYHVF_practice_A",
                        "attributes": {
                            "fqdn": "practice.onlinepvt",
                            "health_check_id": "",
                            "id": "Z1W3IBBR2VYHVF_practice_A",
                            "name": "practice",
                            "records.#": "1",
                            "records.2172650538": "20.0.0.28",
                            "set_identifier": "",
                            "ttl": "60",
                            "type": "A",
                            "zone_id": "Z1W3IBBR2VYHVF"
                        },
                        "meta": {
                            "schema_version": "2"
                        },
                        "tainted": false
                    },
                    "deposed": [],
                    "provider": ""
                }
            },
            "depends_on": []
        },
        {
            "path": [
                "root",
                "disha_online_env",
                "redis_instance"
            ],
            "outputs": {
                "instance_id": {
                    "sensitive": false,
                    "type": "string",
                    "value": "i-0eb0fad865c47f8c8"
                },
                "instance_name": {
                    "sensitive": false,
                    "type": "string",
                    "value": "disha-online-redis"
                },
                "public_ip": {
                    "sensitive": false,
                    "type": "string",
                    "value": ""
                }
            },
            "resources": {
                "aws_cloudwatch_metric_alarm.instance_status_check": {
                    "type": "aws_cloudwatch_metric_alarm",
                    "depends_on": [
                        "aws_instance.instance"
                    ],
                    "primary": {
                        "id": "disha-online-redis-status-checks-failed",
                        "attributes": {
                            "actions_enabled": "true",
                            "alarm_actions.#": "1",
                            "alarm_actions.992370358": "arn:aws:sns:ap-south-1:044611426596:disha-online-sns",
                            "alarm_description": "This metric monitors ec2 status checks",
                            "alarm_name": "disha-online-redis-status-checks-failed",
                            "comparison_operator": "GreaterThanOrEqualToThreshold",
                            "dimensions.%": "1",
                            "dimensions.InstanceId": "i-0eb0fad865c47f8c8",
                            "evaluate_low_sample_count_percentiles": "",
                            "evaluation_periods": "1",
                            "extended_statistic": "",
                            "id": "disha-online-redis-status-checks-failed",
                            "insufficient_data_actions.#": "1",
                            "insufficient_data_actions.992370358": "arn:aws:sns:ap-south-1:044611426596:disha-online-sns",
                            "metric_name": "StatusCheckFailed",
                            "namespace": "AWS/EC2",
                            "ok_actions.#": "1",
                            "ok_actions.992370358": "arn:aws:sns:ap-south-1:044611426596:disha-online-sns",
                            "period": "60",
                            "statistic": "Average",
                            "threshold": "1",
                            "treat_missing_data": "missing",
                            "unit": ""
                        },
                        "meta": {
                            "schema_version": "1"
                        },
                        "tainted": false
                    },
                    "deposed": [],
                    "provider": ""
                },
                "aws_instance.instance": {
                    "type": "aws_instance",
                    "depends_on": [
                        "module.sg"
                    ],
                    "primary": {
                        "id": "i-0eb0fad865c47f8c8",
                        "attributes": {
                            "ami": "ami-1323767c",
                            "associate_public_ip_address": "false",
                            "availability_zone": "ap-south-1a",
                            "disable_api_termination": "false",
                            "ebs_block_device.#": "1",
                            "ebs_block_device.1001659282.delete_on_termination": "true",
                            "ebs_block_device.1001659282.device_name": "/dev/sdb",
                            "ebs_block_device.1001659282.encrypted": "false",
                            "ebs_block_device.1001659282.iops": "0",
                            "ebs_block_device.1001659282.snapshot_id": "snap-07b0059a97417e0a9",
                            "ebs_block_device.1001659282.volume_size": "30",
                            "ebs_block_device.1001659282.volume_type": "standard",
                            "ebs_optimized": "false",
                            "ephemeral_block_device.#": "0",
                            "iam_instance_profile": "disha-online-instance-profile",
                            "id": "i-0eb0fad865c47f8c8",
                            "instance_state": "running",
                            "instance_type": "r3.large",
                            "ipv6_addresses.#": "0",
                            "key_name": "disha-online.onlinepvt",
                            "monitoring": "false",
                            "network_interface.#": "0",
                            "network_interface_id": "eni-70bec52f",
                            "primary_network_interface_id": "eni-70bec52f",
                            "private_dns": "ip-20-0-0-191.ap-south-1.compute.internal",
                            "private_ip": "20.0.0.191",
                            "public_dns": "",
                            "public_ip": "",
                            "root_block_device.#": "1",
                            "root_block_device.0.delete_on_termination": "true",
                            "root_block_device.0.iops": "100",
                            "root_block_device.0.volume_size": "24",
                            "root_block_device.0.volume_type": "gp2",
                            "security_groups.#": "0",
                            "source_dest_check": "true",
                            "subnet_id": "subnet-3c924654",
                            "tags.%": "3",
                            "tags.Cluster": "platform-core-server",
                            "tags.Environment": "disha-online",
                            "tags.Name": "disha-online-redis",
                            "tenancy": "default",
                            "volume_tags.%": "1",
                            "volume_tags.Name": "disha-online-redis",
                            "vpc_security_group_ids.#": "2",
                            "vpc_security_group_ids.1417736765": "sg-cbe8fea3",
                            "vpc_security_group_ids.1696488369": "sg-bfebfdd7"
                        },
                        "meta": {
                            "e2bfb730-ecaa-11e6-8f88-34363bc7c4c0": {
                                "create": 600000000000,
                                "delete": 600000000000,
                                "update": 600000000000
                            },
                            "schema_version": "1"
                        },
                        "tainted": false
                    },
                    "deposed": [],
                    "provider": ""
                },
                "aws_route53_record.instance_route53_entry": {
                    "type": "aws_route53_record",
                    "depends_on": [
                        "aws_instance.instance"
                    ],
                    "primary": {
                        "id": "Z1W3IBBR2VYHVF_redis_A",
                        "attributes": {
                            "fqdn": "redis.onlinepvt",
                            "health_check_id": "",
                            "id": "Z1W3IBBR2VYHVF_redis_A",
                            "name": "redis",
                            "records.#": "1",
                            "records.1136339325": "20.0.0.191",
                            "set_identifier": "",
                            "ttl": "60",
                            "type": "A",
                            "zone_id": "Z1W3IBBR2VYHVF"
                        },
                        "meta": {
                            "schema_version": "2"
                        },
                        "tainted": false
                    },
                    "deposed": [],
                    "provider": ""
                }
            },
            "depends_on": []
        },
        {
            "path": [
                "root",
                "disha_online_env",
                "reporting_database_updator_instance"
            ],
            "outputs": {
                "instance_id": {
                    "sensitive": false,
                    "type": "string",
                    "value": "i-0c5b6f215cfb3f554"
                },
                "instance_name": {
                    "sensitive": false,
                    "type": "string",
                    "value": "disha-online-reporting-database-updator"
                },
                "public_ip": {
                    "sensitive": false,
                    "type": "string",
                    "value": ""
                }
            },
            "resources": {
                "aws_cloudwatch_metric_alarm.instance_status_check": {
                    "type": "aws_cloudwatch_metric_alarm",
                    "depends_on": [
                        "aws_instance.instance-without-special-sg"
                    ],
                    "primary": {
                        "id": "disha-online-reporting-database-updator-status-checks-failed",
                        "attributes": {
                            "actions_enabled": "true",
                            "alarm_actions.#": "1",
                            "alarm_actions.992370358": "arn:aws:sns:ap-south-1:044611426596:disha-online-sns",
                            "alarm_description": "This metric monitors ec2 status checks",
                            "alarm_name": "disha-online-reporting-database-updator-status-checks-failed",
                            "comparison_operator": "GreaterThanOrEqualToThreshold",
                            "dimensions.%": "1",
                            "dimensions.InstanceId": "i-0c5b6f215cfb3f554",
                            "evaluate_low_sample_count_percentiles": "",
                            "evaluation_periods": "1",
                            "extended_statistic": "",
                            "id": "disha-online-reporting-database-updator-status-checks-failed",
                            "insufficient_data_actions.#": "1",
                            "insufficient_data_actions.992370358": "arn:aws:sns:ap-south-1:044611426596:disha-online-sns",
                            "metric_name": "StatusCheckFailed",
                            "namespace": "AWS/EC2",
                            "ok_actions.#": "1",
                            "ok_actions.992370358": "arn:aws:sns:ap-south-1:044611426596:disha-online-sns",
                            "period": "60",
                            "statistic": "Average",
                            "threshold": "1",
                            "treat_missing_data": "missing",
                            "unit": ""
                        },
                        "meta": {
                            "schema_version": "1"
                        },
                        "tainted": false
                    },
                    "deposed": [],
                    "provider": ""
                },
                "aws_instance.instance-without-special-sg": {
                    "type": "aws_instance",
                    "depends_on": [],
                    "primary": {
                        "id": "i-0c5b6f215cfb3f554",
                        "attributes": {
                            "ami": "ami-1323767c",
                            "associate_public_ip_address": "false",
                            "availability_zone": "ap-south-1a",
                            "disable_api_termination": "false",
                            "ebs_block_device.#": "1",
                            "ebs_block_device.1001659282.delete_on_termination": "true",
                            "ebs_block_device.1001659282.device_name": "/dev/sdb",
                            "ebs_block_device.1001659282.encrypted": "false",
                            "ebs_block_device.1001659282.iops": "0",
                            "ebs_block_device.1001659282.snapshot_id": "snap-07b0059a97417e0a9",
                            "ebs_block_device.1001659282.volume_size": "30",
                            "ebs_block_device.1001659282.volume_type": "standard",
                            "ebs_optimized": "false",
                            "ephemeral_block_device.#": "0",
                            "iam_instance_profile": "disha-online-report-db-updator-instance-profile",
                            "id": "i-0c5b6f215cfb3f554",
                            "instance_state": "running",
                            "instance_type": "t2.large",
                            "ipv6_addresses.#": "0",
                            "key_name": "disha-online.onlinepvt",
                            "monitoring": "false",
                            "network_interface.#": "0",
                            "network_interface_id": "eni-54bfc40b",
                            "primary_network_interface_id": "eni-54bfc40b",
                            "private_dns": "ip-20-0-0-40.ap-south-1.compute.internal",
                            "private_ip": "20.0.0.40",
                            "public_dns": "",
                            "public_ip": "",
                            "root_block_device.#": "1",
                            "root_block_device.0.delete_on_termination": "true",
                            "root_block_device.0.iops": "100",
                            "root_block_device.0.volume_size": "24",
                            "root_block_device.0.volume_type": "gp2",
                            "security_groups.#": "0",
                            "source_dest_check": "true",
                            "subnet_id": "subnet-3c924654",
                            "tags.%": "3",
                            "tags.Cluster": "disha",
                            "tags.Environment": "disha-online",
                            "tags.Name": "disha-online-reporting-database-updator",
                            "tenancy": "default",
                            "volume_tags.%": "1",
                            "volume_tags.Name": "disha-online-reporting-database-updator",
                            "vpc_security_group_ids.#": "1",
                            "vpc_security_group_ids.1696488369": "sg-bfebfdd7"
                        },
                        "meta": {
                            "e2bfb730-ecaa-11e6-8f88-34363bc7c4c0": {
                                "create": 600000000000,
                                "delete": 600000000000,
                                "update": 600000000000
                            },
                            "schema_version": "1"
                        },
                        "tainted": false
                    },
                    "deposed": [],
                    "provider": ""
                },
                "aws_route53_record.instance_route53_entry": {
                    "type": "aws_route53_record",
                    "depends_on": [
                        "aws_instance.instance-without-special-sg"
                    ],
                    "primary": {
                        "id": "Z1W3IBBR2VYHVF_reporting-database-updator_A",
                        "attributes": {
                            "fqdn": "reporting-database-updator.onlinepvt",
                            "health_check_id": "",
                            "id": "Z1W3IBBR2VYHVF_reporting-database-updator_A",
                            "name": "reporting-database-updator",
                            "records.#": "1",
                            "records.3640732574": "20.0.0.40",
                            "set_identifier": "",
                            "ttl": "60",
                            "type": "A",
                            "zone_id": "Z1W3IBBR2VYHVF"
                        },
                        "meta": {
                            "schema_version": "2"
                        },
                        "tainted": false
                    },
                    "deposed": [],
                    "provider": ""
                }
            },
            "depends_on": []
        },
        {
            "path": [
                "root",
                "disha_online_env",
                "ses_rule"
            ],
            "outputs": {},
            "resources": {
                "aws_ses_active_receipt_rule_set.ses_active_rule": {
                    "type": "aws_ses_active_receipt_rule_set",
                    "depends_on": [],
                    "primary": {
                        "id": "default-rule-set",
                        "attributes": {
                            "id": "default-rule-set",
                            "rule_set_name": "default-rule-set"
                        },
                        "meta": {},
                        "tainted": false
                    },
                    "deposed": [],
                    "provider": "aws.aws_ses"
                },
                "aws_ses_receipt_rule.ses_rule": {
                    "type": "aws_ses_receipt_rule",
                    "depends_on": [],
                    "primary": {
                        "id": "online-pmgdishamail-in",
                        "attributes": {
                            "add_header_action.#": "0",
                            "bounce_action.#": "0",
                            "enabled": "true",
                            "id": "online-pmgdishamail-in",
                            "lambda_action.#": "0",
                            "name": "online-pmgdishamail-in",
                            "recipients.#": "1",
                            "recipients.3417239434": "goahead@online.pmgdishamail.in",
                            "rule_set_name": "default-rule-set",
                            "s3_action.#": "1",
                            "s3_action.437678576.bucket_name": "disha-online-email",
                            "s3_action.437678576.kms_key_arn": "",
                            "s3_action.437678576.object_key_prefix": "goahead/",
                            "s3_action.437678576.position": "1",
                            "s3_action.437678576.topic_arn": "",
                            "scan_enabled": "true",
                            "sns_action.#": "0",
                            "stop_action.#": "0",
                            "tls_policy": "Optional",
                            "workmail_action.#": "0"
                        },
                        "meta": {},
                        "tainted": false
                    },
                    "deposed": [],
                    "provider": "aws.aws_ses"
                }
            },
            "depends_on": []
        },
        {
            "path": [
                "root",
                "disha_online_env",
                "ses_rule_verifycenter"
            ],
            "outputs": {},
            "resources": {
                "aws_ses_active_receipt_rule_set.ses_active_rule": {
                    "type": "aws_ses_active_receipt_rule_set",
                    "depends_on": [],
                    "primary": {
                        "id": "default-rule-set",
                        "attributes": {
                            "id": "default-rule-set",
                            "rule_set_name": "default-rule-set"
                        },
                        "meta": {},
                        "tainted": false
                    },
                    "deposed": [],
                    "provider": "aws.aws_ses"
                },
                "aws_ses_receipt_rule.ses_rule": {
                    "type": "aws_ses_receipt_rule",
                    "depends_on": [],
                    "primary": {
                        "id": "verifycenter-pmgdishamail-in",
                        "attributes": {
                            "add_header_action.#": "0",
                            "bounce_action.#": "0",
                            "enabled": "true",
                            "id": "verifycenter-pmgdishamail-in",
                            "lambda_action.#": "0",
                            "name": "verifycenter-pmgdishamail-in",
                            "recipients.#": "1",
                            "recipients.3568745363": "verifycenter@online.pmgdishamail.in",
                            "rule_set_name": "default-rule-set",
                            "s3_action.#": "1",
                            "s3_action.1808805183.bucket_name": "disha-online-email",
                            "s3_action.1808805183.kms_key_arn": "",
                            "s3_action.1808805183.object_key_prefix": "verifycenter/",
                            "s3_action.1808805183.position": "1",
                            "s3_action.1808805183.topic_arn": "",
                            "scan_enabled": "true",
                            "sns_action.#": "0",
                            "stop_action.#": "0",
                            "tls_policy": "Optional",
                            "workmail_action.#": "0"
                        },
                        "meta": {},
                        "tainted": false
                    },
                    "deposed": [],
                    "provider": "aws.aws_ses"
                }
            },
            "depends_on": []
        },
        {
            "path": [
                "root",
                "disha_online_env",
                "sqs_biometric_admin"
            ],
            "outputs": {},
            "resources": {},
            "depends_on": []
        },
        {
            "path": [
                "root",
                "disha_online_env",
                "sqs_certificate"
            ],
            "outputs": {
                "sqs_arn": {
                    "sensitive": false,
                    "type": "string",
                    "value": "arn:aws:sqs:ap-south-1:044611426596:disha-online-certificate"
                }
            },
            "resources": {
                "aws_sqs_queue.sqs": {
                    "type": "aws_sqs_queue",
                    "depends_on": [],
                    "primary": {
                        "id": "https://sqs.ap-south-1.amazonaws.com/044611426596/disha-online-certificate",
                        "attributes": {
                            "arn": "arn:aws:sqs:ap-south-1:044611426596:disha-online-certificate",
                            "content_based_deduplication": "false",
                            "delay_seconds": "0",
                            "fifo_queue": "false",
                            "id": "https://sqs.ap-south-1.amazonaws.com/044611426596/disha-online-certificate",
                            "max_message_size": "256000",
                            "message_retention_seconds": "345600",
                            "name": "disha-online-certificate",
                            "receive_wait_time_seconds": "0",
                            "tags.%": "0",
                            "visibility_timeout_seconds": "30"
                        },
                        "meta": {},
                        "tainted": false
                    },
                    "deposed": [],
                    "provider": ""
                }
            },
            "depends_on": []
        },
        {
            "path": [
                "root",
                "disha_online_env",
                "sqs_certificate_status"
            ],
            "outputs": {
                "sqs_arn": {
                    "sensitive": false,
                    "type": "string",
                    "value": "arn:aws:sqs:ap-south-1:044611426596:disha-online-certificate-status"
                }
            },
            "resources": {
                "aws_sqs_queue.sqs": {
                    "type": "aws_sqs_queue",
                    "depends_on": [],
                    "primary": {
                        "id": "https://sqs.ap-south-1.amazonaws.com/044611426596/disha-online-certificate-status",
                        "attributes": {
                            "arn": "arn:aws:sqs:ap-south-1:044611426596:disha-online-certificate-status",
                            "content_based_deduplication": "false",
                            "delay_seconds": "0",
                            "fifo_queue": "false",
                            "id": "https://sqs.ap-south-1.amazonaws.com/044611426596/disha-online-certificate-status",
                            "max_message_size": "256000",
                            "message_retention_seconds": "345600",
                            "name": "disha-online-certificate-status",
                            "receive_wait_time_seconds": "0",
                            "tags.%": "0",
                            "visibility_timeout_seconds": "30"
                        },
                        "meta": {},
                        "tainted": false
                    },
                    "deposed": [],
                    "provider": ""
                }
            },
            "depends_on": []
        },
        {
            "path": [
                "root",
                "disha_online_env",
                "sqs_eligibility"
            ],
            "outputs": {
                "sqs_arn": {
                    "sensitive": false,
                    "type": "string",
                    "value": "arn:aws:sqs:ap-south-1:044611426596:disha-online-ses-email"
                }
            },
            "resources": {
                "aws_sqs_queue.sqs": {
                    "type": "aws_sqs_queue",
                    "depends_on": [],
                    "primary": {
                        "id": "https://sqs.ap-south-1.amazonaws.com/044611426596/disha-online-ses-email",
                        "attributes": {
                            "arn": "arn:aws:sqs:ap-south-1:044611426596:disha-online-ses-email",
                            "content_based_deduplication": "false",
                            "delay_seconds": "0",
                            "fifo_queue": "false",
                            "id": "https://sqs.ap-south-1.amazonaws.com/044611426596/disha-online-ses-email",
                            "max_message_size": "256000",
                            "message_retention_seconds": "345600",
                            "name": "disha-online-ses-email",
                            "policy": "{\"Version\":\"2008-10-17\",\"Id\":\"example-ID\",\"Statement\":[{\"Sid\":\"example-statement-ID\",\"Effect\":\"Allow\",\"Principal\":{\"AWS\":\"*\"},\"Action\":\"SQS:SendMessage\",\"Resource\":\"arn:aws:sqs:ap-south-1:044611426596:disha-online-ses-email\",\"Condition\":{\"ArnLike\":{\"aws:SourceArn\":\"arn:aws:s3:*:*:disha-online-email\"}}}]}",
                            "receive_wait_time_seconds": "0",
                            "tags.%": "0",
                            "visibility_timeout_seconds": "30"
                        },
                        "meta": {},
                        "tainted": false
                    },
                    "deposed": [],
                    "provider": ""
                }
            },
            "depends_on": []
        },
        {
            "path": [
                "root",
                "disha_online_env",
                "sqs_eligibility_sign_certificate"
            ],
            "outputs": {
                "sqs_arn": {
                    "sensitive": false,
                    "type": "string",
                    "value": "arn:aws:sqs:ap-south-1:044611426596:disha-online-eligibility-sign-certificate"
                }
            },
            "resources": {
                "aws_sqs_queue.sqs": {
                    "type": "aws_sqs_queue",
                    "depends_on": [],
                    "primary": {
                        "id": "https://sqs.ap-south-1.amazonaws.com/044611426596/disha-online-eligibility-sign-certificate",
                        "attributes": {
                            "arn": "arn:aws:sqs:ap-south-1:044611426596:disha-online-eligibility-sign-certificate",
                            "content_based_deduplication": "false",
                            "delay_seconds": "0",
                            "fifo_queue": "false",
                            "id": "https://sqs.ap-south-1.amazonaws.com/044611426596/disha-online-eligibility-sign-certificate",
                            "max_message_size": "256000",
                            "message_retention_seconds": "345600",
                            "name": "disha-online-eligibility-sign-certificate",
                            "policy": "{\"Version\":\"2008-10-17\",\"Id\":\"example-ID\",\"Statement\":[{\"Sid\":\"example-statement-ID\",\"Effect\":\"Allow\",\"Principal\":{\"AWS\":\"*\"},\"Action\":\"SQS:SendMessage\",\"Resource\":\"arn:aws:sqs:ap-south-1:044611426596:disha-online-eligibility-sign-certificate\",\"Condition\":{\"ArnLike\":{\"aws:SourceArn\":\"arn:aws:s3:*:*:disha-online-certificates-sign-zip\"}}}]}",
                            "receive_wait_time_seconds": "0",
                            "tags.%": "0",
                            "visibility_timeout_seconds": "30"
                        },
                        "meta": {},
                        "tainted": false
                    },
                    "deposed": [],
                    "provider": ""
                }
            },
            "depends_on": []
        },
        {
            "path": [
                "root",
                "disha_online_env",
                "sqs_emailid_verification"
            ],
            "outputs": {
                "sqs_arn": {
                    "sensitive": false,
                    "type": "string",
                    "value": "arn:aws:sqs:ap-south-1:044611426596:disha-online-emailid-verification"
                }
            },
            "resources": {
                "aws_sqs_queue.sqs": {
                    "type": "aws_sqs_queue",
                    "depends_on": [],
                    "primary": {
                        "id": "https://sqs.ap-south-1.amazonaws.com/044611426596/disha-online-emailid-verification",
                        "attributes": {
                            "arn": "arn:aws:sqs:ap-south-1:044611426596:disha-online-emailid-verification",
                            "content_based_deduplication": "false",
                            "delay_seconds": "0",
                            "fifo_queue": "false",
                            "id": "https://sqs.ap-south-1.amazonaws.com/044611426596/disha-online-emailid-verification",
                            "max_message_size": "256000",
                            "message_retention_seconds": "345600",
                            "name": "disha-online-emailid-verification",
                            "receive_wait_time_seconds": "0",
                            "tags.%": "0",
                            "visibility_timeout_seconds": "30"
                        },
                        "meta": {},
                        "tainted": false
                    },
                    "deposed": [],
                    "provider": ""
                }
            },
            "depends_on": []
        },
        {
            "path": [
                "root",
                "disha_online_env",
                "sqs_excel_reports"
            ],
            "outputs": {
                "sqs_arn": {
                    "sensitive": false,
                    "type": "string",
                    "value": "arn:aws:sqs:ap-south-1:044611426596:disha-online-excel-reports"
                }
            },
            "resources": {
                "aws_sqs_queue.sqs": {
                    "type": "aws_sqs_queue",
                    "depends_on": [],
                    "primary": {
                        "id": "https://sqs.ap-south-1.amazonaws.com/044611426596/disha-online-excel-reports",
                        "attributes": {
                            "arn": "arn:aws:sqs:ap-south-1:044611426596:disha-online-excel-reports",
                            "content_based_deduplication": "false",
                            "delay_seconds": "0",
                            "fifo_queue": "false",
                            "id": "https://sqs.ap-south-1.amazonaws.com/044611426596/disha-online-excel-reports",
                            "max_message_size": "256000",
                            "message_retention_seconds": "345600",
                            "name": "disha-online-excel-reports",
                            "receive_wait_time_seconds": "0",
                            "tags.%": "0",
                            "visibility_timeout_seconds": "30"
                        },
                        "meta": {},
                        "tainted": false
                    },
                    "deposed": [],
                    "provider": ""
                }
            },
            "depends_on": []
        },
        {
            "path": [
                "root",
                "disha_online_env",
                "sqs_lambda_execution_rate_limiter"
            ],
            "outputs": {
                "sqs_arn": {
                    "sensitive": false,
                    "type": "string",
                    "value": "arn:aws:sqs:ap-south-1:044611426596:disha-online-lambda-execution-rate-limiter-queue"
                }
            },
            "resources": {
                "aws_sqs_queue.sqs": {
                    "type": "aws_sqs_queue",
                    "depends_on": [],
                    "primary": {
                        "id": "https://sqs.ap-south-1.amazonaws.com/044611426596/disha-online-lambda-execution-rate-limiter-queue",
                        "attributes": {
                            "arn": "arn:aws:sqs:ap-south-1:044611426596:disha-online-lambda-execution-rate-limiter-queue",
                            "content_based_deduplication": "false",
                            "delay_seconds": "0",
                            "fifo_queue": "false",
                            "id": "https://sqs.ap-south-1.amazonaws.com/044611426596/disha-online-lambda-execution-rate-limiter-queue",
                            "max_message_size": "256000",
                            "message_retention_seconds": "345600",
                            "name": "disha-online-lambda-execution-rate-limiter-queue",
                            "receive_wait_time_seconds": "0",
                            "tags.%": "0",
                            "visibility_timeout_seconds": "30"
                        },
                        "meta": {},
                        "tainted": false
                    },
                    "deposed": [],
                    "provider": ""
                }
            },
            "depends_on": []
        },
        {
            "path": [
                "root",
                "disha_online_env",
                "stop_report_instance_sns"
            ],
            "outputs": {
                "sns_arn": {
                    "sensitive": false,
                    "type": "string",
                    "value": "arn:aws:sns:ap-south-1:044611426596:disha-online-stop-report-ec2-instance"
                }
            },
            "resources": {
                "aws_sns_topic.sns_topic": {
                    "type": "aws_sns_topic",
                    "depends_on": [],
                    "primary": {
                        "id": "arn:aws:sns:ap-south-1:044611426596:disha-online-stop-report-ec2-instance",
                        "attributes": {
                            "arn": "arn:aws:sns:ap-south-1:044611426596:disha-online-stop-report-ec2-instance",
                            "display_name": "",
                            "id": "arn:aws:sns:ap-south-1:044611426596:disha-online-stop-report-ec2-instance",
                            "name": "disha-online-stop-report-ec2-instance",
                            "policy": "{\"Id\":\"__default_policy_ID\",\"Statement\":[{\"Action\":[\"SNS:GetTopicAttributes\",\"SNS:SetTopicAttributes\",\"SNS:AddPermission\",\"SNS:RemovePermission\",\"SNS:DeleteTopic\",\"SNS:Subscribe\",\"SNS:ListSubscriptionsByTopic\",\"SNS:Publish\",\"SNS:Receive\"],\"Condition\":{\"StringEquals\":{\"AWS:SourceOwner\":\"044611426596\"}},\"Effect\":\"Allow\",\"Principal\":{\"AWS\":\"*\"},\"Resource\":\"arn:aws:sns:ap-south-1:044611426596:disha-online-stop-report-ec2-instance\",\"Sid\":\"__default_statement_ID\"}],\"Version\":\"2008-10-17\"}"
                        },
                        "meta": {},
                        "tainted": false
                    },
                    "deposed": [],
                    "provider": ""
                }
            },
            "depends_on": []
        },
        {
            "path": [
                "root",
                "disha_online_env",
                "student_certificates"
            ],
            "outputs": {
                "bucket_domain_name": {
                    "sensitive": false,
                    "type": "string",
                    "value": "disha-online-student-certificates.s3.amazonaws.com"
                },
                "bucket_id": {
                    "sensitive": false,
                    "type": "string",
                    "value": "disha-online-student-certificates"
                }
            },
            "resources": {
                "aws_s3_bucket.bucket": {
                    "type": "aws_s3_bucket",
                    "depends_on": [],
                    "primary": {
                        "id": "disha-online-student-certificates",
                        "attributes": {
                            "acceleration_status": "",
                            "acl": "private",
                            "arn": "arn:aws:s3:::disha-online-student-certificates",
                            "bucket": "disha-online-student-certificates",
                            "bucket_domain_name": "disha-online-student-certificates.s3.amazonaws.com",
                            "force_destroy": "false",
                            "hosted_zone_id": "Z11RGJOFQNVJUP",
                            "id": "disha-online-student-certificates",
                            "logging.#": "0",
                            "policy": "{\"Statement\":[{\"Action\":\"s3:GetObject\",\"Effect\":\"Allow\",\"Principal\":\"*\",\"Resource\":[\"arn:aws:s3:::disha-online-student-certificates/zip/*\",\"arn:aws:s3:::disha-online-student-certificates/static/*\"],\"Sid\":\"AddPerm\"}],\"Version\":\"2012-10-17\"}",
                            "region": "ap-south-1",
                            "request_payer": "BucketOwner",
                            "tags.%": "0",
                            "versioning.#": "1",
                            "versioning.0.enabled": "false",
                            "versioning.0.mfa_delete": "false",
                            "website.#": "0"
                        },
                        "meta": {},
                        "tainted": false
                    },
                    "deposed": [],
                    "provider": ""
                }
            },
            "depends_on": []
        },
        {
            "path": [
                "root",
                "disha_online_env",
                "turbine-tg-https"
            ],
            "outputs": {},
            "resources": {},
            "depends_on": []
        },
        {
            "path": [
                "root",
                "disha_online_env",
                "username_disha_instance"
            ],
            "outputs": {
                "instance_id": {
                    "sensitive": false,
                    "type": "string",
                    "value": "i-02b9f81590d55d772"
                },
                "instance_name": {
                    "sensitive": false,
                    "type": "string",
                    "value": "disha-online-username"
                },
                "public_ip": {
                    "sensitive": false,
                    "type": "string",
                    "value": ""
                }
            },
            "resources": {
                "aws_cloudwatch_metric_alarm.instance_status_check": {
                    "type": "aws_cloudwatch_metric_alarm",
                    "depends_on": [
                        "aws_instance.instance"
                    ],
                    "primary": {
                        "id": "disha-online-username-status-checks-failed",
                        "attributes": {
                            "actions_enabled": "true",
                            "alarm_actions.#": "1",
                            "alarm_actions.992370358": "arn:aws:sns:ap-south-1:044611426596:disha-online-sns",
                            "alarm_description": "This metric monitors ec2 status checks",
                            "alarm_name": "disha-online-username-status-checks-failed",
                            "comparison_operator": "GreaterThanOrEqualToThreshold",
                            "dimensions.%": "1",
                            "dimensions.InstanceId": "i-02b9f81590d55d772",
                            "evaluate_low_sample_count_percentiles": "",
                            "evaluation_periods": "1",
                            "extended_statistic": "",
                            "id": "disha-online-username-status-checks-failed",
                            "insufficient_data_actions.#": "1",
                            "insufficient_data_actions.992370358": "arn:aws:sns:ap-south-1:044611426596:disha-online-sns",
                            "metric_name": "StatusCheckFailed",
                            "namespace": "AWS/EC2",
                            "ok_actions.#": "1",
                            "ok_actions.992370358": "arn:aws:sns:ap-south-1:044611426596:disha-online-sns",
                            "period": "60",
                            "statistic": "Average",
                            "threshold": "1",
                            "treat_missing_data": "missing",
                            "unit": ""
                        },
                        "meta": {
                            "schema_version": "1"
                        },
                        "tainted": false
                    },
                    "deposed": [],
                    "provider": ""
                },
                "aws_instance.instance": {
                    "type": "aws_instance",
                    "depends_on": [
                        "module.sg"
                    ],
                    "primary": {
                        "id": "i-02b9f81590d55d772",
                        "attributes": {
                            "ami": "ami-1323767c",
                            "associate_public_ip_address": "false",
                            "availability_zone": "ap-south-1a",
                            "disable_api_termination": "false",
                            "ebs_block_device.#": "1",
                            "ebs_block_device.1001659282.delete_on_termination": "true",
                            "ebs_block_device.1001659282.device_name": "/dev/sdb",
                            "ebs_block_device.1001659282.encrypted": "false",
                            "ebs_block_device.1001659282.iops": "0",
                            "ebs_block_device.1001659282.snapshot_id": "snap-07b0059a97417e0a9",
                            "ebs_block_device.1001659282.volume_size": "30",
                            "ebs_block_device.1001659282.volume_type": "standard",
                            "ebs_optimized": "false",
                            "ephemeral_block_device.#": "0",
                            "iam_instance_profile": "disha-online-instance-profile",
                            "id": "i-02b9f81590d55d772",
                            "instance_state": "running",
                            "instance_type": "t2.medium",
                            "ipv6_addresses.#": "0",
                            "key_name": "disha-online.onlinepvt",
                            "monitoring": "false",
                            "network_interface.#": "0",
                            "network_interface_id": "eni-19b8c346",
                            "primary_network_interface_id": "eni-19b8c346",
                            "private_dns": "ip-20-0-0-206.ap-south-1.compute.internal",
                            "private_ip": "20.0.0.206",
                            "public_dns": "",
                            "public_ip": "",
                            "root_block_device.#": "1",
                            "root_block_device.0.delete_on_termination": "true",
                            "root_block_device.0.iops": "100",
                            "root_block_device.0.volume_size": "24",
                            "root_block_device.0.volume_type": "gp2",
                            "security_groups.#": "0",
                            "source_dest_check": "true",
                            "subnet_id": "subnet-3c924654",
                            "tags.%": "3",
                            "tags.Cluster": "disha",
                            "tags.Environment": "disha-online",
                            "tags.Name": "disha-online-username",
                            "tenancy": "default",
                            "volume_tags.%": "1",
                            "volume_tags.Name": "disha-online-username",
                            "vpc_security_group_ids.#": "2",
                            "vpc_security_group_ids.1696488369": "sg-bfebfdd7",
                            "vpc_security_group_ids.2027648698": "sg-c5e9ffad"
                        },
                        "meta": {
                            "e2bfb730-ecaa-11e6-8f88-34363bc7c4c0": {
                                "create": 600000000000,
                                "delete": 600000000000,
                                "update": 600000000000
                            },
                            "schema_version": "1"
                        },
                        "tainted": false
                    },
                    "deposed": [],
                    "provider": ""
                },
                "aws_route53_record.instance_route53_entry": {
                    "type": "aws_route53_record",
                    "depends_on": [
                        "aws_instance.instance"
                    ],
                    "primary": {
                        "id": "Z1W3IBBR2VYHVF_username_A",
                        "attributes": {
                            "fqdn": "username.onlinepvt",
                            "health_check_id": "",
                            "id": "Z1W3IBBR2VYHVF_username_A",
                            "name": "username",
                            "records.#": "1",
                            "records.240892366": "20.0.0.206",
                            "set_identifier": "",
                            "ttl": "60",
                            "type": "A",
                            "zone_id": "Z1W3IBBR2VYHVF"
                        },
                        "meta": {
                            "schema_version": "2"
                        },
                        "tainted": false
                    },
                    "deposed": [],
                    "provider": ""
                }
            },
            "depends_on": []
        },
        {
            "path": [
                "root",
                "disha_online_env",
                "vpc"
            ],
            "outputs": {
                "additional_maintenance_subnet_id": {
                    "sensitive": false,
                    "type": "string",
                    "value": "subnet-b50e08f8"
                },
                "additional_public_subnet_id": {
                    "sensitive": false,
                    "type": "string",
                    "value": "subnet-5d0d0b10"
                },
                "application_subnet_id": {
                    "sensitive": false,
                    "type": "string",
                    "value": "subnet-3c924654"
                },
                "auth_id": {
                    "sensitive": false,
                    "type": "string",
                    "value": "disha-online.onlinepvt"
                },
                "default_sg_id": {
                    "sensitive": false,
                    "type": "string",
                    "value": "sg-cae8fea2"
                },
                "maintenance_subnet_id": {
                    "sensitive": false,
                    "type": "string",
                    "value": "subnet-c49246ac"
                },
                "private_route53_zone_id": {
                    "sensitive": false,
                    "type": "string",
                    "value": "Z1W3IBBR2VYHVF"
                },
                "public_route53_info_zone_id": {
                    "sensitive": false,
                    "type": "string",
                    "value": "ZMJLQ45U7PTAA"
                },
                "public_route53_zone_id": {
                    "sensitive": false,
                    "type": "string",
                    "value": "ZKM2Z3KHUT5IO"
                },
                "public_subnet_id": {
                    "sensitive": false,
                    "type": "string",
                    "value": "subnet-f9914591"
                },
                "vpc_id": {
                    "sensitive": false,
                    "type": "string",
                    "value": "vpc-905a95f8"
                }
            },
            "resources": {
                "aws_internet_gateway.igw": {
                    "type": "aws_internet_gateway",
                    "depends_on": [
                        "aws_vpc.vpc"
                    ],
                    "primary": {
                        "id": "igw-7e7e5a17",
                        "attributes": {
                            "id": "igw-7e7e5a17",
                            "tags.%": "1",
                            "tags.Name": "igw.onlinepvt",
                            "vpc_id": "vpc-905a95f8"
                        },
                        "meta": {},
                        "tainted": false
                    },
                    "deposed": [],
                    "provider": ""
                },
                "aws_key_pair.auth": {
                    "type": "aws_key_pair",
                    "depends_on": [],
                    "primary": {
                        "id": "disha-online.onlinepvt",
                        "attributes": {
                            "fingerprint": "67:db:cc:2a:a6:76:0b:90:8e:e3:3e:e6:34:e2:4b:c4",
                            "id": "disha-online.onlinepvt",
                            "key_name": "disha-online.onlinepvt",
                            "public_key": "ssh-rsa AAAAB3NzaC1yc2EAAAADAQABAAABAQCwwLs5ydqAGM+NTJOuTIv4StdzTmugr7u0i2JpBNqW72BV3aT3jPF5wgWIBaK31r0+jL91G2214Y1Q4MzEt0Xzj6KkZ2DlBgA/PjntOYHUlP2i8izNPIM/BEJ2poTmIEj/08od5QwT8vk6F1tsA9P8UTZQN8Yc1qy2Nv37Eyh/wuDCV3jwvwIG51PDdeCuym5X49JIzG5WuyK9Q+rjDQmJhJVBSmYaylmRh8yAWvKlNX92ltpusUVgxMv9D/+NayXG1D3RI248SRrHGFyv9wBCEhKSzRk3poL2OTiHJZRASDZeD1C4LveVr3YL5kSS6B9gt4s0KbkQ4tald0BIiuJv"
                        },
                        "meta": {
                            "schema_version": "1"
                        },
                        "tainted": false
                    },
                    "deposed": [],
                    "provider": ""
                },
                "aws_nat_gateway.nat_gateway": {
                    "type": "aws_nat_gateway",
                    "depends_on": [
                        "aws_subnet.public_subnet"
                    ],
                    "primary": {
                        "id": "nat-0747c0c5f80f37e5b",
                        "attributes": {
                            "allocation_id": "eipalloc-3c9fd112",
                            "id": "nat-0747c0c5f80f37e5b",
                            "network_interface_id": "eni-9dbac1c2",
                            "private_ip": "20.0.4.46",
                            "public_ip": "13.127.78.119",
                            "subnet_id": "subnet-f9914591",
                            "tags.%": "0"
                        },
                        "meta": {},
                        "tainted": false
                    },
                    "deposed": [],
                    "provider": ""
                },
                "aws_route53_zone.private_dns_zone": {
                    "type": "aws_route53_zone",
                    "depends_on": [
                        "aws_vpc.vpc"
                    ],
                    "primary": {
                        "id": "Z1W3IBBR2VYHVF",
                        "attributes": {
                            "comment": "Managed by Terraform",
                            "force_destroy": "false",
                            "id": "Z1W3IBBR2VYHVF",
                            "name": "onlinepvt",
                            "name_servers.#": "4",
                            "name_servers.0": "ns-0.awsdns-00.com.",
                            "name_servers.1": "ns-1024.awsdns-00.org.",
                            "name_servers.2": "ns-1536.awsdns-00.co.uk.",
                            "name_servers.3": "ns-512.awsdns-00.net.",
                            "tags.%": "0",
                            "vpc_id": "vpc-905a95f8",
                            "vpc_region": "ap-south-1",
                            "zone_id": "Z1W3IBBR2VYHVF"
                        },
                        "meta": {},
                        "tainted": false
                    },
                    "deposed": [],
                    "provider": ""
                },
                "aws_route53_zone.public_dns_zone": {
                    "type": "aws_route53_zone",
                    "depends_on": [],
                    "primary": {
                        "id": "ZKM2Z3KHUT5IO",
                        "attributes": {
                            "comment": "Managed by Terraform",
                            "force_destroy": "false",
                            "id": "ZKM2Z3KHUT5IO",
                            "name": "pmgdisha.online",
                            "name_servers.#": "4",
                            "name_servers.0": "ns-1363.awsdns-42.org",
                            "name_servers.1": "ns-1945.awsdns-51.co.uk",
                            "name_servers.2": "ns-446.awsdns-55.com",
                            "name_servers.3": "ns-721.awsdns-26.net",
                            "tags.%": "0",
                            "zone_id": "ZKM2Z3KHUT5IO"
                        },
                        "meta": {},
                        "tainted": false
                    },
                    "deposed": [],
                    "provider": ""
                },
                "aws_route53_zone.public_dns_zone_info": {
                    "type": "aws_route53_zone",
                    "depends_on": [],
                    "primary": {
                        "id": "ZMJLQ45U7PTAA",
                        "attributes": {
                            "comment": "Managed by Terraform",
                            "force_destroy": "false",
                            "id": "ZMJLQ45U7PTAA",
                            "name": "mettl.online",
                            "name_servers.#": "4",
                            "name_servers.0": "ns-1275.awsdns-31.org",
                            "name_servers.1": "ns-1854.awsdns-39.co.uk",
                            "name_servers.2": "ns-400.awsdns-50.com",
                            "name_servers.3": "ns-764.awsdns-31.net",
                            "tags.%": "0",
                            "zone_id": "ZMJLQ45U7PTAA"
                        },
                        "meta": {},
                        "tainted": false
                    },
                    "deposed": [],
                    "provider": ""
                },
                "aws_route_table.private_subnet_route": {
                    "type": "aws_route_table",
                    "depends_on": [
                        "aws_nat_gateway.nat_gateway",
                        "aws_vpc.vpc"
                    ],
                    "primary": {
                        "id": "rtb-7db80a15",
                        "attributes": {
                            "id": "rtb-7db80a15",
                            "propagating_vgws.#": "0",
                            "route.#": "1",
                            "route.1902593637.cidr_block": "0.0.0.0/0",
                            "route.1902593637.egress_only_gateway_id": "",
                            "route.1902593637.gateway_id": "",
                            "route.1902593637.instance_id": "",
                            "route.1902593637.ipv6_cidr_block": "",
                            "route.1902593637.nat_gateway_id": "nat-0747c0c5f80f37e5b",
                            "route.1902593637.network_interface_id": "",
                            "route.1902593637.vpc_peering_connection_id": "",
                            "tags.%": "1",
                            "tags.Name": "private_subnet_route.onlinepvt",
                            "vpc_id": "vpc-905a95f8"
                        },
                        "meta": {},
                        "tainted": false
                    },
                    "deposed": [],
                    "provider": ""
                },
                "aws_route_table.public_subnet_route": {
                    "type": "aws_route_table",
                    "depends_on": [
                        "aws_internet_gateway.igw",
                        "aws_vpc.vpc"
                    ],
                    "primary": {
                        "id": "rtb-e6ba088e",
                        "attributes": {
                            "id": "rtb-e6ba088e",
                            "propagating_vgws.#": "0",
                            "route.#": "1",
                            "route.3884274342.cidr_block": "0.0.0.0/0",
                            "route.3884274342.egress_only_gateway_id": "",
                            "route.3884274342.gateway_id": "igw-7e7e5a17",
                            "route.3884274342.instance_id": "",
                            "route.3884274342.ipv6_cidr_block": "",
                            "route.3884274342.nat_gateway_id": "",
                            "route.3884274342.network_interface_id": "",
                            "route.3884274342.vpc_peering_connection_id": "",
                            "tags.%": "1",
                            "tags.Name": "public_subnet_route.onlinepvt",
                            "vpc_id": "vpc-905a95f8"
                        },
                        "meta": {},
                        "tainted": false
                    },
                    "deposed": [],
                    "provider": ""
                },
                "aws_route_table_association.additional_application_subnet_route": {
                    "type": "aws_route_table_association",
                    "depends_on": [
                        "aws_route_table.private_subnet_route",
                        "aws_subnet.additional_application_subnet"
                    ],
                    "primary": {
                        "id": "rtbassoc-c3712eab",
                        "attributes": {
                            "id": "rtbassoc-c3712eab",
                            "route_table_id": "rtb-7db80a15",
                            "subnet_id": "subnet-200d0b6d"
                        },
                        "meta": {},
                        "tainted": false
                    },
                    "deposed": [],
                    "provider": ""
                },
                "aws_route_table_association.additional_maintenance_subnet_route": {
                    "type": "aws_route_table_association",
                    "depends_on": [
                        "aws_route_table.private_subnet_route",
                        "aws_subnet.additional_maintenance_subnet"
                    ],
                    "primary": {
                        "id": "rtbassoc-64702f0c",
                        "attributes": {
                            "id": "rtbassoc-64702f0c",
                            "route_table_id": "rtb-7db80a15",
                            "subnet_id": "subnet-b50e08f8"
                        },
                        "meta": {},
                        "tainted": false
                    },
                    "deposed": [],
                    "provider": ""
                },
                "aws_route_table_association.additional_public_subnet_route": {
                    "type": "aws_route_table_association",
                    "depends_on": [
                        "aws_route_table.public_subnet_route",
                        "aws_subnet.additional_public_subnet"
                    ],
                    "primary": {
                        "id": "rtbassoc-ba732cd2",
                        "attributes": {
                            "id": "rtbassoc-ba732cd2",
                            "route_table_id": "rtb-e6ba088e",
                            "subnet_id": "subnet-5d0d0b10"
                        },
                        "meta": {},
                        "tainted": false
                    },
                    "deposed": [],
                    "provider": ""
                },
                "aws_route_table_association.application_subnet_route": {
                    "type": "aws_route_table_association",
                    "depends_on": [
                        "aws_route_table.private_subnet_route",
                        "aws_subnet.application_subnet"
                    ],
                    "primary": {
                        "id": "rtbassoc-65702f0d",
                        "attributes": {
                            "id": "rtbassoc-65702f0d",
                            "route_table_id": "rtb-7db80a15",
                            "subnet_id": "subnet-3c924654"
                        },
                        "meta": {},
                        "tainted": false
                    },
                    "deposed": [],
                    "provider": ""
                },
                "aws_route_table_association.maintenance_subnet_route": {
                    "type": "aws_route_table_association",
                    "depends_on": [
                        "aws_route_table.private_subnet_route",
                        "aws_subnet.maintenance_subnet"
                    ],
                    "primary": {
                        "id": "rtbassoc-b0722dd8",
                        "attributes": {
                            "id": "rtbassoc-b0722dd8",
                            "route_table_id": "rtb-7db80a15",
                            "subnet_id": "subnet-c49246ac"
                        },
                        "meta": {},
                        "tainted": false
                    },
                    "deposed": [],
                    "provider": ""
                },
                "aws_route_table_association.public_subnet_route": {
                    "type": "aws_route_table_association",
                    "depends_on": [
                        "aws_route_table.public_subnet_route",
                        "aws_subnet.public_subnet"
                    ],
                    "primary": {
                        "id": "rtbassoc-49722d21",
                        "attributes": {
                            "id": "rtbassoc-49722d21",
                            "route_table_id": "rtb-e6ba088e",
                            "subnet_id": "subnet-f9914591"
                        },
                        "meta": {},
                        "tainted": false
                    },
                    "deposed": [],
                    "provider": ""
                },
                "aws_security_group.default-sg": {
                    "type": "aws_security_group",
                    "depends_on": [
                        "aws_vpc.vpc"
                    ],
                    "primary": {
                        "id": "sg-cae8fea2",
                        "attributes": {
                            "description": "Added as it is mandatory for instance module to have 2 sgs",
                            "egress.#": "1",
                            "egress.482069346.cidr_blocks.#": "1",
                            "egress.482069346.cidr_blocks.0": "0.0.0.0/0",
                            "egress.482069346.description": "",
                            "egress.482069346.from_port": "0",
                            "egress.482069346.ipv6_cidr_blocks.#": "0",
                            "egress.482069346.prefix_list_ids.#": "0",
                            "egress.482069346.protocol": "-1",
                            "egress.482069346.security_groups.#": "0",
                            "egress.482069346.self": "false",
                            "egress.482069346.to_port": "0",
                            "id": "sg-cae8fea2",
                            "ingress.#": "1",
                            "ingress.1075349658.cidr_blocks.#": "1",
                            "ingress.1075349658.cidr_blocks.0": "20.0.0.0/16",
                            "ingress.1075349658.description": "",
                            "ingress.1075349658.from_port": "22",
                            "ingress.1075349658.ipv6_cidr_blocks.#": "0",
                            "ingress.1075349658.protocol": "tcp",
                            "ingress.1075349658.security_groups.#": "0",
                            "ingress.1075349658.self": "false",
                            "ingress.1075349658.to_port": "22",
                            "name": "default-sg.onlinepvt",
                            "owner_id": "044611426596",
                            "revoke_rules_on_delete": "false",
                            "tags.%": "0",
                            "vpc_id": "vpc-905a95f8"
                        },
                        "meta": {
                            "schema_version": "1"
                        },
                        "tainted": false
                    },
                    "deposed": [],
                    "provider": ""
                },
                "aws_subnet.additional_application_subnet": {
                    "type": "aws_subnet",
                    "depends_on": [
                        "aws_vpc.vpc"
                    ],
                    "primary": {
                        "id": "subnet-200d0b6d",
                        "attributes": {
                            "assign_ipv6_address_on_creation": "false",
                            "availability_zone": "ap-south-1b",
                            "cidr_block": "20.0.1.0/24",
                            "id": "subnet-200d0b6d",
                            "map_public_ip_on_launch": "false",
                            "tags.%": "1",
                            "tags.Name": "private_application_subnet.ap-south-1b.onlinepvt",
                            "vpc_id": "vpc-905a95f8"
                        },
                        "meta": {
                            "schema_version": "1"
                        },
                        "tainted": false
                    },
                    "deposed": [],
                    "provider": ""
                },
                "aws_subnet.additional_maintenance_subnet": {
                    "type": "aws_subnet",
                    "depends_on": [
                        "aws_vpc.vpc"
                    ],
                    "primary": {
                        "id": "subnet-b50e08f8",
                        "attributes": {
                            "assign_ipv6_address_on_creation": "false",
                            "availability_zone": "ap-south-1b",
                            "cidr_block": "20.0.3.0/24",
                            "id": "subnet-b50e08f8",
                            "map_public_ip_on_launch": "false",
                            "tags.%": "1",
                            "tags.Name": "private_maintenance_subnet.ap-south-1b.onlinepvt",
                            "vpc_id": "vpc-905a95f8"
                        },
                        "meta": {
                            "schema_version": "1"
                        },
                        "tainted": false
                    },
                    "deposed": [],
                    "provider": ""
                },
                "aws_subnet.additional_public_subnet": {
                    "type": "aws_subnet",
                    "depends_on": [
                        "aws_vpc.vpc"
                    ],
                    "primary": {
                        "id": "subnet-5d0d0b10",
                        "attributes": {
                            "assign_ipv6_address_on_creation": "false",
                            "availability_zone": "ap-south-1b",
                            "cidr_block": "20.0.5.0/24",
                            "id": "subnet-5d0d0b10",
                            "map_public_ip_on_launch": "false",
                            "tags.%": "1",
                            "tags.Name": "public-subnet.ap-south-1b.onlinepvt",
                            "vpc_id": "vpc-905a95f8"
                        },
                        "meta": {
                            "schema_version": "1"
                        },
                        "tainted": false
                    },
                    "deposed": [],
                    "provider": ""
                },
                "aws_subnet.application_subnet": {
                    "type": "aws_subnet",
                    "depends_on": [
                        "aws_vpc.vpc"
                    ],
                    "primary": {
                        "id": "subnet-3c924654",
                        "attributes": {
                            "assign_ipv6_address_on_creation": "false",
                            "availability_zone": "ap-south-1a",
                            "cidr_block": "20.0.0.0/24",
                            "id": "subnet-3c924654",
                            "map_public_ip_on_launch": "false",
                            "tags.%": "1",
                            "tags.Name": "private_application_subnet.ap-south-1a.onlinepvt",
                            "vpc_id": "vpc-905a95f8"
                        },
                        "meta": {
                            "schema_version": "1"
                        },
                        "tainted": false
                    },
                    "deposed": [],
                    "provider": ""
                },
                "aws_subnet.maintenance_subnet": {
                    "type": "aws_subnet",
                    "depends_on": [
                        "aws_vpc.vpc"
                    ],
                    "primary": {
                        "id": "subnet-c49246ac",
                        "attributes": {
                            "assign_ipv6_address_on_creation": "false",
                            "availability_zone": "ap-south-1a",
                            "cidr_block": "20.0.2.0/24",
                            "id": "subnet-c49246ac",
                            "map_public_ip_on_launch": "false",
                            "tags.%": "1",
                            "tags.Name": "private_maintenance_subnet.ap-south-1a.onlinepvt",
                            "vpc_id": "vpc-905a95f8"
                        },
                        "meta": {
                            "schema_version": "1"
                        },
                        "tainted": false
                    },
                    "deposed": [],
                    "provider": ""
                },
                "aws_subnet.public_subnet": {
                    "type": "aws_subnet",
                    "depends_on": [
                        "aws_vpc.vpc"
                    ],
                    "primary": {
                        "id": "subnet-f9914591",
                        "attributes": {
                            "assign_ipv6_address_on_creation": "false",
                            "availability_zone": "ap-south-1a",
                            "cidr_block": "20.0.4.0/24",
                            "id": "subnet-f9914591",
                            "map_public_ip_on_launch": "false",
                            "tags.%": "1",
                            "tags.Name": "public-subnet.ap-south-1a.onlinepvt",
                            "vpc_id": "vpc-905a95f8"
                        },
                        "meta": {
                            "schema_version": "1"
                        },
                        "tainted": false
                    },
                    "deposed": [],
                    "provider": ""
                },
                "aws_vpc.vpc": {
                    "type": "aws_vpc",
                    "depends_on": [],
                    "primary": {
                        "id": "vpc-905a95f8",
                        "attributes": {
                            "assign_generated_ipv6_cidr_block": "false",
                            "cidr_block": "20.0.0.0/16",
                            "default_network_acl_id": "acl-da3895b2",
                            "default_route_table_id": "rtb-87ba08ef",
                            "default_security_group_id": "sg-5aebfd32",
                            "dhcp_options_id": "dopt-e633e98e",
                            "enable_dns_hostnames": "true",
                            "enable_dns_support": "true",
                            "id": "vpc-905a95f8",
                            "instance_tenancy": "default",
                            "main_route_table_id": "rtb-87ba08ef",
                            "tags.%": "1",
                            "tags.Name": "disha-online-vpc.onlinepvt"
                        },
                        "meta": {
                            "schema_version": "1"
                        },
                        "tainted": false
                    },
                    "deposed": [],
                    "provider": ""
                }
            },
            "depends_on": []
        },
        {
            "path": [
                "root",
                "disha_online_env",
                "biometric",
                "sg"
            ],
            "outputs": {
                "sg_id": {
                    "sensitive": false,
                    "type": "string",
                    "value": "sg-c2e9ffaa"
                }
            },
            "resources": {
                "aws_security_group.sg": {
                    "type": "aws_security_group",
                    "depends_on": [],
                    "primary": {
                        "id": "sg-c2e9ffaa",
                        "attributes": {
                            "description": "Managed by Terraform",
                            "egress.#": "0",
                            "id": "sg-c2e9ffaa",
                            "ingress.#": "2",
                            "ingress.4136817967.cidr_blocks.#": "1",
                            "ingress.4136817967.cidr_blocks.0": "20.0.0.0/16",
                            "ingress.4136817967.description": "",
                            "ingress.4136817967.from_port": "80",
                            "ingress.4136817967.ipv6_cidr_blocks.#": "0",
                            "ingress.4136817967.protocol": "tcp",
                            "ingress.4136817967.security_groups.#": "0",
                            "ingress.4136817967.self": "false",
                            "ingress.4136817967.to_port": "80",
                            "ingress.445900265.cidr_blocks.#": "1",
                            "ingress.445900265.cidr_blocks.0": "20.0.0.0/16",
                            "ingress.445900265.description": "",
                            "ingress.445900265.from_port": "443",
                            "ingress.445900265.ipv6_cidr_blocks.#": "0",
                            "ingress.445900265.protocol": "tcp",
                            "ingress.445900265.security_groups.#": "0",
                            "ingress.445900265.self": "false",
                            "ingress.445900265.to_port": "443",
                            "name": "disha-online-biometric",
                            "owner_id": "044611426596",
                            "revoke_rules_on_delete": "false",
                            "tags.%": "1",
                            "tags.Name": "disha-online-biometric",
                            "vpc_id": "vpc-905a95f8"
                        },
                        "meta": {
                            "schema_version": "1"
                        },
                        "tainted": false
                    },
                    "deposed": [],
                    "provider": ""
                },
                "aws_security_group_rule.sg_rule.0": {
                    "type": "aws_security_group_rule",
                    "depends_on": [
                        "aws_security_group.sg"
                    ],
                    "primary": {
                        "id": "sgrule-3675131531",
                        "attributes": {
                            "cidr_blocks.#": "1",
                            "cidr_blocks.0": "20.0.0.0/16",
                            "description": "",
                            "from_port": "80",
                            "id": "sgrule-3675131531",
                            "ipv6_cidr_blocks.#": "0",
                            "prefix_list_ids.#": "0",
                            "protocol": "tcp",
                            "security_group_id": "sg-c2e9ffaa",
                            "self": "false",
                            "to_port": "80",
                            "type": "ingress"
                        },
                        "meta": {
                            "schema_version": "2"
                        },
                        "tainted": false
                    },
                    "deposed": [],
                    "provider": ""
                },
                "aws_security_group_rule.sg_rule.1": {
                    "type": "aws_security_group_rule",
                    "depends_on": [
                        "aws_security_group.sg"
                    ],
                    "primary": {
                        "id": "sgrule-603685781",
                        "attributes": {
                            "cidr_blocks.#": "1",
                            "cidr_blocks.0": "20.0.0.0/16",
                            "description": "",
                            "from_port": "443",
                            "id": "sgrule-603685781",
                            "ipv6_cidr_blocks.#": "0",
                            "prefix_list_ids.#": "0",
                            "protocol": "tcp",
                            "security_group_id": "sg-c2e9ffaa",
                            "self": "false",
                            "to_port": "443",
                            "type": "ingress"
                        },
                        "meta": {
                            "schema_version": "2"
                        },
                        "tainted": false
                    },
                    "deposed": [],
                    "provider": ""
                }
            },
            "depends_on": []
        },
        {
            "path": [
                "root",
                "disha_online_env",
                "biometric_admin",
                "sg"
            ],
            "outputs": {
                "sg_id": {
                    "sensitive": false,
                    "type": "string",
                    "value": "sg-aceafcc4"
                }
            },
            "resources": {
                "aws_security_group.sg": {
                    "type": "aws_security_group",
                    "depends_on": [],
                    "primary": {
                        "id": "sg-aceafcc4",
                        "attributes": {
                            "description": "Managed by Terraform",
                            "egress.#": "0",
                            "id": "sg-aceafcc4",
                            "ingress.#": "2",
                            "ingress.4136817967.cidr_blocks.#": "1",
                            "ingress.4136817967.cidr_blocks.0": "20.0.0.0/16",
                            "ingress.4136817967.description": "",
                            "ingress.4136817967.from_port": "80",
                            "ingress.4136817967.ipv6_cidr_blocks.#": "0",
                            "ingress.4136817967.protocol": "tcp",
                            "ingress.4136817967.security_groups.#": "0",
                            "ingress.4136817967.self": "false",
                            "ingress.4136817967.to_port": "80",
                            "ingress.445900265.cidr_blocks.#": "1",
                            "ingress.445900265.cidr_blocks.0": "20.0.0.0/16",
                            "ingress.445900265.description": "",
                            "ingress.445900265.from_port": "443",
                            "ingress.445900265.ipv6_cidr_blocks.#": "0",
                            "ingress.445900265.protocol": "tcp",
                            "ingress.445900265.security_groups.#": "0",
                            "ingress.445900265.self": "false",
                            "ingress.445900265.to_port": "443",
                            "name": "disha-online-biometric-admin",
                            "owner_id": "044611426596",
                            "revoke_rules_on_delete": "false",
                            "tags.%": "1",
                            "tags.Name": "disha-online-biometric-admin",
                            "vpc_id": "vpc-905a95f8"
                        },
                        "meta": {
                            "schema_version": "1"
                        },
                        "tainted": false
                    },
                    "deposed": [],
                    "provider": ""
                },
                "aws_security_group_rule.sg_rule.0": {
                    "type": "aws_security_group_rule",
                    "depends_on": [
                        "aws_security_group.sg"
                    ],
                    "primary": {
                        "id": "sgrule-1417312356",
                        "attributes": {
                            "cidr_blocks.#": "1",
                            "cidr_blocks.0": "20.0.0.0/16",
                            "description": "",
                            "from_port": "80",
                            "id": "sgrule-1417312356",
                            "ipv6_cidr_blocks.#": "0",
                            "prefix_list_ids.#": "0",
                            "protocol": "tcp",
                            "security_group_id": "sg-aceafcc4",
                            "self": "false",
                            "to_port": "80",
                            "type": "ingress"
                        },
                        "meta": {
                            "schema_version": "2"
                        },
                        "tainted": false
                    },
                    "deposed": [],
                    "provider": ""
                },
                "aws_security_group_rule.sg_rule.1": {
                    "type": "aws_security_group_rule",
                    "depends_on": [
                        "aws_security_group.sg"
                    ],
                    "primary": {
                        "id": "sgrule-1132148683",
                        "attributes": {
                            "cidr_blocks.#": "1",
                            "cidr_blocks.0": "20.0.0.0/16",
                            "description": "",
                            "from_port": "443",
                            "id": "sgrule-1132148683",
                            "ipv6_cidr_blocks.#": "0",
                            "prefix_list_ids.#": "0",
                            "protocol": "tcp",
                            "security_group_id": "sg-aceafcc4",
                            "self": "false",
                            "to_port": "443",
                            "type": "ingress"
                        },
                        "meta": {
                            "schema_version": "2"
                        },
                        "tainted": false
                    },
                    "deposed": [],
                    "provider": ""
                }
            },
            "depends_on": []
        },
        {
            "path": [
                "root",
                "disha_online_env",
                "certificate_instance",
                "sg"
            ],
            "outputs": {
                "sg_id": {
                    "sensitive": false,
                    "type": "string",
                    "value": "sg-c4e9ffac"
                }
            },
            "resources": {
                "aws_security_group.sg": {
                    "type": "aws_security_group",
                    "depends_on": [],
                    "primary": {
                        "id": "sg-c4e9ffac",
                        "attributes": {
                            "description": "Managed by Terraform",
                            "egress.#": "0",
                            "id": "sg-c4e9ffac",
                            "ingress.#": "2",
                            "ingress.4136817967.cidr_blocks.#": "1",
                            "ingress.4136817967.cidr_blocks.0": "20.0.0.0/16",
                            "ingress.4136817967.description": "",
                            "ingress.4136817967.from_port": "80",
                            "ingress.4136817967.ipv6_cidr_blocks.#": "0",
                            "ingress.4136817967.protocol": "tcp",
                            "ingress.4136817967.security_groups.#": "0",
                            "ingress.4136817967.self": "false",
                            "ingress.4136817967.to_port": "80",
                            "ingress.445900265.cidr_blocks.#": "1",
                            "ingress.445900265.cidr_blocks.0": "20.0.0.0/16",
                            "ingress.445900265.description": "",
                            "ingress.445900265.from_port": "443",
                            "ingress.445900265.ipv6_cidr_blocks.#": "0",
                            "ingress.445900265.protocol": "tcp",
                            "ingress.445900265.security_groups.#": "0",
                            "ingress.445900265.self": "false",
                            "ingress.445900265.to_port": "443",
                            "name": "disha-online-certificate",
                            "owner_id": "044611426596",
                            "revoke_rules_on_delete": "false",
                            "tags.%": "1",
                            "tags.Name": "disha-online-certificate",
                            "vpc_id": "vpc-905a95f8"
                        },
                        "meta": {
                            "schema_version": "1"
                        },
                        "tainted": false
                    },
                    "deposed": [],
                    "provider": ""
                },
                "aws_security_group_rule.sg_rule.0": {
                    "type": "aws_security_group_rule",
                    "depends_on": [
                        "aws_security_group.sg"
                    ],
                    "primary": {
                        "id": "sgrule-1065763049",
                        "attributes": {
                            "cidr_blocks.#": "1",
                            "cidr_blocks.0": "20.0.0.0/16",
                            "description": "",
                            "from_port": "443",
                            "id": "sgrule-1065763049",
                            "ipv6_cidr_blocks.#": "0",
                            "prefix_list_ids.#": "0",
                            "protocol": "tcp",
                            "security_group_id": "sg-c4e9ffac",
                            "self": "false",
                            "to_port": "443",
                            "type": "ingress"
                        },
                        "meta": {
                            "schema_version": "2"
                        },
                        "tainted": false
                    },
                    "deposed": [],
                    "provider": ""
                },
                "aws_security_group_rule.sg_rule.1": {
                    "type": "aws_security_group_rule",
                    "depends_on": [
                        "aws_security_group.sg"
                    ],
                    "primary": {
                        "id": "sgrule-2015036240",
                        "attributes": {
                            "cidr_blocks.#": "1",
                            "cidr_blocks.0": "20.0.0.0/16",
                            "description": "",
                            "from_port": "80",
                            "id": "sgrule-2015036240",
                            "ipv6_cidr_blocks.#": "0",
                            "prefix_list_ids.#": "0",
                            "protocol": "tcp",
                            "security_group_id": "sg-c4e9ffac",
                            "self": "false",
                            "to_port": "80",
                            "type": "ingress"
                        },
                        "meta": {
                            "schema_version": "2"
                        },
                        "tainted": false
                    },
                    "deposed": [],
                    "provider": ""
                }
            },
            "depends_on": []
        },
        {
            "path": [
                "root",
                "disha_online_env",
                "circuit_breaker_instance",
                "sg"
            ],
            "outputs": {},
            "resources": {},
            "depends_on": []
        },
        {
            "path": [
                "root",
                "disha_online_env",
                "disha-cms",
                "lc-with-extra-ebs"
            ],
            "outputs": {
                "name": {
                    "sensitive": false,
                    "type": "string",
                    "value": ""
                }
            },
            "resources": {},
            "depends_on": []
        },
        {
            "path": [
                "root",
                "disha_online_env",
                "disha-cms",
                "lc-without-extra-ebs"
            ],
            "outputs": {
                "name": {
                    "sensitive": false,
                    "type": "string",
                    "value": "disha-online-cms"
                }
            },
            "resources": {
                "aws_launch_configuration.lc": {
                    "type": "aws_launch_configuration",
                    "depends_on": [
                        "data.template_file.userdata_as_template"
                    ],
                    "primary": {
                        "id": "disha-online-cms",
                        "attributes": {
                            "associate_public_ip_address": "false",
                            "ebs_block_device.#": "0",
                            "ebs_optimized": "false",
                            "enable_monitoring": "true",
                            "ephemeral_block_device.#": "0",
                            "iam_instance_profile": "disha-online-autoscaling-deployment-s3logs-iam-profile",
                            "id": "disha-online-cms",
                            "image_id": "ami-28a4f147",
                            "instance_type": "r3.large",
                            "key_name": "disha-online.onlinepvt",
                            "name": "disha-online-cms",
                            "root_block_device.#": "0",
                            "security_groups.#": "2",
                            "security_groups.1696488369": "sg-bfebfdd7",
                            "security_groups.2572058592": "sg-c1e9ffa9",
                            "spot_price": "",
                            "user_data": "5aed5ee5f6495247ec80f67829ab9110ddfabfdd",
                            "vpc_classic_link_id": "",
                            "vpc_classic_link_security_groups.#": "0"
                        },
                        "meta": {},
                        "tainted": false
                    },
                    "deposed": [],
                    "provider": ""
                },
                "data.template_file.userdata_as_template": {
                    "type": "template_file",
                    "depends_on": [],
                    "primary": {
                        "id": "0de3574f1cec13f52ce7431d0f0ad23a9ad8156856231ea818ba8029be322c31",
                        "attributes": {
                            "id": "0de3574f1cec13f52ce7431d0f0ad23a9ad8156856231ea818ba8029be322c31",
                            "rendered": "#!/bin/bash\nrm -rf /var/tmp/aws-mon/\n/bin/su - mettl /home/mettl/release/misc/genericMachineUp.sh disha-online disha-cms web \u003e /home/mettl/mettl_logs/machineup.log",
                            "template": "#!/bin/bash\nrm -rf /var/tmp/aws-mon/\n/bin/su - mettl /home/mettl/release/misc/genericMachineUp.sh ${deployement_env} disha-cms web \u003e /home/mettl/mettl_logs/machineup.log",
                            "vars.%": "7",
                            "vars.ansible_public_key": "ssh-rsa AAAAB3NzaC1yc2EAAAADAQABAAABAQDel87KUbKTM4JggXJqFKN2OfIe6xpUWYyEjJIzlS0mabo6vdXtV3j4nAYZ+ZuQha1dqZCcvy45WuYL01m3pf3zUx84LQPZpJbwNRlcjsRhG+QV03uesx2XwqLXvY1kbiKTeK9caPyKLJ+vLum3oh9YtFGOOno+F60G0V2I64Zgupn7ZsgaBoLZ44NHJWj6As6W5SNzgQhtb/ivZzV1xINkl/101Af2ANNkcjTFr3LGNqgEM19Y0o3+xtNxFI7zf8ggTAMlHhRZZhbG6iK9vYKHzQ1Q+E53yvMWO+o3Y/uyR+lBmVSnpaoolR4FpB22aR3N/R4eoz2KMFpFfdDNXHmH",
                            "vars.deployement_env": "disha-online",
                            "vars.jenkins_public_key": "",
                            "vars.stunServerAddress": "",
                            "vars.stunServerPort": "",
                            "vars.turnURL": "",
                            "vars.turnURLPort": ""
                        },
                        "meta": {},
                        "tainted": false
                    },
                    "deposed": [],
                    "provider": ""
                }
            },
            "depends_on": []
        },
        {
            "path": [
                "root",
                "disha_online_env",
                "disha-web",
                "lc-with-extra-ebs"
            ],
            "outputs": {
                "name": {
                    "sensitive": false,
                    "type": "string",
                    "value": ""
                }
            },
            "resources": {},
            "depends_on": []
        },
        {
            "path": [
                "root",
                "disha_online_env",
                "disha-web",
                "lc-without-extra-ebs"
            ],
            "outputs": {
                "name": {
                    "sensitive": false,
                    "type": "string",
                    "value": "disha-online-web"
                }
            },
            "resources": {
                "aws_launch_configuration.lc": {
                    "type": "aws_launch_configuration",
                    "depends_on": [
                        "data.template_file.userdata_as_template"
                    ],
                    "primary": {
                        "id": "disha-online-web",
                        "attributes": {
                            "associate_public_ip_address": "false",
                            "ebs_block_device.#": "0",
                            "ebs_optimized": "false",
                            "enable_monitoring": "true",
                            "ephemeral_block_device.#": "0",
                            "iam_instance_profile": "disha-online-autoscaling-deployment-s3logs-iam-profile",
                            "id": "disha-online-web",
                            "image_id": "ami-87a6f3e8",
                            "instance_type": "c4.xlarge",
                            "key_name": "disha-online.onlinepvt",
                            "name": "disha-online-web",
                            "root_block_device.#": "0",
                            "security_groups.#": "2",
                            "security_groups.1696488369": "sg-bfebfdd7",
                            "security_groups.4468981": "sg-edebfd85",
                            "spot_price": "",
                            "user_data": "1b9cfec15a704d02e0e1750dde9c650d0b306031",
                            "vpc_classic_link_id": "",
                            "vpc_classic_link_security_groups.#": "0"
                        },
                        "meta": {},
                        "tainted": false
                    },
                    "deposed": [],
                    "provider": ""
                },
                "data.template_file.userdata_as_template": {
                    "type": "template_file",
                    "depends_on": [],
                    "primary": {
                        "id": "6108ddfde45d5eaa3dec509a53e18aa9fc010f7a1d9a678e2d57ce45e55c0338",
                        "attributes": {
                            "id": "6108ddfde45d5eaa3dec509a53e18aa9fc010f7a1d9a678e2d57ce45e55c0338",
                            "rendered": "#!/bin/bash\nrm -rf /var/tmp/aws-mon/\nsleep 30\n/bin/su - mettl /home/mettl/release/misc/genericMachineUp.sh disha-online disha-web web \u003e /home/mettl/mettl_logs/machineup.log",
                            "template": "#!/bin/bash\nrm -rf /var/tmp/aws-mon/\nsleep 30\n/bin/su - mettl /home/mettl/release/misc/genericMachineUp.sh ${deployement_env} disha-web web \u003e /home/mettl/mettl_logs/machineup.log",
                            "vars.%": "7",
                            "vars.ansible_public_key": "ssh-rsa AAAAB3NzaC1yc2EAAAADAQABAAABAQDel87KUbKTM4JggXJqFKN2OfIe6xpUWYyEjJIzlS0mabo6vdXtV3j4nAYZ+ZuQha1dqZCcvy45WuYL01m3pf3zUx84LQPZpJbwNRlcjsRhG+QV03uesx2XwqLXvY1kbiKTeK9caPyKLJ+vLum3oh9YtFGOOno+F60G0V2I64Zgupn7ZsgaBoLZ44NHJWj6As6W5SNzgQhtb/ivZzV1xINkl/101Af2ANNkcjTFr3LGNqgEM19Y0o3+xtNxFI7zf8ggTAMlHhRZZhbG6iK9vYKHzQ1Q+E53yvMWO+o3Y/uyR+lBmVSnpaoolR4FpB22aR3N/R4eoz2KMFpFfdDNXHmH",
                            "vars.deployement_env": "disha-online",
                            "vars.jenkins_public_key": "",
                            "vars.stunServerAddress": "",
                            "vars.stunServerPort": "",
                            "vars.turnURL": "",
                            "vars.turnURLPort": ""
                        },
                        "meta": {},
                        "tainted": false
                    },
                    "deposed": [],
                    "provider": ""
                }
            },
            "depends_on": []
        },
        {
            "path": [
                "root",
                "disha_online_env",
                "disha_eligibility_instance",
                "sg"
            ],
            "outputs": {
                "sg_id": {
                    "sensitive": false,
                    "type": "string",
                    "value": "sg-95e9fffd"
                }
            },
            "resources": {
                "aws_security_group.sg": {
                    "type": "aws_security_group",
                    "depends_on": [],
                    "primary": {
                        "id": "sg-95e9fffd",
                        "attributes": {
                            "description": "Managed by Terraform",
                            "egress.#": "0",
                            "id": "sg-95e9fffd",
                            "ingress.#": "1",
                            "ingress.1472356994.cidr_blocks.#": "1",
                            "ingress.1472356994.cidr_blocks.0": "20.0.0.0/16",
                            "ingress.1472356994.description": "",
                            "ingress.1472356994.from_port": "8080",
                            "ingress.1472356994.ipv6_cidr_blocks.#": "0",
                            "ingress.1472356994.protocol": "tcp",
                            "ingress.1472356994.security_groups.#": "0",
                            "ingress.1472356994.self": "false",
                            "ingress.1472356994.to_port": "8080",
                            "name": "disha-online-eligibility",
                            "owner_id": "044611426596",
                            "revoke_rules_on_delete": "false",
                            "tags.%": "1",
                            "tags.Name": "disha-online-eligibility",
                            "vpc_id": "vpc-905a95f8"
                        },
                        "meta": {
                            "schema_version": "1"
                        },
                        "tainted": false
                    },
                    "deposed": [],
                    "provider": ""
                },
                "aws_security_group_rule.sg_rule": {
                    "type": "aws_security_group_rule",
                    "depends_on": [
                        "aws_security_group.sg"
                    ],
                    "primary": {
                        "id": "sgrule-2853447377",
                        "attributes": {
                            "cidr_blocks.#": "1",
                            "cidr_blocks.0": "20.0.0.0/16",
                            "description": "",
                            "from_port": "8080",
                            "id": "sgrule-2853447377",
                            "ipv6_cidr_blocks.#": "0",
                            "prefix_list_ids.#": "0",
                            "protocol": "tcp",
                            "security_group_id": "sg-95e9fffd",
                            "self": "false",
                            "to_port": "8080",
                            "type": "ingress"
                        },
                        "meta": {
                            "schema_version": "2"
                        },
                        "tainted": false
                    },
                    "deposed": [],
                    "provider": ""
                }
            },
            "depends_on": []
        },
        {
            "path": [
                "root",
                "disha_online_env",
                "disha_ifsc_instance",
                "sg"
            ],
            "outputs": {
                "sg_id": {
                    "sensitive": false,
                    "type": "string",
                    "value": "sg-3be9ff53"
                }
            },
            "resources": {
                "aws_security_group.sg": {
                    "type": "aws_security_group",
                    "depends_on": [],
                    "primary": {
                        "id": "sg-3be9ff53",
                        "attributes": {
                            "description": "Managed by Terraform",
                            "egress.#": "0",
                            "id": "sg-3be9ff53",
                            "ingress.#": "1",
                            "ingress.1472356994.cidr_blocks.#": "1",
                            "ingress.1472356994.cidr_blocks.0": "20.0.0.0/16",
                            "ingress.1472356994.description": "",
                            "ingress.1472356994.from_port": "8080",
                            "ingress.1472356994.ipv6_cidr_blocks.#": "0",
                            "ingress.1472356994.protocol": "tcp",
                            "ingress.1472356994.security_groups.#": "0",
                            "ingress.1472356994.self": "false",
                            "ingress.1472356994.to_port": "8080",
                            "name": "disha-online-ifsc",
                            "owner_id": "044611426596",
                            "revoke_rules_on_delete": "false",
                            "tags.%": "1",
                            "tags.Name": "disha-online-ifsc",
                            "vpc_id": "vpc-905a95f8"
                        },
                        "meta": {
                            "schema_version": "1"
                        },
                        "tainted": false
                    },
                    "deposed": [],
                    "provider": ""
                },
                "aws_security_group_rule.sg_rule": {
                    "type": "aws_security_group_rule",
                    "depends_on": [
                        "aws_security_group.sg"
                    ],
                    "primary": {
                        "id": "sgrule-441842509",
                        "attributes": {
                            "cidr_blocks.#": "1",
                            "cidr_blocks.0": "20.0.0.0/16",
                            "description": "",
                            "from_port": "8080",
                            "id": "sgrule-441842509",
                            "ipv6_cidr_blocks.#": "0",
                            "prefix_list_ids.#": "0",
                            "protocol": "tcp",
                            "security_group_id": "sg-3be9ff53",
                            "self": "false",
                            "to_port": "8080",
                            "type": "ingress"
                        },
                        "meta": {
                            "schema_version": "2"
                        },
                        "tainted": false
                    },
                    "deposed": [],
                    "provider": ""
                }
            },
            "depends_on": []
        },
        {
            "path": [
                "root",
                "disha_online_env",
                "disha_location_instance",
                "sg"
            ],
            "outputs": {
                "sg_id": {
                    "sensitive": false,
                    "type": "string",
                    "value": "sg-b4ebfddc"
                }
            },
            "resources": {
                "aws_security_group.sg": {
                    "type": "aws_security_group",
                    "depends_on": [],
                    "primary": {
                        "id": "sg-b4ebfddc",
                        "attributes": {
                            "description": "Managed by Terraform",
                            "egress.#": "1",
                            "egress.482069346.cidr_blocks.#": "1",
                            "egress.482069346.cidr_blocks.0": "0.0.0.0/0",
                            "egress.482069346.description": "",
                            "egress.482069346.from_port": "0",
                            "egress.482069346.ipv6_cidr_blocks.#": "0",
                            "egress.482069346.prefix_list_ids.#": "0",
                            "egress.482069346.protocol": "-1",
                            "egress.482069346.security_groups.#": "0",
                            "egress.482069346.self": "false",
                            "egress.482069346.to_port": "0",
                            "id": "sg-b4ebfddc",
                            "ingress.#": "3",
                            "ingress.1472356994.cidr_blocks.#": "1",
                            "ingress.1472356994.cidr_blocks.0": "20.0.0.0/16",
                            "ingress.1472356994.description": "",
                            "ingress.1472356994.from_port": "8080",
                            "ingress.1472356994.ipv6_cidr_blocks.#": "0",
                            "ingress.1472356994.protocol": "tcp",
                            "ingress.1472356994.security_groups.#": "0",
                            "ingress.1472356994.self": "false",
                            "ingress.1472356994.to_port": "8080",
                            "ingress.2214680975.cidr_blocks.#": "1",
                            "ingress.2214680975.cidr_blocks.0": "0.0.0.0/0",
                            "ingress.2214680975.description": "",
                            "ingress.2214680975.from_port": "80",
                            "ingress.2214680975.ipv6_cidr_blocks.#": "0",
                            "ingress.2214680975.protocol": "tcp",
                            "ingress.2214680975.security_groups.#": "0",
                            "ingress.2214680975.self": "false",
                            "ingress.2214680975.to_port": "80",
                            "ingress.2617001939.cidr_blocks.#": "1",
                            "ingress.2617001939.cidr_blocks.0": "0.0.0.0/0",
                            "ingress.2617001939.description": "",
                            "ingress.2617001939.from_port": "443",
                            "ingress.2617001939.ipv6_cidr_blocks.#": "0",
                            "ingress.2617001939.protocol": "tcp",
                            "ingress.2617001939.security_groups.#": "0",
                            "ingress.2617001939.self": "false",
                            "ingress.2617001939.to_port": "443",
                            "name": "disha-online-location",
                            "owner_id": "044611426596",
                            "revoke_rules_on_delete": "false",
                            "tags.%": "1",
                            "tags.Name": "disha-online-location",
                            "vpc_id": "vpc-905a95f8"
                        },
                        "meta": {
                            "schema_version": "1"
                        },
                        "tainted": false
                    },
                    "deposed": [],
                    "provider": ""
                },
                "aws_security_group_rule.sg_rule.0": {
                    "type": "aws_security_group_rule",
                    "depends_on": [
                        "aws_security_group.sg"
                    ],
                    "primary": {
                        "id": "sgrule-3380242047",
                        "attributes": {
                            "cidr_blocks.#": "1",
                            "cidr_blocks.0": "0.0.0.0/0",
                            "description": "",
                            "from_port": "80",
                            "id": "sgrule-3380242047",
                            "ipv6_cidr_blocks.#": "0",
                            "prefix_list_ids.#": "0",
                            "protocol": "tcp",
                            "security_group_id": "sg-b4ebfddc",
                            "self": "false",
                            "to_port": "80",
                            "type": "ingress"
                        },
                        "meta": {
                            "schema_version": "2"
                        },
                        "tainted": false
                    },
                    "deposed": [],
                    "provider": ""
                },
                "aws_security_group_rule.sg_rule.1": {
                    "type": "aws_security_group_rule",
                    "depends_on": [
                        "aws_security_group.sg"
                    ],
                    "primary": {
                        "id": "sgrule-2857700060",
                        "attributes": {
                            "cidr_blocks.#": "1",
                            "cidr_blocks.0": "0.0.0.0/0",
                            "description": "",
                            "from_port": "443",
                            "id": "sgrule-2857700060",
                            "ipv6_cidr_blocks.#": "0",
                            "prefix_list_ids.#": "0",
                            "protocol": "tcp",
                            "security_group_id": "sg-b4ebfddc",
                            "self": "false",
                            "to_port": "443",
                            "type": "ingress"
                        },
                        "meta": {
                            "schema_version": "2"
                        },
                        "tainted": false
                    },
                    "deposed": [],
                    "provider": ""
                },
                "aws_security_group_rule.sg_rule.2": {
                    "type": "aws_security_group_rule",
                    "depends_on": [
                        "aws_security_group.sg"
                    ],
                    "primary": {
                        "id": "sgrule-2146261860",
                        "attributes": {
                            "cidr_blocks.#": "1",
                            "cidr_blocks.0": "20.0.0.0/16",
                            "description": "",
                            "from_port": "8080",
                            "id": "sgrule-2146261860",
                            "ipv6_cidr_blocks.#": "0",
                            "prefix_list_ids.#": "0",
                            "protocol": "tcp",
                            "security_group_id": "sg-b4ebfddc",
                            "self": "false",
                            "to_port": "8080",
                            "type": "ingress"
                        },
                        "meta": {
                            "schema_version": "2"
                        },
                        "tainted": false
                    },
                    "deposed": [],
                    "provider": ""
                },
                "aws_security_group_rule.sg_rule.3": {
                    "type": "aws_security_group_rule",
                    "depends_on": [
                        "aws_security_group.sg"
                    ],
                    "primary": {
                        "id": "sgrule-557785966",
                        "attributes": {
                            "cidr_blocks.#": "1",
                            "cidr_blocks.0": "0.0.0.0/0",
                            "description": "",
                            "from_port": "0",
                            "id": "sgrule-557785966",
                            "ipv6_cidr_blocks.#": "0",
                            "prefix_list_ids.#": "0",
                            "protocol": "-1",
                            "security_group_id": "sg-b4ebfddc",
                            "self": "false",
                            "to_port": "0",
                            "type": "egress"
                        },
                        "meta": {
                            "schema_version": "2"
                        },
                        "tainted": false
                    },
                    "deposed": [],
                    "provider": ""
                }
            },
            "depends_on": []
        },
        {
            "path": [
                "root",
                "disha_online_env",
                "disha_mongo_arbiter_instance",
                "sg"
            ],
            "outputs": {
                "sg_id": {
                    "sensitive": false,
                    "type": "string",
                    "value": "sg-03cd2868"
                }
            },
            "resources": {
                "aws_security_group.sg": {
                    "type": "aws_security_group",
                    "depends_on": [],
                    "primary": {
                        "id": "sg-03cd2868",
                        "attributes": {
                            "description": "Managed by Terraform",
                            "egress.#": "0",
                            "id": "sg-03cd2868",
                            "ingress.#": "1",
                            "ingress.3749369221.cidr_blocks.#": "1",
                            "ingress.3749369221.cidr_blocks.0": "20.0.0.0/16",
                            "ingress.3749369221.description": "",
                            "ingress.3749369221.from_port": "27017",
                            "ingress.3749369221.ipv6_cidr_blocks.#": "0",
                            "ingress.3749369221.protocol": "tcp",
                            "ingress.3749369221.security_groups.#": "0",
                            "ingress.3749369221.self": "false",
                            "ingress.3749369221.to_port": "27017",
                            "name": "disha-online-mongo-arbiter",
                            "owner_id": "044611426596",
                            "revoke_rules_on_delete": "false",
                            "tags.%": "1",
                            "tags.Name": "disha-online-mongo-arbiter",
                            "vpc_id": "vpc-905a95f8"
                        },
                        "meta": {
                            "schema_version": "1"
                        },
                        "tainted": false
                    },
                    "deposed": [],
                    "provider": ""
                },
                "aws_security_group_rule.sg_rule": {
                    "type": "aws_security_group_rule",
                    "depends_on": [
                        "aws_security_group.sg"
                    ],
                    "primary": {
                        "id": "sgrule-2490119415",
                        "attributes": {
                            "cidr_blocks.#": "1",
                            "cidr_blocks.0": "20.0.0.0/16",
                            "description": "",
                            "from_port": "27017",
                            "id": "sgrule-2490119415",
                            "ipv6_cidr_blocks.#": "0",
                            "prefix_list_ids.#": "0",
                            "protocol": "tcp",
                            "security_group_id": "sg-03cd2868",
                            "self": "false",
                            "to_port": "27017",
                            "type": "ingress"
                        },
                        "meta": {
                            "schema_version": "2"
                        },
                        "tainted": false
                    },
                    "deposed": [],
                    "provider": ""
                }
            },
            "depends_on": []
        },
        {
            "path": [
                "root",
                "disha_online_env",
                "disha_mongo_arbitor_instance",
                "sg"
            ],
            "outputs": {
                "sg_id": {
                    "sensitive": false,
                    "type": "string",
                    "value": "sg-e9aabc81"
                }
            },
            "resources": {},
            "depends_on": []
        },
        {
            "path": [
                "root",
                "disha_online_env",
                "disha_mongo_primary_instance",
                "sg"
            ],
            "outputs": {
                "sg_id": {
                    "sensitive": false,
                    "type": "string",
                    "value": "sg-c0a0b6a8"
                }
            },
            "resources": {
                "aws_security_group.sg": {
                    "type": "aws_security_group",
                    "depends_on": [],
                    "primary": {
                        "id": "sg-c0a0b6a8",
                        "attributes": {
                            "description": "Managed by Terraform",
                            "egress.#": "0",
                            "id": "sg-c0a0b6a8",
                            "ingress.#": "1",
                            "ingress.3749369221.cidr_blocks.#": "1",
                            "ingress.3749369221.cidr_blocks.0": "20.0.0.0/16",
                            "ingress.3749369221.description": "",
                            "ingress.3749369221.from_port": "27017",
                            "ingress.3749369221.ipv6_cidr_blocks.#": "0",
                            "ingress.3749369221.protocol": "tcp",
                            "ingress.3749369221.security_groups.#": "0",
                            "ingress.3749369221.self": "false",
                            "ingress.3749369221.to_port": "27017",
                            "name": "disha-online-mongo-primary",
                            "owner_id": "044611426596",
                            "revoke_rules_on_delete": "false",
                            "tags.%": "1",
                            "tags.Name": "disha-online-mongo-primary",
                            "vpc_id": "vpc-905a95f8"
                        },
                        "meta": {
                            "schema_version": "1"
                        },
                        "tainted": false
                    },
                    "deposed": [],
                    "provider": ""
                },
                "aws_security_group_rule.sg_rule": {
                    "type": "aws_security_group_rule",
                    "depends_on": [
                        "aws_security_group.sg"
                    ],
                    "primary": {
                        "id": "sgrule-963644783",
                        "attributes": {
                            "cidr_blocks.#": "1",
                            "cidr_blocks.0": "20.0.0.0/16",
                            "description": "",
                            "from_port": "27017",
                            "id": "sgrule-963644783",
                            "ipv6_cidr_blocks.#": "0",
                            "prefix_list_ids.#": "0",
                            "protocol": "tcp",
                            "security_group_id": "sg-c0a0b6a8",
                            "self": "false",
                            "to_port": "27017",
                            "type": "ingress"
                        },
                        "meta": {
                            "schema_version": "2"
                        },
                        "tainted": false
                    },
                    "deposed": [],
                    "provider": ""
                }
            },
            "depends_on": []
        },
        {
            "path": [
                "root",
                "disha_online_env",
                "disha_mongo_secondary_instance",
                "sg"
            ],
            "outputs": {
                "sg_id": {
                    "sensitive": false,
                    "type": "string",
                    "value": "sg-60a1b708"
                }
            },
            "resources": {
                "aws_security_group.sg": {
                    "type": "aws_security_group",
                    "depends_on": [],
                    "primary": {
                        "id": "sg-60a1b708",
                        "attributes": {
                            "description": "Managed by Terraform",
                            "egress.#": "0",
                            "id": "sg-60a1b708",
                            "ingress.#": "1",
                            "ingress.3749369221.cidr_blocks.#": "1",
                            "ingress.3749369221.cidr_blocks.0": "20.0.0.0/16",
                            "ingress.3749369221.description": "",
                            "ingress.3749369221.from_port": "27017",
                            "ingress.3749369221.ipv6_cidr_blocks.#": "0",
                            "ingress.3749369221.protocol": "tcp",
                            "ingress.3749369221.security_groups.#": "0",
                            "ingress.3749369221.self": "false",
                            "ingress.3749369221.to_port": "27017",
                            "name": "disha-online-mongo-secondary",
                            "owner_id": "044611426596",
                            "revoke_rules_on_delete": "false",
                            "tags.%": "1",
                            "tags.Name": "disha-online-mongo-secondary",
                            "vpc_id": "vpc-905a95f8"
                        },
                        "meta": {
                            "schema_version": "1"
                        },
                        "tainted": false
                    },
                    "deposed": [],
                    "provider": ""
                },
                "aws_security_group_rule.sg_rule": {
                    "type": "aws_security_group_rule",
                    "depends_on": [
                        "aws_security_group.sg"
                    ],
                    "primary": {
                        "id": "sgrule-441167592",
                        "attributes": {
                            "cidr_blocks.#": "1",
                            "cidr_blocks.0": "20.0.0.0/16",
                            "description": "",
                            "from_port": "27017",
                            "id": "sgrule-441167592",
                            "ipv6_cidr_blocks.#": "0",
                            "prefix_list_ids.#": "0",
                            "protocol": "tcp",
                            "security_group_id": "sg-60a1b708",
                            "self": "false",
                            "to_port": "27017",
                            "type": "ingress"
                        },
                        "meta": {
                            "schema_version": "2"
                        },
                        "tainted": false
                    },
                    "deposed": [],
                    "provider": ""
                }
            },
            "depends_on": []
        },
        {
            "path": [
                "root",
                "disha_online_env",
                "disha_web_tcmap_instance",
                "sg"
            ],
            "outputs": {
                "sg_id": {
                    "sensitive": false,
                    "type": "string",
                    "value": "sg-99e8fef1"
                }
            },
            "resources": {
                "aws_security_group.sg": {
                    "type": "aws_security_group",
                    "depends_on": [],
                    "primary": {
                        "id": "sg-99e8fef1",
                        "attributes": {
                            "description": "Managed by Terraform",
                            "egress.#": "0",
                            "id": "sg-99e8fef1",
                            "ingress.#": "3",
                            "ingress.3458797956.cidr_blocks.#": "1",
                            "ingress.3458797956.cidr_blocks.0": "20.0.0.0/16",
                            "ingress.3458797956.description": "",
                            "ingress.3458797956.from_port": "8090",
                            "ingress.3458797956.ipv6_cidr_blocks.#": "0",
                            "ingress.3458797956.protocol": "tcp",
                            "ingress.3458797956.security_groups.#": "0",
                            "ingress.3458797956.self": "false",
                            "ingress.3458797956.to_port": "8090",
                            "ingress.4136817967.cidr_blocks.#": "1",
                            "ingress.4136817967.cidr_blocks.0": "20.0.0.0/16",
                            "ingress.4136817967.description": "",
                            "ingress.4136817967.from_port": "80",
                            "ingress.4136817967.ipv6_cidr_blocks.#": "0",
                            "ingress.4136817967.protocol": "tcp",
                            "ingress.4136817967.security_groups.#": "0",
                            "ingress.4136817967.self": "false",
                            "ingress.4136817967.to_port": "80",
                            "ingress.445900265.cidr_blocks.#": "1",
                            "ingress.445900265.cidr_blocks.0": "20.0.0.0/16",
                            "ingress.445900265.description": "",
                            "ingress.445900265.from_port": "443",
                            "ingress.445900265.ipv6_cidr_blocks.#": "0",
                            "ingress.445900265.protocol": "tcp",
                            "ingress.445900265.security_groups.#": "0",
                            "ingress.445900265.self": "false",
                            "ingress.445900265.to_port": "443",
                            "name": "disha-online-web-tcmap",
                            "owner_id": "044611426596",
                            "revoke_rules_on_delete": "false",
                            "tags.%": "1",
                            "tags.Name": "disha-online-web-tcmap",
                            "vpc_id": "vpc-905a95f8"
                        },
                        "meta": {
                            "schema_version": "1"
                        },
                        "tainted": false
                    },
                    "deposed": [],
                    "provider": ""
                },
                "aws_security_group_rule.sg_rule.0": {
                    "type": "aws_security_group_rule",
                    "depends_on": [
                        "aws_security_group.sg"
                    ],
                    "primary": {
                        "id": "sgrule-1211475894",
                        "attributes": {
                            "cidr_blocks.#": "1",
                            "cidr_blocks.0": "20.0.0.0/16",
                            "description": "",
                            "from_port": "80",
                            "id": "sgrule-1211475894",
                            "ipv6_cidr_blocks.#": "0",
                            "prefix_list_ids.#": "0",
                            "protocol": "tcp",
                            "security_group_id": "sg-99e8fef1",
                            "self": "false",
                            "to_port": "80",
                            "type": "ingress"
                        },
                        "meta": {
                            "schema_version": "2"
                        },
                        "tainted": false
                    },
                    "deposed": [],
                    "provider": ""
                },
                "aws_security_group_rule.sg_rule.1": {
                    "type": "aws_security_group_rule",
                    "depends_on": [
                        "aws_security_group.sg"
                    ],
                    "primary": {
                        "id": "sgrule-3860415324",
                        "attributes": {
                            "cidr_blocks.#": "1",
                            "cidr_blocks.0": "20.0.0.0/16",
                            "description": "",
                            "from_port": "443",
                            "id": "sgrule-3860415324",
                            "ipv6_cidr_blocks.#": "0",
                            "prefix_list_ids.#": "0",
                            "protocol": "tcp",
                            "security_group_id": "sg-99e8fef1",
                            "self": "false",
                            "to_port": "443",
                            "type": "ingress"
                        },
                        "meta": {
                            "schema_version": "2"
                        },
                        "tainted": false
                    },
                    "deposed": [],
                    "provider": ""
                },
                "aws_security_group_rule.sg_rule.2": {
                    "type": "aws_security_group_rule",
                    "depends_on": [
                        "aws_security_group.sg"
                    ],
                    "primary": {
                        "id": "sgrule-1216801914",
                        "attributes": {
                            "cidr_blocks.#": "1",
                            "cidr_blocks.0": "20.0.0.0/16",
                            "description": "",
                            "from_port": "8090",
                            "id": "sgrule-1216801914",
                            "ipv6_cidr_blocks.#": "0",
                            "prefix_list_ids.#": "0",
                            "protocol": "tcp",
                            "security_group_id": "sg-99e8fef1",
                            "self": "false",
                            "to_port": "8090",
                            "type": "ingress"
                        },
                        "meta": {
                            "schema_version": "2"
                        },
                        "tainted": false
                    },
                    "deposed": [],
                    "provider": ""
                }
            },
            "depends_on": []
        },
        {
            "path": [
                "root",
                "disha_online_env",
                "jump_box",
                "sg"
            ],
            "outputs": {
                "sg_id": {
                    "sensitive": false,
                    "type": "string",
                    "value": "sg-93e9fffb"
                }
            },
            "resources": {
                "aws_security_group.sg": {
                    "type": "aws_security_group",
                    "depends_on": [],
                    "primary": {
                        "id": "sg-93e9fffb",
                        "attributes": {
                            "description": "Managed by Terraform",
                            "egress.#": "0",
                            "id": "sg-93e9fffb",
                            "ingress.#": "1",
                            "ingress.2541437006.cidr_blocks.#": "1",
                            "ingress.2541437006.cidr_blocks.0": "0.0.0.0/0",
                            "ingress.2541437006.description": "",
                            "ingress.2541437006.from_port": "22",
                            "ingress.2541437006.ipv6_cidr_blocks.#": "0",
                            "ingress.2541437006.protocol": "tcp",
                            "ingress.2541437006.security_groups.#": "0",
                            "ingress.2541437006.self": "false",
                            "ingress.2541437006.to_port": "22",
                            "name": "disha-online-jump-box",
                            "owner_id": "044611426596",
                            "revoke_rules_on_delete": "false",
                            "tags.%": "1",
                            "tags.Name": "disha-online-jump-box",
                            "vpc_id": "vpc-905a95f8"
                        },
                        "meta": {
                            "schema_version": "1"
                        },
                        "tainted": false
                    },
                    "deposed": [],
                    "provider": ""
                },
                "aws_security_group_rule.sg_rule": {
                    "type": "aws_security_group_rule",
                    "depends_on": [
                        "aws_security_group.sg"
                    ],
                    "primary": {
                        "id": "sgrule-2900008590",
                        "attributes": {
                            "cidr_blocks.#": "1",
                            "cidr_blocks.0": "0.0.0.0/0",
                            "description": "",
                            "from_port": "22",
                            "id": "sgrule-2900008590",
                            "ipv6_cidr_blocks.#": "0",
                            "prefix_list_ids.#": "0",
                            "protocol": "tcp",
                            "security_group_id": "sg-93e9fffb",
                            "self": "false",
                            "to_port": "22",
                            "type": "ingress"
                        },
                        "meta": {
                            "schema_version": "2"
                        },
                        "tainted": false
                    },
                    "deposed": [],
                    "provider": ""
                }
            },
            "depends_on": []
        },
        {
            "path": [
                "root",
                "disha_online_env",
                "metabase_instance",
                "sg"
            ],
            "outputs": {
                "sg_id": {
                    "sensitive": false,
                    "type": "string",
                    "value": "sg-cce8fea4"
                }
            },
            "resources": {
                "aws_security_group.sg": {
                    "type": "aws_security_group",
                    "depends_on": [],
                    "primary": {
                        "id": "sg-cce8fea4",
                        "attributes": {
                            "description": "Managed by Terraform",
                            "egress.#": "0",
                            "id": "sg-cce8fea4",
                            "ingress.#": "1",
                            "ingress.1472356994.cidr_blocks.#": "1",
                            "ingress.1472356994.cidr_blocks.0": "20.0.0.0/16",
                            "ingress.1472356994.description": "",
                            "ingress.1472356994.from_port": "8080",
                            "ingress.1472356994.ipv6_cidr_blocks.#": "0",
                            "ingress.1472356994.protocol": "tcp",
                            "ingress.1472356994.security_groups.#": "0",
                            "ingress.1472356994.self": "false",
                            "ingress.1472356994.to_port": "8080",
                            "name": "disha-online-metabase",
                            "owner_id": "044611426596",
                            "revoke_rules_on_delete": "false",
                            "tags.%": "1",
                            "tags.Name": "disha-online-metabase",
                            "vpc_id": "vpc-905a95f8"
                        },
                        "meta": {
                            "schema_version": "1"
                        },
                        "tainted": false
                    },
                    "deposed": [],
                    "provider": ""
                },
                "aws_security_group_rule.sg_rule": {
                    "type": "aws_security_group_rule",
                    "depends_on": [
                        "aws_security_group.sg"
                    ],
                    "primary": {
                        "id": "sgrule-896542832",
                        "attributes": {
                            "cidr_blocks.#": "1",
                            "cidr_blocks.0": "20.0.0.0/16",
                            "description": "",
                            "from_port": "8080",
                            "id": "sgrule-896542832",
                            "ipv6_cidr_blocks.#": "0",
                            "prefix_list_ids.#": "0",
                            "protocol": "tcp",
                            "security_group_id": "sg-cce8fea4",
                            "self": "false",
                            "to_port": "8080",
                            "type": "ingress"
                        },
                        "meta": {
                            "schema_version": "2"
                        },
                        "tainted": false
                    },
                    "deposed": [],
                    "provider": ""
                }
            },
            "depends_on": []
        },
        {
            "path": [
                "root",
                "disha_online_env",
                "nfs_instance",
                "sg"
            ],
            "outputs": {
                "sg_id": {
                    "sensitive": false,
                    "type": "string",
                    "value": "sg-c3e9ffab"
                }
            },
            "resources": {
                "aws_security_group.sg": {
                    "type": "aws_security_group",
                    "depends_on": [],
                    "primary": {
                        "id": "sg-c3e9ffab",
                        "attributes": {
                            "description": "Managed by Terraform",
                            "egress.#": "0",
                            "id": "sg-c3e9ffab",
                            "ingress.#": "1",
                            "ingress.322549177.cidr_blocks.#": "1",
                            "ingress.322549177.cidr_blocks.0": "20.0.0.0/16",
                            "ingress.322549177.description": "",
                            "ingress.322549177.from_port": "2049",
                            "ingress.322549177.ipv6_cidr_blocks.#": "0",
                            "ingress.322549177.protocol": "tcp",
                            "ingress.322549177.security_groups.#": "0",
                            "ingress.322549177.self": "false",
                            "ingress.322549177.to_port": "2049",
                            "name": "disha-online-nfs",
                            "owner_id": "044611426596",
                            "revoke_rules_on_delete": "false",
                            "tags.%": "1",
                            "tags.Name": "disha-online-nfs",
                            "vpc_id": "vpc-905a95f8"
                        },
                        "meta": {
                            "schema_version": "1"
                        },
                        "tainted": false
                    },
                    "deposed": [],
                    "provider": ""
                },
                "aws_security_group_rule.sg_rule": {
                    "type": "aws_security_group_rule",
                    "depends_on": [
                        "aws_security_group.sg"
                    ],
                    "primary": {
                        "id": "sgrule-3075508832",
                        "attributes": {
                            "cidr_blocks.#": "1",
                            "cidr_blocks.0": "20.0.0.0/16",
                            "description": "",
                            "from_port": "2049",
                            "id": "sgrule-3075508832",
                            "ipv6_cidr_blocks.#": "0",
                            "prefix_list_ids.#": "0",
                            "protocol": "tcp",
                            "security_group_id": "sg-c3e9ffab",
                            "self": "false",
                            "to_port": "2049",
                            "type": "ingress"
                        },
                        "meta": {
                            "schema_version": "2"
                        },
                        "tainted": false
                    },
                    "deposed": [],
                    "provider": ""
                }
            },
            "depends_on": []
        },
        {
            "path": [
                "root",
                "disha_online_env",
                "pmgdisha_info_instance",
                "sg"
            ],
            "outputs": {
                "sg_id": {
                    "sensitive": false,
                    "type": "string",
                    "value": "sg-b3ebfddb"
                }
            },
            "resources": {
                "aws_security_group.sg": {
                    "type": "aws_security_group",
                    "depends_on": [],
                    "primary": {
                        "id": "sg-b3ebfddb",
                        "attributes": {
                            "description": "Managed by Terraform",
                            "egress.#": "0",
                            "id": "sg-b3ebfddb",
                            "ingress.#": "2",
                            "ingress.3496631017.cidr_blocks.#": "1",
                            "ingress.3496631017.cidr_blocks.0": "20.0.0.0/16",
                            "ingress.3496631017.description": "",
                            "ingress.3496631017.from_port": "8050",
                            "ingress.3496631017.ipv6_cidr_blocks.#": "0",
                            "ingress.3496631017.protocol": "tcp",
                            "ingress.3496631017.security_groups.#": "0",
                            "ingress.3496631017.self": "false",
                            "ingress.3496631017.to_port": "8050",
                            "ingress.4136817967.cidr_blocks.#": "1",
                            "ingress.4136817967.cidr_blocks.0": "20.0.0.0/16",
                            "ingress.4136817967.description": "",
                            "ingress.4136817967.from_port": "80",
                            "ingress.4136817967.ipv6_cidr_blocks.#": "0",
                            "ingress.4136817967.protocol": "tcp",
                            "ingress.4136817967.security_groups.#": "0",
                            "ingress.4136817967.self": "false",
                            "ingress.4136817967.to_port": "80",
                            "name": "disha-online-pmgdisha_info",
                            "owner_id": "044611426596",
                            "revoke_rules_on_delete": "false",
                            "tags.%": "1",
                            "tags.Name": "disha-online-pmgdisha_info",
                            "vpc_id": "vpc-905a95f8"
                        },
                        "meta": {
                            "schema_version": "1"
                        },
                        "tainted": false
                    },
                    "deposed": [],
                    "provider": ""
                },
                "aws_security_group_rule.sg_rule.0": {
                    "type": "aws_security_group_rule",
                    "depends_on": [
                        "aws_security_group.sg"
                    ],
                    "primary": {
                        "id": "sgrule-2513997987",
                        "attributes": {
                            "cidr_blocks.#": "1",
                            "cidr_blocks.0": "20.0.0.0/16",
                            "description": "",
                            "from_port": "8050",
                            "id": "sgrule-2513997987",
                            "ipv6_cidr_blocks.#": "0",
                            "prefix_list_ids.#": "0",
                            "protocol": "tcp",
                            "security_group_id": "sg-b3ebfddb",
                            "self": "false",
                            "to_port": "8050",
                            "type": "ingress"
                        },
                        "meta": {
                            "schema_version": "2"
                        },
                        "tainted": false
                    },
                    "deposed": [],
                    "provider": ""
                },
                "aws_security_group_rule.sg_rule.1": {
                    "type": "aws_security_group_rule",
                    "depends_on": [
                        "aws_security_group.sg"
                    ],
                    "primary": {
                        "id": "sgrule-3016404050",
                        "attributes": {
                            "cidr_blocks.#": "1",
                            "cidr_blocks.0": "20.0.0.0/16",
                            "description": "",
                            "from_port": "80",
                            "id": "sgrule-3016404050",
                            "ipv6_cidr_blocks.#": "0",
                            "prefix_list_ids.#": "0",
                            "protocol": "tcp",
                            "security_group_id": "sg-b3ebfddb",
                            "self": "false",
                            "to_port": "80",
                            "type": "ingress"
                        },
                        "meta": {
                            "schema_version": "2"
                        },
                        "tainted": false
                    },
                    "deposed": [],
                    "provider": ""
                }
            },
            "depends_on": []
        },
        {
            "path": [
                "root",
                "disha_online_env",
                "practice_instance",
                "sg"
            ],
            "outputs": {
                "sg_id": {
                    "sensitive": false,
                    "type": "string",
                    "value": "sg-97e9ffff"
                }
            },
            "resources": {
                "aws_security_group.sg": {
                    "type": "aws_security_group",
                    "depends_on": [],
                    "primary": {
                        "id": "sg-97e9ffff",
                        "attributes": {
                            "description": "Managed by Terraform",
                            "egress.#": "0",
                            "id": "sg-97e9ffff",
                            "ingress.#": "1",
                            "ingress.1233201647.cidr_blocks.#": "1",
                            "ingress.1233201647.cidr_blocks.0": "20.0.0.0/16",
                            "ingress.1233201647.description": "",
                            "ingress.1233201647.from_port": "8040",
                            "ingress.1233201647.ipv6_cidr_blocks.#": "0",
                            "ingress.1233201647.protocol": "tcp",
                            "ingress.1233201647.security_groups.#": "0",
                            "ingress.1233201647.self": "false",
                            "ingress.1233201647.to_port": "8040",
                            "name": "disha-online-practice",
                            "owner_id": "044611426596",
                            "revoke_rules_on_delete": "false",
                            "tags.%": "1",
                            "tags.Name": "disha-online-practice",
                            "vpc_id": "vpc-905a95f8"
                        },
                        "meta": {
                            "schema_version": "1"
                        },
                        "tainted": false
                    },
                    "deposed": [],
                    "provider": ""
                },
                "aws_security_group_rule.sg_rule": {
                    "type": "aws_security_group_rule",
                    "depends_on": [
                        "aws_security_group.sg"
                    ],
                    "primary": {
                        "id": "sgrule-4091221398",
                        "attributes": {
                            "cidr_blocks.#": "1",
                            "cidr_blocks.0": "20.0.0.0/16",
                            "description": "",
                            "from_port": "8040",
                            "id": "sgrule-4091221398",
                            "ipv6_cidr_blocks.#": "0",
                            "prefix_list_ids.#": "0",
                            "protocol": "tcp",
                            "security_group_id": "sg-97e9ffff",
                            "self": "false",
                            "to_port": "8040",
                            "type": "ingress"
                        },
                        "meta": {
                            "schema_version": "2"
                        },
                        "tainted": false
                    },
                    "deposed": [],
                    "provider": ""
                }
            },
            "depends_on": []
        },
        {
            "path": [
                "root",
                "disha_online_env",
                "redis_instance",
                "sg"
            ],
            "outputs": {
                "sg_id": {
                    "sensitive": false,
                    "type": "string",
                    "value": "sg-cbe8fea3"
                }
            },
            "resources": {
                "aws_security_group.sg": {
                    "type": "aws_security_group",
                    "depends_on": [],
                    "primary": {
                        "id": "sg-cbe8fea3",
                        "attributes": {
                            "description": "Managed by Terraform",
                            "egress.#": "0",
                            "id": "sg-cbe8fea3",
                            "ingress.#": "1",
                            "ingress.2478932758.cidr_blocks.#": "1",
                            "ingress.2478932758.cidr_blocks.0": "20.0.0.0/16",
                            "ingress.2478932758.description": "",
                            "ingress.2478932758.from_port": "6379",
                            "ingress.2478932758.ipv6_cidr_blocks.#": "0",
                            "ingress.2478932758.protocol": "tcp",
                            "ingress.2478932758.security_groups.#": "0",
                            "ingress.2478932758.self": "false",
                            "ingress.2478932758.to_port": "6379",
                            "name": "disha-online-redis",
                            "owner_id": "044611426596",
                            "revoke_rules_on_delete": "false",
                            "tags.%": "1",
                            "tags.Name": "disha-online-redis",
                            "vpc_id": "vpc-905a95f8"
                        },
                        "meta": {
                            "schema_version": "1"
                        },
                        "tainted": false
                    },
                    "deposed": [],
                    "provider": ""
                },
                "aws_security_group_rule.sg_rule": {
                    "type": "aws_security_group_rule",
                    "depends_on": [
                        "aws_security_group.sg"
                    ],
                    "primary": {
                        "id": "sgrule-182048260",
                        "attributes": {
                            "cidr_blocks.#": "1",
                            "cidr_blocks.0": "20.0.0.0/16",
                            "description": "",
                            "from_port": "6379",
                            "id": "sgrule-182048260",
                            "ipv6_cidr_blocks.#": "0",
                            "prefix_list_ids.#": "0",
                            "protocol": "tcp",
                            "security_group_id": "sg-cbe8fea3",
                            "self": "false",
                            "to_port": "6379",
                            "type": "ingress"
                        },
                        "meta": {
                            "schema_version": "2"
                        },
                        "tainted": false
                    },
                    "deposed": [],
                    "provider": ""
                }
            },
            "depends_on": []
        },
        {
            "path": [
                "root",
                "disha_online_env",
                "username_disha_instance",
                "sg"
            ],
            "outputs": {
                "sg_id": {
                    "sensitive": false,
                    "type": "string",
                    "value": "sg-c5e9ffad"
                }
            },
            "resources": {
                "aws_security_group.sg": {
                    "type": "aws_security_group",
                    "depends_on": [],
                    "primary": {
                        "id": "sg-c5e9ffad",
                        "attributes": {
                            "description": "Managed by Terraform",
                            "egress.#": "0",
                            "id": "sg-c5e9ffad",
                            "ingress.#": "1",
                            "ingress.2879624684.cidr_blocks.#": "1",
                            "ingress.2879624684.cidr_blocks.0": "20.0.0.0/16",
                            "ingress.2879624684.description": "",
                            "ingress.2879624684.from_port": "8041",
                            "ingress.2879624684.ipv6_cidr_blocks.#": "0",
                            "ingress.2879624684.protocol": "tcp",
                            "ingress.2879624684.security_groups.#": "0",
                            "ingress.2879624684.self": "false",
                            "ingress.2879624684.to_port": "8041",
                            "name": "disha-online-username",
                            "owner_id": "044611426596",
                            "revoke_rules_on_delete": "false",
                            "tags.%": "1",
                            "tags.Name": "disha-online-username",
                            "vpc_id": "vpc-905a95f8"
                        },
                        "meta": {
                            "schema_version": "1"
                        },
                        "tainted": false
                    },
                    "deposed": [],
                    "provider": ""
                },
                "aws_security_group_rule.sg_rule": {
                    "type": "aws_security_group_rule",
                    "depends_on": [
                        "aws_security_group.sg"
                    ],
                    "primary": {
                        "id": "sgrule-4064631353",
                        "attributes": {
                            "cidr_blocks.#": "1",
                            "cidr_blocks.0": "20.0.0.0/16",
                            "description": "",
                            "from_port": "8041",
                            "id": "sgrule-4064631353",
                            "ipv6_cidr_blocks.#": "0",
                            "prefix_list_ids.#": "0",
                            "protocol": "tcp",
                            "security_group_id": "sg-c5e9ffad",
                            "self": "false",
                            "to_port": "8041",
                            "type": "ingress"
                        },
                        "meta": {
                            "schema_version": "2"
                        },
                        "tainted": false
                    },
                    "deposed": [],
                    "provider": ""
                }
            },
            "depends_on": []
        }
    ]
}
