{
    "version": 3,
    "terraform_version": "0.10.6",
    "serial": 43,
    "lineage": "a1fbfb64-7036-44ba-ad67-79c863d05243",
    "modules": [
        {
            "path": [
                "root"
            ],
            "outputs": {},
            "resources": {},
            "depends_on": []
        },
        {
            "path": [
                "root",
                "me_disha_env"
            ],
            "outputs": {
                "vpc_id": {
                    "sensitive": false,
                    "type": "string",
                    "value": "vpc-d218feba"
                }
            },
            "resources": {
                "aws_alb_target_group_attachment.biometric-admin-http": {
                    "type": "aws_alb_target_group_attachment",
                    "depends_on": [
                        "module.biometric-admin-tg-http",
                        "module.biometric_admin"
                    ],
                    "primary": {
                        "id": "arn:aws:elasticloadbalancing:ap-south-1:778504583090:targetgroup/me-disha-biom-admin-http/aef4f74d3adceaf5-20171108081758354000000010",
                        "attributes": {
                            "id": "arn:aws:elasticloadbalancing:ap-south-1:778504583090:targetgroup/me-disha-biom-admin-http/aef4f74d3adceaf5-20171108081758354000000010",
                            "port": "80",
                            "target_group_arn": "arn:aws:elasticloadbalancing:ap-south-1:778504583090:targetgroup/me-disha-biom-admin-http/aef4f74d3adceaf5",
                            "target_id": "i-09b31fb559a8193fa"
                        },
                        "meta": {},
                        "tainted": false
                    },
                    "deposed": [],
                    "provider": ""
                },
                "aws_alb_target_group_attachment.biometric-admin-https": {
                    "type": "aws_alb_target_group_attachment",
                    "depends_on": [
                        "module.biometric-admin-tg-https",
                        "module.biometric_admin"
                    ],
                    "primary": {
                        "id": "arn:aws:elasticloadbalancing:ap-south-1:778504583090:targetgroup/me-disha-bio-admin-https/0d8b1b674d176b8b-2017110808175755060000000f",
                        "attributes": {
                            "id": "arn:aws:elasticloadbalancing:ap-south-1:778504583090:targetgroup/me-disha-bio-admin-https/0d8b1b674d176b8b-2017110808175755060000000f",
                            "port": "443",
                            "target_group_arn": "arn:aws:elasticloadbalancing:ap-south-1:778504583090:targetgroup/me-disha-bio-admin-https/0d8b1b674d176b8b",
                            "target_id": "i-09b31fb559a8193fa"
                        },
                        "meta": {},
                        "tainted": false
                    },
                    "deposed": [],
                    "provider": ""
                },
                "aws_alb_target_group_attachment.biometric-http": {
                    "type": "aws_alb_target_group_attachment",
                    "depends_on": [
                        "module.biometric",
                        "module.biometric-tg-http"
                    ],
                    "primary": {
                        "id": "arn:aws:elasticloadbalancing:ap-south-1:778504583090:targetgroup/me-disha-biometric-http/71c5aa4ccce5e541-20171108081902084400000014",
                        "attributes": {
                            "id": "arn:aws:elasticloadbalancing:ap-south-1:778504583090:targetgroup/me-disha-biometric-http/71c5aa4ccce5e541-20171108081902084400000014",
                            "port": "80",
                            "target_group_arn": "arn:aws:elasticloadbalancing:ap-south-1:778504583090:targetgroup/me-disha-biometric-http/71c5aa4ccce5e541",
                            "target_id": "i-01ecc7b12c986654f"
                        },
                        "meta": {},
                        "tainted": false
                    },
                    "deposed": [],
                    "provider": ""
                },
                "aws_alb_target_group_attachment.biometric-https": {
                    "type": "aws_alb_target_group_attachment",
                    "depends_on": [
                        "module.biometric",
                        "module.biometric-tg-https"
                    ],
                    "primary": {
                        "id": "arn:aws:elasticloadbalancing:ap-south-1:778504583090:targetgroup/me-disha-biometric-https/6fe15317ff875bfe-20171108081902037200000013",
                        "attributes": {
                            "id": "arn:aws:elasticloadbalancing:ap-south-1:778504583090:targetgroup/me-disha-biometric-https/6fe15317ff875bfe-20171108081902037200000013",
                            "port": "443",
                            "target_group_arn": "arn:aws:elasticloadbalancing:ap-south-1:778504583090:targetgroup/me-disha-biometric-https/6fe15317ff875bfe",
                            "target_id": "i-01ecc7b12c986654f"
                        },
                        "meta": {},
                        "tainted": false
                    },
                    "deposed": [],
                    "provider": ""
                },
                "aws_alb_target_group_attachment.certificate-https": {
                    "type": "aws_alb_target_group_attachment",
                    "depends_on": [
                        "module.certificate-tg-https",
                        "module.certificate_instance"
                    ],
                    "primary": {
                        "id": "arn:aws:elasticloadbalancing:ap-south-1:778504583090:targetgroup/me-disha-certificate-https/f0052dda643d328a-20171117104148916200000001",
                        "attributes": {
                            "id": "arn:aws:elasticloadbalancing:ap-south-1:778504583090:targetgroup/me-disha-certificate-https/f0052dda643d328a-20171117104148916200000001",
                            "port": "443",
                            "target_group_arn": "arn:aws:elasticloadbalancing:ap-south-1:778504583090:targetgroup/me-disha-certificate-https/f0052dda643d328a",
                            "target_id": "i-0cd7053ca86a4067b"
                        },
                        "meta": {},
                        "tainted": false
                    },
                    "deposed": [],
                    "provider": ""
                },
                "aws_alb_target_group_attachment.disha-tcmap-http": {
                    "type": "aws_alb_target_group_attachment",
                    "depends_on": [
                        "module.disha-app-tcmap-tg-http",
                        "module.disha_web_tcmap_instance"
                    ],
                    "primary": {
                        "id": "arn:aws:elasticloadbalancing:ap-south-1:778504583090:targetgroup/me-disha-tcmap-http/048492f459626cbd-20171108081903266300000016",
                        "attributes": {
                            "id": "arn:aws:elasticloadbalancing:ap-south-1:778504583090:targetgroup/me-disha-tcmap-http/048492f459626cbd-20171108081903266300000016",
                            "port": "80",
                            "target_group_arn": "arn:aws:elasticloadbalancing:ap-south-1:778504583090:targetgroup/me-disha-tcmap-http/048492f459626cbd",
                            "target_id": "i-07719dbc166d28777"
                        },
                        "meta": {},
                        "tainted": false
                    },
                    "deposed": [],
                    "provider": ""
                },
                "aws_alb_target_group_attachment.disha-tcmap-https": {
                    "type": "aws_alb_target_group_attachment",
                    "depends_on": [
                        "module.disha-app-tcmap-tg-https",
                        "module.disha_web_tcmap_instance"
                    ],
                    "primary": {
                        "id": "arn:aws:elasticloadbalancing:ap-south-1:778504583090:targetgroup/me-disha-tcmap-https/d0282d6b7b0f0ff8-20171108081903199900000015",
                        "attributes": {
                            "id": "arn:aws:elasticloadbalancing:ap-south-1:778504583090:targetgroup/me-disha-tcmap-https/d0282d6b7b0f0ff8-20171108081903199900000015",
                            "port": "443",
                            "target_group_arn": "arn:aws:elasticloadbalancing:ap-south-1:778504583090:targetgroup/me-disha-tcmap-https/d0282d6b7b0f0ff8",
                            "target_id": "i-07719dbc166d28777"
                        },
                        "meta": {},
                        "tainted": false
                    },
                    "deposed": [],
                    "provider": ""
                },
                "aws_alb_target_group_attachment.metabase-https": {
                    "type": "aws_alb_target_group_attachment",
                    "depends_on": [
                        "module.metabase-tg-http",
                        "module.metabase_instance"
                    ],
                    "primary": {
                        "id": "arn:aws:elasticloadbalancing:ap-south-1:778504583090:targetgroup/me-disha-metabase-http/9c539d54b8287b53-20171124042614839400000001",
                        "attributes": {
                            "id": "arn:aws:elasticloadbalancing:ap-south-1:778504583090:targetgroup/me-disha-metabase-http/9c539d54b8287b53-20171124042614839400000001",
                            "port": "8080",
                            "target_group_arn": "arn:aws:elasticloadbalancing:ap-south-1:778504583090:targetgroup/me-disha-metabase-http/9c539d54b8287b53",
                            "target_id": "i-01763f1a53598c832"
                        },
                        "meta": {},
                        "tainted": false
                    },
                    "deposed": [],
                    "provider": ""
                },
                "aws_alb_target_group_attachment.practice-http": {
                    "type": "aws_alb_target_group_attachment",
                    "depends_on": [
                        "module.practice-tg-http",
                        "module.practice_instance"
                    ],
                    "primary": {
                        "id": "arn:aws:elasticloadbalancing:ap-south-1:778504583090:targetgroup/me-disha-practice-http/b7378ce37c506737-20171124100511982100000001",
                        "attributes": {
                            "id": "arn:aws:elasticloadbalancing:ap-south-1:778504583090:targetgroup/me-disha-practice-http/b7378ce37c506737-20171124100511982100000001",
                            "port": "8040",
                            "target_group_arn": "arn:aws:elasticloadbalancing:ap-south-1:778504583090:targetgroup/me-disha-practice-http/b7378ce37c506737",
                            "target_id": "i-0c7ceb58810b5e1cd"
                        },
                        "meta": {},
                        "tainted": false
                    },
                    "deposed": [],
                    "provider": ""
                },
                "aws_cloudwatch_metric_alarm.ansible_jenkins_instance_status_check": {
                    "type": "aws_cloudwatch_metric_alarm",
                    "depends_on": [
                        "aws_instance.jenkins-ansible-instance",
                        "module.disha_sns"
                    ],
                    "primary": {
                        "id": "me-disha-jenkins-ansible-status-checks-failed",
                        "attributes": {
                            "actions_enabled": "true",
                            "alarm_actions.#": "1",
                            "alarm_actions.640160710": "arn:aws:sns:ap-south-1:778504583090:me-disha-disha-sns",
                            "alarm_description": "This metric monitors ec2 status checks",
                            "alarm_name": "me-disha-jenkins-ansible-status-checks-failed",
                            "comparison_operator": "GreaterThanOrEqualToThreshold",
                            "dimensions.%": "1",
                            "dimensions.InstanceId": "i-095d2c9755d34fde4",
                            "evaluate_low_sample_count_percentiles": "",
                            "evaluation_periods": "1",
                            "extended_statistic": "",
                            "id": "me-disha-jenkins-ansible-status-checks-failed",
                            "insufficient_data_actions.#": "1",
                            "insufficient_data_actions.640160710": "arn:aws:sns:ap-south-1:778504583090:me-disha-disha-sns",
                            "metric_name": "StatusCheckFailed",
                            "namespace": "AWS/EC2",
                            "ok_actions.#": "1",
                            "ok_actions.640160710": "arn:aws:sns:ap-south-1:778504583090:me-disha-disha-sns",
                            "period": "60",
                            "statistic": "Average",
                            "threshold": "1",
                            "treat_missing_data": "missing",
                            "unit": ""
                        },
                        "meta": {
                            "schema_version": "1"
                        },
                        "tainted": false
                    },
                    "deposed": [],
                    "provider": ""
                },
                "aws_cloudwatch_metric_alarm.elastic_redis_cpuutilization": {
                    "type": "aws_cloudwatch_metric_alarm",
                    "depends_on": [
                        "aws_elasticache_cluster.redis_cluster",
                        "module.disha_sns"
                    ],
                    "primary": {
                        "id": "me-disha-elastic-redis-High-CPUUtilization",
                        "attributes": {
                            "actions_enabled": "true",
                            "alarm_actions.#": "1",
                            "alarm_actions.640160710": "arn:aws:sns:ap-south-1:778504583090:me-disha-disha-sns",
                            "alarm_description": "This metric monitor CPU utilization of redis",
                            "alarm_name": "me-disha-elastic-redis-High-CPUUtilization",
                            "comparison_operator": "GreaterThanOrEqualToThreshold",
                            "dimensions.%": "1",
                            "dimensions.InstanceId": "redis-mepvt",
                            "evaluate_low_sample_count_percentiles": "",
                            "evaluation_periods": "1",
                            "extended_statistic": "",
                            "id": "me-disha-elastic-redis-High-CPUUtilization",
                            "insufficient_data_actions.#": "1",
                            "insufficient_data_actions.640160710": "arn:aws:sns:ap-south-1:778504583090:me-disha-disha-sns",
                            "metric_name": "CPUUtilization",
                            "namespace": "AWS/ElastiCache",
                            "ok_actions.#": "1",
                            "ok_actions.640160710": "arn:aws:sns:ap-south-1:778504583090:me-disha-disha-sns",
                            "period": "300",
                            "statistic": "Average",
                            "threshold": "80",
                            "treat_missing_data": "missing",
                            "unit": ""
                        },
                        "meta": {
                            "schema_version": "1"
                        },
                        "tainted": false
                    },
                    "deposed": [],
                    "provider": ""
                },
                "aws_cloudwatch_metric_alarm.openvpn_instance_status_check": {
                    "type": "aws_cloudwatch_metric_alarm",
                    "depends_on": [
                        "aws_instance.openvpn-instance",
                        "module.disha_sns"
                    ],
                    "primary": {
                        "id": "me-disha-openvpn-status-checks-failed",
                        "attributes": {
                            "actions_enabled": "true",
                            "alarm_actions.#": "1",
                            "alarm_actions.640160710": "arn:aws:sns:ap-south-1:778504583090:me-disha-disha-sns",
                            "alarm_description": "This metric monitors ec2 status checks",
                            "alarm_name": "me-disha-openvpn-status-checks-failed",
                            "comparison_operator": "GreaterThanOrEqualToThreshold",
                            "dimensions.%": "1",
                            "dimensions.InstanceId": "i-01b5e5ced7fb7b85d",
                            "evaluate_low_sample_count_percentiles": "",
                            "evaluation_periods": "1",
                            "extended_statistic": "",
                            "id": "me-disha-openvpn-status-checks-failed",
                            "insufficient_data_actions.#": "1",
                            "insufficient_data_actions.640160710": "arn:aws:sns:ap-south-1:778504583090:me-disha-disha-sns",
                            "metric_name": "StatusCheckFailed",
                            "namespace": "AWS/EC2",
                            "ok_actions.#": "1",
                            "ok_actions.640160710": "arn:aws:sns:ap-south-1:778504583090:me-disha-disha-sns",
                            "period": "60",
                            "statistic": "Average",
                            "threshold": "1",
                            "treat_missing_data": "missing",
                            "unit": ""
                        },
                        "meta": {
                            "schema_version": "1"
                        },
                        "tainted": false
                    },
                    "deposed": [],
                    "provider": ""
                },
                "aws_eip_association.jenkins": {
                    "type": "aws_eip_association",
                    "depends_on": [
                        "aws_instance.jenkins-ansible-instance"
                    ],
                    "primary": {
                        "id": "eipassoc-b2f6e39c",
                        "attributes": {
                            "allocation_id": "eipalloc-66c4be48",
                            "id": "eipassoc-b2f6e39c",
                            "instance_id": "i-095d2c9755d34fde4",
                            "network_interface_id": "eni-83f954dc",
                            "private_ip_address": "10.140.5.74",
                            "public_ip": "52.66.45.170"
                        },
                        "meta": {},
                        "tainted": false
                    },
                    "deposed": [],
                    "provider": ""
                },
                "aws_eip_association.jump_box": {
                    "type": "aws_eip_association",
                    "depends_on": [
                        "module.jump_box"
                    ],
                    "primary": {
                        "id": "eipassoc-2bc5d005",
                        "attributes": {
                            "allocation_id": "eipalloc-77c1bb59",
                            "id": "eipassoc-2bc5d005",
                            "instance_id": "i-016bc27c17bde8db4",
                            "network_interface_id": "eni-b31bb9ec",
                            "private_ip_address": "10.140.5.241",
                            "public_ip": "13.127.20.85"
                        },
                        "meta": {},
                        "tainted": false
                    },
                    "deposed": [],
                    "provider": ""
                },
                "aws_eip_association.openvpn": {
                    "type": "aws_eip_association",
                    "depends_on": [
                        "aws_instance.openvpn-instance"
                    ],
                    "primary": {
                        "id": "eipassoc-cec4d1e0",
                        "attributes": {
                            "allocation_id": "eipalloc-1bc0ba35",
                            "id": "eipassoc-cec4d1e0",
                            "instance_id": "i-01b5e5ced7fb7b85d",
                            "network_interface_id": "eni-b71bb9e8",
                            "private_ip_address": "10.140.5.77",
                            "public_ip": "13.126.251.213"
                        },
                        "meta": {},
                        "tainted": false
                    },
                    "deposed": [],
                    "provider": ""
                },
                "aws_eip_association.username": {
                    "type": "aws_eip_association",
                    "depends_on": [
                        "module.disha_location_instance"
                    ],
                    "primary": {
                        "id": "eipassoc-80c9dcae",
                        "attributes": {
                            "allocation_id": "eipalloc-8cc2b8a2",
                            "id": "eipassoc-80c9dcae",
                            "instance_id": "i-0b395eeda9edb191e",
                            "network_interface_id": "eni-52ff520d",
                            "private_ip_address": "10.140.5.148",
                            "public_ip": "13.127.3.50"
                        },
                        "meta": {},
                        "tainted": false
                    },
                    "deposed": [],
                    "provider": ""
                },
                "aws_elasticache_cluster.redis_cluster": {
                    "type": "aws_elasticache_cluster",
                    "depends_on": [
                        "aws_elasticache_subnet_group.elasticache_subnet_group",
                        "aws_security_group.redis_sg"
                    ],
                    "primary": {
                        "id": "redis-mepvt",
                        "attributes": {
                            "apply_immediately": "true",
                            "availability_zone": "ap-south-1a",
                            "az_mode": "single-az",
                            "cache_nodes.#": "1",
                            "cache_nodes.0.address": "redis-mepvt.p977gd.0001.aps1.cache.amazonaws.com",
                            "cache_nodes.0.availability_zone": "ap-south-1a",
                            "cache_nodes.0.id": "0001",
                            "cache_nodes.0.port": "6379",
                            "cluster_id": "redis-mepvt",
                            "engine": "redis",
                            "engine_version": "3.2.4",
                            "id": "redis-mepvt",
                            "maintenance_window": "sun:20:00-sun:22:00",
                            "node_type": "cache.t2.micro",
                            "num_cache_nodes": "1",
                            "parameter_group_name": "default.redis3.2",
                            "port": "6379",
                            "security_group_ids.#": "1",
                            "security_group_ids.4272742867": "sg-1ed88c76",
                            "security_group_names.#": "0",
                            "snapshot_retention_limit": "0",
                            "snapshot_window": "",
                            "subnet_group_name": "tf-test-cache-subnet",
                            "tags.%": "0"
                        },
                        "meta": {},
                        "tainted": false
                    },
                    "deposed": [],
                    "provider": ""
                },
                "aws_elasticache_subnet_group.elasticache_subnet_group": {
                    "type": "aws_elasticache_subnet_group",
                    "depends_on": [
                        "module.vpc"
                    ],
                    "primary": {
                        "id": "tf-test-cache-subnet",
                        "attributes": {
                            "description": "Managed by Terraform",
                            "id": "tf-test-cache-subnet",
                            "name": "tf-test-cache-subnet",
                            "subnet_ids.#": "1",
                            "subnet_ids.2740269627": "subnet-05e40d6d"
                        },
                        "meta": {},
                        "tainted": false
                    },
                    "deposed": [],
                    "provider": ""
                },
                "aws_elb_attachment.pmgdisha": {
                    "type": "aws_elb_attachment",
                    "depends_on": [
                        "module.as-lb-http",
                        "module.pmgdisha_info_instance"
                    ],
                    "primary": {
                        "id": "me-disha-pmgdisha-info-lb-20171108091208584400000004",
                        "attributes": {
                            "elb": "me-disha-pmgdisha-info-lb",
                            "id": "me-disha-pmgdisha-info-lb-20171108091208584400000004",
                            "instance": "i-0f09fcfec9b20cf88"
                        },
                        "meta": {},
                        "tainted": false
                    },
                    "deposed": [],
                    "provider": ""
                },
                "aws_iam_instance_profile.ansible-profile": {
                    "type": "aws_iam_instance_profile",
                    "depends_on": [],
                    "primary": {
                        "id": "me-disha-ansible-profile",
                        "attributes": {
                            "arn": "arn:aws:iam::778504583090:instance-profile/me-disha-ansible-profile",
                            "id": "me-disha-ansible-profile",
                            "name": "me-disha-ansible-profile",
                            "path": "/",
                            "role": "me-disha-ansible-role",
                            "roles.#": "1",
                            "roles.1778571078": "me-disha-ansible-role",
                            "unique_id": "AIPAIMHXTOBEJO7FCOZRG"
                        },
                        "meta": {},
                        "tainted": false
                    },
                    "deposed": [],
                    "provider": ""
                },
                "aws_iam_instance_profile.autoscaling-deployment-s3logs-iam-profile": {
                    "type": "aws_iam_instance_profile",
                    "depends_on": [
                        "aws_iam_role.autoscaling-deployment-s3logs-iam-role"
                    ],
                    "primary": {
                        "id": "me-disha-autoscaling-deployment-s3logs-iam-profile",
                        "attributes": {
                            "arn": "arn:aws:iam::778504583090:instance-profile/me-disha-autoscaling-deployment-s3logs-iam-profile",
                            "id": "me-disha-autoscaling-deployment-s3logs-iam-profile",
                            "name": "me-disha-autoscaling-deployment-s3logs-iam-profile",
                            "path": "/",
                            "role": "me-disha-autoscaling-deployment-s3logs-iam-profile",
                            "roles.#": "1",
                            "roles.686954017": "me-disha-autoscaling-deployment-s3logs-iam-profile",
                            "unique_id": "AIPAITIVI2T2TFDEWOCU2"
                        },
                        "meta": {},
                        "tainted": false
                    },
                    "deposed": [],
                    "provider": ""
                },
                "aws_iam_instance_profile.instance-profile": {
                    "type": "aws_iam_instance_profile",
                    "depends_on": [
                        "aws_iam_role.instance-role"
                    ],
                    "primary": {
                        "id": "me-disha-instance-profile",
                        "attributes": {
                            "arn": "arn:aws:iam::778504583090:instance-profile/me-disha-instance-profile",
                            "id": "me-disha-instance-profile",
                            "name": "me-disha-instance-profile",
                            "path": "/",
                            "role": "me-disha-instance-profile",
                            "roles.#": "1",
                            "roles.2350214405": "me-disha-instance-profile",
                            "unique_id": "AIPAJZMPPKLN66BS7LI72"
                        },
                        "meta": {},
                        "tainted": false
                    },
                    "deposed": [],
                    "provider": ""
                },
                "aws_iam_instance_profile.metrics-profile": {
                    "type": "aws_iam_instance_profile",
                    "depends_on": [
                        "aws_iam_role.metrics-role"
                    ],
                    "primary": {
                        "id": "me-disha-metrics-profile",
                        "attributes": {
                            "arn": "arn:aws:iam::778504583090:instance-profile/me-disha-metrics-profile",
                            "id": "me-disha-metrics-profile",
                            "name": "me-disha-metrics-profile",
                            "path": "/",
                            "role": "me-disha-metrics-profile",
                            "roles.#": "1",
                            "roles.1655813358": "me-disha-metrics-profile",
                            "unique_id": "AIPAJCT6G67KNCDEEF3UY"
                        },
                        "meta": {},
                        "tainted": false
                    },
                    "deposed": [],
                    "provider": ""
                },
                "aws_iam_instance_profile.report-db-updator-instance-profile": {
                    "type": "aws_iam_instance_profile",
                    "depends_on": [
                        "aws_iam_role.report-db-updator-instance-role"
                    ],
                    "primary": {
                        "id": "me-disha-report-db-updator-instance-profile",
                        "attributes": {
                            "arn": "arn:aws:iam::778504583090:instance-profile/me-disha-report-db-updator-instance-profile",
                            "id": "me-disha-report-db-updator-instance-profile",
                            "name": "me-disha-report-db-updator-instance-profile",
                            "path": "/",
                            "role": "me-disha-report-db-updator-instance-profile",
                            "roles.#": "1",
                            "roles.1183631934": "me-disha-report-db-updator-instance-profile",
                            "unique_id": "AIPAJ4SQ7ZIVUCJRRWCVY"
                        },
                        "meta": {},
                        "tainted": false
                    },
                    "deposed": [],
                    "provider": ""
                },
                "aws_iam_policy.autoscaling-read-policy": {
                    "type": "aws_iam_policy",
                    "depends_on": [
                        "data.template_file.autoscaling_read_policy_as_template"
                    ],
                    "primary": {
                        "id": "arn:aws:iam::778504583090:policy/me-disha-autoscaling-read",
                        "attributes": {
                            "arn": "arn:aws:iam::778504583090:policy/me-disha-autoscaling-read",
                            "id": "arn:aws:iam::778504583090:policy/me-disha-autoscaling-read",
                            "name": "me-disha-autoscaling-read",
                            "path": "/",
                            "policy": "{\n    \"Version\": \"2012-10-17\",\n    \"Statement\": [\n\n        {\n            \"Effect\": \"Allow\",\n            \"Action\":\n            [\n                            \"autoscaling:DescribeTags\",\n                            \"autoscaling:DescribeAutoScalingGroups\"\n                        ],\n\n            \"Resource\": \"*\"\n        }\n    ]\n}"
                        },
                        "meta": {},
                        "tainted": false
                    },
                    "deposed": [],
                    "provider": ""
                },
                "aws_iam_policy.cloudwatch-policy": {
                    "type": "aws_iam_policy",
                    "depends_on": [
                        "data.template_file.cloudwatch_policy_as_template"
                    ],
                    "primary": {
                        "id": "arn:aws:iam::778504583090:policy/me-disha-cloudwatch-policy",
                        "attributes": {
                            "arn": "arn:aws:iam::778504583090:policy/me-disha-cloudwatch-policy",
                            "id": "arn:aws:iam::778504583090:policy/me-disha-cloudwatch-policy",
                            "name": "me-disha-cloudwatch-policy",
                            "path": "/",
                            "policy": "{\n    \"Version\": \"2012-10-17\",\n    \"Statement\": [\n        {\n            \"Sid\": \"Stmt1495189811000\",\n            \"Effect\": \"Allow\",\n            \"Action\": [\n                \"cloudwatch:ListMetrics\",\n                \"cloudwatch:PutMetricData\"\n            ],\n            \"Resource\": [\n                \"*\"\n            ]\n        }\n    ]\n}"
                        },
                        "meta": {},
                        "tainted": false
                    },
                    "deposed": [],
                    "provider": ""
                },
                "aws_iam_policy.ec2-read-policy": {
                    "type": "aws_iam_policy",
                    "depends_on": [
                        "data.template_file.ec2_read_policy_as_template"
                    ],
                    "primary": {
                        "id": "arn:aws:iam::778504583090:policy/me-disha-ec2-read",
                        "attributes": {
                            "arn": "arn:aws:iam::778504583090:policy/me-disha-ec2-read",
                            "id": "arn:aws:iam::778504583090:policy/me-disha-ec2-read",
                            "name": "me-disha-ec2-read",
                            "path": "/",
                            "policy": "{\n    \"Version\": \"2012-10-17\",\n    \"Statement\": [\n\n        {\n            \"Effect\": \"Allow\",\n            \"Action\":\n            [\n\t\t\t    \"ec2:DescribeInstances\"\n                        ],\n\n            \"Resource\": \"*\"\n        }\n    ]\n}\n"
                        },
                        "meta": {},
                        "tainted": false
                    },
                    "deposed": [],
                    "provider": ""
                },
                "aws_iam_policy.get-deployement-version-policy": {
                    "type": "aws_iam_policy",
                    "depends_on": [],
                    "primary": {
                        "id": "arn:aws:iam::778504583090:policy/me-disha-get-deployement-version",
                        "attributes": {
                            "arn": "arn:aws:iam::778504583090:policy/me-disha-get-deployement-version",
                            "id": "arn:aws:iam::778504583090:policy/me-disha-get-deployement-version",
                            "name": "me-disha-get-deployement-version",
                            "path": "/",
                            "policy": "{\n    \"Version\": \"2012-10-17\",\n    \"Statement\": [\n        {\n            \"Effect\": \"Allow\",\n            \"Action\": [\n                \"s3:ListBucket\"\n            ],\n            \"Resource\": [\n\n                \"arn:aws:s3:::disha-deployement-versions\"\n            ]\n        },\n        {\n            \"Effect\": \"Allow\",\n            \"Action\": [\n                \"s3:PutObject\",\n                \"s3:GetObject\",\n                \"s3:DeleteObject\"\n            ],\n            \"Resource\": [\n\n                \"arn:aws:s3:::disha-deployement-versions/*\"\n            ]\n        }\n    ]\n}\n"
                        },
                        "meta": {},
                        "tainted": false
                    },
                    "deposed": [],
                    "provider": ""
                },
                "aws_iam_policy.s3-logs-policy": {
                    "type": "aws_iam_policy",
                    "depends_on": [
                        "data.template_file.s3_logs_policy_as_template"
                    ],
                    "primary": {
                        "id": "arn:aws:iam::778504583090:policy/me-disha-s3-logs-policy",
                        "attributes": {
                            "arn": "arn:aws:iam::778504583090:policy/me-disha-s3-logs-policy",
                            "id": "arn:aws:iam::778504583090:policy/me-disha-s3-logs-policy",
                            "name": "me-disha-s3-logs-policy",
                            "path": "/",
                            "policy": "{\n    \"Version\": \"2012-10-17\",\n    \"Statement\": [\n        {\n            \"Sid\": \"Stmt1462344008000\",\n            \"Effect\": \"Allow\",\n            \"Action\": [\n                \"s3:GetBucketLocation\",\n                \"s3:ListAllMyBuckets\"\n            ],\n            \"Resource\": [\n                \"arn:aws:s3:::*\"\n            ]\n        },\n        {\n            \"Sid\": \"Stmt1462344268000\",\n            \"Effect\": \"Allow\",\n            \"Action\": [\n                \"s3:*\"\n            ],\n            \"Resource\": [\n                \"arn:aws:s3:::me-disha-logs/*\"\n            ]\n        },\n        {\n            \"Sid\": \"Stmt1462344360000\",\n            \"Effect\": \"Allow\",\n            \"Action\": [\n                \"s3:ListBucket\"\n            ],\n            \"Resource\": [\n                \"arn:aws:s3:::me-disha-logs\"\n            ]\n        }\n    ]\n}"
                        },
                        "meta": {},
                        "tainted": false
                    },
                    "deposed": [],
                    "provider": ""
                },
                "aws_iam_role.ansible-role": {
                    "type": "aws_iam_role",
                    "depends_on": [],
                    "primary": {
                        "id": "me-disha-ansible-role",
                        "attributes": {
                            "arn": "arn:aws:iam::778504583090:role/me-disha-ansible-role",
                            "assume_role_policy": "{\"Version\":\"2012-10-17\",\"Statement\":[{\"Sid\":\"\",\"Effect\":\"Allow\",\"Principal\":{\"Service\":\"ec2.amazonaws.com\"},\"Action\":\"sts:AssumeRole\"}]}",
                            "create_date": "2017-11-08T09:33:28Z",
                            "force_detach_policies": "false",
                            "id": "me-disha-ansible-role",
                            "name": "me-disha-ansible-role",
                            "path": "/",
                            "unique_id": "AROAIY4DDAD56NTXD3F56"
                        },
                        "meta": {},
                        "tainted": false
                    },
                    "deposed": [],
                    "provider": ""
                },
                "aws_iam_role.autoscaling-deployment-s3logs-iam-role": {
                    "type": "aws_iam_role",
                    "depends_on": [],
                    "primary": {
                        "id": "me-disha-autoscaling-deployment-s3logs-iam-profile",
                        "attributes": {
                            "arn": "arn:aws:iam::778504583090:role/me-disha-autoscaling-deployment-s3logs-iam-profile",
                            "assume_role_policy": "{\"Version\":\"2012-10-17\",\"Statement\":[{\"Sid\":\"\",\"Effect\":\"Allow\",\"Principal\":{\"Service\":\"ec2.amazonaws.com\"},\"Action\":\"sts:AssumeRole\"}]}",
                            "create_date": "2017-11-08T08:15:34Z",
                            "force_detach_policies": "false",
                            "id": "me-disha-autoscaling-deployment-s3logs-iam-profile",
                            "name": "me-disha-autoscaling-deployment-s3logs-iam-profile",
                            "path": "/",
                            "unique_id": "AROAIXKGBWDZJQXAHJ7YW"
                        },
                        "meta": {},
                        "tainted": false
                    },
                    "deposed": [],
                    "provider": ""
                },
                "aws_iam_role.instance-role": {
                    "type": "aws_iam_role",
                    "depends_on": [],
                    "primary": {
                        "id": "me-disha-instance-profile",
                        "attributes": {
                            "arn": "arn:aws:iam::778504583090:role/me-disha-instance-profile",
                            "assume_role_policy": "{\"Version\":\"2012-10-17\",\"Statement\":[{\"Sid\":\"\",\"Effect\":\"Allow\",\"Principal\":{\"Service\":\"ec2.amazonaws.com\"},\"Action\":\"sts:AssumeRole\"}]}",
                            "create_date": "2017-11-08T08:15:24Z",
                            "force_detach_policies": "false",
                            "id": "me-disha-instance-profile",
                            "name": "me-disha-instance-profile",
                            "path": "/",
                            "unique_id": "AROAIEQGHPT3HKTGWAFBY"
                        },
                        "meta": {},
                        "tainted": false
                    },
                    "deposed": [],
                    "provider": ""
                },
                "aws_iam_role.metrics-role": {
                    "type": "aws_iam_role",
                    "depends_on": [],
                    "primary": {
                        "id": "me-disha-metrics-profile",
                        "attributes": {
                            "arn": "arn:aws:iam::778504583090:role/me-disha-metrics-profile",
                            "assume_role_policy": "{\"Version\":\"2012-10-17\",\"Statement\":[{\"Sid\":\"\",\"Effect\":\"Allow\",\"Principal\":{\"Service\":\"ec2.amazonaws.com\"},\"Action\":\"sts:AssumeRole\"}]}",
                            "create_date": "2017-11-08T08:15:32Z",
                            "force_detach_policies": "false",
                            "id": "me-disha-metrics-profile",
                            "name": "me-disha-metrics-profile",
                            "path": "/",
                            "unique_id": "AROAJZUKYJE4FGAVJNFOI"
                        },
                        "meta": {},
                        "tainted": false
                    },
                    "deposed": [],
                    "provider": ""
                },
                "aws_iam_role.report-db-updator-instance-role": {
                    "type": "aws_iam_role",
                    "depends_on": [],
                    "primary": {
                        "id": "me-disha-report-db-updator-instance-profile",
                        "attributes": {
                            "arn": "arn:aws:iam::778504583090:role/me-disha-report-db-updator-instance-profile",
                            "assume_role_policy": "{\"Version\":\"2012-10-17\",\"Statement\":[{\"Sid\":\"\",\"Effect\":\"Allow\",\"Principal\":{\"Service\":\"ec2.amazonaws.com\"},\"Action\":\"sts:AssumeRole\"}]}",
                            "create_date": "2017-11-16T08:49:26Z",
                            "force_detach_policies": "false",
                            "id": "me-disha-report-db-updator-instance-profile",
                            "name": "me-disha-report-db-updator-instance-profile",
                            "path": "/",
                            "unique_id": "AROAIK4SBTXXJVG72JVYC"
                        },
                        "meta": {},
                        "tainted": false
                    },
                    "deposed": [],
                    "provider": ""
                },
                "aws_iam_role_policy.ansible-policy": {
                    "type": "aws_iam_role_policy",
                    "depends_on": [
                        "aws_iam_role.ansible-role",
                        "data.template_file.ansible_jenkins_policy_as_template"
                    ],
                    "primary": {
                        "id": "me-disha-ansible-role:me-disha-ansible-policy",
                        "attributes": {
                            "id": "me-disha-ansible-role:me-disha-ansible-policy",
                            "name": "me-disha-ansible-policy",
                            "policy": "{\n    \"Version\": \"2012-10-17\",\n    \"Statement\": [\n        {\n            \"Effect\": \"Allow\",\n            \"Action\": [\n                \"s3:ListBucket\"\n            ],\n            \"Resource\": [\n                \"arn:aws:s3:::disha-devops\",\n                \"arn:aws:s3:::disha-deployement-versions\",\n                \"arn:aws:s3:::me-disha-disha-cms\",\n                \"arn:aws:s3:::me-disha-disha-web\"\n            ]\n        },\n        {\n            \"Effect\": \"Allow\",\n            \"Action\": [\n                \"s3:PutObject\",\n                \"s3:GetObject\",\n                \"s3:DeleteObject\"\n            ],\n            \"Resource\": [\n                \"arn:aws:s3:::disha-devops\",\n                \"arn:aws:s3:::disha-deployement-versions/*\",\n                \"arn:aws:s3:::disha-devops/generic-data-for-ansible-and-jenkins/*\",\n                \"arn:aws:s3:::disha-devops/ansible/keys/me-disha/*\",\n                \"arn:aws:s3:::disha-devops/jenkins/keys/me-disha/*\",\n                \"arn:aws:s3:::me-disha-disha-cms/*\",\n                \"arn:aws:s3:::me-disha-disha-web/*\"\n            ]\n        },\n\n        {\n             \"Action\": [\n                            \"ec2:DescribeVpcs\",\n                            \"ec2:DescribeVpcClassicLink\",\n                            \"ec2:DescribeAvailabilityZones\",\n                            \"ec2:DescribeSubnets\",\n                            \"ec2:DescribeInstances\"\n                        ],\n            \"Effect\": \"Allow\",\n            \"Resource\": \"*\"\n        },\n        {\n                    \"Effect\": \"Allow\",\n                    \"Action\": \"autoscaling:Describe*\",\n                    \"Resource\": \"*\"\n        },\n        {\n            \"Effect\": \"Allow\",\n            \"Action\": \"autoscaling:*\",\n            \"Resource\": \"arn:aws:autoscaling:ap-south-1:*:autoScalingGroup:*:autoScalingGroupName/me-disha-*\"\n        },\n        {\n            \"Effect\": \"Allow\",\n            \"Action\": \"elasticloadbalancing:Describe*\",\n            \"Resource\": \"*\"\n        },\n         {\n                    \"Effect\": \"Allow\",\n                    \"Action\": [\n                        \"ec2:CreateSnapshot\",\n                        \"ec2:DescribeSnapshots\",\n                        \"ec2:CreateImage\",\n                        \"ec2:DescribeImages\",\n                        \"ec2:DeleteSnapshot\",\n                        \"ec2:DeregisterImage\",\n                        \"ec2:DescribeInstances\"\n                    ],\n                    \"Condition\": {\n                        \"StringEquals\": {\n                            \"ec2:Region\": \"ap-south-1\"\n                        }\n                    },\n                    \"Resource\": [\n                        \"*\"\n                    ]\n         },\n          {\n              \"Effect\": \"Allow\",\n              \"Action\": [\n                  \"lambda:UpdateFunctionCode\"\n              ],\n              \"Resource\": [\n                  \"arn:aws:lambda:ap-south-1:778504583090:function:me-disha-certificate-lambda\"\n              ]\n          },\n          {\n              \"Effect\": \"Allow\",\n              \"Action\": \"ec2:StartInstances\",\n              \"Resource\": \"arn:aws:ec2:::instance/i-07fab8bfafbd8a578\"\n          }\n    ]\n}",
                            "role": "me-disha-ansible-role"
                        },
                        "meta": {},
                        "tainted": false
                    },
                    "deposed": [],
                    "provider": ""
                },
                "aws_iam_role_policy_attachment.ansible-cloudwatch-policy-attachment": {
                    "type": "aws_iam_role_policy_attachment",
                    "depends_on": [
                        "aws_iam_policy.cloudwatch-policy",
                        "aws_iam_role.ansible-role"
                    ],
                    "primary": {
                        "id": "me-disha-ansible-role-20171108093335239100000002",
                        "attributes": {
                            "id": "me-disha-ansible-role-20171108093335239100000002",
                            "policy_arn": "arn:aws:iam::778504583090:policy/me-disha-cloudwatch-policy",
                            "role": "me-disha-ansible-role"
                        },
                        "meta": {},
                        "tainted": false
                    },
                    "deposed": [],
                    "provider": ""
                },
                "aws_iam_role_policy_attachment.autoscaling-read-attachment": {
                    "type": "aws_iam_role_policy_attachment",
                    "depends_on": [
                        "aws_iam_policy.autoscaling-read-policy",
                        "aws_iam_role.autoscaling-deployment-s3logs-iam-role"
                    ],
                    "primary": {
                        "id": "me-disha-autoscaling-deployment-s3logs-iam-profile-2017110808160205230000000c",
                        "attributes": {
                            "id": "me-disha-autoscaling-deployment-s3logs-iam-profile-2017110808160205230000000c",
                            "policy_arn": "arn:aws:iam::778504583090:policy/me-disha-autoscaling-read",
                            "role": "me-disha-autoscaling-deployment-s3logs-iam-profile"
                        },
                        "meta": {},
                        "tainted": false
                    },
                    "deposed": [],
                    "provider": ""
                },
                "aws_iam_role_policy_attachment.cloudwatch-attachment": {
                    "type": "aws_iam_role_policy_attachment",
                    "depends_on": [
                        "aws_iam_policy.cloudwatch-policy",
                        "aws_iam_role.instance-role"
                    ],
                    "primary": {
                        "id": "me-disha-instance-profile-20171108081542100900000002",
                        "attributes": {
                            "id": "me-disha-instance-profile-20171108081542100900000002",
                            "policy_arn": "arn:aws:iam::778504583090:policy/me-disha-cloudwatch-policy",
                            "role": "me-disha-instance-profile"
                        },
                        "meta": {},
                        "tainted": false
                    },
                    "deposed": [],
                    "provider": ""
                },
                "aws_iam_role_policy_attachment.cloudwatch-attachment-for-report-db-updator-instance": {
                    "type": "aws_iam_role_policy_attachment",
                    "depends_on": [
                        "aws_iam_policy.cloudwatch-policy",
                        "aws_iam_role.report-db-updator-instance-role"
                    ],
                    "primary": {
                        "id": "me-disha-report-db-updator-instance-profile-20171116084930269300000004",
                        "attributes": {
                            "id": "me-disha-report-db-updator-instance-profile-20171116084930269300000004",
                            "policy_arn": "arn:aws:iam::778504583090:policy/me-disha-cloudwatch-policy",
                            "role": "me-disha-report-db-updator-instance-profile"
                        },
                        "meta": {},
                        "tainted": false
                    },
                    "deposed": [],
                    "provider": ""
                },
                "aws_iam_role_policy_attachment.cloudwatch-policy-attachment": {
                    "type": "aws_iam_role_policy_attachment",
                    "depends_on": [
                        "aws_iam_policy.cloudwatch-policy",
                        "aws_iam_role.autoscaling-deployment-s3logs-iam-role"
                    ],
                    "primary": {
                        "id": "me-disha-autoscaling-deployment-s3logs-iam-profile-20171108081556190500000008",
                        "attributes": {
                            "id": "me-disha-autoscaling-deployment-s3logs-iam-profile-20171108081556190500000008",
                            "policy_arn": "arn:aws:iam::778504583090:policy/me-disha-cloudwatch-policy",
                            "role": "me-disha-autoscaling-deployment-s3logs-iam-profile"
                        },
                        "meta": {},
                        "tainted": false
                    },
                    "deposed": [],
                    "provider": ""
                },
                "aws_iam_role_policy_attachment.deployment-autoscaling-policy-attachment": {
                    "type": "aws_iam_role_policy_attachment",
                    "depends_on": [
                        "aws_iam_policy.get-deployement-version-policy",
                        "aws_iam_role.autoscaling-deployment-s3logs-iam-role"
                    ],
                    "primary": {
                        "id": "me-disha-autoscaling-deployment-s3logs-iam-profile-20171116092335305600000001",
                        "attributes": {
                            "id": "me-disha-autoscaling-deployment-s3logs-iam-profile-20171116092335305600000001",
                            "policy_arn": "arn:aws:iam::778504583090:policy/me-disha-get-deployement-version",
                            "role": "me-disha-autoscaling-deployment-s3logs-iam-profile"
                        },
                        "meta": {},
                        "tainted": false
                    },
                    "deposed": [],
                    "provider": ""
                },
                "aws_iam_role_policy_attachment.deployment-policy-attachment-for-report-db-updator-instance": {
                    "type": "aws_iam_role_policy_attachment",
                    "depends_on": [
                        "aws_iam_policy.get-deployement-version-policy",
                        "aws_iam_role.report-db-updator-instance-role"
                    ],
                    "primary": {
                        "id": "me-disha-report-db-updator-instance-profile-20171116090131962000000001",
                        "attributes": {
                            "id": "me-disha-report-db-updator-instance-profile-20171116090131962000000001",
                            "policy_arn": "arn:aws:iam::778504583090:policy/me-disha-get-deployement-version",
                            "role": "me-disha-report-db-updator-instance-profile"
                        },
                        "meta": {},
                        "tainted": false
                    },
                    "deposed": [],
                    "provider": ""
                },
                "aws_iam_role_policy_attachment.ec2-read-attachment": {
                    "type": "aws_iam_role_policy_attachment",
                    "depends_on": [
                        "aws_iam_policy.ec2-read-policy",
                        "aws_iam_role.instance-role"
                    ],
                    "primary": {
                        "id": "me-disha-instance-profile-20171108081544115400000003",
                        "attributes": {
                            "id": "me-disha-instance-profile-20171108081544115400000003",
                            "policy_arn": "arn:aws:iam::778504583090:policy/me-disha-ec2-read",
                            "role": "me-disha-instance-profile"
                        },
                        "meta": {},
                        "tainted": false
                    },
                    "deposed": [],
                    "provider": ""
                },
                "aws_iam_role_policy_attachment.ec2-read-attachment-for-autoscaling": {
                    "type": "aws_iam_role_policy_attachment",
                    "depends_on": [
                        "aws_iam_policy.ec2-read-policy",
                        "aws_iam_role.autoscaling-deployment-s3logs-iam-role"
                    ],
                    "primary": {
                        "id": "me-disha-autoscaling-deployment-s3logs-iam-profile-2017110808160203150000000a",
                        "attributes": {
                            "id": "me-disha-autoscaling-deployment-s3logs-iam-profile-2017110808160203150000000a",
                            "policy_arn": "arn:aws:iam::778504583090:policy/me-disha-ec2-read",
                            "role": "me-disha-autoscaling-deployment-s3logs-iam-profile"
                        },
                        "meta": {},
                        "tainted": false
                    },
                    "deposed": [],
                    "provider": ""
                },
                "aws_iam_role_policy_attachment.ec2-read-attachment-for-report-db-updator-instance": {
                    "type": "aws_iam_role_policy_attachment",
                    "depends_on": [
                        "aws_iam_policy.ec2-read-policy",
                        "aws_iam_role.report-db-updator-instance-role"
                    ],
                    "primary": {
                        "id": "me-disha-report-db-updator-instance-profile-20171116084930261900000003",
                        "attributes": {
                            "id": "me-disha-report-db-updator-instance-profile-20171116084930261900000003",
                            "policy_arn": "arn:aws:iam::778504583090:policy/me-disha-ec2-read",
                            "role": "me-disha-report-db-updator-instance-profile"
                        },
                        "meta": {},
                        "tainted": false
                    },
                    "deposed": [],
                    "provider": ""
                },
                "aws_iam_role_policy_attachment.metrics-autoscaling-read-attachment": {
                    "type": "aws_iam_role_policy_attachment",
                    "depends_on": [
                        "aws_iam_policy.autoscaling-read-policy",
                        "aws_iam_role.metrics-role"
                    ],
                    "primary": {
                        "id": "me-disha-metrics-profile-20171108081553354800000006",
                        "attributes": {
                            "id": "me-disha-metrics-profile-20171108081553354800000006",
                            "policy_arn": "arn:aws:iam::778504583090:policy/me-disha-autoscaling-read",
                            "role": "me-disha-metrics-profile"
                        },
                        "meta": {},
                        "tainted": false
                    },
                    "deposed": [],
                    "provider": ""
                },
                "aws_iam_role_policy_attachment.metrics-cloudwatch-attachment": {
                    "type": "aws_iam_role_policy_attachment",
                    "depends_on": [
                        "aws_iam_policy.cloudwatch-policy",
                        "aws_iam_role.metrics-role"
                    ],
                    "primary": {
                        "id": "me-disha-metrics-profile-20171108081551419400000005",
                        "attributes": {
                            "id": "me-disha-metrics-profile-20171108081551419400000005",
                            "policy_arn": "arn:aws:iam::778504583090:policy/me-disha-cloudwatch-policy",
                            "role": "me-disha-metrics-profile"
                        },
                        "meta": {},
                        "tainted": false
                    },
                    "deposed": [],
                    "provider": ""
                },
                "aws_iam_role_policy_attachment.metrics-ec2-read-attachment": {
                    "type": "aws_iam_role_policy_attachment",
                    "depends_on": [
                        "aws_iam_policy.ec2-read-policy",
                        "aws_iam_role.metrics-role"
                    ],
                    "primary": {
                        "id": "me-disha-metrics-profile-20171108081556243200000009",
                        "attributes": {
                            "id": "me-disha-metrics-profile-20171108081556243200000009",
                            "policy_arn": "arn:aws:iam::778504583090:policy/me-disha-ec2-read",
                            "role": "me-disha-metrics-profile"
                        },
                        "meta": {},
                        "tainted": false
                    },
                    "deposed": [],
                    "provider": ""
                },
                "aws_iam_role_policy_attachment.metrics-s3-logs-attachment": {
                    "type": "aws_iam_role_policy_attachment",
                    "depends_on": [
                        "aws_iam_policy.s3-logs-policy",
                        "aws_iam_role.metrics-role"
                    ],
                    "primary": {
                        "id": "me-disha-metrics-profile-20171108081556180400000007",
                        "attributes": {
                            "id": "me-disha-metrics-profile-20171108081556180400000007",
                            "policy_arn": "arn:aws:iam::778504583090:policy/me-disha-s3-logs-policy",
                            "role": "me-disha-metrics-profile"
                        },
                        "meta": {},
                        "tainted": false
                    },
                    "deposed": [],
                    "provider": ""
                },
                "aws_iam_role_policy_attachment.s3-logs-attachment": {
                    "type": "aws_iam_role_policy_attachment",
                    "depends_on": [
                        "aws_iam_policy.s3-logs-policy",
                        "aws_iam_role.instance-role"
                    ],
                    "primary": {
                        "id": "me-disha-instance-profile-20171108081544167800000004",
                        "attributes": {
                            "id": "me-disha-instance-profile-20171108081544167800000004",
                            "policy_arn": "arn:aws:iam::778504583090:policy/me-disha-s3-logs-policy",
                            "role": "me-disha-instance-profile"
                        },
                        "meta": {},
                        "tainted": false
                    },
                    "deposed": [],
                    "provider": ""
                },
                "aws_iam_role_policy_attachment.s3-logs-attachment-for-report-db-updator-instance": {
                    "type": "aws_iam_role_policy_attachment",
                    "depends_on": [
                        "aws_iam_policy.s3-logs-policy",
                        "aws_iam_role.report-db-updator-instance-role"
                    ],
                    "primary": {
                        "id": "me-disha-report-db-updator-instance-profile-20171116084930259200000002",
                        "attributes": {
                            "id": "me-disha-report-db-updator-instance-profile-20171116084930259200000002",
                            "policy_arn": "arn:aws:iam::778504583090:policy/me-disha-s3-logs-policy",
                            "role": "me-disha-report-db-updator-instance-profile"
                        },
                        "meta": {},
                        "tainted": false
                    },
                    "deposed": [],
                    "provider": ""
                },
                "aws_iam_role_policy_attachment.s3logs-autoscaling-policy-attachment": {
                    "type": "aws_iam_role_policy_attachment",
                    "depends_on": [
                        "aws_iam_policy.s3-logs-policy",
                        "aws_iam_role.autoscaling-deployment-s3logs-iam-role"
                    ],
                    "primary": {
                        "id": "me-disha-autoscaling-deployment-s3logs-iam-profile-2017110808160204750000000b",
                        "attributes": {
                            "id": "me-disha-autoscaling-deployment-s3logs-iam-profile-2017110808160204750000000b",
                            "policy_arn": "arn:aws:iam::778504583090:policy/me-disha-s3-logs-policy",
                            "role": "me-disha-autoscaling-deployment-s3logs-iam-profile"
                        },
                        "meta": {},
                        "tainted": false
                    },
                    "deposed": [],
                    "provider": ""
                },
                "aws_iam_server_certificate.ssl_cert": {
                    "type": "aws_iam_server_certificate",
                    "depends_on": [],
                    "primary": {
                        "id": "ASCAJO5W5TPTIOH2ZXWOQ",
                        "attributes": {
                            "arn": "arn:aws:iam::778504583090:server-certificate/me-disha-ssl-cert",
                            "certificate_body": "20c1c69697bb98460a4d80a3af04ec502dcddf72",
                            "certificate_chain": "7e85cb3e40dff5a9f83ff75576d71fd98fdfdd89",
                            "id": "ASCAJO5W5TPTIOH2ZXWOQ",
                            "name": "me-disha-ssl-cert",
                            "path": "/",
                            "private_key": "1f627b1a771104f1352be7115f56b1312ab1c280"
                        },
                        "meta": {},
                        "tainted": false
                    },
                    "deposed": [],
                    "provider": ""
                },
                "aws_instance.jenkins-ansible-instance": {
                    "type": "aws_instance",
                    "depends_on": [
                        "aws_iam_instance_profile.ansible-profile",
                        "aws_security_group.ansible_sg",
                        "data.template_file.ansible_userdata_as_template",
                        "module.vpc"
                    ],
                    "primary": {
                        "id": "i-095d2c9755d34fde4",
                        "attributes": {
                            "ami": "ami-39317d56",
                            "associate_public_ip_address": "true",
                            "availability_zone": "ap-south-1a",
                            "disable_api_termination": "false",
                            "ebs_block_device.#": "0",
                            "ebs_optimized": "false",
                            "ephemeral_block_device.#": "0",
                            "iam_instance_profile": "me-disha-ansible-profile",
                            "id": "i-095d2c9755d34fde4",
                            "instance_state": "running",
                            "instance_type": "t2.micro",
                            "ipv6_addresses.#": "0",
                            "key_name": "me-disha.mepvt",
                            "monitoring": "false",
                            "network_interface.#": "0",
                            "network_interface_id": "eni-83f954dc",
                            "primary_network_interface_id": "eni-83f954dc",
                            "private_dns": "ip-10-140-5-74.ap-south-1.compute.internal",
                            "private_ip": "10.140.5.74",
                            "public_dns": "ec2-52-66-45-170.ap-south-1.compute.amazonaws.com",
                            "public_ip": "52.66.45.170",
                            "root_block_device.#": "1",
                            "root_block_device.0.delete_on_termination": "true",
                            "root_block_device.0.iops": "100",
                            "root_block_device.0.volume_size": "24",
                            "root_block_device.0.volume_type": "gp2",
                            "security_groups.#": "0",
                            "source_dest_check": "true",
                            "subnet_id": "subnet-0ae60f62",
                            "tags.%": "3",
                            "tags.Cluster": "maintenance",
                            "tags.Environment": "me-disha",
                            "tags.Name": "me-disha-jenkins-ansible",
                            "tenancy": "default",
                            "user_data": "a3bb309c72cd390c1be2bea51a6eaf2c6d860427",
                            "volume_tags.%": "0",
                            "vpc_security_group_ids.#": "2",
                            "vpc_security_group_ids.3475432870": "sg-3327725b",
                            "vpc_security_group_ids.762100234": "sg-4e217426"
                        },
                        "meta": {
                            "e2bfb730-ecaa-11e6-8f88-34363bc7c4c0": {
                                "create": 600000000000,
                                "delete": 600000000000,
                                "update": 600000000000
                            },
                            "schema_version": "1"
                        },
                        "tainted": false
                    },
                    "deposed": [],
                    "provider": ""
                },
                "aws_instance.openvpn-instance": {
                    "type": "aws_instance",
                    "depends_on": [
                        "aws_security_group.openvpn_sg",
                        "module.vpc"
                    ],
                    "primary": {
                        "id": "i-01b5e5ced7fb7b85d",
                        "attributes": {
                            "ami": "ami-39317d56",
                            "associate_public_ip_address": "true",
                            "availability_zone": "ap-south-1a",
                            "disable_api_termination": "false",
                            "ebs_block_device.#": "0",
                            "ebs_optimized": "false",
                            "ephemeral_block_device.#": "0",
                            "iam_instance_profile": "",
                            "id": "i-01b5e5ced7fb7b85d",
                            "instance_state": "running",
                            "instance_type": "t2.micro",
                            "ipv6_addresses.#": "0",
                            "key_name": "me-disha.mepvt",
                            "monitoring": "false",
                            "network_interface.#": "0",
                            "network_interface_id": "eni-b71bb9e8",
                            "primary_network_interface_id": "eni-b71bb9e8",
                            "private_dns": "ip-10-140-5-77.ap-south-1.compute.internal",
                            "private_ip": "10.140.5.77",
                            "public_dns": "ec2-13-126-251-213.ap-south-1.compute.amazonaws.com",
                            "public_ip": "13.126.251.213",
                            "root_block_device.#": "1",
                            "root_block_device.0.delete_on_termination": "true",
                            "root_block_device.0.iops": "100",
                            "root_block_device.0.volume_size": "24",
                            "root_block_device.0.volume_type": "gp2",
                            "security_groups.#": "0",
                            "source_dest_check": "true",
                            "subnet_id": "subnet-0ae60f62",
                            "tags.%": "3",
                            "tags.Cluster": "maintenance",
                            "tags.Environment": "me-disha",
                            "tags.Name": "me-disha-openvpn",
                            "tenancy": "default",
                            "user_data": "5e7848be9dcf1079051728970416f6400a24fa24",
                            "volume_tags.%": "0",
                            "vpc_security_group_ids.#": "2",
                            "vpc_security_group_ids.1803784193": "sg-4f217427",
                            "vpc_security_group_ids.762100234": "sg-4e217426"
                        },
                        "meta": {
                            "e2bfb730-ecaa-11e6-8f88-34363bc7c4c0": {
                                "create": 600000000000,
                                "delete": 600000000000,
                                "update": 600000000000
                            },
                            "schema_version": "1"
                        },
                        "tainted": false
                    },
                    "deposed": [],
                    "provider": ""
                },
                "aws_redshift_cluster.report-redshift-cluster": {
                    "type": "aws_redshift_cluster",
                    "depends_on": [
                        "aws_redshift_subnet_group.redshift_cluster_subnet_group",
                        "aws_security_group.redshift_sg"
                    ],
                    "primary": {
                        "id": "me-disha-disha-report",
                        "attributes": {
                            "allow_version_upgrade": "true",
                            "automated_snapshot_retention_period": "1",
                            "availability_zone": "ap-south-1a",
                            "bucket_name": "",
                            "cluster_identifier": "me-disha-disha-report",
                            "cluster_parameter_group_name": "default.redshift-1.0",
                            "cluster_public_key": "ssh-rsa AAAAB3NzaC1yc2EAAAADAQABAAABAQC0dogwu3Pbs7v6wyAULIkHD3ZXXBUYcrZVmRdbh66wdib/Yh3ZdXsRXNvTpKxz1tfXoYXOCeZzIxGtxJNZgw/n6q0sSCN/O3NhKTMpKkdxTb68IQk3pUeAkCZA1jqIyDsJfXSRlB1tmGuSyGZxlRPM7q14z7Em8zJpYgozQo1og8SMpLN1frOs8CDuhKRlEhKPcswdPHlVW9LuWkXiRWTtze+jvFwWF4ZjPyF8B1zBWuoXMLnKFDM7hwxT6oMOJB4Zg8k8AnD/dy9KAM7YruzjsicVg9MCF28Ez5EXM2vCcyAXBjqG26EiWqg8srFFEiUio7FTTMBHdfYh0gbQr5F5 Amazon-Redshift\n",
                            "cluster_revision_number": "1499",
                            "cluster_security_groups.#": "0",
                            "cluster_subnet_group_name": "foo",
                            "cluster_type": "single-node",
                            "cluster_version": "1.0",
                            "database_name": "dev",
                            "enable_logging": "false",
                            "encrypted": "false",
                            "endpoint": "me-disha-disha-report.cd8m4y9ptzyk.ap-south-1.redshift.amazonaws.com:5439",
                            "enhanced_vpc_routing": "false",
                            "iam_roles.#": "0",
                            "id": "me-disha-disha-report",
                            "kms_key_id": "",
                            "master_password": "PlaceHolder123",
                            "master_username": "smallvoldemort",
                            "node_type": "dc1.large",
                            "number_of_nodes": "1",
                            "port": "5439",
                            "preferred_maintenance_window": "sun:20:00-sun:22:00",
                            "publicly_accessible": "false",
                            "s3_key_prefix": "",
                            "skip_final_snapshot": "false",
                            "tags.%": "0",
                            "vpc_security_group_ids.#": "1",
                            "vpc_security_group_ids.2114105046": "sg-c2d885aa"
                        },
                        "meta": {},
                        "tainted": false
                    },
                    "deposed": [],
                    "provider": ""
                },
                "aws_redshift_subnet_group.redshift_cluster_subnet_group": {
                    "type": "aws_redshift_subnet_group",
                    "depends_on": [
                        "module.vpc"
                    ],
                    "primary": {
                        "id": "foo",
                        "attributes": {
                            "description": "Managed by Terraform",
                            "id": "foo",
                            "name": "foo",
                            "subnet_ids.#": "1",
                            "subnet_ids.2740269627": "subnet-05e40d6d",
                            "tags.%": "0"
                        },
                        "meta": {},
                        "tainted": false
                    },
                    "deposed": [],
                    "provider": ""
                },
                "aws_route53_record.admin_csc_gov_lb_route53_entry": {
                    "type": "aws_route53_record",
                    "depends_on": [
                        "module.disha-cms-alb",
                        "module.vpc"
                    ],
                    "primary": {
                        "id": "ZH7MYIY91UUWS_admin.csc-gov_A",
                        "attributes": {
                            "alias.#": "1",
                            "alias.4231358793.evaluate_target_health": "true",
                            "alias.4231358793.name": "me-disha-pmgdisha-lb-88391320.ap-south-1.elb.amazonaws.com",
                            "alias.4231358793.zone_id": "ZP97RAFLXTNZK",
                            "fqdn": "admin.csc-gov.pmgdisha.me",
                            "health_check_id": "",
                            "id": "ZH7MYIY91UUWS_admin.csc-gov_A",
                            "name": "admin.csc-gov",
                            "records.#": "0",
                            "set_identifier": "",
                            "ttl": "0",
                            "type": "A",
                            "zone_id": "ZH7MYIY91UUWS"
                        },
                        "meta": {
                            "schema_version": "2"
                        },
                        "tainted": false
                    },
                    "deposed": [],
                    "provider": ""
                },
                "aws_route53_record.ansible_dns": {
                    "type": "aws_route53_record",
                    "depends_on": [
                        "aws_instance.jenkins-ansible-instance",
                        "module.vpc"
                    ],
                    "primary": {
                        "id": "Z3RZRS4QER9K1X_ansible_A",
                        "attributes": {
                            "fqdn": "ansible.mepvt",
                            "health_check_id": "",
                            "id": "Z3RZRS4QER9K1X_ansible_A",
                            "name": "ansible",
                            "records.#": "1",
                            "records.2348191147": "10.140.5.74",
                            "set_identifier": "",
                            "ttl": "60",
                            "type": "A",
                            "zone_id": "Z3RZRS4QER9K1X"
                        },
                        "meta": {
                            "schema_version": "2"
                        },
                        "tainted": false
                    },
                    "deposed": [],
                    "provider": ""
                },
                "aws_route53_record.certificate_lb_route53_entry": {
                    "type": "aws_route53_record",
                    "depends_on": [
                        "module.disha-cms-alb",
                        "module.vpc"
                    ],
                    "primary": {
                        "id": "ZH7MYIY91UUWS_certificate_A",
                        "attributes": {
                            "alias.#": "1",
                            "alias.4231358793.evaluate_target_health": "true",
                            "alias.4231358793.name": "me-disha-pmgdisha-lb-88391320.ap-south-1.elb.amazonaws.com",
                            "alias.4231358793.zone_id": "ZP97RAFLXTNZK",
                            "fqdn": "certificate.pmgdisha.me",
                            "health_check_id": "",
                            "id": "ZH7MYIY91UUWS_certificate_A",
                            "name": "certificate",
                            "records.#": "0",
                            "set_identifier": "",
                            "ttl": "0",
                            "type": "A",
                            "zone_id": "ZH7MYIY91UUWS"
                        },
                        "meta": {
                            "schema_version": "2"
                        },
                        "tainted": false
                    },
                    "deposed": [],
                    "provider": ""
                },
                "aws_route53_record.csc_gov_lb_route53_entry": {
                    "type": "aws_route53_record",
                    "depends_on": [
                        "module.disha-cms-alb",
                        "module.vpc"
                    ],
                    "primary": {
                        "id": "ZH7MYIY91UUWS_csc-gov_A",
                        "attributes": {
                            "alias.#": "1",
                            "alias.4231358793.evaluate_target_health": "true",
                            "alias.4231358793.name": "me-disha-pmgdisha-lb-88391320.ap-south-1.elb.amazonaws.com",
                            "alias.4231358793.zone_id": "ZP97RAFLXTNZK",
                            "fqdn": "csc-gov.pmgdisha.me",
                            "health_check_id": "",
                            "id": "ZH7MYIY91UUWS_csc-gov_A",
                            "name": "csc-gov",
                            "records.#": "0",
                            "set_identifier": "",
                            "ttl": "0",
                            "type": "A",
                            "zone_id": "ZH7MYIY91UUWS"
                        },
                        "meta": {
                            "schema_version": "2"
                        },
                        "tainted": false
                    },
                    "deposed": [],
                    "provider": ""
                },
                "aws_route53_record.info_lb_route53_entry": {
                    "type": "aws_route53_record",
                    "depends_on": [
                        "module.as-lb-http",
                        "module.vpc"
                    ],
                    "primary": {
                        "id": "ZH7MYIY91UUWS_info_A",
                        "attributes": {
                            "alias.#": "1",
                            "alias.1997514872.evaluate_target_health": "true",
                            "alias.1997514872.name": "me-disha-pmgdisha-info-lb-2129869040.ap-south-1.elb.amazonaws.com",
                            "alias.1997514872.zone_id": "ZP97RAFLXTNZK",
                            "fqdn": "info.pmgdisha.me",
                            "health_check_id": "",
                            "id": "ZH7MYIY91UUWS_info_A",
                            "name": "info",
                            "records.#": "0",
                            "set_identifier": "",
                            "ttl": "0",
                            "type": "A",
                            "zone_id": "ZH7MYIY91UUWS"
                        },
                        "meta": {
                            "schema_version": "2"
                        },
                        "tainted": false
                    },
                    "deposed": [],
                    "provider": ""
                },
                "aws_route53_record.jenkins_dns": {
                    "type": "aws_route53_record",
                    "depends_on": [
                        "aws_instance.jenkins-ansible-instance",
                        "module.vpc"
                    ],
                    "primary": {
                        "id": "Z3RZRS4QER9K1X_jenkins_A",
                        "attributes": {
                            "fqdn": "jenkins.mepvt",
                            "health_check_id": "",
                            "id": "Z3RZRS4QER9K1X_jenkins_A",
                            "name": "jenkins",
                            "records.#": "1",
                            "records.2348191147": "10.140.5.74",
                            "set_identifier": "",
                            "ttl": "60",
                            "type": "A",
                            "zone_id": "Z3RZRS4QER9K1X"
                        },
                        "meta": {
                            "schema_version": "2"
                        },
                        "tainted": false
                    },
                    "deposed": [],
                    "provider": ""
                },
                "aws_route53_record.jenkins_instance_route53_entry": {
                    "type": "aws_route53_record",
                    "depends_on": [
                        "aws_eip_association.jenkins",
                        "module.vpc"
                    ],
                    "primary": {
                        "id": "ZH7MYIY91UUWS_jenkins_A",
                        "attributes": {
                            "fqdn": "jenkins.pmgdisha.me",
                            "health_check_id": "",
                            "id": "ZH7MYIY91UUWS_jenkins_A",
                            "name": "jenkins",
                            "records.#": "1",
                            "records.1920357081": "52.66.45.170",
                            "set_identifier": "",
                            "ttl": "60",
                            "type": "A",
                            "zone_id": "ZH7MYIY91UUWS"
                        },
                        "meta": {
                            "schema_version": "2"
                        },
                        "tainted": false
                    },
                    "deposed": [],
                    "provider": ""
                },
                "aws_route53_record.location_instance_route53_entry": {
                    "type": "aws_route53_record",
                    "depends_on": [
                        "aws_eip_association.username",
                        "module.vpc"
                    ],
                    "primary": {
                        "id": "ZH7MYIY91UUWS_location_A",
                        "attributes": {
                            "fqdn": "location.pmgdisha.me",
                            "health_check_id": "",
                            "id": "ZH7MYIY91UUWS_location_A",
                            "name": "location",
                            "records.#": "1",
                            "records.237292141": "13.127.3.50",
                            "set_identifier": "",
                            "ttl": "60",
                            "type": "A",
                            "zone_id": "ZH7MYIY91UUWS"
                        },
                        "meta": {
                            "schema_version": "2"
                        },
                        "tainted": false
                    },
                    "deposed": [],
                    "provider": ""
                },
                "aws_route53_record.metabase_lb_route53_entry": {
                    "type": "aws_route53_record",
                    "depends_on": [
                        "module.disha-cms-alb",
                        "module.vpc"
                    ],
                    "primary": {
                        "id": "ZH7MYIY91UUWS_metabase_A",
                        "attributes": {
                            "alias.#": "1",
                            "alias.4231358793.evaluate_target_health": "true",
                            "alias.4231358793.name": "me-disha-pmgdisha-lb-88391320.ap-south-1.elb.amazonaws.com",
                            "alias.4231358793.zone_id": "ZP97RAFLXTNZK",
                            "fqdn": "metabase.pmgdisha.me",
                            "health_check_id": "",
                            "id": "ZH7MYIY91UUWS_metabase_A",
                            "name": "metabase",
                            "records.#": "0",
                            "set_identifier": "",
                            "ttl": "0",
                            "type": "A",
                            "zone_id": "ZH7MYIY91UUWS"
                        },
                        "meta": {
                            "schema_version": "2"
                        },
                        "tainted": false
                    },
                    "deposed": [],
                    "provider": ""
                },
                "aws_route53_record.openvpn_dns": {
                    "type": "aws_route53_record",
                    "depends_on": [
                        "aws_instance.openvpn-instance",
                        "module.vpc"
                    ],
                    "primary": {
                        "id": "Z3RZRS4QER9K1X_openvpn.mepvt_A",
                        "attributes": {
                            "fqdn": "openvpn.mepvt",
                            "health_check_id": "",
                            "id": "Z3RZRS4QER9K1X_openvpn.mepvt_A",
                            "name": "openvpn.mepvt",
                            "records.#": "1",
                            "records.318757905": "10.140.5.77",
                            "set_identifier": "",
                            "ttl": "60",
                            "type": "A",
                            "zone_id": "Z3RZRS4QER9K1X"
                        },
                        "meta": {
                            "schema_version": "2"
                        },
                        "tainted": false
                    },
                    "deposed": [],
                    "provider": ""
                },
                "aws_route53_record.practice_lb_route53_entry": {
                    "type": "aws_route53_record",
                    "depends_on": [
                        "module.disha-cms-alb",
                        "module.vpc"
                    ],
                    "primary": {
                        "id": "ZH7MYIY91UUWS_practice_A",
                        "attributes": {
                            "alias.#": "1",
                            "alias.4231358793.evaluate_target_health": "true",
                            "alias.4231358793.name": "me-disha-pmgdisha-lb-88391320.ap-south-1.elb.amazonaws.com",
                            "alias.4231358793.zone_id": "ZP97RAFLXTNZK",
                            "fqdn": "practice.pmgdisha.me",
                            "health_check_id": "",
                            "id": "ZH7MYIY91UUWS_practice_A",
                            "name": "practice",
                            "records.#": "0",
                            "set_identifier": "",
                            "ttl": "0",
                            "type": "A",
                            "zone_id": "ZH7MYIY91UUWS"
                        },
                        "meta": {
                            "schema_version": "2"
                        },
                        "tainted": false
                    },
                    "deposed": [],
                    "provider": ""
                },
                "aws_route53_record.root_lb_route53_entry": {
                    "type": "aws_route53_record",
                    "depends_on": [
                        "module.disha-cms-alb",
                        "module.vpc"
                    ],
                    "primary": {
                        "id": "ZH7MYIY91UUWS__A",
                        "attributes": {
                            "alias.#": "1",
                            "alias.4231358793.evaluate_target_health": "true",
                            "alias.4231358793.name": "me-disha-pmgdisha-lb-88391320.ap-south-1.elb.amazonaws.com",
                            "alias.4231358793.zone_id": "ZP97RAFLXTNZK",
                            "fqdn": "pmgdisha.me",
                            "health_check_id": "",
                            "id": "ZH7MYIY91UUWS__A",
                            "records.#": "0",
                            "set_identifier": "",
                            "ttl": "0",
                            "type": "A",
                            "zone_id": "ZH7MYIY91UUWS"
                        },
                        "meta": {
                            "schema_version": "2"
                        },
                        "tainted": false
                    },
                    "deposed": [],
                    "provider": ""
                },
                "aws_route53_record.vpn_instance_route53_entry": {
                    "type": "aws_route53_record",
                    "depends_on": [
                        "aws_eip_association.openvpn",
                        "module.vpc"
                    ],
                    "primary": {
                        "id": "ZH7MYIY91UUWS_vpn_A",
                        "attributes": {
                            "fqdn": "vpn.pmgdisha.me",
                            "health_check_id": "",
                            "id": "ZH7MYIY91UUWS_vpn_A",
                            "name": "vpn",
                            "records.#": "1",
                            "records.1902208739": "13.126.251.213",
                            "set_identifier": "",
                            "ttl": "60",
                            "type": "A",
                            "zone_id": "ZH7MYIY91UUWS"
                        },
                        "meta": {
                            "schema_version": "2"
                        },
                        "tainted": false
                    },
                    "deposed": [],
                    "provider": ""
                },
                "aws_route53_record.www_root_lb_route53_entry": {
                    "type": "aws_route53_record",
                    "depends_on": [
                        "module.disha-cms-alb",
                        "module.vpc"
                    ],
                    "primary": {
                        "id": "ZH7MYIY91UUWS_www_A",
                        "attributes": {
                            "alias.#": "1",
                            "alias.4231358793.evaluate_target_health": "true",
                            "alias.4231358793.name": "me-disha-pmgdisha-lb-88391320.ap-south-1.elb.amazonaws.com",
                            "alias.4231358793.zone_id": "ZP97RAFLXTNZK",
                            "fqdn": "www.pmgdisha.me",
                            "health_check_id": "",
                            "id": "ZH7MYIY91UUWS_www_A",
                            "name": "www",
                            "records.#": "0",
                            "set_identifier": "",
                            "ttl": "0",
                            "type": "A",
                            "zone_id": "ZH7MYIY91UUWS"
                        },
                        "meta": {
                            "schema_version": "2"
                        },
                        "tainted": false
                    },
                    "deposed": [],
                    "provider": ""
                },
                "aws_security_group.ansible_sg": {
                    "type": "aws_security_group",
                    "depends_on": [
                        "module.vpc"
                    ],
                    "primary": {
                        "id": "sg-3327725b",
                        "attributes": {
                            "description": "Managed by Terraform",
                            "egress.#": "0",
                            "id": "sg-3327725b",
                            "ingress.#": "2",
                            "ingress.2795873611.cidr_blocks.#": "1",
                            "ingress.2795873611.cidr_blocks.0": "10.140.0.0/16",
                            "ingress.2795873611.description": "",
                            "ingress.2795873611.from_port": "22",
                            "ingress.2795873611.ipv6_cidr_blocks.#": "0",
                            "ingress.2795873611.protocol": "tcp",
                            "ingress.2795873611.security_groups.#": "0",
                            "ingress.2795873611.self": "false",
                            "ingress.2795873611.to_port": "22",
                            "ingress.516175195.cidr_blocks.#": "1",
                            "ingress.516175195.cidr_blocks.0": "0.0.0.0/0",
                            "ingress.516175195.description": "",
                            "ingress.516175195.from_port": "8080",
                            "ingress.516175195.ipv6_cidr_blocks.#": "0",
                            "ingress.516175195.protocol": "tcp",
                            "ingress.516175195.security_groups.#": "0",
                            "ingress.516175195.self": "false",
                            "ingress.516175195.to_port": "8080",
                            "name": "me-disha-jenkins-ansible",
                            "owner_id": "778504583090",
                            "revoke_rules_on_delete": "false",
                            "tags.%": "0",
                            "vpc_id": "vpc-d218feba"
                        },
                        "meta": {
                            "schema_version": "1"
                        },
                        "tainted": false
                    },
                    "deposed": [],
                    "provider": ""
                },
                "aws_security_group.application_sg": {
                    "type": "aws_security_group",
                    "depends_on": [
                        "module.vpc"
                    ],
                    "primary": {
                        "id": "sg-912471f9",
                        "attributes": {
                            "description": "for zabbix and ssh",
                            "egress.#": "1",
                            "egress.482069346.cidr_blocks.#": "1",
                            "egress.482069346.cidr_blocks.0": "0.0.0.0/0",
                            "egress.482069346.description": "",
                            "egress.482069346.from_port": "0",
                            "egress.482069346.ipv6_cidr_blocks.#": "0",
                            "egress.482069346.prefix_list_ids.#": "0",
                            "egress.482069346.protocol": "-1",
                            "egress.482069346.security_groups.#": "0",
                            "egress.482069346.self": "false",
                            "egress.482069346.to_port": "0",
                            "id": "sg-912471f9",
                            "ingress.#": "1",
                            "ingress.2795873611.cidr_blocks.#": "1",
                            "ingress.2795873611.cidr_blocks.0": "10.140.0.0/16",
                            "ingress.2795873611.description": "",
                            "ingress.2795873611.from_port": "22",
                            "ingress.2795873611.ipv6_cidr_blocks.#": "0",
                            "ingress.2795873611.protocol": "tcp",
                            "ingress.2795873611.security_groups.#": "0",
                            "ingress.2795873611.self": "false",
                            "ingress.2795873611.to_port": "22",
                            "name": "me-disha-application-sg",
                            "owner_id": "778504583090",
                            "revoke_rules_on_delete": "false",
                            "tags.%": "1",
                            "tags.Name": "me-disha-application-sg",
                            "vpc_id": "vpc-d218feba"
                        },
                        "meta": {
                            "schema_version": "1"
                        },
                        "tainted": false
                    },
                    "deposed": [],
                    "provider": ""
                },
                "aws_security_group.disha-cms-alb-sg": {
                    "type": "aws_security_group",
                    "depends_on": [
                        "module.vpc"
                    ],
                    "primary": {
                        "id": "sg-ed217485",
                        "attributes": {
                            "description": "disha-cms",
                            "egress.#": "0",
                            "id": "sg-ed217485",
                            "ingress.#": "2",
                            "ingress.2214680975.cidr_blocks.#": "1",
                            "ingress.2214680975.cidr_blocks.0": "0.0.0.0/0",
                            "ingress.2214680975.description": "",
                            "ingress.2214680975.from_port": "80",
                            "ingress.2214680975.ipv6_cidr_blocks.#": "0",
                            "ingress.2214680975.protocol": "tcp",
                            "ingress.2214680975.security_groups.#": "0",
                            "ingress.2214680975.self": "false",
                            "ingress.2214680975.to_port": "80",
                            "ingress.2617001939.cidr_blocks.#": "1",
                            "ingress.2617001939.cidr_blocks.0": "0.0.0.0/0",
                            "ingress.2617001939.description": "",
                            "ingress.2617001939.from_port": "443",
                            "ingress.2617001939.ipv6_cidr_blocks.#": "0",
                            "ingress.2617001939.protocol": "tcp",
                            "ingress.2617001939.security_groups.#": "0",
                            "ingress.2617001939.self": "false",
                            "ingress.2617001939.to_port": "443",
                            "name": "me-disha-disha-cms-alb-sg",
                            "owner_id": "778504583090",
                            "revoke_rules_on_delete": "false",
                            "tags.%": "1",
                            "tags.Name": "me-disha-disha-cms-alb-sg",
                            "vpc_id": "vpc-d218feba"
                        },
                        "meta": {
                            "schema_version": "1"
                        },
                        "tainted": false
                    },
                    "deposed": [],
                    "provider": ""
                },
                "aws_security_group.disha-cms-sg": {
                    "type": "aws_security_group",
                    "depends_on": [
                        "module.vpc"
                    ],
                    "primary": {
                        "id": "sg-922471fa",
                        "attributes": {
                            "description": "disha-cms",
                            "egress.#": "0",
                            "id": "sg-922471fa",
                            "ingress.#": "3",
                            "ingress.2444544016.cidr_blocks.#": "1",
                            "ingress.2444544016.cidr_blocks.0": "10.140.0.0/16",
                            "ingress.2444544016.description": "",
                            "ingress.2444544016.from_port": "443",
                            "ingress.2444544016.ipv6_cidr_blocks.#": "0",
                            "ingress.2444544016.protocol": "tcp",
                            "ingress.2444544016.security_groups.#": "0",
                            "ingress.2444544016.self": "false",
                            "ingress.2444544016.to_port": "443",
                            "ingress.4214701893.cidr_blocks.#": "1",
                            "ingress.4214701893.cidr_blocks.0": "10.140.0.0/16",
                            "ingress.4214701893.description": "",
                            "ingress.4214701893.from_port": "8090",
                            "ingress.4214701893.ipv6_cidr_blocks.#": "0",
                            "ingress.4214701893.protocol": "tcp",
                            "ingress.4214701893.security_groups.#": "0",
                            "ingress.4214701893.self": "false",
                            "ingress.4214701893.to_port": "8090",
                            "ingress.718103669.cidr_blocks.#": "1",
                            "ingress.718103669.cidr_blocks.0": "10.140.0.0/16",
                            "ingress.718103669.description": "",
                            "ingress.718103669.from_port": "80",
                            "ingress.718103669.ipv6_cidr_blocks.#": "0",
                            "ingress.718103669.protocol": "tcp",
                            "ingress.718103669.security_groups.#": "0",
                            "ingress.718103669.self": "false",
                            "ingress.718103669.to_port": "80",
                            "name": "me-disha-disha-cms-sg",
                            "owner_id": "778504583090",
                            "revoke_rules_on_delete": "false",
                            "tags.%": "1",
                            "tags.Name": "me-disha-disha-cms-sg",
                            "vpc_id": "vpc-d218feba"
                        },
                        "meta": {
                            "schema_version": "1"
                        },
                        "tainted": false
                    },
                    "deposed": [],
                    "provider": ""
                },
                "aws_security_group.disha-web-sg": {
                    "type": "aws_security_group",
                    "depends_on": [
                        "module.vpc"
                    ],
                    "primary": {
                        "id": "sg-1626737e",
                        "attributes": {
                            "description": "disha-web",
                            "egress.#": "0",
                            "id": "sg-1626737e",
                            "ingress.#": "3",
                            "ingress.2444544016.cidr_blocks.#": "1",
                            "ingress.2444544016.cidr_blocks.0": "10.140.0.0/16",
                            "ingress.2444544016.description": "",
                            "ingress.2444544016.from_port": "443",
                            "ingress.2444544016.ipv6_cidr_blocks.#": "0",
                            "ingress.2444544016.protocol": "tcp",
                            "ingress.2444544016.security_groups.#": "0",
                            "ingress.2444544016.self": "false",
                            "ingress.2444544016.to_port": "443",
                            "ingress.4214701893.cidr_blocks.#": "1",
                            "ingress.4214701893.cidr_blocks.0": "10.140.0.0/16",
                            "ingress.4214701893.description": "",
                            "ingress.4214701893.from_port": "8090",
                            "ingress.4214701893.ipv6_cidr_blocks.#": "0",
                            "ingress.4214701893.protocol": "tcp",
                            "ingress.4214701893.security_groups.#": "0",
                            "ingress.4214701893.self": "false",
                            "ingress.4214701893.to_port": "8090",
                            "ingress.718103669.cidr_blocks.#": "1",
                            "ingress.718103669.cidr_blocks.0": "10.140.0.0/16",
                            "ingress.718103669.description": "",
                            "ingress.718103669.from_port": "80",
                            "ingress.718103669.ipv6_cidr_blocks.#": "0",
                            "ingress.718103669.protocol": "tcp",
                            "ingress.718103669.security_groups.#": "0",
                            "ingress.718103669.self": "false",
                            "ingress.718103669.to_port": "80",
                            "name": "me-disha-disha-web-sg",
                            "owner_id": "778504583090",
                            "revoke_rules_on_delete": "false",
                            "tags.%": "1",
                            "tags.Name": "me-disha-disha-web-sg",
                            "vpc_id": "vpc-d218feba"
                        },
                        "meta": {
                            "schema_version": "1"
                        },
                        "tainted": false
                    },
                    "deposed": [],
                    "provider": ""
                },
                "aws_security_group.openvpn_sg": {
                    "type": "aws_security_group",
                    "depends_on": [
                        "module.vpc"
                    ],
                    "primary": {
                        "id": "sg-4f217427",
                        "attributes": {
                            "description": "Managed by Terraform",
                            "egress.#": "1",
                            "egress.482069346.cidr_blocks.#": "1",
                            "egress.482069346.cidr_blocks.0": "0.0.0.0/0",
                            "egress.482069346.description": "",
                            "egress.482069346.from_port": "0",
                            "egress.482069346.ipv6_cidr_blocks.#": "0",
                            "egress.482069346.prefix_list_ids.#": "0",
                            "egress.482069346.protocol": "-1",
                            "egress.482069346.security_groups.#": "0",
                            "egress.482069346.self": "false",
                            "egress.482069346.to_port": "0",
                            "id": "sg-4f217427",
                            "ingress.#": "4",
                            "ingress.2617001939.cidr_blocks.#": "1",
                            "ingress.2617001939.cidr_blocks.0": "0.0.0.0/0",
                            "ingress.2617001939.description": "",
                            "ingress.2617001939.from_port": "443",
                            "ingress.2617001939.ipv6_cidr_blocks.#": "0",
                            "ingress.2617001939.protocol": "tcp",
                            "ingress.2617001939.security_groups.#": "0",
                            "ingress.2617001939.self": "false",
                            "ingress.2617001939.to_port": "443",
                            "ingress.2795873611.cidr_blocks.#": "1",
                            "ingress.2795873611.cidr_blocks.0": "10.140.0.0/16",
                            "ingress.2795873611.description": "",
                            "ingress.2795873611.from_port": "22",
                            "ingress.2795873611.ipv6_cidr_blocks.#": "0",
                            "ingress.2795873611.protocol": "tcp",
                            "ingress.2795873611.security_groups.#": "0",
                            "ingress.2795873611.self": "false",
                            "ingress.2795873611.to_port": "22",
                            "ingress.2870960532.cidr_blocks.#": "1",
                            "ingress.2870960532.cidr_blocks.0": "0.0.0.0/0",
                            "ingress.2870960532.description": "",
                            "ingress.2870960532.from_port": "943",
                            "ingress.2870960532.ipv6_cidr_blocks.#": "0",
                            "ingress.2870960532.protocol": "tcp",
                            "ingress.2870960532.security_groups.#": "0",
                            "ingress.2870960532.self": "false",
                            "ingress.2870960532.to_port": "943",
                            "ingress.4178520169.cidr_blocks.#": "1",
                            "ingress.4178520169.cidr_blocks.0": "0.0.0.0/0",
                            "ingress.4178520169.description": "",
                            "ingress.4178520169.from_port": "1194",
                            "ingress.4178520169.ipv6_cidr_blocks.#": "0",
                            "ingress.4178520169.protocol": "udp",
                            "ingress.4178520169.security_groups.#": "0",
                            "ingress.4178520169.self": "false",
                            "ingress.4178520169.to_port": "1194",
                            "name": "me-disha-openvpn-sg",
                            "owner_id": "778504583090",
                            "revoke_rules_on_delete": "false",
                            "tags.%": "0",
                            "vpc_id": "vpc-d218feba"
                        },
                        "meta": {
                            "schema_version": "1"
                        },
                        "tainted": false
                    },
                    "deposed": [],
                    "provider": ""
                },
                "aws_security_group.redis_sg": {
                    "type": "aws_security_group",
                    "depends_on": [
                        "module.vpc"
                    ],
                    "primary": {
                        "id": "sg-1ed88c76",
                        "attributes": {
                            "description": "redis-sg",
                            "egress.#": "0",
                            "id": "sg-1ed88c76",
                            "ingress.#": "1",
                            "ingress.482069346.cidr_blocks.#": "1",
                            "ingress.482069346.cidr_blocks.0": "0.0.0.0/0",
                            "ingress.482069346.description": "",
                            "ingress.482069346.from_port": "0",
                            "ingress.482069346.ipv6_cidr_blocks.#": "0",
                            "ingress.482069346.protocol": "-1",
                            "ingress.482069346.security_groups.#": "0",
                            "ingress.482069346.self": "false",
                            "ingress.482069346.to_port": "0",
                            "name": "redis-sg",
                            "owner_id": "778504583090",
                            "revoke_rules_on_delete": "false",
                            "tags.%": "0",
                            "vpc_id": "vpc-d218feba"
                        },
                        "meta": {
                            "schema_version": "1"
                        },
                        "tainted": false
                    },
                    "deposed": [],
                    "provider": ""
                },
                "aws_security_group.redshift_sg": {
                    "type": "aws_security_group",
                    "depends_on": [
                        "module.vpc"
                    ],
                    "primary": {
                        "id": "sg-c2d885aa",
                        "attributes": {
                            "description": "redshift-sg",
                            "egress.#": "0",
                            "id": "sg-c2d885aa",
                            "ingress.#": "1",
                            "ingress.4207972494.cidr_blocks.#": "1",
                            "ingress.4207972494.cidr_blocks.0": "10.140.0.0/16",
                            "ingress.4207972494.description": "",
                            "ingress.4207972494.from_port": "5439",
                            "ingress.4207972494.ipv6_cidr_blocks.#": "0",
                            "ingress.4207972494.protocol": "tcp",
                            "ingress.4207972494.security_groups.#": "0",
                            "ingress.4207972494.self": "false",
                            "ingress.4207972494.to_port": "5439",
                            "name": "redshift-sg",
                            "owner_id": "778504583090",
                            "revoke_rules_on_delete": "false",
                            "tags.%": "0",
                            "vpc_id": "vpc-d218feba"
                        },
                        "meta": {
                            "schema_version": "1"
                        },
                        "tainted": false
                    },
                    "deposed": [],
                    "provider": ""
                },
                "data.template_file.ansible_jenkins_policy_as_template": {
                    "type": "template_file",
                    "depends_on": [
                        "module.reporting_database_updator_instance"
                    ],
                    "primary": {
                        "id": "f8e5a0c05f17c2c15d8d65a9fc52e49521274b74edc1717475a08b7ff23bf4a6",
                        "attributes": {
                            "id": "f8e5a0c05f17c2c15d8d65a9fc52e49521274b74edc1717475a08b7ff23bf4a6",
                            "rendered": "{\n    \"Version\": \"2012-10-17\",\n    \"Statement\": [\n        {\n            \"Effect\": \"Allow\",\n            \"Action\": [\n                \"s3:ListBucket\"\n            ],\n            \"Resource\": [\n                \"arn:aws:s3:::disha-devops\",\n                \"arn:aws:s3:::disha-deployement-versions\",\n                \"arn:aws:s3:::me-disha-disha-cms\",\n                \"arn:aws:s3:::me-disha-disha-web\"\n            ]\n        },\n        {\n            \"Effect\": \"Allow\",\n            \"Action\": [\n                \"s3:PutObject\",\n                \"s3:GetObject\",\n                \"s3:DeleteObject\"\n            ],\n            \"Resource\": [\n                \"arn:aws:s3:::disha-devops\",\n                \"arn:aws:s3:::disha-deployement-versions/*\",\n                \"arn:aws:s3:::disha-devops/generic-data-for-ansible-and-jenkins/*\",\n                \"arn:aws:s3:::disha-devops/ansible/keys/me-disha/*\",\n                \"arn:aws:s3:::disha-devops/jenkins/keys/me-disha/*\",\n                \"arn:aws:s3:::me-disha-disha-cms/*\",\n                \"arn:aws:s3:::me-disha-disha-web/*\"\n            ]\n        },\n\n        {\n             \"Action\": [\n                            \"ec2:DescribeVpcs\",\n                            \"ec2:DescribeVpcClassicLink\",\n                            \"ec2:DescribeAvailabilityZones\",\n                            \"ec2:DescribeSubnets\",\n                            \"ec2:DescribeInstances\"\n                        ],\n            \"Effect\": \"Allow\",\n            \"Resource\": \"*\"\n        },\n        {\n                    \"Effect\": \"Allow\",\n                    \"Action\": \"autoscaling:Describe*\",\n                    \"Resource\": \"*\"\n        },\n        {\n            \"Effect\": \"Allow\",\n            \"Action\": \"autoscaling:*\",\n            \"Resource\": \"arn:aws:autoscaling:ap-south-1:*:autoScalingGroup:*:autoScalingGroupName/me-disha-*\"\n        },\n        {\n            \"Effect\": \"Allow\",\n            \"Action\": \"elasticloadbalancing:Describe*\",\n            \"Resource\": \"*\"\n        },\n         {\n                    \"Effect\": \"Allow\",\n                    \"Action\": [\n                        \"ec2:CreateSnapshot\",\n                        \"ec2:DescribeSnapshots\",\n                        \"ec2:CreateImage\",\n                        \"ec2:DescribeImages\",\n                        \"ec2:DeleteSnapshot\",\n                        \"ec2:DeregisterImage\",\n                        \"ec2:DescribeInstances\"\n                    ],\n                    \"Condition\": {\n                        \"StringEquals\": {\n                            \"ec2:Region\": \"ap-south-1\"\n                        }\n                    },\n                    \"Resource\": [\n                        \"*\"\n                    ]\n         },\n          {\n              \"Effect\": \"Allow\",\n              \"Action\": [\n                  \"lambda:UpdateFunctionCode\"\n              ],\n              \"Resource\": [\n                  \"arn:aws:lambda:ap-south-1:778504583090:function:me-disha-certificate-lambda\"\n              ]\n          },\n          {\n              \"Effect\": \"Allow\",\n              \"Action\": \"ec2:StartInstances\",\n              \"Resource\": \"arn:aws:ec2:::instance/i-07fab8bfafbd8a578\"\n          }\n    ]\n}",
                            "template": "{\n    \"Version\": \"2012-10-17\",\n    \"Statement\": [\n        {\n            \"Effect\": \"Allow\",\n            \"Action\": [\n                \"s3:ListBucket\"\n            ],\n            \"Resource\": [\n                \"arn:aws:s3:::disha-devops\",\n                \"arn:aws:s3:::disha-deployement-versions\",\n                \"arn:aws:s3:::${env}-disha-cms\",\n                \"arn:aws:s3:::${env}-disha-web\"\n            ]\n        },\n        {\n            \"Effect\": \"Allow\",\n            \"Action\": [\n                \"s3:PutObject\",\n                \"s3:GetObject\",\n                \"s3:DeleteObject\"\n            ],\n            \"Resource\": [\n                \"arn:aws:s3:::disha-devops\",\n                \"arn:aws:s3:::disha-deployement-versions/*\",\n                \"arn:aws:s3:::disha-devops/generic-data-for-ansible-and-jenkins/*\",\n                \"arn:aws:s3:::disha-devops/ansible/keys/${env}/*\",\n                \"arn:aws:s3:::disha-devops/jenkins/keys/${env}/*\",\n                \"arn:aws:s3:::${env}-disha-cms/*\",\n                \"arn:aws:s3:::${env}-disha-web/*\"\n            ]\n        },\n\n        {\n             \"Action\": [\n                            \"ec2:DescribeVpcs\",\n                            \"ec2:DescribeVpcClassicLink\",\n                            \"ec2:DescribeAvailabilityZones\",\n                            \"ec2:DescribeSubnets\",\n                            \"ec2:DescribeInstances\"\n                        ],\n            \"Effect\": \"Allow\",\n            \"Resource\": \"*\"\n        },\n        {\n                    \"Effect\": \"Allow\",\n                    \"Action\": \"autoscaling:Describe*\",\n                    \"Resource\": \"*\"\n        },\n        {\n            \"Effect\": \"Allow\",\n            \"Action\": \"autoscaling:*\",\n            \"Resource\": \"arn:aws:autoscaling:${aws_region}:*:autoScalingGroup:*:autoScalingGroupName/${env}-*\"\n        },\n        {\n            \"Effect\": \"Allow\",\n            \"Action\": \"elasticloadbalancing:Describe*\",\n            \"Resource\": \"*\"\n        },\n         {\n                    \"Effect\": \"Allow\",\n                    \"Action\": [\n                        \"ec2:CreateSnapshot\",\n                        \"ec2:DescribeSnapshots\",\n                        \"ec2:CreateImage\",\n                        \"ec2:DescribeImages\",\n                        \"ec2:DeleteSnapshot\",\n                        \"ec2:DeregisterImage\",\n                        \"ec2:DescribeInstances\"\n                    ],\n                    \"Condition\": {\n                        \"StringEquals\": {\n                            \"ec2:Region\": \"${aws_region}\"\n                        }\n                    },\n                    \"Resource\": [\n                        \"*\"\n                    ]\n         },\n          {\n              \"Effect\": \"Allow\",\n              \"Action\": [\n                  \"lambda:UpdateFunctionCode\"\n              ],\n              \"Resource\": [\n                  \"arn:aws:lambda:ap-south-1:${aws_account_number}:function:${env}-certificate-lambda\"\n              ]\n          },\n          {\n              \"Effect\": \"Allow\",\n              \"Action\": \"ec2:StartInstances\",\n              \"Resource\": \"arn:aws:ec2:::instance/${reportDbInstance_id}\"\n          }\n    ]\n}",
                            "vars.%": "4",
                            "vars.aws_account_number": "778504583090",
                            "vars.aws_region": "ap-south-1",
                            "vars.env": "me-disha",
                            "vars.reportDbInstance_id": "i-07fab8bfafbd8a578"
                        },
                        "meta": {},
                        "tainted": false
                    },
                    "deposed": [],
                    "provider": ""
                },
                "data.template_file.ansible_userdata_as_template": {
                    "type": "template_file",
                    "depends_on": [],
                    "primary": {
                        "id": "e7653fff8084ed9575855828741569f2af78586e1a9747aada2288dc63ebb96b",
                        "attributes": {
                            "id": "e7653fff8084ed9575855828741569f2af78586e1a9747aada2288dc63ebb96b",
                            "rendered": "#!/bin/bash\napt-get install unzip\ncurl \"https://s3.amazonaws.com/aws-cli/awscli-bundle.zip\" -o \"awscli-bundle.zip\"\nunzip awscli-bundle.zip\n./awscli-bundle/install -i /usr/local/aws -b /usr/local/bin/aws\naws s3 cp s3://disha-devops/generic-data-for-ansible-and-jenkins/ansible-userdata.sh ansible-userdata.sh --region ap-south-1\nbash ansible-userdata.sh me-disha \u003e /var/log/ansible-setup.log 2\u003e\u00261\n",
                            "template": "#!/bin/bash\napt-get install unzip\ncurl \"https://s3.amazonaws.com/aws-cli/awscli-bundle.zip\" -o \"awscli-bundle.zip\"\nunzip awscli-bundle.zip\n./awscli-bundle/install -i /usr/local/aws -b /usr/local/bin/aws\naws s3 cp s3://disha-devops/generic-data-for-ansible-and-jenkins/ansible-userdata.sh ansible-userdata.sh --region ap-south-1\nbash ansible-userdata.sh ${deployement_env} \u003e /var/log/ansible-setup.log 2\u003e\u00261\n",
                            "vars.%": "1",
                            "vars.deployement_env": "me-disha"
                        },
                        "meta": {},
                        "tainted": false
                    },
                    "deposed": [],
                    "provider": ""
                },
                "data.template_file.autoscaling_read_policy_as_template": {
                    "type": "template_file",
                    "depends_on": [],
                    "primary": {
                        "id": "04e00ab913c225e7107a8c6647914a1b6abbe20d24e3f8771ee5309b2e6578b5",
                        "attributes": {
                            "id": "04e00ab913c225e7107a8c6647914a1b6abbe20d24e3f8771ee5309b2e6578b5",
                            "rendered": "{\n    \"Version\": \"2012-10-17\",\n    \"Statement\": [\n\n        {\n            \"Effect\": \"Allow\",\n            \"Action\":\n            [\n                            \"autoscaling:DescribeTags\",\n                            \"autoscaling:DescribeAutoScalingGroups\"\n                        ],\n\n            \"Resource\": \"*\"\n        }\n    ]\n}",
                            "template": "{\n    \"Version\": \"2012-10-17\",\n    \"Statement\": [\n\n        {\n            \"Effect\": \"Allow\",\n            \"Action\":\n            [\n                            \"autoscaling:DescribeTags\",\n                            \"autoscaling:DescribeAutoScalingGroups\"\n                        ],\n\n            \"Resource\": \"*\"\n        }\n    ]\n}"
                        },
                        "meta": {},
                        "tainted": false
                    },
                    "deposed": [],
                    "provider": ""
                },
                "data.template_file.cloudwatch_policy_as_template": {
                    "type": "template_file",
                    "depends_on": [],
                    "primary": {
                        "id": "3baf01ba2139846106aef2752c28a1cf1f50a75837ca8f920f82adb0220f4b39",
                        "attributes": {
                            "id": "3baf01ba2139846106aef2752c28a1cf1f50a75837ca8f920f82adb0220f4b39",
                            "rendered": "{\n    \"Version\": \"2012-10-17\",\n    \"Statement\": [\n        {\n            \"Sid\": \"Stmt1495189811000\",\n            \"Effect\": \"Allow\",\n            \"Action\": [\n                \"cloudwatch:ListMetrics\",\n                \"cloudwatch:PutMetricData\"\n            ],\n            \"Resource\": [\n                \"*\"\n            ]\n        }\n    ]\n}",
                            "template": "{\n    \"Version\": \"2012-10-17\",\n    \"Statement\": [\n        {\n            \"Sid\": \"Stmt1495189811000\",\n            \"Effect\": \"Allow\",\n            \"Action\": [\n                \"cloudwatch:ListMetrics\",\n                \"cloudwatch:PutMetricData\"\n            ],\n            \"Resource\": [\n                \"*\"\n            ]\n        }\n    ]\n}"
                        },
                        "meta": {},
                        "tainted": false
                    },
                    "deposed": [],
                    "provider": ""
                },
                "data.template_file.ec2_read_policy_as_template": {
                    "type": "template_file",
                    "depends_on": [],
                    "primary": {
                        "id": "7f93da9ffda8883e6fea92764957cceef93c40cbd0b999f475a989c3937d3532",
                        "attributes": {
                            "id": "7f93da9ffda8883e6fea92764957cceef93c40cbd0b999f475a989c3937d3532",
                            "rendered": "{\n    \"Version\": \"2012-10-17\",\n    \"Statement\": [\n\n        {\n            \"Effect\": \"Allow\",\n            \"Action\":\n            [\n\t\t\t    \"ec2:DescribeInstances\"\n                        ],\n\n            \"Resource\": \"*\"\n        }\n    ]\n}\n",
                            "template": "{\n    \"Version\": \"2012-10-17\",\n    \"Statement\": [\n\n        {\n            \"Effect\": \"Allow\",\n            \"Action\":\n            [\n\t\t\t    \"ec2:DescribeInstances\"\n                        ],\n\n            \"Resource\": \"*\"\n        }\n    ]\n}\n"
                        },
                        "meta": {},
                        "tainted": false
                    },
                    "deposed": [],
                    "provider": ""
                },
                "data.template_file.s3_logs_policy_as_template": {
                    "type": "template_file",
                    "depends_on": [],
                    "primary": {
                        "id": "00f31ee3e76ccf81179416a31c73acc702d9580d1b9d66f75417085d4170b457",
                        "attributes": {
                            "id": "00f31ee3e76ccf81179416a31c73acc702d9580d1b9d66f75417085d4170b457",
                            "rendered": "{\n    \"Version\": \"2012-10-17\",\n    \"Statement\": [\n        {\n            \"Sid\": \"Stmt1462344008000\",\n            \"Effect\": \"Allow\",\n            \"Action\": [\n                \"s3:GetBucketLocation\",\n                \"s3:ListAllMyBuckets\"\n            ],\n            \"Resource\": [\n                \"arn:aws:s3:::*\"\n            ]\n        },\n        {\n            \"Sid\": \"Stmt1462344268000\",\n            \"Effect\": \"Allow\",\n            \"Action\": [\n                \"s3:*\"\n            ],\n            \"Resource\": [\n                \"arn:aws:s3:::me-disha-logs/*\"\n            ]\n        },\n        {\n            \"Sid\": \"Stmt1462344360000\",\n            \"Effect\": \"Allow\",\n            \"Action\": [\n                \"s3:ListBucket\"\n            ],\n            \"Resource\": [\n                \"arn:aws:s3:::me-disha-logs\"\n            ]\n        }\n    ]\n}",
                            "template": "{\n    \"Version\": \"2012-10-17\",\n    \"Statement\": [\n        {\n            \"Sid\": \"Stmt1462344008000\",\n            \"Effect\": \"Allow\",\n            \"Action\": [\n                \"s3:GetBucketLocation\",\n                \"s3:ListAllMyBuckets\"\n            ],\n            \"Resource\": [\n                \"arn:aws:s3:::*\"\n            ]\n        },\n        {\n            \"Sid\": \"Stmt1462344268000\",\n            \"Effect\": \"Allow\",\n            \"Action\": [\n                \"s3:*\"\n            ],\n            \"Resource\": [\n                \"arn:aws:s3:::${bucket_name}/*\"\n            ]\n        },\n        {\n            \"Sid\": \"Stmt1462344360000\",\n            \"Effect\": \"Allow\",\n            \"Action\": [\n                \"s3:ListBucket\"\n            ],\n            \"Resource\": [\n                \"arn:aws:s3:::${bucket_name}\"\n            ]\n        }\n    ]\n}",
                            "vars.%": "1",
                            "vars.bucket_name": "me-disha-logs"
                        },
                        "meta": {},
                        "tainted": false
                    },
                    "deposed": [],
                    "provider": ""
                }
            },
            "depends_on": []
        },
        {
            "path": [
                "root",
                "me_disha_env",
                "as-lb-http"
            ],
            "outputs": {
                "elb_dns_name_output": {
                    "sensitive": false,
                    "type": "string",
                    "value": "me-disha-pmgdisha-info-lb-2129869040.ap-south-1.elb.amazonaws.com"
                },
                "elb_id": {
                    "sensitive": false,
                    "type": "string",
                    "value": "me-disha-pmgdisha-info-lb"
                },
                "elb_name_output": {
                    "sensitive": false,
                    "type": "string",
                    "value": "me-disha-pmgdisha-info-lb"
                },
                "elb_zone_id_output": {
                    "sensitive": false,
                    "type": "string",
                    "value": "ZP97RAFLXTNZK"
                }
            },
            "resources": {
                "aws_cloudwatch_metric_alarm.high_unhealthy_alarm": {
                    "type": "aws_cloudwatch_metric_alarm",
                    "depends_on": [],
                    "primary": {
                        "id": "me-disha-ELB-pmgdisha-info-High-Unhealthy-Hosts",
                        "attributes": {
                            "actions_enabled": "true",
                            "alarm_actions.#": "1",
                            "alarm_actions.640160710": "arn:aws:sns:ap-south-1:778504583090:me-disha-disha-sns",
                            "alarm_description": "Raises alarm if unhealthy instances in me-disha-pmgdisha-info load balancer increase",
                            "alarm_name": "me-disha-ELB-pmgdisha-info-High-Unhealthy-Hosts",
                            "comparison_operator": "GreaterThanThreshold",
                            "dimensions.%": "1",
                            "dimensions.LoadBalancerName": "me-disha-pmgdisha-info",
                            "evaluate_low_sample_count_percentiles": "",
                            "evaluation_periods": "1",
                            "extended_statistic": "",
                            "id": "me-disha-ELB-pmgdisha-info-High-Unhealthy-Hosts",
                            "insufficient_data_actions.#": "0",
                            "metric_name": "UnHealthyHostCount",
                            "namespace": "AWS/ELB",
                            "ok_actions.#": "0",
                            "period": "60",
                            "statistic": "Average",
                            "threshold": "0",
                            "treat_missing_data": "missing",
                            "unit": ""
                        },
                        "meta": {
                            "schema_version": "1"
                        },
                        "tainted": false
                    },
                    "deposed": [],
                    "provider": ""
                },
                "aws_cloudwatch_metric_alarm.low_healthy_alarm": {
                    "type": "aws_cloudwatch_metric_alarm",
                    "depends_on": [],
                    "primary": {
                        "id": "me-disha-ELB-pmgdisha-info-Low-Healthy-Hosts",
                        "attributes": {
                            "actions_enabled": "true",
                            "alarm_actions.#": "1",
                            "alarm_actions.640160710": "arn:aws:sns:ap-south-1:778504583090:me-disha-disha-sns",
                            "alarm_description": "Raises alarm if healthy instances in me-disha-pmgdisha-info load balancer decrease",
                            "alarm_name": "me-disha-ELB-pmgdisha-info-Low-Healthy-Hosts",
                            "comparison_operator": "LessThanThreshold",
                            "dimensions.%": "1",
                            "dimensions.LoadBalancerName": "me-disha-pmgdisha-info",
                            "evaluate_low_sample_count_percentiles": "",
                            "evaluation_periods": "1",
                            "extended_statistic": "",
                            "id": "me-disha-ELB-pmgdisha-info-Low-Healthy-Hosts",
                            "insufficient_data_actions.#": "0",
                            "metric_name": "HealthyHostCount",
                            "namespace": "AWS/ELB",
                            "ok_actions.#": "0",
                            "period": "60",
                            "statistic": "Average",
                            "threshold": "1",
                            "treat_missing_data": "missing",
                            "unit": ""
                        },
                        "meta": {
                            "schema_version": "1"
                        },
                        "tainted": false
                    },
                    "deposed": [],
                    "provider": ""
                },
                "aws_elb.elb-http": {
                    "type": "aws_elb",
                    "depends_on": [],
                    "primary": {
                        "id": "me-disha-pmgdisha-info-lb",
                        "attributes": {
                            "access_logs.#": "1",
                            "access_logs.0.bucket": "me-disha-elb-logs",
                            "access_logs.0.bucket_prefix": "me-disha-pmgdisha-info",
                            "access_logs.0.enabled": "true",
                            "access_logs.0.interval": "60",
                            "availability_zones.#": "1",
                            "availability_zones.1163474009": "ap-south-1a",
                            "connection_draining": "true",
                            "connection_draining_timeout": "60",
                            "cross_zone_load_balancing": "true",
                            "dns_name": "me-disha-pmgdisha-info-lb-2129869040.ap-south-1.elb.amazonaws.com",
                            "health_check.#": "1",
                            "health_check.0.healthy_threshold": "2",
                            "health_check.0.interval": "5",
                            "health_check.0.target": "TCP:8050",
                            "health_check.0.timeout": "4",
                            "health_check.0.unhealthy_threshold": "2",
                            "id": "me-disha-pmgdisha-info-lb",
                            "idle_timeout": "60",
                            "instances.#": "1",
                            "instances.1960352097": "i-0f09fcfec9b20cf88",
                            "internal": "false",
                            "listener.#": "2",
                            "listener.2179684764.instance_port": "8050",
                            "listener.2179684764.instance_protocol": "http",
                            "listener.2179684764.lb_port": "443",
                            "listener.2179684764.lb_protocol": "https",
                            "listener.2179684764.ssl_certificate_id": "arn:aws:acm:ap-south-1:778504583090:certificate/783cda45-998a-4d5a-9f7e-dca83e44ed6d",
                            "listener.3057123346.instance_port": "80",
                            "listener.3057123346.instance_protocol": "http",
                            "listener.3057123346.lb_port": "80",
                            "listener.3057123346.lb_protocol": "http",
                            "listener.3057123346.ssl_certificate_id": "",
                            "name": "me-disha-pmgdisha-info-lb",
                            "security_groups.#": "1",
                            "security_groups.3431187637": "sg-7a267312",
                            "source_security_group": "778504583090/me-disha-elb-http-sg",
                            "source_security_group_id": "sg-7a267312",
                            "subnets.#": "1",
                            "subnets.2407763024": "subnet-0ae60f62",
                            "tags.%": "0",
                            "zone_id": "ZP97RAFLXTNZK"
                        },
                        "meta": {},
                        "tainted": false
                    },
                    "deposed": [],
                    "provider": ""
                }
            },
            "depends_on": []
        },
        {
            "path": [
                "root",
                "me_disha_env",
                "biometric"
            ],
            "outputs": {
                "instance_id": {
                    "sensitive": false,
                    "type": "string",
                    "value": "i-01ecc7b12c986654f"
                },
                "instance_name": {
                    "sensitive": false,
                    "type": "string",
                    "value": "me-disha-biometric"
                },
                "public_ip": {
                    "sensitive": false,
                    "type": "string",
                    "value": ""
                }
            },
            "resources": {
                "aws_cloudwatch_metric_alarm.instance_status_check": {
                    "type": "aws_cloudwatch_metric_alarm",
                    "depends_on": [
                        "aws_instance.instance"
                    ],
                    "primary": {
                        "id": "me-disha-biometric-status-checks-failed",
                        "attributes": {
                            "actions_enabled": "true",
                            "alarm_actions.#": "1",
                            "alarm_actions.640160710": "arn:aws:sns:ap-south-1:778504583090:me-disha-disha-sns",
                            "alarm_description": "This metric monitors ec2 status checks",
                            "alarm_name": "me-disha-biometric-status-checks-failed",
                            "comparison_operator": "GreaterThanOrEqualToThreshold",
                            "dimensions.%": "1",
                            "dimensions.InstanceId": "i-01ecc7b12c986654f",
                            "evaluate_low_sample_count_percentiles": "",
                            "evaluation_periods": "1",
                            "extended_statistic": "",
                            "id": "me-disha-biometric-status-checks-failed",
                            "insufficient_data_actions.#": "1",
                            "insufficient_data_actions.640160710": "arn:aws:sns:ap-south-1:778504583090:me-disha-disha-sns",
                            "metric_name": "StatusCheckFailed",
                            "namespace": "AWS/EC2",
                            "ok_actions.#": "1",
                            "ok_actions.640160710": "arn:aws:sns:ap-south-1:778504583090:me-disha-disha-sns",
                            "period": "60",
                            "statistic": "Average",
                            "threshold": "1",
                            "treat_missing_data": "missing",
                            "unit": ""
                        },
                        "meta": {
                            "schema_version": "1"
                        },
                        "tainted": false
                    },
                    "deposed": [],
                    "provider": ""
                },
                "aws_instance.instance": {
                    "type": "aws_instance",
                    "depends_on": [
                        "module.sg"
                    ],
                    "primary": {
                        "id": "i-01ecc7b12c986654f",
                        "attributes": {
                            "ami": "ami-f6327e99",
                            "associate_public_ip_address": "false",
                            "availability_zone": "ap-south-1a",
                            "disable_api_termination": "false",
                            "ebs_block_device.#": "1",
                            "ebs_block_device.4133660466.delete_on_termination": "true",
                            "ebs_block_device.4133660466.device_name": "/dev/sdb",
                            "ebs_block_device.4133660466.encrypted": "false",
                            "ebs_block_device.4133660466.iops": "0",
                            "ebs_block_device.4133660466.snapshot_id": "snap-0a7cbc375b2372584",
                            "ebs_block_device.4133660466.volume_size": "30",
                            "ebs_block_device.4133660466.volume_type": "standard",
                            "ebs_optimized": "false",
                            "ephemeral_block_device.#": "0",
                            "iam_instance_profile": "me-disha-instance-profile",
                            "id": "i-01ecc7b12c986654f",
                            "instance_state": "running",
                            "instance_type": "t2.micro",
                            "ipv6_addresses.#": "0",
                            "key_name": "me-disha.mepvt",
                            "monitoring": "false",
                            "network_interface.#": "0",
                            "network_interface_id": "eni-b11bb9ee",
                            "primary_network_interface_id": "eni-b11bb9ee",
                            "private_dns": "ip-10-140-1-133.ap-south-1.compute.internal",
                            "private_ip": "10.140.1.133",
                            "public_dns": "",
                            "public_ip": "",
                            "root_block_device.#": "1",
                            "root_block_device.0.delete_on_termination": "true",
                            "root_block_device.0.iops": "100",
                            "root_block_device.0.volume_size": "24",
                            "root_block_device.0.volume_type": "gp2",
                            "security_groups.#": "0",
                            "source_dest_check": "true",
                            "subnet_id": "subnet-61e40d09",
                            "tags.%": "3",
                            "tags.Cluster": "disha",
                            "tags.Environment": "me-disha",
                            "tags.Name": "me-disha-biometric",
                            "tenancy": "default",
                            "volume_tags.%": "1",
                            "volume_tags.Name": "me-disha-biometric",
                            "vpc_security_group_ids.#": "2",
                            "vpc_security_group_ids.3629796047": "sg-e0217488",
                            "vpc_security_group_ids.3786451493": "sg-912471f9"
                        },
                        "meta": {
                            "e2bfb730-ecaa-11e6-8f88-34363bc7c4c0": {
                                "create": 600000000000,
                                "delete": 600000000000,
                                "update": 600000000000
                            },
                            "schema_version": "1"
                        },
                        "tainted": false
                    },
                    "deposed": [],
                    "provider": ""
                },
                "aws_route53_record.instance_route53_entry": {
                    "type": "aws_route53_record",
                    "depends_on": [
                        "aws_instance.instance"
                    ],
                    "primary": {
                        "id": "Z3RZRS4QER9K1X_biometric_A",
                        "attributes": {
                            "fqdn": "biometric.mepvt",
                            "health_check_id": "",
                            "id": "Z3RZRS4QER9K1X_biometric_A",
                            "name": "biometric",
                            "records.#": "1",
                            "records.2450607811": "10.140.1.133",
                            "set_identifier": "",
                            "ttl": "60",
                            "type": "A",
                            "zone_id": "Z3RZRS4QER9K1X"
                        },
                        "meta": {
                            "schema_version": "2"
                        },
                        "tainted": false
                    },
                    "deposed": [],
                    "provider": ""
                }
            },
            "depends_on": []
        },
        {
            "path": [
                "root",
                "me_disha_env",
                "biometric-admin-tg-http"
            ],
            "outputs": {
                "alb_tg_arn": {
                    "sensitive": false,
                    "type": "string",
                    "value": "arn:aws:elasticloadbalancing:ap-south-1:778504583090:targetgroup/me-disha-biom-admin-http/aef4f74d3adceaf5"
                }
            },
            "resources": {
                "aws_alb_target_group.alb_tg": {
                    "type": "aws_alb_target_group",
                    "depends_on": [],
                    "primary": {
                        "id": "arn:aws:elasticloadbalancing:ap-south-1:778504583090:targetgroup/me-disha-biom-admin-http/aef4f74d3adceaf5",
                        "attributes": {
                            "arn": "arn:aws:elasticloadbalancing:ap-south-1:778504583090:targetgroup/me-disha-biom-admin-http/aef4f74d3adceaf5",
                            "arn_suffix": "targetgroup/me-disha-biom-admin-http/aef4f74d3adceaf5",
                            "deregistration_delay": "300",
                            "health_check.#": "1",
                            "health_check.0.healthy_threshold": "2",
                            "health_check.0.interval": "10",
                            "health_check.0.matcher": "301",
                            "health_check.0.path": "/ping",
                            "health_check.0.port": "80",
                            "health_check.0.protocol": "HTTP",
                            "health_check.0.timeout": "5",
                            "health_check.0.unhealthy_threshold": "2",
                            "id": "arn:aws:elasticloadbalancing:ap-south-1:778504583090:targetgroup/me-disha-biom-admin-http/aef4f74d3adceaf5",
                            "name": "me-disha-biom-admin-http",
                            "port": "80",
                            "protocol": "HTTP",
                            "stickiness.#": "1",
                            "stickiness.0.cookie_duration": "86400",
                            "stickiness.0.enabled": "false",
                            "stickiness.0.type": "lb_cookie",
                            "tags.%": "0",
                            "target_type": "instance",
                            "vpc_id": "vpc-d218feba"
                        },
                        "meta": {},
                        "tainted": false
                    },
                    "deposed": [],
                    "provider": ""
                },
                "aws_cloudwatch_metric_alarm.high_unhealthy_alarm": {
                    "type": "aws_cloudwatch_metric_alarm",
                    "depends_on": [],
                    "primary": {
                        "id": "me-disha-ELB-biom-admin-http-High-Unhealthy-Hosts",
                        "attributes": {
                            "actions_enabled": "true",
                            "alarm_actions.#": "1",
                            "alarm_actions.640160710": "arn:aws:sns:ap-south-1:778504583090:me-disha-disha-sns",
                            "alarm_description": "Raises alarm if unhealthy instances in me-disha-biom-admin-http load balancer increase",
                            "alarm_name": "me-disha-ELB-biom-admin-http-High-Unhealthy-Hosts",
                            "comparison_operator": "GreaterThanThreshold",
                            "dimensions.%": "1",
                            "dimensions.LoadBalancerName": "me-disha-biom-admin-http",
                            "evaluate_low_sample_count_percentiles": "",
                            "evaluation_periods": "1",
                            "extended_statistic": "",
                            "id": "me-disha-ELB-biom-admin-http-High-Unhealthy-Hosts",
                            "insufficient_data_actions.#": "0",
                            "metric_name": "UnHealthyHostCount",
                            "namespace": "AWS/ELB",
                            "ok_actions.#": "0",
                            "period": "60",
                            "statistic": "Average",
                            "threshold": "0",
                            "treat_missing_data": "missing",
                            "unit": ""
                        },
                        "meta": {
                            "schema_version": "1"
                        },
                        "tainted": false
                    },
                    "deposed": [],
                    "provider": ""
                },
                "aws_cloudwatch_metric_alarm.low_healthy_alarm": {
                    "type": "aws_cloudwatch_metric_alarm",
                    "depends_on": [],
                    "primary": {
                        "id": "me-disha-ELB-biom-admin-http-Low-Healthy-Hosts",
                        "attributes": {
                            "actions_enabled": "true",
                            "alarm_actions.#": "1",
                            "alarm_actions.640160710": "arn:aws:sns:ap-south-1:778504583090:me-disha-disha-sns",
                            "alarm_description": "Raises alarm if healthy instances in me-disha-biom-admin-http load balancer decrease",
                            "alarm_name": "me-disha-ELB-biom-admin-http-Low-Healthy-Hosts",
                            "comparison_operator": "LessThanThreshold",
                            "dimensions.%": "1",
                            "dimensions.LoadBalancerName": "me-disha-biom-admin-http",
                            "evaluate_low_sample_count_percentiles": "",
                            "evaluation_periods": "1",
                            "extended_statistic": "",
                            "id": "me-disha-ELB-biom-admin-http-Low-Healthy-Hosts",
                            "insufficient_data_actions.#": "0",
                            "metric_name": "HealthyHostCount",
                            "namespace": "AWS/ELB",
                            "ok_actions.#": "0",
                            "period": "60",
                            "statistic": "Average",
                            "threshold": "1",
                            "treat_missing_data": "missing",
                            "unit": ""
                        },
                        "meta": {
                            "schema_version": "1"
                        },
                        "tainted": false
                    },
                    "deposed": [],
                    "provider": ""
                }
            },
            "depends_on": []
        },
        {
            "path": [
                "root",
                "me_disha_env",
                "biometric-admin-tg-https"
            ],
            "outputs": {
                "alb_tg_arn": {
                    "sensitive": false,
                    "type": "string",
                    "value": "arn:aws:elasticloadbalancing:ap-south-1:778504583090:targetgroup/me-disha-bio-admin-https/0d8b1b674d176b8b"
                }
            },
            "resources": {
                "aws_alb_target_group.alb_tg": {
                    "type": "aws_alb_target_group",
                    "depends_on": [],
                    "primary": {
                        "id": "arn:aws:elasticloadbalancing:ap-south-1:778504583090:targetgroup/me-disha-bio-admin-https/0d8b1b674d176b8b",
                        "attributes": {
                            "arn": "arn:aws:elasticloadbalancing:ap-south-1:778504583090:targetgroup/me-disha-bio-admin-https/0d8b1b674d176b8b",
                            "arn_suffix": "targetgroup/me-disha-bio-admin-https/0d8b1b674d176b8b",
                            "deregistration_delay": "300",
                            "health_check.#": "1",
                            "health_check.0.healthy_threshold": "2",
                            "health_check.0.interval": "15",
                            "health_check.0.matcher": "200",
                            "health_check.0.path": "/ping",
                            "health_check.0.port": "443",
                            "health_check.0.protocol": "HTTPS",
                            "health_check.0.timeout": "10",
                            "health_check.0.unhealthy_threshold": "2",
                            "id": "arn:aws:elasticloadbalancing:ap-south-1:778504583090:targetgroup/me-disha-bio-admin-https/0d8b1b674d176b8b",
                            "name": "me-disha-bio-admin-https",
                            "port": "443",
                            "protocol": "HTTPS",
                            "stickiness.#": "1",
                            "stickiness.0.cookie_duration": "86400",
                            "stickiness.0.enabled": "false",
                            "stickiness.0.type": "lb_cookie",
                            "tags.%": "0",
                            "target_type": "instance",
                            "vpc_id": "vpc-d218feba"
                        },
                        "meta": {},
                        "tainted": false
                    },
                    "deposed": [],
                    "provider": ""
                },
                "aws_cloudwatch_metric_alarm.high_unhealthy_alarm": {
                    "type": "aws_cloudwatch_metric_alarm",
                    "depends_on": [],
                    "primary": {
                        "id": "me-disha-ELB-bio-admin-https-High-Unhealthy-Hosts",
                        "attributes": {
                            "actions_enabled": "true",
                            "alarm_actions.#": "1",
                            "alarm_actions.640160710": "arn:aws:sns:ap-south-1:778504583090:me-disha-disha-sns",
                            "alarm_description": "Raises alarm if unhealthy instances in me-disha-bio-admin-https load balancer increase",
                            "alarm_name": "me-disha-ELB-bio-admin-https-High-Unhealthy-Hosts",
                            "comparison_operator": "GreaterThanThreshold",
                            "dimensions.%": "1",
                            "dimensions.LoadBalancerName": "me-disha-bio-admin-https",
                            "evaluate_low_sample_count_percentiles": "",
                            "evaluation_periods": "1",
                            "extended_statistic": "",
                            "id": "me-disha-ELB-bio-admin-https-High-Unhealthy-Hosts",
                            "insufficient_data_actions.#": "0",
                            "metric_name": "UnHealthyHostCount",
                            "namespace": "AWS/ELB",
                            "ok_actions.#": "0",
                            "period": "60",
                            "statistic": "Average",
                            "threshold": "0",
                            "treat_missing_data": "missing",
                            "unit": ""
                        },
                        "meta": {
                            "schema_version": "1"
                        },
                        "tainted": false
                    },
                    "deposed": [],
                    "provider": ""
                },
                "aws_cloudwatch_metric_alarm.low_healthy_alarm": {
                    "type": "aws_cloudwatch_metric_alarm",
                    "depends_on": [],
                    "primary": {
                        "id": "me-disha-ELB-bio-admin-https-Low-Healthy-Hosts",
                        "attributes": {
                            "actions_enabled": "true",
                            "alarm_actions.#": "1",
                            "alarm_actions.640160710": "arn:aws:sns:ap-south-1:778504583090:me-disha-disha-sns",
                            "alarm_description": "Raises alarm if healthy instances in me-disha-bio-admin-https load balancer decrease",
                            "alarm_name": "me-disha-ELB-bio-admin-https-Low-Healthy-Hosts",
                            "comparison_operator": "LessThanThreshold",
                            "dimensions.%": "1",
                            "dimensions.LoadBalancerName": "me-disha-bio-admin-https",
                            "evaluate_low_sample_count_percentiles": "",
                            "evaluation_periods": "1",
                            "extended_statistic": "",
                            "id": "me-disha-ELB-bio-admin-https-Low-Healthy-Hosts",
                            "insufficient_data_actions.#": "0",
                            "metric_name": "HealthyHostCount",
                            "namespace": "AWS/ELB",
                            "ok_actions.#": "0",
                            "period": "60",
                            "statistic": "Average",
                            "threshold": "1",
                            "treat_missing_data": "missing",
                            "unit": ""
                        },
                        "meta": {
                            "schema_version": "1"
                        },
                        "tainted": false
                    },
                    "deposed": [],
                    "provider": ""
                }
            },
            "depends_on": []
        },
        {
            "path": [
                "root",
                "me_disha_env",
                "biometric-tg-http"
            ],
            "outputs": {
                "alb_tg_arn": {
                    "sensitive": false,
                    "type": "string",
                    "value": "arn:aws:elasticloadbalancing:ap-south-1:778504583090:targetgroup/me-disha-biometric-http/71c5aa4ccce5e541"
                }
            },
            "resources": {
                "aws_alb_target_group.alb_tg": {
                    "type": "aws_alb_target_group",
                    "depends_on": [],
                    "primary": {
                        "id": "arn:aws:elasticloadbalancing:ap-south-1:778504583090:targetgroup/me-disha-biometric-http/71c5aa4ccce5e541",
                        "attributes": {
                            "arn": "arn:aws:elasticloadbalancing:ap-south-1:778504583090:targetgroup/me-disha-biometric-http/71c5aa4ccce5e541",
                            "arn_suffix": "targetgroup/me-disha-biometric-http/71c5aa4ccce5e541",
                            "deregistration_delay": "300",
                            "health_check.#": "1",
                            "health_check.0.healthy_threshold": "2",
                            "health_check.0.interval": "10",
                            "health_check.0.matcher": "301",
                            "health_check.0.path": "/ping",
                            "health_check.0.port": "80",
                            "health_check.0.protocol": "HTTP",
                            "health_check.0.timeout": "5",
                            "health_check.0.unhealthy_threshold": "2",
                            "id": "arn:aws:elasticloadbalancing:ap-south-1:778504583090:targetgroup/me-disha-biometric-http/71c5aa4ccce5e541",
                            "name": "me-disha-biometric-http",
                            "port": "80",
                            "protocol": "HTTP",
                            "stickiness.#": "1",
                            "stickiness.0.cookie_duration": "86400",
                            "stickiness.0.enabled": "false",
                            "stickiness.0.type": "lb_cookie",
                            "tags.%": "0",
                            "target_type": "instance",
                            "vpc_id": "vpc-d218feba"
                        },
                        "meta": {},
                        "tainted": false
                    },
                    "deposed": [],
                    "provider": ""
                },
                "aws_cloudwatch_metric_alarm.high_unhealthy_alarm": {
                    "type": "aws_cloudwatch_metric_alarm",
                    "depends_on": [],
                    "primary": {
                        "id": "me-disha-ELB-biometric-http-High-Unhealthy-Hosts",
                        "attributes": {
                            "actions_enabled": "true",
                            "alarm_actions.#": "1",
                            "alarm_actions.640160710": "arn:aws:sns:ap-south-1:778504583090:me-disha-disha-sns",
                            "alarm_description": "Raises alarm if unhealthy instances in me-disha-biometric-http load balancer increase",
                            "alarm_name": "me-disha-ELB-biometric-http-High-Unhealthy-Hosts",
                            "comparison_operator": "GreaterThanThreshold",
                            "dimensions.%": "1",
                            "dimensions.LoadBalancerName": "me-disha-biometric-http",
                            "evaluate_low_sample_count_percentiles": "",
                            "evaluation_periods": "1",
                            "extended_statistic": "",
                            "id": "me-disha-ELB-biometric-http-High-Unhealthy-Hosts",
                            "insufficient_data_actions.#": "0",
                            "metric_name": "UnHealthyHostCount",
                            "namespace": "AWS/ELB",
                            "ok_actions.#": "0",
                            "period": "60",
                            "statistic": "Average",
                            "threshold": "0",
                            "treat_missing_data": "missing",
                            "unit": ""
                        },
                        "meta": {
                            "schema_version": "1"
                        },
                        "tainted": false
                    },
                    "deposed": [],
                    "provider": ""
                },
                "aws_cloudwatch_metric_alarm.low_healthy_alarm": {
                    "type": "aws_cloudwatch_metric_alarm",
                    "depends_on": [],
                    "primary": {
                        "id": "me-disha-ELB-biometric-http-Low-Healthy-Hosts",
                        "attributes": {
                            "actions_enabled": "true",
                            "alarm_actions.#": "1",
                            "alarm_actions.640160710": "arn:aws:sns:ap-south-1:778504583090:me-disha-disha-sns",
                            "alarm_description": "Raises alarm if healthy instances in me-disha-biometric-http load balancer decrease",
                            "alarm_name": "me-disha-ELB-biometric-http-Low-Healthy-Hosts",
                            "comparison_operator": "LessThanThreshold",
                            "dimensions.%": "1",
                            "dimensions.LoadBalancerName": "me-disha-biometric-http",
                            "evaluate_low_sample_count_percentiles": "",
                            "evaluation_periods": "1",
                            "extended_statistic": "",
                            "id": "me-disha-ELB-biometric-http-Low-Healthy-Hosts",
                            "insufficient_data_actions.#": "0",
                            "metric_name": "HealthyHostCount",
                            "namespace": "AWS/ELB",
                            "ok_actions.#": "0",
                            "period": "60",
                            "statistic": "Average",
                            "threshold": "1",
                            "treat_missing_data": "missing",
                            "unit": ""
                        },
                        "meta": {
                            "schema_version": "1"
                        },
                        "tainted": false
                    },
                    "deposed": [],
                    "provider": ""
                }
            },
            "depends_on": []
        },
        {
            "path": [
                "root",
                "me_disha_env",
                "biometric-tg-https"
            ],
            "outputs": {
                "alb_tg_arn": {
                    "sensitive": false,
                    "type": "string",
                    "value": "arn:aws:elasticloadbalancing:ap-south-1:778504583090:targetgroup/me-disha-biometric-https/6fe15317ff875bfe"
                }
            },
            "resources": {
                "aws_alb_target_group.alb_tg": {
                    "type": "aws_alb_target_group",
                    "depends_on": [],
                    "primary": {
                        "id": "arn:aws:elasticloadbalancing:ap-south-1:778504583090:targetgroup/me-disha-biometric-https/6fe15317ff875bfe",
                        "attributes": {
                            "arn": "arn:aws:elasticloadbalancing:ap-south-1:778504583090:targetgroup/me-disha-biometric-https/6fe15317ff875bfe",
                            "arn_suffix": "targetgroup/me-disha-biometric-https/6fe15317ff875bfe",
                            "deregistration_delay": "300",
                            "health_check.#": "1",
                            "health_check.0.healthy_threshold": "2",
                            "health_check.0.interval": "15",
                            "health_check.0.matcher": "200",
                            "health_check.0.path": "/ping",
                            "health_check.0.port": "443",
                            "health_check.0.protocol": "HTTPS",
                            "health_check.0.timeout": "10",
                            "health_check.0.unhealthy_threshold": "2",
                            "id": "arn:aws:elasticloadbalancing:ap-south-1:778504583090:targetgroup/me-disha-biometric-https/6fe15317ff875bfe",
                            "name": "me-disha-biometric-https",
                            "port": "443",
                            "protocol": "HTTPS",
                            "stickiness.#": "1",
                            "stickiness.0.cookie_duration": "86400",
                            "stickiness.0.enabled": "false",
                            "stickiness.0.type": "lb_cookie",
                            "tags.%": "0",
                            "target_type": "instance",
                            "vpc_id": "vpc-d218feba"
                        },
                        "meta": {},
                        "tainted": false
                    },
                    "deposed": [],
                    "provider": ""
                },
                "aws_cloudwatch_metric_alarm.high_unhealthy_alarm": {
                    "type": "aws_cloudwatch_metric_alarm",
                    "depends_on": [],
                    "primary": {
                        "id": "me-disha-ELB-biometric-https-High-Unhealthy-Hosts",
                        "attributes": {
                            "actions_enabled": "true",
                            "alarm_actions.#": "1",
                            "alarm_actions.640160710": "arn:aws:sns:ap-south-1:778504583090:me-disha-disha-sns",
                            "alarm_description": "Raises alarm if unhealthy instances in me-disha-biometric-https load balancer increase",
                            "alarm_name": "me-disha-ELB-biometric-https-High-Unhealthy-Hosts",
                            "comparison_operator": "GreaterThanThreshold",
                            "dimensions.%": "1",
                            "dimensions.LoadBalancerName": "me-disha-biometric-https",
                            "evaluate_low_sample_count_percentiles": "",
                            "evaluation_periods": "1",
                            "extended_statistic": "",
                            "id": "me-disha-ELB-biometric-https-High-Unhealthy-Hosts",
                            "insufficient_data_actions.#": "0",
                            "metric_name": "UnHealthyHostCount",
                            "namespace": "AWS/ELB",
                            "ok_actions.#": "0",
                            "period": "60",
                            "statistic": "Average",
                            "threshold": "0",
                            "treat_missing_data": "missing",
                            "unit": ""
                        },
                        "meta": {
                            "schema_version": "1"
                        },
                        "tainted": false
                    },
                    "deposed": [],
                    "provider": ""
                },
                "aws_cloudwatch_metric_alarm.low_healthy_alarm": {
                    "type": "aws_cloudwatch_metric_alarm",
                    "depends_on": [],
                    "primary": {
                        "id": "me-disha-ELB-biometric-https-Low-Healthy-Hosts",
                        "attributes": {
                            "actions_enabled": "true",
                            "alarm_actions.#": "1",
                            "alarm_actions.640160710": "arn:aws:sns:ap-south-1:778504583090:me-disha-disha-sns",
                            "alarm_description": "Raises alarm if healthy instances in me-disha-biometric-https load balancer decrease",
                            "alarm_name": "me-disha-ELB-biometric-https-Low-Healthy-Hosts",
                            "comparison_operator": "LessThanThreshold",
                            "dimensions.%": "1",
                            "dimensions.LoadBalancerName": "me-disha-biometric-https",
                            "evaluate_low_sample_count_percentiles": "",
                            "evaluation_periods": "1",
                            "extended_statistic": "",
                            "id": "me-disha-ELB-biometric-https-Low-Healthy-Hosts",
                            "insufficient_data_actions.#": "0",
                            "metric_name": "HealthyHostCount",
                            "namespace": "AWS/ELB",
                            "ok_actions.#": "0",
                            "period": "60",
                            "statistic": "Average",
                            "threshold": "1",
                            "treat_missing_data": "missing",
                            "unit": ""
                        },
                        "meta": {
                            "schema_version": "1"
                        },
                        "tainted": false
                    },
                    "deposed": [],
                    "provider": ""
                }
            },
            "depends_on": []
        },
        {
            "path": [
                "root",
                "me_disha_env",
                "biometric_admin"
            ],
            "outputs": {
                "instance_id": {
                    "sensitive": false,
                    "type": "string",
                    "value": "i-09b31fb559a8193fa"
                },
                "instance_name": {
                    "sensitive": false,
                    "type": "string",
                    "value": "me-disha-biometric-admin"
                },
                "public_ip": {
                    "sensitive": false,
                    "type": "string",
                    "value": ""
                }
            },
            "resources": {
                "aws_cloudwatch_metric_alarm.instance_status_check": {
                    "type": "aws_cloudwatch_metric_alarm",
                    "depends_on": [
                        "aws_instance.instance"
                    ],
                    "primary": {
                        "id": "me-disha-biometric-admin-status-checks-failed",
                        "attributes": {
                            "actions_enabled": "true",
                            "alarm_actions.#": "1",
                            "alarm_actions.640160710": "arn:aws:sns:ap-south-1:778504583090:me-disha-disha-sns",
                            "alarm_description": "This metric monitors ec2 status checks",
                            "alarm_name": "me-disha-biometric-admin-status-checks-failed",
                            "comparison_operator": "GreaterThanOrEqualToThreshold",
                            "dimensions.%": "1",
                            "dimensions.InstanceId": "i-09b31fb559a8193fa",
                            "evaluate_low_sample_count_percentiles": "",
                            "evaluation_periods": "1",
                            "extended_statistic": "",
                            "id": "me-disha-biometric-admin-status-checks-failed",
                            "insufficient_data_actions.#": "1",
                            "insufficient_data_actions.640160710": "arn:aws:sns:ap-south-1:778504583090:me-disha-disha-sns",
                            "metric_name": "StatusCheckFailed",
                            "namespace": "AWS/EC2",
                            "ok_actions.#": "1",
                            "ok_actions.640160710": "arn:aws:sns:ap-south-1:778504583090:me-disha-disha-sns",
                            "period": "60",
                            "statistic": "Average",
                            "threshold": "1",
                            "treat_missing_data": "missing",
                            "unit": ""
                        },
                        "meta": {
                            "schema_version": "1"
                        },
                        "tainted": false
                    },
                    "deposed": [],
                    "provider": ""
                },
                "aws_instance.instance": {
                    "type": "aws_instance",
                    "depends_on": [
                        "module.sg"
                    ],
                    "primary": {
                        "id": "i-09b31fb559a8193fa",
                        "attributes": {
                            "ami": "ami-f6327e99",
                            "associate_public_ip_address": "false",
                            "availability_zone": "ap-south-1a",
                            "disable_api_termination": "false",
                            "ebs_block_device.#": "1",
                            "ebs_block_device.4133660466.delete_on_termination": "true",
                            "ebs_block_device.4133660466.device_name": "/dev/sdb",
                            "ebs_block_device.4133660466.encrypted": "false",
                            "ebs_block_device.4133660466.iops": "0",
                            "ebs_block_device.4133660466.snapshot_id": "snap-0a7cbc375b2372584",
                            "ebs_block_device.4133660466.volume_size": "30",
                            "ebs_block_device.4133660466.volume_type": "standard",
                            "ebs_optimized": "false",
                            "ephemeral_block_device.#": "0",
                            "iam_instance_profile": "me-disha-instance-profile",
                            "id": "i-09b31fb559a8193fa",
                            "instance_state": "running",
                            "instance_type": "t2.micro",
                            "ipv6_addresses.#": "0",
                            "key_name": "me-disha.mepvt",
                            "monitoring": "false",
                            "network_interface.#": "0",
                            "network_interface_id": "eni-b41bb9eb",
                            "primary_network_interface_id": "eni-b41bb9eb",
                            "private_dns": "ip-10-140-1-19.ap-south-1.compute.internal",
                            "private_ip": "10.140.1.19",
                            "public_dns": "",
                            "public_ip": "",
                            "root_block_device.#": "1",
                            "root_block_device.0.delete_on_termination": "true",
                            "root_block_device.0.iops": "100",
                            "root_block_device.0.volume_size": "24",
                            "root_block_device.0.volume_type": "gp2",
                            "security_groups.#": "0",
                            "source_dest_check": "true",
                            "subnet_id": "subnet-61e40d09",
                            "tags.%": "3",
                            "tags.Cluster": "disha",
                            "tags.Environment": "me-disha",
                            "tags.Name": "me-disha-biometric-admin",
                            "tenancy": "default",
                            "volume_tags.%": "1",
                            "volume_tags.Name": "me-disha-biometric-admin",
                            "vpc_security_group_ids.#": "2",
                            "vpc_security_group_ids.2994696361": "sg-7c267314",
                            "vpc_security_group_ids.3786451493": "sg-912471f9"
                        },
                        "meta": {
                            "e2bfb730-ecaa-11e6-8f88-34363bc7c4c0": {
                                "create": 600000000000,
                                "delete": 600000000000,
                                "update": 600000000000
                            },
                            "schema_version": "1"
                        },
                        "tainted": false
                    },
                    "deposed": [],
                    "provider": ""
                },
                "aws_route53_record.instance_route53_entry": {
                    "type": "aws_route53_record",
                    "depends_on": [
                        "aws_instance.instance"
                    ],
                    "primary": {
                        "id": "Z3RZRS4QER9K1X_biometric-admin_A",
                        "attributes": {
                            "fqdn": "biometric-admin.mepvt",
                            "health_check_id": "",
                            "id": "Z3RZRS4QER9K1X_biometric-admin_A",
                            "name": "biometric-admin",
                            "records.#": "1",
                            "records.746570183": "10.140.1.19",
                            "set_identifier": "",
                            "ttl": "60",
                            "type": "A",
                            "zone_id": "Z3RZRS4QER9K1X"
                        },
                        "meta": {
                            "schema_version": "2"
                        },
                        "tainted": false
                    },
                    "deposed": [],
                    "provider": ""
                }
            },
            "depends_on": []
        },
        {
            "path": [
                "root",
                "me_disha_env",
                "cert_sign_zip_notification"
            ],
            "outputs": {},
            "resources": {
                "aws_s3_bucket_notification.s3_sqs": {
                    "type": "aws_s3_bucket_notification",
                    "depends_on": [],
                    "primary": {
                        "id": "me-disha-certificates-sign-zip",
                        "attributes": {
                            "bucket": "me-disha-certificates-sign-zip",
                            "id": "me-disha-certificates-sign-zip",
                            "lambda_function.#": "0",
                            "queue.#": "1",
                            "queue.0.events.#": "1",
                            "queue.0.events.3356830603": "s3:ObjectCreated:*",
                            "queue.0.filter_prefix": "",
                            "queue.0.filter_suffix": "",
                            "queue.0.id": "tf-s3-queue-20171109114624702400000001",
                            "queue.0.queue_arn": "arn:aws:sqs:ap-south-1:778504583090:me-disha-eligibility-sign-certificate",
                            "topic.#": "0"
                        },
                        "meta": {},
                        "tainted": false
                    },
                    "deposed": [],
                    "provider": ""
                }
            },
            "depends_on": []
        },
        {
            "path": [
                "root",
                "me_disha_env",
                "certificate-tg-https"
            ],
            "outputs": {
                "alb_tg_arn": {
                    "sensitive": false,
                    "type": "string",
                    "value": "arn:aws:elasticloadbalancing:ap-south-1:778504583090:targetgroup/me-disha-certificate-https/f0052dda643d328a"
                }
            },
            "resources": {
                "aws_alb_target_group.alb_tg": {
                    "type": "aws_alb_target_group",
                    "depends_on": [],
                    "primary": {
                        "id": "arn:aws:elasticloadbalancing:ap-south-1:778504583090:targetgroup/me-disha-certificate-https/f0052dda643d328a",
                        "attributes": {
                            "arn": "arn:aws:elasticloadbalancing:ap-south-1:778504583090:targetgroup/me-disha-certificate-https/f0052dda643d328a",
                            "arn_suffix": "targetgroup/me-disha-certificate-https/f0052dda643d328a",
                            "deregistration_delay": "300",
                            "health_check.#": "1",
                            "health_check.0.healthy_threshold": "2",
                            "health_check.0.interval": "15",
                            "health_check.0.matcher": "200",
                            "health_check.0.path": "/login",
                            "health_check.0.port": "443",
                            "health_check.0.protocol": "HTTPS",
                            "health_check.0.timeout": "10",
                            "health_check.0.unhealthy_threshold": "2",
                            "id": "arn:aws:elasticloadbalancing:ap-south-1:778504583090:targetgroup/me-disha-certificate-https/f0052dda643d328a",
                            "name": "me-disha-certificate-https",
                            "port": "443",
                            "protocol": "HTTPS",
                            "stickiness.#": "1",
                            "stickiness.0.cookie_duration": "86400",
                            "stickiness.0.enabled": "false",
                            "stickiness.0.type": "lb_cookie",
                            "tags.%": "0",
                            "target_type": "instance",
                            "vpc_id": "vpc-d218feba"
                        },
                        "meta": {},
                        "tainted": false
                    },
                    "deposed": [],
                    "provider": ""
                },
                "aws_cloudwatch_metric_alarm.high_unhealthy_alarm": {
                    "type": "aws_cloudwatch_metric_alarm",
                    "depends_on": [],
                    "primary": {
                        "id": "me-disha-ELB-certificate-https-High-Unhealthy-Hosts",
                        "attributes": {
                            "actions_enabled": "true",
                            "alarm_actions.#": "1",
                            "alarm_actions.640160710": "arn:aws:sns:ap-south-1:778504583090:me-disha-disha-sns",
                            "alarm_description": "Raises alarm if unhealthy instances in me-disha-certificate-https load balancer increase",
                            "alarm_name": "me-disha-ELB-certificate-https-High-Unhealthy-Hosts",
                            "comparison_operator": "GreaterThanThreshold",
                            "dimensions.%": "1",
                            "dimensions.LoadBalancerName": "me-disha-certificate-https",
                            "evaluate_low_sample_count_percentiles": "",
                            "evaluation_periods": "1",
                            "extended_statistic": "",
                            "id": "me-disha-ELB-certificate-https-High-Unhealthy-Hosts",
                            "insufficient_data_actions.#": "0",
                            "metric_name": "UnHealthyHostCount",
                            "namespace": "AWS/ELB",
                            "ok_actions.#": "0",
                            "period": "60",
                            "statistic": "Average",
                            "threshold": "0",
                            "treat_missing_data": "missing",
                            "unit": ""
                        },
                        "meta": {
                            "schema_version": "1"
                        },
                        "tainted": false
                    },
                    "deposed": [],
                    "provider": ""
                },
                "aws_cloudwatch_metric_alarm.low_healthy_alarm": {
                    "type": "aws_cloudwatch_metric_alarm",
                    "depends_on": [],
                    "primary": {
                        "id": "me-disha-ELB-certificate-https-Low-Healthy-Hosts",
                        "attributes": {
                            "actions_enabled": "true",
                            "alarm_actions.#": "1",
                            "alarm_actions.640160710": "arn:aws:sns:ap-south-1:778504583090:me-disha-disha-sns",
                            "alarm_description": "Raises alarm if healthy instances in me-disha-certificate-https load balancer decrease",
                            "alarm_name": "me-disha-ELB-certificate-https-Low-Healthy-Hosts",
                            "comparison_operator": "LessThanThreshold",
                            "dimensions.%": "1",
                            "dimensions.LoadBalancerName": "me-disha-certificate-https",
                            "evaluate_low_sample_count_percentiles": "",
                            "evaluation_periods": "1",
                            "extended_statistic": "",
                            "id": "me-disha-ELB-certificate-https-Low-Healthy-Hosts",
                            "insufficient_data_actions.#": "0",
                            "metric_name": "HealthyHostCount",
                            "namespace": "AWS/ELB",
                            "ok_actions.#": "0",
                            "period": "60",
                            "statistic": "Average",
                            "threshold": "1",
                            "treat_missing_data": "missing",
                            "unit": ""
                        },
                        "meta": {
                            "schema_version": "1"
                        },
                        "tainted": false
                    },
                    "deposed": [],
                    "provider": ""
                }
            },
            "depends_on": []
        },
        {
            "path": [
                "root",
                "me_disha_env",
                "certificate_instance"
            ],
            "outputs": {
                "instance_id": {
                    "sensitive": false,
                    "type": "string",
                    "value": "i-0cd7053ca86a4067b"
                },
                "instance_name": {
                    "sensitive": false,
                    "type": "string",
                    "value": "me-disha-disha-certificate"
                },
                "public_ip": {
                    "sensitive": false,
                    "type": "string",
                    "value": ""
                }
            },
            "resources": {
                "aws_cloudwatch_metric_alarm.instance_status_check": {
                    "type": "aws_cloudwatch_metric_alarm",
                    "depends_on": [
                        "aws_instance.instance"
                    ],
                    "primary": {
                        "id": "me-disha-disha-certificate-status-checks-failed",
                        "attributes": {
                            "actions_enabled": "true",
                            "alarm_actions.#": "1",
                            "alarm_actions.640160710": "arn:aws:sns:ap-south-1:778504583090:me-disha-disha-sns",
                            "alarm_description": "This metric monitors ec2 status checks",
                            "alarm_name": "me-disha-disha-certificate-status-checks-failed",
                            "comparison_operator": "GreaterThanOrEqualToThreshold",
                            "dimensions.%": "1",
                            "dimensions.InstanceId": "i-0cd7053ca86a4067b",
                            "evaluate_low_sample_count_percentiles": "",
                            "evaluation_periods": "1",
                            "extended_statistic": "",
                            "id": "me-disha-disha-certificate-status-checks-failed",
                            "insufficient_data_actions.#": "1",
                            "insufficient_data_actions.640160710": "arn:aws:sns:ap-south-1:778504583090:me-disha-disha-sns",
                            "metric_name": "StatusCheckFailed",
                            "namespace": "AWS/EC2",
                            "ok_actions.#": "1",
                            "ok_actions.640160710": "arn:aws:sns:ap-south-1:778504583090:me-disha-disha-sns",
                            "period": "60",
                            "statistic": "Average",
                            "threshold": "1",
                            "treat_missing_data": "missing",
                            "unit": ""
                        },
                        "meta": {
                            "schema_version": "1"
                        },
                        "tainted": false
                    },
                    "deposed": [],
                    "provider": ""
                },
                "aws_instance.instance": {
                    "type": "aws_instance",
                    "depends_on": [
                        "module.sg"
                    ],
                    "primary": {
                        "id": "i-0cd7053ca86a4067b",
                        "attributes": {
                            "ami": "ami-f6327e99",
                            "associate_public_ip_address": "false",
                            "availability_zone": "ap-south-1a",
                            "disable_api_termination": "false",
                            "ebs_block_device.#": "1",
                            "ebs_block_device.4133660466.delete_on_termination": "true",
                            "ebs_block_device.4133660466.device_name": "/dev/sdb",
                            "ebs_block_device.4133660466.encrypted": "false",
                            "ebs_block_device.4133660466.iops": "0",
                            "ebs_block_device.4133660466.snapshot_id": "snap-0a7cbc375b2372584",
                            "ebs_block_device.4133660466.volume_size": "30",
                            "ebs_block_device.4133660466.volume_type": "standard",
                            "ebs_optimized": "false",
                            "ephemeral_block_device.#": "0",
                            "iam_instance_profile": "me-disha-instance-profile",
                            "id": "i-0cd7053ca86a4067b",
                            "instance_state": "running",
                            "instance_type": "t2.small",
                            "ipv6_addresses.#": "0",
                            "key_name": "me-disha.mepvt",
                            "monitoring": "false",
                            "network_interface.#": "0",
                            "network_interface_id": "eni-92e14ccd",
                            "primary_network_interface_id": "eni-92e14ccd",
                            "private_dns": "ip-10-140-1-163.ap-south-1.compute.internal",
                            "private_ip": "10.140.1.163",
                            "public_dns": "",
                            "public_ip": "",
                            "root_block_device.#": "1",
                            "root_block_device.0.delete_on_termination": "true",
                            "root_block_device.0.iops": "100",
                            "root_block_device.0.volume_size": "24",
                            "root_block_device.0.volume_type": "gp2",
                            "security_groups.#": "0",
                            "source_dest_check": "true",
                            "subnet_id": "subnet-61e40d09",
                            "tags.%": "3",
                            "tags.Cluster": "disha",
                            "tags.Environment": "me-disha",
                            "tags.Name": "me-disha-disha-certificate",
                            "tenancy": "default",
                            "volume_tags.%": "1",
                            "volume_tags.Name": "me-disha-disha-certificate",
                            "vpc_security_group_ids.#": "2",
                            "vpc_security_group_ids.1067525311": "sg-7e267316",
                            "vpc_security_group_ids.3786451493": "sg-912471f9"
                        },
                        "meta": {
                            "e2bfb730-ecaa-11e6-8f88-34363bc7c4c0": {
                                "create": 600000000000,
                                "delete": 600000000000,
                                "update": 600000000000
                            },
                            "schema_version": "1"
                        },
                        "tainted": false
                    },
                    "deposed": [],
                    "provider": ""
                },
                "aws_route53_record.instance_route53_entry": {
                    "type": "aws_route53_record",
                    "depends_on": [
                        "aws_instance.instance"
                    ],
                    "primary": {
                        "id": "Z3RZRS4QER9K1X_disha-certificate_A",
                        "attributes": {
                            "fqdn": "disha-certificate.mepvt",
                            "health_check_id": "",
                            "id": "Z3RZRS4QER9K1X_disha-certificate_A",
                            "name": "disha-certificate",
                            "records.#": "1",
                            "records.4016487046": "10.140.1.163",
                            "set_identifier": "",
                            "ttl": "60",
                            "type": "A",
                            "zone_id": "Z3RZRS4QER9K1X"
                        },
                        "meta": {
                            "schema_version": "2"
                        },
                        "tainted": false
                    },
                    "deposed": [],
                    "provider": ""
                }
            },
            "depends_on": []
        },
        {
            "path": [
                "root",
                "me_disha_env",
                "certificate_sns"
            ],
            "outputs": {
                "sns_arn": {
                    "sensitive": false,
                    "type": "string",
                    "value": "arn:aws:sns:ap-south-1:778504583090:me-disha-certificate-sns"
                }
            },
            "resources": {
                "aws_sns_topic.sns_topic": {
                    "type": "aws_sns_topic",
                    "depends_on": [],
                    "primary": {
                        "id": "arn:aws:sns:ap-south-1:778504583090:me-disha-certificate-sns",
                        "attributes": {
                            "arn": "arn:aws:sns:ap-south-1:778504583090:me-disha-certificate-sns",
                            "display_name": "",
                            "id": "arn:aws:sns:ap-south-1:778504583090:me-disha-certificate-sns",
                            "name": "me-disha-certificate-sns",
                            "policy": "{\"Id\":\"__default_policy_ID\",\"Statement\":[{\"Action\":[\"SNS:GetTopicAttributes\",\"SNS:SetTopicAttributes\",\"SNS:AddPermission\",\"SNS:RemovePermission\",\"SNS:DeleteTopic\",\"SNS:Subscribe\",\"SNS:ListSubscriptionsByTopic\",\"SNS:Publish\",\"SNS:Receive\"],\"Condition\":{\"StringEquals\":{\"AWS:SourceOwner\":\"778504583090\"}},\"Effect\":\"Allow\",\"Principal\":{\"AWS\":\"*\"},\"Resource\":\"arn:aws:sns:ap-south-1:778504583090:me-disha-certificate-sns\",\"Sid\":\"__default_statement_ID\"}],\"Version\":\"2008-10-17\"}"
                        },
                        "meta": {},
                        "tainted": false
                    },
                    "deposed": [],
                    "provider": ""
                }
            },
            "depends_on": []
        },
        {
            "path": [
                "root",
                "me_disha_env",
                "certificates_sign_zip"
            ],
            "outputs": {
                "bucket_id": {
                    "sensitive": false,
                    "type": "string",
                    "value": "me-disha-certificates-sign-zip"
                }
            },
            "resources": {
                "aws_s3_bucket.bucket": {
                    "type": "aws_s3_bucket",
                    "depends_on": [],
                    "primary": {
                        "id": "me-disha-certificates-sign-zip",
                        "attributes": {
                            "acceleration_status": "",
                            "acl": "private",
                            "arn": "arn:aws:s3:::me-disha-certificates-sign-zip",
                            "bucket": "me-disha-certificates-sign-zip",
                            "bucket_domain_name": "me-disha-certificates-sign-zip.s3.amazonaws.com",
                            "force_destroy": "false",
                            "hosted_zone_id": "Z11RGJOFQNVJUP",
                            "id": "me-disha-certificates-sign-zip",
                            "logging.#": "0",
                            "region": "ap-south-1",
                            "request_payer": "BucketOwner",
                            "tags.%": "0",
                            "versioning.#": "1",
                            "versioning.0.enabled": "false",
                            "versioning.0.mfa_delete": "false",
                            "website.#": "0"
                        },
                        "meta": {},
                        "tainted": false
                    },
                    "deposed": [],
                    "provider": ""
                }
            },
            "depends_on": []
        },
        {
            "path": [
                "root",
                "me_disha_env",
                "disha-app-tcmap-tg-http"
            ],
            "outputs": {
                "alb_tg_arn": {
                    "sensitive": false,
                    "type": "string",
                    "value": "arn:aws:elasticloadbalancing:ap-south-1:778504583090:targetgroup/me-disha-tcmap-http/048492f459626cbd"
                }
            },
            "resources": {
                "aws_alb_target_group.alb_tg": {
                    "type": "aws_alb_target_group",
                    "depends_on": [],
                    "primary": {
                        "id": "arn:aws:elasticloadbalancing:ap-south-1:778504583090:targetgroup/me-disha-tcmap-http/048492f459626cbd",
                        "attributes": {
                            "arn": "arn:aws:elasticloadbalancing:ap-south-1:778504583090:targetgroup/me-disha-tcmap-http/048492f459626cbd",
                            "arn_suffix": "targetgroup/me-disha-tcmap-http/048492f459626cbd",
                            "deregistration_delay": "300",
                            "health_check.#": "1",
                            "health_check.0.healthy_threshold": "2",
                            "health_check.0.interval": "10",
                            "health_check.0.matcher": "301",
                            "health_check.0.path": "/tcmap/statusCheck",
                            "health_check.0.port": "80",
                            "health_check.0.protocol": "HTTP",
                            "health_check.0.timeout": "5",
                            "health_check.0.unhealthy_threshold": "2",
                            "id": "arn:aws:elasticloadbalancing:ap-south-1:778504583090:targetgroup/me-disha-tcmap-http/048492f459626cbd",
                            "name": "me-disha-tcmap-http",
                            "port": "80",
                            "protocol": "HTTP",
                            "stickiness.#": "1",
                            "stickiness.0.cookie_duration": "86400",
                            "stickiness.0.enabled": "false",
                            "stickiness.0.type": "lb_cookie",
                            "tags.%": "0",
                            "target_type": "instance",
                            "vpc_id": "vpc-d218feba"
                        },
                        "meta": {},
                        "tainted": false
                    },
                    "deposed": [],
                    "provider": ""
                },
                "aws_cloudwatch_metric_alarm.high_unhealthy_alarm": {
                    "type": "aws_cloudwatch_metric_alarm",
                    "depends_on": [],
                    "primary": {
                        "id": "me-disha-ELB-tcmap-http-High-Unhealthy-Hosts",
                        "attributes": {
                            "actions_enabled": "true",
                            "alarm_actions.#": "1",
                            "alarm_actions.640160710": "arn:aws:sns:ap-south-1:778504583090:me-disha-disha-sns",
                            "alarm_description": "Raises alarm if unhealthy instances in me-disha-tcmap-http load balancer increase",
                            "alarm_name": "me-disha-ELB-tcmap-http-High-Unhealthy-Hosts",
                            "comparison_operator": "GreaterThanThreshold",
                            "dimensions.%": "1",
                            "dimensions.LoadBalancerName": "me-disha-tcmap-http",
                            "evaluate_low_sample_count_percentiles": "",
                            "evaluation_periods": "1",
                            "extended_statistic": "",
                            "id": "me-disha-ELB-tcmap-http-High-Unhealthy-Hosts",
                            "insufficient_data_actions.#": "0",
                            "metric_name": "UnHealthyHostCount",
                            "namespace": "AWS/ELB",
                            "ok_actions.#": "0",
                            "period": "60",
                            "statistic": "Average",
                            "threshold": "0",
                            "treat_missing_data": "missing",
                            "unit": ""
                        },
                        "meta": {
                            "schema_version": "1"
                        },
                        "tainted": false
                    },
                    "deposed": [],
                    "provider": ""
                },
                "aws_cloudwatch_metric_alarm.low_healthy_alarm": {
                    "type": "aws_cloudwatch_metric_alarm",
                    "depends_on": [],
                    "primary": {
                        "id": "me-disha-ELB-tcmap-http-Low-Healthy-Hosts",
                        "attributes": {
                            "actions_enabled": "true",
                            "alarm_actions.#": "1",
                            "alarm_actions.640160710": "arn:aws:sns:ap-south-1:778504583090:me-disha-disha-sns",
                            "alarm_description": "Raises alarm if healthy instances in me-disha-tcmap-http load balancer decrease",
                            "alarm_name": "me-disha-ELB-tcmap-http-Low-Healthy-Hosts",
                            "comparison_operator": "LessThanThreshold",
                            "dimensions.%": "1",
                            "dimensions.LoadBalancerName": "me-disha-tcmap-http",
                            "evaluate_low_sample_count_percentiles": "",
                            "evaluation_periods": "1",
                            "extended_statistic": "",
                            "id": "me-disha-ELB-tcmap-http-Low-Healthy-Hosts",
                            "insufficient_data_actions.#": "0",
                            "metric_name": "HealthyHostCount",
                            "namespace": "AWS/ELB",
                            "ok_actions.#": "0",
                            "period": "60",
                            "statistic": "Average",
                            "threshold": "1",
                            "treat_missing_data": "missing",
                            "unit": ""
                        },
                        "meta": {
                            "schema_version": "1"
                        },
                        "tainted": false
                    },
                    "deposed": [],
                    "provider": ""
                }
            },
            "depends_on": []
        },
        {
            "path": [
                "root",
                "me_disha_env",
                "disha-app-tcmap-tg-https"
            ],
            "outputs": {
                "alb_tg_arn": {
                    "sensitive": false,
                    "type": "string",
                    "value": "arn:aws:elasticloadbalancing:ap-south-1:778504583090:targetgroup/me-disha-tcmap-https/d0282d6b7b0f0ff8"
                }
            },
            "resources": {
                "aws_alb_target_group.alb_tg": {
                    "type": "aws_alb_target_group",
                    "depends_on": [],
                    "primary": {
                        "id": "arn:aws:elasticloadbalancing:ap-south-1:778504583090:targetgroup/me-disha-tcmap-https/d0282d6b7b0f0ff8",
                        "attributes": {
                            "arn": "arn:aws:elasticloadbalancing:ap-south-1:778504583090:targetgroup/me-disha-tcmap-https/d0282d6b7b0f0ff8",
                            "arn_suffix": "targetgroup/me-disha-tcmap-https/d0282d6b7b0f0ff8",
                            "deregistration_delay": "300",
                            "health_check.#": "1",
                            "health_check.0.healthy_threshold": "2",
                            "health_check.0.interval": "15",
                            "health_check.0.matcher": "200",
                            "health_check.0.path": "/tcmap/statusCheck",
                            "health_check.0.port": "443",
                            "health_check.0.protocol": "HTTPS",
                            "health_check.0.timeout": "10",
                            "health_check.0.unhealthy_threshold": "2",
                            "id": "arn:aws:elasticloadbalancing:ap-south-1:778504583090:targetgroup/me-disha-tcmap-https/d0282d6b7b0f0ff8",
                            "name": "me-disha-tcmap-https",
                            "port": "443",
                            "protocol": "HTTPS",
                            "stickiness.#": "1",
                            "stickiness.0.cookie_duration": "86400",
                            "stickiness.0.enabled": "false",
                            "stickiness.0.type": "lb_cookie",
                            "tags.%": "0",
                            "target_type": "instance",
                            "vpc_id": "vpc-d218feba"
                        },
                        "meta": {},
                        "tainted": false
                    },
                    "deposed": [],
                    "provider": ""
                },
                "aws_cloudwatch_metric_alarm.high_unhealthy_alarm": {
                    "type": "aws_cloudwatch_metric_alarm",
                    "depends_on": [],
                    "primary": {
                        "id": "me-disha-ELB-tcmap-https-High-Unhealthy-Hosts",
                        "attributes": {
                            "actions_enabled": "true",
                            "alarm_actions.#": "1",
                            "alarm_actions.640160710": "arn:aws:sns:ap-south-1:778504583090:me-disha-disha-sns",
                            "alarm_description": "Raises alarm if unhealthy instances in me-disha-tcmap-https load balancer increase",
                            "alarm_name": "me-disha-ELB-tcmap-https-High-Unhealthy-Hosts",
                            "comparison_operator": "GreaterThanThreshold",
                            "dimensions.%": "1",
                            "dimensions.LoadBalancerName": "me-disha-tcmap-https",
                            "evaluate_low_sample_count_percentiles": "",
                            "evaluation_periods": "1",
                            "extended_statistic": "",
                            "id": "me-disha-ELB-tcmap-https-High-Unhealthy-Hosts",
                            "insufficient_data_actions.#": "0",
                            "metric_name": "UnHealthyHostCount",
                            "namespace": "AWS/ELB",
                            "ok_actions.#": "0",
                            "period": "60",
                            "statistic": "Average",
                            "threshold": "0",
                            "treat_missing_data": "missing",
                            "unit": ""
                        },
                        "meta": {
                            "schema_version": "1"
                        },
                        "tainted": false
                    },
                    "deposed": [],
                    "provider": ""
                },
                "aws_cloudwatch_metric_alarm.low_healthy_alarm": {
                    "type": "aws_cloudwatch_metric_alarm",
                    "depends_on": [],
                    "primary": {
                        "id": "me-disha-ELB-tcmap-https-Low-Healthy-Hosts",
                        "attributes": {
                            "actions_enabled": "true",
                            "alarm_actions.#": "1",
                            "alarm_actions.640160710": "arn:aws:sns:ap-south-1:778504583090:me-disha-disha-sns",
                            "alarm_description": "Raises alarm if healthy instances in me-disha-tcmap-https load balancer decrease",
                            "alarm_name": "me-disha-ELB-tcmap-https-Low-Healthy-Hosts",
                            "comparison_operator": "LessThanThreshold",
                            "dimensions.%": "1",
                            "dimensions.LoadBalancerName": "me-disha-tcmap-https",
                            "evaluate_low_sample_count_percentiles": "",
                            "evaluation_periods": "1",
                            "extended_statistic": "",
                            "id": "me-disha-ELB-tcmap-https-Low-Healthy-Hosts",
                            "insufficient_data_actions.#": "0",
                            "metric_name": "HealthyHostCount",
                            "namespace": "AWS/ELB",
                            "ok_actions.#": "0",
                            "period": "60",
                            "statistic": "Average",
                            "threshold": "1",
                            "treat_missing_data": "missing",
                            "unit": ""
                        },
                        "meta": {
                            "schema_version": "1"
                        },
                        "tainted": false
                    },
                    "deposed": [],
                    "provider": ""
                }
            },
            "depends_on": []
        },
        {
            "path": [
                "root",
                "me_disha_env",
                "disha-app-tg-http"
            ],
            "outputs": {
                "alb_tg_arn": {
                    "sensitive": false,
                    "type": "string",
                    "value": "arn:aws:elasticloadbalancing:ap-south-1:778504583090:targetgroup/me-disha-disha-app-http/5f80f18952a7f6f0"
                }
            },
            "resources": {
                "aws_alb_target_group.alb_tg": {
                    "type": "aws_alb_target_group",
                    "depends_on": [],
                    "primary": {
                        "id": "arn:aws:elasticloadbalancing:ap-south-1:778504583090:targetgroup/me-disha-disha-app-http/5f80f18952a7f6f0",
                        "attributes": {
                            "arn": "arn:aws:elasticloadbalancing:ap-south-1:778504583090:targetgroup/me-disha-disha-app-http/5f80f18952a7f6f0",
                            "arn_suffix": "targetgroup/me-disha-disha-app-http/5f80f18952a7f6f0",
                            "deregistration_delay": "300",
                            "health_check.#": "1",
                            "health_check.0.healthy_threshold": "2",
                            "health_check.0.interval": "10",
                            "health_check.0.matcher": "301",
                            "health_check.0.path": "/app/statusCheck",
                            "health_check.0.port": "80",
                            "health_check.0.protocol": "HTTP",
                            "health_check.0.timeout": "5",
                            "health_check.0.unhealthy_threshold": "2",
                            "id": "arn:aws:elasticloadbalancing:ap-south-1:778504583090:targetgroup/me-disha-disha-app-http/5f80f18952a7f6f0",
                            "name": "me-disha-disha-app-http",
                            "port": "80",
                            "protocol": "HTTP",
                            "stickiness.#": "1",
                            "stickiness.0.cookie_duration": "86400",
                            "stickiness.0.enabled": "false",
                            "stickiness.0.type": "lb_cookie",
                            "tags.%": "0",
                            "target_type": "instance",
                            "vpc_id": "vpc-d218feba"
                        },
                        "meta": {},
                        "tainted": false
                    },
                    "deposed": [],
                    "provider": ""
                },
                "aws_cloudwatch_metric_alarm.high_unhealthy_alarm": {
                    "type": "aws_cloudwatch_metric_alarm",
                    "depends_on": [],
                    "primary": {
                        "id": "me-disha-ELB-disha-app-http-High-Unhealthy-Hosts",
                        "attributes": {
                            "actions_enabled": "true",
                            "alarm_actions.#": "1",
                            "alarm_actions.640160710": "arn:aws:sns:ap-south-1:778504583090:me-disha-disha-sns",
                            "alarm_description": "Raises alarm if unhealthy instances in me-disha-disha-app-http load balancer increase",
                            "alarm_name": "me-disha-ELB-disha-app-http-High-Unhealthy-Hosts",
                            "comparison_operator": "GreaterThanThreshold",
                            "dimensions.%": "1",
                            "dimensions.LoadBalancerName": "me-disha-disha-app-http",
                            "evaluate_low_sample_count_percentiles": "",
                            "evaluation_periods": "1",
                            "extended_statistic": "",
                            "id": "me-disha-ELB-disha-app-http-High-Unhealthy-Hosts",
                            "insufficient_data_actions.#": "0",
                            "metric_name": "UnHealthyHostCount",
                            "namespace": "AWS/ELB",
                            "ok_actions.#": "0",
                            "period": "60",
                            "statistic": "Average",
                            "threshold": "0",
                            "treat_missing_data": "missing",
                            "unit": ""
                        },
                        "meta": {
                            "schema_version": "1"
                        },
                        "tainted": false
                    },
                    "deposed": [],
                    "provider": ""
                },
                "aws_cloudwatch_metric_alarm.low_healthy_alarm": {
                    "type": "aws_cloudwatch_metric_alarm",
                    "depends_on": [],
                    "primary": {
                        "id": "me-disha-ELB-disha-app-http-Low-Healthy-Hosts",
                        "attributes": {
                            "actions_enabled": "true",
                            "alarm_actions.#": "1",
                            "alarm_actions.640160710": "arn:aws:sns:ap-south-1:778504583090:me-disha-disha-sns",
                            "alarm_description": "Raises alarm if healthy instances in me-disha-disha-app-http load balancer decrease",
                            "alarm_name": "me-disha-ELB-disha-app-http-Low-Healthy-Hosts",
                            "comparison_operator": "LessThanThreshold",
                            "dimensions.%": "1",
                            "dimensions.LoadBalancerName": "me-disha-disha-app-http",
                            "evaluate_low_sample_count_percentiles": "",
                            "evaluation_periods": "1",
                            "extended_statistic": "",
                            "id": "me-disha-ELB-disha-app-http-Low-Healthy-Hosts",
                            "insufficient_data_actions.#": "0",
                            "metric_name": "HealthyHostCount",
                            "namespace": "AWS/ELB",
                            "ok_actions.#": "0",
                            "period": "60",
                            "statistic": "Average",
                            "threshold": "1",
                            "treat_missing_data": "missing",
                            "unit": ""
                        },
                        "meta": {
                            "schema_version": "1"
                        },
                        "tainted": false
                    },
                    "deposed": [],
                    "provider": ""
                }
            },
            "depends_on": []
        },
        {
            "path": [
                "root",
                "me_disha_env",
                "disha-app-tg-https"
            ],
            "outputs": {
                "alb_tg_arn": {
                    "sensitive": false,
                    "type": "string",
                    "value": "arn:aws:elasticloadbalancing:ap-south-1:778504583090:targetgroup/me-disha-disha-app-https/c78d58a3947c65d8"
                }
            },
            "resources": {
                "aws_alb_target_group.alb_tg": {
                    "type": "aws_alb_target_group",
                    "depends_on": [],
                    "primary": {
                        "id": "arn:aws:elasticloadbalancing:ap-south-1:778504583090:targetgroup/me-disha-disha-app-https/c78d58a3947c65d8",
                        "attributes": {
                            "arn": "arn:aws:elasticloadbalancing:ap-south-1:778504583090:targetgroup/me-disha-disha-app-https/c78d58a3947c65d8",
                            "arn_suffix": "targetgroup/me-disha-disha-app-https/c78d58a3947c65d8",
                            "deregistration_delay": "300",
                            "health_check.#": "1",
                            "health_check.0.healthy_threshold": "2",
                            "health_check.0.interval": "15",
                            "health_check.0.matcher": "200",
                            "health_check.0.path": "/app/statusCheck",
                            "health_check.0.port": "443",
                            "health_check.0.protocol": "HTTPS",
                            "health_check.0.timeout": "10",
                            "health_check.0.unhealthy_threshold": "2",
                            "id": "arn:aws:elasticloadbalancing:ap-south-1:778504583090:targetgroup/me-disha-disha-app-https/c78d58a3947c65d8",
                            "name": "me-disha-disha-app-https",
                            "port": "443",
                            "protocol": "HTTPS",
                            "stickiness.#": "1",
                            "stickiness.0.cookie_duration": "86400",
                            "stickiness.0.enabled": "false",
                            "stickiness.0.type": "lb_cookie",
                            "tags.%": "0",
                            "target_type": "instance",
                            "vpc_id": "vpc-d218feba"
                        },
                        "meta": {},
                        "tainted": false
                    },
                    "deposed": [],
                    "provider": ""
                },
                "aws_cloudwatch_metric_alarm.high_unhealthy_alarm": {
                    "type": "aws_cloudwatch_metric_alarm",
                    "depends_on": [],
                    "primary": {
                        "id": "me-disha-ELB-disha-app-https-High-Unhealthy-Hosts",
                        "attributes": {
                            "actions_enabled": "true",
                            "alarm_actions.#": "1",
                            "alarm_actions.640160710": "arn:aws:sns:ap-south-1:778504583090:me-disha-disha-sns",
                            "alarm_description": "Raises alarm if unhealthy instances in me-disha-disha-app-https load balancer increase",
                            "alarm_name": "me-disha-ELB-disha-app-https-High-Unhealthy-Hosts",
                            "comparison_operator": "GreaterThanThreshold",
                            "dimensions.%": "1",
                            "dimensions.LoadBalancerName": "me-disha-disha-app-https",
                            "evaluate_low_sample_count_percentiles": "",
                            "evaluation_periods": "1",
                            "extended_statistic": "",
                            "id": "me-disha-ELB-disha-app-https-High-Unhealthy-Hosts",
                            "insufficient_data_actions.#": "0",
                            "metric_name": "UnHealthyHostCount",
                            "namespace": "AWS/ELB",
                            "ok_actions.#": "0",
                            "period": "60",
                            "statistic": "Average",
                            "threshold": "0",
                            "treat_missing_data": "missing",
                            "unit": ""
                        },
                        "meta": {
                            "schema_version": "1"
                        },
                        "tainted": false
                    },
                    "deposed": [],
                    "provider": ""
                },
                "aws_cloudwatch_metric_alarm.low_healthy_alarm": {
                    "type": "aws_cloudwatch_metric_alarm",
                    "depends_on": [],
                    "primary": {
                        "id": "me-disha-ELB-disha-app-https-Low-Healthy-Hosts",
                        "attributes": {
                            "actions_enabled": "true",
                            "alarm_actions.#": "1",
                            "alarm_actions.640160710": "arn:aws:sns:ap-south-1:778504583090:me-disha-disha-sns",
                            "alarm_description": "Raises alarm if healthy instances in me-disha-disha-app-https load balancer decrease",
                            "alarm_name": "me-disha-ELB-disha-app-https-Low-Healthy-Hosts",
                            "comparison_operator": "LessThanThreshold",
                            "dimensions.%": "1",
                            "dimensions.LoadBalancerName": "me-disha-disha-app-https",
                            "evaluate_low_sample_count_percentiles": "",
                            "evaluation_periods": "1",
                            "extended_statistic": "",
                            "id": "me-disha-ELB-disha-app-https-Low-Healthy-Hosts",
                            "insufficient_data_actions.#": "0",
                            "metric_name": "HealthyHostCount",
                            "namespace": "AWS/ELB",
                            "ok_actions.#": "0",
                            "period": "60",
                            "statistic": "Average",
                            "threshold": "1",
                            "treat_missing_data": "missing",
                            "unit": ""
                        },
                        "meta": {
                            "schema_version": "1"
                        },
                        "tainted": false
                    },
                    "deposed": [],
                    "provider": ""
                }
            },
            "depends_on": []
        },
        {
            "path": [
                "root",
                "me_disha_env",
                "disha-cms"
            ],
            "outputs": {
                "as_name_output": {
                    "sensitive": false,
                    "type": "string",
                    "value": "me-disha-disha-cms"
                }
            },
            "resources": {
                "aws_autoscaling_attachment.attach_alb_tg_to_asg.0": {
                    "type": "aws_autoscaling_attachment",
                    "depends_on": [
                        "aws_autoscaling_group.as"
                    ],
                    "primary": {
                        "id": "me-disha-disha-cms-20171108091200159200000003",
                        "attributes": {
                            "alb_target_group_arn": "arn:aws:elasticloadbalancing:ap-south-1:778504583090:targetgroup/me-disha-disha-cms-http/d2f80dd281606209",
                            "autoscaling_group_name": "me-disha-disha-cms",
                            "id": "me-disha-disha-cms-20171108091200159200000003"
                        },
                        "meta": {},
                        "tainted": false
                    },
                    "deposed": [],
                    "provider": ""
                },
                "aws_autoscaling_attachment.attach_alb_tg_to_asg.1": {
                    "type": "aws_autoscaling_attachment",
                    "depends_on": [
                        "aws_autoscaling_group.as"
                    ],
                    "primary": {
                        "id": "me-disha-disha-cms-20171108091200113300000002",
                        "attributes": {
                            "alb_target_group_arn": "arn:aws:elasticloadbalancing:ap-south-1:778504583090:targetgroup/me-disha-disha-cms-https/62b54c580cc35937",
                            "autoscaling_group_name": "me-disha-disha-cms",
                            "id": "me-disha-disha-cms-20171108091200113300000002"
                        },
                        "meta": {},
                        "tainted": false
                    },
                    "deposed": [],
                    "provider": ""
                },
                "aws_autoscaling_group.as": {
                    "type": "aws_autoscaling_group",
                    "depends_on": [
                        "module.lc-with-extra-ebs",
                        "module.lc-without-extra-ebs"
                    ],
                    "primary": {
                        "id": "me-disha-disha-cms",
                        "attributes": {
                            "arn": "arn:aws:autoscaling:ap-south-1:778504583090:autoScalingGroup:ef32f709-713a-4a97-93e6-868c8f7080d6:autoScalingGroupName/me-disha-disha-cms",
                            "availability_zones.#": "1",
                            "availability_zones.1163474009": "ap-south-1a",
                            "default_cooldown": "300",
                            "desired_capacity": "1",
                            "force_delete": "false",
                            "health_check_grace_period": "100",
                            "health_check_type": "ELB",
                            "id": "me-disha-disha-cms",
                            "launch_configuration": "me-disha-disha-cms",
                            "load_balancers.#": "0",
                            "max_size": "10",
                            "metrics_granularity": "1Minute",
                            "min_size": "1",
                            "name": "me-disha-disha-cms",
                            "placement_group": "",
                            "protect_from_scale_in": "false",
                            "suspended_processes.#": "0",
                            "tag.#": "3",
                            "tag.1391088566.key": "Environment",
                            "tag.1391088566.propagate_at_launch": "true",
                            "tag.1391088566.value": "me-disha",
                            "tag.2390298587.key": "Name",
                            "tag.2390298587.propagate_at_launch": "true",
                            "tag.2390298587.value": "me-disha-disha-cms",
                            "tag.580903521.key": "Cluster",
                            "tag.580903521.propagate_at_launch": "true",
                            "tag.580903521.value": "disha",
                            "target_group_arns.#": "2",
                            "target_group_arns.196721976": "arn:aws:elasticloadbalancing:ap-south-1:778504583090:targetgroup/me-disha-disha-cms-http/d2f80dd281606209",
                            "target_group_arns.2057473043": "arn:aws:elasticloadbalancing:ap-south-1:778504583090:targetgroup/me-disha-disha-cms-https/62b54c580cc35937",
                            "termination_policies.#": "0",
                            "vpc_zone_identifier.#": "1",
                            "vpc_zone_identifier.3539309920": "subnet-61e40d09",
                            "wait_for_capacity_timeout": "10m"
                        },
                        "meta": {
                            "e2bfb730-ecaa-11e6-8f88-34363bc7c4c0": {
                                "delete": 600000000000
                            }
                        },
                        "tainted": false
                    },
                    "deposed": [],
                    "provider": ""
                },
                "aws_autoscaling_notification.asg_notifications": {
                    "type": "aws_autoscaling_notification",
                    "depends_on": [
                        "aws_autoscaling_group.as"
                    ],
                    "primary": {
                        "id": "arn:aws:sns:ap-south-1:778504583090:me-disha-disha-sns",
                        "attributes": {
                            "group_names.#": "1",
                            "group_names.1356698671": "me-disha-disha-cms",
                            "id": "arn:aws:sns:ap-south-1:778504583090:me-disha-disha-sns",
                            "notifications.#": "4",
                            "notifications.3116970575": "autoscaling:EC2_INSTANCE_TERMINATE",
                            "notifications.3298075921": "autoscaling:EC2_INSTANCE_TERMINATE_ERROR",
                            "notifications.4098158487": "autoscaling:EC2_INSTANCE_LAUNCH",
                            "notifications.753791182": "autoscaling:EC2_INSTANCE_LAUNCH_ERROR",
                            "topic_arn": "arn:aws:sns:ap-south-1:778504583090:me-disha-disha-sns"
                        },
                        "meta": {},
                        "tainted": false
                    },
                    "deposed": [],
                    "provider": ""
                }
            },
            "depends_on": []
        },
        {
            "path": [
                "root",
                "me_disha_env",
                "disha-cms-alb"
            ],
            "outputs": {
                "alb_arn_output": {
                    "sensitive": false,
                    "type": "string",
                    "value": "arn:aws:elasticloadbalancing:ap-south-1:778504583090:loadbalancer/app/me-disha-pmgdisha-lb/5db7fe8c8bba0b68"
                },
                "alb_dns_output": {
                    "sensitive": false,
                    "type": "string",
                    "value": "me-disha-pmgdisha-lb-88391320.ap-south-1.elb.amazonaws.com"
                },
                "alb_zone_id_output": {
                    "sensitive": false,
                    "type": "string",
                    "value": "ZP97RAFLXTNZK"
                }
            },
            "resources": {
                "aws_alb.alb": {
                    "type": "aws_alb",
                    "depends_on": [],
                    "primary": {
                        "id": "arn:aws:elasticloadbalancing:ap-south-1:778504583090:loadbalancer/app/me-disha-pmgdisha-lb/5db7fe8c8bba0b68",
                        "attributes": {
                            "access_logs.#": "1",
                            "access_logs.0.bucket": "me-disha-elb-logs",
                            "access_logs.0.enabled": "true",
                            "access_logs.0.prefix": "me-disha-pmgdisha",
                            "arn": "arn:aws:elasticloadbalancing:ap-south-1:778504583090:loadbalancer/app/me-disha-pmgdisha-lb/5db7fe8c8bba0b68",
                            "arn_suffix": "app/me-disha-pmgdisha-lb/5db7fe8c8bba0b68",
                            "dns_name": "me-disha-pmgdisha-lb-88391320.ap-south-1.elb.amazonaws.com",
                            "enable_deletion_protection": "false",
                            "id": "arn:aws:elasticloadbalancing:ap-south-1:778504583090:loadbalancer/app/me-disha-pmgdisha-lb/5db7fe8c8bba0b68",
                            "idle_timeout": "60",
                            "internal": "false",
                            "ip_address_type": "ipv4",
                            "load_balancer_type": "application",
                            "name": "me-disha-pmgdisha-lb",
                            "security_groups.#": "2",
                            "security_groups.1903295446": "sg-ed217485",
                            "security_groups.3786451493": "sg-912471f9",
                            "subnets.#": "2",
                            "subnets.2407763024": "subnet-0ae60f62",
                            "subnets.884442009": "subnet-66f7d22b",
                            "tags.%": "0",
                            "vpc_id": "vpc-d218feba",
                            "zone_id": "ZP97RAFLXTNZK"
                        },
                        "meta": {
                            "e2bfb730-ecaa-11e6-8f88-34363bc7c4c0": {
                                "create": 600000000000,
                                "delete": 600000000000,
                                "update": 600000000000
                            }
                        },
                        "tainted": false
                    },
                    "deposed": [],
                    "provider": ""
                }
            },
            "depends_on": []
        },
        {
            "path": [
                "root",
                "me_disha_env",
                "disha-cms-listener"
            ],
            "outputs": {
                "listener_http_arn": {
                    "sensitive": false,
                    "type": "string",
                    "value": "arn:aws:elasticloadbalancing:ap-south-1:778504583090:listener/app/me-disha-pmgdisha-lb/5db7fe8c8bba0b68/82c3bc2929b3a798"
                },
                "listener_https_arn": {
                    "sensitive": false,
                    "type": "string",
                    "value": "arn:aws:elasticloadbalancing:ap-south-1:778504583090:listener/app/me-disha-pmgdisha-lb/5db7fe8c8bba0b68/2e581d017a051570"
                }
            },
            "resources": {
                "aws_alb_listener.http": {
                    "type": "aws_alb_listener",
                    "depends_on": [],
                    "primary": {
                        "id": "arn:aws:elasticloadbalancing:ap-south-1:778504583090:listener/app/me-disha-pmgdisha-lb/5db7fe8c8bba0b68/82c3bc2929b3a798",
                        "attributes": {
                            "arn": "arn:aws:elasticloadbalancing:ap-south-1:778504583090:listener/app/me-disha-pmgdisha-lb/5db7fe8c8bba0b68/82c3bc2929b3a798",
                            "default_action.#": "1",
                            "default_action.0.target_group_arn": "arn:aws:elasticloadbalancing:ap-south-1:778504583090:targetgroup/me-disha-disha-cms-http/d2f80dd281606209",
                            "default_action.0.type": "forward",
                            "id": "arn:aws:elasticloadbalancing:ap-south-1:778504583090:listener/app/me-disha-pmgdisha-lb/5db7fe8c8bba0b68/82c3bc2929b3a798",
                            "load_balancer_arn": "arn:aws:elasticloadbalancing:ap-south-1:778504583090:loadbalancer/app/me-disha-pmgdisha-lb/5db7fe8c8bba0b68",
                            "port": "80",
                            "protocol": "HTTP",
                            "ssl_policy": ""
                        },
                        "meta": {},
                        "tainted": false
                    },
                    "deposed": [],
                    "provider": ""
                },
                "aws_alb_listener.https": {
                    "type": "aws_alb_listener",
                    "depends_on": [],
                    "primary": {
                        "id": "arn:aws:elasticloadbalancing:ap-south-1:778504583090:listener/app/me-disha-pmgdisha-lb/5db7fe8c8bba0b68/2e581d017a051570",
                        "attributes": {
                            "arn": "arn:aws:elasticloadbalancing:ap-south-1:778504583090:listener/app/me-disha-pmgdisha-lb/5db7fe8c8bba0b68/2e581d017a051570",
                            "certificate_arn": "arn:aws:acm:ap-south-1:778504583090:certificate/783cda45-998a-4d5a-9f7e-dca83e44ed6d",
                            "default_action.#": "1",
                            "default_action.0.target_group_arn": "arn:aws:elasticloadbalancing:ap-south-1:778504583090:targetgroup/me-disha-disha-cms-https/62b54c580cc35937",
                            "default_action.0.type": "forward",
                            "id": "arn:aws:elasticloadbalancing:ap-south-1:778504583090:listener/app/me-disha-pmgdisha-lb/5db7fe8c8bba0b68/2e581d017a051570",
                            "load_balancer_arn": "arn:aws:elasticloadbalancing:ap-south-1:778504583090:loadbalancer/app/me-disha-pmgdisha-lb/5db7fe8c8bba0b68",
                            "port": "443",
                            "protocol": "HTTPS",
                            "ssl_policy": "ELBSecurityPolicy-2016-08"
                        },
                        "meta": {},
                        "tainted": false
                    },
                    "deposed": [],
                    "provider": ""
                },
                "aws_alb_listener_rule.rule_http.0": {
                    "type": "aws_alb_listener_rule",
                    "depends_on": [],
                    "primary": {
                        "id": "arn:aws:elasticloadbalancing:ap-south-1:778504583090:listener-rule/app/me-disha-pmgdisha-lb/5db7fe8c8bba0b68/82c3bc2929b3a798/3eb5226f0f3abd03",
                        "attributes": {
                            "action.#": "1",
                            "action.0.target_group_arn": "arn:aws:elasticloadbalancing:ap-south-1:778504583090:targetgroup/me-disha-biometric-http/71c5aa4ccce5e541",
                            "action.0.type": "forward",
                            "arn": "arn:aws:elasticloadbalancing:ap-south-1:778504583090:listener-rule/app/me-disha-pmgdisha-lb/5db7fe8c8bba0b68/82c3bc2929b3a798/3eb5226f0f3abd03",
                            "condition.#": "1",
                            "condition.4101037714.field": "host-header",
                            "condition.4101037714.values.#": "1",
                            "condition.4101037714.values.0": "csc-gov.pmgdisha.me",
                            "id": "arn:aws:elasticloadbalancing:ap-south-1:778504583090:listener-rule/app/me-disha-pmgdisha-lb/5db7fe8c8bba0b68/82c3bc2929b3a798/3eb5226f0f3abd03",
                            "listener_arn": "arn:aws:elasticloadbalancing:ap-south-1:778504583090:listener/app/me-disha-pmgdisha-lb/5db7fe8c8bba0b68/82c3bc2929b3a798",
                            "priority": "100"
                        },
                        "meta": {},
                        "tainted": false
                    },
                    "deposed": [],
                    "provider": ""
                },
                "aws_alb_listener_rule.rule_http.1": {
                    "type": "aws_alb_listener_rule",
                    "depends_on": [],
                    "primary": {
                        "id": "arn:aws:elasticloadbalancing:ap-south-1:778504583090:listener-rule/app/me-disha-pmgdisha-lb/5db7fe8c8bba0b68/82c3bc2929b3a798/62a8c9045542e521",
                        "attributes": {
                            "action.#": "1",
                            "action.0.target_group_arn": "arn:aws:elasticloadbalancing:ap-south-1:778504583090:targetgroup/me-disha-biom-admin-http/aef4f74d3adceaf5",
                            "action.0.type": "forward",
                            "arn": "arn:aws:elasticloadbalancing:ap-south-1:778504583090:listener-rule/app/me-disha-pmgdisha-lb/5db7fe8c8bba0b68/82c3bc2929b3a798/62a8c9045542e521",
                            "condition.#": "1",
                            "condition.3083287611.field": "host-header",
                            "condition.3083287611.values.#": "1",
                            "condition.3083287611.values.0": "admin.csc-gov.pmgdisha.me",
                            "id": "arn:aws:elasticloadbalancing:ap-south-1:778504583090:listener-rule/app/me-disha-pmgdisha-lb/5db7fe8c8bba0b68/82c3bc2929b3a798/62a8c9045542e521",
                            "listener_arn": "arn:aws:elasticloadbalancing:ap-south-1:778504583090:listener/app/me-disha-pmgdisha-lb/5db7fe8c8bba0b68/82c3bc2929b3a798",
                            "priority": "101"
                        },
                        "meta": {},
                        "tainted": false
                    },
                    "deposed": [],
                    "provider": ""
                },
                "aws_alb_listener_rule.rule_http.2": {
                    "type": "aws_alb_listener_rule",
                    "depends_on": [],
                    "primary": {
                        "id": "arn:aws:elasticloadbalancing:ap-south-1:778504583090:listener-rule/app/me-disha-pmgdisha-lb/5db7fe8c8bba0b68/82c3bc2929b3a798/0d140a84f7d93e65",
                        "attributes": {
                            "action.#": "1",
                            "action.0.target_group_arn": "arn:aws:elasticloadbalancing:ap-south-1:778504583090:targetgroup/me-disha-disha-app-http/5f80f18952a7f6f0",
                            "action.0.type": "forward",
                            "arn": "arn:aws:elasticloadbalancing:ap-south-1:778504583090:listener-rule/app/me-disha-pmgdisha-lb/5db7fe8c8bba0b68/82c3bc2929b3a798/0d140a84f7d93e65",
                            "condition.#": "1",
                            "condition.3579464561.field": "path-pattern",
                            "condition.3579464561.values.#": "1",
                            "condition.3579464561.values.0": "/app/*",
                            "id": "arn:aws:elasticloadbalancing:ap-south-1:778504583090:listener-rule/app/me-disha-pmgdisha-lb/5db7fe8c8bba0b68/82c3bc2929b3a798/0d140a84f7d93e65",
                            "listener_arn": "arn:aws:elasticloadbalancing:ap-south-1:778504583090:listener/app/me-disha-pmgdisha-lb/5db7fe8c8bba0b68/82c3bc2929b3a798",
                            "priority": "102"
                        },
                        "meta": {},
                        "tainted": false
                    },
                    "deposed": [],
                    "provider": ""
                },
                "aws_alb_listener_rule.rule_http.3": {
                    "type": "aws_alb_listener_rule",
                    "depends_on": [],
                    "primary": {
                        "id": "arn:aws:elasticloadbalancing:ap-south-1:778504583090:listener-rule/app/me-disha-pmgdisha-lb/5db7fe8c8bba0b68/82c3bc2929b3a798/12ea1a0d1e0ff483",
                        "attributes": {
                            "action.#": "1",
                            "action.0.target_group_arn": "arn:aws:elasticloadbalancing:ap-south-1:778504583090:targetgroup/me-disha-tcmap-http/048492f459626cbd",
                            "action.0.type": "forward",
                            "arn": "arn:aws:elasticloadbalancing:ap-south-1:778504583090:listener-rule/app/me-disha-pmgdisha-lb/5db7fe8c8bba0b68/82c3bc2929b3a798/12ea1a0d1e0ff483",
                            "condition.#": "1",
                            "condition.3997092414.field": "path-pattern",
                            "condition.3997092414.values.#": "1",
                            "condition.3997092414.values.0": "/tcmap/*",
                            "id": "arn:aws:elasticloadbalancing:ap-south-1:778504583090:listener-rule/app/me-disha-pmgdisha-lb/5db7fe8c8bba0b68/82c3bc2929b3a798/12ea1a0d1e0ff483",
                            "listener_arn": "arn:aws:elasticloadbalancing:ap-south-1:778504583090:listener/app/me-disha-pmgdisha-lb/5db7fe8c8bba0b68/82c3bc2929b3a798",
                            "priority": "103"
                        },
                        "meta": {},
                        "tainted": false
                    },
                    "deposed": [],
                    "provider": ""
                },
                "aws_alb_listener_rule.rule_https.0": {
                    "type": "aws_alb_listener_rule",
                    "depends_on": [],
                    "primary": {
                        "id": "arn:aws:elasticloadbalancing:ap-south-1:778504583090:listener-rule/app/me-disha-pmgdisha-lb/5db7fe8c8bba0b68/2e581d017a051570/b397bde6758f306f",
                        "attributes": {
                            "action.#": "1",
                            "action.0.target_group_arn": "arn:aws:elasticloadbalancing:ap-south-1:778504583090:targetgroup/me-disha-biometric-https/6fe15317ff875bfe",
                            "action.0.type": "forward",
                            "arn": "arn:aws:elasticloadbalancing:ap-south-1:778504583090:listener-rule/app/me-disha-pmgdisha-lb/5db7fe8c8bba0b68/2e581d017a051570/b397bde6758f306f",
                            "condition.#": "1",
                            "condition.4101037714.field": "host-header",
                            "condition.4101037714.values.#": "1",
                            "condition.4101037714.values.0": "csc-gov.pmgdisha.me",
                            "id": "arn:aws:elasticloadbalancing:ap-south-1:778504583090:listener-rule/app/me-disha-pmgdisha-lb/5db7fe8c8bba0b68/2e581d017a051570/b397bde6758f306f",
                            "listener_arn": "arn:aws:elasticloadbalancing:ap-south-1:778504583090:listener/app/me-disha-pmgdisha-lb/5db7fe8c8bba0b68/2e581d017a051570",
                            "priority": "101"
                        },
                        "meta": {},
                        "tainted": false
                    },
                    "deposed": [],
                    "provider": ""
                },
                "aws_alb_listener_rule.rule_https.1": {
                    "type": "aws_alb_listener_rule",
                    "depends_on": [],
                    "primary": {
                        "id": "arn:aws:elasticloadbalancing:ap-south-1:778504583090:listener-rule/app/me-disha-pmgdisha-lb/5db7fe8c8bba0b68/2e581d017a051570/850307d0a8a74984",
                        "attributes": {
                            "action.#": "1",
                            "action.0.target_group_arn": "arn:aws:elasticloadbalancing:ap-south-1:778504583090:targetgroup/me-disha-bio-admin-https/0d8b1b674d176b8b",
                            "action.0.type": "forward",
                            "arn": "arn:aws:elasticloadbalancing:ap-south-1:778504583090:listener-rule/app/me-disha-pmgdisha-lb/5db7fe8c8bba0b68/2e581d017a051570/850307d0a8a74984",
                            "condition.#": "1",
                            "condition.3083287611.field": "host-header",
                            "condition.3083287611.values.#": "1",
                            "condition.3083287611.values.0": "admin.csc-gov.pmgdisha.me",
                            "id": "arn:aws:elasticloadbalancing:ap-south-1:778504583090:listener-rule/app/me-disha-pmgdisha-lb/5db7fe8c8bba0b68/2e581d017a051570/850307d0a8a74984",
                            "listener_arn": "arn:aws:elasticloadbalancing:ap-south-1:778504583090:listener/app/me-disha-pmgdisha-lb/5db7fe8c8bba0b68/2e581d017a051570",
                            "priority": "102"
                        },
                        "meta": {},
                        "tainted": false
                    },
                    "deposed": [],
                    "provider": ""
                },
                "aws_alb_listener_rule.rule_https.2": {
                    "type": "aws_alb_listener_rule",
                    "depends_on": [],
                    "primary": {
                        "id": "arn:aws:elasticloadbalancing:ap-south-1:778504583090:listener-rule/app/me-disha-pmgdisha-lb/5db7fe8c8bba0b68/2e581d017a051570/817e1d8e53821baf",
                        "attributes": {
                            "action.#": "1",
                            "action.0.target_group_arn": "arn:aws:elasticloadbalancing:ap-south-1:778504583090:targetgroup/me-disha-certificate-https/f0052dda643d328a",
                            "action.0.type": "forward",
                            "arn": "arn:aws:elasticloadbalancing:ap-south-1:778504583090:listener-rule/app/me-disha-pmgdisha-lb/5db7fe8c8bba0b68/2e581d017a051570/817e1d8e53821baf",
                            "condition.#": "1",
                            "condition.2256031415.field": "host-header",
                            "condition.2256031415.values.#": "1",
                            "condition.2256031415.values.0": "certificate.pmgdisha.me",
                            "id": "arn:aws:elasticloadbalancing:ap-south-1:778504583090:listener-rule/app/me-disha-pmgdisha-lb/5db7fe8c8bba0b68/2e581d017a051570/817e1d8e53821baf",
                            "listener_arn": "arn:aws:elasticloadbalancing:ap-south-1:778504583090:listener/app/me-disha-pmgdisha-lb/5db7fe8c8bba0b68/2e581d017a051570",
                            "priority": "103"
                        },
                        "meta": {},
                        "tainted": false
                    },
                    "deposed": [],
                    "provider": ""
                },
                "aws_alb_listener_rule.rule_https.3": {
                    "type": "aws_alb_listener_rule",
                    "depends_on": [],
                    "primary": {
                        "id": "arn:aws:elasticloadbalancing:ap-south-1:778504583090:listener-rule/app/me-disha-pmgdisha-lb/5db7fe8c8bba0b68/2e581d017a051570/945b4df14637bf2d",
                        "attributes": {
                            "action.#": "1",
                            "action.0.target_group_arn": "arn:aws:elasticloadbalancing:ap-south-1:778504583090:targetgroup/me-disha-metabase-http/9c539d54b8287b53",
                            "action.0.type": "forward",
                            "arn": "arn:aws:elasticloadbalancing:ap-south-1:778504583090:listener-rule/app/me-disha-pmgdisha-lb/5db7fe8c8bba0b68/2e581d017a051570/945b4df14637bf2d",
                            "condition.#": "1",
                            "condition.1513280763.field": "host-header",
                            "condition.1513280763.values.#": "1",
                            "condition.1513280763.values.0": "metabase.pmgdisha.me",
                            "id": "arn:aws:elasticloadbalancing:ap-south-1:778504583090:listener-rule/app/me-disha-pmgdisha-lb/5db7fe8c8bba0b68/2e581d017a051570/945b4df14637bf2d",
                            "listener_arn": "arn:aws:elasticloadbalancing:ap-south-1:778504583090:listener/app/me-disha-pmgdisha-lb/5db7fe8c8bba0b68/2e581d017a051570",
                            "priority": "104"
                        },
                        "meta": {},
                        "tainted": false
                    },
                    "deposed": [],
                    "provider": ""
                },
                "aws_alb_listener_rule.rule_https.4": {
                    "type": "aws_alb_listener_rule",
                    "depends_on": [],
                    "primary": {
                        "id": "arn:aws:elasticloadbalancing:ap-south-1:778504583090:listener-rule/app/me-disha-pmgdisha-lb/5db7fe8c8bba0b68/2e581d017a051570/29d6295f4919d586",
                        "attributes": {
                            "action.#": "1",
                            "action.0.target_group_arn": "arn:aws:elasticloadbalancing:ap-south-1:778504583090:targetgroup/me-disha-practice-http/b7378ce37c506737",
                            "action.0.type": "forward",
                            "arn": "arn:aws:elasticloadbalancing:ap-south-1:778504583090:listener-rule/app/me-disha-pmgdisha-lb/5db7fe8c8bba0b68/2e581d017a051570/29d6295f4919d586",
                            "condition.#": "1",
                            "condition.2389691130.field": "host-header",
                            "condition.2389691130.values.#": "1",
                            "condition.2389691130.values.0": "practice.pmgdisha.me",
                            "id": "arn:aws:elasticloadbalancing:ap-south-1:778504583090:listener-rule/app/me-disha-pmgdisha-lb/5db7fe8c8bba0b68/2e581d017a051570/29d6295f4919d586",
                            "listener_arn": "arn:aws:elasticloadbalancing:ap-south-1:778504583090:listener/app/me-disha-pmgdisha-lb/5db7fe8c8bba0b68/2e581d017a051570",
                            "priority": "105"
                        },
                        "meta": {},
                        "tainted": false
                    },
                    "deposed": [],
                    "provider": ""
                },
                "aws_alb_listener_rule.rule_https.5": {
                    "type": "aws_alb_listener_rule",
                    "depends_on": [],
                    "primary": {
                        "id": "arn:aws:elasticloadbalancing:ap-south-1:778504583090:listener-rule/app/me-disha-pmgdisha-lb/5db7fe8c8bba0b68/2e581d017a051570/351d9c595df7776e",
                        "attributes": {
                            "action.#": "1",
                            "action.0.target_group_arn": "arn:aws:elasticloadbalancing:ap-south-1:778504583090:targetgroup/me-disha-disha-app-https/c78d58a3947c65d8",
                            "action.0.type": "forward",
                            "arn": "arn:aws:elasticloadbalancing:ap-south-1:778504583090:listener-rule/app/me-disha-pmgdisha-lb/5db7fe8c8bba0b68/2e581d017a051570/351d9c595df7776e",
                            "condition.#": "1",
                            "condition.3579464561.field": "path-pattern",
                            "condition.3579464561.values.#": "1",
                            "condition.3579464561.values.0": "/app/*",
                            "id": "arn:aws:elasticloadbalancing:ap-south-1:778504583090:listener-rule/app/me-disha-pmgdisha-lb/5db7fe8c8bba0b68/2e581d017a051570/351d9c595df7776e",
                            "listener_arn": "arn:aws:elasticloadbalancing:ap-south-1:778504583090:listener/app/me-disha-pmgdisha-lb/5db7fe8c8bba0b68/2e581d017a051570",
                            "priority": "106"
                        },
                        "meta": {},
                        "tainted": false
                    },
                    "deposed": [],
                    "provider": ""
                },
                "aws_alb_listener_rule.rule_https.6": {
                    "type": "aws_alb_listener_rule",
                    "depends_on": [],
                    "primary": {
                        "id": "arn:aws:elasticloadbalancing:ap-south-1:778504583090:listener-rule/app/me-disha-pmgdisha-lb/5db7fe8c8bba0b68/2e581d017a051570/2acde7bded2c905a",
                        "attributes": {
                            "action.#": "1",
                            "action.0.target_group_arn": "arn:aws:elasticloadbalancing:ap-south-1:778504583090:targetgroup/me-disha-tcmap-https/d0282d6b7b0f0ff8",
                            "action.0.type": "forward",
                            "arn": "arn:aws:elasticloadbalancing:ap-south-1:778504583090:listener-rule/app/me-disha-pmgdisha-lb/5db7fe8c8bba0b68/2e581d017a051570/2acde7bded2c905a",
                            "condition.#": "1",
                            "condition.3997092414.field": "path-pattern",
                            "condition.3997092414.values.#": "1",
                            "condition.3997092414.values.0": "/tcmap/*",
                            "id": "arn:aws:elasticloadbalancing:ap-south-1:778504583090:listener-rule/app/me-disha-pmgdisha-lb/5db7fe8c8bba0b68/2e581d017a051570/2acde7bded2c905a",
                            "listener_arn": "arn:aws:elasticloadbalancing:ap-south-1:778504583090:listener/app/me-disha-pmgdisha-lb/5db7fe8c8bba0b68/2e581d017a051570",
                            "priority": "107"
                        },
                        "meta": {},
                        "tainted": false
                    },
                    "deposed": [],
                    "provider": ""
                }
            },
            "depends_on": []
        },
        {
            "path": [
                "root",
                "me_disha_env",
                "disha-cms-tg-http"
            ],
            "outputs": {
                "alb_tg_arn": {
                    "sensitive": false,
                    "type": "string",
                    "value": "arn:aws:elasticloadbalancing:ap-south-1:778504583090:targetgroup/me-disha-disha-cms-http/d2f80dd281606209"
                }
            },
            "resources": {
                "aws_alb_target_group.alb_tg": {
                    "type": "aws_alb_target_group",
                    "depends_on": [],
                    "primary": {
                        "id": "arn:aws:elasticloadbalancing:ap-south-1:778504583090:targetgroup/me-disha-disha-cms-http/d2f80dd281606209",
                        "attributes": {
                            "arn": "arn:aws:elasticloadbalancing:ap-south-1:778504583090:targetgroup/me-disha-disha-cms-http/d2f80dd281606209",
                            "arn_suffix": "targetgroup/me-disha-disha-cms-http/d2f80dd281606209",
                            "deregistration_delay": "300",
                            "health_check.#": "1",
                            "health_check.0.healthy_threshold": "2",
                            "health_check.0.interval": "70",
                            "health_check.0.matcher": "301",
                            "health_check.0.path": "/",
                            "health_check.0.port": "80",
                            "health_check.0.protocol": "HTTP",
                            "health_check.0.timeout": "60",
                            "health_check.0.unhealthy_threshold": "2",
                            "id": "arn:aws:elasticloadbalancing:ap-south-1:778504583090:targetgroup/me-disha-disha-cms-http/d2f80dd281606209",
                            "name": "me-disha-disha-cms-http",
                            "port": "80",
                            "protocol": "HTTP",
                            "stickiness.#": "1",
                            "stickiness.0.cookie_duration": "86400",
                            "stickiness.0.enabled": "false",
                            "stickiness.0.type": "lb_cookie",
                            "tags.%": "0",
                            "target_type": "instance",
                            "vpc_id": "vpc-d218feba"
                        },
                        "meta": {},
                        "tainted": false
                    },
                    "deposed": [],
                    "provider": ""
                },
                "aws_cloudwatch_metric_alarm.high_unhealthy_alarm": {
                    "type": "aws_cloudwatch_metric_alarm",
                    "depends_on": [],
                    "primary": {
                        "id": "me-disha-ELB-disha-cms-http-High-Unhealthy-Hosts",
                        "attributes": {
                            "actions_enabled": "true",
                            "alarm_actions.#": "1",
                            "alarm_actions.640160710": "arn:aws:sns:ap-south-1:778504583090:me-disha-disha-sns",
                            "alarm_description": "Raises alarm if unhealthy instances in me-disha-disha-cms-http load balancer increase",
                            "alarm_name": "me-disha-ELB-disha-cms-http-High-Unhealthy-Hosts",
                            "comparison_operator": "GreaterThanThreshold",
                            "dimensions.%": "1",
                            "dimensions.LoadBalancerName": "me-disha-disha-cms-http",
                            "evaluate_low_sample_count_percentiles": "",
                            "evaluation_periods": "1",
                            "extended_statistic": "",
                            "id": "me-disha-ELB-disha-cms-http-High-Unhealthy-Hosts",
                            "insufficient_data_actions.#": "0",
                            "metric_name": "UnHealthyHostCount",
                            "namespace": "AWS/ELB",
                            "ok_actions.#": "0",
                            "period": "60",
                            "statistic": "Average",
                            "threshold": "0",
                            "treat_missing_data": "missing",
                            "unit": ""
                        },
                        "meta": {
                            "schema_version": "1"
                        },
                        "tainted": false
                    },
                    "deposed": [],
                    "provider": ""
                },
                "aws_cloudwatch_metric_alarm.low_healthy_alarm": {
                    "type": "aws_cloudwatch_metric_alarm",
                    "depends_on": [],
                    "primary": {
                        "id": "me-disha-ELB-disha-cms-http-Low-Healthy-Hosts",
                        "attributes": {
                            "actions_enabled": "true",
                            "alarm_actions.#": "1",
                            "alarm_actions.640160710": "arn:aws:sns:ap-south-1:778504583090:me-disha-disha-sns",
                            "alarm_description": "Raises alarm if healthy instances in me-disha-disha-cms-http load balancer decrease",
                            "alarm_name": "me-disha-ELB-disha-cms-http-Low-Healthy-Hosts",
                            "comparison_operator": "LessThanThreshold",
                            "dimensions.%": "1",
                            "dimensions.LoadBalancerName": "me-disha-disha-cms-http",
                            "evaluate_low_sample_count_percentiles": "",
                            "evaluation_periods": "1",
                            "extended_statistic": "",
                            "id": "me-disha-ELB-disha-cms-http-Low-Healthy-Hosts",
                            "insufficient_data_actions.#": "0",
                            "metric_name": "HealthyHostCount",
                            "namespace": "AWS/ELB",
                            "ok_actions.#": "0",
                            "period": "60",
                            "statistic": "Average",
                            "threshold": "1",
                            "treat_missing_data": "missing",
                            "unit": ""
                        },
                        "meta": {
                            "schema_version": "1"
                        },
                        "tainted": false
                    },
                    "deposed": [],
                    "provider": ""
                }
            },
            "depends_on": []
        },
        {
            "path": [
                "root",
                "me_disha_env",
                "disha-cms-tg-https"
            ],
            "outputs": {
                "alb_tg_arn": {
                    "sensitive": false,
                    "type": "string",
                    "value": "arn:aws:elasticloadbalancing:ap-south-1:778504583090:targetgroup/me-disha-disha-cms-https/62b54c580cc35937"
                }
            },
            "resources": {
                "aws_alb_target_group.alb_tg": {
                    "type": "aws_alb_target_group",
                    "depends_on": [],
                    "primary": {
                        "id": "arn:aws:elasticloadbalancing:ap-south-1:778504583090:targetgroup/me-disha-disha-cms-https/62b54c580cc35937",
                        "attributes": {
                            "arn": "arn:aws:elasticloadbalancing:ap-south-1:778504583090:targetgroup/me-disha-disha-cms-https/62b54c580cc35937",
                            "arn_suffix": "targetgroup/me-disha-disha-cms-https/62b54c580cc35937",
                            "deregistration_delay": "300",
                            "health_check.#": "1",
                            "health_check.0.healthy_threshold": "2",
                            "health_check.0.interval": "70",
                            "health_check.0.matcher": "200",
                            "health_check.0.path": "/",
                            "health_check.0.port": "443",
                            "health_check.0.protocol": "HTTPS",
                            "health_check.0.timeout": "60",
                            "health_check.0.unhealthy_threshold": "2",
                            "id": "arn:aws:elasticloadbalancing:ap-south-1:778504583090:targetgroup/me-disha-disha-cms-https/62b54c580cc35937",
                            "name": "me-disha-disha-cms-https",
                            "port": "443",
                            "protocol": "HTTPS",
                            "stickiness.#": "1",
                            "stickiness.0.cookie_duration": "86400",
                            "stickiness.0.enabled": "false",
                            "stickiness.0.type": "lb_cookie",
                            "tags.%": "0",
                            "target_type": "instance",
                            "vpc_id": "vpc-d218feba"
                        },
                        "meta": {},
                        "tainted": false
                    },
                    "deposed": [],
                    "provider": ""
                },
                "aws_cloudwatch_metric_alarm.high_unhealthy_alarm": {
                    "type": "aws_cloudwatch_metric_alarm",
                    "depends_on": [],
                    "primary": {
                        "id": "me-disha-ELB-disha-cms-https-High-Unhealthy-Hosts",
                        "attributes": {
                            "actions_enabled": "true",
                            "alarm_actions.#": "1",
                            "alarm_actions.640160710": "arn:aws:sns:ap-south-1:778504583090:me-disha-disha-sns",
                            "alarm_description": "Raises alarm if unhealthy instances in me-disha-disha-cms-https load balancer increase",
                            "alarm_name": "me-disha-ELB-disha-cms-https-High-Unhealthy-Hosts",
                            "comparison_operator": "GreaterThanThreshold",
                            "dimensions.%": "1",
                            "dimensions.LoadBalancerName": "me-disha-disha-cms-https",
                            "evaluate_low_sample_count_percentiles": "",
                            "evaluation_periods": "1",
                            "extended_statistic": "",
                            "id": "me-disha-ELB-disha-cms-https-High-Unhealthy-Hosts",
                            "insufficient_data_actions.#": "0",
                            "metric_name": "UnHealthyHostCount",
                            "namespace": "AWS/ELB",
                            "ok_actions.#": "0",
                            "period": "60",
                            "statistic": "Average",
                            "threshold": "0",
                            "treat_missing_data": "missing",
                            "unit": ""
                        },
                        "meta": {
                            "schema_version": "1"
                        },
                        "tainted": false
                    },
                    "deposed": [],
                    "provider": ""
                },
                "aws_cloudwatch_metric_alarm.low_healthy_alarm": {
                    "type": "aws_cloudwatch_metric_alarm",
                    "depends_on": [],
                    "primary": {
                        "id": "me-disha-ELB-disha-cms-https-Low-Healthy-Hosts",
                        "attributes": {
                            "actions_enabled": "true",
                            "alarm_actions.#": "1",
                            "alarm_actions.640160710": "arn:aws:sns:ap-south-1:778504583090:me-disha-disha-sns",
                            "alarm_description": "Raises alarm if healthy instances in me-disha-disha-cms-https load balancer decrease",
                            "alarm_name": "me-disha-ELB-disha-cms-https-Low-Healthy-Hosts",
                            "comparison_operator": "LessThanThreshold",
                            "dimensions.%": "1",
                            "dimensions.LoadBalancerName": "me-disha-disha-cms-https",
                            "evaluate_low_sample_count_percentiles": "",
                            "evaluation_periods": "1",
                            "extended_statistic": "",
                            "id": "me-disha-ELB-disha-cms-https-Low-Healthy-Hosts",
                            "insufficient_data_actions.#": "0",
                            "metric_name": "HealthyHostCount",
                            "namespace": "AWS/ELB",
                            "ok_actions.#": "0",
                            "period": "60",
                            "statistic": "Average",
                            "threshold": "1",
                            "treat_missing_data": "missing",
                            "unit": ""
                        },
                        "meta": {
                            "schema_version": "1"
                        },
                        "tainted": false
                    },
                    "deposed": [],
                    "provider": ""
                }
            },
            "depends_on": []
        },
        {
            "path": [
                "root",
                "me_disha_env",
                "disha-web"
            ],
            "outputs": {
                "as_name_output": {
                    "sensitive": false,
                    "type": "string",
                    "value": "me-disha-disha-web"
                }
            },
            "resources": {
                "aws_autoscaling_attachment.attach_alb_tg_to_asg.0": {
                    "type": "aws_autoscaling_attachment",
                    "depends_on": [
                        "aws_autoscaling_group.as"
                    ],
                    "primary": {
                        "id": "me-disha-disha-web-20171108081854035600000011",
                        "attributes": {
                            "alb_target_group_arn": "arn:aws:elasticloadbalancing:ap-south-1:778504583090:targetgroup/me-disha-disha-app-http/5f80f18952a7f6f0",
                            "autoscaling_group_name": "me-disha-disha-web",
                            "id": "me-disha-disha-web-20171108081854035600000011"
                        },
                        "meta": {},
                        "tainted": false
                    },
                    "deposed": [],
                    "provider": ""
                },
                "aws_autoscaling_attachment.attach_alb_tg_to_asg.1": {
                    "type": "aws_autoscaling_attachment",
                    "depends_on": [
                        "aws_autoscaling_group.as"
                    ],
                    "primary": {
                        "id": "me-disha-disha-web-20171108081855712700000012",
                        "attributes": {
                            "alb_target_group_arn": "arn:aws:elasticloadbalancing:ap-south-1:778504583090:targetgroup/me-disha-disha-app-https/c78d58a3947c65d8",
                            "autoscaling_group_name": "me-disha-disha-web",
                            "id": "me-disha-disha-web-20171108081855712700000012"
                        },
                        "meta": {},
                        "tainted": false
                    },
                    "deposed": [],
                    "provider": ""
                },
                "aws_autoscaling_group.as": {
                    "type": "aws_autoscaling_group",
                    "depends_on": [
                        "module.lc-with-extra-ebs",
                        "module.lc-without-extra-ebs"
                    ],
                    "primary": {
                        "id": "me-disha-disha-web",
                        "attributes": {
                            "arn": "arn:aws:autoscaling:ap-south-1:778504583090:autoScalingGroup:84bfaef9-4bb4-498d-a5d4-11b693bc2f68:autoScalingGroupName/me-disha-disha-web",
                            "availability_zones.#": "1",
                            "availability_zones.1163474009": "ap-south-1a",
                            "default_cooldown": "300",
                            "desired_capacity": "1",
                            "force_delete": "false",
                            "health_check_grace_period": "300",
                            "health_check_type": "EC2",
                            "id": "me-disha-disha-web",
                            "launch_configuration": "me-disha-disha-web",
                            "load_balancers.#": "0",
                            "max_size": "10",
                            "metrics_granularity": "1Minute",
                            "min_size": "1",
                            "name": "me-disha-disha-web",
                            "placement_group": "",
                            "protect_from_scale_in": "false",
                            "suspended_processes.#": "0",
                            "tag.#": "3",
                            "tag.1391088566.key": "Environment",
                            "tag.1391088566.propagate_at_launch": "true",
                            "tag.1391088566.value": "me-disha",
                            "tag.1830391913.key": "Name",
                            "tag.1830391913.propagate_at_launch": "true",
                            "tag.1830391913.value": "me-disha-disha-web",
                            "tag.27536829.key": "Cluster",
                            "tag.27536829.propagate_at_launch": "true",
                            "tag.27536829.value": "proctoring",
                            "target_group_arns.#": "2",
                            "target_group_arns.1731212067": "arn:aws:elasticloadbalancing:ap-south-1:778504583090:targetgroup/me-disha-disha-app-https/c78d58a3947c65d8",
                            "target_group_arns.3616929789": "arn:aws:elasticloadbalancing:ap-south-1:778504583090:targetgroup/me-disha-disha-app-http/5f80f18952a7f6f0",
                            "termination_policies.#": "0",
                            "vpc_zone_identifier.#": "1",
                            "vpc_zone_identifier.3539309920": "subnet-61e40d09",
                            "wait_for_capacity_timeout": "10m"
                        },
                        "meta": {
                            "e2bfb730-ecaa-11e6-8f88-34363bc7c4c0": {
                                "delete": 600000000000
                            }
                        },
                        "tainted": false
                    },
                    "deposed": [],
                    "provider": ""
                },
                "aws_autoscaling_notification.asg_notifications": {
                    "type": "aws_autoscaling_notification",
                    "depends_on": [
                        "aws_autoscaling_group.as"
                    ],
                    "primary": {
                        "id": "arn:aws:sns:ap-south-1:778504583090:me-disha-disha-sns",
                        "attributes": {
                            "group_names.#": "1",
                            "group_names.3919263097": "me-disha-disha-web",
                            "id": "arn:aws:sns:ap-south-1:778504583090:me-disha-disha-sns",
                            "notifications.#": "4",
                            "notifications.3116970575": "autoscaling:EC2_INSTANCE_TERMINATE",
                            "notifications.3298075921": "autoscaling:EC2_INSTANCE_TERMINATE_ERROR",
                            "notifications.4098158487": "autoscaling:EC2_INSTANCE_LAUNCH",
                            "notifications.753791182": "autoscaling:EC2_INSTANCE_LAUNCH_ERROR",
                            "topic_arn": "arn:aws:sns:ap-south-1:778504583090:me-disha-disha-sns"
                        },
                        "meta": {},
                        "tainted": false
                    },
                    "deposed": [],
                    "provider": ""
                }
            },
            "depends_on": []
        },
        {
            "path": [
                "root",
                "me_disha_env",
                "disha_certificates"
            ],
            "outputs": {
                "bucket_id": {
                    "sensitive": false,
                    "type": "string",
                    "value": "me-disha-disha-certificates"
                }
            },
            "resources": {},
            "depends_on": []
        },
        {
            "path": [
                "root",
                "me_disha_env",
                "disha_cms"
            ],
            "outputs": {
                "bucket_id": {
                    "sensitive": false,
                    "type": "string",
                    "value": "me-disha-disha-cms"
                }
            },
            "resources": {
                "aws_s3_bucket.bucket": {
                    "type": "aws_s3_bucket",
                    "depends_on": [],
                    "primary": {
                        "id": "me-disha-disha-cms",
                        "attributes": {
                            "acceleration_status": "",
                            "acl": "private",
                            "arn": "arn:aws:s3:::me-disha-disha-cms",
                            "bucket": "me-disha-disha-cms",
                            "bucket_domain_name": "me-disha-disha-cms.s3.amazonaws.com",
                            "cors_rule.#": "1",
                            "cors_rule.0.allowed_headers.#": "1",
                            "cors_rule.0.allowed_headers.0": "Authorization",
                            "cors_rule.0.allowed_methods.#": "1",
                            "cors_rule.0.allowed_methods.0": "GET",
                            "cors_rule.0.allowed_origins.#": "1",
                            "cors_rule.0.allowed_origins.0": "*",
                            "cors_rule.0.expose_headers.#": "0",
                            "cors_rule.0.max_age_seconds": "3000",
                            "force_destroy": "false",
                            "hosted_zone_id": "Z11RGJOFQNVJUP",
                            "id": "me-disha-disha-cms",
                            "logging.#": "0",
                            "policy": "{\"Statement\":[{\"Action\":\"s3:GetObject\",\"Effect\":\"Allow\",\"Principal\":\"*\",\"Resource\":\"arn:aws:s3:::me-disha-disha-cms/*\",\"Sid\":\"AddPerm\"}],\"Version\":\"2012-10-17\"}",
                            "region": "ap-south-1",
                            "request_payer": "BucketOwner",
                            "tags.%": "0",
                            "versioning.#": "1",
                            "versioning.0.enabled": "false",
                            "versioning.0.mfa_delete": "false",
                            "website.#": "0"
                        },
                        "meta": {},
                        "tainted": false
                    },
                    "deposed": [],
                    "provider": ""
                }
            },
            "depends_on": []
        },
        {
            "path": [
                "root",
                "me_disha_env",
                "disha_document"
            ],
            "outputs": {
                "bucket_id": {
                    "sensitive": false,
                    "type": "string",
                    "value": "me-disha-disha-document"
                }
            },
            "resources": {
                "aws_s3_bucket.bucket": {
                    "type": "aws_s3_bucket",
                    "depends_on": [],
                    "primary": {
                        "id": "me-disha-disha-document",
                        "attributes": {
                            "acceleration_status": "",
                            "acl": "private",
                            "arn": "arn:aws:s3:::me-disha-disha-document",
                            "bucket": "me-disha-disha-document",
                            "bucket_domain_name": "me-disha-disha-document.s3.amazonaws.com",
                            "force_destroy": "false",
                            "hosted_zone_id": "Z11RGJOFQNVJUP",
                            "id": "me-disha-disha-document",
                            "logging.#": "0",
                            "policy": "{\"Statement\":[{\"Action\":\"s3:GetObject\",\"Effect\":\"Allow\",\"Principal\":\"*\",\"Resource\":\"arn:aws:s3:::me-disha-disha-document/*\",\"Sid\":\"AddPerm\"}],\"Version\":\"2012-10-17\"}",
                            "region": "ap-south-1",
                            "request_payer": "BucketOwner",
                            "tags.%": "0",
                            "versioning.#": "1",
                            "versioning.0.enabled": "false",
                            "versioning.0.mfa_delete": "false",
                            "website.#": "0"
                        },
                        "meta": {},
                        "tainted": false
                    },
                    "deposed": [],
                    "provider": ""
                }
            },
            "depends_on": []
        },
        {
            "path": [
                "root",
                "me_disha_env",
                "disha_eligibility_instance"
            ],
            "outputs": {
                "instance_id": {
                    "sensitive": false,
                    "type": "string",
                    "value": "i-0ebda8f2bcb92f49e"
                },
                "instance_name": {
                    "sensitive": false,
                    "type": "string",
                    "value": "me-disha-disha-eligibility"
                },
                "public_ip": {
                    "sensitive": false,
                    "type": "string",
                    "value": ""
                }
            },
            "resources": {
                "aws_cloudwatch_metric_alarm.instance_status_check": {
                    "type": "aws_cloudwatch_metric_alarm",
                    "depends_on": [
                        "aws_instance.instance"
                    ],
                    "primary": {
                        "id": "me-disha-disha-eligibility-status-checks-failed",
                        "attributes": {
                            "actions_enabled": "true",
                            "alarm_actions.#": "1",
                            "alarm_actions.640160710": "arn:aws:sns:ap-south-1:778504583090:me-disha-disha-sns",
                            "alarm_description": "This metric monitors ec2 status checks",
                            "alarm_name": "me-disha-disha-eligibility-status-checks-failed",
                            "comparison_operator": "GreaterThanOrEqualToThreshold",
                            "dimensions.%": "1",
                            "dimensions.InstanceId": "i-0ebda8f2bcb92f49e",
                            "evaluate_low_sample_count_percentiles": "",
                            "evaluation_periods": "1",
                            "extended_statistic": "",
                            "id": "me-disha-disha-eligibility-status-checks-failed",
                            "insufficient_data_actions.#": "1",
                            "insufficient_data_actions.640160710": "arn:aws:sns:ap-south-1:778504583090:me-disha-disha-sns",
                            "metric_name": "StatusCheckFailed",
                            "namespace": "AWS/EC2",
                            "ok_actions.#": "1",
                            "ok_actions.640160710": "arn:aws:sns:ap-south-1:778504583090:me-disha-disha-sns",
                            "period": "60",
                            "statistic": "Average",
                            "threshold": "1",
                            "treat_missing_data": "missing",
                            "unit": ""
                        },
                        "meta": {
                            "schema_version": "1"
                        },
                        "tainted": false
                    },
                    "deposed": [],
                    "provider": ""
                },
                "aws_instance.instance": {
                    "type": "aws_instance",
                    "depends_on": [
                        "module.sg"
                    ],
                    "primary": {
                        "id": "i-0ebda8f2bcb92f49e",
                        "attributes": {
                            "ami": "ami-f6327e99",
                            "associate_public_ip_address": "false",
                            "availability_zone": "ap-south-1a",
                            "disable_api_termination": "false",
                            "ebs_block_device.#": "1",
                            "ebs_block_device.4133660466.delete_on_termination": "true",
                            "ebs_block_device.4133660466.device_name": "/dev/sdb",
                            "ebs_block_device.4133660466.encrypted": "false",
                            "ebs_block_device.4133660466.iops": "0",
                            "ebs_block_device.4133660466.snapshot_id": "snap-0a7cbc375b2372584",
                            "ebs_block_device.4133660466.volume_size": "30",
                            "ebs_block_device.4133660466.volume_type": "standard",
                            "ebs_optimized": "false",
                            "ephemeral_block_device.#": "0",
                            "iam_instance_profile": "me-disha-instance-profile",
                            "id": "i-0ebda8f2bcb92f49e",
                            "instance_state": "running",
                            "instance_type": "t2.small",
                            "ipv6_addresses.#": "0",
                            "key_name": "me-disha.mepvt",
                            "monitoring": "false",
                            "network_interface.#": "0",
                            "network_interface_id": "eni-9419bbcb",
                            "primary_network_interface_id": "eni-9419bbcb",
                            "private_dns": "ip-10-140-1-46.ap-south-1.compute.internal",
                            "private_ip": "10.140.1.46",
                            "public_dns": "",
                            "public_ip": "",
                            "root_block_device.#": "1",
                            "root_block_device.0.delete_on_termination": "true",
                            "root_block_device.0.iops": "100",
                            "root_block_device.0.volume_size": "24",
                            "root_block_device.0.volume_type": "gp2",
                            "security_groups.#": "0",
                            "source_dest_check": "true",
                            "subnet_id": "subnet-61e40d09",
                            "tags.%": "3",
                            "tags.Cluster": "disha",
                            "tags.Environment": "me-disha",
                            "tags.Name": "me-disha-disha-eligibility",
                            "tenancy": "default",
                            "volume_tags.%": "1",
                            "volume_tags.Name": "me-disha-disha-eligibility",
                            "vpc_security_group_ids.#": "2",
                            "vpc_security_group_ids.1102686711": "sg-b22174da",
                            "vpc_security_group_ids.3786451493": "sg-912471f9"
                        },
                        "meta": {
                            "e2bfb730-ecaa-11e6-8f88-34363bc7c4c0": {
                                "create": 600000000000,
                                "delete": 600000000000,
                                "update": 600000000000
                            },
                            "schema_version": "1"
                        },
                        "tainted": false
                    },
                    "deposed": [],
                    "provider": ""
                },
                "aws_route53_record.instance_route53_entry": {
                    "type": "aws_route53_record",
                    "depends_on": [
                        "aws_instance.instance"
                    ],
                    "primary": {
                        "id": "Z3RZRS4QER9K1X_disha-eligibility_A",
                        "attributes": {
                            "fqdn": "disha-eligibility.mepvt",
                            "health_check_id": "",
                            "id": "Z3RZRS4QER9K1X_disha-eligibility_A",
                            "name": "disha-eligibility",
                            "records.#": "1",
                            "records.3250006035": "10.140.1.46",
                            "set_identifier": "",
                            "ttl": "60",
                            "type": "A",
                            "zone_id": "Z3RZRS4QER9K1X"
                        },
                        "meta": {
                            "schema_version": "2"
                        },
                        "tainted": false
                    },
                    "deposed": [],
                    "provider": ""
                }
            },
            "depends_on": []
        },
        {
            "path": [
                "root",
                "me_disha_env",
                "disha_email"
            ],
            "outputs": {
                "bucket_id": {
                    "sensitive": false,
                    "type": "string",
                    "value": "me-disha-disha-email"
                }
            },
            "resources": {
                "aws_s3_bucket.bucket": {
                    "type": "aws_s3_bucket",
                    "depends_on": [],
                    "primary": {
                        "id": "me-disha-disha-email",
                        "attributes": {
                            "acceleration_status": "",
                            "acl": "private",
                            "arn": "arn:aws:s3:::me-disha-disha-email",
                            "bucket": "me-disha-disha-email",
                            "bucket_domain_name": "me-disha-disha-email.s3.amazonaws.com",
                            "force_destroy": "false",
                            "hosted_zone_id": "Z11RGJOFQNVJUP",
                            "id": "me-disha-disha-email",
                            "logging.#": "0",
                            "policy": "{\"Statement\":[{\"Action\":\"s3:PutObject\",\"Condition\":{\"StringEquals\":{\"aws:Referer\":\"778504583090\"}},\"Effect\":\"Allow\",\"Principal\":{\"Service\":\"ses.amazonaws.com\"},\"Resource\":\"arn:aws:s3:::me-disha-disha-email/*\",\"Sid\":\"AllowSESPuts-1494229053172\"}],\"Version\":\"2012-10-17\"}",
                            "region": "ap-south-1",
                            "request_payer": "BucketOwner",
                            "tags.%": "0",
                            "versioning.#": "1",
                            "versioning.0.enabled": "false",
                            "versioning.0.mfa_delete": "false",
                            "website.#": "0"
                        },
                        "meta": {},
                        "tainted": false
                    },
                    "deposed": [],
                    "provider": ""
                }
            },
            "depends_on": []
        },
        {
            "path": [
                "root",
                "me_disha_env",
                "disha_email_notification"
            ],
            "outputs": {},
            "resources": {
                "aws_s3_bucket_notification.s3_sqs": {
                    "type": "aws_s3_bucket_notification",
                    "depends_on": [],
                    "primary": {
                        "id": "me-disha-disha-email",
                        "attributes": {
                            "bucket": "me-disha-disha-email",
                            "id": "me-disha-disha-email",
                            "lambda_function.#": "0",
                            "queue.#": "1",
                            "queue.0.events.#": "1",
                            "queue.0.events.3356830603": "s3:ObjectCreated:*",
                            "queue.0.filter_prefix": "goahead/",
                            "queue.0.filter_suffix": "",
                            "queue.0.id": "tf-s3-queue-20171108100927873400000001",
                            "queue.0.queue_arn": "arn:aws:sqs:ap-south-1:778504583090:me-disha-ses-email",
                            "topic.#": "0"
                        },
                        "meta": {},
                        "tainted": false
                    },
                    "deposed": [],
                    "provider": ""
                }
            },
            "depends_on": []
        },
        {
            "path": [
                "root",
                "me_disha_env",
                "disha_ifsc_instance"
            ],
            "outputs": {
                "instance_id": {
                    "sensitive": false,
                    "type": "string",
                    "value": "i-0b1d2cd5343b20edb"
                },
                "instance_name": {
                    "sensitive": false,
                    "type": "string",
                    "value": "me-disha-disha-ifsc"
                },
                "public_ip": {
                    "sensitive": false,
                    "type": "string",
                    "value": ""
                }
            },
            "resources": {
                "aws_cloudwatch_metric_alarm.instance_status_check": {
                    "type": "aws_cloudwatch_metric_alarm",
                    "depends_on": [
                        "aws_instance.instance"
                    ],
                    "primary": {
                        "id": "me-disha-disha-ifsc-status-checks-failed",
                        "attributes": {
                            "actions_enabled": "true",
                            "alarm_actions.#": "1",
                            "alarm_actions.640160710": "arn:aws:sns:ap-south-1:778504583090:me-disha-disha-sns",
                            "alarm_description": "This metric monitors ec2 status checks",
                            "alarm_name": "me-disha-disha-ifsc-status-checks-failed",
                            "comparison_operator": "GreaterThanOrEqualToThreshold",
                            "dimensions.%": "1",
                            "dimensions.InstanceId": "i-0b1d2cd5343b20edb",
                            "evaluate_low_sample_count_percentiles": "",
                            "evaluation_periods": "1",
                            "extended_statistic": "",
                            "id": "me-disha-disha-ifsc-status-checks-failed",
                            "insufficient_data_actions.#": "1",
                            "insufficient_data_actions.640160710": "arn:aws:sns:ap-south-1:778504583090:me-disha-disha-sns",
                            "metric_name": "StatusCheckFailed",
                            "namespace": "AWS/EC2",
                            "ok_actions.#": "1",
                            "ok_actions.640160710": "arn:aws:sns:ap-south-1:778504583090:me-disha-disha-sns",
                            "period": "60",
                            "statistic": "Average",
                            "threshold": "1",
                            "treat_missing_data": "missing",
                            "unit": ""
                        },
                        "meta": {
                            "schema_version": "1"
                        },
                        "tainted": false
                    },
                    "deposed": [],
                    "provider": ""
                },
                "aws_instance.instance": {
                    "type": "aws_instance",
                    "depends_on": [
                        "module.sg"
                    ],
                    "primary": {
                        "id": "i-0b1d2cd5343b20edb",
                        "attributes": {
                            "ami": "ami-f6327e99",
                            "associate_public_ip_address": "false",
                            "availability_zone": "ap-south-1a",
                            "disable_api_termination": "false",
                            "ebs_block_device.#": "1",
                            "ebs_block_device.4133660466.delete_on_termination": "true",
                            "ebs_block_device.4133660466.device_name": "/dev/sdb",
                            "ebs_block_device.4133660466.encrypted": "false",
                            "ebs_block_device.4133660466.iops": "0",
                            "ebs_block_device.4133660466.snapshot_id": "snap-0a7cbc375b2372584",
                            "ebs_block_device.4133660466.volume_size": "30",
                            "ebs_block_device.4133660466.volume_type": "standard",
                            "ebs_optimized": "false",
                            "ephemeral_block_device.#": "0",
                            "iam_instance_profile": "me-disha-instance-profile",
                            "id": "i-0b1d2cd5343b20edb",
                            "instance_state": "running",
                            "instance_type": "t2.small",
                            "ipv6_addresses.#": "0",
                            "key_name": "me-disha.mepvt",
                            "monitoring": "false",
                            "network_interface.#": "0",
                            "network_interface_id": "eni-0019bb5f",
                            "primary_network_interface_id": "eni-0019bb5f",
                            "private_dns": "ip-10-140-1-227.ap-south-1.compute.internal",
                            "private_ip": "10.140.1.227",
                            "public_dns": "",
                            "public_ip": "",
                            "root_block_device.#": "1",
                            "root_block_device.0.delete_on_termination": "true",
                            "root_block_device.0.iops": "100",
                            "root_block_device.0.volume_size": "24",
                            "root_block_device.0.volume_type": "gp2",
                            "security_groups.#": "0",
                            "source_dest_check": "true",
                            "subnet_id": "subnet-61e40d09",
                            "tags.%": "3",
                            "tags.Cluster": "disha",
                            "tags.Environment": "me-disha",
                            "tags.Name": "me-disha-disha-ifsc",
                            "tenancy": "default",
                            "volume_tags.%": "1",
                            "volume_tags.Name": "me-disha-disha-ifsc",
                            "vpc_security_group_ids.#": "2",
                            "vpc_security_group_ids.14646961": "sg-7d267315",
                            "vpc_security_group_ids.3786451493": "sg-912471f9"
                        },
                        "meta": {
                            "e2bfb730-ecaa-11e6-8f88-34363bc7c4c0": {
                                "create": 600000000000,
                                "delete": 600000000000,
                                "update": 600000000000
                            },
                            "schema_version": "1"
                        },
                        "tainted": false
                    },
                    "deposed": [],
                    "provider": ""
                },
                "aws_route53_record.instance_route53_entry": {
                    "type": "aws_route53_record",
                    "depends_on": [
                        "aws_instance.instance"
                    ],
                    "primary": {
                        "id": "Z3RZRS4QER9K1X_disha-ifsc_A",
                        "attributes": {
                            "fqdn": "disha-ifsc.mepvt",
                            "health_check_id": "",
                            "id": "Z3RZRS4QER9K1X_disha-ifsc_A",
                            "name": "disha-ifsc",
                            "records.#": "1",
                            "records.2384528834": "10.140.1.227",
                            "set_identifier": "",
                            "ttl": "60",
                            "type": "A",
                            "zone_id": "Z3RZRS4QER9K1X"
                        },
                        "meta": {
                            "schema_version": "2"
                        },
                        "tainted": false
                    },
                    "deposed": [],
                    "provider": ""
                }
            },
            "depends_on": []
        },
        {
            "path": [
                "root",
                "me_disha_env",
                "disha_location_instance"
            ],
            "outputs": {
                "instance_id": {
                    "sensitive": false,
                    "type": "string",
                    "value": "i-0b395eeda9edb191e"
                },
                "instance_name": {
                    "sensitive": false,
                    "type": "string",
                    "value": "me-disha-disha-location"
                },
                "public_ip": {
                    "sensitive": false,
                    "type": "string",
                    "value": "13.127.3.50"
                }
            },
            "resources": {
                "aws_cloudwatch_metric_alarm.instance_status_check": {
                    "type": "aws_cloudwatch_metric_alarm",
                    "depends_on": [
                        "aws_instance.instance"
                    ],
                    "primary": {
                        "id": "me-disha-disha-location-status-checks-failed",
                        "attributes": {
                            "actions_enabled": "true",
                            "alarm_actions.#": "1",
                            "alarm_actions.640160710": "arn:aws:sns:ap-south-1:778504583090:me-disha-disha-sns",
                            "alarm_description": "This metric monitors ec2 status checks",
                            "alarm_name": "me-disha-disha-location-status-checks-failed",
                            "comparison_operator": "GreaterThanOrEqualToThreshold",
                            "dimensions.%": "1",
                            "dimensions.InstanceId": "i-0b395eeda9edb191e",
                            "evaluate_low_sample_count_percentiles": "",
                            "evaluation_periods": "1",
                            "extended_statistic": "",
                            "id": "me-disha-disha-location-status-checks-failed",
                            "insufficient_data_actions.#": "1",
                            "insufficient_data_actions.640160710": "arn:aws:sns:ap-south-1:778504583090:me-disha-disha-sns",
                            "metric_name": "StatusCheckFailed",
                            "namespace": "AWS/EC2",
                            "ok_actions.#": "1",
                            "ok_actions.640160710": "arn:aws:sns:ap-south-1:778504583090:me-disha-disha-sns",
                            "period": "60",
                            "statistic": "Average",
                            "threshold": "1",
                            "treat_missing_data": "missing",
                            "unit": ""
                        },
                        "meta": {
                            "schema_version": "1"
                        },
                        "tainted": false
                    },
                    "deposed": [],
                    "provider": ""
                },
                "aws_instance.instance": {
                    "type": "aws_instance",
                    "depends_on": [
                        "module.sg"
                    ],
                    "primary": {
                        "id": "i-0b395eeda9edb191e",
                        "attributes": {
                            "ami": "ami-f6327e99",
                            "associate_public_ip_address": "true",
                            "availability_zone": "ap-south-1a",
                            "disable_api_termination": "false",
                            "ebs_block_device.#": "1",
                            "ebs_block_device.4133660466.delete_on_termination": "true",
                            "ebs_block_device.4133660466.device_name": "/dev/sdb",
                            "ebs_block_device.4133660466.encrypted": "false",
                            "ebs_block_device.4133660466.iops": "0",
                            "ebs_block_device.4133660466.snapshot_id": "snap-0a7cbc375b2372584",
                            "ebs_block_device.4133660466.volume_size": "30",
                            "ebs_block_device.4133660466.volume_type": "standard",
                            "ebs_optimized": "false",
                            "ephemeral_block_device.#": "0",
                            "iam_instance_profile": "me-disha-instance-profile",
                            "id": "i-0b395eeda9edb191e",
                            "instance_state": "running",
                            "instance_type": "t2.micro",
                            "ipv6_addresses.#": "0",
                            "key_name": "me-disha.mepvt",
                            "monitoring": "false",
                            "network_interface.#": "0",
                            "network_interface_id": "eni-52ff520d",
                            "primary_network_interface_id": "eni-52ff520d",
                            "private_dns": "ip-10-140-5-148.ap-south-1.compute.internal",
                            "private_ip": "10.140.5.148",
                            "public_dns": "ec2-13-127-3-50.ap-south-1.compute.amazonaws.com",
                            "public_ip": "13.127.3.50",
                            "root_block_device.#": "1",
                            "root_block_device.0.delete_on_termination": "true",
                            "root_block_device.0.iops": "100",
                            "root_block_device.0.volume_size": "24",
                            "root_block_device.0.volume_type": "gp2",
                            "security_groups.#": "0",
                            "source_dest_check": "true",
                            "subnet_id": "subnet-0ae60f62",
                            "tags.%": "3",
                            "tags.Cluster": "disha",
                            "tags.Environment": "me-disha",
                            "tags.Name": "me-disha-disha-location",
                            "tenancy": "default",
                            "volume_tags.%": "1",
                            "volume_tags.Name": "me-disha-disha-location",
                            "vpc_security_group_ids.#": "2",
                            "vpc_security_group_ids.3786451493": "sg-912471f9",
                            "vpc_security_group_ids.3853217804": "sg-be2673d6"
                        },
                        "meta": {
                            "e2bfb730-ecaa-11e6-8f88-34363bc7c4c0": {
                                "create": 600000000000,
                                "delete": 600000000000,
                                "update": 600000000000
                            },
                            "schema_version": "1"
                        },
                        "tainted": false
                    },
                    "deposed": [],
                    "provider": ""
                },
                "aws_route53_record.instance_route53_entry": {
                    "type": "aws_route53_record",
                    "depends_on": [
                        "aws_instance.instance"
                    ],
                    "primary": {
                        "id": "Z3RZRS4QER9K1X_disha-location_A",
                        "attributes": {
                            "fqdn": "disha-location.mepvt",
                            "health_check_id": "",
                            "id": "Z3RZRS4QER9K1X_disha-location_A",
                            "name": "disha-location",
                            "records.#": "1",
                            "records.3204622156": "10.140.5.148",
                            "set_identifier": "",
                            "ttl": "60",
                            "type": "A",
                            "zone_id": "Z3RZRS4QER9K1X"
                        },
                        "meta": {
                            "schema_version": "2"
                        },
                        "tainted": false
                    },
                    "deposed": [],
                    "provider": ""
                }
            },
            "depends_on": []
        },
        {
            "path": [
                "root",
                "me_disha_env",
                "disha_mongo_instance"
            ],
            "outputs": {
                "instance_id": {
                    "sensitive": false,
                    "type": "string",
                    "value": "i-07690e8a9760dda86"
                },
                "instance_name": {
                    "sensitive": false,
                    "type": "string",
                    "value": "me-disha-disha-mongo"
                },
                "public_ip": {
                    "sensitive": false,
                    "type": "string",
                    "value": ""
                }
            },
            "resources": {
                "aws_cloudwatch_metric_alarm.instance_status_check": {
                    "type": "aws_cloudwatch_metric_alarm",
                    "depends_on": [
                        "aws_instance.instance"
                    ],
                    "primary": {
                        "id": "me-disha-disha-mongo-status-checks-failed",
                        "attributes": {
                            "actions_enabled": "true",
                            "alarm_actions.#": "1",
                            "alarm_actions.640160710": "arn:aws:sns:ap-south-1:778504583090:me-disha-disha-sns",
                            "alarm_description": "This metric monitors ec2 status checks",
                            "alarm_name": "me-disha-disha-mongo-status-checks-failed",
                            "comparison_operator": "GreaterThanOrEqualToThreshold",
                            "dimensions.%": "1",
                            "dimensions.InstanceId": "i-07690e8a9760dda86",
                            "evaluate_low_sample_count_percentiles": "",
                            "evaluation_periods": "1",
                            "extended_statistic": "",
                            "id": "me-disha-disha-mongo-status-checks-failed",
                            "insufficient_data_actions.#": "1",
                            "insufficient_data_actions.640160710": "arn:aws:sns:ap-south-1:778504583090:me-disha-disha-sns",
                            "metric_name": "StatusCheckFailed",
                            "namespace": "AWS/EC2",
                            "ok_actions.#": "1",
                            "ok_actions.640160710": "arn:aws:sns:ap-south-1:778504583090:me-disha-disha-sns",
                            "period": "60",
                            "statistic": "Average",
                            "threshold": "1",
                            "treat_missing_data": "missing",
                            "unit": ""
                        },
                        "meta": {
                            "schema_version": "1"
                        },
                        "tainted": false
                    },
                    "deposed": [],
                    "provider": ""
                },
                "aws_instance.instance": {
                    "type": "aws_instance",
                    "depends_on": [
                        "module.sg"
                    ],
                    "primary": {
                        "id": "i-07690e8a9760dda86",
                        "attributes": {
                            "ami": "ami-ee337f81",
                            "associate_public_ip_address": "false",
                            "availability_zone": "ap-south-1a",
                            "disable_api_termination": "false",
                            "ebs_block_device.#": "3",
                            "ebs_block_device.349980344.delete_on_termination": "false",
                            "ebs_block_device.349980344.device_name": "/dev/sdg",
                            "ebs_block_device.349980344.encrypted": "false",
                            "ebs_block_device.349980344.iops": "100",
                            "ebs_block_device.349980344.snapshot_id": "snap-04de6daec39104f47",
                            "ebs_block_device.349980344.volume_size": "5",
                            "ebs_block_device.349980344.volume_type": "gp2",
                            "ebs_block_device.3713125659.delete_on_termination": "false",
                            "ebs_block_device.3713125659.device_name": "/dev/sdf",
                            "ebs_block_device.3713125659.encrypted": "false",
                            "ebs_block_device.3713125659.iops": "100",
                            "ebs_block_device.3713125659.snapshot_id": "snap-0efa9bd22d7f4d24b",
                            "ebs_block_device.3713125659.volume_size": "10",
                            "ebs_block_device.3713125659.volume_type": "gp2",
                            "ebs_block_device.692500767.delete_on_termination": "false",
                            "ebs_block_device.692500767.device_name": "/dev/sdh",
                            "ebs_block_device.692500767.encrypted": "false",
                            "ebs_block_device.692500767.iops": "100",
                            "ebs_block_device.692500767.snapshot_id": "snap-0b325c3d1078ea27a",
                            "ebs_block_device.692500767.volume_size": "10",
                            "ebs_block_device.692500767.volume_type": "gp2",
                            "ebs_optimized": "false",
                            "ephemeral_block_device.#": "0",
                            "iam_instance_profile": "me-disha-instance-profile",
                            "id": "i-07690e8a9760dda86",
                            "instance_state": "running",
                            "instance_type": "t2.micro",
                            "ipv6_addresses.#": "0",
                            "key_name": "me-disha.mepvt",
                            "monitoring": "false",
                            "network_interface.#": "0",
                            "network_interface_id": "eni-5ffc5100",
                            "primary_network_interface_id": "eni-5ffc5100",
                            "private_dns": "ip-10-140-1-68.ap-south-1.compute.internal",
                            "private_ip": "10.140.1.68",
                            "public_dns": "",
                            "public_ip": "",
                            "root_block_device.#": "1",
                            "root_block_device.0.delete_on_termination": "true",
                            "root_block_device.0.iops": "100",
                            "root_block_device.0.volume_size": "20",
                            "root_block_device.0.volume_type": "gp2",
                            "security_groups.#": "0",
                            "source_dest_check": "true",
                            "subnet_id": "subnet-61e40d09",
                            "tags.%": "3",
                            "tags.Cluster": "disha-mongo",
                            "tags.Environment": "me-disha",
                            "tags.Name": "me-disha-disha-mongo",
                            "tenancy": "default",
                            "volume_tags.%": "1",
                            "volume_tags.Name": "me-disha-disha-mongo",
                            "vpc_security_group_ids.#": "2",
                            "vpc_security_group_ids.2035158708": "sg-7f267317",
                            "vpc_security_group_ids.3786451493": "sg-912471f9"
                        },
                        "meta": {
                            "e2bfb730-ecaa-11e6-8f88-34363bc7c4c0": {
                                "create": 600000000000,
                                "delete": 600000000000,
                                "update": 600000000000
                            },
                            "schema_version": "1"
                        },
                        "tainted": false
                    },
                    "deposed": [],
                    "provider": ""
                },
                "aws_route53_record.instance_route53_entry": {
                    "type": "aws_route53_record",
                    "depends_on": [
                        "aws_instance.instance"
                    ],
                    "primary": {
                        "id": "Z3RZRS4QER9K1X_disha-mongo_A",
                        "attributes": {
                            "fqdn": "disha-mongo.mepvt",
                            "health_check_id": "",
                            "id": "Z3RZRS4QER9K1X_disha-mongo_A",
                            "name": "disha-mongo",
                            "records.#": "1",
                            "records.339306390": "10.140.1.68",
                            "set_identifier": "",
                            "ttl": "60",
                            "type": "A",
                            "zone_id": "Z3RZRS4QER9K1X"
                        },
                        "meta": {
                            "schema_version": "2"
                        },
                        "tainted": false
                    },
                    "deposed": [],
                    "provider": ""
                }
            },
            "depends_on": []
        },
        {
            "path": [
                "root",
                "me_disha_env",
                "disha_reporting_data"
            ],
            "outputs": {},
            "resources": {},
            "depends_on": []
        },
        {
            "path": [
                "root",
                "me_disha_env",
                "disha_sns"
            ],
            "outputs": {
                "sns_arn": {
                    "sensitive": false,
                    "type": "string",
                    "value": "arn:aws:sns:ap-south-1:778504583090:me-disha-disha-sns"
                }
            },
            "resources": {
                "aws_sns_topic.sns_topic": {
                    "type": "aws_sns_topic",
                    "depends_on": [],
                    "primary": {
                        "id": "arn:aws:sns:ap-south-1:778504583090:me-disha-disha-sns",
                        "attributes": {
                            "arn": "arn:aws:sns:ap-south-1:778504583090:me-disha-disha-sns",
                            "display_name": "",
                            "id": "arn:aws:sns:ap-south-1:778504583090:me-disha-disha-sns",
                            "name": "me-disha-disha-sns",
                            "policy": "{\"Id\":\"__default_policy_ID\",\"Statement\":[{\"Action\":[\"SNS:GetTopicAttributes\",\"SNS:SetTopicAttributes\",\"SNS:AddPermission\",\"SNS:RemovePermission\",\"SNS:DeleteTopic\",\"SNS:Subscribe\",\"SNS:ListSubscriptionsByTopic\",\"SNS:Publish\",\"SNS:Receive\"],\"Condition\":{\"StringEquals\":{\"AWS:SourceOwner\":\"778504583090\"}},\"Effect\":\"Allow\",\"Principal\":{\"AWS\":\"*\"},\"Resource\":\"arn:aws:sns:ap-south-1:778504583090:me-disha-disha-sns\",\"Sid\":\"__default_statement_ID\"}],\"Version\":\"2008-10-17\"}"
                        },
                        "meta": {},
                        "tainted": false
                    },
                    "deposed": [],
                    "provider": ""
                }
            },
            "depends_on": []
        },
        {
            "path": [
                "root",
                "me_disha_env",
                "disha_web"
            ],
            "outputs": {
                "bucket_id": {
                    "sensitive": false,
                    "type": "string",
                    "value": "me-disha-disha-web"
                }
            },
            "resources": {
                "aws_s3_bucket.bucket": {
                    "type": "aws_s3_bucket",
                    "depends_on": [],
                    "primary": {
                        "id": "me-disha-disha-web",
                        "attributes": {
                            "acceleration_status": "",
                            "acl": "private",
                            "arn": "arn:aws:s3:::me-disha-disha-web",
                            "bucket": "me-disha-disha-web",
                            "bucket_domain_name": "me-disha-disha-web.s3.amazonaws.com",
                            "cors_rule.#": "1",
                            "cors_rule.0.allowed_headers.#": "1",
                            "cors_rule.0.allowed_headers.0": "Authorization",
                            "cors_rule.0.allowed_methods.#": "1",
                            "cors_rule.0.allowed_methods.0": "GET",
                            "cors_rule.0.allowed_origins.#": "1",
                            "cors_rule.0.allowed_origins.0": "*",
                            "cors_rule.0.expose_headers.#": "0",
                            "cors_rule.0.max_age_seconds": "3000",
                            "force_destroy": "false",
                            "hosted_zone_id": "Z11RGJOFQNVJUP",
                            "id": "me-disha-disha-web",
                            "logging.#": "0",
                            "policy": "{\"Statement\":[{\"Action\":\"s3:GetObject\",\"Effect\":\"Allow\",\"Principal\":\"*\",\"Resource\":\"arn:aws:s3:::me-disha-disha-web/*\",\"Sid\":\"AddPerm\"}],\"Version\":\"2012-10-17\"}",
                            "region": "ap-south-1",
                            "request_payer": "BucketOwner",
                            "tags.%": "0",
                            "versioning.#": "1",
                            "versioning.0.enabled": "false",
                            "versioning.0.mfa_delete": "false",
                            "website.#": "0"
                        },
                        "meta": {},
                        "tainted": false
                    },
                    "deposed": [],
                    "provider": ""
                }
            },
            "depends_on": []
        },
        {
            "path": [
                "root",
                "me_disha_env",
                "disha_web_tcmap_instance"
            ],
            "outputs": {
                "instance_id": {
                    "sensitive": false,
                    "type": "string",
                    "value": "i-07719dbc166d28777"
                },
                "instance_name": {
                    "sensitive": false,
                    "type": "string",
                    "value": "me-disha-disha-web-tcmap"
                },
                "public_ip": {
                    "sensitive": false,
                    "type": "string",
                    "value": ""
                }
            },
            "resources": {
                "aws_cloudwatch_metric_alarm.instance_status_check": {
                    "type": "aws_cloudwatch_metric_alarm",
                    "depends_on": [
                        "aws_instance.instance"
                    ],
                    "primary": {
                        "id": "me-disha-disha-web-tcmap-status-checks-failed",
                        "attributes": {
                            "actions_enabled": "true",
                            "alarm_actions.#": "1",
                            "alarm_actions.640160710": "arn:aws:sns:ap-south-1:778504583090:me-disha-disha-sns",
                            "alarm_description": "This metric monitors ec2 status checks",
                            "alarm_name": "me-disha-disha-web-tcmap-status-checks-failed",
                            "comparison_operator": "GreaterThanOrEqualToThreshold",
                            "dimensions.%": "1",
                            "dimensions.InstanceId": "i-07719dbc166d28777",
                            "evaluate_low_sample_count_percentiles": "",
                            "evaluation_periods": "1",
                            "extended_statistic": "",
                            "id": "me-disha-disha-web-tcmap-status-checks-failed",
                            "insufficient_data_actions.#": "1",
                            "insufficient_data_actions.640160710": "arn:aws:sns:ap-south-1:778504583090:me-disha-disha-sns",
                            "metric_name": "StatusCheckFailed",
                            "namespace": "AWS/EC2",
                            "ok_actions.#": "1",
                            "ok_actions.640160710": "arn:aws:sns:ap-south-1:778504583090:me-disha-disha-sns",
                            "period": "60",
                            "statistic": "Average",
                            "threshold": "1",
                            "treat_missing_data": "missing",
                            "unit": ""
                        },
                        "meta": {
                            "schema_version": "1"
                        },
                        "tainted": false
                    },
                    "deposed": [],
                    "provider": ""
                },
                "aws_instance.instance": {
                    "type": "aws_instance",
                    "depends_on": [
                        "module.sg"
                    ],
                    "primary": {
                        "id": "i-07719dbc166d28777",
                        "attributes": {
                            "ami": "ami-f6327e99",
                            "associate_public_ip_address": "false",
                            "availability_zone": "ap-south-1a",
                            "disable_api_termination": "false",
                            "ebs_block_device.#": "1",
                            "ebs_block_device.4133660466.delete_on_termination": "true",
                            "ebs_block_device.4133660466.device_name": "/dev/sdb",
                            "ebs_block_device.4133660466.encrypted": "false",
                            "ebs_block_device.4133660466.iops": "0",
                            "ebs_block_device.4133660466.snapshot_id": "snap-0a7cbc375b2372584",
                            "ebs_block_device.4133660466.volume_size": "30",
                            "ebs_block_device.4133660466.volume_type": "standard",
                            "ebs_optimized": "false",
                            "ephemeral_block_device.#": "0",
                            "iam_instance_profile": "me-disha-instance-profile",
                            "id": "i-07719dbc166d28777",
                            "instance_state": "stopped",
                            "instance_type": "t2.micro",
                            "ipv6_addresses.#": "0",
                            "key_name": "me-disha.mepvt",
                            "monitoring": "false",
                            "network_interface.#": "0",
                            "network_interface_id": "eni-3c19bb63",
                            "primary_network_interface_id": "eni-3c19bb63",
                            "private_dns": "ip-10-140-1-108.ap-south-1.compute.internal",
                            "private_ip": "10.140.1.108",
                            "public_dns": "",
                            "public_ip": "",
                            "root_block_device.#": "1",
                            "root_block_device.0.delete_on_termination": "true",
                            "root_block_device.0.iops": "100",
                            "root_block_device.0.volume_size": "24",
                            "root_block_device.0.volume_type": "gp2",
                            "security_groups.#": "0",
                            "source_dest_check": "true",
                            "subnet_id": "subnet-61e40d09",
                            "tags.%": "3",
                            "tags.Cluster": "disha-web-server",
                            "tags.Environment": "me-disha",
                            "tags.Name": "me-disha-disha-web-tcmap",
                            "tenancy": "default",
                            "volume_tags.%": "1",
                            "volume_tags.Name": "me-disha-disha-web-tcmap",
                            "vpc_security_group_ids.#": "2",
                            "vpc_security_group_ids.153776621": "sg-e1217489",
                            "vpc_security_group_ids.3786451493": "sg-912471f9"
                        },
                        "meta": {
                            "e2bfb730-ecaa-11e6-8f88-34363bc7c4c0": {
                                "create": 600000000000,
                                "delete": 600000000000,
                                "update": 600000000000
                            },
                            "schema_version": "1"
                        },
                        "tainted": false
                    },
                    "deposed": [],
                    "provider": ""
                },
                "aws_route53_record.instance_route53_entry": {
                    "type": "aws_route53_record",
                    "depends_on": [
                        "aws_instance.instance"
                    ],
                    "primary": {
                        "id": "Z3RZRS4QER9K1X_disha-web-tcmap_A",
                        "attributes": {
                            "fqdn": "disha-web-tcmap.mepvt",
                            "health_check_id": "",
                            "id": "Z3RZRS4QER9K1X_disha-web-tcmap_A",
                            "name": "disha-web-tcmap",
                            "records.#": "1",
                            "records.787399816": "10.140.1.108",
                            "set_identifier": "",
                            "ttl": "60",
                            "type": "A",
                            "zone_id": "Z3RZRS4QER9K1X"
                        },
                        "meta": {
                            "schema_version": "2"
                        },
                        "tainted": false
                    },
                    "deposed": [],
                    "provider": ""
                }
            },
            "depends_on": []
        },
        {
            "path": [
                "root",
                "me_disha_env",
                "elb-http-sg"
            ],
            "outputs": {
                "sg_id": {
                    "sensitive": false,
                    "type": "string",
                    "value": "sg-7a267312"
                }
            },
            "resources": {
                "aws_security_group.sg": {
                    "type": "aws_security_group",
                    "depends_on": [],
                    "primary": {
                        "id": "sg-7a267312",
                        "attributes": {
                            "description": "Managed by Terraform",
                            "egress.#": "1",
                            "egress.482069346.cidr_blocks.#": "1",
                            "egress.482069346.cidr_blocks.0": "0.0.0.0/0",
                            "egress.482069346.description": "",
                            "egress.482069346.from_port": "0",
                            "egress.482069346.ipv6_cidr_blocks.#": "0",
                            "egress.482069346.prefix_list_ids.#": "0",
                            "egress.482069346.protocol": "-1",
                            "egress.482069346.security_groups.#": "0",
                            "egress.482069346.self": "false",
                            "egress.482069346.to_port": "0",
                            "id": "sg-7a267312",
                            "ingress.#": "2",
                            "ingress.2214680975.cidr_blocks.#": "1",
                            "ingress.2214680975.cidr_blocks.0": "0.0.0.0/0",
                            "ingress.2214680975.description": "",
                            "ingress.2214680975.from_port": "80",
                            "ingress.2214680975.ipv6_cidr_blocks.#": "0",
                            "ingress.2214680975.protocol": "tcp",
                            "ingress.2214680975.security_groups.#": "0",
                            "ingress.2214680975.self": "false",
                            "ingress.2214680975.to_port": "80",
                            "ingress.2617001939.cidr_blocks.#": "1",
                            "ingress.2617001939.cidr_blocks.0": "0.0.0.0/0",
                            "ingress.2617001939.description": "",
                            "ingress.2617001939.from_port": "443",
                            "ingress.2617001939.ipv6_cidr_blocks.#": "0",
                            "ingress.2617001939.protocol": "tcp",
                            "ingress.2617001939.security_groups.#": "0",
                            "ingress.2617001939.self": "false",
                            "ingress.2617001939.to_port": "443",
                            "name": "me-disha-elb-http-sg",
                            "owner_id": "778504583090",
                            "revoke_rules_on_delete": "false",
                            "tags.%": "1",
                            "tags.Name": "me-disha-elb-http-sg",
                            "vpc_id": "vpc-d218feba"
                        },
                        "meta": {
                            "schema_version": "1"
                        },
                        "tainted": false
                    },
                    "deposed": [],
                    "provider": ""
                },
                "aws_security_group_rule.sg_rule.0": {
                    "type": "aws_security_group_rule",
                    "depends_on": [
                        "aws_security_group.sg"
                    ],
                    "primary": {
                        "id": "sgrule-2393039046",
                        "attributes": {
                            "cidr_blocks.#": "1",
                            "cidr_blocks.0": "0.0.0.0/0",
                            "description": "",
                            "from_port": "80",
                            "id": "sgrule-2393039046",
                            "ipv6_cidr_blocks.#": "0",
                            "prefix_list_ids.#": "0",
                            "protocol": "tcp",
                            "security_group_id": "sg-7a267312",
                            "self": "false",
                            "to_port": "80",
                            "type": "ingress"
                        },
                        "meta": {
                            "schema_version": "2"
                        },
                        "tainted": false
                    },
                    "deposed": [],
                    "provider": ""
                },
                "aws_security_group_rule.sg_rule.1": {
                    "type": "aws_security_group_rule",
                    "depends_on": [
                        "aws_security_group.sg"
                    ],
                    "primary": {
                        "id": "sgrule-2609479392",
                        "attributes": {
                            "cidr_blocks.#": "1",
                            "cidr_blocks.0": "0.0.0.0/0",
                            "description": "",
                            "from_port": "443",
                            "id": "sgrule-2609479392",
                            "ipv6_cidr_blocks.#": "0",
                            "prefix_list_ids.#": "0",
                            "protocol": "tcp",
                            "security_group_id": "sg-7a267312",
                            "self": "false",
                            "to_port": "443",
                            "type": "ingress"
                        },
                        "meta": {
                            "schema_version": "2"
                        },
                        "tainted": false
                    },
                    "deposed": [],
                    "provider": ""
                },
                "aws_security_group_rule.sg_rule.2": {
                    "type": "aws_security_group_rule",
                    "depends_on": [
                        "aws_security_group.sg"
                    ],
                    "primary": {
                        "id": "sgrule-996876264",
                        "attributes": {
                            "cidr_blocks.#": "1",
                            "cidr_blocks.0": "0.0.0.0/0",
                            "description": "",
                            "from_port": "0",
                            "id": "sgrule-996876264",
                            "ipv6_cidr_blocks.#": "0",
                            "prefix_list_ids.#": "0",
                            "protocol": "-1",
                            "security_group_id": "sg-7a267312",
                            "self": "false",
                            "to_port": "0",
                            "type": "egress"
                        },
                        "meta": {
                            "schema_version": "2"
                        },
                        "tainted": false
                    },
                    "deposed": [],
                    "provider": ""
                }
            },
            "depends_on": []
        },
        {
            "path": [
                "root",
                "me_disha_env",
                "hkcl_sign_zip_notification"
            ],
            "outputs": {},
            "resources": {},
            "depends_on": []
        },
        {
            "path": [
                "root",
                "me_disha_env",
                "iam_user_disha_certificate"
            ],
            "outputs": {},
            "resources": {
                "aws_iam_access_key.iam_access_key": {
                    "type": "aws_iam_access_key",
                    "depends_on": [
                        "aws_iam_user.iam_user"
                    ],
                    "primary": {
                        "id": "AKIAJ64ZXMH7QHO7QNWA",
                        "attributes": {
                            "id": "AKIAJ64ZXMH7QHO7QNWA",
                            "secret": "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",
                            "ses_smtp_password": "Aj0DySWpnhsnhmzYGay0B9EGpMl8I0LuVxJvYfOCxFQr",
                            "status": "Active",
                            "user": "me-disha-disha-certificate-iam-user"
                        },
                        "meta": {},
                        "tainted": false
                    },
                    "deposed": [],
                    "provider": ""
                },
                "aws_iam_user.iam_user": {
                    "type": "aws_iam_user",
                    "depends_on": [],
                    "primary": {
                        "id": "me-disha-disha-certificate-iam-user",
                        "attributes": {
                            "arn": "arn:aws:iam::778504583090:user/me-disha-disha-certificate-iam-user",
                            "force_destroy": "false",
                            "id": "me-disha-disha-certificate-iam-user",
                            "name": "me-disha-disha-certificate-iam-user",
                            "path": "/",
                            "unique_id": "AIDAIA7YCSLJOC35AGWH4"
                        },
                        "meta": {},
                        "tainted": false
                    },
                    "deposed": [],
                    "provider": ""
                },
                "aws_iam_user_policy.lb_ro": {
                    "type": "aws_iam_user_policy",
                    "depends_on": [
                        "aws_iam_user.iam_user"
                    ],
                    "primary": {
                        "id": "me-disha-disha-certificate-iam-user:me-disha-disha-certificate-iam-user-policy",
                        "attributes": {
                            "id": "me-disha-disha-certificate-iam-user:me-disha-disha-certificate-iam-user-policy",
                            "name": "me-disha-disha-certificate-iam-user-policy",
                            "policy": "{\n    \"Version\": \"2012-10-17\",\n    \"Statement\": [\n        {\n            \"Sid\": \"Stmt1489128738000\",\n            \"Effect\": \"Allow\",\n            \"Action\": [\n                \"sqs:AddPermission\",\n                \"sqs:ChangeMessageVisibility\",\n                \"sqs:ChangeMessageVisibilityBatch\",\n                \"sqs:CreateQueue\",\n                \"sqs:GetQueueAttributes\",\n                \"sqs:GetQueueUrl\",\n                \"sqs:ListDeadLetterSourceQueues\",\n                \"sqs:ListQueues\",\n                \"sqs:PurgeQueue\",\n                \"sqs:ReceiveMessage\",\n                \"sqs:SendMessage\",\n                \"sqs:SendMessageBatch\",\n                \"sqs:SetQueueAttributes\",\n                \"sqs:DeleteMessage\"\n            ],\n            \"Resource\": [\n                \"arn:aws:sqs:ap-south-1:778504583090:me-disha-certificate\",\n                \"arn:aws:sqs:ap-south-1:778504583090:me-disha-certificate-status\"\n            ]\n        },\n        {\n            \"Effect\": \"Allow\",\n            \"Action\": [\n                \"s3:*\"\n            ],\n            \"Resource\": [\n                \"arn:aws:s3:::me-disha-student-certificates/*\",\n                \"arn:aws:s3:::me-disha-disha-document/*\"\n            ]\n        },\n        {\n            \"Effect\": \"Allow\",\n            \"Action\": [\n                \"sns:Publish\"\n            ],\n            \"Resource\": [\n                \"arn:aws:sns:ap-south-1:778504583090:me-disha-certificate-sns\"\n            ]\n        }\n    ]\n}\n",
                            "user": "me-disha-disha-certificate-iam-user"
                        },
                        "meta": {},
                        "tainted": false
                    },
                    "deposed": [],
                    "provider": ""
                }
            },
            "depends_on": []
        },
        {
            "path": [
                "root",
                "me_disha_env",
                "iam_user_disha_eligibilitty"
            ],
            "outputs": {},
            "resources": {
                "aws_iam_access_key.iam_access_key": {
                    "type": "aws_iam_access_key",
                    "depends_on": [
                        "aws_iam_user.iam_user"
                    ],
                    "primary": {
                        "id": "AKIAJNNM4VFAC6AA3F4Q",
                        "attributes": {
                            "id": "AKIAJNNM4VFAC6AA3F4Q",
                            "secret": "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",
                            "ses_smtp_password": "ArgN0bi3y2ndpM8pZNxOtyGz7ZCuMCc+bujrDjrNRA/o",
                            "status": "Active",
                            "user": "me-disha-disha-eligibility-iam-user"
                        },
                        "meta": {},
                        "tainted": false
                    },
                    "deposed": [],
                    "provider": ""
                },
                "aws_iam_user.iam_user": {
                    "type": "aws_iam_user",
                    "depends_on": [],
                    "primary": {
                        "id": "me-disha-disha-eligibility-iam-user",
                        "attributes": {
                            "arn": "arn:aws:iam::778504583090:user/me-disha-disha-eligibility-iam-user",
                            "force_destroy": "false",
                            "id": "me-disha-disha-eligibility-iam-user",
                            "name": "me-disha-disha-eligibility-iam-user",
                            "path": "/",
                            "unique_id": "AIDAJ7DPELZA2SVOATLGW"
                        },
                        "meta": {},
                        "tainted": false
                    },
                    "deposed": [],
                    "provider": ""
                },
                "aws_iam_user_policy.lb_ro": {
                    "type": "aws_iam_user_policy",
                    "depends_on": [
                        "aws_iam_user.iam_user"
                    ],
                    "primary": {
                        "id": "me-disha-disha-eligibility-iam-user:me-disha-disha-eligibility-iam-user-policy",
                        "attributes": {
                            "id": "me-disha-disha-eligibility-iam-user:me-disha-disha-eligibility-iam-user-policy",
                            "name": "me-disha-disha-eligibility-iam-user-policy",
                            "policy": "{\n    \"Version\": \"2012-10-17\",\n    \"Statement\": [\n        {\n            \"Sid\": \"Stmt1489128738000\",\n            \"Effect\": \"Allow\",\n            \"Action\": [\n                \"sqs:AddPermission\",\n                \"sqs:ChangeMessageVisibility\",\n                \"sqs:ChangeMessageVisibilityBatch\",\n                \"sqs:CreateQueue\",\n                \"sqs:GetQueueAttributes\",\n                \"sqs:GetQueueUrl\",\n                \"sqs:ListDeadLetterSourceQueues\",\n                \"sqs:ListQueues\",\n                \"sqs:PurgeQueue\",\n                \"sqs:ReceiveMessage\",\n                \"sqs:SendMessage\",\n                \"sqs:SendMessageBatch\",\n                \"sqs:SetQueueAttributes\",\n                \"sqs:DeleteMessage\"\n            ],\n            \"Resource\": [\n                \"arn:aws:sqs:ap-south-1:778504583090:me-disha-excel-reports\",\n                \"arn:aws:sqs:ap-south-1:778504583090:me-disha-ses-email\",\n                \"arn:aws:sqs:ap-south-1:778504583090:me-disha-eligibility-sign-certificate\"\n\n            ]\n        },\n        {\n            \"Effect\": \"Allow\",\n            \"Action\": [\n                \"s3:*\"\n            ],\n            \"Resource\": [\n                \"arn:aws:s3:::me-disha-disha-document/*\",\n                \"arn:aws:s3:::me-disha-disha-email/*\",\n                \"arn:aws:s3:::me-disha-certificates-sign-zip/*\"\n            ]\n        }\n    ]\n}\n",
                            "user": "me-disha-disha-eligibility-iam-user"
                        },
                        "meta": {},
                        "tainted": false
                    },
                    "deposed": [],
                    "provider": ""
                }
            },
            "depends_on": []
        },
        {
            "path": [
                "root",
                "me_disha_env",
                "iam_user_disha_web"
            ],
            "outputs": {},
            "resources": {
                "aws_iam_access_key.iam_access_key": {
                    "type": "aws_iam_access_key",
                    "depends_on": [
                        "aws_iam_user.iam_user"
                    ],
                    "primary": {
                        "id": "AKIAJG6P33AITM2KW7OA",
                        "attributes": {
                            "id": "AKIAJG6P33AITM2KW7OA",
                            "secret": "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",
                            "ses_smtp_password": "AmZv1JZeVNMA5B/OGIe0tCkU8M+AtmSNdEMVckgpiSpP",
                            "status": "Active",
                            "user": "me-disha-disha-web-iam-user"
                        },
                        "meta": {},
                        "tainted": false
                    },
                    "deposed": [],
                    "provider": ""
                },
                "aws_iam_user.iam_user": {
                    "type": "aws_iam_user",
                    "depends_on": [],
                    "primary": {
                        "id": "me-disha-disha-web-iam-user",
                        "attributes": {
                            "arn": "arn:aws:iam::778504583090:user/me-disha-disha-web-iam-user",
                            "force_destroy": "false",
                            "id": "me-disha-disha-web-iam-user",
                            "name": "me-disha-disha-web-iam-user",
                            "path": "/",
                            "unique_id": "AIDAJJWCI323LNMLU5ULI"
                        },
                        "meta": {},
                        "tainted": false
                    },
                    "deposed": [],
                    "provider": ""
                },
                "aws_iam_user_policy.lb_ro": {
                    "type": "aws_iam_user_policy",
                    "depends_on": [
                        "aws_iam_user.iam_user"
                    ],
                    "primary": {
                        "id": "me-disha-disha-web-iam-user:me-disha-disha-web-iam-user-policy",
                        "attributes": {
                            "id": "me-disha-disha-web-iam-user:me-disha-disha-web-iam-user-policy",
                            "name": "me-disha-disha-web-iam-user-policy",
                            "policy": "{\n    \"Version\": \"2012-10-17\",\n    \"Statement\": [\n        {\n            \"Sid\": \"Stmt1489128738000\",\n            \"Effect\": \"Allow\",\n            \"Action\": [\n                \"sqs:AddPermission\",\n                \"sqs:ChangeMessageVisibility\",\n                \"sqs:ChangeMessageVisibilityBatch\",\n                \"sqs:CreateQueue\",\n                \"sqs:GetQueueAttributes\",\n                \"sqs:GetQueueUrl\",\n                \"sqs:ListDeadLetterSourceQueues\",\n                \"sqs:ListQueues\",\n                \"sqs:PurgeQueue\",\n                \"sqs:ReceiveMessage\",\n                \"sqs:SendMessage\",\n                \"sqs:SendMessageBatch\",\n                \"sqs:SetQueueAttributes\",\n                \"sqs:DeleteMessage\"\n            ],\n            \"Resource\": [\n                \"arn:aws:sqs:ap-south-1:778504583090:me-disha-excel-reports\"\n            ]\n        },\n        {\n            \"Effect\": \"Allow\",\n            \"Action\": [\n                \"s3:*\"\n            ],\n            \"Resource\": [\n                \"arn:aws:s3:::me-disha-disha-document/*\"\n            ]\n        }\n    ]\n}\n",
                            "user": "me-disha-disha-web-iam-user"
                        },
                        "meta": {},
                        "tainted": false
                    },
                    "deposed": [],
                    "provider": ""
                }
            },
            "depends_on": []
        },
        {
            "path": [
                "root",
                "me_disha_env",
                "iam_user_hkcl_certificate"
            ],
            "outputs": {},
            "resources": {
                "aws_iam_access_key.iam_access_key": {
                    "type": "aws_iam_access_key",
                    "depends_on": [
                        "aws_iam_user.iam_user"
                    ],
                    "primary": {
                        "id": "AKIAJGZDT6ZJAE4LFYBA",
                        "attributes": {
                            "id": "AKIAJGZDT6ZJAE4LFYBA",
                            "secret": "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",
                            "ses_smtp_password": "Ap6B54Lu+i1sbwEKhjbaxT10wT5AcUcuIXSGWPK6B8UJ",
                            "status": "Active",
                            "user": "me-disha-hkcl-certificate"
                        },
                        "meta": {},
                        "tainted": false
                    },
                    "deposed": [],
                    "provider": ""
                },
                "aws_iam_user.iam_user": {
                    "type": "aws_iam_user",
                    "depends_on": [],
                    "primary": {
                        "id": "me-disha-hkcl-certificate",
                        "attributes": {
                            "arn": "arn:aws:iam::778504583090:user/me-disha-hkcl-certificate",
                            "force_destroy": "false",
                            "id": "me-disha-hkcl-certificate",
                            "name": "me-disha-hkcl-certificate",
                            "path": "/",
                            "unique_id": "AIDAIE2XLKKW5H3SYAY5M"
                        },
                        "meta": {},
                        "tainted": false
                    },
                    "deposed": [],
                    "provider": ""
                },
                "aws_iam_user_policy.lb_ro": {
                    "type": "aws_iam_user_policy",
                    "depends_on": [
                        "aws_iam_user.iam_user"
                    ],
                    "primary": {
                        "id": "me-disha-hkcl-certificate:me-disha-hkcl-certificate-policy",
                        "attributes": {
                            "id": "me-disha-hkcl-certificate:me-disha-hkcl-certificate-policy",
                            "name": "me-disha-hkcl-certificate-policy",
                            "policy": "{\n    \"Version\": \"2012-10-17\",\n    \"Statement\": [\n        {\n            \"Effect\": \"Allow\",\n            \"Action\": [\n                \"s3:*\"\n            ],\n            \"Resource\": [\n                \"arn:aws:s3:::me-disha-certificates-sign-zip/hkcl/*\"\n            ]\n        }\n    ]\n}\n",
                            "user": "me-disha-hkcl-certificate"
                        },
                        "meta": {},
                        "tainted": false
                    },
                    "deposed": [],
                    "provider": ""
                }
            },
            "depends_on": []
        },
        {
            "path": [
                "root",
                "me_disha_env",
                "iam_user_nios_certificate"
            ],
            "outputs": {},
            "resources": {
                "aws_iam_access_key.iam_access_key": {
                    "type": "aws_iam_access_key",
                    "depends_on": [
                        "aws_iam_user.iam_user"
                    ],
                    "primary": {
                        "id": "AKIAIAUXBMOK37WQF4AQ",
                        "attributes": {
                            "id": "AKIAIAUXBMOK37WQF4AQ",
                            "secret": "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",
                            "ses_smtp_password": "AiCiN25mNDAtCWh3wrIhhQLEXVkCFHyZ+OVBY1Iy+uho",
                            "status": "Active",
                            "user": "me-disha-nios-certificate"
                        },
                        "meta": {},
                        "tainted": false
                    },
                    "deposed": [],
                    "provider": ""
                },
                "aws_iam_user.iam_user": {
                    "type": "aws_iam_user",
                    "depends_on": [],
                    "primary": {
                        "id": "me-disha-nios-certificate",
                        "attributes": {
                            "arn": "arn:aws:iam::778504583090:user/me-disha-nios-certificate",
                            "force_destroy": "false",
                            "id": "me-disha-nios-certificate",
                            "name": "me-disha-nios-certificate",
                            "path": "/",
                            "unique_id": "AIDAIT5L6IULVA337SCFS"
                        },
                        "meta": {},
                        "tainted": false
                    },
                    "deposed": [],
                    "provider": ""
                },
                "aws_iam_user_policy.lb_ro": {
                    "type": "aws_iam_user_policy",
                    "depends_on": [
                        "aws_iam_user.iam_user"
                    ],
                    "primary": {
                        "id": "me-disha-nios-certificate:me-disha-nios-certificate-policy",
                        "attributes": {
                            "id": "me-disha-nios-certificate:me-disha-nios-certificate-policy",
                            "name": "me-disha-nios-certificate-policy",
                            "policy": "{\n    \"Version\": \"2012-10-17\",\n    \"Statement\": [\n        {\n            \"Effect\": \"Allow\",\n            \"Action\": [\n                \"s3:*\"\n            ],\n            \"Resource\": [\n                \"arn:aws:s3:::me-disha-certificates-sign-zip/nios/*\"\n            ]\n        }\n    ]\n}\n",
                            "user": "me-disha-nios-certificate"
                        },
                        "meta": {},
                        "tainted": false
                    },
                    "deposed": [],
                    "provider": ""
                }
            },
            "depends_on": []
        },
        {
            "path": [
                "root",
                "me_disha_env",
                "jump_box"
            ],
            "outputs": {
                "instance_id": {
                    "sensitive": false,
                    "type": "string",
                    "value": "i-016bc27c17bde8db4"
                },
                "instance_name": {
                    "sensitive": false,
                    "type": "string",
                    "value": "me-disha-jump-box"
                },
                "public_ip": {
                    "sensitive": false,
                    "type": "string",
                    "value": "13.127.20.85"
                }
            },
            "resources": {
                "aws_cloudwatch_metric_alarm.instance_status_check": {
                    "type": "aws_cloudwatch_metric_alarm",
                    "depends_on": [
                        "aws_instance.instance"
                    ],
                    "primary": {
                        "id": "me-disha-jump-box-status-checks-failed",
                        "attributes": {
                            "actions_enabled": "true",
                            "alarm_actions.#": "1",
                            "alarm_actions.640160710": "arn:aws:sns:ap-south-1:778504583090:me-disha-disha-sns",
                            "alarm_description": "This metric monitors ec2 status checks",
                            "alarm_name": "me-disha-jump-box-status-checks-failed",
                            "comparison_operator": "GreaterThanOrEqualToThreshold",
                            "dimensions.%": "1",
                            "dimensions.InstanceId": "i-016bc27c17bde8db4",
                            "evaluate_low_sample_count_percentiles": "",
                            "evaluation_periods": "1",
                            "extended_statistic": "",
                            "id": "me-disha-jump-box-status-checks-failed",
                            "insufficient_data_actions.#": "1",
                            "insufficient_data_actions.640160710": "arn:aws:sns:ap-south-1:778504583090:me-disha-disha-sns",
                            "metric_name": "StatusCheckFailed",
                            "namespace": "AWS/EC2",
                            "ok_actions.#": "1",
                            "ok_actions.640160710": "arn:aws:sns:ap-south-1:778504583090:me-disha-disha-sns",
                            "period": "60",
                            "statistic": "Average",
                            "threshold": "1",
                            "treat_missing_data": "missing",
                            "unit": ""
                        },
                        "meta": {
                            "schema_version": "1"
                        },
                        "tainted": false
                    },
                    "deposed": [],
                    "provider": ""
                },
                "aws_instance.instance": {
                    "type": "aws_instance",
                    "depends_on": [
                        "module.sg"
                    ],
                    "primary": {
                        "id": "i-016bc27c17bde8db4",
                        "attributes": {
                            "ami": "ami-f6327e99",
                            "associate_public_ip_address": "true",
                            "availability_zone": "ap-south-1a",
                            "disable_api_termination": "false",
                            "ebs_block_device.#": "1",
                            "ebs_block_device.4133660466.delete_on_termination": "true",
                            "ebs_block_device.4133660466.device_name": "/dev/sdb",
                            "ebs_block_device.4133660466.encrypted": "false",
                            "ebs_block_device.4133660466.iops": "0",
                            "ebs_block_device.4133660466.snapshot_id": "snap-0a7cbc375b2372584",
                            "ebs_block_device.4133660466.volume_size": "30",
                            "ebs_block_device.4133660466.volume_type": "standard",
                            "ebs_optimized": "false",
                            "ephemeral_block_device.#": "0",
                            "iam_instance_profile": "",
                            "id": "i-016bc27c17bde8db4",
                            "instance_state": "running",
                            "instance_type": "t2.micro",
                            "ipv6_addresses.#": "0",
                            "key_name": "me-disha.mepvt",
                            "monitoring": "false",
                            "network_interface.#": "0",
                            "network_interface_id": "eni-b31bb9ec",
                            "primary_network_interface_id": "eni-b31bb9ec",
                            "private_dns": "ip-10-140-5-241.ap-south-1.compute.internal",
                            "private_ip": "10.140.5.241",
                            "public_dns": "ec2-13-127-20-85.ap-south-1.compute.amazonaws.com",
                            "public_ip": "13.127.20.85",
                            "root_block_device.#": "1",
                            "root_block_device.0.delete_on_termination": "true",
                            "root_block_device.0.iops": "100",
                            "root_block_device.0.volume_size": "24",
                            "root_block_device.0.volume_type": "gp2",
                            "security_groups.#": "0",
                            "source_dest_check": "true",
                            "subnet_id": "subnet-0ae60f62",
                            "tags.%": "3",
                            "tags.Cluster": "maintenance",
                            "tags.Environment": "me-disha",
                            "tags.Name": "me-disha-jump-box",
                            "tenancy": "default",
                            "volume_tags.%": "1",
                            "volume_tags.Name": "me-disha-jump-box",
                            "vpc_security_group_ids.#": "2",
                            "vpc_security_group_ids.3016752498": "sg-4421742c",
                            "vpc_security_group_ids.3786451493": "sg-912471f9"
                        },
                        "meta": {
                            "e2bfb730-ecaa-11e6-8f88-34363bc7c4c0": {
                                "create": 600000000000,
                                "delete": 600000000000,
                                "update": 600000000000
                            },
                            "schema_version": "1"
                        },
                        "tainted": false
                    },
                    "deposed": [],
                    "provider": ""
                },
                "aws_route53_record.instance_route53_entry": {
                    "type": "aws_route53_record",
                    "depends_on": [
                        "aws_instance.instance"
                    ],
                    "primary": {
                        "id": "Z3RZRS4QER9K1X_jump-box_A",
                        "attributes": {
                            "fqdn": "jump-box.mepvt",
                            "health_check_id": "",
                            "id": "Z3RZRS4QER9K1X_jump-box_A",
                            "name": "jump-box",
                            "records.#": "1",
                            "records.3298337201": "10.140.5.241",
                            "set_identifier": "",
                            "ttl": "60",
                            "type": "A",
                            "zone_id": "Z3RZRS4QER9K1X"
                        },
                        "meta": {
                            "schema_version": "2"
                        },
                        "tainted": false
                    },
                    "deposed": [],
                    "provider": ""
                }
            },
            "depends_on": []
        },
        {
            "path": [
                "root",
                "me_disha_env",
                "metabase-tg-http"
            ],
            "outputs": {
                "alb_tg_arn": {
                    "sensitive": false,
                    "type": "string",
                    "value": "arn:aws:elasticloadbalancing:ap-south-1:778504583090:targetgroup/me-disha-metabase-http/9c539d54b8287b53"
                }
            },
            "resources": {
                "aws_alb_target_group.alb_tg": {
                    "type": "aws_alb_target_group",
                    "depends_on": [],
                    "primary": {
                        "id": "arn:aws:elasticloadbalancing:ap-south-1:778504583090:targetgroup/me-disha-metabase-http/9c539d54b8287b53",
                        "attributes": {
                            "arn": "arn:aws:elasticloadbalancing:ap-south-1:778504583090:targetgroup/me-disha-metabase-http/9c539d54b8287b53",
                            "arn_suffix": "targetgroup/me-disha-metabase-http/9c539d54b8287b53",
                            "deregistration_delay": "300",
                            "health_check.#": "1",
                            "health_check.0.healthy_threshold": "2",
                            "health_check.0.interval": "15",
                            "health_check.0.matcher": "200",
                            "health_check.0.path": "/",
                            "health_check.0.port": "8080",
                            "health_check.0.protocol": "HTTP",
                            "health_check.0.timeout": "10",
                            "health_check.0.unhealthy_threshold": "2",
                            "id": "arn:aws:elasticloadbalancing:ap-south-1:778504583090:targetgroup/me-disha-metabase-http/9c539d54b8287b53",
                            "name": "me-disha-metabase-http",
                            "port": "8080",
                            "protocol": "HTTP",
                            "stickiness.#": "1",
                            "stickiness.0.cookie_duration": "86400",
                            "stickiness.0.enabled": "false",
                            "stickiness.0.type": "lb_cookie",
                            "tags.%": "0",
                            "target_type": "instance",
                            "vpc_id": "vpc-d218feba"
                        },
                        "meta": {},
                        "tainted": false
                    },
                    "deposed": [],
                    "provider": ""
                },
                "aws_cloudwatch_metric_alarm.high_unhealthy_alarm": {
                    "type": "aws_cloudwatch_metric_alarm",
                    "depends_on": [],
                    "primary": {
                        "id": "me-disha-ELB-metabase-http-High-Unhealthy-Hosts",
                        "attributes": {
                            "actions_enabled": "true",
                            "alarm_actions.#": "1",
                            "alarm_actions.640160710": "arn:aws:sns:ap-south-1:778504583090:me-disha-disha-sns",
                            "alarm_description": "Raises alarm if unhealthy instances in me-disha-metabase-http load balancer increase",
                            "alarm_name": "me-disha-ELB-metabase-http-High-Unhealthy-Hosts",
                            "comparison_operator": "GreaterThanThreshold",
                            "dimensions.%": "1",
                            "dimensions.LoadBalancerName": "me-disha-metabase-http",
                            "evaluate_low_sample_count_percentiles": "",
                            "evaluation_periods": "1",
                            "extended_statistic": "",
                            "id": "me-disha-ELB-metabase-http-High-Unhealthy-Hosts",
                            "insufficient_data_actions.#": "0",
                            "metric_name": "UnHealthyHostCount",
                            "namespace": "AWS/ELB",
                            "ok_actions.#": "0",
                            "period": "60",
                            "statistic": "Average",
                            "threshold": "0",
                            "treat_missing_data": "missing",
                            "unit": ""
                        },
                        "meta": {
                            "schema_version": "1"
                        },
                        "tainted": false
                    },
                    "deposed": [],
                    "provider": ""
                },
                "aws_cloudwatch_metric_alarm.low_healthy_alarm": {
                    "type": "aws_cloudwatch_metric_alarm",
                    "depends_on": [],
                    "primary": {
                        "id": "me-disha-ELB-metabase-http-Low-Healthy-Hosts",
                        "attributes": {
                            "actions_enabled": "true",
                            "alarm_actions.#": "1",
                            "alarm_actions.640160710": "arn:aws:sns:ap-south-1:778504583090:me-disha-disha-sns",
                            "alarm_description": "Raises alarm if healthy instances in me-disha-metabase-http load balancer decrease",
                            "alarm_name": "me-disha-ELB-metabase-http-Low-Healthy-Hosts",
                            "comparison_operator": "LessThanThreshold",
                            "dimensions.%": "1",
                            "dimensions.LoadBalancerName": "me-disha-metabase-http",
                            "evaluate_low_sample_count_percentiles": "",
                            "evaluation_periods": "1",
                            "extended_statistic": "",
                            "id": "me-disha-ELB-metabase-http-Low-Healthy-Hosts",
                            "insufficient_data_actions.#": "0",
                            "metric_name": "HealthyHostCount",
                            "namespace": "AWS/ELB",
                            "ok_actions.#": "0",
                            "period": "60",
                            "statistic": "Average",
                            "threshold": "1",
                            "treat_missing_data": "missing",
                            "unit": ""
                        },
                        "meta": {
                            "schema_version": "1"
                        },
                        "tainted": false
                    },
                    "deposed": [],
                    "provider": ""
                }
            },
            "depends_on": []
        },
        {
            "path": [
                "root",
                "me_disha_env",
                "metabase-tg-https"
            ],
            "outputs": {
                "alb_tg_arn": {
                    "sensitive": false,
                    "type": "string",
                    "value": "arn:aws:elasticloadbalancing:ap-south-1:778504583090:targetgroup/me-disha-metabase-https/6b6aacfdd573fed3"
                }
            },
            "resources": {},
            "depends_on": []
        },
        {
            "path": [
                "root",
                "me_disha_env",
                "metabase_instance"
            ],
            "outputs": {
                "instance_id": {
                    "sensitive": false,
                    "type": "string",
                    "value": "i-01763f1a53598c832"
                },
                "instance_name": {
                    "sensitive": false,
                    "type": "string",
                    "value": "me-disha-metabase"
                },
                "public_ip": {
                    "sensitive": false,
                    "type": "string",
                    "value": ""
                }
            },
            "resources": {
                "aws_cloudwatch_metric_alarm.instance_status_check": {
                    "type": "aws_cloudwatch_metric_alarm",
                    "depends_on": [
                        "aws_instance.instance"
                    ],
                    "primary": {
                        "id": "me-disha-metabase-status-checks-failed",
                        "attributes": {
                            "actions_enabled": "true",
                            "alarm_actions.#": "1",
                            "alarm_actions.640160710": "arn:aws:sns:ap-south-1:778504583090:me-disha-disha-sns",
                            "alarm_description": "This metric monitors ec2 status checks",
                            "alarm_name": "me-disha-metabase-status-checks-failed",
                            "comparison_operator": "GreaterThanOrEqualToThreshold",
                            "dimensions.%": "1",
                            "dimensions.InstanceId": "i-01763f1a53598c832",
                            "evaluate_low_sample_count_percentiles": "",
                            "evaluation_periods": "1",
                            "extended_statistic": "",
                            "id": "me-disha-metabase-status-checks-failed",
                            "insufficient_data_actions.#": "1",
                            "insufficient_data_actions.640160710": "arn:aws:sns:ap-south-1:778504583090:me-disha-disha-sns",
                            "metric_name": "StatusCheckFailed",
                            "namespace": "AWS/EC2",
                            "ok_actions.#": "1",
                            "ok_actions.640160710": "arn:aws:sns:ap-south-1:778504583090:me-disha-disha-sns",
                            "period": "60",
                            "statistic": "Average",
                            "threshold": "1",
                            "treat_missing_data": "missing",
                            "unit": ""
                        },
                        "meta": {
                            "schema_version": "1"
                        },
                        "tainted": false
                    },
                    "deposed": [],
                    "provider": ""
                },
                "aws_instance.instance": {
                    "type": "aws_instance",
                    "depends_on": [
                        "module.sg"
                    ],
                    "primary": {
                        "id": "i-01763f1a53598c832",
                        "attributes": {
                            "ami": "ami-f6327e99",
                            "associate_public_ip_address": "false",
                            "availability_zone": "ap-south-1a",
                            "disable_api_termination": "false",
                            "ebs_block_device.#": "1",
                            "ebs_block_device.4133660466.delete_on_termination": "true",
                            "ebs_block_device.4133660466.device_name": "/dev/sdb",
                            "ebs_block_device.4133660466.encrypted": "false",
                            "ebs_block_device.4133660466.iops": "0",
                            "ebs_block_device.4133660466.snapshot_id": "snap-0a7cbc375b2372584",
                            "ebs_block_device.4133660466.volume_size": "30",
                            "ebs_block_device.4133660466.volume_type": "standard",
                            "ebs_optimized": "false",
                            "ephemeral_block_device.#": "0",
                            "iam_instance_profile": "me-disha-instance-profile",
                            "id": "i-01763f1a53598c832",
                            "instance_state": "running",
                            "instance_type": "t2.large",
                            "ipv6_addresses.#": "0",
                            "key_name": "me-disha.mepvt",
                            "monitoring": "false",
                            "network_interface.#": "0",
                            "network_interface_id": "eni-798b0f26",
                            "primary_network_interface_id": "eni-798b0f26",
                            "private_dns": "ip-10-140-1-143.ap-south-1.compute.internal",
                            "private_ip": "10.140.1.143",
                            "public_dns": "",
                            "public_ip": "",
                            "root_block_device.#": "1",
                            "root_block_device.0.delete_on_termination": "true",
                            "root_block_device.0.iops": "100",
                            "root_block_device.0.volume_size": "24",
                            "root_block_device.0.volume_type": "gp2",
                            "security_groups.#": "0",
                            "source_dest_check": "true",
                            "subnet_id": "subnet-61e40d09",
                            "tags.%": "3",
                            "tags.Cluster": "disha",
                            "tags.Environment": "me-disha",
                            "tags.Name": "me-disha-metabase",
                            "tenancy": "default",
                            "volume_tags.%": "1",
                            "volume_tags.Name": "me-disha-metabase",
                            "vpc_security_group_ids.#": "2",
                            "vpc_security_group_ids.1531610042": "sg-bf5a7ad7",
                            "vpc_security_group_ids.3786451493": "sg-912471f9"
                        },
                        "meta": {
                            "e2bfb730-ecaa-11e6-8f88-34363bc7c4c0": {
                                "create": 600000000000,
                                "delete": 600000000000,
                                "update": 600000000000
                            },
                            "schema_version": "1"
                        },
                        "tainted": false
                    },
                    "deposed": [],
                    "provider": ""
                },
                "aws_route53_record.instance_route53_entry": {
                    "type": "aws_route53_record",
                    "depends_on": [
                        "aws_instance.instance"
                    ],
                    "primary": {
                        "id": "Z3RZRS4QER9K1X_metabase_A",
                        "attributes": {
                            "fqdn": "metabase.mepvt",
                            "health_check_id": "",
                            "id": "Z3RZRS4QER9K1X_metabase_A",
                            "name": "metabase",
                            "records.#": "1",
                            "records.3713062916": "10.140.1.143",
                            "set_identifier": "",
                            "ttl": "60",
                            "type": "A",
                            "zone_id": "Z3RZRS4QER9K1X"
                        },
                        "meta": {
                            "schema_version": "2"
                        },
                        "tainted": false
                    },
                    "deposed": [],
                    "provider": ""
                }
            },
            "depends_on": []
        },
        {
            "path": [
                "root",
                "me_disha_env",
                "nfs_instance"
            ],
            "outputs": {
                "instance_id": {
                    "sensitive": false,
                    "type": "string",
                    "value": "i-0d05aff7260f474fd"
                },
                "instance_name": {
                    "sensitive": false,
                    "type": "string",
                    "value": "me-disha-nfs"
                },
                "public_ip": {
                    "sensitive": false,
                    "type": "string",
                    "value": ""
                }
            },
            "resources": {
                "aws_cloudwatch_metric_alarm.instance_status_check": {
                    "type": "aws_cloudwatch_metric_alarm",
                    "depends_on": [
                        "aws_instance.instance"
                    ],
                    "primary": {
                        "id": "me-disha-nfs-status-checks-failed",
                        "attributes": {
                            "actions_enabled": "true",
                            "alarm_actions.#": "1",
                            "alarm_actions.640160710": "arn:aws:sns:ap-south-1:778504583090:me-disha-disha-sns",
                            "alarm_description": "This metric monitors ec2 status checks",
                            "alarm_name": "me-disha-nfs-status-checks-failed",
                            "comparison_operator": "GreaterThanOrEqualToThreshold",
                            "dimensions.%": "1",
                            "dimensions.InstanceId": "i-0d05aff7260f474fd",
                            "evaluate_low_sample_count_percentiles": "",
                            "evaluation_periods": "1",
                            "extended_statistic": "",
                            "id": "me-disha-nfs-status-checks-failed",
                            "insufficient_data_actions.#": "1",
                            "insufficient_data_actions.640160710": "arn:aws:sns:ap-south-1:778504583090:me-disha-disha-sns",
                            "metric_name": "StatusCheckFailed",
                            "namespace": "AWS/EC2",
                            "ok_actions.#": "1",
                            "ok_actions.640160710": "arn:aws:sns:ap-south-1:778504583090:me-disha-disha-sns",
                            "period": "60",
                            "statistic": "Average",
                            "threshold": "1",
                            "treat_missing_data": "missing",
                            "unit": ""
                        },
                        "meta": {
                            "schema_version": "1"
                        },
                        "tainted": false
                    },
                    "deposed": [],
                    "provider": ""
                },
                "aws_instance.instance": {
                    "type": "aws_instance",
                    "depends_on": [
                        "module.sg"
                    ],
                    "primary": {
                        "id": "i-0d05aff7260f474fd",
                        "attributes": {
                            "ami": "ami-f6327e99",
                            "associate_public_ip_address": "false",
                            "availability_zone": "ap-south-1a",
                            "disable_api_termination": "false",
                            "ebs_block_device.#": "1",
                            "ebs_block_device.4133660466.delete_on_termination": "true",
                            "ebs_block_device.4133660466.device_name": "/dev/sdb",
                            "ebs_block_device.4133660466.encrypted": "false",
                            "ebs_block_device.4133660466.iops": "0",
                            "ebs_block_device.4133660466.snapshot_id": "snap-0a7cbc375b2372584",
                            "ebs_block_device.4133660466.volume_size": "30",
                            "ebs_block_device.4133660466.volume_type": "standard",
                            "ebs_optimized": "false",
                            "ephemeral_block_device.#": "0",
                            "iam_instance_profile": "me-disha-instance-profile",
                            "id": "i-0d05aff7260f474fd",
                            "instance_state": "running",
                            "instance_type": "t2.medium",
                            "ipv6_addresses.#": "0",
                            "key_name": "me-disha.mepvt",
                            "monitoring": "false",
                            "network_interface.#": "0",
                            "network_interface_id": "eni-5c17b503",
                            "primary_network_interface_id": "eni-5c17b503",
                            "private_dns": "ip-10-140-1-69.ap-south-1.compute.internal",
                            "private_ip": "10.140.1.69",
                            "public_dns": "",
                            "public_ip": "",
                            "root_block_device.#": "1",
                            "root_block_device.0.delete_on_termination": "true",
                            "root_block_device.0.iops": "100",
                            "root_block_device.0.volume_size": "24",
                            "root_block_device.0.volume_type": "gp2",
                            "security_groups.#": "0",
                            "source_dest_check": "true",
                            "subnet_id": "subnet-61e40d09",
                            "tags.%": "3",
                            "tags.Cluster": "platform-core-server",
                            "tags.Environment": "me-disha",
                            "tags.Name": "me-disha-nfs",
                            "tenancy": "default",
                            "volume_tags.%": "1",
                            "volume_tags.Name": "me-disha-nfs",
                            "vpc_security_group_ids.#": "2",
                            "vpc_security_group_ids.2127033337": "sg-b32174db",
                            "vpc_security_group_ids.3786451493": "sg-912471f9"
                        },
                        "meta": {
                            "e2bfb730-ecaa-11e6-8f88-34363bc7c4c0": {
                                "create": 600000000000,
                                "delete": 600000000000,
                                "update": 600000000000
                            },
                            "schema_version": "1"
                        },
                        "tainted": false
                    },
                    "deposed": [],
                    "provider": ""
                },
                "aws_route53_record.instance_route53_entry": {
                    "type": "aws_route53_record",
                    "depends_on": [
                        "aws_instance.instance"
                    ],
                    "primary": {
                        "id": "Z3RZRS4QER9K1X_nfs_A",
                        "attributes": {
                            "fqdn": "nfs.mepvt",
                            "health_check_id": "",
                            "id": "Z3RZRS4QER9K1X_nfs_A",
                            "name": "nfs",
                            "records.#": "1",
                            "records.1665029888": "10.140.1.69",
                            "set_identifier": "",
                            "ttl": "60",
                            "type": "A",
                            "zone_id": "Z3RZRS4QER9K1X"
                        },
                        "meta": {
                            "schema_version": "2"
                        },
                        "tainted": false
                    },
                    "deposed": [],
                    "provider": ""
                }
            },
            "depends_on": []
        },
        {
            "path": [
                "root",
                "me_disha_env",
                "nios_sign_zip_notification"
            ],
            "outputs": {},
            "resources": {},
            "depends_on": []
        },
        {
            "path": [
                "root",
                "me_disha_env",
                "pmgdisha_info_instance"
            ],
            "outputs": {
                "instance_id": {
                    "sensitive": false,
                    "type": "string",
                    "value": "i-0f09fcfec9b20cf88"
                },
                "instance_name": {
                    "sensitive": false,
                    "type": "string",
                    "value": "me-disha-pmgdisha_info"
                },
                "public_ip": {
                    "sensitive": false,
                    "type": "string",
                    "value": ""
                }
            },
            "resources": {
                "aws_cloudwatch_metric_alarm.instance_status_check": {
                    "type": "aws_cloudwatch_metric_alarm",
                    "depends_on": [
                        "aws_instance.instance"
                    ],
                    "primary": {
                        "id": "me-disha-pmgdisha_info-status-checks-failed",
                        "attributes": {
                            "actions_enabled": "true",
                            "alarm_actions.#": "1",
                            "alarm_actions.640160710": "arn:aws:sns:ap-south-1:778504583090:me-disha-disha-sns",
                            "alarm_description": "This metric monitors ec2 status checks",
                            "alarm_name": "me-disha-pmgdisha_info-status-checks-failed",
                            "comparison_operator": "GreaterThanOrEqualToThreshold",
                            "dimensions.%": "1",
                            "dimensions.InstanceId": "i-0f09fcfec9b20cf88",
                            "evaluate_low_sample_count_percentiles": "",
                            "evaluation_periods": "1",
                            "extended_statistic": "",
                            "id": "me-disha-pmgdisha_info-status-checks-failed",
                            "insufficient_data_actions.#": "1",
                            "insufficient_data_actions.640160710": "arn:aws:sns:ap-south-1:778504583090:me-disha-disha-sns",
                            "metric_name": "StatusCheckFailed",
                            "namespace": "AWS/EC2",
                            "ok_actions.#": "1",
                            "ok_actions.640160710": "arn:aws:sns:ap-south-1:778504583090:me-disha-disha-sns",
                            "period": "60",
                            "statistic": "Average",
                            "threshold": "1",
                            "treat_missing_data": "missing",
                            "unit": ""
                        },
                        "meta": {
                            "schema_version": "1"
                        },
                        "tainted": false
                    },
                    "deposed": [],
                    "provider": ""
                },
                "aws_instance.instance": {
                    "type": "aws_instance",
                    "depends_on": [
                        "module.sg"
                    ],
                    "primary": {
                        "id": "i-0f09fcfec9b20cf88",
                        "attributes": {
                            "ami": "ami-f6327e99",
                            "associate_public_ip_address": "false",
                            "availability_zone": "ap-south-1a",
                            "disable_api_termination": "false",
                            "ebs_block_device.#": "1",
                            "ebs_block_device.4133660466.delete_on_termination": "true",
                            "ebs_block_device.4133660466.device_name": "/dev/sdb",
                            "ebs_block_device.4133660466.encrypted": "false",
                            "ebs_block_device.4133660466.iops": "0",
                            "ebs_block_device.4133660466.snapshot_id": "snap-0a7cbc375b2372584",
                            "ebs_block_device.4133660466.volume_size": "30",
                            "ebs_block_device.4133660466.volume_type": "standard",
                            "ebs_optimized": "false",
                            "ephemeral_block_device.#": "0",
                            "iam_instance_profile": "me-disha-instance-profile",
                            "id": "i-0f09fcfec9b20cf88",
                            "instance_state": "running",
                            "instance_type": "t2.micro",
                            "ipv6_addresses.#": "0",
                            "key_name": "me-disha.mepvt",
                            "monitoring": "false",
                            "network_interface.#": "0",
                            "network_interface_id": "eni-4e1ab811",
                            "primary_network_interface_id": "eni-4e1ab811",
                            "private_dns": "ip-10-140-1-71.ap-south-1.compute.internal",
                            "private_ip": "10.140.1.71",
                            "public_dns": "",
                            "public_ip": "",
                            "root_block_device.#": "1",
                            "root_block_device.0.delete_on_termination": "true",
                            "root_block_device.0.iops": "100",
                            "root_block_device.0.volume_size": "24",
                            "root_block_device.0.volume_type": "gp2",
                            "security_groups.#": "0",
                            "source_dest_check": "true",
                            "subnet_id": "subnet-61e40d09",
                            "tags.%": "3",
                            "tags.Cluster": "disha",
                            "tags.Environment": "me-disha",
                            "tags.Name": "me-disha-pmgdisha_info",
                            "tenancy": "default",
                            "volume_tags.%": "1",
                            "volume_tags.Name": "me-disha-pmgdisha_info",
                            "vpc_security_group_ids.#": "2",
                            "vpc_security_group_ids.367094444": "sg-b12174d9",
                            "vpc_security_group_ids.3786451493": "sg-912471f9"
                        },
                        "meta": {
                            "e2bfb730-ecaa-11e6-8f88-34363bc7c4c0": {
                                "create": 600000000000,
                                "delete": 600000000000,
                                "update": 600000000000
                            },
                            "schema_version": "1"
                        },
                        "tainted": false
                    },
                    "deposed": [],
                    "provider": ""
                },
                "aws_route53_record.instance_route53_entry": {
                    "type": "aws_route53_record",
                    "depends_on": [
                        "aws_instance.instance"
                    ],
                    "primary": {
                        "id": "Z3RZRS4QER9K1X_pmgdisha_info_A",
                        "attributes": {
                            "fqdn": "pmgdisha_info.mepvt",
                            "health_check_id": "",
                            "id": "Z3RZRS4QER9K1X_pmgdisha_info_A",
                            "name": "pmgdisha_info",
                            "records.#": "1",
                            "records.1962864243": "10.140.1.71",
                            "set_identifier": "",
                            "ttl": "60",
                            "type": "A",
                            "zone_id": "Z3RZRS4QER9K1X"
                        },
                        "meta": {
                            "schema_version": "2"
                        },
                        "tainted": false
                    },
                    "deposed": [],
                    "provider": ""
                }
            },
            "depends_on": []
        },
        {
            "path": [
                "root",
                "me_disha_env",
                "practice-tg-http"
            ],
            "outputs": {
                "alb_tg_arn": {
                    "sensitive": false,
                    "type": "string",
                    "value": "arn:aws:elasticloadbalancing:ap-south-1:778504583090:targetgroup/me-disha-practice-http/b7378ce37c506737"
                }
            },
            "resources": {
                "aws_alb_target_group.alb_tg": {
                    "type": "aws_alb_target_group",
                    "depends_on": [],
                    "primary": {
                        "id": "arn:aws:elasticloadbalancing:ap-south-1:778504583090:targetgroup/me-disha-practice-http/b7378ce37c506737",
                        "attributes": {
                            "arn": "arn:aws:elasticloadbalancing:ap-south-1:778504583090:targetgroup/me-disha-practice-http/b7378ce37c506737",
                            "arn_suffix": "targetgroup/me-disha-practice-http/b7378ce37c506737",
                            "deregistration_delay": "300",
                            "health_check.#": "1",
                            "health_check.0.healthy_threshold": "2",
                            "health_check.0.interval": "15",
                            "health_check.0.matcher": "200",
                            "health_check.0.path": "/statusCheck",
                            "health_check.0.port": "8040",
                            "health_check.0.protocol": "HTTP",
                            "health_check.0.timeout": "10",
                            "health_check.0.unhealthy_threshold": "2",
                            "id": "arn:aws:elasticloadbalancing:ap-south-1:778504583090:targetgroup/me-disha-practice-http/b7378ce37c506737",
                            "name": "me-disha-practice-http",
                            "port": "8040",
                            "protocol": "HTTP",
                            "stickiness.#": "1",
                            "stickiness.0.cookie_duration": "86400",
                            "stickiness.0.enabled": "false",
                            "stickiness.0.type": "lb_cookie",
                            "tags.%": "0",
                            "target_type": "instance",
                            "vpc_id": "vpc-d218feba"
                        },
                        "meta": {},
                        "tainted": false
                    },
                    "deposed": [],
                    "provider": ""
                },
                "aws_cloudwatch_metric_alarm.high_unhealthy_alarm": {
                    "type": "aws_cloudwatch_metric_alarm",
                    "depends_on": [],
                    "primary": {
                        "id": "me-disha-ELB-practice-http-High-Unhealthy-Hosts",
                        "attributes": {
                            "actions_enabled": "true",
                            "alarm_actions.#": "1",
                            "alarm_actions.640160710": "arn:aws:sns:ap-south-1:778504583090:me-disha-disha-sns",
                            "alarm_description": "Raises alarm if unhealthy instances in me-disha-practice-http load balancer increase",
                            "alarm_name": "me-disha-ELB-practice-http-High-Unhealthy-Hosts",
                            "comparison_operator": "GreaterThanThreshold",
                            "dimensions.%": "1",
                            "dimensions.LoadBalancerName": "me-disha-practice-http",
                            "evaluate_low_sample_count_percentiles": "",
                            "evaluation_periods": "1",
                            "extended_statistic": "",
                            "id": "me-disha-ELB-practice-http-High-Unhealthy-Hosts",
                            "insufficient_data_actions.#": "0",
                            "metric_name": "UnHealthyHostCount",
                            "namespace": "AWS/ELB",
                            "ok_actions.#": "0",
                            "period": "60",
                            "statistic": "Average",
                            "threshold": "0",
                            "treat_missing_data": "missing",
                            "unit": ""
                        },
                        "meta": {
                            "schema_version": "1"
                        },
                        "tainted": false
                    },
                    "deposed": [],
                    "provider": ""
                },
                "aws_cloudwatch_metric_alarm.low_healthy_alarm": {
                    "type": "aws_cloudwatch_metric_alarm",
                    "depends_on": [],
                    "primary": {
                        "id": "me-disha-ELB-practice-http-Low-Healthy-Hosts",
                        "attributes": {
                            "actions_enabled": "true",
                            "alarm_actions.#": "1",
                            "alarm_actions.640160710": "arn:aws:sns:ap-south-1:778504583090:me-disha-disha-sns",
                            "alarm_description": "Raises alarm if healthy instances in me-disha-practice-http load balancer decrease",
                            "alarm_name": "me-disha-ELB-practice-http-Low-Healthy-Hosts",
                            "comparison_operator": "LessThanThreshold",
                            "dimensions.%": "1",
                            "dimensions.LoadBalancerName": "me-disha-practice-http",
                            "evaluate_low_sample_count_percentiles": "",
                            "evaluation_periods": "1",
                            "extended_statistic": "",
                            "id": "me-disha-ELB-practice-http-Low-Healthy-Hosts",
                            "insufficient_data_actions.#": "0",
                            "metric_name": "HealthyHostCount",
                            "namespace": "AWS/ELB",
                            "ok_actions.#": "0",
                            "period": "60",
                            "statistic": "Average",
                            "threshold": "1",
                            "treat_missing_data": "missing",
                            "unit": ""
                        },
                        "meta": {
                            "schema_version": "1"
                        },
                        "tainted": false
                    },
                    "deposed": [],
                    "provider": ""
                }
            },
            "depends_on": []
        },
        {
            "path": [
                "root",
                "me_disha_env",
                "practice_instance"
            ],
            "outputs": {
                "instance_id": {
                    "sensitive": false,
                    "type": "string",
                    "value": "i-0c7ceb58810b5e1cd"
                },
                "instance_name": {
                    "sensitive": false,
                    "type": "string",
                    "value": "me-disha-practice"
                },
                "public_ip": {
                    "sensitive": false,
                    "type": "string",
                    "value": ""
                }
            },
            "resources": {
                "aws_cloudwatch_metric_alarm.instance_status_check": {
                    "type": "aws_cloudwatch_metric_alarm",
                    "depends_on": [
                        "aws_instance.instance"
                    ],
                    "primary": {
                        "id": "me-disha-practice-status-checks-failed",
                        "attributes": {
                            "actions_enabled": "true",
                            "alarm_actions.#": "1",
                            "alarm_actions.640160710": "arn:aws:sns:ap-south-1:778504583090:me-disha-disha-sns",
                            "alarm_description": "This metric monitors ec2 status checks",
                            "alarm_name": "me-disha-practice-status-checks-failed",
                            "comparison_operator": "GreaterThanOrEqualToThreshold",
                            "dimensions.%": "1",
                            "dimensions.InstanceId": "i-0c7ceb58810b5e1cd",
                            "evaluate_low_sample_count_percentiles": "",
                            "evaluation_periods": "1",
                            "extended_statistic": "",
                            "id": "me-disha-practice-status-checks-failed",
                            "insufficient_data_actions.#": "1",
                            "insufficient_data_actions.640160710": "arn:aws:sns:ap-south-1:778504583090:me-disha-disha-sns",
                            "metric_name": "StatusCheckFailed",
                            "namespace": "AWS/EC2",
                            "ok_actions.#": "1",
                            "ok_actions.640160710": "arn:aws:sns:ap-south-1:778504583090:me-disha-disha-sns",
                            "period": "60",
                            "statistic": "Average",
                            "threshold": "1",
                            "treat_missing_data": "missing",
                            "unit": ""
                        },
                        "meta": {
                            "schema_version": "1"
                        },
                        "tainted": false
                    },
                    "deposed": [],
                    "provider": ""
                },
                "aws_instance.instance": {
                    "type": "aws_instance",
                    "depends_on": [
                        "module.sg"
                    ],
                    "primary": {
                        "id": "i-0c7ceb58810b5e1cd",
                        "attributes": {
                            "ami": "ami-f6327e99",
                            "associate_public_ip_address": "false",
                            "availability_zone": "ap-south-1a",
                            "disable_api_termination": "false",
                            "ebs_block_device.#": "1",
                            "ebs_block_device.4133660466.delete_on_termination": "true",
                            "ebs_block_device.4133660466.device_name": "/dev/sdb",
                            "ebs_block_device.4133660466.encrypted": "false",
                            "ebs_block_device.4133660466.iops": "0",
                            "ebs_block_device.4133660466.snapshot_id": "snap-0a7cbc375b2372584",
                            "ebs_block_device.4133660466.volume_size": "30",
                            "ebs_block_device.4133660466.volume_type": "standard",
                            "ebs_optimized": "false",
                            "ephemeral_block_device.#": "0",
                            "iam_instance_profile": "me-disha-instance-profile",
                            "id": "i-0c7ceb58810b5e1cd",
                            "instance_state": "running",
                            "instance_type": "t2.small",
                            "ipv6_addresses.#": "0",
                            "key_name": "me-disha.mepvt",
                            "monitoring": "false",
                            "network_interface.#": "0",
                            "network_interface_id": "eni-f90087a6",
                            "primary_network_interface_id": "eni-f90087a6",
                            "private_dns": "ip-10-140-1-151.ap-south-1.compute.internal",
                            "private_ip": "10.140.1.151",
                            "public_dns": "",
                            "public_ip": "",
                            "root_block_device.#": "1",
                            "root_block_device.0.delete_on_termination": "true",
                            "root_block_device.0.iops": "100",
                            "root_block_device.0.volume_size": "24",
                            "root_block_device.0.volume_type": "gp2",
                            "security_groups.#": "0",
                            "source_dest_check": "true",
                            "subnet_id": "subnet-61e40d09",
                            "tags.%": "3",
                            "tags.Cluster": "disha",
                            "tags.Environment": "me-disha",
                            "tags.Name": "me-disha-practice",
                            "tenancy": "default",
                            "volume_tags.%": "1",
                            "volume_tags.Name": "me-disha-practice",
                            "vpc_security_group_ids.#": "2",
                            "vpc_security_group_ids.3786451493": "sg-912471f9",
                            "vpc_security_group_ids.725827577": "sg-570b283f"
                        },
                        "meta": {
                            "e2bfb730-ecaa-11e6-8f88-34363bc7c4c0": {
                                "create": 600000000000,
                                "delete": 600000000000,
                                "update": 600000000000
                            },
                            "schema_version": "1"
                        },
                        "tainted": false
                    },
                    "deposed": [],
                    "provider": ""
                },
                "aws_route53_record.instance_route53_entry": {
                    "type": "aws_route53_record",
                    "depends_on": [
                        "aws_instance.instance"
                    ],
                    "primary": {
                        "id": "Z3RZRS4QER9K1X_practice_A",
                        "attributes": {
                            "fqdn": "practice.mepvt",
                            "health_check_id": "",
                            "id": "Z3RZRS4QER9K1X_practice_A",
                            "name": "practice",
                            "records.#": "1",
                            "records.709199977": "10.140.1.151",
                            "set_identifier": "",
                            "ttl": "60",
                            "type": "A",
                            "zone_id": "Z3RZRS4QER9K1X"
                        },
                        "meta": {
                            "schema_version": "2"
                        },
                        "tainted": false
                    },
                    "deposed": [],
                    "provider": ""
                }
            },
            "depends_on": []
        },
        {
            "path": [
                "root",
                "me_disha_env",
                "redis_instance"
            ],
            "outputs": {
                "instance_id": {
                    "sensitive": false,
                    "type": "string",
                    "value": "i-08d164f772e5dea28"
                },
                "instance_name": {
                    "sensitive": false,
                    "type": "string",
                    "value": "me-disha-redis"
                },
                "public_ip": {
                    "sensitive": false,
                    "type": "string",
                    "value": ""
                }
            },
            "resources": {
                "aws_cloudwatch_metric_alarm.instance_status_check": {
                    "type": "aws_cloudwatch_metric_alarm",
                    "depends_on": [
                        "aws_instance.instance"
                    ],
                    "primary": {
                        "id": "me-disha-redis-status-checks-failed",
                        "attributes": {
                            "actions_enabled": "true",
                            "alarm_actions.#": "1",
                            "alarm_actions.640160710": "arn:aws:sns:ap-south-1:778504583090:me-disha-disha-sns",
                            "alarm_description": "This metric monitors ec2 status checks",
                            "alarm_name": "me-disha-redis-status-checks-failed",
                            "comparison_operator": "GreaterThanOrEqualToThreshold",
                            "dimensions.%": "1",
                            "dimensions.InstanceId": "i-08d164f772e5dea28",
                            "evaluate_low_sample_count_percentiles": "",
                            "evaluation_periods": "1",
                            "extended_statistic": "",
                            "id": "me-disha-redis-status-checks-failed",
                            "insufficient_data_actions.#": "1",
                            "insufficient_data_actions.640160710": "arn:aws:sns:ap-south-1:778504583090:me-disha-disha-sns",
                            "metric_name": "StatusCheckFailed",
                            "namespace": "AWS/EC2",
                            "ok_actions.#": "1",
                            "ok_actions.640160710": "arn:aws:sns:ap-south-1:778504583090:me-disha-disha-sns",
                            "period": "60",
                            "statistic": "Average",
                            "threshold": "1",
                            "treat_missing_data": "missing",
                            "unit": ""
                        },
                        "meta": {
                            "schema_version": "1"
                        },
                        "tainted": false
                    },
                    "deposed": [],
                    "provider": ""
                },
                "aws_instance.instance": {
                    "type": "aws_instance",
                    "depends_on": [
                        "module.sg"
                    ],
                    "primary": {
                        "id": "i-08d164f772e5dea28",
                        "attributes": {
                            "ami": "ami-f6327e99",
                            "associate_public_ip_address": "false",
                            "availability_zone": "ap-south-1a",
                            "disable_api_termination": "false",
                            "ebs_block_device.#": "1",
                            "ebs_block_device.4133660466.delete_on_termination": "true",
                            "ebs_block_device.4133660466.device_name": "/dev/sdb",
                            "ebs_block_device.4133660466.encrypted": "false",
                            "ebs_block_device.4133660466.iops": "0",
                            "ebs_block_device.4133660466.snapshot_id": "snap-0a7cbc375b2372584",
                            "ebs_block_device.4133660466.volume_size": "30",
                            "ebs_block_device.4133660466.volume_type": "standard",
                            "ebs_optimized": "false",
                            "ephemeral_block_device.#": "0",
                            "iam_instance_profile": "me-disha-instance-profile",
                            "id": "i-08d164f772e5dea28",
                            "instance_state": "running",
                            "instance_type": "t2.small",
                            "ipv6_addresses.#": "0",
                            "key_name": "me-disha.mepvt",
                            "monitoring": "false",
                            "network_interface.#": "0",
                            "network_interface_id": "eni-b01bb9ef",
                            "primary_network_interface_id": "eni-b01bb9ef",
                            "private_dns": "ip-10-140-1-113.ap-south-1.compute.internal",
                            "private_ip": "10.140.1.113",
                            "public_dns": "",
                            "public_ip": "",
                            "root_block_device.#": "1",
                            "root_block_device.0.delete_on_termination": "true",
                            "root_block_device.0.iops": "100",
                            "root_block_device.0.volume_size": "24",
                            "root_block_device.0.volume_type": "gp2",
                            "security_groups.#": "0",
                            "source_dest_check": "true",
                            "subnet_id": "subnet-61e40d09",
                            "tags.%": "3",
                            "tags.Cluster": "platform-core-server",
                            "tags.Environment": "me-disha",
                            "tags.Name": "me-disha-redis",
                            "tenancy": "default",
                            "volume_tags.%": "1",
                            "volume_tags.Name": "me-disha-redis",
                            "vpc_security_group_ids.#": "2",
                            "vpc_security_group_ids.3786451493": "sg-912471f9",
                            "vpc_security_group_ids.943078760": "sg-942471fc"
                        },
                        "meta": {
                            "e2bfb730-ecaa-11e6-8f88-34363bc7c4c0": {
                                "create": 600000000000,
                                "delete": 600000000000,
                                "update": 600000000000
                            },
                            "schema_version": "1"
                        },
                        "tainted": false
                    },
                    "deposed": [],
                    "provider": ""
                },
                "aws_route53_record.instance_route53_entry": {
                    "type": "aws_route53_record",
                    "depends_on": [
                        "aws_instance.instance"
                    ],
                    "primary": {
                        "id": "Z3RZRS4QER9K1X_redis_A",
                        "attributes": {
                            "fqdn": "redis.mepvt",
                            "health_check_id": "",
                            "id": "Z3RZRS4QER9K1X_redis_A",
                            "name": "redis",
                            "records.#": "1",
                            "records.2686921793": "10.140.1.113",
                            "set_identifier": "",
                            "ttl": "60",
                            "type": "A",
                            "zone_id": "Z3RZRS4QER9K1X"
                        },
                        "meta": {
                            "schema_version": "2"
                        },
                        "tainted": false
                    },
                    "deposed": [],
                    "provider": ""
                }
            },
            "depends_on": []
        },
        {
            "path": [
                "root",
                "me_disha_env",
                "reporting_database_updator_instance"
            ],
            "outputs": {
                "instance_id": {
                    "sensitive": false,
                    "type": "string",
                    "value": "i-07fab8bfafbd8a578"
                },
                "instance_name": {
                    "sensitive": false,
                    "type": "string",
                    "value": "me-disha-reporting-database-updator"
                },
                "public_ip": {
                    "sensitive": false,
                    "type": "string",
                    "value": ""
                }
            },
            "resources": {
                "aws_cloudwatch_metric_alarm.instance_status_check": {
                    "type": "aws_cloudwatch_metric_alarm",
                    "depends_on": [
                        "aws_instance.instance-without-special-sg"
                    ],
                    "primary": {
                        "id": "me-disha-reporting-database-updator-status-checks-failed",
                        "attributes": {
                            "actions_enabled": "true",
                            "alarm_actions.#": "1",
                            "alarm_actions.640160710": "arn:aws:sns:ap-south-1:778504583090:me-disha-disha-sns",
                            "alarm_description": "This metric monitors ec2 status checks",
                            "alarm_name": "me-disha-reporting-database-updator-status-checks-failed",
                            "comparison_operator": "GreaterThanOrEqualToThreshold",
                            "dimensions.%": "1",
                            "dimensions.InstanceId": "i-07fab8bfafbd8a578",
                            "evaluate_low_sample_count_percentiles": "",
                            "evaluation_periods": "1",
                            "extended_statistic": "",
                            "id": "me-disha-reporting-database-updator-status-checks-failed",
                            "insufficient_data_actions.#": "1",
                            "insufficient_data_actions.640160710": "arn:aws:sns:ap-south-1:778504583090:me-disha-disha-sns",
                            "metric_name": "StatusCheckFailed",
                            "namespace": "AWS/EC2",
                            "ok_actions.#": "1",
                            "ok_actions.640160710": "arn:aws:sns:ap-south-1:778504583090:me-disha-disha-sns",
                            "period": "60",
                            "statistic": "Average",
                            "threshold": "1",
                            "treat_missing_data": "missing",
                            "unit": ""
                        },
                        "meta": {
                            "schema_version": "1"
                        },
                        "tainted": false
                    },
                    "deposed": [],
                    "provider": ""
                },
                "aws_instance.instance-without-special-sg": {
                    "type": "aws_instance",
                    "depends_on": [],
                    "primary": {
                        "id": "i-07fab8bfafbd8a578",
                        "attributes": {
                            "ami": "ami-f6327e99",
                            "associate_public_ip_address": "false",
                            "availability_zone": "ap-south-1a",
                            "disable_api_termination": "false",
                            "ebs_block_device.#": "1",
                            "ebs_block_device.4133660466.delete_on_termination": "true",
                            "ebs_block_device.4133660466.device_name": "/dev/sdb",
                            "ebs_block_device.4133660466.encrypted": "false",
                            "ebs_block_device.4133660466.iops": "0",
                            "ebs_block_device.4133660466.snapshot_id": "snap-0a7cbc375b2372584",
                            "ebs_block_device.4133660466.volume_size": "30",
                            "ebs_block_device.4133660466.volume_type": "standard",
                            "ebs_optimized": "false",
                            "ephemeral_block_device.#": "0",
                            "iam_instance_profile": "me-disha-report-db-updator-instance-profile",
                            "id": "i-07fab8bfafbd8a578",
                            "instance_state": "running",
                            "instance_type": "t2.large",
                            "ipv6_addresses.#": "0",
                            "key_name": "me-disha.mepvt",
                            "monitoring": "false",
                            "network_interface.#": "0",
                            "network_interface_id": "eni-9a19bbc5",
                            "primary_network_interface_id": "eni-9a19bbc5",
                            "private_dns": "ip-10-140-1-180.ap-south-1.compute.internal",
                            "private_ip": "10.140.1.180",
                            "public_dns": "",
                            "public_ip": "",
                            "root_block_device.#": "1",
                            "root_block_device.0.delete_on_termination": "true",
                            "root_block_device.0.iops": "100",
                            "root_block_device.0.volume_size": "24",
                            "root_block_device.0.volume_type": "gp2",
                            "security_groups.#": "0",
                            "source_dest_check": "true",
                            "subnet_id": "subnet-61e40d09",
                            "tags.%": "3",
                            "tags.Cluster": "disha",
                            "tags.Environment": "me-disha",
                            "tags.Name": "me-disha-reporting-database-updator",
                            "tenancy": "default",
                            "volume_tags.%": "1",
                            "volume_tags.Name": "me-disha-reporting-database-updator",
                            "vpc_security_group_ids.#": "1",
                            "vpc_security_group_ids.3786451493": "sg-912471f9"
                        },
                        "meta": {
                            "e2bfb730-ecaa-11e6-8f88-34363bc7c4c0": {
                                "create": 600000000000,
                                "delete": 600000000000,
                                "update": 600000000000
                            },
                            "schema_version": "1"
                        },
                        "tainted": false
                    },
                    "deposed": [],
                    "provider": ""
                },
                "aws_route53_record.instance_route53_entry": {
                    "type": "aws_route53_record",
                    "depends_on": [
                        "aws_instance.instance-without-special-sg"
                    ],
                    "primary": {
                        "id": "Z3RZRS4QER9K1X_reporting-database-updator_A",
                        "attributes": {
                            "fqdn": "reporting-database-updator.mepvt",
                            "health_check_id": "",
                            "id": "Z3RZRS4QER9K1X_reporting-database-updator_A",
                            "name": "reporting-database-updator",
                            "records.#": "1",
                            "records.3907831474": "10.140.1.180",
                            "set_identifier": "",
                            "ttl": "60",
                            "type": "A",
                            "zone_id": "Z3RZRS4QER9K1X"
                        },
                        "meta": {
                            "schema_version": "2"
                        },
                        "tainted": false
                    },
                    "deposed": [],
                    "provider": ""
                }
            },
            "depends_on": []
        },
        {
            "path": [
                "root",
                "me_disha_env",
                "ses_rule"
            ],
            "outputs": {},
            "resources": {
                "aws_ses_active_receipt_rule_set.ses_active_rule": {
                    "type": "aws_ses_active_receipt_rule_set",
                    "depends_on": [],
                    "primary": {
                        "id": "default-rule-set",
                        "attributes": {
                            "id": "default-rule-set",
                            "rule_set_name": "default-rule-set"
                        },
                        "meta": {},
                        "tainted": false
                    },
                    "deposed": [],
                    "provider": "aws.aws_ses"
                },
                "aws_ses_receipt_rule.ses_rule": {
                    "type": "aws_ses_receipt_rule",
                    "depends_on": [],
                    "primary": {
                        "id": "me-pmgdishamail-in",
                        "attributes": {
                            "add_header_action.#": "0",
                            "bounce_action.#": "0",
                            "enabled": "true",
                            "id": "me-pmgdishamail-in",
                            "lambda_action.#": "0",
                            "name": "me-pmgdishamail-in",
                            "recipients.#": "1",
                            "recipients.3193050172": "goahead@me.pmgdishamail.in",
                            "rule_set_name": "default-rule-set",
                            "s3_action.#": "1",
                            "s3_action.511327780.bucket_name": "me-disha-disha-email",
                            "s3_action.511327780.kms_key_arn": "",
                            "s3_action.511327780.object_key_prefix": "goahead/",
                            "s3_action.511327780.position": "1",
                            "s3_action.511327780.topic_arn": "",
                            "scan_enabled": "true",
                            "sns_action.#": "0",
                            "stop_action.#": "0",
                            "tls_policy": "Optional",
                            "workmail_action.#": "0"
                        },
                        "meta": {},
                        "tainted": false
                    },
                    "deposed": [],
                    "provider": "aws.aws_ses"
                }
            },
            "depends_on": []
        },
        {
            "path": [
                "root",
                "me_disha_env",
                "sqs_certificate"
            ],
            "outputs": {
                "sqs_arn": {
                    "sensitive": false,
                    "type": "string",
                    "value": "arn:aws:sqs:ap-south-1:778504583090:me-disha-certificate"
                }
            },
            "resources": {
                "aws_sqs_queue.sqs": {
                    "type": "aws_sqs_queue",
                    "depends_on": [],
                    "primary": {
                        "id": "https://sqs.ap-south-1.amazonaws.com/778504583090/me-disha-certificate",
                        "attributes": {
                            "arn": "arn:aws:sqs:ap-south-1:778504583090:me-disha-certificate",
                            "content_based_deduplication": "false",
                            "delay_seconds": "0",
                            "fifo_queue": "false",
                            "id": "https://sqs.ap-south-1.amazonaws.com/778504583090/me-disha-certificate",
                            "max_message_size": "256000",
                            "message_retention_seconds": "345600",
                            "name": "me-disha-certificate",
                            "policy": "{\"Version\":\"2008-10-17\",\"Id\":\"example-ID\",\"Statement\":[{\"Sid\":\"example-statement-ID\",\"Effect\":\"Allow\",\"Principal\":{\"AWS\":\"*\"},\"Action\":\"SQS:SendMessage\",\"Resource\":\"arn:aws:sqs:ap-south-1:778504583090:me-disha-certificate\",\"Condition\":{\"ArnLike\":{\"aws:SourceArn\":\"arn:aws:s3:*:*:me-disha-disha-certificates\"}}},{\"Sid\":\"Sid1505384993042\",\"Effect\":\"Allow\",\"Principal\":{\"AWS\":\"arn:aws:iam::778504583090:user/me-disha-disha-certificate-iam-user\"},\"Action\":\"SQS:*\",\"Resource\":\"arn:aws:sqs:ap-south-1:778504583090:me-disha-certificate\"}]}",
                            "receive_wait_time_seconds": "0",
                            "tags.%": "0",
                            "visibility_timeout_seconds": "30"
                        },
                        "meta": {},
                        "tainted": false
                    },
                    "deposed": [],
                    "provider": ""
                }
            },
            "depends_on": []
        },
        {
            "path": [
                "root",
                "me_disha_env",
                "sqs_certificate_status"
            ],
            "outputs": {
                "sqs_arn": {
                    "sensitive": false,
                    "type": "string",
                    "value": "arn:aws:sqs:ap-south-1:778504583090:me-disha-certificate-status"
                }
            },
            "resources": {
                "aws_sqs_queue.sqs": {
                    "type": "aws_sqs_queue",
                    "depends_on": [],
                    "primary": {
                        "id": "https://sqs.ap-south-1.amazonaws.com/778504583090/me-disha-certificate-status",
                        "attributes": {
                            "arn": "arn:aws:sqs:ap-south-1:778504583090:me-disha-certificate-status",
                            "content_based_deduplication": "false",
                            "delay_seconds": "0",
                            "fifo_queue": "false",
                            "id": "https://sqs.ap-south-1.amazonaws.com/778504583090/me-disha-certificate-status",
                            "max_message_size": "256000",
                            "message_retention_seconds": "345600",
                            "name": "me-disha-certificate-status",
                            "receive_wait_time_seconds": "0",
                            "tags.%": "0",
                            "visibility_timeout_seconds": "30"
                        },
                        "meta": {},
                        "tainted": false
                    },
                    "deposed": [],
                    "provider": ""
                }
            },
            "depends_on": []
        },
        {
            "path": [
                "root",
                "me_disha_env",
                "sqs_eligibility"
            ],
            "outputs": {
                "sqs_arn": {
                    "sensitive": false,
                    "type": "string",
                    "value": "arn:aws:sqs:ap-south-1:778504583090:me-disha-ses-email"
                }
            },
            "resources": {
                "aws_sqs_queue.sqs": {
                    "type": "aws_sqs_queue",
                    "depends_on": [],
                    "primary": {
                        "id": "https://sqs.ap-south-1.amazonaws.com/778504583090/me-disha-ses-email",
                        "attributes": {
                            "arn": "arn:aws:sqs:ap-south-1:778504583090:me-disha-ses-email",
                            "content_based_deduplication": "false",
                            "delay_seconds": "0",
                            "fifo_queue": "false",
                            "id": "https://sqs.ap-south-1.amazonaws.com/778504583090/me-disha-ses-email",
                            "max_message_size": "256000",
                            "message_retention_seconds": "345600",
                            "name": "me-disha-ses-email",
                            "policy": "{\"Version\":\"2008-10-17\",\"Id\":\"example-ID\",\"Statement\":[{\"Sid\":\"example-statement-ID\",\"Effect\":\"Allow\",\"Principal\":{\"AWS\":\"*\"},\"Action\":\"SQS:SendMessage\",\"Resource\":\"arn:aws:sqs:ap-south-1:778504583090:me-disha-ses-email\",\"Condition\":{\"ArnLike\":{\"aws:SourceArn\":\"arn:aws:s3:*:*:me-disha-disha-email\"}}}]}",
                            "receive_wait_time_seconds": "0",
                            "tags.%": "0",
                            "visibility_timeout_seconds": "30"
                        },
                        "meta": {},
                        "tainted": false
                    },
                    "deposed": [],
                    "provider": ""
                }
            },
            "depends_on": []
        },
        {
            "path": [
                "root",
                "me_disha_env",
                "sqs_eligibility_mail"
            ],
            "outputs": {
                "sqs_arn": {
                    "sensitive": false,
                    "type": "string",
                    "value": "arn:aws:sqs:ap-south-1:778504583090:me-disha-emailid-verification"
                }
            },
            "resources": {},
            "depends_on": []
        },
        {
            "path": [
                "root",
                "me_disha_env",
                "sqs_eligibility_sign_certificate"
            ],
            "outputs": {
                "sqs_arn": {
                    "sensitive": false,
                    "type": "string",
                    "value": "arn:aws:sqs:ap-south-1:778504583090:me-disha-eligibility-sign-certificate"
                }
            },
            "resources": {
                "aws_sqs_queue.sqs": {
                    "type": "aws_sqs_queue",
                    "depends_on": [],
                    "primary": {
                        "id": "https://sqs.ap-south-1.amazonaws.com/778504583090/me-disha-eligibility-sign-certificate",
                        "attributes": {
                            "arn": "arn:aws:sqs:ap-south-1:778504583090:me-disha-eligibility-sign-certificate",
                            "content_based_deduplication": "false",
                            "delay_seconds": "0",
                            "fifo_queue": "false",
                            "id": "https://sqs.ap-south-1.amazonaws.com/778504583090/me-disha-eligibility-sign-certificate",
                            "max_message_size": "256000",
                            "message_retention_seconds": "345600",
                            "name": "me-disha-eligibility-sign-certificate",
                            "policy": "{\"Version\":\"2008-10-17\",\"Id\":\"example-ID\",\"Statement\":[{\"Sid\":\"example-statement-ID\",\"Effect\":\"Allow\",\"Principal\":{\"AWS\":\"*\"},\"Action\":\"SQS:SendMessage\",\"Resource\":\"arn:aws:sqs:ap-south-1:778504583090:me-disha-eligibility-sign-certificate\",\"Condition\":{\"ArnLike\":{\"aws:SourceArn\":\"arn:aws:s3:*:*:me-disha-certificates-sign-zip\"}}}]}",
                            "receive_wait_time_seconds": "0",
                            "tags.%": "0",
                            "visibility_timeout_seconds": "30"
                        },
                        "meta": {},
                        "tainted": false
                    },
                    "deposed": [],
                    "provider": ""
                }
            },
            "depends_on": []
        },
        {
            "path": [
                "root",
                "me_disha_env",
                "sqs_excel_reports"
            ],
            "outputs": {
                "sqs_arn": {
                    "sensitive": false,
                    "type": "string",
                    "value": "arn:aws:sqs:ap-south-1:778504583090:me-disha-excel-reports"
                }
            },
            "resources": {
                "aws_sqs_queue.sqs": {
                    "type": "aws_sqs_queue",
                    "depends_on": [],
                    "primary": {
                        "id": "https://sqs.ap-south-1.amazonaws.com/778504583090/me-disha-excel-reports",
                        "attributes": {
                            "arn": "arn:aws:sqs:ap-south-1:778504583090:me-disha-excel-reports",
                            "content_based_deduplication": "false",
                            "delay_seconds": "0",
                            "fifo_queue": "false",
                            "id": "https://sqs.ap-south-1.amazonaws.com/778504583090/me-disha-excel-reports",
                            "max_message_size": "256000",
                            "message_retention_seconds": "345600",
                            "name": "me-disha-excel-reports",
                            "receive_wait_time_seconds": "0",
                            "tags.%": "0",
                            "visibility_timeout_seconds": "30"
                        },
                        "meta": {},
                        "tainted": false
                    },
                    "deposed": [],
                    "provider": ""
                }
            },
            "depends_on": []
        },
        {
            "path": [
                "root",
                "me_disha_env",
                "sqs_lambda_execution_rate_limiter"
            ],
            "outputs": {
                "sqs_arn": {
                    "sensitive": false,
                    "type": "string",
                    "value": "arn:aws:sqs:ap-south-1:778504583090:me-disha-lambda-execution-rate-limiter-queue"
                }
            },
            "resources": {
                "aws_sqs_queue.sqs": {
                    "type": "aws_sqs_queue",
                    "depends_on": [],
                    "primary": {
                        "id": "https://sqs.ap-south-1.amazonaws.com/778504583090/me-disha-lambda-execution-rate-limiter-queue",
                        "attributes": {
                            "arn": "arn:aws:sqs:ap-south-1:778504583090:me-disha-lambda-execution-rate-limiter-queue",
                            "content_based_deduplication": "false",
                            "delay_seconds": "0",
                            "fifo_queue": "false",
                            "id": "https://sqs.ap-south-1.amazonaws.com/778504583090/me-disha-lambda-execution-rate-limiter-queue",
                            "max_message_size": "256000",
                            "message_retention_seconds": "345600",
                            "name": "me-disha-lambda-execution-rate-limiter-queue",
                            "receive_wait_time_seconds": "0",
                            "tags.%": "0",
                            "visibility_timeout_seconds": "30"
                        },
                        "meta": {},
                        "tainted": false
                    },
                    "deposed": [],
                    "provider": ""
                }
            },
            "depends_on": []
        },
        {
            "path": [
                "root",
                "me_disha_env",
                "student_certificates"
            ],
            "outputs": {
                "bucket_id": {
                    "sensitive": false,
                    "type": "string",
                    "value": "me-disha-student-certificates"
                }
            },
            "resources": {
                "aws_s3_bucket.bucket": {
                    "type": "aws_s3_bucket",
                    "depends_on": [],
                    "primary": {
                        "id": "me-disha-student-certificates",
                        "attributes": {
                            "acceleration_status": "",
                            "acl": "private",
                            "arn": "arn:aws:s3:::me-disha-student-certificates",
                            "bucket": "me-disha-student-certificates",
                            "bucket_domain_name": "me-disha-student-certificates.s3.amazonaws.com",
                            "force_destroy": "false",
                            "hosted_zone_id": "Z11RGJOFQNVJUP",
                            "id": "me-disha-student-certificates",
                            "logging.#": "0",
                            "policy": "{\"Statement\":[{\"Action\":\"s3:GetObject\",\"Effect\":\"Allow\",\"Principal\":\"*\",\"Resource\":[\"arn:aws:s3:::me-disha-student-certificates/zip/*\",\"arn:aws:s3:::me-disha-student-certificates/static/*\"],\"Sid\":\"AddPerm\"}],\"Version\":\"2012-10-17\"}",
                            "region": "ap-south-1",
                            "request_payer": "BucketOwner",
                            "tags.%": "0",
                            "versioning.#": "1",
                            "versioning.0.enabled": "false",
                            "versioning.0.mfa_delete": "false",
                            "website.#": "0"
                        },
                        "meta": {},
                        "tainted": false
                    },
                    "deposed": [],
                    "provider": ""
                }
            },
            "depends_on": []
        },
        {
            "path": [
                "root",
                "me_disha_env",
                "username_disha_instance"
            ],
            "outputs": {
                "instance_id": {
                    "sensitive": false,
                    "type": "string",
                    "value": "i-05f1f1a558946b85c"
                },
                "instance_name": {
                    "sensitive": false,
                    "type": "string",
                    "value": "me-disha-disha-username"
                },
                "public_ip": {
                    "sensitive": false,
                    "type": "string",
                    "value": ""
                }
            },
            "resources": {
                "aws_cloudwatch_metric_alarm.instance_status_check": {
                    "type": "aws_cloudwatch_metric_alarm",
                    "depends_on": [
                        "aws_instance.instance"
                    ],
                    "primary": {
                        "id": "me-disha-disha-username-status-checks-failed",
                        "attributes": {
                            "actions_enabled": "true",
                            "alarm_actions.#": "1",
                            "alarm_actions.640160710": "arn:aws:sns:ap-south-1:778504583090:me-disha-disha-sns",
                            "alarm_description": "This metric monitors ec2 status checks",
                            "alarm_name": "me-disha-disha-username-status-checks-failed",
                            "comparison_operator": "GreaterThanOrEqualToThreshold",
                            "dimensions.%": "1",
                            "dimensions.InstanceId": "i-05f1f1a558946b85c",
                            "evaluate_low_sample_count_percentiles": "",
                            "evaluation_periods": "1",
                            "extended_statistic": "",
                            "id": "me-disha-disha-username-status-checks-failed",
                            "insufficient_data_actions.#": "1",
                            "insufficient_data_actions.640160710": "arn:aws:sns:ap-south-1:778504583090:me-disha-disha-sns",
                            "metric_name": "StatusCheckFailed",
                            "namespace": "AWS/EC2",
                            "ok_actions.#": "1",
                            "ok_actions.640160710": "arn:aws:sns:ap-south-1:778504583090:me-disha-disha-sns",
                            "period": "60",
                            "statistic": "Average",
                            "threshold": "1",
                            "treat_missing_data": "missing",
                            "unit": ""
                        },
                        "meta": {
                            "schema_version": "1"
                        },
                        "tainted": false
                    },
                    "deposed": [],
                    "provider": ""
                },
                "aws_instance.instance": {
                    "type": "aws_instance",
                    "depends_on": [
                        "module.sg"
                    ],
                    "primary": {
                        "id": "i-05f1f1a558946b85c",
                        "attributes": {
                            "ami": "ami-f6327e99",
                            "associate_public_ip_address": "false",
                            "availability_zone": "ap-south-1a",
                            "disable_api_termination": "false",
                            "ebs_block_device.#": "1",
                            "ebs_block_device.4133660466.delete_on_termination": "true",
                            "ebs_block_device.4133660466.device_name": "/dev/sdb",
                            "ebs_block_device.4133660466.encrypted": "false",
                            "ebs_block_device.4133660466.iops": "0",
                            "ebs_block_device.4133660466.snapshot_id": "snap-0a7cbc375b2372584",
                            "ebs_block_device.4133660466.volume_size": "30",
                            "ebs_block_device.4133660466.volume_type": "standard",
                            "ebs_optimized": "false",
                            "ephemeral_block_device.#": "0",
                            "iam_instance_profile": "me-disha-instance-profile",
                            "id": "i-05f1f1a558946b85c",
                            "instance_state": "running",
                            "instance_type": "t2.small",
                            "ipv6_addresses.#": "0",
                            "key_name": "me-disha.mepvt",
                            "monitoring": "false",
                            "network_interface.#": "0",
                            "network_interface_id": "eni-da1ab885",
                            "primary_network_interface_id": "eni-da1ab885",
                            "private_dns": "ip-10-140-1-223.ap-south-1.compute.internal",
                            "private_ip": "10.140.1.223",
                            "public_dns": "",
                            "public_ip": "",
                            "root_block_device.#": "1",
                            "root_block_device.0.delete_on_termination": "true",
                            "root_block_device.0.iops": "100",
                            "root_block_device.0.volume_size": "24",
                            "root_block_device.0.volume_type": "gp2",
                            "security_groups.#": "0",
                            "source_dest_check": "true",
                            "subnet_id": "subnet-61e40d09",
                            "tags.%": "3",
                            "tags.Cluster": "disha",
                            "tags.Environment": "me-disha",
                            "tags.Name": "me-disha-disha-username",
                            "tenancy": "default",
                            "volume_tags.%": "1",
                            "volume_tags.Name": "me-disha-disha-username",
                            "vpc_security_group_ids.#": "2",
                            "vpc_security_group_ids.3786451493": "sg-912471f9",
                            "vpc_security_group_ids.666499233": "sg-ad2772c5"
                        },
                        "meta": {
                            "e2bfb730-ecaa-11e6-8f88-34363bc7c4c0": {
                                "create": 600000000000,
                                "delete": 600000000000,
                                "update": 600000000000
                            },
                            "schema_version": "1"
                        },
                        "tainted": false
                    },
                    "deposed": [],
                    "provider": ""
                },
                "aws_route53_record.instance_route53_entry": {
                    "type": "aws_route53_record",
                    "depends_on": [
                        "aws_instance.instance"
                    ],
                    "primary": {
                        "id": "Z3RZRS4QER9K1X_disha-username_A",
                        "attributes": {
                            "fqdn": "disha-username.mepvt",
                            "health_check_id": "",
                            "id": "Z3RZRS4QER9K1X_disha-username_A",
                            "name": "disha-username",
                            "records.#": "1",
                            "records.2303508955": "10.140.1.223",
                            "set_identifier": "",
                            "ttl": "60",
                            "type": "A",
                            "zone_id": "Z3RZRS4QER9K1X"
                        },
                        "meta": {
                            "schema_version": "2"
                        },
                        "tainted": false
                    },
                    "deposed": [],
                    "provider": ""
                }
            },
            "depends_on": []
        },
        {
            "path": [
                "root",
                "me_disha_env",
                "vpc"
            ],
            "outputs": {
                "additional_maintenance_subnet_id": {
                    "sensitive": false,
                    "type": "string",
                    "value": "subnet-b0f5d0fd"
                },
                "additional_public_subnet_id": {
                    "sensitive": false,
                    "type": "string",
                    "value": "subnet-66f7d22b"
                },
                "application_subnet_id": {
                    "sensitive": false,
                    "type": "string",
                    "value": "subnet-61e40d09"
                },
                "auth_id": {
                    "sensitive": false,
                    "type": "string",
                    "value": "me-disha.mepvt"
                },
                "default_sg_id": {
                    "sensitive": false,
                    "type": "string",
                    "value": "sg-4e217426"
                },
                "maintenance_subnet_id": {
                    "sensitive": false,
                    "type": "string",
                    "value": "subnet-05e40d6d"
                },
                "private_route53_zone_id": {
                    "sensitive": false,
                    "type": "string",
                    "value": "Z3RZRS4QER9K1X"
                },
                "public_route53_zone_id": {
                    "sensitive": false,
                    "type": "string",
                    "value": "ZH7MYIY91UUWS"
                },
                "public_subnet_id": {
                    "sensitive": false,
                    "type": "string",
                    "value": "subnet-0ae60f62"
                },
                "vpc_id": {
                    "sensitive": false,
                    "type": "string",
                    "value": "vpc-d218feba"
                }
            },
            "resources": {
                "aws_internet_gateway.igw": {
                    "type": "aws_internet_gateway",
                    "depends_on": [
                        "aws_vpc.vpc"
                    ],
                    "primary": {
                        "id": "igw-addc93c4",
                        "attributes": {
                            "id": "igw-addc93c4",
                            "tags.%": "1",
                            "tags.Name": "igw.mepvt",
                            "vpc_id": "vpc-d218feba"
                        },
                        "meta": {},
                        "tainted": false
                    },
                    "deposed": [],
                    "provider": ""
                },
                "aws_key_pair.auth": {
                    "type": "aws_key_pair",
                    "depends_on": [],
                    "primary": {
                        "id": "me-disha.mepvt",
                        "attributes": {
                            "fingerprint": "23:24:ae:cf:98:02:fa:a4:e8:86:4f:17:85:07:82:60",
                            "id": "me-disha.mepvt",
                            "key_name": "me-disha.mepvt",
                            "public_key": "ssh-rsa AAAAB3NzaC1yc2EAAAADAQABAAABAQDYlWQKQ/+2bGJ85fY+KDvsBsh6WRl2jl8xM3NVBnis/CCiOtAJwN4TUKuDFibNFblSvd7hQwE3kwv/yTmE0Z534HYN3CHf5CQ7F+fCpK/vfY+nesnKDeuxqELZj99abPcHpr8nUgiFdmLJBfZ9BLYmOoNl8TFKcKpXAQ6ucg5DKjZiEmjGWbmbntgTxMvM3s376Z7aA4awZztJ+ABZVlCkXsrctA0PlZ+JW3/H/gYu1MXkECbylHX4je9NtOBxzDr9Ry+AwGXJu7YEot/4izDEP7m2XZgvo0ZsGp0xmjf6N1VLf9GcIw+E8Adv17oyFNQAdyi/NvLKZJcBqFgdSZQx"
                        },
                        "meta": {
                            "schema_version": "1"
                        },
                        "tainted": false
                    },
                    "deposed": [],
                    "provider": ""
                },
                "aws_nat_gateway.nat_gateway": {
                    "type": "aws_nat_gateway",
                    "depends_on": [
                        "aws_subnet.public_subnet"
                    ],
                    "primary": {
                        "id": "nat-0992fc9ffa190fdfb",
                        "attributes": {
                            "allocation_id": "eipalloc-69c4be47",
                            "id": "nat-0992fc9ffa190fdfb",
                            "network_interface_id": "eni-531ab80c",
                            "private_ip": "10.140.5.231",
                            "public_ip": "13.126.173.111",
                            "subnet_id": "subnet-0ae60f62",
                            "tags.%": "0"
                        },
                        "meta": {},
                        "tainted": false
                    },
                    "deposed": [],
                    "provider": ""
                },
                "aws_route53_zone.private_dns_zone": {
                    "type": "aws_route53_zone",
                    "depends_on": [
                        "aws_vpc.vpc"
                    ],
                    "primary": {
                        "id": "Z3RZRS4QER9K1X",
                        "attributes": {
                            "comment": "Managed by Terraform",
                            "force_destroy": "false",
                            "id": "Z3RZRS4QER9K1X",
                            "name": "mepvt",
                            "name_servers.#": "4",
                            "name_servers.0": "ns-0.awsdns-00.com.",
                            "name_servers.1": "ns-1024.awsdns-00.org.",
                            "name_servers.2": "ns-1536.awsdns-00.co.uk.",
                            "name_servers.3": "ns-512.awsdns-00.net.",
                            "tags.%": "0",
                            "vpc_id": "vpc-d218feba",
                            "vpc_region": "ap-south-1",
                            "zone_id": "Z3RZRS4QER9K1X"
                        },
                        "meta": {},
                        "tainted": false
                    },
                    "deposed": [],
                    "provider": ""
                },
                "aws_route53_zone.public_dns_zone": {
                    "type": "aws_route53_zone",
                    "depends_on": [],
                    "primary": {
                        "id": "ZH7MYIY91UUWS",
                        "attributes": {
                            "comment": "Managed by Terraform",
                            "force_destroy": "false",
                            "id": "ZH7MYIY91UUWS",
                            "name": "pmgdisha.me",
                            "name_servers.#": "4",
                            "name_servers.0": "ns-1037.awsdns-01.org",
                            "name_servers.1": "ns-1987.awsdns-56.co.uk",
                            "name_servers.2": "ns-475.awsdns-59.com",
                            "name_servers.3": "ns-552.awsdns-05.net",
                            "tags.%": "0",
                            "zone_id": "ZH7MYIY91UUWS"
                        },
                        "meta": {},
                        "tainted": false
                    },
                    "deposed": [],
                    "provider": ""
                },
                "aws_route_table.private_subnet_route": {
                    "type": "aws_route_table",
                    "depends_on": [
                        "aws_nat_gateway.nat_gateway",
                        "aws_vpc.vpc"
                    ],
                    "primary": {
                        "id": "rtb-271ad64f",
                        "attributes": {
                            "id": "rtb-271ad64f",
                            "propagating_vgws.#": "0",
                            "route.#": "1",
                            "route.3100045078.cidr_block": "0.0.0.0/0",
                            "route.3100045078.egress_only_gateway_id": "",
                            "route.3100045078.gateway_id": "",
                            "route.3100045078.instance_id": "",
                            "route.3100045078.ipv6_cidr_block": "",
                            "route.3100045078.nat_gateway_id": "nat-0992fc9ffa190fdfb",
                            "route.3100045078.network_interface_id": "",
                            "route.3100045078.vpc_peering_connection_id": "",
                            "tags.%": "1",
                            "tags.Name": "private_subnet_route.mepvt",
                            "vpc_id": "vpc-d218feba"
                        },
                        "meta": {},
                        "tainted": false
                    },
                    "deposed": [],
                    "provider": ""
                },
                "aws_route_table.public_subnet_route": {
                    "type": "aws_route_table",
                    "depends_on": [
                        "aws_internet_gateway.igw",
                        "aws_vpc.vpc"
                    ],
                    "primary": {
                        "id": "rtb-571ad63f",
                        "attributes": {
                            "id": "rtb-571ad63f",
                            "propagating_vgws.#": "0",
                            "route.#": "1",
                            "route.653864687.cidr_block": "0.0.0.0/0",
                            "route.653864687.egress_only_gateway_id": "",
                            "route.653864687.gateway_id": "igw-addc93c4",
                            "route.653864687.instance_id": "",
                            "route.653864687.ipv6_cidr_block": "",
                            "route.653864687.nat_gateway_id": "",
                            "route.653864687.network_interface_id": "",
                            "route.653864687.vpc_peering_connection_id": "",
                            "tags.%": "1",
                            "tags.Name": "public_subnet_route.mepvt",
                            "vpc_id": "vpc-d218feba"
                        },
                        "meta": {},
                        "tainted": false
                    },
                    "deposed": [],
                    "provider": ""
                },
                "aws_route_table_association.additional_application_subnet_route": {
                    "type": "aws_route_table_association",
                    "depends_on": [
                        "aws_route_table.private_subnet_route",
                        "aws_subnet.additional_application_subnet"
                    ],
                    "primary": {
                        "id": "rtbassoc-747c1a1c",
                        "attributes": {
                            "id": "rtbassoc-747c1a1c",
                            "route_table_id": "rtb-271ad64f",
                            "subnet_id": "subnet-d0f5d09d"
                        },
                        "meta": {},
                        "tainted": false
                    },
                    "deposed": [],
                    "provider": ""
                },
                "aws_route_table_association.additional_maintenance_subnet_route": {
                    "type": "aws_route_table_association",
                    "depends_on": [
                        "aws_route_table.private_subnet_route",
                        "aws_subnet.additional_maintenance_subnet"
                    ],
                    "primary": {
                        "id": "rtbassoc-7c7f1914",
                        "attributes": {
                            "id": "rtbassoc-7c7f1914",
                            "route_table_id": "rtb-271ad64f",
                            "subnet_id": "subnet-b0f5d0fd"
                        },
                        "meta": {},
                        "tainted": false
                    },
                    "deposed": [],
                    "provider": ""
                },
                "aws_route_table_association.additional_public_subnet_route": {
                    "type": "aws_route_table_association",
                    "depends_on": [
                        "aws_route_table.public_subnet_route",
                        "aws_subnet.additional_public_subnet"
                    ],
                    "primary": {
                        "id": "rtbassoc-937e18fb",
                        "attributes": {
                            "id": "rtbassoc-937e18fb",
                            "route_table_id": "rtb-571ad63f",
                            "subnet_id": "subnet-66f7d22b"
                        },
                        "meta": {},
                        "tainted": false
                    },
                    "deposed": [],
                    "provider": ""
                },
                "aws_route_table_association.application_subnet_route": {
                    "type": "aws_route_table_association",
                    "depends_on": [
                        "aws_route_table.private_subnet_route",
                        "aws_subnet.application_subnet"
                    ],
                    "primary": {
                        "id": "rtbassoc-50711738",
                        "attributes": {
                            "id": "rtbassoc-50711738",
                            "route_table_id": "rtb-271ad64f",
                            "subnet_id": "subnet-61e40d09"
                        },
                        "meta": {},
                        "tainted": false
                    },
                    "deposed": [],
                    "provider": ""
                },
                "aws_route_table_association.maintenance_subnet_route": {
                    "type": "aws_route_table_association",
                    "depends_on": [
                        "aws_route_table.private_subnet_route",
                        "aws_subnet.maintenance_subnet"
                    ],
                    "primary": {
                        "id": "rtbassoc-737c1a1b",
                        "attributes": {
                            "id": "rtbassoc-737c1a1b",
                            "route_table_id": "rtb-271ad64f",
                            "subnet_id": "subnet-05e40d6d"
                        },
                        "meta": {},
                        "tainted": false
                    },
                    "deposed": [],
                    "provider": ""
                },
                "aws_route_table_association.public_subnet_route": {
                    "type": "aws_route_table_association",
                    "depends_on": [
                        "aws_route_table.public_subnet_route",
                        "aws_subnet.public_subnet"
                    ],
                    "primary": {
                        "id": "rtbassoc-0f7f1967",
                        "attributes": {
                            "id": "rtbassoc-0f7f1967",
                            "route_table_id": "rtb-571ad63f",
                            "subnet_id": "subnet-0ae60f62"
                        },
                        "meta": {},
                        "tainted": false
                    },
                    "deposed": [],
                    "provider": ""
                },
                "aws_security_group.default-sg": {
                    "type": "aws_security_group",
                    "depends_on": [
                        "aws_vpc.vpc"
                    ],
                    "primary": {
                        "id": "sg-4e217426",
                        "attributes": {
                            "description": "Added as it is mandatory for instance module to have 2 sgs",
                            "egress.#": "1",
                            "egress.482069346.cidr_blocks.#": "1",
                            "egress.482069346.cidr_blocks.0": "0.0.0.0/0",
                            "egress.482069346.description": "",
                            "egress.482069346.from_port": "0",
                            "egress.482069346.ipv6_cidr_blocks.#": "0",
                            "egress.482069346.prefix_list_ids.#": "0",
                            "egress.482069346.protocol": "-1",
                            "egress.482069346.security_groups.#": "0",
                            "egress.482069346.self": "false",
                            "egress.482069346.to_port": "0",
                            "id": "sg-4e217426",
                            "ingress.#": "1",
                            "ingress.2795873611.cidr_blocks.#": "1",
                            "ingress.2795873611.cidr_blocks.0": "10.140.0.0/16",
                            "ingress.2795873611.description": "",
                            "ingress.2795873611.from_port": "22",
                            "ingress.2795873611.ipv6_cidr_blocks.#": "0",
                            "ingress.2795873611.protocol": "tcp",
                            "ingress.2795873611.security_groups.#": "0",
                            "ingress.2795873611.self": "false",
                            "ingress.2795873611.to_port": "22",
                            "name": "default-sg.mepvt",
                            "owner_id": "778504583090",
                            "revoke_rules_on_delete": "false",
                            "tags.%": "0",
                            "vpc_id": "vpc-d218feba"
                        },
                        "meta": {
                            "schema_version": "1"
                        },
                        "tainted": false
                    },
                    "deposed": [],
                    "provider": ""
                },
                "aws_subnet.additional_application_subnet": {
                    "type": "aws_subnet",
                    "depends_on": [
                        "aws_vpc.vpc"
                    ],
                    "primary": {
                        "id": "subnet-d0f5d09d",
                        "attributes": {
                            "assign_ipv6_address_on_creation": "false",
                            "availability_zone": "ap-south-1b",
                            "cidr_block": "10.140.2.0/24",
                            "id": "subnet-d0f5d09d",
                            "map_public_ip_on_launch": "false",
                            "tags.%": "1",
                            "tags.Name": "private_application_subnet.ap-south-1b.mepvt",
                            "vpc_id": "vpc-d218feba"
                        },
                        "meta": {
                            "schema_version": "1"
                        },
                        "tainted": false
                    },
                    "deposed": [],
                    "provider": ""
                },
                "aws_subnet.additional_maintenance_subnet": {
                    "type": "aws_subnet",
                    "depends_on": [
                        "aws_vpc.vpc"
                    ],
                    "primary": {
                        "id": "subnet-b0f5d0fd",
                        "attributes": {
                            "assign_ipv6_address_on_creation": "false",
                            "availability_zone": "ap-south-1b",
                            "cidr_block": "10.140.4.0/24",
                            "id": "subnet-b0f5d0fd",
                            "map_public_ip_on_launch": "false",
                            "tags.%": "1",
                            "tags.Name": "private_maintenance_subnet.ap-south-1b.mepvt",
                            "vpc_id": "vpc-d218feba"
                        },
                        "meta": {
                            "schema_version": "1"
                        },
                        "tainted": false
                    },
                    "deposed": [],
                    "provider": ""
                },
                "aws_subnet.additional_public_subnet": {
                    "type": "aws_subnet",
                    "depends_on": [
                        "aws_vpc.vpc"
                    ],
                    "primary": {
                        "id": "subnet-66f7d22b",
                        "attributes": {
                            "assign_ipv6_address_on_creation": "false",
                            "availability_zone": "ap-south-1b",
                            "cidr_block": "10.140.6.0/24",
                            "id": "subnet-66f7d22b",
                            "map_public_ip_on_launch": "false",
                            "tags.%": "1",
                            "tags.Name": "public-subnet.ap-south-1b.mepvt",
                            "vpc_id": "vpc-d218feba"
                        },
                        "meta": {
                            "schema_version": "1"
                        },
                        "tainted": false
                    },
                    "deposed": [],
                    "provider": ""
                },
                "aws_subnet.application_subnet": {
                    "type": "aws_subnet",
                    "depends_on": [
                        "aws_vpc.vpc"
                    ],
                    "primary": {
                        "id": "subnet-61e40d09",
                        "attributes": {
                            "assign_ipv6_address_on_creation": "false",
                            "availability_zone": "ap-south-1a",
                            "cidr_block": "10.140.1.0/24",
                            "id": "subnet-61e40d09",
                            "map_public_ip_on_launch": "false",
                            "tags.%": "1",
                            "tags.Name": "private_application_subnet.ap-south-1a.mepvt",
                            "vpc_id": "vpc-d218feba"
                        },
                        "meta": {
                            "schema_version": "1"
                        },
                        "tainted": false
                    },
                    "deposed": [],
                    "provider": ""
                },
                "aws_subnet.maintenance_subnet": {
                    "type": "aws_subnet",
                    "depends_on": [
                        "aws_vpc.vpc"
                    ],
                    "primary": {
                        "id": "subnet-05e40d6d",
                        "attributes": {
                            "assign_ipv6_address_on_creation": "false",
                            "availability_zone": "ap-south-1a",
                            "cidr_block": "10.140.3.0/24",
                            "id": "subnet-05e40d6d",
                            "map_public_ip_on_launch": "false",
                            "tags.%": "1",
                            "tags.Name": "private_maintenance_subnet.ap-south-1a.mepvt",
                            "vpc_id": "vpc-d218feba"
                        },
                        "meta": {
                            "schema_version": "1"
                        },
                        "tainted": false
                    },
                    "deposed": [],
                    "provider": ""
                },
                "aws_subnet.public_subnet": {
                    "type": "aws_subnet",
                    "depends_on": [
                        "aws_vpc.vpc"
                    ],
                    "primary": {
                        "id": "subnet-0ae60f62",
                        "attributes": {
                            "assign_ipv6_address_on_creation": "false",
                            "availability_zone": "ap-south-1a",
                            "cidr_block": "10.140.5.0/24",
                            "id": "subnet-0ae60f62",
                            "map_public_ip_on_launch": "false",
                            "tags.%": "1",
                            "tags.Name": "public-subnet.ap-south-1a.mepvt",
                            "vpc_id": "vpc-d218feba"
                        },
                        "meta": {
                            "schema_version": "1"
                        },
                        "tainted": false
                    },
                    "deposed": [],
                    "provider": ""
                },
                "aws_vpc.vpc": {
                    "type": "aws_vpc",
                    "depends_on": [],
                    "primary": {
                        "id": "vpc-d218feba",
                        "attributes": {
                            "assign_generated_ipv6_cidr_block": "false",
                            "cidr_block": "10.140.0.0/16",
                            "default_network_acl_id": "acl-6028d008",
                            "default_route_table_id": "rtb-eb1ad683",
                            "default_security_group_id": "sg-31277259",
                            "dhcp_options_id": "dopt-879082ee",
                            "enable_dns_hostnames": "true",
                            "enable_dns_support": "true",
                            "id": "vpc-d218feba",
                            "instance_tenancy": "default",
                            "main_route_table_id": "rtb-eb1ad683",
                            "tags.%": "1",
                            "tags.Name": "me-disha-vpc.mepvt"
                        },
                        "meta": {
                            "schema_version": "1"
                        },
                        "tainted": false
                    },
                    "deposed": [],
                    "provider": ""
                }
            },
            "depends_on": []
        },
        {
            "path": [
                "root",
                "me_disha_env",
                "biometric",
                "sg"
            ],
            "outputs": {
                "sg_id": {
                    "sensitive": false,
                    "type": "string",
                    "value": "sg-e0217488"
                }
            },
            "resources": {
                "aws_security_group.sg": {
                    "type": "aws_security_group",
                    "depends_on": [],
                    "primary": {
                        "id": "sg-e0217488",
                        "attributes": {
                            "description": "Managed by Terraform",
                            "egress.#": "0",
                            "id": "sg-e0217488",
                            "ingress.#": "2",
                            "ingress.2444544016.cidr_blocks.#": "1",
                            "ingress.2444544016.cidr_blocks.0": "10.140.0.0/16",
                            "ingress.2444544016.description": "",
                            "ingress.2444544016.from_port": "443",
                            "ingress.2444544016.ipv6_cidr_blocks.#": "0",
                            "ingress.2444544016.protocol": "tcp",
                            "ingress.2444544016.security_groups.#": "0",
                            "ingress.2444544016.self": "false",
                            "ingress.2444544016.to_port": "443",
                            "ingress.718103669.cidr_blocks.#": "1",
                            "ingress.718103669.cidr_blocks.0": "10.140.0.0/16",
                            "ingress.718103669.description": "",
                            "ingress.718103669.from_port": "80",
                            "ingress.718103669.ipv6_cidr_blocks.#": "0",
                            "ingress.718103669.protocol": "tcp",
                            "ingress.718103669.security_groups.#": "0",
                            "ingress.718103669.self": "false",
                            "ingress.718103669.to_port": "80",
                            "name": "me-disha-biometric",
                            "owner_id": "778504583090",
                            "revoke_rules_on_delete": "false",
                            "tags.%": "1",
                            "tags.Name": "me-disha-biometric",
                            "vpc_id": "vpc-d218feba"
                        },
                        "meta": {
                            "schema_version": "1"
                        },
                        "tainted": false
                    },
                    "deposed": [],
                    "provider": ""
                },
                "aws_security_group_rule.sg_rule.0": {
                    "type": "aws_security_group_rule",
                    "depends_on": [
                        "aws_security_group.sg"
                    ],
                    "primary": {
                        "id": "sgrule-1160945285",
                        "attributes": {
                            "cidr_blocks.#": "1",
                            "cidr_blocks.0": "10.140.0.0/16",
                            "description": "",
                            "from_port": "80",
                            "id": "sgrule-1160945285",
                            "ipv6_cidr_blocks.#": "0",
                            "prefix_list_ids.#": "0",
                            "protocol": "tcp",
                            "security_group_id": "sg-e0217488",
                            "self": "false",
                            "to_port": "80",
                            "type": "ingress"
                        },
                        "meta": {
                            "schema_version": "2"
                        },
                        "tainted": false
                    },
                    "deposed": [],
                    "provider": ""
                },
                "aws_security_group_rule.sg_rule.1": {
                    "type": "aws_security_group_rule",
                    "depends_on": [
                        "aws_security_group.sg"
                    ],
                    "primary": {
                        "id": "sgrule-616913743",
                        "attributes": {
                            "cidr_blocks.#": "1",
                            "cidr_blocks.0": "10.140.0.0/16",
                            "description": "",
                            "from_port": "443",
                            "id": "sgrule-616913743",
                            "ipv6_cidr_blocks.#": "0",
                            "prefix_list_ids.#": "0",
                            "protocol": "tcp",
                            "security_group_id": "sg-e0217488",
                            "self": "false",
                            "to_port": "443",
                            "type": "ingress"
                        },
                        "meta": {
                            "schema_version": "2"
                        },
                        "tainted": false
                    },
                    "deposed": [],
                    "provider": ""
                }
            },
            "depends_on": []
        },
        {
            "path": [
                "root",
                "me_disha_env",
                "biometric_admin",
                "sg"
            ],
            "outputs": {
                "sg_id": {
                    "sensitive": false,
                    "type": "string",
                    "value": "sg-7c267314"
                }
            },
            "resources": {
                "aws_security_group.sg": {
                    "type": "aws_security_group",
                    "depends_on": [],
                    "primary": {
                        "id": "sg-7c267314",
                        "attributes": {
                            "description": "Managed by Terraform",
                            "egress.#": "0",
                            "id": "sg-7c267314",
                            "ingress.#": "2",
                            "ingress.2444544016.cidr_blocks.#": "1",
                            "ingress.2444544016.cidr_blocks.0": "10.140.0.0/16",
                            "ingress.2444544016.description": "",
                            "ingress.2444544016.from_port": "443",
                            "ingress.2444544016.ipv6_cidr_blocks.#": "0",
                            "ingress.2444544016.protocol": "tcp",
                            "ingress.2444544016.security_groups.#": "0",
                            "ingress.2444544016.self": "false",
                            "ingress.2444544016.to_port": "443",
                            "ingress.718103669.cidr_blocks.#": "1",
                            "ingress.718103669.cidr_blocks.0": "10.140.0.0/16",
                            "ingress.718103669.description": "",
                            "ingress.718103669.from_port": "80",
                            "ingress.718103669.ipv6_cidr_blocks.#": "0",
                            "ingress.718103669.protocol": "tcp",
                            "ingress.718103669.security_groups.#": "0",
                            "ingress.718103669.self": "false",
                            "ingress.718103669.to_port": "80",
                            "name": "me-disha-biometric-admin",
                            "owner_id": "778504583090",
                            "revoke_rules_on_delete": "false",
                            "tags.%": "1",
                            "tags.Name": "me-disha-biometric-admin",
                            "vpc_id": "vpc-d218feba"
                        },
                        "meta": {
                            "schema_version": "1"
                        },
                        "tainted": false
                    },
                    "deposed": [],
                    "provider": ""
                },
                "aws_security_group_rule.sg_rule.0": {
                    "type": "aws_security_group_rule",
                    "depends_on": [
                        "aws_security_group.sg"
                    ],
                    "primary": {
                        "id": "sgrule-1028944914",
                        "attributes": {
                            "cidr_blocks.#": "1",
                            "cidr_blocks.0": "10.140.0.0/16",
                            "description": "",
                            "from_port": "80",
                            "id": "sgrule-1028944914",
                            "ipv6_cidr_blocks.#": "0",
                            "prefix_list_ids.#": "0",
                            "protocol": "tcp",
                            "security_group_id": "sg-7c267314",
                            "self": "false",
                            "to_port": "80",
                            "type": "ingress"
                        },
                        "meta": {
                            "schema_version": "2"
                        },
                        "tainted": false
                    },
                    "deposed": [],
                    "provider": ""
                },
                "aws_security_group_rule.sg_rule.1": {
                    "type": "aws_security_group_rule",
                    "depends_on": [
                        "aws_security_group.sg"
                    ],
                    "primary": {
                        "id": "sgrule-1511666834",
                        "attributes": {
                            "cidr_blocks.#": "1",
                            "cidr_blocks.0": "10.140.0.0/16",
                            "description": "",
                            "from_port": "443",
                            "id": "sgrule-1511666834",
                            "ipv6_cidr_blocks.#": "0",
                            "prefix_list_ids.#": "0",
                            "protocol": "tcp",
                            "security_group_id": "sg-7c267314",
                            "self": "false",
                            "to_port": "443",
                            "type": "ingress"
                        },
                        "meta": {
                            "schema_version": "2"
                        },
                        "tainted": false
                    },
                    "deposed": [],
                    "provider": ""
                }
            },
            "depends_on": []
        },
        {
            "path": [
                "root",
                "me_disha_env",
                "certificate_instance",
                "sg"
            ],
            "outputs": {
                "sg_id": {
                    "sensitive": false,
                    "type": "string",
                    "value": "sg-7e267316"
                }
            },
            "resources": {
                "aws_security_group.sg": {
                    "type": "aws_security_group",
                    "depends_on": [],
                    "primary": {
                        "id": "sg-7e267316",
                        "attributes": {
                            "description": "Managed by Terraform",
                            "egress.#": "0",
                            "id": "sg-7e267316",
                            "ingress.#": "2",
                            "ingress.2444544016.cidr_blocks.#": "1",
                            "ingress.2444544016.cidr_blocks.0": "10.140.0.0/16",
                            "ingress.2444544016.description": "",
                            "ingress.2444544016.from_port": "443",
                            "ingress.2444544016.ipv6_cidr_blocks.#": "0",
                            "ingress.2444544016.protocol": "tcp",
                            "ingress.2444544016.security_groups.#": "0",
                            "ingress.2444544016.self": "false",
                            "ingress.2444544016.to_port": "443",
                            "ingress.718103669.cidr_blocks.#": "1",
                            "ingress.718103669.cidr_blocks.0": "10.140.0.0/16",
                            "ingress.718103669.description": "",
                            "ingress.718103669.from_port": "80",
                            "ingress.718103669.ipv6_cidr_blocks.#": "0",
                            "ingress.718103669.protocol": "tcp",
                            "ingress.718103669.security_groups.#": "0",
                            "ingress.718103669.self": "false",
                            "ingress.718103669.to_port": "80",
                            "name": "me-disha-disha-certificate",
                            "owner_id": "778504583090",
                            "revoke_rules_on_delete": "false",
                            "tags.%": "1",
                            "tags.Name": "me-disha-disha-certificate",
                            "vpc_id": "vpc-d218feba"
                        },
                        "meta": {
                            "schema_version": "1"
                        },
                        "tainted": false
                    },
                    "deposed": [],
                    "provider": ""
                },
                "aws_security_group_rule.sg_rule.0": {
                    "type": "aws_security_group_rule",
                    "depends_on": [
                        "aws_security_group.sg"
                    ],
                    "primary": {
                        "id": "sgrule-3690827039",
                        "attributes": {
                            "cidr_blocks.#": "1",
                            "cidr_blocks.0": "10.140.0.0/16",
                            "description": "",
                            "from_port": "443",
                            "id": "sgrule-3690827039",
                            "ipv6_cidr_blocks.#": "0",
                            "prefix_list_ids.#": "0",
                            "protocol": "tcp",
                            "security_group_id": "sg-7e267316",
                            "self": "false",
                            "to_port": "443",
                            "type": "ingress"
                        },
                        "meta": {
                            "schema_version": "2"
                        },
                        "tainted": false
                    },
                    "deposed": [],
                    "provider": ""
                },
                "aws_security_group_rule.sg_rule.1": {
                    "type": "aws_security_group_rule",
                    "depends_on": [
                        "aws_security_group.sg"
                    ],
                    "primary": {
                        "id": "sgrule-556382062",
                        "attributes": {
                            "cidr_blocks.#": "1",
                            "cidr_blocks.0": "10.140.0.0/16",
                            "description": "",
                            "from_port": "80",
                            "id": "sgrule-556382062",
                            "ipv6_cidr_blocks.#": "0",
                            "prefix_list_ids.#": "0",
                            "protocol": "tcp",
                            "security_group_id": "sg-7e267316",
                            "self": "false",
                            "to_port": "80",
                            "type": "ingress"
                        },
                        "meta": {
                            "schema_version": "2"
                        },
                        "tainted": false
                    },
                    "deposed": [],
                    "provider": ""
                }
            },
            "depends_on": []
        },
        {
            "path": [
                "root",
                "me_disha_env",
                "disha-cms",
                "lc-with-extra-ebs"
            ],
            "outputs": {
                "name": {
                    "sensitive": false,
                    "type": "string",
                    "value": ""
                }
            },
            "resources": {},
            "depends_on": []
        },
        {
            "path": [
                "root",
                "me_disha_env",
                "disha-cms",
                "lc-without-extra-ebs"
            ],
            "outputs": {
                "name": {
                    "sensitive": false,
                    "type": "string",
                    "value": "me-disha-disha-cms"
                }
            },
            "resources": {
                "aws_launch_configuration.lc": {
                    "type": "aws_launch_configuration",
                    "depends_on": [
                        "data.template_file.userdata_as_template"
                    ],
                    "primary": {
                        "id": "me-disha-disha-cms",
                        "attributes": {
                            "associate_public_ip_address": "false",
                            "ebs_block_device.#": "0",
                            "ebs_optimized": "false",
                            "enable_monitoring": "true",
                            "ephemeral_block_device.#": "0",
                            "iam_instance_profile": "me-disha-autoscaling-deployment-s3logs-iam-profile",
                            "id": "me-disha-disha-cms",
                            "image_id": "ami-ccd699a3",
                            "instance_type": "t2.micro",
                            "key_name": "me-disha.mepvt",
                            "name": "me-disha-disha-cms",
                            "root_block_device.#": "0",
                            "security_groups.#": "2",
                            "security_groups.3051907454": "sg-922471fa",
                            "security_groups.3786451493": "sg-912471f9",
                            "spot_price": "",
                            "user_data": "7951bb67c93149fcf7fe500f17c4401f75ec06e3",
                            "vpc_classic_link_id": "",
                            "vpc_classic_link_security_groups.#": "0"
                        },
                        "meta": {},
                        "tainted": false
                    },
                    "deposed": [],
                    "provider": ""
                },
                "data.template_file.userdata_as_template": {
                    "type": "template_file",
                    "depends_on": [],
                    "primary": {
                        "id": "3ae98ea98530a551b54ce94371ad8e9c2730c49653c97bd97beee55b59b4138f",
                        "attributes": {
                            "id": "3ae98ea98530a551b54ce94371ad8e9c2730c49653c97bd97beee55b59b4138f",
                            "rendered": "#!/bin/bash\nrm -rf /var/tmp/aws-mon/\n/bin/su - mettl /home/mettl/release/misc/genericMachineUp.sh me-disha disha-cms web \u003e /home/mettl/mettl_logs/machineup.log",
                            "template": "#!/bin/bash\nrm -rf /var/tmp/aws-mon/\n/bin/su - mettl /home/mettl/release/misc/genericMachineUp.sh ${deployement_env} disha-cms web \u003e /home/mettl/mettl_logs/machineup.log",
                            "vars.%": "7",
                            "vars.ansible_public_key": "ssh-rsa AAAAB3NzaC1yc2EAAAADAQABAAABAQCbBJWHQfbWdylZoea/dhtKmlOuw1zoflF3wH6W0crorGRO/WBEl7riW+hcTsjFJAYowNFB+ODgTdzQhAINyviMLsG2gYwTCe+gmlkRPgelDbR7TkgrZuW+vEsUMnW8ZvbCywhxg6Ib3MONO9XwH84ivBP3VvISnBVq+ZPClPo2YC5bNlx7x7nj5APs+Vs2B3dk234vVM5E7aiFokf7bEK9Vg+I2hPuUJEe3Mq9T8U8Y/Ef2I/46xoDpLdlYtp3HRo2xRQ+oPaYySR7iCZv8nzzcgK45pGIgcY7XuNBmZjDRHpzTQAeFFy5HmKqmkeswSO2WsgxA7CT5STcaz+aGJ/D",
                            "vars.deployement_env": "me-disha",
                            "vars.jenkins_public_key": "",
                            "vars.stunServerAddress": "",
                            "vars.stunServerPort": "",
                            "vars.turnURL": "",
                            "vars.turnURLPort": ""
                        },
                        "meta": {},
                        "tainted": false
                    },
                    "deposed": [],
                    "provider": ""
                }
            },
            "depends_on": []
        },
        {
            "path": [
                "root",
                "me_disha_env",
                "disha-web",
                "lc-with-extra-ebs"
            ],
            "outputs": {
                "name": {
                    "sensitive": false,
                    "type": "string",
                    "value": ""
                }
            },
            "resources": {},
            "depends_on": []
        },
        {
            "path": [
                "root",
                "me_disha_env",
                "disha-web",
                "lc-without-extra-ebs"
            ],
            "outputs": {
                "name": {
                    "sensitive": false,
                    "type": "string",
                    "value": "me-disha-disha-web"
                }
            },
            "resources": {
                "aws_launch_configuration.lc": {
                    "type": "aws_launch_configuration",
                    "depends_on": [
                        "data.template_file.userdata_as_template"
                    ],
                    "primary": {
                        "id": "me-disha-disha-web",
                        "attributes": {
                            "associate_public_ip_address": "false",
                            "ebs_block_device.#": "0",
                            "ebs_optimized": "false",
                            "enable_monitoring": "true",
                            "ephemeral_block_device.#": "0",
                            "iam_instance_profile": "me-disha-autoscaling-deployment-s3logs-iam-profile",
                            "id": "me-disha-disha-web",
                            "image_id": "ami-59d89736",
                            "instance_type": "r3.large",
                            "key_name": "me-disha.mepvt",
                            "name": "me-disha-disha-web",
                            "root_block_device.#": "0",
                            "security_groups.#": "2",
                            "security_groups.1338735066": "sg-1626737e",
                            "security_groups.3786451493": "sg-912471f9",
                            "spot_price": "",
                            "user_data": "736200c459c45864d293305e600283e42cfcca98",
                            "vpc_classic_link_id": "",
                            "vpc_classic_link_security_groups.#": "0"
                        },
                        "meta": {},
                        "tainted": false
                    },
                    "deposed": [],
                    "provider": ""
                },
                "data.template_file.userdata_as_template": {
                    "type": "template_file",
                    "depends_on": [],
                    "primary": {
                        "id": "f754006c6ecc89e84775a3565c9c01b314ad041d1ab245981a73a9e211ae740c",
                        "attributes": {
                            "id": "f754006c6ecc89e84775a3565c9c01b314ad041d1ab245981a73a9e211ae740c",
                            "rendered": "#!/bin/bash\nrm -rf /var/tmp/aws-mon/\nsleep 30\n/bin/su - mettl /home/mettl/release/misc/genericMachineUp.sh me-disha disha-web web \u003e /home/mettl/mettl_logs/machineup.log",
                            "template": "#!/bin/bash\nrm -rf /var/tmp/aws-mon/\nsleep 30\n/bin/su - mettl /home/mettl/release/misc/genericMachineUp.sh ${deployement_env} disha-web web \u003e /home/mettl/mettl_logs/machineup.log",
                            "vars.%": "7",
                            "vars.ansible_public_key": "ssh-rsa AAAAB3NzaC1yc2EAAAADAQABAAABAQCbBJWHQfbWdylZoea/dhtKmlOuw1zoflF3wH6W0crorGRO/WBEl7riW+hcTsjFJAYowNFB+ODgTdzQhAINyviMLsG2gYwTCe+gmlkRPgelDbR7TkgrZuW+vEsUMnW8ZvbCywhxg6Ib3MONO9XwH84ivBP3VvISnBVq+ZPClPo2YC5bNlx7x7nj5APs+Vs2B3dk234vVM5E7aiFokf7bEK9Vg+I2hPuUJEe3Mq9T8U8Y/Ef2I/46xoDpLdlYtp3HRo2xRQ+oPaYySR7iCZv8nzzcgK45pGIgcY7XuNBmZjDRHpzTQAeFFy5HmKqmkeswSO2WsgxA7CT5STcaz+aGJ/D",
                            "vars.deployement_env": "me-disha",
                            "vars.jenkins_public_key": "",
                            "vars.stunServerAddress": "",
                            "vars.stunServerPort": "",
                            "vars.turnURL": "",
                            "vars.turnURLPort": ""
                        },
                        "meta": {},
                        "tainted": false
                    },
                    "deposed": [],
                    "provider": ""
                }
            },
            "depends_on": []
        },
        {
            "path": [
                "root",
                "me_disha_env",
                "disha_eligibility_instance",
                "sg"
            ],
            "outputs": {
                "sg_id": {
                    "sensitive": false,
                    "type": "string",
                    "value": "sg-b22174da"
                }
            },
            "resources": {
                "aws_security_group.sg": {
                    "type": "aws_security_group",
                    "depends_on": [],
                    "primary": {
                        "id": "sg-b22174da",
                        "attributes": {
                            "description": "Managed by Terraform",
                            "egress.#": "0",
                            "id": "sg-b22174da",
                            "ingress.#": "1",
                            "ingress.1684087214.cidr_blocks.#": "1",
                            "ingress.1684087214.cidr_blocks.0": "10.140.0.0/16",
                            "ingress.1684087214.description": "",
                            "ingress.1684087214.from_port": "8080",
                            "ingress.1684087214.ipv6_cidr_blocks.#": "0",
                            "ingress.1684087214.protocol": "tcp",
                            "ingress.1684087214.security_groups.#": "0",
                            "ingress.1684087214.self": "false",
                            "ingress.1684087214.to_port": "8080",
                            "name": "me-disha-disha-eligibility",
                            "owner_id": "778504583090",
                            "revoke_rules_on_delete": "false",
                            "tags.%": "1",
                            "tags.Name": "me-disha-disha-eligibility",
                            "vpc_id": "vpc-d218feba"
                        },
                        "meta": {
                            "schema_version": "1"
                        },
                        "tainted": false
                    },
                    "deposed": [],
                    "provider": ""
                },
                "aws_security_group_rule.sg_rule": {
                    "type": "aws_security_group_rule",
                    "depends_on": [
                        "aws_security_group.sg"
                    ],
                    "primary": {
                        "id": "sgrule-2586570270",
                        "attributes": {
                            "cidr_blocks.#": "1",
                            "cidr_blocks.0": "10.140.0.0/16",
                            "description": "",
                            "from_port": "8080",
                            "id": "sgrule-2586570270",
                            "ipv6_cidr_blocks.#": "0",
                            "prefix_list_ids.#": "0",
                            "protocol": "tcp",
                            "security_group_id": "sg-b22174da",
                            "self": "false",
                            "to_port": "8080",
                            "type": "ingress"
                        },
                        "meta": {
                            "schema_version": "2"
                        },
                        "tainted": false
                    },
                    "deposed": [],
                    "provider": ""
                }
            },
            "depends_on": []
        },
        {
            "path": [
                "root",
                "me_disha_env",
                "disha_ifsc_instance",
                "sg"
            ],
            "outputs": {
                "sg_id": {
                    "sensitive": false,
                    "type": "string",
                    "value": "sg-7d267315"
                }
            },
            "resources": {
                "aws_security_group.sg": {
                    "type": "aws_security_group",
                    "depends_on": [],
                    "primary": {
                        "id": "sg-7d267315",
                        "attributes": {
                            "description": "Managed by Terraform",
                            "egress.#": "0",
                            "id": "sg-7d267315",
                            "ingress.#": "1",
                            "ingress.1684087214.cidr_blocks.#": "1",
                            "ingress.1684087214.cidr_blocks.0": "10.140.0.0/16",
                            "ingress.1684087214.description": "",
                            "ingress.1684087214.from_port": "8080",
                            "ingress.1684087214.ipv6_cidr_blocks.#": "0",
                            "ingress.1684087214.protocol": "tcp",
                            "ingress.1684087214.security_groups.#": "0",
                            "ingress.1684087214.self": "false",
                            "ingress.1684087214.to_port": "8080",
                            "name": "me-disha-disha-ifsc",
                            "owner_id": "778504583090",
                            "revoke_rules_on_delete": "false",
                            "tags.%": "1",
                            "tags.Name": "me-disha-disha-ifsc",
                            "vpc_id": "vpc-d218feba"
                        },
                        "meta": {
                            "schema_version": "1"
                        },
                        "tainted": false
                    },
                    "deposed": [],
                    "provider": ""
                },
                "aws_security_group_rule.sg_rule": {
                    "type": "aws_security_group_rule",
                    "depends_on": [
                        "aws_security_group.sg"
                    ],
                    "primary": {
                        "id": "sgrule-2438068602",
                        "attributes": {
                            "cidr_blocks.#": "1",
                            "cidr_blocks.0": "10.140.0.0/16",
                            "description": "",
                            "from_port": "8080",
                            "id": "sgrule-2438068602",
                            "ipv6_cidr_blocks.#": "0",
                            "prefix_list_ids.#": "0",
                            "protocol": "tcp",
                            "security_group_id": "sg-7d267315",
                            "self": "false",
                            "to_port": "8080",
                            "type": "ingress"
                        },
                        "meta": {
                            "schema_version": "2"
                        },
                        "tainted": false
                    },
                    "deposed": [],
                    "provider": ""
                }
            },
            "depends_on": []
        },
        {
            "path": [
                "root",
                "me_disha_env",
                "disha_location_instance",
                "sg"
            ],
            "outputs": {
                "sg_id": {
                    "sensitive": false,
                    "type": "string",
                    "value": "sg-be2673d6"
                }
            },
            "resources": {
                "aws_security_group.sg": {
                    "type": "aws_security_group",
                    "depends_on": [],
                    "primary": {
                        "id": "sg-be2673d6",
                        "attributes": {
                            "description": "Managed by Terraform",
                            "egress.#": "1",
                            "egress.482069346.cidr_blocks.#": "1",
                            "egress.482069346.cidr_blocks.0": "0.0.0.0/0",
                            "egress.482069346.description": "",
                            "egress.482069346.from_port": "0",
                            "egress.482069346.ipv6_cidr_blocks.#": "0",
                            "egress.482069346.prefix_list_ids.#": "0",
                            "egress.482069346.protocol": "-1",
                            "egress.482069346.security_groups.#": "0",
                            "egress.482069346.self": "false",
                            "egress.482069346.to_port": "0",
                            "id": "sg-be2673d6",
                            "ingress.#": "3",
                            "ingress.1684087214.cidr_blocks.#": "1",
                            "ingress.1684087214.cidr_blocks.0": "10.140.0.0/16",
                            "ingress.1684087214.description": "",
                            "ingress.1684087214.from_port": "8080",
                            "ingress.1684087214.ipv6_cidr_blocks.#": "0",
                            "ingress.1684087214.protocol": "tcp",
                            "ingress.1684087214.security_groups.#": "0",
                            "ingress.1684087214.self": "false",
                            "ingress.1684087214.to_port": "8080",
                            "ingress.2214680975.cidr_blocks.#": "1",
                            "ingress.2214680975.cidr_blocks.0": "0.0.0.0/0",
                            "ingress.2214680975.description": "",
                            "ingress.2214680975.from_port": "80",
                            "ingress.2214680975.ipv6_cidr_blocks.#": "0",
                            "ingress.2214680975.protocol": "tcp",
                            "ingress.2214680975.security_groups.#": "0",
                            "ingress.2214680975.self": "false",
                            "ingress.2214680975.to_port": "80",
                            "ingress.2617001939.cidr_blocks.#": "1",
                            "ingress.2617001939.cidr_blocks.0": "0.0.0.0/0",
                            "ingress.2617001939.description": "",
                            "ingress.2617001939.from_port": "443",
                            "ingress.2617001939.ipv6_cidr_blocks.#": "0",
                            "ingress.2617001939.protocol": "tcp",
                            "ingress.2617001939.security_groups.#": "0",
                            "ingress.2617001939.self": "false",
                            "ingress.2617001939.to_port": "443",
                            "name": "me-disha-disha-location",
                            "owner_id": "778504583090",
                            "revoke_rules_on_delete": "false",
                            "tags.%": "1",
                            "tags.Name": "me-disha-disha-location",
                            "vpc_id": "vpc-d218feba"
                        },
                        "meta": {
                            "schema_version": "1"
                        },
                        "tainted": false
                    },
                    "deposed": [],
                    "provider": ""
                },
                "aws_security_group_rule.sg_rule.0": {
                    "type": "aws_security_group_rule",
                    "depends_on": [
                        "aws_security_group.sg"
                    ],
                    "primary": {
                        "id": "sgrule-1282450334",
                        "attributes": {
                            "cidr_blocks.#": "1",
                            "cidr_blocks.0": "0.0.0.0/0",
                            "description": "",
                            "from_port": "80",
                            "id": "sgrule-1282450334",
                            "ipv6_cidr_blocks.#": "0",
                            "prefix_list_ids.#": "0",
                            "protocol": "tcp",
                            "security_group_id": "sg-be2673d6",
                            "self": "false",
                            "to_port": "80",
                            "type": "ingress"
                        },
                        "meta": {
                            "schema_version": "2"
                        },
                        "tainted": false
                    },
                    "deposed": [],
                    "provider": ""
                },
                "aws_security_group_rule.sg_rule.1": {
                    "type": "aws_security_group_rule",
                    "depends_on": [
                        "aws_security_group.sg"
                    ],
                    "primary": {
                        "id": "sgrule-104758084",
                        "attributes": {
                            "cidr_blocks.#": "1",
                            "cidr_blocks.0": "0.0.0.0/0",
                            "description": "",
                            "from_port": "443",
                            "id": "sgrule-104758084",
                            "ipv6_cidr_blocks.#": "0",
                            "prefix_list_ids.#": "0",
                            "protocol": "tcp",
                            "security_group_id": "sg-be2673d6",
                            "self": "false",
                            "to_port": "443",
                            "type": "ingress"
                        },
                        "meta": {
                            "schema_version": "2"
                        },
                        "tainted": false
                    },
                    "deposed": [],
                    "provider": ""
                },
                "aws_security_group_rule.sg_rule.2": {
                    "type": "aws_security_group_rule",
                    "depends_on": [
                        "aws_security_group.sg"
                    ],
                    "primary": {
                        "id": "sgrule-981621940",
                        "attributes": {
                            "cidr_blocks.#": "1",
                            "cidr_blocks.0": "10.140.0.0/16",
                            "description": "",
                            "from_port": "8080",
                            "id": "sgrule-981621940",
                            "ipv6_cidr_blocks.#": "0",
                            "prefix_list_ids.#": "0",
                            "protocol": "tcp",
                            "security_group_id": "sg-be2673d6",
                            "self": "false",
                            "to_port": "8080",
                            "type": "ingress"
                        },
                        "meta": {
                            "schema_version": "2"
                        },
                        "tainted": false
                    },
                    "deposed": [],
                    "provider": ""
                },
                "aws_security_group_rule.sg_rule.3": {
                    "type": "aws_security_group_rule",
                    "depends_on": [
                        "aws_security_group.sg"
                    ],
                    "primary": {
                        "id": "sgrule-983213184",
                        "attributes": {
                            "cidr_blocks.#": "1",
                            "cidr_blocks.0": "0.0.0.0/0",
                            "description": "",
                            "from_port": "0",
                            "id": "sgrule-983213184",
                            "ipv6_cidr_blocks.#": "0",
                            "prefix_list_ids.#": "0",
                            "protocol": "-1",
                            "security_group_id": "sg-be2673d6",
                            "self": "false",
                            "to_port": "0",
                            "type": "egress"
                        },
                        "meta": {
                            "schema_version": "2"
                        },
                        "tainted": false
                    },
                    "deposed": [],
                    "provider": ""
                }
            },
            "depends_on": []
        },
        {
            "path": [
                "root",
                "me_disha_env",
                "disha_mongo_instance",
                "sg"
            ],
            "outputs": {
                "sg_id": {
                    "sensitive": false,
                    "type": "string",
                    "value": "sg-7f267317"
                }
            },
            "resources": {
                "aws_security_group.sg": {
                    "type": "aws_security_group",
                    "depends_on": [],
                    "primary": {
                        "id": "sg-7f267317",
                        "attributes": {
                            "description": "Managed by Terraform",
                            "egress.#": "0",
                            "id": "sg-7f267317",
                            "ingress.#": "1",
                            "ingress.2116360702.cidr_blocks.#": "1",
                            "ingress.2116360702.cidr_blocks.0": "10.140.0.0/16",
                            "ingress.2116360702.description": "",
                            "ingress.2116360702.from_port": "27017",
                            "ingress.2116360702.ipv6_cidr_blocks.#": "0",
                            "ingress.2116360702.protocol": "tcp",
                            "ingress.2116360702.security_groups.#": "0",
                            "ingress.2116360702.self": "false",
                            "ingress.2116360702.to_port": "27017",
                            "name": "me-disha-disha-mongo",
                            "owner_id": "778504583090",
                            "revoke_rules_on_delete": "false",
                            "tags.%": "1",
                            "tags.Name": "me-disha-disha-mongo",
                            "vpc_id": "vpc-d218feba"
                        },
                        "meta": {
                            "schema_version": "1"
                        },
                        "tainted": false
                    },
                    "deposed": [],
                    "provider": ""
                },
                "aws_security_group_rule.sg_rule": {
                    "type": "aws_security_group_rule",
                    "depends_on": [
                        "aws_security_group.sg"
                    ],
                    "primary": {
                        "id": "sgrule-1000844860",
                        "attributes": {
                            "cidr_blocks.#": "1",
                            "cidr_blocks.0": "10.140.0.0/16",
                            "description": "",
                            "from_port": "27017",
                            "id": "sgrule-1000844860",
                            "ipv6_cidr_blocks.#": "0",
                            "prefix_list_ids.#": "0",
                            "protocol": "tcp",
                            "security_group_id": "sg-7f267317",
                            "self": "false",
                            "to_port": "27017",
                            "type": "ingress"
                        },
                        "meta": {
                            "schema_version": "2"
                        },
                        "tainted": false
                    },
                    "deposed": [],
                    "provider": ""
                }
            },
            "depends_on": []
        },
        {
            "path": [
                "root",
                "me_disha_env",
                "disha_web_tcmap_instance",
                "sg"
            ],
            "outputs": {
                "sg_id": {
                    "sensitive": false,
                    "type": "string",
                    "value": "sg-e1217489"
                }
            },
            "resources": {
                "aws_security_group.sg": {
                    "type": "aws_security_group",
                    "depends_on": [],
                    "primary": {
                        "id": "sg-e1217489",
                        "attributes": {
                            "description": "Managed by Terraform",
                            "egress.#": "0",
                            "id": "sg-e1217489",
                            "ingress.#": "3",
                            "ingress.2444544016.cidr_blocks.#": "1",
                            "ingress.2444544016.cidr_blocks.0": "10.140.0.0/16",
                            "ingress.2444544016.description": "",
                            "ingress.2444544016.from_port": "443",
                            "ingress.2444544016.ipv6_cidr_blocks.#": "0",
                            "ingress.2444544016.protocol": "tcp",
                            "ingress.2444544016.security_groups.#": "0",
                            "ingress.2444544016.self": "false",
                            "ingress.2444544016.to_port": "443",
                            "ingress.4214701893.cidr_blocks.#": "1",
                            "ingress.4214701893.cidr_blocks.0": "10.140.0.0/16",
                            "ingress.4214701893.description": "",
                            "ingress.4214701893.from_port": "8090",
                            "ingress.4214701893.ipv6_cidr_blocks.#": "0",
                            "ingress.4214701893.protocol": "tcp",
                            "ingress.4214701893.security_groups.#": "0",
                            "ingress.4214701893.self": "false",
                            "ingress.4214701893.to_port": "8090",
                            "ingress.718103669.cidr_blocks.#": "1",
                            "ingress.718103669.cidr_blocks.0": "10.140.0.0/16",
                            "ingress.718103669.description": "",
                            "ingress.718103669.from_port": "80",
                            "ingress.718103669.ipv6_cidr_blocks.#": "0",
                            "ingress.718103669.protocol": "tcp",
                            "ingress.718103669.security_groups.#": "0",
                            "ingress.718103669.self": "false",
                            "ingress.718103669.to_port": "80",
                            "name": "me-disha-disha-web-tcmap",
                            "owner_id": "778504583090",
                            "revoke_rules_on_delete": "false",
                            "tags.%": "1",
                            "tags.Name": "me-disha-disha-web-tcmap",
                            "vpc_id": "vpc-d218feba"
                        },
                        "meta": {
                            "schema_version": "1"
                        },
                        "tainted": false
                    },
                    "deposed": [],
                    "provider": ""
                },
                "aws_security_group_rule.sg_rule.0": {
                    "type": "aws_security_group_rule",
                    "depends_on": [
                        "aws_security_group.sg"
                    ],
                    "primary": {
                        "id": "sgrule-3472121332",
                        "attributes": {
                            "cidr_blocks.#": "1",
                            "cidr_blocks.0": "10.140.0.0/16",
                            "description": "",
                            "from_port": "80",
                            "id": "sgrule-3472121332",
                            "ipv6_cidr_blocks.#": "0",
                            "prefix_list_ids.#": "0",
                            "protocol": "tcp",
                            "security_group_id": "sg-e1217489",
                            "self": "false",
                            "to_port": "80",
                            "type": "ingress"
                        },
                        "meta": {
                            "schema_version": "2"
                        },
                        "tainted": false
                    },
                    "deposed": [],
                    "provider": ""
                },
                "aws_security_group_rule.sg_rule.1": {
                    "type": "aws_security_group_rule",
                    "depends_on": [
                        "aws_security_group.sg"
                    ],
                    "primary": {
                        "id": "sgrule-277613364",
                        "attributes": {
                            "cidr_blocks.#": "1",
                            "cidr_blocks.0": "10.140.0.0/16",
                            "description": "",
                            "from_port": "443",
                            "id": "sgrule-277613364",
                            "ipv6_cidr_blocks.#": "0",
                            "prefix_list_ids.#": "0",
                            "protocol": "tcp",
                            "security_group_id": "sg-e1217489",
                            "self": "false",
                            "to_port": "443",
                            "type": "ingress"
                        },
                        "meta": {
                            "schema_version": "2"
                        },
                        "tainted": false
                    },
                    "deposed": [],
                    "provider": ""
                },
                "aws_security_group_rule.sg_rule.2": {
                    "type": "aws_security_group_rule",
                    "depends_on": [
                        "aws_security_group.sg"
                    ],
                    "primary": {
                        "id": "sgrule-3284097376",
                        "attributes": {
                            "cidr_blocks.#": "1",
                            "cidr_blocks.0": "10.140.0.0/16",
                            "description": "",
                            "from_port": "8090",
                            "id": "sgrule-3284097376",
                            "ipv6_cidr_blocks.#": "0",
                            "prefix_list_ids.#": "0",
                            "protocol": "tcp",
                            "security_group_id": "sg-e1217489",
                            "self": "false",
                            "to_port": "8090",
                            "type": "ingress"
                        },
                        "meta": {
                            "schema_version": "2"
                        },
                        "tainted": false
                    },
                    "deposed": [],
                    "provider": ""
                }
            },
            "depends_on": []
        },
        {
            "path": [
                "root",
                "me_disha_env",
                "jump_box",
                "sg"
            ],
            "outputs": {
                "sg_id": {
                    "sensitive": false,
                    "type": "string",
                    "value": "sg-4421742c"
                }
            },
            "resources": {
                "aws_security_group.sg": {
                    "type": "aws_security_group",
                    "depends_on": [],
                    "primary": {
                        "id": "sg-4421742c",
                        "attributes": {
                            "description": "Managed by Terraform",
                            "egress.#": "0",
                            "id": "sg-4421742c",
                            "ingress.#": "1",
                            "ingress.2541437006.cidr_blocks.#": "1",
                            "ingress.2541437006.cidr_blocks.0": "0.0.0.0/0",
                            "ingress.2541437006.description": "",
                            "ingress.2541437006.from_port": "22",
                            "ingress.2541437006.ipv6_cidr_blocks.#": "0",
                            "ingress.2541437006.protocol": "tcp",
                            "ingress.2541437006.security_groups.#": "0",
                            "ingress.2541437006.self": "false",
                            "ingress.2541437006.to_port": "22",
                            "name": "me-disha-jump-box",
                            "owner_id": "778504583090",
                            "revoke_rules_on_delete": "false",
                            "tags.%": "1",
                            "tags.Name": "me-disha-jump-box",
                            "vpc_id": "vpc-d218feba"
                        },
                        "meta": {
                            "schema_version": "1"
                        },
                        "tainted": false
                    },
                    "deposed": [],
                    "provider": ""
                },
                "aws_security_group_rule.sg_rule": {
                    "type": "aws_security_group_rule",
                    "depends_on": [
                        "aws_security_group.sg"
                    ],
                    "primary": {
                        "id": "sgrule-498097304",
                        "attributes": {
                            "cidr_blocks.#": "1",
                            "cidr_blocks.0": "0.0.0.0/0",
                            "description": "",
                            "from_port": "22",
                            "id": "sgrule-498097304",
                            "ipv6_cidr_blocks.#": "0",
                            "prefix_list_ids.#": "0",
                            "protocol": "tcp",
                            "security_group_id": "sg-4421742c",
                            "self": "false",
                            "to_port": "22",
                            "type": "ingress"
                        },
                        "meta": {
                            "schema_version": "2"
                        },
                        "tainted": false
                    },
                    "deposed": [],
                    "provider": ""
                }
            },
            "depends_on": []
        },
        {
            "path": [
                "root",
                "me_disha_env",
                "metabase_instance",
                "sg"
            ],
            "outputs": {
                "sg_id": {
                    "sensitive": false,
                    "type": "string",
                    "value": "sg-bf5a7ad7"
                }
            },
            "resources": {
                "aws_security_group.sg": {
                    "type": "aws_security_group",
                    "depends_on": [],
                    "primary": {
                        "id": "sg-bf5a7ad7",
                        "attributes": {
                            "description": "Managed by Terraform",
                            "egress.#": "0",
                            "id": "sg-bf5a7ad7",
                            "ingress.#": "1",
                            "ingress.1684087214.cidr_blocks.#": "1",
                            "ingress.1684087214.cidr_blocks.0": "10.140.0.0/16",
                            "ingress.1684087214.description": "",
                            "ingress.1684087214.from_port": "8080",
                            "ingress.1684087214.ipv6_cidr_blocks.#": "0",
                            "ingress.1684087214.protocol": "tcp",
                            "ingress.1684087214.security_groups.#": "0",
                            "ingress.1684087214.self": "false",
                            "ingress.1684087214.to_port": "8080",
                            "name": "me-disha-metabase",
                            "owner_id": "778504583090",
                            "revoke_rules_on_delete": "false",
                            "tags.%": "1",
                            "tags.Name": "me-disha-metabase",
                            "vpc_id": "vpc-d218feba"
                        },
                        "meta": {
                            "schema_version": "1"
                        },
                        "tainted": false
                    },
                    "deposed": [],
                    "provider": ""
                },
                "aws_security_group_rule.sg_rule": {
                    "type": "aws_security_group_rule",
                    "depends_on": [
                        "aws_security_group.sg"
                    ],
                    "primary": {
                        "id": "sgrule-1572361157",
                        "attributes": {
                            "cidr_blocks.#": "1",
                            "cidr_blocks.0": "10.140.0.0/16",
                            "description": "",
                            "from_port": "8080",
                            "id": "sgrule-1572361157",
                            "ipv6_cidr_blocks.#": "0",
                            "prefix_list_ids.#": "0",
                            "protocol": "tcp",
                            "security_group_id": "sg-bf5a7ad7",
                            "self": "false",
                            "to_port": "8080",
                            "type": "ingress"
                        },
                        "meta": {
                            "schema_version": "2"
                        },
                        "tainted": false
                    },
                    "deposed": [],
                    "provider": ""
                }
            },
            "depends_on": []
        },
        {
            "path": [
                "root",
                "me_disha_env",
                "nfs_instance",
                "sg"
            ],
            "outputs": {
                "sg_id": {
                    "sensitive": false,
                    "type": "string",
                    "value": "sg-b32174db"
                }
            },
            "resources": {
                "aws_security_group.sg": {
                    "type": "aws_security_group",
                    "depends_on": [],
                    "primary": {
                        "id": "sg-b32174db",
                        "attributes": {
                            "description": "Managed by Terraform",
                            "egress.#": "0",
                            "id": "sg-b32174db",
                            "ingress.#": "1",
                            "ingress.1080347930.cidr_blocks.#": "1",
                            "ingress.1080347930.cidr_blocks.0": "10.140.0.0/16",
                            "ingress.1080347930.description": "",
                            "ingress.1080347930.from_port": "2049",
                            "ingress.1080347930.ipv6_cidr_blocks.#": "0",
                            "ingress.1080347930.protocol": "tcp",
                            "ingress.1080347930.security_groups.#": "0",
                            "ingress.1080347930.self": "false",
                            "ingress.1080347930.to_port": "2049",
                            "name": "me-disha-nfs",
                            "owner_id": "778504583090",
                            "revoke_rules_on_delete": "false",
                            "tags.%": "1",
                            "tags.Name": "me-disha-nfs",
                            "vpc_id": "vpc-d218feba"
                        },
                        "meta": {
                            "schema_version": "1"
                        },
                        "tainted": false
                    },
                    "deposed": [],
                    "provider": ""
                },
                "aws_security_group_rule.sg_rule": {
                    "type": "aws_security_group_rule",
                    "depends_on": [
                        "aws_security_group.sg"
                    ],
                    "primary": {
                        "id": "sgrule-3573430257",
                        "attributes": {
                            "cidr_blocks.#": "1",
                            "cidr_blocks.0": "10.140.0.0/16",
                            "description": "",
                            "from_port": "2049",
                            "id": "sgrule-3573430257",
                            "ipv6_cidr_blocks.#": "0",
                            "prefix_list_ids.#": "0",
                            "protocol": "tcp",
                            "security_group_id": "sg-b32174db",
                            "self": "false",
                            "to_port": "2049",
                            "type": "ingress"
                        },
                        "meta": {
                            "schema_version": "2"
                        },
                        "tainted": false
                    },
                    "deposed": [],
                    "provider": ""
                }
            },
            "depends_on": []
        },
        {
            "path": [
                "root",
                "me_disha_env",
                "pmgdisha_info_instance",
                "sg"
            ],
            "outputs": {
                "sg_id": {
                    "sensitive": false,
                    "type": "string",
                    "value": "sg-b12174d9"
                }
            },
            "resources": {
                "aws_security_group.sg": {
                    "type": "aws_security_group",
                    "depends_on": [],
                    "primary": {
                        "id": "sg-b12174d9",
                        "attributes": {
                            "description": "Managed by Terraform",
                            "egress.#": "0",
                            "id": "sg-b12174d9",
                            "ingress.#": "2",
                            "ingress.3395988724.cidr_blocks.#": "1",
                            "ingress.3395988724.cidr_blocks.0": "10.140.0.0/16",
                            "ingress.3395988724.description": "",
                            "ingress.3395988724.from_port": "8050",
                            "ingress.3395988724.ipv6_cidr_blocks.#": "0",
                            "ingress.3395988724.protocol": "tcp",
                            "ingress.3395988724.security_groups.#": "0",
                            "ingress.3395988724.self": "false",
                            "ingress.3395988724.to_port": "8050",
                            "ingress.718103669.cidr_blocks.#": "1",
                            "ingress.718103669.cidr_blocks.0": "10.140.0.0/16",
                            "ingress.718103669.description": "",
                            "ingress.718103669.from_port": "80",
                            "ingress.718103669.ipv6_cidr_blocks.#": "0",
                            "ingress.718103669.protocol": "tcp",
                            "ingress.718103669.security_groups.#": "0",
                            "ingress.718103669.self": "false",
                            "ingress.718103669.to_port": "80",
                            "name": "me-disha-pmgdisha_info",
                            "owner_id": "778504583090",
                            "revoke_rules_on_delete": "false",
                            "tags.%": "1",
                            "tags.Name": "me-disha-pmgdisha_info",
                            "vpc_id": "vpc-d218feba"
                        },
                        "meta": {
                            "schema_version": "1"
                        },
                        "tainted": false
                    },
                    "deposed": [],
                    "provider": ""
                },
                "aws_security_group_rule.sg_rule.0": {
                    "type": "aws_security_group_rule",
                    "depends_on": [
                        "aws_security_group.sg"
                    ],
                    "primary": {
                        "id": "sgrule-2391116924",
                        "attributes": {
                            "cidr_blocks.#": "1",
                            "cidr_blocks.0": "10.140.0.0/16",
                            "description": "",
                            "from_port": "8050",
                            "id": "sgrule-2391116924",
                            "ipv6_cidr_blocks.#": "0",
                            "prefix_list_ids.#": "0",
                            "protocol": "tcp",
                            "security_group_id": "sg-b12174d9",
                            "self": "false",
                            "to_port": "8050",
                            "type": "ingress"
                        },
                        "meta": {
                            "schema_version": "2"
                        },
                        "tainted": false
                    },
                    "deposed": [],
                    "provider": ""
                },
                "aws_security_group_rule.sg_rule.1": {
                    "type": "aws_security_group_rule",
                    "depends_on": [
                        "aws_security_group.sg"
                    ],
                    "primary": {
                        "id": "sgrule-3535537617",
                        "attributes": {
                            "cidr_blocks.#": "1",
                            "cidr_blocks.0": "10.140.0.0/16",
                            "description": "",
                            "from_port": "80",
                            "id": "sgrule-3535537617",
                            "ipv6_cidr_blocks.#": "0",
                            "prefix_list_ids.#": "0",
                            "protocol": "tcp",
                            "security_group_id": "sg-b12174d9",
                            "self": "false",
                            "to_port": "80",
                            "type": "ingress"
                        },
                        "meta": {
                            "schema_version": "2"
                        },
                        "tainted": false
                    },
                    "deposed": [],
                    "provider": ""
                }
            },
            "depends_on": []
        },
        {
            "path": [
                "root",
                "me_disha_env",
                "practice_instance",
                "sg"
            ],
            "outputs": {
                "sg_id": {
                    "sensitive": false,
                    "type": "string",
                    "value": "sg-570b283f"
                }
            },
            "resources": {
                "aws_security_group.sg": {
                    "type": "aws_security_group",
                    "depends_on": [],
                    "primary": {
                        "id": "sg-570b283f",
                        "attributes": {
                            "description": "Managed by Terraform",
                            "egress.#": "0",
                            "id": "sg-570b283f",
                            "ingress.#": "1",
                            "ingress.1430041119.cidr_blocks.#": "1",
                            "ingress.1430041119.cidr_blocks.0": "10.140.0.0/16",
                            "ingress.1430041119.description": "",
                            "ingress.1430041119.from_port": "8040",
                            "ingress.1430041119.ipv6_cidr_blocks.#": "0",
                            "ingress.1430041119.protocol": "tcp",
                            "ingress.1430041119.security_groups.#": "0",
                            "ingress.1430041119.self": "false",
                            "ingress.1430041119.to_port": "8040",
                            "name": "me-disha-practice",
                            "owner_id": "778504583090",
                            "revoke_rules_on_delete": "false",
                            "tags.%": "1",
                            "tags.Name": "me-disha-practice",
                            "vpc_id": "vpc-d218feba"
                        },
                        "meta": {
                            "schema_version": "1"
                        },
                        "tainted": false
                    },
                    "deposed": [],
                    "provider": ""
                },
                "aws_security_group_rule.sg_rule": {
                    "type": "aws_security_group_rule",
                    "depends_on": [
                        "aws_security_group.sg"
                    ],
                    "primary": {
                        "id": "sgrule-3939879958",
                        "attributes": {
                            "cidr_blocks.#": "1",
                            "cidr_blocks.0": "10.140.0.0/16",
                            "description": "",
                            "from_port": "8040",
                            "id": "sgrule-3939879958",
                            "ipv6_cidr_blocks.#": "0",
                            "prefix_list_ids.#": "0",
                            "protocol": "tcp",
                            "security_group_id": "sg-570b283f",
                            "self": "false",
                            "to_port": "8040",
                            "type": "ingress"
                        },
                        "meta": {
                            "schema_version": "2"
                        },
                        "tainted": false
                    },
                    "deposed": [],
                    "provider": ""
                }
            },
            "depends_on": []
        },
        {
            "path": [
                "root",
                "me_disha_env",
                "redis_instance",
                "sg"
            ],
            "outputs": {
                "sg_id": {
                    "sensitive": false,
                    "type": "string",
                    "value": "sg-942471fc"
                }
            },
            "resources": {
                "aws_security_group.sg": {
                    "type": "aws_security_group",
                    "depends_on": [],
                    "primary": {
                        "id": "sg-942471fc",
                        "attributes": {
                            "description": "Managed by Terraform",
                            "egress.#": "0",
                            "id": "sg-942471fc",
                            "ingress.#": "1",
                            "ingress.2789308509.cidr_blocks.#": "1",
                            "ingress.2789308509.cidr_blocks.0": "10.140.0.0/16",
                            "ingress.2789308509.description": "",
                            "ingress.2789308509.from_port": "6379",
                            "ingress.2789308509.ipv6_cidr_blocks.#": "0",
                            "ingress.2789308509.protocol": "tcp",
                            "ingress.2789308509.security_groups.#": "0",
                            "ingress.2789308509.self": "false",
                            "ingress.2789308509.to_port": "6379",
                            "name": "me-disha-redis",
                            "owner_id": "778504583090",
                            "revoke_rules_on_delete": "false",
                            "tags.%": "1",
                            "tags.Name": "me-disha-redis",
                            "vpc_id": "vpc-d218feba"
                        },
                        "meta": {
                            "schema_version": "1"
                        },
                        "tainted": false
                    },
                    "deposed": [],
                    "provider": ""
                },
                "aws_security_group_rule.sg_rule": {
                    "type": "aws_security_group_rule",
                    "depends_on": [
                        "aws_security_group.sg"
                    ],
                    "primary": {
                        "id": "sgrule-3704963522",
                        "attributes": {
                            "cidr_blocks.#": "1",
                            "cidr_blocks.0": "10.140.0.0/16",
                            "description": "",
                            "from_port": "6379",
                            "id": "sgrule-3704963522",
                            "ipv6_cidr_blocks.#": "0",
                            "prefix_list_ids.#": "0",
                            "protocol": "tcp",
                            "security_group_id": "sg-942471fc",
                            "self": "false",
                            "to_port": "6379",
                            "type": "ingress"
                        },
                        "meta": {
                            "schema_version": "2"
                        },
                        "tainted": false
                    },
                    "deposed": [],
                    "provider": ""
                }
            },
            "depends_on": []
        },
        {
            "path": [
                "root",
                "me_disha_env",
                "username_disha_instance",
                "sg"
            ],
            "outputs": {
                "sg_id": {
                    "sensitive": false,
                    "type": "string",
                    "value": "sg-ad2772c5"
                }
            },
            "resources": {
                "aws_security_group.sg": {
                    "type": "aws_security_group",
                    "depends_on": [],
                    "primary": {
                        "id": "sg-ad2772c5",
                        "attributes": {
                            "description": "Managed by Terraform",
                            "egress.#": "0",
                            "id": "sg-ad2772c5",
                            "ingress.#": "1",
                            "ingress.3167157337.cidr_blocks.#": "1",
                            "ingress.3167157337.cidr_blocks.0": "10.140.0.0/16",
                            "ingress.3167157337.description": "",
                            "ingress.3167157337.from_port": "8041",
                            "ingress.3167157337.ipv6_cidr_blocks.#": "0",
                            "ingress.3167157337.protocol": "tcp",
                            "ingress.3167157337.security_groups.#": "0",
                            "ingress.3167157337.self": "false",
                            "ingress.3167157337.to_port": "8041",
                            "name": "me-disha-disha-username",
                            "owner_id": "778504583090",
                            "revoke_rules_on_delete": "false",
                            "tags.%": "1",
                            "tags.Name": "me-disha-disha-username",
                            "vpc_id": "vpc-d218feba"
                        },
                        "meta": {
                            "schema_version": "1"
                        },
                        "tainted": false
                    },
                    "deposed": [],
                    "provider": ""
                },
                "aws_security_group_rule.sg_rule": {
                    "type": "aws_security_group_rule",
                    "depends_on": [
                        "aws_security_group.sg"
                    ],
                    "primary": {
                        "id": "sgrule-4255463719",
                        "attributes": {
                            "cidr_blocks.#": "1",
                            "cidr_blocks.0": "10.140.0.0/16",
                            "description": "",
                            "from_port": "8041",
                            "id": "sgrule-4255463719",
                            "ipv6_cidr_blocks.#": "0",
                            "prefix_list_ids.#": "0",
                            "protocol": "tcp",
                            "security_group_id": "sg-ad2772c5",
                            "self": "false",
                            "to_port": "8041",
                            "type": "ingress"
                        },
                        "meta": {
                            "schema_version": "2"
                        },
                        "tainted": false
                    },
                    "deposed": [],
                    "provider": ""
                }
            },
            "depends_on": []
        }
    ]
}
