{
    "version": 3,
    "terraform_version": "0.10.6",
    "serial": 109,
    "lineage": "60e29f64-6ac8-4d01-8381-e8faac14417b",
    "modules": [
        {
            "path": [
                "root"
            ],
            "outputs": {},
            "resources": {},
            "depends_on": []
        },
        {
            "path": [
                "root",
                "disha_mettl_in_env"
            ],
            "outputs": {},
            "resources": {
                "aws_alb_target_group_attachment.biometric-admin-http": {
                    "type": "aws_alb_target_group_attachment",
                    "depends_on": [
                        "module.biometric-admin-tg-http",
                        "module.biometric_admin"
                    ],
                    "primary": {
                        "id": "arn:aws:elasticloadbalancing:ap-northeast-1:760572120597:targetgroup/biom-admin-http-tg-websitepvt/634554faefa8cb68-00b77a0af0658ae6b6e5c4b503",
                        "attributes": {
                            "id": "arn:aws:elasticloadbalancing:ap-northeast-1:760572120597:targetgroup/biom-admin-http-tg-websitepvt/634554faefa8cb68-00b77a0af0658ae6b6e5c4b503",
                            "port": "80",
                            "target_group_arn": "arn:aws:elasticloadbalancing:ap-northeast-1:760572120597:targetgroup/biom-admin-http-tg-websitepvt/634554faefa8cb68",
                            "target_id": "i-0183fa6b3b215c01d"
                        },
                        "meta": {},
                        "tainted": false
                    },
                    "deposed": [],
                    "provider": ""
                },
                "aws_alb_target_group_attachment.biometric-admin-https": {
                    "type": "aws_alb_target_group_attachment",
                    "depends_on": [
                        "module.biometric-admin-tg-https",
                        "module.biometric_admin"
                    ],
                    "primary": {
                        "id": "arn:aws:elasticloadbalancing:ap-northeast-1:760572120597:targetgroup/biom-admin-https-tg-websitepvt/c5a69e890eabb899-00b77a0af0658ae6b6e5c4b504",
                        "attributes": {
                            "id": "arn:aws:elasticloadbalancing:ap-northeast-1:760572120597:targetgroup/biom-admin-https-tg-websitepvt/c5a69e890eabb899-00b77a0af0658ae6b6e5c4b504",
                            "port": "443",
                            "target_group_arn": "arn:aws:elasticloadbalancing:ap-northeast-1:760572120597:targetgroup/biom-admin-https-tg-websitepvt/c5a69e890eabb899",
                            "target_id": "i-0183fa6b3b215c01d"
                        },
                        "meta": {},
                        "tainted": false
                    },
                    "deposed": [],
                    "provider": ""
                },
                "aws_alb_target_group_attachment.biometric-http": {
                    "type": "aws_alb_target_group_attachment",
                    "depends_on": [
                        "module.biometric",
                        "module.biometric-tg-http"
                    ],
                    "primary": {
                        "id": "arn:aws:elasticloadbalancing:ap-northeast-1:760572120597:targetgroup/biometric-http-tg-websitepvt/641b29961bfc8f75-00b77a0af0658ae6b6e5c4b505",
                        "attributes": {
                            "id": "arn:aws:elasticloadbalancing:ap-northeast-1:760572120597:targetgroup/biometric-http-tg-websitepvt/641b29961bfc8f75-00b77a0af0658ae6b6e5c4b505",
                            "port": "80",
                            "target_group_arn": "arn:aws:elasticloadbalancing:ap-northeast-1:760572120597:targetgroup/biometric-http-tg-websitepvt/641b29961bfc8f75",
                            "target_id": "i-04f99485864e51885"
                        },
                        "meta": {},
                        "tainted": false
                    },
                    "deposed": [],
                    "provider": ""
                },
                "aws_alb_target_group_attachment.biometric-https": {
                    "type": "aws_alb_target_group_attachment",
                    "depends_on": [
                        "module.biometric",
                        "module.biometric-tg-https"
                    ],
                    "primary": {
                        "id": "arn:aws:elasticloadbalancing:ap-northeast-1:760572120597:targetgroup/biometric-https-tg-websitepvt/ef0e5dfc84d98e64-00b77a0af0658ae6b6e5c4b506",
                        "attributes": {
                            "id": "arn:aws:elasticloadbalancing:ap-northeast-1:760572120597:targetgroup/biometric-https-tg-websitepvt/ef0e5dfc84d98e64-00b77a0af0658ae6b6e5c4b506",
                            "port": "443",
                            "target_group_arn": "arn:aws:elasticloadbalancing:ap-northeast-1:760572120597:targetgroup/biometric-https-tg-websitepvt/ef0e5dfc84d98e64",
                            "target_id": "i-04f99485864e51885"
                        },
                        "meta": {},
                        "tainted": false
                    },
                    "deposed": [],
                    "provider": ""
                },
                "aws_alb_target_group_attachment.disha-tcmap-http": {
                    "type": "aws_alb_target_group_attachment",
                    "depends_on": [
                        "module.disha-app-tcmap-tg-http",
                        "module.disha_web_tcmap_instance"
                    ],
                    "primary": {
                        "id": "arn:aws:elasticloadbalancing:ap-northeast-1:760572120597:targetgroup/disha-tcmap-http-tg-websitepvt/e64819364c984db8-0005994f25a4b64b063c4eefd0",
                        "attributes": {
                            "id": "arn:aws:elasticloadbalancing:ap-northeast-1:760572120597:targetgroup/disha-tcmap-http-tg-websitepvt/e64819364c984db8-0005994f25a4b64b063c4eefd0",
                            "port": "80",
                            "target_group_arn": "arn:aws:elasticloadbalancing:ap-northeast-1:760572120597:targetgroup/disha-tcmap-http-tg-websitepvt/e64819364c984db8",
                            "target_id": "i-0a35a93f8fde80cbd"
                        },
                        "meta": {},
                        "tainted": false
                    },
                    "deposed": [],
                    "provider": ""
                },
                "aws_alb_target_group_attachment.disha-tcmap-https": {
                    "type": "aws_alb_target_group_attachment",
                    "depends_on": [
                        "module.disha-app-tcmap-tg-https",
                        "module.disha_web_tcmap_instance"
                    ],
                    "primary": {
                        "id": "arn:aws:elasticloadbalancing:ap-northeast-1:760572120597:targetgroup/disha-tcmap-https-tg-websitepvt/04cd6d520f159213-0005994f25a4b64b063c4eefcf",
                        "attributes": {
                            "id": "arn:aws:elasticloadbalancing:ap-northeast-1:760572120597:targetgroup/disha-tcmap-https-tg-websitepvt/04cd6d520f159213-0005994f25a4b64b063c4eefcf",
                            "port": "443",
                            "target_group_arn": "arn:aws:elasticloadbalancing:ap-northeast-1:760572120597:targetgroup/disha-tcmap-https-tg-websitepvt/04cd6d520f159213",
                            "target_id": "i-0a35a93f8fde80cbd"
                        },
                        "meta": {},
                        "tainted": false
                    },
                    "deposed": [],
                    "provider": ""
                },
                "aws_cloudwatch_metric_alarm.ansible_jenkins_instance_status_check": {
                    "type": "aws_cloudwatch_metric_alarm",
                    "depends_on": [
                        "aws_instance.jenkins-ansible-instance",
                        "module.disha_sns"
                    ],
                    "primary": {
                        "id": "jenkins-ansible.websitepvt-status-checks-failed",
                        "attributes": {
                            "actions_enabled": "true",
                            "alarm_actions.#": "1",
                            "alarm_actions.1013585629": "arn:aws:sns:ap-northeast-1:760572120597:disha-sns-websitepvt",
                            "alarm_description": "This metric monitors ec2 status checks",
                            "alarm_name": "jenkins-ansible.websitepvt-status-checks-failed",
                            "comparison_operator": "GreaterThanOrEqualToThreshold",
                            "dimensions.%": "1",
                            "dimensions.InstanceId": "i-0e2add3e19e8a4aec",
                            "evaluate_low_sample_count_percentiles": "",
                            "evaluation_periods": "1",
                            "extended_statistic": "",
                            "id": "jenkins-ansible.websitepvt-status-checks-failed",
                            "insufficient_data_actions.#": "1",
                            "insufficient_data_actions.1013585629": "arn:aws:sns:ap-northeast-1:760572120597:disha-sns-websitepvt",
                            "metric_name": "StatusCheckFailed",
                            "namespace": "AWS/EC2",
                            "ok_actions.#": "1",
                            "ok_actions.1013585629": "arn:aws:sns:ap-northeast-1:760572120597:disha-sns-websitepvt",
                            "period": "60",
                            "statistic": "Average",
                            "threshold": "1",
                            "treat_missing_data": "missing",
                            "unit": ""
                        },
                        "meta": {
                            "schema_version": "1"
                        },
                        "tainted": false
                    },
                    "deposed": [],
                    "provider": ""
                },
                "aws_cloudwatch_metric_alarm.openvpn_instance_status_check": {
                    "type": "aws_cloudwatch_metric_alarm",
                    "depends_on": [
                        "aws_instance.openvpn-instance",
                        "module.disha_sns"
                    ],
                    "primary": {
                        "id": "openvpn.websitepvt-status-checks-failed",
                        "attributes": {
                            "actions_enabled": "true",
                            "alarm_actions.#": "1",
                            "alarm_actions.1013585629": "arn:aws:sns:ap-northeast-1:760572120597:disha-sns-websitepvt",
                            "alarm_description": "This metric monitors ec2 status checks",
                            "alarm_name": "openvpn.websitepvt-status-checks-failed",
                            "comparison_operator": "GreaterThanOrEqualToThreshold",
                            "dimensions.%": "1",
                            "dimensions.InstanceId": "i-0c7dd8025ede6467c",
                            "evaluate_low_sample_count_percentiles": "",
                            "evaluation_periods": "1",
                            "extended_statistic": "",
                            "id": "openvpn.websitepvt-status-checks-failed",
                            "insufficient_data_actions.#": "1",
                            "insufficient_data_actions.1013585629": "arn:aws:sns:ap-northeast-1:760572120597:disha-sns-websitepvt",
                            "metric_name": "StatusCheckFailed",
                            "namespace": "AWS/EC2",
                            "ok_actions.#": "1",
                            "ok_actions.1013585629": "arn:aws:sns:ap-northeast-1:760572120597:disha-sns-websitepvt",
                            "period": "60",
                            "statistic": "Average",
                            "threshold": "1",
                            "treat_missing_data": "missing",
                            "unit": ""
                        },
                        "meta": {
                            "schema_version": "1"
                        },
                        "tainted": false
                    },
                    "deposed": [],
                    "provider": ""
                },
                "aws_eip_association.jenkins": {
                    "type": "aws_eip_association",
                    "depends_on": [
                        "aws_instance.jenkins-ansible-instance"
                    ],
                    "primary": {
                        "id": "eipassoc-005d623a",
                        "attributes": {
                            "allocation_id": "eipalloc-8f3d4bb5",
                            "id": "eipassoc-005d623a",
                            "instance_id": "i-0e2add3e19e8a4aec",
                            "network_interface_id": "eni-626c0c5f",
                            "private_ip_address": "10.10.5.225",
                            "public_ip": "52.68.33.5"
                        },
                        "meta": {},
                        "tainted": false
                    },
                    "deposed": [],
                    "provider": ""
                },
                "aws_eip_association.jump_box": {
                    "type": "aws_eip_association",
                    "depends_on": [
                        "module.jump_box"
                    ],
                    "primary": {
                        "id": "eipassoc-3b2c1f01",
                        "attributes": {
                            "allocation_id": "eipalloc-29a2c813",
                            "id": "eipassoc-3b2c1f01",
                            "instance_id": "i-039ae4c439efbc44a",
                            "network_interface_id": "eni-1a53ca27",
                            "private_ip_address": "10.10.5.90",
                            "public_ip": "54.65.169.29"
                        },
                        "meta": {},
                        "tainted": false
                    },
                    "deposed": [],
                    "provider": ""
                },
                "aws_eip_association.openvpn": {
                    "type": "aws_eip_association",
                    "depends_on": [
                        "aws_instance.openvpn-instance"
                    ],
                    "primary": {
                        "id": "eipassoc-1a132020",
                        "attributes": {
                            "allocation_id": "eipalloc-d75f35ed",
                            "id": "eipassoc-1a132020",
                            "instance_id": "i-0c7dd8025ede6467c",
                            "network_interface_id": "eni-d056cfed",
                            "private_ip_address": "10.10.5.101",
                            "public_ip": "54.64.73.51"
                        },
                        "meta": {},
                        "tainted": false
                    },
                    "deposed": [],
                    "provider": ""
                },
                "aws_eip_association.username": {
                    "type": "aws_eip_association",
                    "depends_on": [
                        "module.disha_location_instance"
                    ],
                    "primary": {
                        "id": "eipassoc-ea7944d0",
                        "attributes": {
                            "allocation_id": "eipalloc-ac1e6996",
                            "id": "eipassoc-ea7944d0",
                            "instance_id": "i-0da280a65f50f1f98",
                            "network_interface_id": "eni-7a402547",
                            "private_ip_address": "10.10.5.108",
                            "public_ip": "13.114.168.81"
                        },
                        "meta": {},
                        "tainted": false
                    },
                    "deposed": [],
                    "provider": ""
                },
                "aws_elasticache_cluster.redis_cluster": {
                    "type": "aws_elasticache_cluster",
                    "depends_on": [
                        "aws_elasticache_subnet_group.elasticache_subnet_group",
                        "aws_security_group.redis_sg"
                    ],
                    "primary": {
                        "id": "cluster-example",
                        "attributes": {
                            "apply_immediately": "true",
                            "availability_zone": "ap-northeast-1a",
                            "az_mode": "single-az",
                            "cache_nodes.#": "1",
                            "cache_nodes.0.address": "cluster-example.6k0x0n.0001.apne1.cache.amazonaws.com",
                            "cache_nodes.0.availability_zone": "ap-northeast-1a",
                            "cache_nodes.0.id": "0001",
                            "cache_nodes.0.port": "6379",
                            "cluster_id": "cluster-example",
                            "engine": "redis",
                            "engine_version": "3.2.4",
                            "id": "cluster-example",
                            "maintenance_window": "sun:20:00-sun:22:00",
                            "node_type": "cache.t2.micro",
                            "num_cache_nodes": "1",
                            "parameter_group_name": "default.redis3.2",
                            "port": "6379",
                            "security_group_ids.#": "1",
                            "security_group_ids.607880072": "sg-61d83918",
                            "security_group_names.#": "0",
                            "snapshot_retention_limit": "0",
                            "snapshot_window": "",
                            "subnet_group_name": "tf-test-cache-subnet",
                            "tags.%": "0"
                        },
                        "meta": {},
                        "tainted": false
                    },
                    "deposed": [],
                    "provider": ""
                },
                "aws_elasticache_subnet_group.elasticache_subnet_group": {
                    "type": "aws_elasticache_subnet_group",
                    "depends_on": [
                        "module.vpc"
                    ],
                    "primary": {
                        "id": "tf-test-cache-subnet",
                        "attributes": {
                            "description": "Managed by Terraform",
                            "id": "tf-test-cache-subnet",
                            "name": "tf-test-cache-subnet",
                            "subnet_ids.#": "1",
                            "subnet_ids.1666528994": "subnet-3700a57e"
                        },
                        "meta": {},
                        "tainted": false
                    },
                    "deposed": [],
                    "provider": ""
                },
                "aws_elb_attachment.pmgdisha": {
                    "type": "aws_elb_attachment",
                    "depends_on": [
                        "module.as-lb-http",
                        "module.pmgdisha_info_instance"
                    ],
                    "primary": {
                        "id": "pmgdisha-info-lb-websitepvt-00b68ce23068fafdfa7a0dca6d",
                        "attributes": {
                            "elb": "pmgdisha-info-lb-websitepvt",
                            "id": "pmgdisha-info-lb-websitepvt-00b68ce23068fafdfa7a0dca6d",
                            "instance": "i-0b6403f1c420c31bd"
                        },
                        "meta": {},
                        "tainted": false
                    },
                    "deposed": [],
                    "provider": ""
                },
                "aws_iam_instance_profile.ansible-profile": {
                    "type": "aws_iam_instance_profile",
                    "depends_on": [],
                    "primary": {
                        "id": "ansible-profile.websitepvt",
                        "attributes": {
                            "arn": "arn:aws:iam::760572120597:instance-profile/ansible-profile.websitepvt",
                            "id": "ansible-profile.websitepvt",
                            "name": "ansible-profile.websitepvt",
                            "path": "/",
                            "role": "ansible-role.websitepvt",
                            "roles.#": "1",
                            "roles.42203935": "ansible-role.websitepvt",
                            "unique_id": "AIPAI2CYMYAPEALAK66LC"
                        },
                        "meta": {},
                        "tainted": false
                    },
                    "deposed": [],
                    "provider": ""
                },
                "aws_iam_instance_profile.autoscaling-deployment-s3logs-iam-profile": {
                    "type": "aws_iam_instance_profile",
                    "depends_on": [
                        "aws_iam_role.autoscaling-deployment-s3logs-iam-role"
                    ],
                    "primary": {
                        "id": "autoscaling-deployment-s3logs-iam-profile.websitepvt",
                        "attributes": {
                            "arn": "arn:aws:iam::760572120597:instance-profile/autoscaling-deployment-s3logs-iam-profile.websitepvt",
                            "id": "autoscaling-deployment-s3logs-iam-profile.websitepvt",
                            "name": "autoscaling-deployment-s3logs-iam-profile.websitepvt",
                            "path": "/",
                            "role": "autoscaling-deployment-s3logs-iam-profile.websitepvt",
                            "roles.#": "1",
                            "roles.85934108": "autoscaling-deployment-s3logs-iam-profile.websitepvt",
                            "unique_id": "AIPAIOW52GPJCQDJJEJUC"
                        },
                        "meta": {},
                        "tainted": false
                    },
                    "deposed": [],
                    "provider": ""
                },
                "aws_iam_instance_profile.instance-profile": {
                    "type": "aws_iam_instance_profile",
                    "depends_on": [
                        "aws_iam_role.instance-role"
                    ],
                    "primary": {
                        "id": "instance-profile.websitepvt",
                        "attributes": {
                            "arn": "arn:aws:iam::760572120597:instance-profile/instance-profile.websitepvt",
                            "id": "instance-profile.websitepvt",
                            "name": "instance-profile.websitepvt",
                            "path": "/",
                            "role": "instance-profile.websitepvt",
                            "roles.#": "1",
                            "roles.1571146864": "instance-profile.websitepvt",
                            "unique_id": "AIPAIMXELXUHGHWNCFSVI"
                        },
                        "meta": {},
                        "tainted": false
                    },
                    "deposed": [],
                    "provider": ""
                },
                "aws_iam_instance_profile.metrics-profile": {
                    "type": "aws_iam_instance_profile",
                    "depends_on": [
                        "aws_iam_role.metrics-role"
                    ],
                    "primary": {
                        "id": "metrics-profile.websitepvt",
                        "attributes": {
                            "arn": "arn:aws:iam::760572120597:instance-profile/metrics-profile.websitepvt",
                            "id": "metrics-profile.websitepvt",
                            "name": "metrics-profile.websitepvt",
                            "path": "/",
                            "role": "metrics-profile.websitepvt",
                            "roles.#": "1",
                            "roles.3980853620": "metrics-profile.websitepvt",
                            "unique_id": "AIPAJKMZLR323RCVFRQIY"
                        },
                        "meta": {},
                        "tainted": false
                    },
                    "deposed": [],
                    "provider": ""
                },
                "aws_iam_policy.autoscaling-read-policy": {
                    "type": "aws_iam_policy",
                    "depends_on": [
                        "data.template_file.autoscaling_read_policy_as_template"
                    ],
                    "primary": {
                        "id": "arn:aws:iam::760572120597:policy/autoscaling-read.websitepvt",
                        "attributes": {
                            "arn": "arn:aws:iam::760572120597:policy/autoscaling-read.websitepvt",
                            "id": "arn:aws:iam::760572120597:policy/autoscaling-read.websitepvt",
                            "name": "autoscaling-read.websitepvt",
                            "path": "/",
                            "policy": "{\n    \"Version\": \"2012-10-17\",\n    \"Statement\": [\n\n        {\n            \"Effect\": \"Allow\",\n            \"Action\":\n            [\n                            \"autoscaling:DescribeTags\",\n                            \"autoscaling:DescribeAutoScalingGroups\"\n                        ],\n\n            \"Resource\": \"*\"\n        }\n    ]\n}"
                        },
                        "meta": {},
                        "tainted": false
                    },
                    "deposed": [],
                    "provider": ""
                },
                "aws_iam_policy.cloudwatch-policy": {
                    "type": "aws_iam_policy",
                    "depends_on": [
                        "data.template_file.cloudwatch_policy_as_template"
                    ],
                    "primary": {
                        "id": "arn:aws:iam::760572120597:policy/cloudwatch-policy.websitepvt",
                        "attributes": {
                            "arn": "arn:aws:iam::760572120597:policy/cloudwatch-policy.websitepvt",
                            "id": "arn:aws:iam::760572120597:policy/cloudwatch-policy.websitepvt",
                            "name": "cloudwatch-policy.websitepvt",
                            "path": "/",
                            "policy": "{\n    \"Version\": \"2012-10-17\",\n    \"Statement\": [\n        {\n            \"Sid\": \"Stmt1495189811000\",\n            \"Effect\": \"Allow\",\n            \"Action\": [\n                \"cloudwatch:ListMetrics\",\n                \"cloudwatch:PutMetricData\"\n            ],\n            \"Resource\": [\n                \"*\"\n            ]\n        }\n    ]\n}"
                        },
                        "meta": {},
                        "tainted": false
                    },
                    "deposed": [],
                    "provider": ""
                },
                "aws_iam_policy.ec2-read-policy": {
                    "type": "aws_iam_policy",
                    "depends_on": [
                        "data.template_file.ec2_read_policy_as_template"
                    ],
                    "primary": {
                        "id": "arn:aws:iam::760572120597:policy/ec2-read.websitepvt",
                        "attributes": {
                            "arn": "arn:aws:iam::760572120597:policy/ec2-read.websitepvt",
                            "id": "arn:aws:iam::760572120597:policy/ec2-read.websitepvt",
                            "name": "ec2-read.websitepvt",
                            "path": "/",
                            "policy": "{\n    \"Version\": \"2012-10-17\",\n    \"Statement\": [\n\n        {\n            \"Effect\": \"Allow\",\n            \"Action\":\n            [\n\t\t\t    \"ec2:DescribeInstances\"\n                        ],\n\n            \"Resource\": \"*\"\n        }\n    ]\n}\n"
                        },
                        "meta": {},
                        "tainted": false
                    },
                    "deposed": [],
                    "provider": ""
                },
                "aws_iam_policy.get-deployement-version-policy": {
                    "type": "aws_iam_policy",
                    "depends_on": [],
                    "primary": {
                        "id": "arn:aws:iam::760572120597:policy/get-deployement-version.websitepvt",
                        "attributes": {
                            "arn": "arn:aws:iam::760572120597:policy/get-deployement-version.websitepvt",
                            "id": "arn:aws:iam::760572120597:policy/get-deployement-version.websitepvt",
                            "name": "get-deployement-version.websitepvt",
                            "path": "/",
                            "policy": "{\n    \"Version\": \"2012-10-17\",\n    \"Statement\": [\n        {\n            \"Effect\": \"Allow\",\n            \"Action\": [\n                \"s3:ListBucket\"\n            ],\n            \"Resource\": [\n\n                \"arn:aws:s3:::deployement-versions\"\n            ]\n        },\n        {\n            \"Effect\": \"Allow\",\n            \"Action\": [\n                \"s3:PutObject\",\n                \"s3:GetObject\",\n                \"s3:DeleteObject\"\n            ],\n            \"Resource\": [\n\n                \"arn:aws:s3:::deployement-versions/*\"\n            ]\n        }\n    ]\n}\n"
                        },
                        "meta": {},
                        "tainted": false
                    },
                    "deposed": [],
                    "provider": ""
                },
                "aws_iam_policy.s3-logs-policy": {
                    "type": "aws_iam_policy",
                    "depends_on": [
                        "data.template_file.s3_logs_policy_as_template"
                    ],
                    "primary": {
                        "id": "arn:aws:iam::760572120597:policy/s3-logs-policy.websitepvt",
                        "attributes": {
                            "arn": "arn:aws:iam::760572120597:policy/s3-logs-policy.websitepvt",
                            "id": "arn:aws:iam::760572120597:policy/s3-logs-policy.websitepvt",
                            "name": "s3-logs-policy.websitepvt",
                            "path": "/",
                            "policy": "{\n    \"Version\": \"2012-10-17\",\n    \"Statement\": [\n        {\n            \"Sid\": \"Stmt1462344008000\",\n            \"Effect\": \"Allow\",\n            \"Action\": [\n                \"s3:GetBucketLocation\",\n                \"s3:ListAllMyBuckets\"\n            ],\n            \"Resource\": [\n                \"arn:aws:s3:::*\"\n            ]\n        },\n        {\n            \"Sid\": \"Stmt1462344268000\",\n            \"Effect\": \"Allow\",\n            \"Action\": [\n                \"s3:*\"\n            ],\n            \"Resource\": [\n                \"arn:aws:s3:::disha-mettl-in-logs/*\"\n            ]\n        },\n        {\n            \"Sid\": \"Stmt1462344360000\",\n            \"Effect\": \"Allow\",\n            \"Action\": [\n                \"s3:ListBucket\"\n            ],\n            \"Resource\": [\n                \"arn:aws:s3:::disha-mettl-in-logs\"\n            ]\n        }\n    ]\n}"
                        },
                        "meta": {},
                        "tainted": false
                    },
                    "deposed": [],
                    "provider": ""
                },
                "aws_iam_role.ansible-role": {
                    "type": "aws_iam_role",
                    "depends_on": [],
                    "primary": {
                        "id": "ansible-role.websitepvt",
                        "attributes": {
                            "arn": "arn:aws:iam::760572120597:role/ansible-role.websitepvt",
                            "assume_role_policy": "{\"Version\":\"2012-10-17\",\"Statement\":[{\"Sid\":\"\",\"Effect\":\"Allow\",\"Principal\":{\"Service\":\"ec2.amazonaws.com\"},\"Action\":\"sts:AssumeRole\"}]}",
                            "create_date": "2017-10-03T18:09:37Z",
                            "force_detach_policies": "false",
                            "id": "ansible-role.websitepvt",
                            "name": "ansible-role.websitepvt",
                            "path": "/",
                            "unique_id": "AROAINCW5QEFFZQ5P4CLW"
                        },
                        "meta": {},
                        "tainted": false
                    },
                    "deposed": [],
                    "provider": ""
                },
                "aws_iam_role.autoscaling-deployment-s3logs-iam-role": {
                    "type": "aws_iam_role",
                    "depends_on": [],
                    "primary": {
                        "id": "autoscaling-deployment-s3logs-iam-profile.websitepvt",
                        "attributes": {
                            "arn": "arn:aws:iam::760572120597:role/autoscaling-deployment-s3logs-iam-profile.websitepvt",
                            "assume_role_policy": "{\"Version\":\"2012-10-17\",\"Statement\":[{\"Sid\":\"\",\"Effect\":\"Allow\",\"Principal\":{\"Service\":\"ec2.amazonaws.com\"},\"Action\":\"sts:AssumeRole\"}]}",
                            "create_date": "2017-10-03T18:09:34Z",
                            "force_detach_policies": "false",
                            "id": "autoscaling-deployment-s3logs-iam-profile.websitepvt",
                            "name": "autoscaling-deployment-s3logs-iam-profile.websitepvt",
                            "path": "/",
                            "unique_id": "AROAIDH7AZXNHU4NKTYFW"
                        },
                        "meta": {},
                        "tainted": false
                    },
                    "deposed": [],
                    "provider": ""
                },
                "aws_iam_role.instance-role": {
                    "type": "aws_iam_role",
                    "depends_on": [],
                    "primary": {
                        "id": "instance-profile.websitepvt",
                        "attributes": {
                            "arn": "arn:aws:iam::760572120597:role/instance-profile.websitepvt",
                            "assume_role_policy": "{\"Version\":\"2012-10-17\",\"Statement\":[{\"Sid\":\"\",\"Effect\":\"Allow\",\"Principal\":{\"Service\":\"ec2.amazonaws.com\"},\"Action\":\"sts:AssumeRole\"}]}",
                            "create_date": "2017-10-03T18:09:34Z",
                            "force_detach_policies": "false",
                            "id": "instance-profile.websitepvt",
                            "name": "instance-profile.websitepvt",
                            "path": "/",
                            "unique_id": "AROAIQFFLB73QYVTHUCTA"
                        },
                        "meta": {},
                        "tainted": false
                    },
                    "deposed": [],
                    "provider": ""
                },
                "aws_iam_role.metrics-role": {
                    "type": "aws_iam_role",
                    "depends_on": [],
                    "primary": {
                        "id": "metrics-profile.websitepvt",
                        "attributes": {
                            "arn": "arn:aws:iam::760572120597:role/metrics-profile.websitepvt",
                            "assume_role_policy": "{\"Version\":\"2012-10-17\",\"Statement\":[{\"Sid\":\"\",\"Effect\":\"Allow\",\"Principal\":{\"Service\":\"ec2.amazonaws.com\"},\"Action\":\"sts:AssumeRole\"}]}",
                            "create_date": "2017-10-04T17:08:29Z",
                            "force_detach_policies": "false",
                            "id": "metrics-profile.websitepvt",
                            "name": "metrics-profile.websitepvt",
                            "path": "/",
                            "unique_id": "AROAJUGAFGIKX6BCP7666"
                        },
                        "meta": {},
                        "tainted": false
                    },
                    "deposed": [],
                    "provider": ""
                },
                "aws_iam_role_policy.ansible-policy": {
                    "type": "aws_iam_role_policy",
                    "depends_on": [
                        "aws_iam_role.ansible-role",
                        "data.template_file.ansible_jenkins_policy_as_template"
                    ],
                    "primary": {
                        "id": "ansible-role.websitepvt:ansible-policy.websitepvt",
                        "attributes": {
                            "id": "ansible-role.websitepvt:ansible-policy.websitepvt",
                            "name": "ansible-policy.websitepvt",
                            "policy": "{\n    \"Version\": \"2012-10-17\",\n    \"Statement\": [\n        {\n            \"Effect\": \"Allow\",\n            \"Action\": [\n                \"s3:ListBucket\"\n            ],\n            \"Resource\": [\n                \"arn:aws:s3:::mettl-devops\",\n                \"arn:aws:s3:::deployement-versions\"\n            ]\n        },\n        {\n            \"Effect\": \"Allow\",\n            \"Action\": [\n                \"s3:PutObject\",\n                \"s3:GetObject\",\n                \"s3:DeleteObject\"\n            ],\n            \"Resource\": [\n                \"arn:aws:s3:::mettl-devops\",\n                \"arn:aws:s3:::deployement-versions/*\",\n                \"arn:aws:s3:::mettl-devops/generic-data-for-ansible-and-jenkins/*\",\n                \"arn:aws:s3:::mettl-devops/ansible/keys/pmgdisha-website/*\",\n                \"arn:aws:s3:::mettl-devops/jenkins/keys/pmgdisha-website/*\"\n            ]\n        },\n\n        {\n             \"Action\": [\n                            \"ec2:DescribeVpcs\",\n                            \"ec2:DescribeVpcClassicLink\",\n                            \"ec2:DescribeAvailabilityZones\",\n                            \"ec2:DescribeSubnets\",\n                            \"ec2:DescribeInstances\"\n                        ],\n            \"Effect\": \"Allow\",\n            \"Resource\": \"*\"\n        },\n        {\n                    \"Effect\": \"Allow\",\n                    \"Action\": \"autoscaling:Describe*\",\n                    \"Resource\": \"*\"\n        },\n        {\n            \"Effect\": \"Allow\",\n            \"Action\": \"autoscaling:*\",\n            \"Resource\": \"arn:aws:autoscaling:ap-northeast-1:*:*.websitepvt\"\n        },\n        {\n            \"Effect\": \"Allow\",\n            \"Action\": \"elasticloadbalancing:Describe*\",\n            \"Resource\": \"*\"\n        },\n         {\n                    \"Effect\": \"Allow\",\n                    \"Action\": [\n                        \"ec2:CreateSnapshot\",\n                        \"ec2:DescribeSnapshots\",\n                        \"ec2:CreateImage\",\n                        \"ec2:DescribeImages\",\n                        \"ec2:DeleteSnapshot\",\n                        \"ec2:DeregisterImage\",\n                        \"ec2:DescribeInstances\"\n                    ],\n                    \"Condition\": {\n                        \"StringEquals\": {\n                            \"ec2:Region\": \"ap-northeast-1\"\n                        }\n                    },\n                    \"Resource\": [\n                        \"*\"\n                    ]\n          }\n\n\n\n    ]\n}",
                            "role": "ansible-role.websitepvt"
                        },
                        "meta": {},
                        "tainted": false
                    },
                    "deposed": [],
                    "provider": ""
                },
                "aws_iam_role_policy_attachment.ansible-cloudwatch-policy-attachment": {
                    "type": "aws_iam_role_policy_attachment",
                    "depends_on": [
                        "aws_iam_policy.cloudwatch-policy",
                        "aws_iam_role.ansible-role"
                    ],
                    "primary": {
                        "id": "ansible-role.websitepvt-0005994f25a4b64b063c4eefce",
                        "attributes": {
                            "id": "ansible-role.websitepvt-0005994f25a4b64b063c4eefce",
                            "policy_arn": "arn:aws:iam::760572120597:policy/cloudwatch-policy.websitepvt",
                            "role": "ansible-role.websitepvt"
                        },
                        "meta": {},
                        "tainted": false
                    },
                    "deposed": [],
                    "provider": ""
                },
                "aws_iam_role_policy_attachment.autoscaling-read-attachment": {
                    "type": "aws_iam_role_policy_attachment",
                    "depends_on": [
                        "aws_iam_policy.autoscaling-read-policy",
                        "aws_iam_role.autoscaling-deployment-s3logs-iam-role"
                    ],
                    "primary": {
                        "id": "autoscaling-deployment-s3logs-iam-profile.websitepvt-0070a6295d2939af283a6d6ff1",
                        "attributes": {
                            "id": "autoscaling-deployment-s3logs-iam-profile.websitepvt-0070a6295d2939af283a6d6ff1",
                            "policy_arn": "arn:aws:iam::760572120597:policy/autoscaling-read.websitepvt",
                            "role": "autoscaling-deployment-s3logs-iam-profile.websitepvt"
                        },
                        "meta": {},
                        "tainted": false
                    },
                    "deposed": [],
                    "provider": ""
                },
                "aws_iam_role_policy_attachment.cloudwatch-attachment": {
                    "type": "aws_iam_role_policy_attachment",
                    "depends_on": [
                        "aws_iam_policy.cloudwatch-policy",
                        "aws_iam_role.instance-role"
                    ],
                    "primary": {
                        "id": "instance-profile.websitepvt-0005994f25a4b64b063c4eefca",
                        "attributes": {
                            "id": "instance-profile.websitepvt-0005994f25a4b64b063c4eefca",
                            "policy_arn": "arn:aws:iam::760572120597:policy/cloudwatch-policy.websitepvt",
                            "role": "instance-profile.websitepvt"
                        },
                        "meta": {},
                        "tainted": false
                    },
                    "deposed": [],
                    "provider": ""
                },
                "aws_iam_role_policy_attachment.cloudwatch-policy-attachment": {
                    "type": "aws_iam_role_policy_attachment",
                    "depends_on": [
                        "aws_iam_policy.cloudwatch-policy",
                        "aws_iam_role.autoscaling-deployment-s3logs-iam-role"
                    ],
                    "primary": {
                        "id": "autoscaling-deployment-s3logs-iam-profile.websitepvt-0005994f25a4b64b063c4eefcb",
                        "attributes": {
                            "id": "autoscaling-deployment-s3logs-iam-profile.websitepvt-0005994f25a4b64b063c4eefcb",
                            "policy_arn": "arn:aws:iam::760572120597:policy/cloudwatch-policy.websitepvt",
                            "role": "autoscaling-deployment-s3logs-iam-profile.websitepvt"
                        },
                        "meta": {},
                        "tainted": false
                    },
                    "deposed": [],
                    "provider": ""
                },
                "aws_iam_role_policy_attachment.deployment-autoscaling-policy-attachment": {
                    "type": "aws_iam_role_policy_attachment",
                    "depends_on": [
                        "aws_iam_policy.get-deployement-version-policy",
                        "aws_iam_role.autoscaling-deployment-s3logs-iam-role"
                    ],
                    "primary": {
                        "id": "autoscaling-deployment-s3logs-iam-profile.websitepvt-0070a6295d2939af283a6d6ff0",
                        "attributes": {
                            "id": "autoscaling-deployment-s3logs-iam-profile.websitepvt-0070a6295d2939af283a6d6ff0",
                            "policy_arn": "arn:aws:iam::760572120597:policy/get-deployement-version.websitepvt",
                            "role": "autoscaling-deployment-s3logs-iam-profile.websitepvt"
                        },
                        "meta": {},
                        "tainted": false
                    },
                    "deposed": [],
                    "provider": ""
                },
                "aws_iam_role_policy_attachment.ec2-read-attachment": {
                    "type": "aws_iam_role_policy_attachment",
                    "depends_on": [
                        "aws_iam_policy.ec2-read-policy",
                        "aws_iam_role.instance-role"
                    ],
                    "primary": {
                        "id": "instance-profile.websitepvt-0005994f25a4b64b063c4eefcc",
                        "attributes": {
                            "id": "instance-profile.websitepvt-0005994f25a4b64b063c4eefcc",
                            "policy_arn": "arn:aws:iam::760572120597:policy/ec2-read.websitepvt",
                            "role": "instance-profile.websitepvt"
                        },
                        "meta": {},
                        "tainted": false
                    },
                    "deposed": [],
                    "provider": ""
                },
                "aws_iam_role_policy_attachment.ec2-read-attachment-for-autoscaling": {
                    "type": "aws_iam_role_policy_attachment",
                    "depends_on": [
                        "aws_iam_policy.ec2-read-policy",
                        "aws_iam_role.autoscaling-deployment-s3logs-iam-role"
                    ],
                    "primary": {
                        "id": "autoscaling-deployment-s3logs-iam-profile.websitepvt-0005994f25a4b64b063c4eefcd",
                        "attributes": {
                            "id": "autoscaling-deployment-s3logs-iam-profile.websitepvt-0005994f25a4b64b063c4eefcd",
                            "policy_arn": "arn:aws:iam::760572120597:policy/ec2-read.websitepvt",
                            "role": "autoscaling-deployment-s3logs-iam-profile.websitepvt"
                        },
                        "meta": {},
                        "tainted": false
                    },
                    "deposed": [],
                    "provider": ""
                },
                "aws_iam_role_policy_attachment.metrics-autoscaling-read-attachment": {
                    "type": "aws_iam_role_policy_attachment",
                    "depends_on": [
                        "aws_iam_policy.autoscaling-read-policy",
                        "aws_iam_role.metrics-role"
                    ],
                    "primary": {
                        "id": "metrics-profile.websitepvt-0070a6295d2939af283a6d6ff2",
                        "attributes": {
                            "id": "metrics-profile.websitepvt-0070a6295d2939af283a6d6ff2",
                            "policy_arn": "arn:aws:iam::760572120597:policy/autoscaling-read.websitepvt",
                            "role": "metrics-profile.websitepvt"
                        },
                        "meta": {},
                        "tainted": false
                    },
                    "deposed": [],
                    "provider": ""
                },
                "aws_iam_role_policy_attachment.metrics-cloudwatch-attachment": {
                    "type": "aws_iam_role_policy_attachment",
                    "depends_on": [
                        "aws_iam_policy.cloudwatch-policy",
                        "aws_iam_role.metrics-role"
                    ],
                    "primary": {
                        "id": "metrics-profile.websitepvt-0070a6295d2939af283a6d6ff4",
                        "attributes": {
                            "id": "metrics-profile.websitepvt-0070a6295d2939af283a6d6ff4",
                            "policy_arn": "arn:aws:iam::760572120597:policy/cloudwatch-policy.websitepvt",
                            "role": "metrics-profile.websitepvt"
                        },
                        "meta": {},
                        "tainted": false
                    },
                    "deposed": [],
                    "provider": ""
                },
                "aws_iam_role_policy_attachment.metrics-ec2-read-attachment": {
                    "type": "aws_iam_role_policy_attachment",
                    "depends_on": [
                        "aws_iam_policy.ec2-read-policy",
                        "aws_iam_role.metrics-role"
                    ],
                    "primary": {
                        "id": "metrics-profile.websitepvt-0070a6295d2939af283a6d6ff5",
                        "attributes": {
                            "id": "metrics-profile.websitepvt-0070a6295d2939af283a6d6ff5",
                            "policy_arn": "arn:aws:iam::760572120597:policy/ec2-read.websitepvt",
                            "role": "metrics-profile.websitepvt"
                        },
                        "meta": {},
                        "tainted": false
                    },
                    "deposed": [],
                    "provider": ""
                },
                "aws_iam_role_policy_attachment.metrics-s3-logs-attachment": {
                    "type": "aws_iam_role_policy_attachment",
                    "depends_on": [
                        "aws_iam_policy.s3-logs-policy",
                        "aws_iam_role.metrics-role"
                    ],
                    "primary": {
                        "id": "metrics-profile.websitepvt-0070a6295d2939af283a6d6ff3",
                        "attributes": {
                            "id": "metrics-profile.websitepvt-0070a6295d2939af283a6d6ff3",
                            "policy_arn": "arn:aws:iam::760572120597:policy/s3-logs-policy.websitepvt",
                            "role": "metrics-profile.websitepvt"
                        },
                        "meta": {},
                        "tainted": false
                    },
                    "deposed": [],
                    "provider": ""
                },
                "aws_iam_role_policy_attachment.s3-logs-attachment": {
                    "type": "aws_iam_role_policy_attachment",
                    "depends_on": [
                        "aws_iam_policy.s3-logs-policy",
                        "aws_iam_role.instance-role"
                    ],
                    "primary": {
                        "id": "instance-profile.websitepvt-0005994f25a4b64b063c4eefc8",
                        "attributes": {
                            "id": "instance-profile.websitepvt-0005994f25a4b64b063c4eefc8",
                            "policy_arn": "arn:aws:iam::760572120597:policy/s3-logs-policy.websitepvt",
                            "role": "instance-profile.websitepvt"
                        },
                        "meta": {},
                        "tainted": false
                    },
                    "deposed": [],
                    "provider": ""
                },
                "aws_iam_role_policy_attachment.s3logs-autoscaling-policy-attachment": {
                    "type": "aws_iam_role_policy_attachment",
                    "depends_on": [
                        "aws_iam_policy.s3-logs-policy",
                        "aws_iam_role.autoscaling-deployment-s3logs-iam-role"
                    ],
                    "primary": {
                        "id": "autoscaling-deployment-s3logs-iam-profile.websitepvt-0005994f25a4b64b063c4eefc9",
                        "attributes": {
                            "id": "autoscaling-deployment-s3logs-iam-profile.websitepvt-0005994f25a4b64b063c4eefc9",
                            "policy_arn": "arn:aws:iam::760572120597:policy/s3-logs-policy.websitepvt",
                            "role": "autoscaling-deployment-s3logs-iam-profile.websitepvt"
                        },
                        "meta": {},
                        "tainted": false
                    },
                    "deposed": [],
                    "provider": ""
                },
                "aws_iam_server_certificate.ssl_cert": {
                    "type": "aws_iam_server_certificate",
                    "depends_on": [],
                    "primary": {
                        "id": "ASCAJ4IXRRCTL3SZVQO2W",
                        "attributes": {
                            "arn": "arn:aws:iam::760572120597:server-certificate/pmgdisha-website-ssl-cert",
                            "certificate_body": "20c1c69697bb98460a4d80a3af04ec502dcddf72",
                            "certificate_chain": "7e85cb3e40dff5a9f83ff75576d71fd98fdfdd89",
                            "id": "ASCAJ4IXRRCTL3SZVQO2W",
                            "name": "pmgdisha-website-ssl-cert",
                            "path": "/",
                            "private_key": "1f627b1a771104f1352be7115f56b1312ab1c280"
                        },
                        "meta": {},
                        "tainted": false
                    },
                    "deposed": [],
                    "provider": ""
                },
                "aws_instance.jenkins-ansible-instance": {
                    "type": "aws_instance",
                    "depends_on": [
                        "aws_iam_instance_profile.ansible-profile",
                        "aws_security_group.ansible_sg",
                        "data.template_file.ansible_userdata_as_template",
                        "module.vpc"
                    ],
                    "primary": {
                        "id": "i-0e2add3e19e8a4aec",
                        "attributes": {
                            "ami": "ami-dac114bc",
                            "associate_public_ip_address": "true",
                            "availability_zone": "ap-northeast-1a",
                            "disable_api_termination": "false",
                            "ebs_block_device.#": "0",
                            "ebs_optimized": "false",
                            "ephemeral_block_device.#": "0",
                            "iam_instance_profile": "ansible-profile.websitepvt",
                            "id": "i-0e2add3e19e8a4aec",
                            "instance_state": "running",
                            "instance_type": "t2.micro",
                            "ipv6_addresses.#": "0",
                            "key_name": "disha-india.websitepvt",
                            "monitoring": "false",
                            "network_interface.#": "0",
                            "network_interface_id": "eni-626c0c5f",
                            "primary_network_interface_id": "eni-626c0c5f",
                            "private_dns": "ip-10-10-5-225.ap-northeast-1.compute.internal",
                            "private_ip": "10.10.5.225",
                            "public_dns": "ec2-52-68-33-5.ap-northeast-1.compute.amazonaws.com",
                            "public_ip": "52.68.33.5",
                            "root_block_device.#": "1",
                            "root_block_device.0.delete_on_termination": "true",
                            "root_block_device.0.iops": "100",
                            "root_block_device.0.volume_size": "24",
                            "root_block_device.0.volume_type": "gp2",
                            "security_groups.#": "0",
                            "source_dest_check": "true",
                            "subnet_id": "subnet-390faa70",
                            "tags.%": "3",
                            "tags.Cluster": "maintenance",
                            "tags.Environment": "websitepvt",
                            "tags.Name": "jenkins-ansible.websitepvt",
                            "tenancy": "default",
                            "user_data": "91531c6a4dd28ed68e626dec25a6c90be59c67d4",
                            "volume_tags.%": "0",
                            "vpc_security_group_ids.#": "2",
                            "vpc_security_group_ids.1004580415": "sg-f7e5cb91",
                            "vpc_security_group_ids.3042746103": "sg-c5e0cea3"
                        },
                        "meta": {
                            "e2bfb730-ecaa-11e6-8f88-34363bc7c4c0": {
                                "create": 600000000000,
                                "delete": 600000000000,
                                "update": 600000000000
                            },
                            "schema_version": "1"
                        },
                        "tainted": false
                    },
                    "deposed": [],
                    "provider": ""
                },
                "aws_instance.openvpn-instance": {
                    "type": "aws_instance",
                    "depends_on": [
                        "aws_security_group.openvpn_sg",
                        "module.vpc"
                    ],
                    "primary": {
                        "id": "i-0c7dd8025ede6467c",
                        "attributes": {
                            "ami": "ami-dac114bc",
                            "associate_public_ip_address": "true",
                            "availability_zone": "ap-northeast-1a",
                            "disable_api_termination": "false",
                            "ebs_block_device.#": "0",
                            "ebs_optimized": "false",
                            "ephemeral_block_device.#": "0",
                            "iam_instance_profile": "",
                            "id": "i-0c7dd8025ede6467c",
                            "instance_state": "running",
                            "instance_type": "t2.micro",
                            "ipv6_addresses.#": "0",
                            "key_name": "disha-india.websitepvt",
                            "monitoring": "false",
                            "network_interface.#": "0",
                            "network_interface_id": "eni-d056cfed",
                            "primary_network_interface_id": "eni-d056cfed",
                            "private_dns": "ip-10-10-5-101.ap-northeast-1.compute.internal",
                            "private_ip": "10.10.5.101",
                            "public_dns": "ec2-54-64-73-51.ap-northeast-1.compute.amazonaws.com",
                            "public_ip": "54.64.73.51",
                            "root_block_device.#": "1",
                            "root_block_device.0.delete_on_termination": "true",
                            "root_block_device.0.iops": "100",
                            "root_block_device.0.volume_size": "24",
                            "root_block_device.0.volume_type": "gp2",
                            "security_groups.#": "0",
                            "source_dest_check": "true",
                            "subnet_id": "subnet-390faa70",
                            "tags.%": "3",
                            "tags.Cluster": "maintenance",
                            "tags.Environment": "websitepvt",
                            "tags.Name": "openvpn.websitepvt",
                            "tenancy": "default",
                            "user_data": "5e7848be9dcf1079051728970416f6400a24fa24",
                            "volume_tags.%": "0",
                            "vpc_security_group_ids.#": "2",
                            "vpc_security_group_ids.3042746103": "sg-c5e0cea3",
                            "vpc_security_group_ids.805856607": "sg-76e3cd10"
                        },
                        "meta": {
                            "e2bfb730-ecaa-11e6-8f88-34363bc7c4c0": {
                                "create": 600000000000,
                                "delete": 600000000000,
                                "update": 600000000000
                            },
                            "schema_version": "1"
                        },
                        "tainted": false
                    },
                    "deposed": [],
                    "provider": ""
                },
                "aws_route53_record.admin_csc_gov_lb_route53_entry": {
                    "type": "aws_route53_record",
                    "depends_on": [
                        "module.disha-cms-alb",
                        "module.vpc"
                    ],
                    "primary": {
                        "id": "ZM3GYRSPUAUW9_admin.csc-gov_A",
                        "attributes": {
                            "alias.#": "1",
                            "alias.2386987496.evaluate_target_health": "true",
                            "alias.2386987496.name": "pmgdisha-lb-websitepvt-146774477.ap-northeast-1.elb.amazonaws.com",
                            "alias.2386987496.zone_id": "Z14GRHDCWA56QT",
                            "fqdn": "admin.csc-gov.pmgdisha.website",
                            "health_check_id": "",
                            "id": "ZM3GYRSPUAUW9_admin.csc-gov_A",
                            "name": "admin.csc-gov",
                            "records.#": "0",
                            "set_identifier": "",
                            "ttl": "0",
                            "type": "A",
                            "zone_id": "ZM3GYRSPUAUW9"
                        },
                        "meta": {
                            "schema_version": "2"
                        },
                        "tainted": false
                    },
                    "deposed": [],
                    "provider": ""
                },
                "aws_route53_record.ansible_dns": {
                    "type": "aws_route53_record",
                    "depends_on": [
                        "aws_instance.jenkins-ansible-instance",
                        "module.vpc"
                    ],
                    "primary": {
                        "id": "Z2IEUVQFSOSZOB_ansible_A",
                        "attributes": {
                            "fqdn": "ansible.websitepvt",
                            "health_check_id": "",
                            "id": "Z2IEUVQFSOSZOB_ansible_A",
                            "name": "ansible",
                            "records.#": "1",
                            "records.3372294809": "10.10.5.225",
                            "set_identifier": "",
                            "ttl": "60",
                            "type": "A",
                            "zone_id": "Z2IEUVQFSOSZOB"
                        },
                        "meta": {
                            "schema_version": "2"
                        },
                        "tainted": false
                    },
                    "deposed": [],
                    "provider": ""
                },
                "aws_route53_record.csc_gov_lb_route53_entry": {
                    "type": "aws_route53_record",
                    "depends_on": [
                        "module.disha-cms-alb",
                        "module.vpc"
                    ],
                    "primary": {
                        "id": "ZM3GYRSPUAUW9_csc-gov_A",
                        "attributes": {
                            "alias.#": "1",
                            "alias.2386987496.evaluate_target_health": "true",
                            "alias.2386987496.name": "pmgdisha-lb-websitepvt-146774477.ap-northeast-1.elb.amazonaws.com",
                            "alias.2386987496.zone_id": "Z14GRHDCWA56QT",
                            "fqdn": "csc-gov.pmgdisha.website",
                            "health_check_id": "",
                            "id": "ZM3GYRSPUAUW9_csc-gov_A",
                            "name": "csc-gov",
                            "records.#": "0",
                            "set_identifier": "",
                            "ttl": "0",
                            "type": "A",
                            "zone_id": "ZM3GYRSPUAUW9"
                        },
                        "meta": {
                            "schema_version": "2"
                        },
                        "tainted": false
                    },
                    "deposed": [],
                    "provider": ""
                },
                "aws_route53_record.jenkins_dns": {
                    "type": "aws_route53_record",
                    "depends_on": [
                        "aws_instance.jenkins-ansible-instance",
                        "module.vpc"
                    ],
                    "primary": {
                        "id": "Z2IEUVQFSOSZOB_jenkins_A",
                        "attributes": {
                            "fqdn": "jenkins.websitepvt",
                            "health_check_id": "",
                            "id": "Z2IEUVQFSOSZOB_jenkins_A",
                            "name": "jenkins",
                            "records.#": "1",
                            "records.3372294809": "10.10.5.225",
                            "set_identifier": "",
                            "ttl": "60",
                            "type": "A",
                            "zone_id": "Z2IEUVQFSOSZOB"
                        },
                        "meta": {
                            "schema_version": "2"
                        },
                        "tainted": false
                    },
                    "deposed": [],
                    "provider": ""
                },
                "aws_route53_record.jenkins_instance_route53_entry": {
                    "type": "aws_route53_record",
                    "depends_on": [
                        "aws_eip_association.jenkins",
                        "module.vpc"
                    ],
                    "primary": {
                        "id": "ZM3GYRSPUAUW9_jenkins_A",
                        "attributes": {
                            "fqdn": "jenkins.pmgdisha.website",
                            "health_check_id": "",
                            "id": "ZM3GYRSPUAUW9_jenkins_A",
                            "name": "jenkins",
                            "records.#": "1",
                            "records.1158151294": "52.68.33.5",
                            "set_identifier": "",
                            "ttl": "60",
                            "type": "A",
                            "zone_id": "ZM3GYRSPUAUW9"
                        },
                        "meta": {
                            "schema_version": "2"
                        },
                        "tainted": false
                    },
                    "deposed": [],
                    "provider": ""
                },
                "aws_route53_record.location_instance_route53_entry": {
                    "type": "aws_route53_record",
                    "depends_on": [
                        "aws_eip_association.username",
                        "module.vpc"
                    ],
                    "primary": {
                        "id": "ZM3GYRSPUAUW9_location_A",
                        "attributes": {
                            "fqdn": "location.pmgdisha.website",
                            "health_check_id": "",
                            "id": "ZM3GYRSPUAUW9_location_A",
                            "name": "location",
                            "records.#": "1",
                            "records.3807547031": "13.114.168.81",
                            "set_identifier": "",
                            "ttl": "60",
                            "type": "A",
                            "zone_id": "ZM3GYRSPUAUW9"
                        },
                        "meta": {
                            "schema_version": "2"
                        },
                        "tainted": false
                    },
                    "deposed": [],
                    "provider": ""
                },
                "aws_route53_record.openvpn_dns": {
                    "type": "aws_route53_record",
                    "depends_on": [
                        "aws_instance.openvpn-instance",
                        "module.vpc"
                    ],
                    "primary": {
                        "id": "Z2IEUVQFSOSZOB_openvpn.websitepvt_A",
                        "attributes": {
                            "fqdn": "openvpn.websitepvt",
                            "health_check_id": "",
                            "id": "Z2IEUVQFSOSZOB_openvpn.websitepvt_A",
                            "name": "openvpn.websitepvt",
                            "records.#": "1",
                            "records.4263262811": "10.10.5.101",
                            "set_identifier": "",
                            "ttl": "60",
                            "type": "A",
                            "zone_id": "Z2IEUVQFSOSZOB"
                        },
                        "meta": {
                            "schema_version": "2"
                        },
                        "tainted": false
                    },
                    "deposed": [],
                    "provider": ""
                },
                "aws_route53_record.root_lb_route53_entry": {
                    "type": "aws_route53_record",
                    "depends_on": [
                        "module.disha-cms-alb",
                        "module.vpc"
                    ],
                    "primary": {
                        "id": "ZM3GYRSPUAUW9__A",
                        "attributes": {
                            "alias.#": "1",
                            "alias.2386987496.evaluate_target_health": "true",
                            "alias.2386987496.name": "pmgdisha-lb-websitepvt-146774477.ap-northeast-1.elb.amazonaws.com",
                            "alias.2386987496.zone_id": "Z14GRHDCWA56QT",
                            "fqdn": "pmgdisha.website",
                            "health_check_id": "",
                            "id": "ZM3GYRSPUAUW9__A",
                            "records.#": "0",
                            "set_identifier": "",
                            "ttl": "0",
                            "type": "A",
                            "zone_id": "ZM3GYRSPUAUW9"
                        },
                        "meta": {
                            "schema_version": "2"
                        },
                        "tainted": false
                    },
                    "deposed": [],
                    "provider": ""
                },
                "aws_route53_record.vpn_instance_route53_entry": {
                    "type": "aws_route53_record",
                    "depends_on": [
                        "aws_eip_association.openvpn",
                        "module.vpc"
                    ],
                    "primary": {
                        "id": "ZM3GYRSPUAUW9_vpn_A",
                        "attributes": {
                            "fqdn": "vpn.pmgdisha.website",
                            "health_check_id": "",
                            "id": "ZM3GYRSPUAUW9_vpn_A",
                            "name": "vpn",
                            "records.#": "1",
                            "records.186255491": "54.64.73.51",
                            "set_identifier": "",
                            "ttl": "60",
                            "type": "A",
                            "zone_id": "ZM3GYRSPUAUW9"
                        },
                        "meta": {
                            "schema_version": "2"
                        },
                        "tainted": false
                    },
                    "deposed": [],
                    "provider": ""
                },
                "aws_route53_record.www_root_lb_route53_entry": {
                    "type": "aws_route53_record",
                    "depends_on": [
                        "module.disha-cms-alb",
                        "module.vpc"
                    ],
                    "primary": {
                        "id": "ZM3GYRSPUAUW9_www_A",
                        "attributes": {
                            "alias.#": "1",
                            "alias.2386987496.evaluate_target_health": "true",
                            "alias.2386987496.name": "pmgdisha-lb-websitepvt-146774477.ap-northeast-1.elb.amazonaws.com",
                            "alias.2386987496.zone_id": "Z14GRHDCWA56QT",
                            "fqdn": "www.pmgdisha.website",
                            "health_check_id": "",
                            "id": "ZM3GYRSPUAUW9_www_A",
                            "name": "www",
                            "records.#": "0",
                            "set_identifier": "",
                            "ttl": "0",
                            "type": "A",
                            "zone_id": "ZM3GYRSPUAUW9"
                        },
                        "meta": {
                            "schema_version": "2"
                        },
                        "tainted": false
                    },
                    "deposed": [],
                    "provider": ""
                },
                "aws_security_group.ansible_sg": {
                    "type": "aws_security_group",
                    "depends_on": [
                        "module.vpc"
                    ],
                    "primary": {
                        "id": "sg-f7e5cb91",
                        "attributes": {
                            "description": "Managed by Terraform",
                            "egress.#": "0",
                            "id": "sg-f7e5cb91",
                            "ingress.#": "2",
                            "ingress.516175195.cidr_blocks.#": "1",
                            "ingress.516175195.cidr_blocks.0": "0.0.0.0/0",
                            "ingress.516175195.description": "",
                            "ingress.516175195.from_port": "8080",
                            "ingress.516175195.ipv6_cidr_blocks.#": "0",
                            "ingress.516175195.protocol": "tcp",
                            "ingress.516175195.security_groups.#": "0",
                            "ingress.516175195.self": "false",
                            "ingress.516175195.to_port": "8080",
                            "ingress.676206008.cidr_blocks.#": "1",
                            "ingress.676206008.cidr_blocks.0": "10.10.0.0/16",
                            "ingress.676206008.description": "",
                            "ingress.676206008.from_port": "22",
                            "ingress.676206008.ipv6_cidr_blocks.#": "0",
                            "ingress.676206008.protocol": "tcp",
                            "ingress.676206008.security_groups.#": "0",
                            "ingress.676206008.self": "false",
                            "ingress.676206008.to_port": "22",
                            "name": "jenkins-ansible-sg.websitepvt",
                            "owner_id": "760572120597",
                            "revoke_rules_on_delete": "false",
                            "tags.%": "0",
                            "vpc_id": "vpc-7aa9ab1e"
                        },
                        "meta": {
                            "schema_version": "1"
                        },
                        "tainted": false
                    },
                    "deposed": [],
                    "provider": ""
                },
                "aws_security_group.application_sg": {
                    "type": "aws_security_group",
                    "depends_on": [
                        "module.vpc"
                    ],
                    "primary": {
                        "id": "sg-69e3cd0f",
                        "attributes": {
                            "description": "for zabbix and ssh",
                            "egress.#": "1",
                            "egress.482069346.cidr_blocks.#": "1",
                            "egress.482069346.cidr_blocks.0": "0.0.0.0/0",
                            "egress.482069346.description": "",
                            "egress.482069346.from_port": "0",
                            "egress.482069346.ipv6_cidr_blocks.#": "0",
                            "egress.482069346.prefix_list_ids.#": "0",
                            "egress.482069346.protocol": "-1",
                            "egress.482069346.security_groups.#": "0",
                            "egress.482069346.self": "false",
                            "egress.482069346.to_port": "0",
                            "id": "sg-69e3cd0f",
                            "ingress.#": "1",
                            "ingress.676206008.cidr_blocks.#": "1",
                            "ingress.676206008.cidr_blocks.0": "10.10.0.0/16",
                            "ingress.676206008.description": "",
                            "ingress.676206008.from_port": "22",
                            "ingress.676206008.ipv6_cidr_blocks.#": "0",
                            "ingress.676206008.protocol": "tcp",
                            "ingress.676206008.security_groups.#": "0",
                            "ingress.676206008.self": "false",
                            "ingress.676206008.to_port": "22",
                            "name": "application-sg.websitepvt",
                            "owner_id": "760572120597",
                            "revoke_rules_on_delete": "false",
                            "tags.%": "1",
                            "tags.Name": "application-sg.websitepvt",
                            "vpc_id": "vpc-7aa9ab1e"
                        },
                        "meta": {
                            "schema_version": "1"
                        },
                        "tainted": false
                    },
                    "deposed": [],
                    "provider": ""
                },
                "aws_security_group.disha-cms-alb-sg": {
                    "type": "aws_security_group",
                    "depends_on": [
                        "module.vpc"
                    ],
                    "primary": {
                        "id": "sg-09e4ca6f",
                        "attributes": {
                            "description": "disha-cms",
                            "egress.#": "0",
                            "id": "sg-09e4ca6f",
                            "ingress.#": "2",
                            "ingress.2214680975.cidr_blocks.#": "1",
                            "ingress.2214680975.cidr_blocks.0": "0.0.0.0/0",
                            "ingress.2214680975.description": "",
                            "ingress.2214680975.from_port": "80",
                            "ingress.2214680975.ipv6_cidr_blocks.#": "0",
                            "ingress.2214680975.protocol": "tcp",
                            "ingress.2214680975.security_groups.#": "0",
                            "ingress.2214680975.self": "false",
                            "ingress.2214680975.to_port": "80",
                            "ingress.2617001939.cidr_blocks.#": "1",
                            "ingress.2617001939.cidr_blocks.0": "0.0.0.0/0",
                            "ingress.2617001939.description": "",
                            "ingress.2617001939.from_port": "443",
                            "ingress.2617001939.ipv6_cidr_blocks.#": "0",
                            "ingress.2617001939.protocol": "tcp",
                            "ingress.2617001939.security_groups.#": "0",
                            "ingress.2617001939.self": "false",
                            "ingress.2617001939.to_port": "443",
                            "name": "disha-cms-alb-sg.websitepvt",
                            "owner_id": "760572120597",
                            "revoke_rules_on_delete": "false",
                            "tags.%": "1",
                            "tags.Name": "disha-cms-sg-alb.websitepvt",
                            "vpc_id": "vpc-7aa9ab1e"
                        },
                        "meta": {
                            "schema_version": "1"
                        },
                        "tainted": false
                    },
                    "deposed": [],
                    "provider": ""
                },
                "aws_security_group.disha-cms-sg": {
                    "type": "aws_security_group",
                    "depends_on": [
                        "module.vpc"
                    ],
                    "primary": {
                        "id": "sg-7efcd218",
                        "attributes": {
                            "description": "disha-cms",
                            "egress.#": "0",
                            "id": "sg-7efcd218",
                            "ingress.#": "3",
                            "ingress.2482231526.cidr_blocks.#": "1",
                            "ingress.2482231526.cidr_blocks.0": "10.10.0.0/16",
                            "ingress.2482231526.description": "",
                            "ingress.2482231526.from_port": "80",
                            "ingress.2482231526.ipv6_cidr_blocks.#": "0",
                            "ingress.2482231526.protocol": "tcp",
                            "ingress.2482231526.security_groups.#": "0",
                            "ingress.2482231526.self": "false",
                            "ingress.2482231526.to_port": "80",
                            "ingress.3536787778.cidr_blocks.#": "1",
                            "ingress.3536787778.cidr_blocks.0": "10.10.0.0/16",
                            "ingress.3536787778.description": "",
                            "ingress.3536787778.from_port": "8090",
                            "ingress.3536787778.ipv6_cidr_blocks.#": "0",
                            "ingress.3536787778.protocol": "tcp",
                            "ingress.3536787778.security_groups.#": "0",
                            "ingress.3536787778.self": "false",
                            "ingress.3536787778.to_port": "8090",
                            "ingress.3776495187.cidr_blocks.#": "1",
                            "ingress.3776495187.cidr_blocks.0": "10.10.0.0/16",
                            "ingress.3776495187.description": "",
                            "ingress.3776495187.from_port": "443",
                            "ingress.3776495187.ipv6_cidr_blocks.#": "0",
                            "ingress.3776495187.protocol": "tcp",
                            "ingress.3776495187.security_groups.#": "0",
                            "ingress.3776495187.self": "false",
                            "ingress.3776495187.to_port": "443",
                            "name": "disha-cms-sg.websitepvt",
                            "owner_id": "760572120597",
                            "revoke_rules_on_delete": "false",
                            "tags.%": "1",
                            "tags.Name": "disha-cms-sg.websitepvt",
                            "vpc_id": "vpc-7aa9ab1e"
                        },
                        "meta": {
                            "schema_version": "1"
                        },
                        "tainted": false
                    },
                    "deposed": [],
                    "provider": ""
                },
                "aws_security_group.disha-web-sg": {
                    "type": "aws_security_group",
                    "depends_on": [
                        "module.vpc"
                    ],
                    "primary": {
                        "id": "sg-afe1cfc9",
                        "attributes": {
                            "description": "disha-web",
                            "egress.#": "0",
                            "id": "sg-afe1cfc9",
                            "ingress.#": "3",
                            "ingress.2482231526.cidr_blocks.#": "1",
                            "ingress.2482231526.cidr_blocks.0": "10.10.0.0/16",
                            "ingress.2482231526.description": "",
                            "ingress.2482231526.from_port": "80",
                            "ingress.2482231526.ipv6_cidr_blocks.#": "0",
                            "ingress.2482231526.protocol": "tcp",
                            "ingress.2482231526.security_groups.#": "0",
                            "ingress.2482231526.self": "false",
                            "ingress.2482231526.to_port": "80",
                            "ingress.3536787778.cidr_blocks.#": "1",
                            "ingress.3536787778.cidr_blocks.0": "10.10.0.0/16",
                            "ingress.3536787778.description": "",
                            "ingress.3536787778.from_port": "8090",
                            "ingress.3536787778.ipv6_cidr_blocks.#": "0",
                            "ingress.3536787778.protocol": "tcp",
                            "ingress.3536787778.security_groups.#": "0",
                            "ingress.3536787778.self": "false",
                            "ingress.3536787778.to_port": "8090",
                            "ingress.3776495187.cidr_blocks.#": "1",
                            "ingress.3776495187.cidr_blocks.0": "10.10.0.0/16",
                            "ingress.3776495187.description": "",
                            "ingress.3776495187.from_port": "443",
                            "ingress.3776495187.ipv6_cidr_blocks.#": "0",
                            "ingress.3776495187.protocol": "tcp",
                            "ingress.3776495187.security_groups.#": "0",
                            "ingress.3776495187.self": "false",
                            "ingress.3776495187.to_port": "443",
                            "name": "disha-web-sg.websitepvt",
                            "owner_id": "760572120597",
                            "revoke_rules_on_delete": "false",
                            "tags.%": "1",
                            "tags.Name": "disha-web-sg.websitepvt",
                            "vpc_id": "vpc-7aa9ab1e"
                        },
                        "meta": {
                            "schema_version": "1"
                        },
                        "tainted": false
                    },
                    "deposed": [],
                    "provider": ""
                },
                "aws_security_group.openvpn_sg": {
                    "type": "aws_security_group",
                    "depends_on": [
                        "module.vpc"
                    ],
                    "primary": {
                        "id": "sg-76e3cd10",
                        "attributes": {
                            "description": "Managed by Terraform",
                            "egress.#": "1",
                            "egress.482069346.cidr_blocks.#": "1",
                            "egress.482069346.cidr_blocks.0": "0.0.0.0/0",
                            "egress.482069346.description": "",
                            "egress.482069346.from_port": "0",
                            "egress.482069346.ipv6_cidr_blocks.#": "0",
                            "egress.482069346.prefix_list_ids.#": "0",
                            "egress.482069346.protocol": "-1",
                            "egress.482069346.security_groups.#": "0",
                            "egress.482069346.self": "false",
                            "egress.482069346.to_port": "0",
                            "id": "sg-76e3cd10",
                            "ingress.#": "4",
                            "ingress.2617001939.cidr_blocks.#": "1",
                            "ingress.2617001939.cidr_blocks.0": "0.0.0.0/0",
                            "ingress.2617001939.description": "",
                            "ingress.2617001939.from_port": "443",
                            "ingress.2617001939.ipv6_cidr_blocks.#": "0",
                            "ingress.2617001939.protocol": "tcp",
                            "ingress.2617001939.security_groups.#": "0",
                            "ingress.2617001939.self": "false",
                            "ingress.2617001939.to_port": "443",
                            "ingress.2870960532.cidr_blocks.#": "1",
                            "ingress.2870960532.cidr_blocks.0": "0.0.0.0/0",
                            "ingress.2870960532.description": "",
                            "ingress.2870960532.from_port": "943",
                            "ingress.2870960532.ipv6_cidr_blocks.#": "0",
                            "ingress.2870960532.protocol": "tcp",
                            "ingress.2870960532.security_groups.#": "0",
                            "ingress.2870960532.self": "false",
                            "ingress.2870960532.to_port": "943",
                            "ingress.4178520169.cidr_blocks.#": "1",
                            "ingress.4178520169.cidr_blocks.0": "0.0.0.0/0",
                            "ingress.4178520169.description": "",
                            "ingress.4178520169.from_port": "1194",
                            "ingress.4178520169.ipv6_cidr_blocks.#": "0",
                            "ingress.4178520169.protocol": "udp",
                            "ingress.4178520169.security_groups.#": "0",
                            "ingress.4178520169.self": "false",
                            "ingress.4178520169.to_port": "1194",
                            "ingress.676206008.cidr_blocks.#": "1",
                            "ingress.676206008.cidr_blocks.0": "10.10.0.0/16",
                            "ingress.676206008.description": "",
                            "ingress.676206008.from_port": "22",
                            "ingress.676206008.ipv6_cidr_blocks.#": "0",
                            "ingress.676206008.protocol": "tcp",
                            "ingress.676206008.security_groups.#": "0",
                            "ingress.676206008.self": "false",
                            "ingress.676206008.to_port": "22",
                            "name": "openvpn-sg.websitepvt",
                            "owner_id": "760572120597",
                            "revoke_rules_on_delete": "false",
                            "tags.%": "0",
                            "vpc_id": "vpc-7aa9ab1e"
                        },
                        "meta": {
                            "schema_version": "1"
                        },
                        "tainted": false
                    },
                    "deposed": [],
                    "provider": ""
                },
                "aws_security_group.redis_sg": {
                    "type": "aws_security_group",
                    "depends_on": [
                        "module.vpc"
                    ],
                    "primary": {
                        "id": "sg-61d83918",
                        "attributes": {
                            "description": "redis-sg",
                            "egress.#": "0",
                            "id": "sg-61d83918",
                            "ingress.#": "1",
                            "ingress.482069346.cidr_blocks.#": "1",
                            "ingress.482069346.cidr_blocks.0": "0.0.0.0/0",
                            "ingress.482069346.description": "",
                            "ingress.482069346.from_port": "0",
                            "ingress.482069346.ipv6_cidr_blocks.#": "0",
                            "ingress.482069346.protocol": "-1",
                            "ingress.482069346.security_groups.#": "0",
                            "ingress.482069346.self": "false",
                            "ingress.482069346.to_port": "0",
                            "name": "redis-sg",
                            "owner_id": "760572120597",
                            "revoke_rules_on_delete": "false",
                            "tags.%": "0",
                            "vpc_id": "vpc-7aa9ab1e"
                        },
                        "meta": {
                            "schema_version": "1"
                        },
                        "tainted": false
                    },
                    "deposed": [],
                    "provider": ""
                },
                "data.template_file.ansible_jenkins_policy_as_template": {
                    "type": "template_file",
                    "depends_on": [],
                    "primary": {
                        "id": "c4145a55cf0a35f3bdc34c83fbc483735aaa4f7b1de8b5bf94b4dd8b31ef4a31",
                        "attributes": {
                            "id": "c4145a55cf0a35f3bdc34c83fbc483735aaa4f7b1de8b5bf94b4dd8b31ef4a31",
                            "rendered": "{\n    \"Version\": \"2012-10-17\",\n    \"Statement\": [\n        {\n            \"Effect\": \"Allow\",\n            \"Action\": [\n                \"s3:ListBucket\"\n            ],\n            \"Resource\": [\n                \"arn:aws:s3:::mettl-devops\",\n                \"arn:aws:s3:::deployement-versions\"\n            ]\n        },\n        {\n            \"Effect\": \"Allow\",\n            \"Action\": [\n                \"s3:PutObject\",\n                \"s3:GetObject\",\n                \"s3:DeleteObject\"\n            ],\n            \"Resource\": [\n                \"arn:aws:s3:::mettl-devops\",\n                \"arn:aws:s3:::deployement-versions/*\",\n                \"arn:aws:s3:::mettl-devops/generic-data-for-ansible-and-jenkins/*\",\n                \"arn:aws:s3:::mettl-devops/ansible/keys/pmgdisha-website/*\",\n                \"arn:aws:s3:::mettl-devops/jenkins/keys/pmgdisha-website/*\"\n            ]\n        },\n\n        {\n             \"Action\": [\n                            \"ec2:DescribeVpcs\",\n                            \"ec2:DescribeVpcClassicLink\",\n                            \"ec2:DescribeAvailabilityZones\",\n                            \"ec2:DescribeSubnets\",\n                            \"ec2:DescribeInstances\"\n                        ],\n            \"Effect\": \"Allow\",\n            \"Resource\": \"*\"\n        },\n        {\n                    \"Effect\": \"Allow\",\n                    \"Action\": \"autoscaling:Describe*\",\n                    \"Resource\": \"*\"\n        },\n        {\n            \"Effect\": \"Allow\",\n            \"Action\": \"autoscaling:*\",\n            \"Resource\": \"arn:aws:autoscaling:ap-northeast-1:*:*.websitepvt\"\n        },\n        {\n            \"Effect\": \"Allow\",\n            \"Action\": \"elasticloadbalancing:Describe*\",\n            \"Resource\": \"*\"\n        },\n         {\n                    \"Effect\": \"Allow\",\n                    \"Action\": [\n                        \"ec2:CreateSnapshot\",\n                        \"ec2:DescribeSnapshots\",\n                        \"ec2:CreateImage\",\n                        \"ec2:DescribeImages\",\n                        \"ec2:DeleteSnapshot\",\n                        \"ec2:DeregisterImage\",\n                        \"ec2:DescribeInstances\"\n                    ],\n                    \"Condition\": {\n                        \"StringEquals\": {\n                            \"ec2:Region\": \"ap-northeast-1\"\n                        }\n                    },\n                    \"Resource\": [\n                        \"*\"\n                    ]\n          }\n\n\n\n    ]\n}",
                            "template": "{\n    \"Version\": \"2012-10-17\",\n    \"Statement\": [\n        {\n            \"Effect\": \"Allow\",\n            \"Action\": [\n                \"s3:ListBucket\"\n            ],\n            \"Resource\": [\n                \"arn:aws:s3:::mettl-devops\",\n                \"arn:aws:s3:::deployement-versions\"\n            ]\n        },\n        {\n            \"Effect\": \"Allow\",\n            \"Action\": [\n                \"s3:PutObject\",\n                \"s3:GetObject\",\n                \"s3:DeleteObject\"\n            ],\n            \"Resource\": [\n                \"arn:aws:s3:::mettl-devops\",\n                \"arn:aws:s3:::deployement-versions/*\",\n                \"arn:aws:s3:::mettl-devops/generic-data-for-ansible-and-jenkins/*\",\n                \"arn:aws:s3:::mettl-devops/ansible/keys/${env}/*\",\n                \"arn:aws:s3:::mettl-devops/jenkins/keys/${env}/*\"\n            ]\n        },\n\n        {\n             \"Action\": [\n                            \"ec2:DescribeVpcs\",\n                            \"ec2:DescribeVpcClassicLink\",\n                            \"ec2:DescribeAvailabilityZones\",\n                            \"ec2:DescribeSubnets\",\n                            \"ec2:DescribeInstances\"\n                        ],\n            \"Effect\": \"Allow\",\n            \"Resource\": \"*\"\n        },\n        {\n                    \"Effect\": \"Allow\",\n                    \"Action\": \"autoscaling:Describe*\",\n                    \"Resource\": \"*\"\n        },\n        {\n            \"Effect\": \"Allow\",\n            \"Action\": \"autoscaling:*\",\n            \"Resource\": \"arn:aws:autoscaling:${aws_region}:*:*.${format(\"%s\", lower(\"${private_dns_zone_name}\"))}\"\n        },\n        {\n            \"Effect\": \"Allow\",\n            \"Action\": \"elasticloadbalancing:Describe*\",\n            \"Resource\": \"*\"\n        },\n         {\n                    \"Effect\": \"Allow\",\n                    \"Action\": [\n                        \"ec2:CreateSnapshot\",\n                        \"ec2:DescribeSnapshots\",\n                        \"ec2:CreateImage\",\n                        \"ec2:DescribeImages\",\n                        \"ec2:DeleteSnapshot\",\n                        \"ec2:DeregisterImage\",\n                        \"ec2:DescribeInstances\"\n                    ],\n                    \"Condition\": {\n                        \"StringEquals\": {\n                            \"ec2:Region\": \"${aws_region}\"\n                        }\n                    },\n                    \"Resource\": [\n                        \"*\"\n                    ]\n          }\n\n\n\n    ]\n}",
                            "vars.%": "3",
                            "vars.aws_region": "ap-northeast-1",
                            "vars.env": "pmgdisha-website",
                            "vars.private_dns_zone_name": "websitepvt"
                        },
                        "meta": {},
                        "tainted": false
                    },
                    "deposed": [],
                    "provider": ""
                },
                "data.template_file.ansible_userdata_as_template": {
                    "type": "template_file",
                    "depends_on": [],
                    "primary": {
                        "id": "7806a0ed2d1893674f062fbf85d50c98c9f44405c7dbcd9bf72c5ba9630159b5",
                        "attributes": {
                            "id": "7806a0ed2d1893674f062fbf85d50c98c9f44405c7dbcd9bf72c5ba9630159b5",
                            "rendered": "#!/bin/bash\napt-get install unzip\ncurl \"https://s3.amazonaws.com/aws-cli/awscli-bundle.zip\" -o \"awscli-bundle.zip\"\nunzip awscli-bundle.zip\n./awscli-bundle/install -i /usr/local/aws -b /usr/local/bin/aws\naws s3 cp s3://mettl-devops/generic-data-for-ansible-and-jenkins/ansible-userdata.sh ansible-userdata.sh --region ap-south-1\nbash ansible-userdata.sh pmgdisha-website \u003e /var/log/ansible-setup.log 2\u003e\u00261\n",
                            "template": "#!/bin/bash\napt-get install unzip\ncurl \"https://s3.amazonaws.com/aws-cli/awscli-bundle.zip\" -o \"awscli-bundle.zip\"\nunzip awscli-bundle.zip\n./awscli-bundle/install -i /usr/local/aws -b /usr/local/bin/aws\naws s3 cp s3://mettl-devops/generic-data-for-ansible-and-jenkins/ansible-userdata.sh ansible-userdata.sh --region ap-south-1\nbash ansible-userdata.sh ${deployement_env} \u003e /var/log/ansible-setup.log 2\u003e\u00261\n",
                            "vars.%": "1",
                            "vars.deployement_env": "pmgdisha-website"
                        },
                        "meta": {},
                        "tainted": false
                    },
                    "deposed": [],
                    "provider": ""
                },
                "data.template_file.autoscaling_read_policy_as_template": {
                    "type": "template_file",
                    "depends_on": [],
                    "primary": {
                        "id": "04e00ab913c225e7107a8c6647914a1b6abbe20d24e3f8771ee5309b2e6578b5",
                        "attributes": {
                            "id": "04e00ab913c225e7107a8c6647914a1b6abbe20d24e3f8771ee5309b2e6578b5",
                            "rendered": "{\n    \"Version\": \"2012-10-17\",\n    \"Statement\": [\n\n        {\n            \"Effect\": \"Allow\",\n            \"Action\":\n            [\n                            \"autoscaling:DescribeTags\",\n                            \"autoscaling:DescribeAutoScalingGroups\"\n                        ],\n\n            \"Resource\": \"*\"\n        }\n    ]\n}",
                            "template": "{\n    \"Version\": \"2012-10-17\",\n    \"Statement\": [\n\n        {\n            \"Effect\": \"Allow\",\n            \"Action\":\n            [\n                            \"autoscaling:DescribeTags\",\n                            \"autoscaling:DescribeAutoScalingGroups\"\n                        ],\n\n            \"Resource\": \"*\"\n        }\n    ]\n}"
                        },
                        "meta": {},
                        "tainted": false
                    },
                    "deposed": [],
                    "provider": ""
                },
                "data.template_file.cloudwatch_policy_as_template": {
                    "type": "template_file",
                    "depends_on": [],
                    "primary": {
                        "id": "3baf01ba2139846106aef2752c28a1cf1f50a75837ca8f920f82adb0220f4b39",
                        "attributes": {
                            "id": "3baf01ba2139846106aef2752c28a1cf1f50a75837ca8f920f82adb0220f4b39",
                            "rendered": "{\n    \"Version\": \"2012-10-17\",\n    \"Statement\": [\n        {\n            \"Sid\": \"Stmt1495189811000\",\n            \"Effect\": \"Allow\",\n            \"Action\": [\n                \"cloudwatch:ListMetrics\",\n                \"cloudwatch:PutMetricData\"\n            ],\n            \"Resource\": [\n                \"*\"\n            ]\n        }\n    ]\n}",
                            "template": "{\n    \"Version\": \"2012-10-17\",\n    \"Statement\": [\n        {\n            \"Sid\": \"Stmt1495189811000\",\n            \"Effect\": \"Allow\",\n            \"Action\": [\n                \"cloudwatch:ListMetrics\",\n                \"cloudwatch:PutMetricData\"\n            ],\n            \"Resource\": [\n                \"*\"\n            ]\n        }\n    ]\n}"
                        },
                        "meta": {},
                        "tainted": false
                    },
                    "deposed": [],
                    "provider": ""
                },
                "data.template_file.ec2_read_policy_as_template": {
                    "type": "template_file",
                    "depends_on": [],
                    "primary": {
                        "id": "7f93da9ffda8883e6fea92764957cceef93c40cbd0b999f475a989c3937d3532",
                        "attributes": {
                            "id": "7f93da9ffda8883e6fea92764957cceef93c40cbd0b999f475a989c3937d3532",
                            "rendered": "{\n    \"Version\": \"2012-10-17\",\n    \"Statement\": [\n\n        {\n            \"Effect\": \"Allow\",\n            \"Action\":\n            [\n\t\t\t    \"ec2:DescribeInstances\"\n                        ],\n\n            \"Resource\": \"*\"\n        }\n    ]\n}\n",
                            "template": "{\n    \"Version\": \"2012-10-17\",\n    \"Statement\": [\n\n        {\n            \"Effect\": \"Allow\",\n            \"Action\":\n            [\n\t\t\t    \"ec2:DescribeInstances\"\n                        ],\n\n            \"Resource\": \"*\"\n        }\n    ]\n}\n"
                        },
                        "meta": {},
                        "tainted": false
                    },
                    "deposed": [],
                    "provider": ""
                },
                "data.template_file.s3_logs_policy_as_template": {
                    "type": "template_file",
                    "depends_on": [],
                    "primary": {
                        "id": "51f1f845545de1bae654221909e8e20ed31b22494b5cf1b49e378b63191cd259",
                        "attributes": {
                            "id": "51f1f845545de1bae654221909e8e20ed31b22494b5cf1b49e378b63191cd259",
                            "rendered": "{\n    \"Version\": \"2012-10-17\",\n    \"Statement\": [\n        {\n            \"Sid\": \"Stmt1462344008000\",\n            \"Effect\": \"Allow\",\n            \"Action\": [\n                \"s3:GetBucketLocation\",\n                \"s3:ListAllMyBuckets\"\n            ],\n            \"Resource\": [\n                \"arn:aws:s3:::*\"\n            ]\n        },\n        {\n            \"Sid\": \"Stmt1462344268000\",\n            \"Effect\": \"Allow\",\n            \"Action\": [\n                \"s3:*\"\n            ],\n            \"Resource\": [\n                \"arn:aws:s3:::disha-mettl-in-logs/*\"\n            ]\n        },\n        {\n            \"Sid\": \"Stmt1462344360000\",\n            \"Effect\": \"Allow\",\n            \"Action\": [\n                \"s3:ListBucket\"\n            ],\n            \"Resource\": [\n                \"arn:aws:s3:::disha-mettl-in-logs\"\n            ]\n        }\n    ]\n}",
                            "template": "{\n    \"Version\": \"2012-10-17\",\n    \"Statement\": [\n        {\n            \"Sid\": \"Stmt1462344008000\",\n            \"Effect\": \"Allow\",\n            \"Action\": [\n                \"s3:GetBucketLocation\",\n                \"s3:ListAllMyBuckets\"\n            ],\n            \"Resource\": [\n                \"arn:aws:s3:::*\"\n            ]\n        },\n        {\n            \"Sid\": \"Stmt1462344268000\",\n            \"Effect\": \"Allow\",\n            \"Action\": [\n                \"s3:*\"\n            ],\n            \"Resource\": [\n                \"arn:aws:s3:::${bucket_name}/*\"\n            ]\n        },\n        {\n            \"Sid\": \"Stmt1462344360000\",\n            \"Effect\": \"Allow\",\n            \"Action\": [\n                \"s3:ListBucket\"\n            ],\n            \"Resource\": [\n                \"arn:aws:s3:::${bucket_name}\"\n            ]\n        }\n    ]\n}",
                            "vars.%": "1",
                            "vars.bucket_name": "disha-mettl-in-logs"
                        },
                        "meta": {},
                        "tainted": false
                    },
                    "deposed": [],
                    "provider": ""
                }
            },
            "depends_on": []
        },
        {
            "path": [
                "root",
                "disha_mettl_in_env",
                "as-lb-http"
            ],
            "outputs": {},
            "resources": {
                "aws_cloudwatch_metric_alarm.high_unhealthy_alarm": {
                    "type": "aws_cloudwatch_metric_alarm",
                    "depends_on": [],
                    "primary": {
                        "id": "ELB-pmgdisha-info-lb-websitepvt-Unhealthy-Hosts",
                        "attributes": {
                            "actions_enabled": "true",
                            "alarm_actions.#": "1",
                            "alarm_actions.1013585629": "arn:aws:sns:ap-northeast-1:760572120597:disha-sns-websitepvt",
                            "alarm_description": "Raises alarm if unhealthy instances in pmgdisha-info-lb-websitepvt load balancer increase",
                            "alarm_name": "ELB-pmgdisha-info-lb-websitepvt-Unhealthy-Hosts",
                            "comparison_operator": "GreaterThanThreshold",
                            "dimensions.%": "1",
                            "dimensions.LoadBalancerName": "pmgdisha-info-lb-websitepvt",
                            "evaluate_low_sample_count_percentiles": "",
                            "evaluation_periods": "1",
                            "extended_statistic": "",
                            "id": "ELB-pmgdisha-info-lb-websitepvt-Unhealthy-Hosts",
                            "insufficient_data_actions.#": "0",
                            "metric_name": "UnHealthyHostCount",
                            "namespace": "AWS/ELB",
                            "ok_actions.#": "0",
                            "period": "60",
                            "statistic": "Average",
                            "threshold": "0",
                            "treat_missing_data": "missing",
                            "unit": ""
                        },
                        "meta": {
                            "schema_version": "1"
                        },
                        "tainted": false
                    },
                    "deposed": [],
                    "provider": ""
                },
                "aws_cloudwatch_metric_alarm.low_healthy_alarm": {
                    "type": "aws_cloudwatch_metric_alarm",
                    "depends_on": [],
                    "primary": {
                        "id": "ELB-pmgdisha-info-lb-websitepvt-Healthy-Hosts",
                        "attributes": {
                            "actions_enabled": "true",
                            "alarm_actions.#": "1",
                            "alarm_actions.1013585629": "arn:aws:sns:ap-northeast-1:760572120597:disha-sns-websitepvt",
                            "alarm_description": "Raises alarm if healthy instances in pmgdisha-info-lb-websitepvt load balancer decrease",
                            "alarm_name": "ELB-pmgdisha-info-lb-websitepvt-Healthy-Hosts",
                            "comparison_operator": "LessThanThreshold",
                            "dimensions.%": "1",
                            "dimensions.LoadBalancerName": "pmgdisha-info-lb-websitepvt",
                            "evaluate_low_sample_count_percentiles": "",
                            "evaluation_periods": "1",
                            "extended_statistic": "",
                            "id": "ELB-pmgdisha-info-lb-websitepvt-Healthy-Hosts",
                            "insufficient_data_actions.#": "0",
                            "metric_name": "HealthyHostCount",
                            "namespace": "AWS/ELB",
                            "ok_actions.#": "0",
                            "period": "60",
                            "statistic": "Average",
                            "threshold": "1",
                            "treat_missing_data": "missing",
                            "unit": ""
                        },
                        "meta": {
                            "schema_version": "1"
                        },
                        "tainted": false
                    },
                    "deposed": [],
                    "provider": ""
                },
                "aws_elb.elb-http": {
                    "type": "aws_elb",
                    "depends_on": [],
                    "primary": {
                        "id": "pmgdisha-info-lb-websitepvt",
                        "attributes": {
                            "access_logs.#": "1",
                            "access_logs.0.bucket": "elb-logs-websitepvt",
                            "access_logs.0.bucket_prefix": "pmgdisha-info-lb-websitepvt",
                            "access_logs.0.enabled": "true",
                            "access_logs.0.interval": "60",
                            "availability_zones.#": "1",
                            "availability_zones.3773642014": "ap-northeast-1a",
                            "connection_draining": "true",
                            "connection_draining_timeout": "60",
                            "cross_zone_load_balancing": "true",
                            "dns_name": "pmgdisha-info-lb-websitepvt-12002671.ap-northeast-1.elb.amazonaws.com",
                            "health_check.#": "1",
                            "health_check.0.healthy_threshold": "2",
                            "health_check.0.interval": "5",
                            "health_check.0.target": "TCP:8050",
                            "health_check.0.timeout": "4",
                            "health_check.0.unhealthy_threshold": "2",
                            "id": "pmgdisha-info-lb-websitepvt",
                            "idle_timeout": "60",
                            "instances.#": "1",
                            "instances.450794045": "i-0b6403f1c420c31bd",
                            "internal": "false",
                            "listener.#": "2",
                            "listener.2988722185.instance_port": "8050",
                            "listener.2988722185.instance_protocol": "http",
                            "listener.2988722185.lb_port": "443",
                            "listener.2988722185.lb_protocol": "https",
                            "listener.2988722185.ssl_certificate_id": "arn:aws:acm:ap-northeast-1:760572120597:certificate/19e89f5c-8dab-4380-a149-c5d1b1c99169",
                            "listener.3057123346.instance_port": "80",
                            "listener.3057123346.instance_protocol": "http",
                            "listener.3057123346.lb_port": "80",
                            "listener.3057123346.lb_protocol": "http",
                            "listener.3057123346.ssl_certificate_id": "",
                            "name": "pmgdisha-info-lb-websitepvt",
                            "security_groups.#": "1",
                            "security_groups.1148336570": "sg-a22c04c4",
                            "source_security_group": "760572120597/elb-http-sg.websitepvt",
                            "source_security_group_id": "sg-a22c04c4",
                            "subnets.#": "1",
                            "subnets.4102902979": "subnet-390faa70",
                            "tags.%": "0",
                            "zone_id": "Z14GRHDCWA56QT"
                        },
                        "meta": {},
                        "tainted": false
                    },
                    "deposed": [],
                    "provider": ""
                }
            },
            "depends_on": []
        },
        {
            "path": [
                "root",
                "disha_mettl_in_env",
                "biometric"
            ],
            "outputs": {},
            "resources": {
                "aws_cloudwatch_metric_alarm.instance_status_check": {
                    "type": "aws_cloudwatch_metric_alarm",
                    "depends_on": [
                        "aws_instance.instance"
                    ],
                    "primary": {
                        "id": "biometric-status-checks-failed-websitepvt",
                        "attributes": {
                            "actions_enabled": "true",
                            "alarm_actions.#": "1",
                            "alarm_actions.1013585629": "arn:aws:sns:ap-northeast-1:760572120597:disha-sns-websitepvt",
                            "alarm_description": "This metric monitors ec2 status checks",
                            "alarm_name": "biometric-status-checks-failed-websitepvt",
                            "comparison_operator": "GreaterThanOrEqualToThreshold",
                            "dimensions.%": "1",
                            "dimensions.InstanceId": "i-04f99485864e51885",
                            "evaluate_low_sample_count_percentiles": "",
                            "evaluation_periods": "1",
                            "extended_statistic": "",
                            "id": "biometric-status-checks-failed-websitepvt",
                            "insufficient_data_actions.#": "1",
                            "insufficient_data_actions.1013585629": "arn:aws:sns:ap-northeast-1:760572120597:disha-sns-websitepvt",
                            "metric_name": "StatusCheckFailed",
                            "namespace": "AWS/EC2",
                            "ok_actions.#": "1",
                            "ok_actions.1013585629": "arn:aws:sns:ap-northeast-1:760572120597:disha-sns-websitepvt",
                            "period": "60",
                            "statistic": "Average",
                            "threshold": "1",
                            "treat_missing_data": "missing",
                            "unit": ""
                        },
                        "meta": {
                            "schema_version": "1"
                        },
                        "tainted": false
                    },
                    "deposed": [],
                    "provider": ""
                },
                "aws_instance.instance": {
                    "type": "aws_instance",
                    "depends_on": [
                        "module.sg"
                    ],
                    "primary": {
                        "id": "i-04f99485864e51885",
                        "attributes": {
                            "ami": "ami-18c3167e",
                            "associate_public_ip_address": "false",
                            "availability_zone": "ap-northeast-1a",
                            "disable_api_termination": "false",
                            "ebs_block_device.#": "1",
                            "ebs_block_device.2616103959.delete_on_termination": "true",
                            "ebs_block_device.2616103959.device_name": "/dev/sdb",
                            "ebs_block_device.2616103959.encrypted": "false",
                            "ebs_block_device.2616103959.iops": "0",
                            "ebs_block_device.2616103959.snapshot_id": "snap-00db727640ec3e4e3",
                            "ebs_block_device.2616103959.volume_size": "30",
                            "ebs_block_device.2616103959.volume_type": "standard",
                            "ebs_optimized": "false",
                            "ephemeral_block_device.#": "0",
                            "iam_instance_profile": "instance-profile.websitepvt",
                            "id": "i-04f99485864e51885",
                            "instance_state": "running",
                            "instance_type": "t2.micro",
                            "ipv6_addresses.#": "0",
                            "key_name": "disha-india.websitepvt",
                            "monitoring": "false",
                            "network_interface.#": "0",
                            "network_interface_id": "eni-75e3b648",
                            "primary_network_interface_id": "eni-75e3b648",
                            "private_dns": "ip-10-10-1-209.ap-northeast-1.compute.internal",
                            "private_ip": "10.10.1.209",
                            "public_dns": "",
                            "public_ip": "",
                            "root_block_device.#": "1",
                            "root_block_device.0.delete_on_termination": "true",
                            "root_block_device.0.iops": "100",
                            "root_block_device.0.volume_size": "24",
                            "root_block_device.0.volume_type": "gp2",
                            "security_groups.#": "0",
                            "source_dest_check": "true",
                            "subnet_id": "subnet-6a00a523",
                            "tags.%": "3",
                            "tags.Cluster": "disha",
                            "tags.Environment": "websitepvt",
                            "tags.Name": "biometric.websitepvt",
                            "tenancy": "default",
                            "volume_tags.%": "1",
                            "volume_tags.Name": "biometric.websitepvt",
                            "vpc_security_group_ids.#": "2",
                            "vpc_security_group_ids.1543548791": "sg-af292cc9",
                            "vpc_security_group_ids.2449068200": "sg-69e3cd0f"
                        },
                        "meta": {
                            "e2bfb730-ecaa-11e6-8f88-34363bc7c4c0": {
                                "create": 600000000000,
                                "delete": 600000000000,
                                "update": 600000000000
                            },
                            "schema_version": "1"
                        },
                        "tainted": false
                    },
                    "deposed": [],
                    "provider": ""
                },
                "aws_route53_record.instance_route53_entry": {
                    "type": "aws_route53_record",
                    "depends_on": [
                        "aws_instance.instance"
                    ],
                    "primary": {
                        "id": "Z2IEUVQFSOSZOB_biometric_A",
                        "attributes": {
                            "fqdn": "biometric.websitepvt",
                            "health_check_id": "",
                            "id": "Z2IEUVQFSOSZOB_biometric_A",
                            "name": "biometric",
                            "records.#": "1",
                            "records.117549808": "10.10.1.209",
                            "set_identifier": "",
                            "ttl": "60",
                            "type": "A",
                            "zone_id": "Z2IEUVQFSOSZOB"
                        },
                        "meta": {
                            "schema_version": "2"
                        },
                        "tainted": false
                    },
                    "deposed": [],
                    "provider": ""
                }
            },
            "depends_on": []
        },
        {
            "path": [
                "root",
                "disha_mettl_in_env",
                "biometric-admin-tg-http"
            ],
            "outputs": {},
            "resources": {
                "aws_alb_target_group.alb_tg": {
                    "type": "aws_alb_target_group",
                    "depends_on": [],
                    "primary": {
                        "id": "arn:aws:elasticloadbalancing:ap-northeast-1:760572120597:targetgroup/biom-admin-http-tg-websitepvt/634554faefa8cb68",
                        "attributes": {
                            "arn": "arn:aws:elasticloadbalancing:ap-northeast-1:760572120597:targetgroup/biom-admin-http-tg-websitepvt/634554faefa8cb68",
                            "arn_suffix": "targetgroup/biom-admin-http-tg-websitepvt/634554faefa8cb68",
                            "deregistration_delay": "300",
                            "health_check.#": "1",
                            "health_check.0.healthy_threshold": "2",
                            "health_check.0.interval": "10",
                            "health_check.0.matcher": "301",
                            "health_check.0.path": "/",
                            "health_check.0.port": "80",
                            "health_check.0.protocol": "HTTP",
                            "health_check.0.timeout": "5",
                            "health_check.0.unhealthy_threshold": "2",
                            "id": "arn:aws:elasticloadbalancing:ap-northeast-1:760572120597:targetgroup/biom-admin-http-tg-websitepvt/634554faefa8cb68",
                            "name": "biom-admin-http-tg-websitepvt",
                            "port": "80",
                            "protocol": "HTTP",
                            "stickiness.#": "1",
                            "stickiness.0.cookie_duration": "86400",
                            "stickiness.0.enabled": "false",
                            "stickiness.0.type": "lb_cookie",
                            "tags.%": "0",
                            "target_type": "instance",
                            "vpc_id": "vpc-7aa9ab1e"
                        },
                        "meta": {},
                        "tainted": false
                    },
                    "deposed": [],
                    "provider": ""
                },
                "aws_cloudwatch_metric_alarm.high_unhealthy_alarm": {
                    "type": "aws_cloudwatch_metric_alarm",
                    "depends_on": [],
                    "primary": {
                        "id": "ELB-biom-admin-http-tg-websitepvt-Unhealthy-Hosts",
                        "attributes": {
                            "actions_enabled": "true",
                            "alarm_actions.#": "1",
                            "alarm_actions.1013585629": "arn:aws:sns:ap-northeast-1:760572120597:disha-sns-websitepvt",
                            "alarm_description": "Raises alarm if unhealthy instances in biom-admin-http-lb-websitepvt load balancer increase",
                            "alarm_name": "ELB-biom-admin-http-tg-websitepvt-Unhealthy-Hosts",
                            "comparison_operator": "GreaterThanThreshold",
                            "dimensions.%": "1",
                            "dimensions.LoadBalancerName": "biom-admin-http-tg-websitepvt",
                            "evaluate_low_sample_count_percentiles": "",
                            "evaluation_periods": "1",
                            "extended_statistic": "",
                            "id": "ELB-biom-admin-http-tg-websitepvt-Unhealthy-Hosts",
                            "insufficient_data_actions.#": "0",
                            "metric_name": "UnHealthyHostCount",
                            "namespace": "AWS/ELB",
                            "ok_actions.#": "0",
                            "period": "60",
                            "statistic": "Average",
                            "threshold": "0",
                            "treat_missing_data": "missing",
                            "unit": ""
                        },
                        "meta": {
                            "schema_version": "1"
                        },
                        "tainted": false
                    },
                    "deposed": [],
                    "provider": ""
                },
                "aws_cloudwatch_metric_alarm.low_healthy_alarm": {
                    "type": "aws_cloudwatch_metric_alarm",
                    "depends_on": [],
                    "primary": {
                        "id": "ELB-biom-admin-http-lb-websitepvt-Healthy-Hosts",
                        "attributes": {
                            "actions_enabled": "true",
                            "alarm_actions.#": "1",
                            "alarm_actions.1013585629": "arn:aws:sns:ap-northeast-1:760572120597:disha-sns-websitepvt",
                            "alarm_description": "Raises alarm if healthy instances in biom-admin-http-lb-websitepvt load balancer decrease",
                            "alarm_name": "ELB-biom-admin-http-lb-websitepvt-Healthy-Hosts",
                            "comparison_operator": "LessThanThreshold",
                            "dimensions.%": "1",
                            "dimensions.LoadBalancerName": "biom-admin-http-tg-websitepvt",
                            "evaluate_low_sample_count_percentiles": "",
                            "evaluation_periods": "1",
                            "extended_statistic": "",
                            "id": "ELB-biom-admin-http-lb-websitepvt-Healthy-Hosts",
                            "insufficient_data_actions.#": "0",
                            "metric_name": "HealthyHostCount",
                            "namespace": "AWS/ELB",
                            "ok_actions.#": "0",
                            "period": "60",
                            "statistic": "Average",
                            "threshold": "1",
                            "treat_missing_data": "missing",
                            "unit": ""
                        },
                        "meta": {
                            "schema_version": "1"
                        },
                        "tainted": false
                    },
                    "deposed": [],
                    "provider": ""
                }
            },
            "depends_on": []
        },
        {
            "path": [
                "root",
                "disha_mettl_in_env",
                "biometric-admin-tg-https"
            ],
            "outputs": {},
            "resources": {
                "aws_alb_target_group.alb_tg": {
                    "type": "aws_alb_target_group",
                    "depends_on": [],
                    "primary": {
                        "id": "arn:aws:elasticloadbalancing:ap-northeast-1:760572120597:targetgroup/biom-admin-https-tg-websitepvt/c5a69e890eabb899",
                        "attributes": {
                            "arn": "arn:aws:elasticloadbalancing:ap-northeast-1:760572120597:targetgroup/biom-admin-https-tg-websitepvt/c5a69e890eabb899",
                            "arn_suffix": "targetgroup/biom-admin-https-tg-websitepvt/c5a69e890eabb899",
                            "deregistration_delay": "300",
                            "health_check.#": "1",
                            "health_check.0.healthy_threshold": "2",
                            "health_check.0.interval": "15",
                            "health_check.0.matcher": "200",
                            "health_check.0.path": "/",
                            "health_check.0.port": "443",
                            "health_check.0.protocol": "HTTP",
                            "health_check.0.timeout": "10",
                            "health_check.0.unhealthy_threshold": "2",
                            "id": "arn:aws:elasticloadbalancing:ap-northeast-1:760572120597:targetgroup/biom-admin-https-tg-websitepvt/c5a69e890eabb899",
                            "name": "biom-admin-https-tg-websitepvt",
                            "port": "443",
                            "protocol": "HTTPS",
                            "stickiness.#": "1",
                            "stickiness.0.cookie_duration": "86400",
                            "stickiness.0.enabled": "false",
                            "stickiness.0.type": "lb_cookie",
                            "tags.%": "0",
                            "target_type": "instance",
                            "vpc_id": "vpc-7aa9ab1e"
                        },
                        "meta": {},
                        "tainted": false
                    },
                    "deposed": [],
                    "provider": ""
                },
                "aws_cloudwatch_metric_alarm.high_unhealthy_alarm": {
                    "type": "aws_cloudwatch_metric_alarm",
                    "depends_on": [],
                    "primary": {
                        "id": "ELB-biom-admin-https-tg-websitepvt-Unhealthy-Hosts",
                        "attributes": {
                            "actions_enabled": "true",
                            "alarm_actions.#": "1",
                            "alarm_actions.1013585629": "arn:aws:sns:ap-northeast-1:760572120597:disha-sns-websitepvt",
                            "alarm_description": "Raises alarm if unhealthy instances in biom-admin-https-lb-websitepvt load balancer increase",
                            "alarm_name": "ELB-biom-admin-https-tg-websitepvt-Unhealthy-Hosts",
                            "comparison_operator": "GreaterThanThreshold",
                            "dimensions.%": "1",
                            "dimensions.LoadBalancerName": "biom-admin-https-tg-websitepvt",
                            "evaluate_low_sample_count_percentiles": "",
                            "evaluation_periods": "1",
                            "extended_statistic": "",
                            "id": "ELB-biom-admin-https-tg-websitepvt-Unhealthy-Hosts",
                            "insufficient_data_actions.#": "0",
                            "metric_name": "UnHealthyHostCount",
                            "namespace": "AWS/ELB",
                            "ok_actions.#": "0",
                            "period": "60",
                            "statistic": "Average",
                            "threshold": "0",
                            "treat_missing_data": "missing",
                            "unit": ""
                        },
                        "meta": {
                            "schema_version": "1"
                        },
                        "tainted": false
                    },
                    "deposed": [],
                    "provider": ""
                },
                "aws_cloudwatch_metric_alarm.low_healthy_alarm": {
                    "type": "aws_cloudwatch_metric_alarm",
                    "depends_on": [],
                    "primary": {
                        "id": "ELB-biom-admin-https-lb-websitepvt-Healthy-Hosts",
                        "attributes": {
                            "actions_enabled": "true",
                            "alarm_actions.#": "1",
                            "alarm_actions.1013585629": "arn:aws:sns:ap-northeast-1:760572120597:disha-sns-websitepvt",
                            "alarm_description": "Raises alarm if healthy instances in biom-admin-https-lb-websitepvt load balancer decrease",
                            "alarm_name": "ELB-biom-admin-https-lb-websitepvt-Healthy-Hosts",
                            "comparison_operator": "LessThanThreshold",
                            "dimensions.%": "1",
                            "dimensions.LoadBalancerName": "biom-admin-https-tg-websitepvt",
                            "evaluate_low_sample_count_percentiles": "",
                            "evaluation_periods": "1",
                            "extended_statistic": "",
                            "id": "ELB-biom-admin-https-lb-websitepvt-Healthy-Hosts",
                            "insufficient_data_actions.#": "0",
                            "metric_name": "HealthyHostCount",
                            "namespace": "AWS/ELB",
                            "ok_actions.#": "0",
                            "period": "60",
                            "statistic": "Average",
                            "threshold": "1",
                            "treat_missing_data": "missing",
                            "unit": ""
                        },
                        "meta": {
                            "schema_version": "1"
                        },
                        "tainted": false
                    },
                    "deposed": [],
                    "provider": ""
                }
            },
            "depends_on": []
        },
        {
            "path": [
                "root",
                "disha_mettl_in_env",
                "biometric-tg-http"
            ],
            "outputs": {},
            "resources": {
                "aws_alb_target_group.alb_tg": {
                    "type": "aws_alb_target_group",
                    "depends_on": [],
                    "primary": {
                        "id": "arn:aws:elasticloadbalancing:ap-northeast-1:760572120597:targetgroup/biometric-http-tg-websitepvt/641b29961bfc8f75",
                        "attributes": {
                            "arn": "arn:aws:elasticloadbalancing:ap-northeast-1:760572120597:targetgroup/biometric-http-tg-websitepvt/641b29961bfc8f75",
                            "arn_suffix": "targetgroup/biometric-http-tg-websitepvt/641b29961bfc8f75",
                            "deregistration_delay": "300",
                            "health_check.#": "1",
                            "health_check.0.healthy_threshold": "2",
                            "health_check.0.interval": "10",
                            "health_check.0.matcher": "301",
                            "health_check.0.path": "/",
                            "health_check.0.port": "80",
                            "health_check.0.protocol": "HTTP",
                            "health_check.0.timeout": "5",
                            "health_check.0.unhealthy_threshold": "2",
                            "id": "arn:aws:elasticloadbalancing:ap-northeast-1:760572120597:targetgroup/biometric-http-tg-websitepvt/641b29961bfc8f75",
                            "name": "biometric-http-tg-websitepvt",
                            "port": "80",
                            "protocol": "HTTP",
                            "stickiness.#": "1",
                            "stickiness.0.cookie_duration": "86400",
                            "stickiness.0.enabled": "false",
                            "stickiness.0.type": "lb_cookie",
                            "tags.%": "0",
                            "target_type": "instance",
                            "vpc_id": "vpc-7aa9ab1e"
                        },
                        "meta": {},
                        "tainted": false
                    },
                    "deposed": [],
                    "provider": ""
                },
                "aws_cloudwatch_metric_alarm.high_unhealthy_alarm": {
                    "type": "aws_cloudwatch_metric_alarm",
                    "depends_on": [],
                    "primary": {
                        "id": "ELB-biometric-http-tg-websitepvt-Unhealthy-Hosts",
                        "attributes": {
                            "actions_enabled": "true",
                            "alarm_actions.#": "1",
                            "alarm_actions.1013585629": "arn:aws:sns:ap-northeast-1:760572120597:disha-sns-websitepvt",
                            "alarm_description": "Raises alarm if unhealthy instances in biometric-http-lb-websitepvt load balancer increase",
                            "alarm_name": "ELB-biometric-http-tg-websitepvt-Unhealthy-Hosts",
                            "comparison_operator": "GreaterThanThreshold",
                            "dimensions.%": "1",
                            "dimensions.LoadBalancerName": "biometric-http-tg-websitepvt",
                            "evaluate_low_sample_count_percentiles": "",
                            "evaluation_periods": "1",
                            "extended_statistic": "",
                            "id": "ELB-biometric-http-tg-websitepvt-Unhealthy-Hosts",
                            "insufficient_data_actions.#": "0",
                            "metric_name": "UnHealthyHostCount",
                            "namespace": "AWS/ELB",
                            "ok_actions.#": "0",
                            "period": "60",
                            "statistic": "Average",
                            "threshold": "0",
                            "treat_missing_data": "missing",
                            "unit": ""
                        },
                        "meta": {
                            "schema_version": "1"
                        },
                        "tainted": false
                    },
                    "deposed": [],
                    "provider": ""
                },
                "aws_cloudwatch_metric_alarm.low_healthy_alarm": {
                    "type": "aws_cloudwatch_metric_alarm",
                    "depends_on": [],
                    "primary": {
                        "id": "ELB-biometric-http-lb-websitepvt-Healthy-Hosts",
                        "attributes": {
                            "actions_enabled": "true",
                            "alarm_actions.#": "1",
                            "alarm_actions.1013585629": "arn:aws:sns:ap-northeast-1:760572120597:disha-sns-websitepvt",
                            "alarm_description": "Raises alarm if healthy instances in biometric-http-lb-websitepvt load balancer decrease",
                            "alarm_name": "ELB-biometric-http-lb-websitepvt-Healthy-Hosts",
                            "comparison_operator": "LessThanThreshold",
                            "dimensions.%": "1",
                            "dimensions.LoadBalancerName": "biometric-http-tg-websitepvt",
                            "evaluate_low_sample_count_percentiles": "",
                            "evaluation_periods": "1",
                            "extended_statistic": "",
                            "id": "ELB-biometric-http-lb-websitepvt-Healthy-Hosts",
                            "insufficient_data_actions.#": "0",
                            "metric_name": "HealthyHostCount",
                            "namespace": "AWS/ELB",
                            "ok_actions.#": "0",
                            "period": "60",
                            "statistic": "Average",
                            "threshold": "1",
                            "treat_missing_data": "missing",
                            "unit": ""
                        },
                        "meta": {
                            "schema_version": "1"
                        },
                        "tainted": false
                    },
                    "deposed": [],
                    "provider": ""
                }
            },
            "depends_on": []
        },
        {
            "path": [
                "root",
                "disha_mettl_in_env",
                "biometric-tg-https"
            ],
            "outputs": {},
            "resources": {
                "aws_alb_target_group.alb_tg": {
                    "type": "aws_alb_target_group",
                    "depends_on": [],
                    "primary": {
                        "id": "arn:aws:elasticloadbalancing:ap-northeast-1:760572120597:targetgroup/biometric-https-tg-websitepvt/ef0e5dfc84d98e64",
                        "attributes": {
                            "arn": "arn:aws:elasticloadbalancing:ap-northeast-1:760572120597:targetgroup/biometric-https-tg-websitepvt/ef0e5dfc84d98e64",
                            "arn_suffix": "targetgroup/biometric-https-tg-websitepvt/ef0e5dfc84d98e64",
                            "deregistration_delay": "300",
                            "health_check.#": "1",
                            "health_check.0.healthy_threshold": "2",
                            "health_check.0.interval": "15",
                            "health_check.0.matcher": "200",
                            "health_check.0.path": "/",
                            "health_check.0.port": "443",
                            "health_check.0.protocol": "HTTP",
                            "health_check.0.timeout": "10",
                            "health_check.0.unhealthy_threshold": "2",
                            "id": "arn:aws:elasticloadbalancing:ap-northeast-1:760572120597:targetgroup/biometric-https-tg-websitepvt/ef0e5dfc84d98e64",
                            "name": "biometric-https-tg-websitepvt",
                            "port": "443",
                            "protocol": "HTTPS",
                            "stickiness.#": "1",
                            "stickiness.0.cookie_duration": "86400",
                            "stickiness.0.enabled": "false",
                            "stickiness.0.type": "lb_cookie",
                            "tags.%": "0",
                            "target_type": "instance",
                            "vpc_id": "vpc-7aa9ab1e"
                        },
                        "meta": {},
                        "tainted": false
                    },
                    "deposed": [],
                    "provider": ""
                },
                "aws_cloudwatch_metric_alarm.high_unhealthy_alarm": {
                    "type": "aws_cloudwatch_metric_alarm",
                    "depends_on": [],
                    "primary": {
                        "id": "ELB-biometric-https-tg-websitepvt-Unhealthy-Hosts",
                        "attributes": {
                            "actions_enabled": "true",
                            "alarm_actions.#": "1",
                            "alarm_actions.1013585629": "arn:aws:sns:ap-northeast-1:760572120597:disha-sns-websitepvt",
                            "alarm_description": "Raises alarm if unhealthy instances in biometric-https-lb-websitepvt load balancer increase",
                            "alarm_name": "ELB-biometric-https-tg-websitepvt-Unhealthy-Hosts",
                            "comparison_operator": "GreaterThanThreshold",
                            "dimensions.%": "1",
                            "dimensions.LoadBalancerName": "biometric-https-tg-websitepvt",
                            "evaluate_low_sample_count_percentiles": "",
                            "evaluation_periods": "1",
                            "extended_statistic": "",
                            "id": "ELB-biometric-https-tg-websitepvt-Unhealthy-Hosts",
                            "insufficient_data_actions.#": "0",
                            "metric_name": "UnHealthyHostCount",
                            "namespace": "AWS/ELB",
                            "ok_actions.#": "0",
                            "period": "60",
                            "statistic": "Average",
                            "threshold": "0",
                            "treat_missing_data": "missing",
                            "unit": ""
                        },
                        "meta": {
                            "schema_version": "1"
                        },
                        "tainted": false
                    },
                    "deposed": [],
                    "provider": ""
                },
                "aws_cloudwatch_metric_alarm.low_healthy_alarm": {
                    "type": "aws_cloudwatch_metric_alarm",
                    "depends_on": [],
                    "primary": {
                        "id": "ELB-biometric-https-lb-websitepvt-Healthy-Hosts",
                        "attributes": {
                            "actions_enabled": "true",
                            "alarm_actions.#": "1",
                            "alarm_actions.1013585629": "arn:aws:sns:ap-northeast-1:760572120597:disha-sns-websitepvt",
                            "alarm_description": "Raises alarm if healthy instances in biometric-https-lb-websitepvt load balancer decrease",
                            "alarm_name": "ELB-biometric-https-lb-websitepvt-Healthy-Hosts",
                            "comparison_operator": "LessThanThreshold",
                            "dimensions.%": "1",
                            "dimensions.LoadBalancerName": "biometric-https-tg-websitepvt",
                            "evaluate_low_sample_count_percentiles": "",
                            "evaluation_periods": "1",
                            "extended_statistic": "",
                            "id": "ELB-biometric-https-lb-websitepvt-Healthy-Hosts",
                            "insufficient_data_actions.#": "0",
                            "metric_name": "HealthyHostCount",
                            "namespace": "AWS/ELB",
                            "ok_actions.#": "0",
                            "period": "60",
                            "statistic": "Average",
                            "threshold": "1",
                            "treat_missing_data": "missing",
                            "unit": ""
                        },
                        "meta": {
                            "schema_version": "1"
                        },
                        "tainted": false
                    },
                    "deposed": [],
                    "provider": ""
                }
            },
            "depends_on": []
        },
        {
            "path": [
                "root",
                "disha_mettl_in_env",
                "biometric_admin"
            ],
            "outputs": {},
            "resources": {
                "aws_cloudwatch_metric_alarm.instance_status_check": {
                    "type": "aws_cloudwatch_metric_alarm",
                    "depends_on": [
                        "aws_instance.instance"
                    ],
                    "primary": {
                        "id": "biometric-admin-status-checks-failed-websitepvt",
                        "attributes": {
                            "actions_enabled": "true",
                            "alarm_actions.#": "1",
                            "alarm_actions.1013585629": "arn:aws:sns:ap-northeast-1:760572120597:disha-sns-websitepvt",
                            "alarm_description": "This metric monitors ec2 status checks",
                            "alarm_name": "biometric-admin-status-checks-failed-websitepvt",
                            "comparison_operator": "GreaterThanOrEqualToThreshold",
                            "dimensions.%": "1",
                            "dimensions.InstanceId": "i-0183fa6b3b215c01d",
                            "evaluate_low_sample_count_percentiles": "",
                            "evaluation_periods": "1",
                            "extended_statistic": "",
                            "id": "biometric-admin-status-checks-failed-websitepvt",
                            "insufficient_data_actions.#": "1",
                            "insufficient_data_actions.1013585629": "arn:aws:sns:ap-northeast-1:760572120597:disha-sns-websitepvt",
                            "metric_name": "StatusCheckFailed",
                            "namespace": "AWS/EC2",
                            "ok_actions.#": "1",
                            "ok_actions.1013585629": "arn:aws:sns:ap-northeast-1:760572120597:disha-sns-websitepvt",
                            "period": "60",
                            "statistic": "Average",
                            "threshold": "1",
                            "treat_missing_data": "missing",
                            "unit": ""
                        },
                        "meta": {
                            "schema_version": "1"
                        },
                        "tainted": false
                    },
                    "deposed": [],
                    "provider": ""
                },
                "aws_instance.instance": {
                    "type": "aws_instance",
                    "depends_on": [
                        "module.sg"
                    ],
                    "primary": {
                        "id": "i-0183fa6b3b215c01d",
                        "attributes": {
                            "ami": "ami-18c3167e",
                            "associate_public_ip_address": "false",
                            "availability_zone": "ap-northeast-1a",
                            "disable_api_termination": "false",
                            "ebs_block_device.#": "1",
                            "ebs_block_device.2616103959.delete_on_termination": "true",
                            "ebs_block_device.2616103959.device_name": "/dev/sdb",
                            "ebs_block_device.2616103959.encrypted": "false",
                            "ebs_block_device.2616103959.iops": "0",
                            "ebs_block_device.2616103959.snapshot_id": "snap-00db727640ec3e4e3",
                            "ebs_block_device.2616103959.volume_size": "30",
                            "ebs_block_device.2616103959.volume_type": "standard",
                            "ebs_optimized": "false",
                            "ephemeral_block_device.#": "0",
                            "iam_instance_profile": "instance-profile.websitepvt",
                            "id": "i-0183fa6b3b215c01d",
                            "instance_state": "running",
                            "instance_type": "t2.micro",
                            "ipv6_addresses.#": "0",
                            "key_name": "disha-india.websitepvt",
                            "monitoring": "false",
                            "network_interface.#": "0",
                            "network_interface_id": "eni-60e1b45d",
                            "primary_network_interface_id": "eni-60e1b45d",
                            "private_dns": "ip-10-10-1-169.ap-northeast-1.compute.internal",
                            "private_ip": "10.10.1.169",
                            "public_dns": "",
                            "public_ip": "",
                            "root_block_device.#": "1",
                            "root_block_device.0.delete_on_termination": "true",
                            "root_block_device.0.iops": "100",
                            "root_block_device.0.volume_size": "24",
                            "root_block_device.0.volume_type": "gp2",
                            "security_groups.#": "0",
                            "source_dest_check": "true",
                            "subnet_id": "subnet-6a00a523",
                            "tags.%": "3",
                            "tags.Cluster": "disha",
                            "tags.Environment": "websitepvt",
                            "tags.Name": "biometric-admin.websitepvt",
                            "tenancy": "default",
                            "volume_tags.%": "1",
                            "volume_tags.Name": "biometric-admin.websitepvt",
                            "vpc_security_group_ids.#": "2",
                            "vpc_security_group_ids.2449068200": "sg-69e3cd0f",
                            "vpc_security_group_ids.964454824": "sg-15222773"
                        },
                        "meta": {
                            "e2bfb730-ecaa-11e6-8f88-34363bc7c4c0": {
                                "create": 600000000000,
                                "delete": 600000000000,
                                "update": 600000000000
                            },
                            "schema_version": "1"
                        },
                        "tainted": false
                    },
                    "deposed": [],
                    "provider": ""
                },
                "aws_route53_record.instance_route53_entry": {
                    "type": "aws_route53_record",
                    "depends_on": [
                        "aws_instance.instance"
                    ],
                    "primary": {
                        "id": "Z2IEUVQFSOSZOB_biometric-admin_A",
                        "attributes": {
                            "fqdn": "biometric-admin.websitepvt",
                            "health_check_id": "",
                            "id": "Z2IEUVQFSOSZOB_biometric-admin_A",
                            "name": "biometric-admin",
                            "records.#": "1",
                            "records.1394455343": "10.10.1.169",
                            "set_identifier": "",
                            "ttl": "60",
                            "type": "A",
                            "zone_id": "Z2IEUVQFSOSZOB"
                        },
                        "meta": {
                            "schema_version": "2"
                        },
                        "tainted": false
                    },
                    "deposed": [],
                    "provider": ""
                }
            },
            "depends_on": []
        },
        {
            "path": [
                "root",
                "disha_mettl_in_env",
                "certificate_instance"
            ],
            "outputs": {},
            "resources": {
                "aws_cloudwatch_metric_alarm.instance_status_check": {
                    "type": "aws_cloudwatch_metric_alarm",
                    "depends_on": [
                        "aws_instance.instance"
                    ],
                    "primary": {
                        "id": "disha-certificate-status-checks-failed-websitepvt",
                        "attributes": {
                            "actions_enabled": "true",
                            "alarm_actions.#": "1",
                            "alarm_actions.1013585629": "arn:aws:sns:ap-northeast-1:760572120597:disha-sns-websitepvt",
                            "alarm_description": "This metric monitors ec2 status checks",
                            "alarm_name": "disha-certificate-status-checks-failed-websitepvt",
                            "comparison_operator": "GreaterThanOrEqualToThreshold",
                            "dimensions.%": "1",
                            "dimensions.InstanceId": "i-01ac1c27ecb6f262f",
                            "evaluate_low_sample_count_percentiles": "",
                            "evaluation_periods": "1",
                            "extended_statistic": "",
                            "id": "disha-certificate-status-checks-failed-websitepvt",
                            "insufficient_data_actions.#": "1",
                            "insufficient_data_actions.1013585629": "arn:aws:sns:ap-northeast-1:760572120597:disha-sns-websitepvt",
                            "metric_name": "StatusCheckFailed",
                            "namespace": "AWS/EC2",
                            "ok_actions.#": "1",
                            "ok_actions.1013585629": "arn:aws:sns:ap-northeast-1:760572120597:disha-sns-websitepvt",
                            "period": "60",
                            "statistic": "Average",
                            "threshold": "1",
                            "treat_missing_data": "missing",
                            "unit": ""
                        },
                        "meta": {
                            "schema_version": "1"
                        },
                        "tainted": false
                    },
                    "deposed": [],
                    "provider": ""
                },
                "aws_instance.instance": {
                    "type": "aws_instance",
                    "depends_on": [
                        "module.sg"
                    ],
                    "primary": {
                        "id": "i-01ac1c27ecb6f262f",
                        "attributes": {
                            "ami": "ami-18c3167e",
                            "associate_public_ip_address": "false",
                            "availability_zone": "ap-northeast-1a",
                            "disable_api_termination": "false",
                            "ebs_block_device.#": "1",
                            "ebs_block_device.2616103959.delete_on_termination": "true",
                            "ebs_block_device.2616103959.device_name": "/dev/sdb",
                            "ebs_block_device.2616103959.encrypted": "false",
                            "ebs_block_device.2616103959.iops": "0",
                            "ebs_block_device.2616103959.snapshot_id": "snap-00db727640ec3e4e3",
                            "ebs_block_device.2616103959.volume_size": "30",
                            "ebs_block_device.2616103959.volume_type": "standard",
                            "ebs_optimized": "false",
                            "ephemeral_block_device.#": "0",
                            "iam_instance_profile": "instance-profile.websitepvt",
                            "id": "i-01ac1c27ecb6f262f",
                            "instance_state": "running",
                            "instance_type": "t2.micro",
                            "ipv6_addresses.#": "0",
                            "key_name": "disha-india.websitepvt",
                            "monitoring": "false",
                            "network_interface.#": "0",
                            "network_interface_id": "eni-2ff3f712",
                            "primary_network_interface_id": "eni-2ff3f712",
                            "private_dns": "ip-10-10-1-253.ap-northeast-1.compute.internal",
                            "private_ip": "10.10.1.253",
                            "public_dns": "",
                            "public_ip": "",
                            "root_block_device.#": "1",
                            "root_block_device.0.delete_on_termination": "true",
                            "root_block_device.0.iops": "100",
                            "root_block_device.0.volume_size": "24",
                            "root_block_device.0.volume_type": "gp2",
                            "security_groups.#": "0",
                            "source_dest_check": "true",
                            "subnet_id": "subnet-6a00a523",
                            "tags.%": "3",
                            "tags.Cluster": "disha",
                            "tags.Environment": "websitepvt",
                            "tags.Name": "disha-certificate.websitepvt",
                            "tenancy": "default",
                            "volume_tags.%": "1",
                            "volume_tags.Name": "disha-certificate.websitepvt",
                            "vpc_security_group_ids.#": "2",
                            "vpc_security_group_ids.2449068200": "sg-69e3cd0f",
                            "vpc_security_group_ids.2472601141": "sg-22c0d344"
                        },
                        "meta": {
                            "e2bfb730-ecaa-11e6-8f88-34363bc7c4c0": {
                                "create": 600000000000,
                                "delete": 600000000000,
                                "update": 600000000000
                            },
                            "schema_version": "1"
                        },
                        "tainted": false
                    },
                    "deposed": [],
                    "provider": ""
                },
                "aws_route53_record.instance_route53_entry": {
                    "type": "aws_route53_record",
                    "depends_on": [
                        "aws_instance.instance"
                    ],
                    "primary": {
                        "id": "Z2IEUVQFSOSZOB_disha-certificate_A",
                        "attributes": {
                            "fqdn": "disha-certificate.websitepvt",
                            "health_check_id": "",
                            "id": "Z2IEUVQFSOSZOB_disha-certificate_A",
                            "name": "disha-certificate",
                            "records.#": "1",
                            "records.2594420651": "10.10.1.253",
                            "set_identifier": "",
                            "ttl": "60",
                            "type": "A",
                            "zone_id": "Z2IEUVQFSOSZOB"
                        },
                        "meta": {
                            "schema_version": "2"
                        },
                        "tainted": false
                    },
                    "deposed": [],
                    "provider": ""
                }
            },
            "depends_on": []
        },
        {
            "path": [
                "root",
                "disha_mettl_in_env",
                "disha-app-tcmap-tg-http"
            ],
            "outputs": {},
            "resources": {
                "aws_alb_target_group.alb_tg": {
                    "type": "aws_alb_target_group",
                    "depends_on": [],
                    "primary": {
                        "id": "arn:aws:elasticloadbalancing:ap-northeast-1:760572120597:targetgroup/disha-tcmap-http-tg-websitepvt/e64819364c984db8",
                        "attributes": {
                            "arn": "arn:aws:elasticloadbalancing:ap-northeast-1:760572120597:targetgroup/disha-tcmap-http-tg-websitepvt/e64819364c984db8",
                            "arn_suffix": "targetgroup/disha-tcmap-http-tg-websitepvt/e64819364c984db8",
                            "deregistration_delay": "300",
                            "health_check.#": "1",
                            "health_check.0.healthy_threshold": "2",
                            "health_check.0.interval": "10",
                            "health_check.0.matcher": "301",
                            "health_check.0.path": "/tcmap/statusCheck",
                            "health_check.0.port": "80",
                            "health_check.0.protocol": "HTTP",
                            "health_check.0.timeout": "5",
                            "health_check.0.unhealthy_threshold": "2",
                            "id": "arn:aws:elasticloadbalancing:ap-northeast-1:760572120597:targetgroup/disha-tcmap-http-tg-websitepvt/e64819364c984db8",
                            "name": "disha-tcmap-http-tg-websitepvt",
                            "port": "80",
                            "protocol": "HTTP",
                            "stickiness.#": "1",
                            "stickiness.0.cookie_duration": "86400",
                            "stickiness.0.enabled": "false",
                            "stickiness.0.type": "lb_cookie",
                            "tags.%": "0",
                            "target_type": "instance",
                            "vpc_id": "vpc-7aa9ab1e"
                        },
                        "meta": {},
                        "tainted": false
                    },
                    "deposed": [],
                    "provider": ""
                },
                "aws_cloudwatch_metric_alarm.high_unhealthy_alarm": {
                    "type": "aws_cloudwatch_metric_alarm",
                    "depends_on": [],
                    "primary": {
                        "id": "ELB-disha-tcmap-http-tg-websitepvt-Unhealthy-Hosts",
                        "attributes": {
                            "actions_enabled": "true",
                            "alarm_actions.#": "1",
                            "alarm_actions.1013585629": "arn:aws:sns:ap-northeast-1:760572120597:disha-sns-websitepvt",
                            "alarm_description": "Raises alarm if unhealthy instances in disha-tcmap-http-lb-websitepvt load balancer increase",
                            "alarm_name": "ELB-disha-tcmap-http-tg-websitepvt-Unhealthy-Hosts",
                            "comparison_operator": "GreaterThanThreshold",
                            "dimensions.%": "1",
                            "dimensions.LoadBalancerName": "disha-tcmap-http-tg-websitepvt",
                            "evaluate_low_sample_count_percentiles": "",
                            "evaluation_periods": "1",
                            "extended_statistic": "",
                            "id": "ELB-disha-tcmap-http-tg-websitepvt-Unhealthy-Hosts",
                            "insufficient_data_actions.#": "0",
                            "metric_name": "UnHealthyHostCount",
                            "namespace": "AWS/ELB",
                            "ok_actions.#": "0",
                            "period": "60",
                            "statistic": "Average",
                            "threshold": "0",
                            "treat_missing_data": "missing",
                            "unit": ""
                        },
                        "meta": {
                            "schema_version": "1"
                        },
                        "tainted": false
                    },
                    "deposed": [],
                    "provider": ""
                },
                "aws_cloudwatch_metric_alarm.low_healthy_alarm": {
                    "type": "aws_cloudwatch_metric_alarm",
                    "depends_on": [],
                    "primary": {
                        "id": "ELB-disha-tcmap-http-lb-websitepvt-Healthy-Hosts",
                        "attributes": {
                            "actions_enabled": "true",
                            "alarm_actions.#": "1",
                            "alarm_actions.1013585629": "arn:aws:sns:ap-northeast-1:760572120597:disha-sns-websitepvt",
                            "alarm_description": "Raises alarm if healthy instances in disha-tcmap-http-lb-websitepvt load balancer decrease",
                            "alarm_name": "ELB-disha-tcmap-http-lb-websitepvt-Healthy-Hosts",
                            "comparison_operator": "LessThanThreshold",
                            "dimensions.%": "1",
                            "dimensions.LoadBalancerName": "disha-tcmap-http-tg-websitepvt",
                            "evaluate_low_sample_count_percentiles": "",
                            "evaluation_periods": "1",
                            "extended_statistic": "",
                            "id": "ELB-disha-tcmap-http-lb-websitepvt-Healthy-Hosts",
                            "insufficient_data_actions.#": "0",
                            "metric_name": "HealthyHostCount",
                            "namespace": "AWS/ELB",
                            "ok_actions.#": "0",
                            "period": "60",
                            "statistic": "Average",
                            "threshold": "1",
                            "treat_missing_data": "missing",
                            "unit": ""
                        },
                        "meta": {
                            "schema_version": "1"
                        },
                        "tainted": false
                    },
                    "deposed": [],
                    "provider": ""
                }
            },
            "depends_on": []
        },
        {
            "path": [
                "root",
                "disha_mettl_in_env",
                "disha-app-tcmap-tg-https"
            ],
            "outputs": {},
            "resources": {
                "aws_alb_target_group.alb_tg": {
                    "type": "aws_alb_target_group",
                    "depends_on": [],
                    "primary": {
                        "id": "arn:aws:elasticloadbalancing:ap-northeast-1:760572120597:targetgroup/disha-tcmap-https-tg-websitepvt/04cd6d520f159213",
                        "attributes": {
                            "arn": "arn:aws:elasticloadbalancing:ap-northeast-1:760572120597:targetgroup/disha-tcmap-https-tg-websitepvt/04cd6d520f159213",
                            "arn_suffix": "targetgroup/disha-tcmap-https-tg-websitepvt/04cd6d520f159213",
                            "deregistration_delay": "300",
                            "health_check.#": "1",
                            "health_check.0.healthy_threshold": "2",
                            "health_check.0.interval": "15",
                            "health_check.0.matcher": "200",
                            "health_check.0.path": "/tcmap/statusCheck",
                            "health_check.0.port": "443",
                            "health_check.0.protocol": "HTTP",
                            "health_check.0.timeout": "10",
                            "health_check.0.unhealthy_threshold": "2",
                            "id": "arn:aws:elasticloadbalancing:ap-northeast-1:760572120597:targetgroup/disha-tcmap-https-tg-websitepvt/04cd6d520f159213",
                            "name": "disha-tcmap-https-tg-websitepvt",
                            "port": "443",
                            "protocol": "HTTPS",
                            "stickiness.#": "1",
                            "stickiness.0.cookie_duration": "86400",
                            "stickiness.0.enabled": "false",
                            "stickiness.0.type": "lb_cookie",
                            "tags.%": "0",
                            "target_type": "instance",
                            "vpc_id": "vpc-7aa9ab1e"
                        },
                        "meta": {},
                        "tainted": false
                    },
                    "deposed": [],
                    "provider": ""
                },
                "aws_cloudwatch_metric_alarm.high_unhealthy_alarm": {
                    "type": "aws_cloudwatch_metric_alarm",
                    "depends_on": [],
                    "primary": {
                        "id": "ELB-disha-tcmap-https-tg-websitepvt-Unhealthy-Hosts",
                        "attributes": {
                            "actions_enabled": "true",
                            "alarm_actions.#": "1",
                            "alarm_actions.1013585629": "arn:aws:sns:ap-northeast-1:760572120597:disha-sns-websitepvt",
                            "alarm_description": "Raises alarm if unhealthy instances in disha-tcmap-https-lb-websitepvt load balancer increase",
                            "alarm_name": "ELB-disha-tcmap-https-tg-websitepvt-Unhealthy-Hosts",
                            "comparison_operator": "GreaterThanThreshold",
                            "dimensions.%": "1",
                            "dimensions.LoadBalancerName": "disha-tcmap-https-tg-websitepvt",
                            "evaluate_low_sample_count_percentiles": "",
                            "evaluation_periods": "1",
                            "extended_statistic": "",
                            "id": "ELB-disha-tcmap-https-tg-websitepvt-Unhealthy-Hosts",
                            "insufficient_data_actions.#": "0",
                            "metric_name": "UnHealthyHostCount",
                            "namespace": "AWS/ELB",
                            "ok_actions.#": "0",
                            "period": "60",
                            "statistic": "Average",
                            "threshold": "0",
                            "treat_missing_data": "missing",
                            "unit": ""
                        },
                        "meta": {
                            "schema_version": "1"
                        },
                        "tainted": false
                    },
                    "deposed": [],
                    "provider": ""
                },
                "aws_cloudwatch_metric_alarm.low_healthy_alarm": {
                    "type": "aws_cloudwatch_metric_alarm",
                    "depends_on": [],
                    "primary": {
                        "id": "ELB-disha-tcmap-https-lb-websitepvt-Healthy-Hosts",
                        "attributes": {
                            "actions_enabled": "true",
                            "alarm_actions.#": "1",
                            "alarm_actions.1013585629": "arn:aws:sns:ap-northeast-1:760572120597:disha-sns-websitepvt",
                            "alarm_description": "Raises alarm if healthy instances in disha-tcmap-https-lb-websitepvt load balancer decrease",
                            "alarm_name": "ELB-disha-tcmap-https-lb-websitepvt-Healthy-Hosts",
                            "comparison_operator": "LessThanThreshold",
                            "dimensions.%": "1",
                            "dimensions.LoadBalancerName": "disha-tcmap-https-tg-websitepvt",
                            "evaluate_low_sample_count_percentiles": "",
                            "evaluation_periods": "1",
                            "extended_statistic": "",
                            "id": "ELB-disha-tcmap-https-lb-websitepvt-Healthy-Hosts",
                            "insufficient_data_actions.#": "0",
                            "metric_name": "HealthyHostCount",
                            "namespace": "AWS/ELB",
                            "ok_actions.#": "0",
                            "period": "60",
                            "statistic": "Average",
                            "threshold": "1",
                            "treat_missing_data": "missing",
                            "unit": ""
                        },
                        "meta": {
                            "schema_version": "1"
                        },
                        "tainted": false
                    },
                    "deposed": [],
                    "provider": ""
                }
            },
            "depends_on": []
        },
        {
            "path": [
                "root",
                "disha_mettl_in_env",
                "disha-app-tg-http"
            ],
            "outputs": {},
            "resources": {
                "aws_alb_target_group.alb_tg": {
                    "type": "aws_alb_target_group",
                    "depends_on": [],
                    "primary": {
                        "id": "arn:aws:elasticloadbalancing:ap-northeast-1:760572120597:targetgroup/disha-app-http-tg-websitepvt/e851596edf35dba9",
                        "attributes": {
                            "arn": "arn:aws:elasticloadbalancing:ap-northeast-1:760572120597:targetgroup/disha-app-http-tg-websitepvt/e851596edf35dba9",
                            "arn_suffix": "targetgroup/disha-app-http-tg-websitepvt/e851596edf35dba9",
                            "deregistration_delay": "300",
                            "health_check.#": "1",
                            "health_check.0.healthy_threshold": "2",
                            "health_check.0.interval": "10",
                            "health_check.0.matcher": "301",
                            "health_check.0.path": "/app/statusCheck",
                            "health_check.0.port": "80",
                            "health_check.0.protocol": "HTTP",
                            "health_check.0.timeout": "5",
                            "health_check.0.unhealthy_threshold": "2",
                            "id": "arn:aws:elasticloadbalancing:ap-northeast-1:760572120597:targetgroup/disha-app-http-tg-websitepvt/e851596edf35dba9",
                            "name": "disha-app-http-tg-websitepvt",
                            "port": "80",
                            "protocol": "HTTP",
                            "stickiness.#": "1",
                            "stickiness.0.cookie_duration": "86400",
                            "stickiness.0.enabled": "false",
                            "stickiness.0.type": "lb_cookie",
                            "tags.%": "0",
                            "target_type": "instance",
                            "vpc_id": "vpc-7aa9ab1e"
                        },
                        "meta": {},
                        "tainted": false
                    },
                    "deposed": [],
                    "provider": ""
                },
                "aws_cloudwatch_metric_alarm.high_unhealthy_alarm": {
                    "type": "aws_cloudwatch_metric_alarm",
                    "depends_on": [],
                    "primary": {
                        "id": "ELB-disha-app-http-tg-websitepvt-Unhealthy-Hosts",
                        "attributes": {
                            "actions_enabled": "true",
                            "alarm_actions.#": "1",
                            "alarm_actions.1013585629": "arn:aws:sns:ap-northeast-1:760572120597:disha-sns-websitepvt",
                            "alarm_description": "Raises alarm if unhealthy instances in disha-app-http-lb-websitepvt load balancer increase",
                            "alarm_name": "ELB-disha-app-http-tg-websitepvt-Unhealthy-Hosts",
                            "comparison_operator": "GreaterThanThreshold",
                            "dimensions.%": "1",
                            "dimensions.LoadBalancerName": "disha-app-http-tg-websitepvt",
                            "evaluate_low_sample_count_percentiles": "",
                            "evaluation_periods": "1",
                            "extended_statistic": "",
                            "id": "ELB-disha-app-http-tg-websitepvt-Unhealthy-Hosts",
                            "insufficient_data_actions.#": "0",
                            "metric_name": "UnHealthyHostCount",
                            "namespace": "AWS/ELB",
                            "ok_actions.#": "0",
                            "period": "60",
                            "statistic": "Average",
                            "threshold": "0",
                            "treat_missing_data": "missing",
                            "unit": ""
                        },
                        "meta": {
                            "schema_version": "1"
                        },
                        "tainted": false
                    },
                    "deposed": [],
                    "provider": ""
                },
                "aws_cloudwatch_metric_alarm.low_healthy_alarm": {
                    "type": "aws_cloudwatch_metric_alarm",
                    "depends_on": [],
                    "primary": {
                        "id": "ELB-disha-app-http-lb-websitepvt-Healthy-Hosts",
                        "attributes": {
                            "actions_enabled": "true",
                            "alarm_actions.#": "1",
                            "alarm_actions.1013585629": "arn:aws:sns:ap-northeast-1:760572120597:disha-sns-websitepvt",
                            "alarm_description": "Raises alarm if healthy instances in disha-app-http-lb-websitepvt load balancer decrease",
                            "alarm_name": "ELB-disha-app-http-lb-websitepvt-Healthy-Hosts",
                            "comparison_operator": "LessThanThreshold",
                            "dimensions.%": "1",
                            "dimensions.LoadBalancerName": "disha-app-http-tg-websitepvt",
                            "evaluate_low_sample_count_percentiles": "",
                            "evaluation_periods": "1",
                            "extended_statistic": "",
                            "id": "ELB-disha-app-http-lb-websitepvt-Healthy-Hosts",
                            "insufficient_data_actions.#": "0",
                            "metric_name": "HealthyHostCount",
                            "namespace": "AWS/ELB",
                            "ok_actions.#": "0",
                            "period": "60",
                            "statistic": "Average",
                            "threshold": "1",
                            "treat_missing_data": "missing",
                            "unit": ""
                        },
                        "meta": {
                            "schema_version": "1"
                        },
                        "tainted": false
                    },
                    "deposed": [],
                    "provider": ""
                }
            },
            "depends_on": []
        },
        {
            "path": [
                "root",
                "disha_mettl_in_env",
                "disha-app-tg-https"
            ],
            "outputs": {},
            "resources": {
                "aws_alb_target_group.alb_tg": {
                    "type": "aws_alb_target_group",
                    "depends_on": [],
                    "primary": {
                        "id": "arn:aws:elasticloadbalancing:ap-northeast-1:760572120597:targetgroup/disha-app-https-tg-websitepvt/e6be7b39644fceda",
                        "attributes": {
                            "arn": "arn:aws:elasticloadbalancing:ap-northeast-1:760572120597:targetgroup/disha-app-https-tg-websitepvt/e6be7b39644fceda",
                            "arn_suffix": "targetgroup/disha-app-https-tg-websitepvt/e6be7b39644fceda",
                            "deregistration_delay": "300",
                            "health_check.#": "1",
                            "health_check.0.healthy_threshold": "2",
                            "health_check.0.interval": "15",
                            "health_check.0.matcher": "200",
                            "health_check.0.path": "/app/statusCheck",
                            "health_check.0.port": "443",
                            "health_check.0.protocol": "HTTP",
                            "health_check.0.timeout": "10",
                            "health_check.0.unhealthy_threshold": "2",
                            "id": "arn:aws:elasticloadbalancing:ap-northeast-1:760572120597:targetgroup/disha-app-https-tg-websitepvt/e6be7b39644fceda",
                            "name": "disha-app-https-tg-websitepvt",
                            "port": "443",
                            "protocol": "HTTPS",
                            "stickiness.#": "1",
                            "stickiness.0.cookie_duration": "86400",
                            "stickiness.0.enabled": "false",
                            "stickiness.0.type": "lb_cookie",
                            "tags.%": "0",
                            "target_type": "instance",
                            "vpc_id": "vpc-7aa9ab1e"
                        },
                        "meta": {},
                        "tainted": false
                    },
                    "deposed": [],
                    "provider": ""
                },
                "aws_cloudwatch_metric_alarm.high_unhealthy_alarm": {
                    "type": "aws_cloudwatch_metric_alarm",
                    "depends_on": [],
                    "primary": {
                        "id": "ELB-disha-app-https-tg-websitepvt-Unhealthy-Hosts",
                        "attributes": {
                            "actions_enabled": "true",
                            "alarm_actions.#": "1",
                            "alarm_actions.1013585629": "arn:aws:sns:ap-northeast-1:760572120597:disha-sns-websitepvt",
                            "alarm_description": "Raises alarm if unhealthy instances in disha-app-https-lb-websitepvt load balancer increase",
                            "alarm_name": "ELB-disha-app-https-tg-websitepvt-Unhealthy-Hosts",
                            "comparison_operator": "GreaterThanThreshold",
                            "dimensions.%": "1",
                            "dimensions.LoadBalancerName": "disha-app-https-tg-websitepvt",
                            "evaluate_low_sample_count_percentiles": "",
                            "evaluation_periods": "1",
                            "extended_statistic": "",
                            "id": "ELB-disha-app-https-tg-websitepvt-Unhealthy-Hosts",
                            "insufficient_data_actions.#": "0",
                            "metric_name": "UnHealthyHostCount",
                            "namespace": "AWS/ELB",
                            "ok_actions.#": "0",
                            "period": "60",
                            "statistic": "Average",
                            "threshold": "0",
                            "treat_missing_data": "missing",
                            "unit": ""
                        },
                        "meta": {
                            "schema_version": "1"
                        },
                        "tainted": false
                    },
                    "deposed": [],
                    "provider": ""
                },
                "aws_cloudwatch_metric_alarm.low_healthy_alarm": {
                    "type": "aws_cloudwatch_metric_alarm",
                    "depends_on": [],
                    "primary": {
                        "id": "ELB-disha-app-https-lb-websitepvt-Healthy-Hosts",
                        "attributes": {
                            "actions_enabled": "true",
                            "alarm_actions.#": "1",
                            "alarm_actions.1013585629": "arn:aws:sns:ap-northeast-1:760572120597:disha-sns-websitepvt",
                            "alarm_description": "Raises alarm if healthy instances in disha-app-https-lb-websitepvt load balancer decrease",
                            "alarm_name": "ELB-disha-app-https-lb-websitepvt-Healthy-Hosts",
                            "comparison_operator": "LessThanThreshold",
                            "dimensions.%": "1",
                            "dimensions.LoadBalancerName": "disha-app-https-tg-websitepvt",
                            "evaluate_low_sample_count_percentiles": "",
                            "evaluation_periods": "1",
                            "extended_statistic": "",
                            "id": "ELB-disha-app-https-lb-websitepvt-Healthy-Hosts",
                            "insufficient_data_actions.#": "0",
                            "metric_name": "HealthyHostCount",
                            "namespace": "AWS/ELB",
                            "ok_actions.#": "0",
                            "period": "60",
                            "statistic": "Average",
                            "threshold": "1",
                            "treat_missing_data": "missing",
                            "unit": ""
                        },
                        "meta": {
                            "schema_version": "1"
                        },
                        "tainted": false
                    },
                    "deposed": [],
                    "provider": ""
                }
            },
            "depends_on": []
        },
        {
            "path": [
                "root",
                "disha_mettl_in_env",
                "disha-cms"
            ],
            "outputs": {},
            "resources": {
                "aws_autoscaling_attachment.attach_alb_tg_to_asg.0": {
                    "type": "aws_autoscaling_attachment",
                    "depends_on": [
                        "aws_autoscaling_group.as"
                    ],
                    "primary": {
                        "id": "disha-cms-as.websitepvt-0005994f25a4b64b063c4eefd2",
                        "attributes": {
                            "alb_target_group_arn": "arn:aws:elasticloadbalancing:ap-northeast-1:760572120597:targetgroup/disha-cms-http-tg-websitepvt/8c5325e573768a18",
                            "autoscaling_group_name": "disha-cms-as.websitepvt",
                            "id": "disha-cms-as.websitepvt-0005994f25a4b64b063c4eefd2"
                        },
                        "meta": {},
                        "tainted": false
                    },
                    "deposed": [],
                    "provider": ""
                },
                "aws_autoscaling_attachment.attach_alb_tg_to_asg.1": {
                    "type": "aws_autoscaling_attachment",
                    "depends_on": [
                        "aws_autoscaling_group.as"
                    ],
                    "primary": {
                        "id": "disha-cms-as.websitepvt-0005994f25a4b64b063c4eefd1",
                        "attributes": {
                            "alb_target_group_arn": "arn:aws:elasticloadbalancing:ap-northeast-1:760572120597:targetgroup/disha-cms-https-tg-websitepvt/3e2809fe44c6ac78",
                            "autoscaling_group_name": "disha-cms-as.websitepvt",
                            "id": "disha-cms-as.websitepvt-0005994f25a4b64b063c4eefd1"
                        },
                        "meta": {},
                        "tainted": false
                    },
                    "deposed": [],
                    "provider": ""
                },
                "aws_autoscaling_group.as": {
                    "type": "aws_autoscaling_group",
                    "depends_on": [
                        "module.lc-with-extra-ebs",
                        "module.lc-without-extra-ebs"
                    ],
                    "primary": {
                        "id": "disha-cms-as.websitepvt",
                        "attributes": {
                            "arn": "arn:aws:autoscaling:ap-northeast-1:760572120597:autoScalingGroup:00444299-9fce-4838-9d03-6cff566ca1b2:autoScalingGroupName/disha-cms-as.websitepvt",
                            "availability_zones.#": "1",
                            "availability_zones.3773642014": "ap-northeast-1a",
                            "default_cooldown": "300",
                            "desired_capacity": "1",
                            "force_delete": "false",
                            "health_check_grace_period": "100",
                            "health_check_type": "ELB",
                            "id": "disha-cms-as.websitepvt",
                            "launch_configuration": "disha-cms-lc.websitepvt",
                            "load_balancers.#": "0",
                            "max_size": "10",
                            "metrics_granularity": "1Minute",
                            "min_size": "1",
                            "name": "disha-cms-as.websitepvt",
                            "placement_group": "",
                            "protect_from_scale_in": "false",
                            "suspended_processes.#": "0",
                            "tag.#": "3",
                            "tag.1882830221.key": "Name",
                            "tag.1882830221.propagate_at_launch": "true",
                            "tag.1882830221.value": "disha-cms-autoscaled.websitepvt",
                            "tag.2421639656.key": "Environment",
                            "tag.2421639656.propagate_at_launch": "true",
                            "tag.2421639656.value": "websitepvt",
                            "tag.580903521.key": "Cluster",
                            "tag.580903521.propagate_at_launch": "true",
                            "tag.580903521.value": "disha",
                            "target_group_arns.#": "2",
                            "target_group_arns.2974641553": "arn:aws:elasticloadbalancing:ap-northeast-1:760572120597:targetgroup/disha-cms-https-tg-websitepvt/3e2809fe44c6ac78",
                            "target_group_arns.906558279": "arn:aws:elasticloadbalancing:ap-northeast-1:760572120597:targetgroup/disha-cms-http-tg-websitepvt/8c5325e573768a18",
                            "termination_policies.#": "0",
                            "vpc_zone_identifier.#": "1",
                            "vpc_zone_identifier.2496652431": "subnet-6a00a523",
                            "wait_for_capacity_timeout": "10m"
                        },
                        "meta": {
                            "e2bfb730-ecaa-11e6-8f88-34363bc7c4c0": {
                                "delete": 600000000000
                            }
                        },
                        "tainted": false
                    },
                    "deposed": [],
                    "provider": ""
                },
                "aws_autoscaling_notification.asg_notifications": {
                    "type": "aws_autoscaling_notification",
                    "depends_on": [
                        "aws_autoscaling_group.as"
                    ],
                    "primary": {
                        "id": "arn:aws:sns:ap-northeast-1:760572120597:disha-sns-websitepvt",
                        "attributes": {
                            "group_names.#": "1",
                            "group_names.1542747218": "disha-cms-as.websitepvt",
                            "id": "arn:aws:sns:ap-northeast-1:760572120597:disha-sns-websitepvt",
                            "notifications.#": "4",
                            "notifications.3116970575": "autoscaling:EC2_INSTANCE_TERMINATE",
                            "notifications.3298075921": "autoscaling:EC2_INSTANCE_TERMINATE_ERROR",
                            "notifications.4098158487": "autoscaling:EC2_INSTANCE_LAUNCH",
                            "notifications.753791182": "autoscaling:EC2_INSTANCE_LAUNCH_ERROR",
                            "topic_arn": "arn:aws:sns:ap-northeast-1:760572120597:disha-sns-websitepvt"
                        },
                        "meta": {},
                        "tainted": false
                    },
                    "deposed": [],
                    "provider": ""
                }
            },
            "depends_on": []
        },
        {
            "path": [
                "root",
                "disha_mettl_in_env",
                "disha-cms-alb"
            ],
            "outputs": {},
            "resources": {
                "aws_alb.alb": {
                    "type": "aws_alb",
                    "depends_on": [],
                    "primary": {
                        "id": "arn:aws:elasticloadbalancing:ap-northeast-1:760572120597:loadbalancer/app/pmgdisha-lb-websitepvt/949c2a0da28130ae",
                        "attributes": {
                            "access_logs.#": "1",
                            "access_logs.0.bucket": "elb-logs-websitepvt",
                            "access_logs.0.enabled": "true",
                            "access_logs.0.prefix": "pmgdisha-lb-websitepvt",
                            "arn": "arn:aws:elasticloadbalancing:ap-northeast-1:760572120597:loadbalancer/app/pmgdisha-lb-websitepvt/949c2a0da28130ae",
                            "arn_suffix": "app/pmgdisha-lb-websitepvt/949c2a0da28130ae",
                            "dns_name": "pmgdisha-lb-websitepvt-146774477.ap-northeast-1.elb.amazonaws.com",
                            "enable_deletion_protection": "false",
                            "id": "arn:aws:elasticloadbalancing:ap-northeast-1:760572120597:loadbalancer/app/pmgdisha-lb-websitepvt/949c2a0da28130ae",
                            "idle_timeout": "60",
                            "internal": "false",
                            "ip_address_type": "ipv4",
                            "load_balancer_type": "application",
                            "name": "pmgdisha-lb-websitepvt",
                            "security_groups.#": "2",
                            "security_groups.2449068200": "sg-69e3cd0f",
                            "security_groups.3039256658": "sg-09e4ca6f",
                            "subnets.#": "2",
                            "subnets.2014090305": "subnet-877a65df",
                            "subnets.4102902979": "subnet-390faa70",
                            "tags.%": "0",
                            "vpc_id": "vpc-7aa9ab1e",
                            "zone_id": "Z14GRHDCWA56QT"
                        },
                        "meta": {
                            "e2bfb730-ecaa-11e6-8f88-34363bc7c4c0": {
                                "create": 600000000000,
                                "delete": 600000000000,
                                "update": 600000000000
                            }
                        },
                        "tainted": false
                    },
                    "deposed": [],
                    "provider": ""
                }
            },
            "depends_on": []
        },
        {
            "path": [
                "root",
                "disha_mettl_in_env",
                "disha-cms-listener"
            ],
            "outputs": {},
            "resources": {
                "aws_alb_listener.http": {
                    "type": "aws_alb_listener",
                    "depends_on": [],
                    "primary": {
                        "id": "arn:aws:elasticloadbalancing:ap-northeast-1:760572120597:listener/app/pmgdisha-lb-websitepvt/949c2a0da28130ae/116f36484bbee21d",
                        "attributes": {
                            "arn": "arn:aws:elasticloadbalancing:ap-northeast-1:760572120597:listener/app/pmgdisha-lb-websitepvt/949c2a0da28130ae/116f36484bbee21d",
                            "default_action.#": "1",
                            "default_action.0.target_group_arn": "arn:aws:elasticloadbalancing:ap-northeast-1:760572120597:targetgroup/disha-cms-http-tg-websitepvt/8c5325e573768a18",
                            "default_action.0.type": "forward",
                            "id": "arn:aws:elasticloadbalancing:ap-northeast-1:760572120597:listener/app/pmgdisha-lb-websitepvt/949c2a0da28130ae/116f36484bbee21d",
                            "load_balancer_arn": "arn:aws:elasticloadbalancing:ap-northeast-1:760572120597:loadbalancer/app/pmgdisha-lb-websitepvt/949c2a0da28130ae",
                            "port": "80",
                            "protocol": "HTTP",
                            "ssl_policy": ""
                        },
                        "meta": {},
                        "tainted": false
                    },
                    "deposed": [],
                    "provider": ""
                },
                "aws_alb_listener.https": {
                    "type": "aws_alb_listener",
                    "depends_on": [],
                    "primary": {
                        "id": "arn:aws:elasticloadbalancing:ap-northeast-1:760572120597:listener/app/pmgdisha-lb-websitepvt/949c2a0da28130ae/47dc35b31eac6a43",
                        "attributes": {
                            "arn": "arn:aws:elasticloadbalancing:ap-northeast-1:760572120597:listener/app/pmgdisha-lb-websitepvt/949c2a0da28130ae/47dc35b31eac6a43",
                            "certificate_arn": "arn:aws:acm:ap-northeast-1:760572120597:certificate/19e89f5c-8dab-4380-a149-c5d1b1c99169",
                            "default_action.#": "1",
                            "default_action.0.target_group_arn": "arn:aws:elasticloadbalancing:ap-northeast-1:760572120597:targetgroup/disha-cms-https-tg-websitepvt/3e2809fe44c6ac78",
                            "default_action.0.type": "forward",
                            "id": "arn:aws:elasticloadbalancing:ap-northeast-1:760572120597:listener/app/pmgdisha-lb-websitepvt/949c2a0da28130ae/47dc35b31eac6a43",
                            "load_balancer_arn": "arn:aws:elasticloadbalancing:ap-northeast-1:760572120597:loadbalancer/app/pmgdisha-lb-websitepvt/949c2a0da28130ae",
                            "port": "443",
                            "protocol": "HTTPS",
                            "ssl_policy": "ELBSecurityPolicy-2016-08"
                        },
                        "meta": {},
                        "tainted": false
                    },
                    "deposed": [],
                    "provider": ""
                },
                "aws_alb_listener_rule.rule_http.0": {
                    "type": "aws_alb_listener_rule",
                    "depends_on": [],
                    "primary": {
                        "id": "arn:aws:elasticloadbalancing:ap-northeast-1:760572120597:listener-rule/app/pmgdisha-lb-websitepvt/949c2a0da28130ae/116f36484bbee21d/f3db9e15ba49896f",
                        "attributes": {
                            "action.#": "1",
                            "action.0.target_group_arn": "arn:aws:elasticloadbalancing:ap-northeast-1:760572120597:targetgroup/biometric-http-tg-websitepvt/641b29961bfc8f75",
                            "action.0.type": "forward",
                            "arn": "arn:aws:elasticloadbalancing:ap-northeast-1:760572120597:listener-rule/app/pmgdisha-lb-websitepvt/949c2a0da28130ae/116f36484bbee21d/f3db9e15ba49896f",
                            "condition.#": "1",
                            "condition.1483313071.field": "host-header",
                            "condition.1483313071.values.#": "1",
                            "condition.1483313071.values.0": "csc-gov.*",
                            "id": "arn:aws:elasticloadbalancing:ap-northeast-1:760572120597:listener-rule/app/pmgdisha-lb-websitepvt/949c2a0da28130ae/116f36484bbee21d/f3db9e15ba49896f",
                            "listener_arn": "arn:aws:elasticloadbalancing:ap-northeast-1:760572120597:listener/app/pmgdisha-lb-websitepvt/949c2a0da28130ae/116f36484bbee21d",
                            "priority": "100"
                        },
                        "meta": {},
                        "tainted": false
                    },
                    "deposed": [],
                    "provider": ""
                },
                "aws_alb_listener_rule.rule_http.1": {
                    "type": "aws_alb_listener_rule",
                    "depends_on": [],
                    "primary": {
                        "id": "arn:aws:elasticloadbalancing:ap-northeast-1:760572120597:listener-rule/app/pmgdisha-lb-websitepvt/949c2a0da28130ae/116f36484bbee21d/5bcd4a0d276d5840",
                        "attributes": {
                            "action.#": "1",
                            "action.0.target_group_arn": "arn:aws:elasticloadbalancing:ap-northeast-1:760572120597:targetgroup/biom-admin-http-tg-websitepvt/634554faefa8cb68",
                            "action.0.type": "forward",
                            "arn": "arn:aws:elasticloadbalancing:ap-northeast-1:760572120597:listener-rule/app/pmgdisha-lb-websitepvt/949c2a0da28130ae/116f36484bbee21d/5bcd4a0d276d5840",
                            "condition.#": "1",
                            "condition.318734156.field": "host-header",
                            "condition.318734156.values.#": "1",
                            "condition.318734156.values.0": "admin.csc-gov.*",
                            "id": "arn:aws:elasticloadbalancing:ap-northeast-1:760572120597:listener-rule/app/pmgdisha-lb-websitepvt/949c2a0da28130ae/116f36484bbee21d/5bcd4a0d276d5840",
                            "listener_arn": "arn:aws:elasticloadbalancing:ap-northeast-1:760572120597:listener/app/pmgdisha-lb-websitepvt/949c2a0da28130ae/116f36484bbee21d",
                            "priority": "101"
                        },
                        "meta": {},
                        "tainted": false
                    },
                    "deposed": [],
                    "provider": ""
                },
                "aws_alb_listener_rule.rule_http.2": {
                    "type": "aws_alb_listener_rule",
                    "depends_on": [],
                    "primary": {
                        "id": "arn:aws:elasticloadbalancing:ap-northeast-1:760572120597:listener-rule/app/pmgdisha-lb-websitepvt/949c2a0da28130ae/116f36484bbee21d/59702d7bc5b17922",
                        "attributes": {
                            "action.#": "1",
                            "action.0.target_group_arn": "arn:aws:elasticloadbalancing:ap-northeast-1:760572120597:targetgroup/disha-app-http-tg-websitepvt/e851596edf35dba9",
                            "action.0.type": "forward",
                            "arn": "arn:aws:elasticloadbalancing:ap-northeast-1:760572120597:listener-rule/app/pmgdisha-lb-websitepvt/949c2a0da28130ae/116f36484bbee21d/59702d7bc5b17922",
                            "condition.#": "1",
                            "condition.3579464561.field": "path-pattern",
                            "condition.3579464561.values.#": "1",
                            "condition.3579464561.values.0": "/app/*",
                            "id": "arn:aws:elasticloadbalancing:ap-northeast-1:760572120597:listener-rule/app/pmgdisha-lb-websitepvt/949c2a0da28130ae/116f36484bbee21d/59702d7bc5b17922",
                            "listener_arn": "arn:aws:elasticloadbalancing:ap-northeast-1:760572120597:listener/app/pmgdisha-lb-websitepvt/949c2a0da28130ae/116f36484bbee21d",
                            "priority": "102"
                        },
                        "meta": {},
                        "tainted": false
                    },
                    "deposed": [],
                    "provider": ""
                },
                "aws_alb_listener_rule.rule_http.3": {
                    "type": "aws_alb_listener_rule",
                    "depends_on": [],
                    "primary": {
                        "id": "arn:aws:elasticloadbalancing:ap-northeast-1:760572120597:listener-rule/app/pmgdisha-lb-websitepvt/949c2a0da28130ae/116f36484bbee21d/05ef2bb6c80d7a68",
                        "attributes": {
                            "action.#": "1",
                            "action.0.target_group_arn": "arn:aws:elasticloadbalancing:ap-northeast-1:760572120597:targetgroup/disha-tcmap-http-tg-websitepvt/e64819364c984db8",
                            "action.0.type": "forward",
                            "arn": "arn:aws:elasticloadbalancing:ap-northeast-1:760572120597:listener-rule/app/pmgdisha-lb-websitepvt/949c2a0da28130ae/116f36484bbee21d/05ef2bb6c80d7a68",
                            "condition.#": "1",
                            "condition.3997092414.field": "path-pattern",
                            "condition.3997092414.values.#": "1",
                            "condition.3997092414.values.0": "/tcmap/*",
                            "id": "arn:aws:elasticloadbalancing:ap-northeast-1:760572120597:listener-rule/app/pmgdisha-lb-websitepvt/949c2a0da28130ae/116f36484bbee21d/05ef2bb6c80d7a68",
                            "listener_arn": "arn:aws:elasticloadbalancing:ap-northeast-1:760572120597:listener/app/pmgdisha-lb-websitepvt/949c2a0da28130ae/116f36484bbee21d",
                            "priority": "103"
                        },
                        "meta": {},
                        "tainted": false
                    },
                    "deposed": [],
                    "provider": ""
                },
                "aws_alb_listener_rule.rule_https.0": {
                    "type": "aws_alb_listener_rule",
                    "depends_on": [],
                    "primary": {
                        "id": "arn:aws:elasticloadbalancing:ap-northeast-1:760572120597:listener-rule/app/pmgdisha-lb-websitepvt/949c2a0da28130ae/47dc35b31eac6a43/cd8d9eb7b18eed06",
                        "attributes": {
                            "action.#": "1",
                            "action.0.target_group_arn": "arn:aws:elasticloadbalancing:ap-northeast-1:760572120597:targetgroup/biometric-https-tg-websitepvt/ef0e5dfc84d98e64",
                            "action.0.type": "forward",
                            "arn": "arn:aws:elasticloadbalancing:ap-northeast-1:760572120597:listener-rule/app/pmgdisha-lb-websitepvt/949c2a0da28130ae/47dc35b31eac6a43/cd8d9eb7b18eed06",
                            "condition.#": "1",
                            "condition.1483313071.field": "host-header",
                            "condition.1483313071.values.#": "1",
                            "condition.1483313071.values.0": "csc-gov.*",
                            "id": "arn:aws:elasticloadbalancing:ap-northeast-1:760572120597:listener-rule/app/pmgdisha-lb-websitepvt/949c2a0da28130ae/47dc35b31eac6a43/cd8d9eb7b18eed06",
                            "listener_arn": "arn:aws:elasticloadbalancing:ap-northeast-1:760572120597:listener/app/pmgdisha-lb-websitepvt/949c2a0da28130ae/47dc35b31eac6a43",
                            "priority": "101"
                        },
                        "meta": {},
                        "tainted": false
                    },
                    "deposed": [],
                    "provider": ""
                },
                "aws_alb_listener_rule.rule_https.1": {
                    "type": "aws_alb_listener_rule",
                    "depends_on": [],
                    "primary": {
                        "id": "arn:aws:elasticloadbalancing:ap-northeast-1:760572120597:listener-rule/app/pmgdisha-lb-websitepvt/949c2a0da28130ae/47dc35b31eac6a43/7eca01b305092da3",
                        "attributes": {
                            "action.#": "1",
                            "action.0.target_group_arn": "arn:aws:elasticloadbalancing:ap-northeast-1:760572120597:targetgroup/biom-admin-https-tg-websitepvt/c5a69e890eabb899",
                            "action.0.type": "forward",
                            "arn": "arn:aws:elasticloadbalancing:ap-northeast-1:760572120597:listener-rule/app/pmgdisha-lb-websitepvt/949c2a0da28130ae/47dc35b31eac6a43/7eca01b305092da3",
                            "condition.#": "1",
                            "condition.318734156.field": "host-header",
                            "condition.318734156.values.#": "1",
                            "condition.318734156.values.0": "admin.csc-gov.*",
                            "id": "arn:aws:elasticloadbalancing:ap-northeast-1:760572120597:listener-rule/app/pmgdisha-lb-websitepvt/949c2a0da28130ae/47dc35b31eac6a43/7eca01b305092da3",
                            "listener_arn": "arn:aws:elasticloadbalancing:ap-northeast-1:760572120597:listener/app/pmgdisha-lb-websitepvt/949c2a0da28130ae/47dc35b31eac6a43",
                            "priority": "102"
                        },
                        "meta": {},
                        "tainted": false
                    },
                    "deposed": [],
                    "provider": ""
                },
                "aws_alb_listener_rule.rule_https.2": {
                    "type": "aws_alb_listener_rule",
                    "depends_on": [],
                    "primary": {
                        "id": "arn:aws:elasticloadbalancing:ap-northeast-1:760572120597:listener-rule/app/pmgdisha-lb-websitepvt/949c2a0da28130ae/47dc35b31eac6a43/5f35e120b1e353ec",
                        "attributes": {
                            "action.#": "1",
                            "action.0.target_group_arn": "arn:aws:elasticloadbalancing:ap-northeast-1:760572120597:targetgroup/disha-app-https-tg-websitepvt/e6be7b39644fceda",
                            "action.0.type": "forward",
                            "arn": "arn:aws:elasticloadbalancing:ap-northeast-1:760572120597:listener-rule/app/pmgdisha-lb-websitepvt/949c2a0da28130ae/47dc35b31eac6a43/5f35e120b1e353ec",
                            "condition.#": "1",
                            "condition.3579464561.field": "path-pattern",
                            "condition.3579464561.values.#": "1",
                            "condition.3579464561.values.0": "/app/*",
                            "id": "arn:aws:elasticloadbalancing:ap-northeast-1:760572120597:listener-rule/app/pmgdisha-lb-websitepvt/949c2a0da28130ae/47dc35b31eac6a43/5f35e120b1e353ec",
                            "listener_arn": "arn:aws:elasticloadbalancing:ap-northeast-1:760572120597:listener/app/pmgdisha-lb-websitepvt/949c2a0da28130ae/47dc35b31eac6a43",
                            "priority": "103"
                        },
                        "meta": {},
                        "tainted": false
                    },
                    "deposed": [],
                    "provider": ""
                },
                "aws_alb_listener_rule.rule_https.3": {
                    "type": "aws_alb_listener_rule",
                    "depends_on": [],
                    "primary": {
                        "id": "arn:aws:elasticloadbalancing:ap-northeast-1:760572120597:listener-rule/app/pmgdisha-lb-websitepvt/949c2a0da28130ae/47dc35b31eac6a43/dbfac7a90a0e1f83",
                        "attributes": {
                            "action.#": "1",
                            "action.0.target_group_arn": "arn:aws:elasticloadbalancing:ap-northeast-1:760572120597:targetgroup/disha-tcmap-https-tg-websitepvt/04cd6d520f159213",
                            "action.0.type": "forward",
                            "arn": "arn:aws:elasticloadbalancing:ap-northeast-1:760572120597:listener-rule/app/pmgdisha-lb-websitepvt/949c2a0da28130ae/47dc35b31eac6a43/dbfac7a90a0e1f83",
                            "condition.#": "1",
                            "condition.3997092414.field": "path-pattern",
                            "condition.3997092414.values.#": "1",
                            "condition.3997092414.values.0": "/tcmap/*",
                            "id": "arn:aws:elasticloadbalancing:ap-northeast-1:760572120597:listener-rule/app/pmgdisha-lb-websitepvt/949c2a0da28130ae/47dc35b31eac6a43/dbfac7a90a0e1f83",
                            "listener_arn": "arn:aws:elasticloadbalancing:ap-northeast-1:760572120597:listener/app/pmgdisha-lb-websitepvt/949c2a0da28130ae/47dc35b31eac6a43",
                            "priority": "104"
                        },
                        "meta": {},
                        "tainted": false
                    },
                    "deposed": [],
                    "provider": ""
                }
            },
            "depends_on": []
        },
        {
            "path": [
                "root",
                "disha_mettl_in_env",
                "disha-cms-tg-http"
            ],
            "outputs": {},
            "resources": {
                "aws_alb_target_group.alb_tg": {
                    "type": "aws_alb_target_group",
                    "depends_on": [],
                    "primary": {
                        "id": "arn:aws:elasticloadbalancing:ap-northeast-1:760572120597:targetgroup/disha-cms-http-tg-websitepvt/8c5325e573768a18",
                        "attributes": {
                            "arn": "arn:aws:elasticloadbalancing:ap-northeast-1:760572120597:targetgroup/disha-cms-http-tg-websitepvt/8c5325e573768a18",
                            "arn_suffix": "targetgroup/disha-cms-http-tg-websitepvt/8c5325e573768a18",
                            "deregistration_delay": "300",
                            "health_check.#": "1",
                            "health_check.0.healthy_threshold": "2",
                            "health_check.0.interval": "70",
                            "health_check.0.matcher": "301",
                            "health_check.0.path": "/",
                            "health_check.0.port": "80",
                            "health_check.0.protocol": "HTTP",
                            "health_check.0.timeout": "60",
                            "health_check.0.unhealthy_threshold": "2",
                            "id": "arn:aws:elasticloadbalancing:ap-northeast-1:760572120597:targetgroup/disha-cms-http-tg-websitepvt/8c5325e573768a18",
                            "name": "disha-cms-http-tg-websitepvt",
                            "port": "80",
                            "protocol": "HTTP",
                            "stickiness.#": "1",
                            "stickiness.0.cookie_duration": "86400",
                            "stickiness.0.enabled": "false",
                            "stickiness.0.type": "lb_cookie",
                            "tags.%": "0",
                            "target_type": "instance",
                            "vpc_id": "vpc-7aa9ab1e"
                        },
                        "meta": {},
                        "tainted": false
                    },
                    "deposed": [],
                    "provider": ""
                },
                "aws_cloudwatch_metric_alarm.high_unhealthy_alarm": {
                    "type": "aws_cloudwatch_metric_alarm",
                    "depends_on": [],
                    "primary": {
                        "id": "ELB-disha-cms-http-tg-websitepvt-Unhealthy-Hosts",
                        "attributes": {
                            "actions_enabled": "true",
                            "alarm_actions.#": "1",
                            "alarm_actions.1013585629": "arn:aws:sns:ap-northeast-1:760572120597:disha-sns-websitepvt",
                            "alarm_description": "Raises alarm if unhealthy instances in disha-cms-http-lb-websitepvt load balancer increase",
                            "alarm_name": "ELB-disha-cms-http-tg-websitepvt-Unhealthy-Hosts",
                            "comparison_operator": "GreaterThanThreshold",
                            "dimensions.%": "1",
                            "dimensions.LoadBalancerName": "disha-cms-http-tg-websitepvt",
                            "evaluate_low_sample_count_percentiles": "",
                            "evaluation_periods": "1",
                            "extended_statistic": "",
                            "id": "ELB-disha-cms-http-tg-websitepvt-Unhealthy-Hosts",
                            "insufficient_data_actions.#": "0",
                            "metric_name": "UnHealthyHostCount",
                            "namespace": "AWS/ELB",
                            "ok_actions.#": "0",
                            "period": "60",
                            "statistic": "Average",
                            "threshold": "0",
                            "treat_missing_data": "missing",
                            "unit": ""
                        },
                        "meta": {
                            "schema_version": "1"
                        },
                        "tainted": false
                    },
                    "deposed": [],
                    "provider": ""
                },
                "aws_cloudwatch_metric_alarm.low_healthy_alarm": {
                    "type": "aws_cloudwatch_metric_alarm",
                    "depends_on": [],
                    "primary": {
                        "id": "ELB-disha-cms-http-lb-websitepvt-Healthy-Hosts",
                        "attributes": {
                            "actions_enabled": "true",
                            "alarm_actions.#": "1",
                            "alarm_actions.1013585629": "arn:aws:sns:ap-northeast-1:760572120597:disha-sns-websitepvt",
                            "alarm_description": "Raises alarm if healthy instances in disha-cms-http-lb-websitepvt load balancer decrease",
                            "alarm_name": "ELB-disha-cms-http-lb-websitepvt-Healthy-Hosts",
                            "comparison_operator": "LessThanThreshold",
                            "dimensions.%": "1",
                            "dimensions.LoadBalancerName": "disha-cms-http-tg-websitepvt",
                            "evaluate_low_sample_count_percentiles": "",
                            "evaluation_periods": "1",
                            "extended_statistic": "",
                            "id": "ELB-disha-cms-http-lb-websitepvt-Healthy-Hosts",
                            "insufficient_data_actions.#": "0",
                            "metric_name": "HealthyHostCount",
                            "namespace": "AWS/ELB",
                            "ok_actions.#": "0",
                            "period": "60",
                            "statistic": "Average",
                            "threshold": "1",
                            "treat_missing_data": "missing",
                            "unit": ""
                        },
                        "meta": {
                            "schema_version": "1"
                        },
                        "tainted": false
                    },
                    "deposed": [],
                    "provider": ""
                }
            },
            "depends_on": []
        },
        {
            "path": [
                "root",
                "disha_mettl_in_env",
                "disha-cms-tg-https"
            ],
            "outputs": {},
            "resources": {
                "aws_alb_target_group.alb_tg": {
                    "type": "aws_alb_target_group",
                    "depends_on": [],
                    "primary": {
                        "id": "arn:aws:elasticloadbalancing:ap-northeast-1:760572120597:targetgroup/disha-cms-https-tg-websitepvt/3e2809fe44c6ac78",
                        "attributes": {
                            "arn": "arn:aws:elasticloadbalancing:ap-northeast-1:760572120597:targetgroup/disha-cms-https-tg-websitepvt/3e2809fe44c6ac78",
                            "arn_suffix": "targetgroup/disha-cms-https-tg-websitepvt/3e2809fe44c6ac78",
                            "deregistration_delay": "300",
                            "health_check.#": "1",
                            "health_check.0.healthy_threshold": "2",
                            "health_check.0.interval": "70",
                            "health_check.0.matcher": "200",
                            "health_check.0.path": "/",
                            "health_check.0.port": "443",
                            "health_check.0.protocol": "HTTPS",
                            "health_check.0.timeout": "60",
                            "health_check.0.unhealthy_threshold": "2",
                            "id": "arn:aws:elasticloadbalancing:ap-northeast-1:760572120597:targetgroup/disha-cms-https-tg-websitepvt/3e2809fe44c6ac78",
                            "name": "disha-cms-https-tg-websitepvt",
                            "port": "443",
                            "protocol": "HTTPS",
                            "stickiness.#": "1",
                            "stickiness.0.cookie_duration": "86400",
                            "stickiness.0.enabled": "false",
                            "stickiness.0.type": "lb_cookie",
                            "tags.%": "0",
                            "target_type": "instance",
                            "vpc_id": "vpc-7aa9ab1e"
                        },
                        "meta": {},
                        "tainted": false
                    },
                    "deposed": [],
                    "provider": ""
                },
                "aws_cloudwatch_metric_alarm.high_unhealthy_alarm": {
                    "type": "aws_cloudwatch_metric_alarm",
                    "depends_on": [],
                    "primary": {
                        "id": "ELB-disha-cms-https-tg-websitepvt-Unhealthy-Hosts",
                        "attributes": {
                            "actions_enabled": "true",
                            "alarm_actions.#": "1",
                            "alarm_actions.1013585629": "arn:aws:sns:ap-northeast-1:760572120597:disha-sns-websitepvt",
                            "alarm_description": "Raises alarm if unhealthy instances in disha-cms-https-lb-websitepvt load balancer increase",
                            "alarm_name": "ELB-disha-cms-https-tg-websitepvt-Unhealthy-Hosts",
                            "comparison_operator": "GreaterThanThreshold",
                            "dimensions.%": "1",
                            "dimensions.LoadBalancerName": "disha-cms-https-tg-websitepvt",
                            "evaluate_low_sample_count_percentiles": "",
                            "evaluation_periods": "1",
                            "extended_statistic": "",
                            "id": "ELB-disha-cms-https-tg-websitepvt-Unhealthy-Hosts",
                            "insufficient_data_actions.#": "0",
                            "metric_name": "UnHealthyHostCount",
                            "namespace": "AWS/ELB",
                            "ok_actions.#": "0",
                            "period": "60",
                            "statistic": "Average",
                            "threshold": "0",
                            "treat_missing_data": "missing",
                            "unit": ""
                        },
                        "meta": {
                            "schema_version": "1"
                        },
                        "tainted": false
                    },
                    "deposed": [],
                    "provider": ""
                },
                "aws_cloudwatch_metric_alarm.low_healthy_alarm": {
                    "type": "aws_cloudwatch_metric_alarm",
                    "depends_on": [],
                    "primary": {
                        "id": "ELB-disha-cms-https-lb-websitepvt-Healthy-Hosts",
                        "attributes": {
                            "actions_enabled": "true",
                            "alarm_actions.#": "1",
                            "alarm_actions.1013585629": "arn:aws:sns:ap-northeast-1:760572120597:disha-sns-websitepvt",
                            "alarm_description": "Raises alarm if healthy instances in disha-cms-https-lb-websitepvt load balancer decrease",
                            "alarm_name": "ELB-disha-cms-https-lb-websitepvt-Healthy-Hosts",
                            "comparison_operator": "LessThanThreshold",
                            "dimensions.%": "1",
                            "dimensions.LoadBalancerName": "disha-cms-https-tg-websitepvt",
                            "evaluate_low_sample_count_percentiles": "",
                            "evaluation_periods": "1",
                            "extended_statistic": "",
                            "id": "ELB-disha-cms-https-lb-websitepvt-Healthy-Hosts",
                            "insufficient_data_actions.#": "0",
                            "metric_name": "HealthyHostCount",
                            "namespace": "AWS/ELB",
                            "ok_actions.#": "0",
                            "period": "60",
                            "statistic": "Average",
                            "threshold": "1",
                            "treat_missing_data": "missing",
                            "unit": ""
                        },
                        "meta": {
                            "schema_version": "1"
                        },
                        "tainted": false
                    },
                    "deposed": [],
                    "provider": ""
                }
            },
            "depends_on": []
        },
        {
            "path": [
                "root",
                "disha_mettl_in_env",
                "disha-web"
            ],
            "outputs": {},
            "resources": {
                "aws_autoscaling_attachment.attach_alb_tg_to_asg.0": {
                    "type": "aws_autoscaling_attachment",
                    "depends_on": [
                        "aws_autoscaling_group.as"
                    ],
                    "primary": {
                        "id": "disha-web-as.websitepvt-0005994f25a4b64b063c4eefd3",
                        "attributes": {
                            "alb_target_group_arn": "arn:aws:elasticloadbalancing:ap-northeast-1:760572120597:targetgroup/disha-app-http-tg-websitepvt/e851596edf35dba9",
                            "autoscaling_group_name": "disha-web-as.websitepvt",
                            "id": "disha-web-as.websitepvt-0005994f25a4b64b063c4eefd3"
                        },
                        "meta": {},
                        "tainted": false
                    },
                    "deposed": [],
                    "provider": ""
                },
                "aws_autoscaling_attachment.attach_alb_tg_to_asg.1": {
                    "type": "aws_autoscaling_attachment",
                    "depends_on": [
                        "aws_autoscaling_group.as"
                    ],
                    "primary": {
                        "id": "disha-web-as.websitepvt-0005994f25a4b64b063c4eefd4",
                        "attributes": {
                            "alb_target_group_arn": "arn:aws:elasticloadbalancing:ap-northeast-1:760572120597:targetgroup/disha-app-https-tg-websitepvt/e6be7b39644fceda",
                            "autoscaling_group_name": "disha-web-as.websitepvt",
                            "id": "disha-web-as.websitepvt-0005994f25a4b64b063c4eefd4"
                        },
                        "meta": {},
                        "tainted": false
                    },
                    "deposed": [],
                    "provider": ""
                },
                "aws_autoscaling_group.as": {
                    "type": "aws_autoscaling_group",
                    "depends_on": [
                        "module.lc-with-extra-ebs",
                        "module.lc-without-extra-ebs"
                    ],
                    "primary": {
                        "id": "disha-web-as.websitepvt",
                        "attributes": {
                            "arn": "arn:aws:autoscaling:ap-northeast-1:760572120597:autoScalingGroup:a7205a91-1651-4c4b-a4c2-ff2a28082ddb:autoScalingGroupName/disha-web-as.websitepvt",
                            "availability_zones.#": "1",
                            "availability_zones.3773642014": "ap-northeast-1a",
                            "default_cooldown": "300",
                            "desired_capacity": "1",
                            "force_delete": "false",
                            "health_check_grace_period": "300",
                            "health_check_type": "EC2",
                            "id": "disha-web-as.websitepvt",
                            "launch_configuration": "disha-web-lc.websitepvt",
                            "load_balancers.#": "0",
                            "max_size": "10",
                            "metrics_granularity": "1Minute",
                            "min_size": "1",
                            "name": "disha-web-as.websitepvt",
                            "placement_group": "",
                            "protect_from_scale_in": "false",
                            "suspended_processes.#": "0",
                            "tag.#": "3",
                            "tag.2019676665.key": "Name",
                            "tag.2019676665.propagate_at_launch": "true",
                            "tag.2019676665.value": "disha-web-autoscaled.websitepvt",
                            "tag.2421639656.key": "Environment",
                            "tag.2421639656.propagate_at_launch": "true",
                            "tag.2421639656.value": "websitepvt",
                            "tag.27536829.key": "Cluster",
                            "tag.27536829.propagate_at_launch": "true",
                            "tag.27536829.value": "proctoring",
                            "target_group_arns.#": "2",
                            "target_group_arns.2987772314": "arn:aws:elasticloadbalancing:ap-northeast-1:760572120597:targetgroup/disha-app-http-tg-websitepvt/e851596edf35dba9",
                            "target_group_arns.858376247": "arn:aws:elasticloadbalancing:ap-northeast-1:760572120597:targetgroup/disha-app-https-tg-websitepvt/e6be7b39644fceda",
                            "termination_policies.#": "0",
                            "vpc_zone_identifier.#": "1",
                            "vpc_zone_identifier.2496652431": "subnet-6a00a523",
                            "wait_for_capacity_timeout": "10m"
                        },
                        "meta": {
                            "e2bfb730-ecaa-11e6-8f88-34363bc7c4c0": {
                                "delete": 600000000000
                            }
                        },
                        "tainted": false
                    },
                    "deposed": [],
                    "provider": ""
                },
                "aws_autoscaling_notification.asg_notifications": {
                    "type": "aws_autoscaling_notification",
                    "depends_on": [
                        "aws_autoscaling_group.as"
                    ],
                    "primary": {
                        "id": "arn:aws:sns:ap-northeast-1:760572120597:disha-sns-websitepvt",
                        "attributes": {
                            "group_names.#": "1",
                            "group_names.2972127496": "disha-web-as.websitepvt",
                            "id": "arn:aws:sns:ap-northeast-1:760572120597:disha-sns-websitepvt",
                            "notifications.#": "4",
                            "notifications.3116970575": "autoscaling:EC2_INSTANCE_TERMINATE",
                            "notifications.3298075921": "autoscaling:EC2_INSTANCE_TERMINATE_ERROR",
                            "notifications.4098158487": "autoscaling:EC2_INSTANCE_LAUNCH",
                            "notifications.753791182": "autoscaling:EC2_INSTANCE_LAUNCH_ERROR",
                            "topic_arn": "arn:aws:sns:ap-northeast-1:760572120597:disha-sns-websitepvt"
                        },
                        "meta": {},
                        "tainted": false
                    },
                    "deposed": [],
                    "provider": ""
                }
            },
            "depends_on": []
        },
        {
            "path": [
                "root",
                "disha_mettl_in_env",
                "disha_certificates"
            ],
            "outputs": {},
            "resources": {
                "aws_s3_bucket.bucket": {
                    "type": "aws_s3_bucket",
                    "depends_on": [],
                    "primary": {
                        "id": "disha-certificates-websitepvt",
                        "attributes": {
                            "acceleration_status": "",
                            "acl": "private",
                            "arn": "arn:aws:s3:::disha-certificates-websitepvt",
                            "bucket": "disha-certificates-websitepvt",
                            "bucket_domain_name": "disha-certificates-websitepvt.s3.amazonaws.com",
                            "force_destroy": "false",
                            "hosted_zone_id": "Z2M4EHUR26P7ZW",
                            "id": "disha-certificates-websitepvt",
                            "logging.#": "0",
                            "region": "ap-northeast-1",
                            "request_payer": "BucketOwner",
                            "tags.%": "0",
                            "versioning.#": "1",
                            "versioning.0.enabled": "false",
                            "versioning.0.mfa_delete": "false",
                            "website.#": "0"
                        },
                        "meta": {},
                        "tainted": false
                    },
                    "deposed": [],
                    "provider": ""
                }
            },
            "depends_on": []
        },
        {
            "path": [
                "root",
                "disha_mettl_in_env",
                "disha_document"
            ],
            "outputs": {},
            "resources": {
                "aws_s3_bucket.bucket": {
                    "type": "aws_s3_bucket",
                    "depends_on": [],
                    "primary": {
                        "id": "disha-document-websitepvt",
                        "attributes": {
                            "acceleration_status": "",
                            "acl": "private",
                            "arn": "arn:aws:s3:::disha-document-websitepvt",
                            "bucket": "disha-document-websitepvt",
                            "bucket_domain_name": "disha-document-websitepvt.s3.amazonaws.com",
                            "force_destroy": "false",
                            "hosted_zone_id": "Z2M4EHUR26P7ZW",
                            "id": "disha-document-websitepvt",
                            "logging.#": "0",
                            "region": "ap-northeast-1",
                            "request_payer": "BucketOwner",
                            "tags.%": "0",
                            "versioning.#": "1",
                            "versioning.0.enabled": "false",
                            "versioning.0.mfa_delete": "false",
                            "website.#": "0"
                        },
                        "meta": {},
                        "tainted": false
                    },
                    "deposed": [],
                    "provider": ""
                }
            },
            "depends_on": []
        },
        {
            "path": [
                "root",
                "disha_mettl_in_env",
                "disha_eligibility_instance"
            ],
            "outputs": {},
            "resources": {
                "aws_cloudwatch_metric_alarm.instance_status_check": {
                    "type": "aws_cloudwatch_metric_alarm",
                    "depends_on": [
                        "aws_instance.instance"
                    ],
                    "primary": {
                        "id": "disha-eligibility-status-checks-failed-websitepvt",
                        "attributes": {
                            "actions_enabled": "true",
                            "alarm_actions.#": "1",
                            "alarm_actions.1013585629": "arn:aws:sns:ap-northeast-1:760572120597:disha-sns-websitepvt",
                            "alarm_description": "This metric monitors ec2 status checks",
                            "alarm_name": "disha-eligibility-status-checks-failed-websitepvt",
                            "comparison_operator": "GreaterThanOrEqualToThreshold",
                            "dimensions.%": "1",
                            "dimensions.InstanceId": "i-0218fa85238bce7f1",
                            "evaluate_low_sample_count_percentiles": "",
                            "evaluation_periods": "1",
                            "extended_statistic": "",
                            "id": "disha-eligibility-status-checks-failed-websitepvt",
                            "insufficient_data_actions.#": "1",
                            "insufficient_data_actions.1013585629": "arn:aws:sns:ap-northeast-1:760572120597:disha-sns-websitepvt",
                            "metric_name": "StatusCheckFailed",
                            "namespace": "AWS/EC2",
                            "ok_actions.#": "1",
                            "ok_actions.1013585629": "arn:aws:sns:ap-northeast-1:760572120597:disha-sns-websitepvt",
                            "period": "60",
                            "statistic": "Average",
                            "threshold": "1",
                            "treat_missing_data": "missing",
                            "unit": ""
                        },
                        "meta": {
                            "schema_version": "1"
                        },
                        "tainted": false
                    },
                    "deposed": [],
                    "provider": ""
                },
                "aws_instance.instance": {
                    "type": "aws_instance",
                    "depends_on": [
                        "module.sg"
                    ],
                    "primary": {
                        "id": "i-0218fa85238bce7f1",
                        "attributes": {
                            "ami": "ami-18c3167e",
                            "associate_public_ip_address": "false",
                            "availability_zone": "ap-northeast-1a",
                            "disable_api_termination": "false",
                            "ebs_block_device.#": "1",
                            "ebs_block_device.2616103959.delete_on_termination": "true",
                            "ebs_block_device.2616103959.device_name": "/dev/sdb",
                            "ebs_block_device.2616103959.encrypted": "false",
                            "ebs_block_device.2616103959.iops": "0",
                            "ebs_block_device.2616103959.snapshot_id": "snap-00db727640ec3e4e3",
                            "ebs_block_device.2616103959.volume_size": "30",
                            "ebs_block_device.2616103959.volume_type": "standard",
                            "ebs_optimized": "false",
                            "ephemeral_block_device.#": "0",
                            "iam_instance_profile": "instance-profile.websitepvt",
                            "id": "i-0218fa85238bce7f1",
                            "instance_state": "running",
                            "instance_type": "t2.micro",
                            "ipv6_addresses.#": "0",
                            "key_name": "disha-india.websitepvt",
                            "monitoring": "false",
                            "network_interface.#": "0",
                            "network_interface_id": "eni-43dabe7e",
                            "primary_network_interface_id": "eni-43dabe7e",
                            "private_dns": "ip-10-10-1-214.ap-northeast-1.compute.internal",
                            "private_ip": "10.10.1.214",
                            "public_dns": "",
                            "public_ip": "",
                            "root_block_device.#": "1",
                            "root_block_device.0.delete_on_termination": "true",
                            "root_block_device.0.iops": "100",
                            "root_block_device.0.volume_size": "24",
                            "root_block_device.0.volume_type": "gp2",
                            "security_groups.#": "0",
                            "source_dest_check": "true",
                            "subnet_id": "subnet-6a00a523",
                            "tags.%": "3",
                            "tags.Cluster": "disha",
                            "tags.Environment": "websitepvt",
                            "tags.Name": "disha-eligibility.websitepvt",
                            "tenancy": "default",
                            "volume_tags.%": "1",
                            "volume_tags.Name": "disha-eligibility.websitepvt",
                            "vpc_security_group_ids.#": "2",
                            "vpc_security_group_ids.2449068200": "sg-69e3cd0f",
                            "vpc_security_group_ids.4264598377": "sg-c794bca1"
                        },
                        "meta": {
                            "e2bfb730-ecaa-11e6-8f88-34363bc7c4c0": {
                                "create": 600000000000,
                                "delete": 600000000000,
                                "update": 600000000000
                            },
                            "schema_version": "1"
                        },
                        "tainted": false
                    },
                    "deposed": [],
                    "provider": ""
                },
                "aws_route53_record.instance_route53_entry": {
                    "type": "aws_route53_record",
                    "depends_on": [
                        "aws_instance.instance"
                    ],
                    "primary": {
                        "id": "Z2IEUVQFSOSZOB_disha-eligibility_A",
                        "attributes": {
                            "fqdn": "disha-eligibility.websitepvt",
                            "health_check_id": "",
                            "id": "Z2IEUVQFSOSZOB_disha-eligibility_A",
                            "name": "disha-eligibility",
                            "records.#": "1",
                            "records.1621878540": "10.10.1.214",
                            "set_identifier": "",
                            "ttl": "60",
                            "type": "A",
                            "zone_id": "Z2IEUVQFSOSZOB"
                        },
                        "meta": {
                            "schema_version": "2"
                        },
                        "tainted": false
                    },
                    "deposed": [],
                    "provider": ""
                }
            },
            "depends_on": []
        },
        {
            "path": [
                "root",
                "disha_mettl_in_env",
                "disha_email"
            ],
            "outputs": {},
            "resources": {
                "aws_s3_bucket.bucket": {
                    "type": "aws_s3_bucket",
                    "depends_on": [],
                    "primary": {
                        "id": "disha-email-websitepvt",
                        "attributes": {
                            "acceleration_status": "",
                            "acl": "private",
                            "arn": "arn:aws:s3:::disha-email-websitepvt",
                            "bucket": "disha-email-websitepvt",
                            "bucket_domain_name": "disha-email-websitepvt.s3.amazonaws.com",
                            "force_destroy": "false",
                            "hosted_zone_id": "Z2M4EHUR26P7ZW",
                            "id": "disha-email-websitepvt",
                            "logging.#": "0",
                            "policy": "{\"Statement\":[{\"Action\":\"s3:PutObject\",\"Condition\":{\"StringEquals\":{\"aws:Referer\":\"760572120597\"}},\"Effect\":\"Allow\",\"Principal\":{\"Service\":\"ses.amazonaws.com\"},\"Resource\":\"arn:aws:s3:::disha-email-websitepvt/*\",\"Sid\":\"AllowSESPuts-1494229053172\"}],\"Version\":\"2012-10-17\"}",
                            "region": "ap-northeast-1",
                            "request_payer": "BucketOwner",
                            "tags.%": "0",
                            "versioning.#": "1",
                            "versioning.0.enabled": "false",
                            "versioning.0.mfa_delete": "false",
                            "website.#": "0"
                        },
                        "meta": {},
                        "tainted": false
                    },
                    "deposed": [],
                    "provider": ""
                }
            },
            "depends_on": []
        },
        {
            "path": [
                "root",
                "disha_mettl_in_env",
                "disha_email_notification"
            ],
            "outputs": {},
            "resources": {
                "aws_s3_bucket_notification.s3_sqs": {
                    "type": "aws_s3_bucket_notification",
                    "depends_on": [],
                    "primary": {
                        "id": "disha-email-websitepvt",
                        "attributes": {
                            "bucket": "disha-email-websitepvt",
                            "id": "disha-email-websitepvt",
                            "lambda_function.#": "0",
                            "queue.#": "1",
                            "queue.0.events.#": "1",
                            "queue.0.events.1767159610": "s3:ObjectCreated:Put",
                            "queue.0.filter_prefix": "goahead/",
                            "queue.0.filter_suffix": "",
                            "queue.0.id": "tf-s3-queue-009dc6b23d3bb1017546ef078a",
                            "queue.0.queue_arn": "arn:aws:sqs:ap-northeast-1:760572120597:pmgdisha-website-ses-email",
                            "topic.#": "0"
                        },
                        "meta": {},
                        "tainted": false
                    },
                    "deposed": [],
                    "provider": ""
                }
            },
            "depends_on": []
        },
        {
            "path": [
                "root",
                "disha_mettl_in_env",
                "disha_ifsc_instance"
            ],
            "outputs": {},
            "resources": {
                "aws_cloudwatch_metric_alarm.instance_status_check": {
                    "type": "aws_cloudwatch_metric_alarm",
                    "depends_on": [
                        "aws_instance.instance"
                    ],
                    "primary": {
                        "id": "disha-ifsc-status-checks-failed-websitepvt",
                        "attributes": {
                            "actions_enabled": "true",
                            "alarm_actions.#": "1",
                            "alarm_actions.1013585629": "arn:aws:sns:ap-northeast-1:760572120597:disha-sns-websitepvt",
                            "alarm_description": "This metric monitors ec2 status checks",
                            "alarm_name": "disha-ifsc-status-checks-failed-websitepvt",
                            "comparison_operator": "GreaterThanOrEqualToThreshold",
                            "dimensions.%": "1",
                            "dimensions.InstanceId": "i-0d5fe6a914efc6d71",
                            "evaluate_low_sample_count_percentiles": "",
                            "evaluation_periods": "1",
                            "extended_statistic": "",
                            "id": "disha-ifsc-status-checks-failed-websitepvt",
                            "insufficient_data_actions.#": "1",
                            "insufficient_data_actions.1013585629": "arn:aws:sns:ap-northeast-1:760572120597:disha-sns-websitepvt",
                            "metric_name": "StatusCheckFailed",
                            "namespace": "AWS/EC2",
                            "ok_actions.#": "1",
                            "ok_actions.1013585629": "arn:aws:sns:ap-northeast-1:760572120597:disha-sns-websitepvt",
                            "period": "60",
                            "statistic": "Average",
                            "threshold": "1",
                            "treat_missing_data": "missing",
                            "unit": ""
                        },
                        "meta": {
                            "schema_version": "1"
                        },
                        "tainted": false
                    },
                    "deposed": [],
                    "provider": ""
                },
                "aws_instance.instance": {
                    "type": "aws_instance",
                    "depends_on": [
                        "module.sg"
                    ],
                    "primary": {
                        "id": "i-0d5fe6a914efc6d71",
                        "attributes": {
                            "ami": "ami-18c3167e",
                            "associate_public_ip_address": "false",
                            "availability_zone": "ap-northeast-1a",
                            "disable_api_termination": "false",
                            "ebs_block_device.#": "1",
                            "ebs_block_device.2616103959.delete_on_termination": "true",
                            "ebs_block_device.2616103959.device_name": "/dev/sdb",
                            "ebs_block_device.2616103959.encrypted": "false",
                            "ebs_block_device.2616103959.iops": "0",
                            "ebs_block_device.2616103959.snapshot_id": "snap-00db727640ec3e4e3",
                            "ebs_block_device.2616103959.volume_size": "30",
                            "ebs_block_device.2616103959.volume_type": "standard",
                            "ebs_optimized": "false",
                            "ephemeral_block_device.#": "0",
                            "iam_instance_profile": "instance-profile.websitepvt",
                            "id": "i-0d5fe6a914efc6d71",
                            "instance_state": "running",
                            "instance_type": "t2.small",
                            "ipv6_addresses.#": "0",
                            "key_name": "disha-india.websitepvt",
                            "monitoring": "false",
                            "network_interface.#": "0",
                            "network_interface_id": "eni-bf234482",
                            "primary_network_interface_id": "eni-bf234482",
                            "private_dns": "ip-10-10-1-175.ap-northeast-1.compute.internal",
                            "private_ip": "10.10.1.175",
                            "public_dns": "",
                            "public_ip": "",
                            "root_block_device.#": "1",
                            "root_block_device.0.delete_on_termination": "true",
                            "root_block_device.0.iops": "100",
                            "root_block_device.0.volume_size": "24",
                            "root_block_device.0.volume_type": "gp2",
                            "security_groups.#": "0",
                            "source_dest_check": "true",
                            "subnet_id": "subnet-6a00a523",
                            "tags.%": "3",
                            "tags.Cluster": "disha",
                            "tags.Environment": "websitepvt",
                            "tags.Name": "disha-ifsc.websitepvt",
                            "tenancy": "default",
                            "volume_tags.%": "1",
                            "volume_tags.Name": "disha-ifsc.websitepvt",
                            "vpc_security_group_ids.#": "2",
                            "vpc_security_group_ids.2449068200": "sg-69e3cd0f",
                            "vpc_security_group_ids.3458502700": "sg-7094bc16"
                        },
                        "meta": {
                            "e2bfb730-ecaa-11e6-8f88-34363bc7c4c0": {
                                "create": 600000000000,
                                "delete": 600000000000,
                                "update": 600000000000
                            },
                            "schema_version": "1"
                        },
                        "tainted": false
                    },
                    "deposed": [],
                    "provider": ""
                },
                "aws_route53_record.instance_route53_entry": {
                    "type": "aws_route53_record",
                    "depends_on": [
                        "aws_instance.instance"
                    ],
                    "primary": {
                        "id": "Z2IEUVQFSOSZOB_disha-ifsc_A",
                        "attributes": {
                            "fqdn": "disha-ifsc.websitepvt",
                            "health_check_id": "",
                            "id": "Z2IEUVQFSOSZOB_disha-ifsc_A",
                            "name": "disha-ifsc",
                            "records.#": "1",
                            "records.1135660613": "10.10.1.175",
                            "set_identifier": "",
                            "ttl": "60",
                            "type": "A",
                            "zone_id": "Z2IEUVQFSOSZOB"
                        },
                        "meta": {
                            "schema_version": "2"
                        },
                        "tainted": false
                    },
                    "deposed": [],
                    "provider": ""
                }
            },
            "depends_on": []
        },
        {
            "path": [
                "root",
                "disha_mettl_in_env",
                "disha_location_instance"
            ],
            "outputs": {},
            "resources": {
                "aws_cloudwatch_metric_alarm.instance_status_check": {
                    "type": "aws_cloudwatch_metric_alarm",
                    "depends_on": [
                        "aws_instance.instance"
                    ],
                    "primary": {
                        "id": "disha-location-status-checks-failed-websitepvt",
                        "attributes": {
                            "actions_enabled": "true",
                            "alarm_actions.#": "1",
                            "alarm_actions.1013585629": "arn:aws:sns:ap-northeast-1:760572120597:disha-sns-websitepvt",
                            "alarm_description": "This metric monitors ec2 status checks",
                            "alarm_name": "disha-location-status-checks-failed-websitepvt",
                            "comparison_operator": "GreaterThanOrEqualToThreshold",
                            "dimensions.%": "1",
                            "dimensions.InstanceId": "i-0da280a65f50f1f98",
                            "evaluate_low_sample_count_percentiles": "",
                            "evaluation_periods": "1",
                            "extended_statistic": "",
                            "id": "disha-location-status-checks-failed-websitepvt",
                            "insufficient_data_actions.#": "1",
                            "insufficient_data_actions.1013585629": "arn:aws:sns:ap-northeast-1:760572120597:disha-sns-websitepvt",
                            "metric_name": "StatusCheckFailed",
                            "namespace": "AWS/EC2",
                            "ok_actions.#": "1",
                            "ok_actions.1013585629": "arn:aws:sns:ap-northeast-1:760572120597:disha-sns-websitepvt",
                            "period": "60",
                            "statistic": "Average",
                            "threshold": "1",
                            "treat_missing_data": "missing",
                            "unit": ""
                        },
                        "meta": {
                            "schema_version": "1"
                        },
                        "tainted": false
                    },
                    "deposed": [],
                    "provider": ""
                },
                "aws_instance.instance": {
                    "type": "aws_instance",
                    "depends_on": [
                        "module.sg"
                    ],
                    "primary": {
                        "id": "i-0da280a65f50f1f98",
                        "attributes": {
                            "ami": "ami-18c3167e",
                            "associate_public_ip_address": "true",
                            "availability_zone": "ap-northeast-1a",
                            "disable_api_termination": "false",
                            "ebs_block_device.#": "1",
                            "ebs_block_device.2616103959.delete_on_termination": "true",
                            "ebs_block_device.2616103959.device_name": "/dev/sdb",
                            "ebs_block_device.2616103959.encrypted": "false",
                            "ebs_block_device.2616103959.iops": "0",
                            "ebs_block_device.2616103959.snapshot_id": "snap-00db727640ec3e4e3",
                            "ebs_block_device.2616103959.volume_size": "30",
                            "ebs_block_device.2616103959.volume_type": "standard",
                            "ebs_optimized": "false",
                            "ephemeral_block_device.#": "0",
                            "iam_instance_profile": "instance-profile.websitepvt",
                            "id": "i-0da280a65f50f1f98",
                            "instance_state": "running",
                            "instance_type": "t2.micro",
                            "ipv6_addresses.#": "0",
                            "key_name": "disha-india.websitepvt",
                            "monitoring": "false",
                            "network_interface.#": "0",
                            "network_interface_id": "eni-7a402547",
                            "primary_network_interface_id": "eni-7a402547",
                            "private_dns": "ip-10-10-5-108.ap-northeast-1.compute.internal",
                            "private_ip": "10.10.5.108",
                            "public_dns": "ec2-13-114-168-81.ap-northeast-1.compute.amazonaws.com",
                            "public_ip": "13.114.168.81",
                            "root_block_device.#": "1",
                            "root_block_device.0.delete_on_termination": "true",
                            "root_block_device.0.iops": "100",
                            "root_block_device.0.volume_size": "24",
                            "root_block_device.0.volume_type": "gp2",
                            "security_groups.#": "0",
                            "source_dest_check": "true",
                            "subnet_id": "subnet-390faa70",
                            "tags.%": "3",
                            "tags.Cluster": "disha",
                            "tags.Environment": "websitepvt",
                            "tags.Name": "disha-location.websitepvt",
                            "tenancy": "default",
                            "volume_tags.%": "1",
                            "volume_tags.Name": "disha-location.websitepvt",
                            "vpc_security_group_ids.#": "2",
                            "vpc_security_group_ids.2449068200": "sg-69e3cd0f",
                            "vpc_security_group_ids.3004814058": "sg-0f2c0469"
                        },
                        "meta": {
                            "e2bfb730-ecaa-11e6-8f88-34363bc7c4c0": {
                                "create": 600000000000,
                                "delete": 600000000000,
                                "update": 600000000000
                            },
                            "schema_version": "1"
                        },
                        "tainted": false
                    },
                    "deposed": [],
                    "provider": ""
                },
                "aws_route53_record.instance_route53_entry": {
                    "type": "aws_route53_record",
                    "depends_on": [
                        "aws_instance.instance"
                    ],
                    "primary": {
                        "id": "Z2IEUVQFSOSZOB_disha-location_A",
                        "attributes": {
                            "fqdn": "disha-location.websitepvt",
                            "health_check_id": "",
                            "id": "Z2IEUVQFSOSZOB_disha-location_A",
                            "name": "disha-location",
                            "records.#": "1",
                            "records.2277540607": "10.10.5.108",
                            "set_identifier": "",
                            "ttl": "60",
                            "type": "A",
                            "zone_id": "Z2IEUVQFSOSZOB"
                        },
                        "meta": {
                            "schema_version": "2"
                        },
                        "tainted": false
                    },
                    "deposed": [],
                    "provider": ""
                }
            },
            "depends_on": []
        },
        {
            "path": [
                "root",
                "disha_mettl_in_env",
                "disha_mongo_instance"
            ],
            "outputs": {},
            "resources": {
                "aws_cloudwatch_metric_alarm.instance_status_check": {
                    "type": "aws_cloudwatch_metric_alarm",
                    "depends_on": [
                        "aws_instance.instance"
                    ],
                    "primary": {
                        "id": "disha-mongo-status-checks-failed-websitepvt",
                        "attributes": {
                            "actions_enabled": "true",
                            "alarm_actions.#": "1",
                            "alarm_actions.1013585629": "arn:aws:sns:ap-northeast-1:760572120597:disha-sns-websitepvt",
                            "alarm_description": "This metric monitors ec2 status checks",
                            "alarm_name": "disha-mongo-status-checks-failed-websitepvt",
                            "comparison_operator": "GreaterThanOrEqualToThreshold",
                            "dimensions.%": "1",
                            "dimensions.InstanceId": "i-096135468c431a468",
                            "evaluate_low_sample_count_percentiles": "",
                            "evaluation_periods": "1",
                            "extended_statistic": "",
                            "id": "disha-mongo-status-checks-failed-websitepvt",
                            "insufficient_data_actions.#": "1",
                            "insufficient_data_actions.1013585629": "arn:aws:sns:ap-northeast-1:760572120597:disha-sns-websitepvt",
                            "metric_name": "StatusCheckFailed",
                            "namespace": "AWS/EC2",
                            "ok_actions.#": "1",
                            "ok_actions.1013585629": "arn:aws:sns:ap-northeast-1:760572120597:disha-sns-websitepvt",
                            "period": "60",
                            "statistic": "Average",
                            "threshold": "1",
                            "treat_missing_data": "missing",
                            "unit": ""
                        },
                        "meta": {
                            "schema_version": "1"
                        },
                        "tainted": false
                    },
                    "deposed": [],
                    "provider": ""
                },
                "aws_instance.instance": {
                    "type": "aws_instance",
                    "depends_on": [
                        "module.sg"
                    ],
                    "primary": {
                        "id": "i-096135468c431a468",
                        "attributes": {
                            "ami": "ami-21f42547",
                            "associate_public_ip_address": "false",
                            "availability_zone": "ap-northeast-1a",
                            "disable_api_termination": "false",
                            "ebs_block_device.#": "3",
                            "ebs_block_device.1780563871.delete_on_termination": "false",
                            "ebs_block_device.1780563871.device_name": "/dev/sdh",
                            "ebs_block_device.1780563871.encrypted": "false",
                            "ebs_block_device.1780563871.iops": "100",
                            "ebs_block_device.1780563871.snapshot_id": "snap-0840fed5162c1a64e",
                            "ebs_block_device.1780563871.volume_size": "10",
                            "ebs_block_device.1780563871.volume_type": "gp2",
                            "ebs_block_device.3712736408.delete_on_termination": "false",
                            "ebs_block_device.3712736408.device_name": "/dev/sdg",
                            "ebs_block_device.3712736408.encrypted": "false",
                            "ebs_block_device.3712736408.iops": "100",
                            "ebs_block_device.3712736408.snapshot_id": "snap-0e114fbcd5e29b590",
                            "ebs_block_device.3712736408.volume_size": "5",
                            "ebs_block_device.3712736408.volume_type": "gp2",
                            "ebs_block_device.4260249369.delete_on_termination": "false",
                            "ebs_block_device.4260249369.device_name": "/dev/sdf",
                            "ebs_block_device.4260249369.encrypted": "false",
                            "ebs_block_device.4260249369.iops": "100",
                            "ebs_block_device.4260249369.snapshot_id": "snap-0864ab0bde5f139d6",
                            "ebs_block_device.4260249369.volume_size": "10",
                            "ebs_block_device.4260249369.volume_type": "gp2",
                            "ebs_optimized": "false",
                            "ephemeral_block_device.#": "0",
                            "iam_instance_profile": "instance-profile.websitepvt",
                            "id": "i-096135468c431a468",
                            "instance_state": "running",
                            "instance_type": "t2.micro",
                            "ipv6_addresses.#": "0",
                            "key_name": "disha-india.websitepvt",
                            "monitoring": "false",
                            "network_interface.#": "0",
                            "network_interface_id": "eni-581e8765",
                            "primary_network_interface_id": "eni-581e8765",
                            "private_dns": "ip-10-10-1-33.ap-northeast-1.compute.internal",
                            "private_ip": "10.10.1.33",
                            "public_dns": "",
                            "public_ip": "",
                            "root_block_device.#": "1",
                            "root_block_device.0.delete_on_termination": "true",
                            "root_block_device.0.iops": "100",
                            "root_block_device.0.volume_size": "20",
                            "root_block_device.0.volume_type": "gp2",
                            "security_groups.#": "0",
                            "source_dest_check": "true",
                            "subnet_id": "subnet-6a00a523",
                            "tags.%": "3",
                            "tags.Cluster": "disha-mongo",
                            "tags.Environment": "websitepvt",
                            "tags.Name": "disha-mongo.websitepvt",
                            "tenancy": "default",
                            "volume_tags.%": "1",
                            "volume_tags.Name": "disha-mongo.websitepvt",
                            "vpc_security_group_ids.#": "2",
                            "vpc_security_group_ids.1432303152": "sg-b9c2ecdf",
                            "vpc_security_group_ids.2449068200": "sg-69e3cd0f"
                        },
                        "meta": {
                            "e2bfb730-ecaa-11e6-8f88-34363bc7c4c0": {
                                "create": 600000000000,
                                "delete": 600000000000,
                                "update": 600000000000
                            },
                            "schema_version": "1"
                        },
                        "tainted": false
                    },
                    "deposed": [],
                    "provider": ""
                },
                "aws_route53_record.instance_route53_entry": {
                    "type": "aws_route53_record",
                    "depends_on": [
                        "aws_instance.instance"
                    ],
                    "primary": {
                        "id": "Z2IEUVQFSOSZOB_disha-mongo_A",
                        "attributes": {
                            "fqdn": "disha-mongo.websitepvt",
                            "health_check_id": "",
                            "id": "Z2IEUVQFSOSZOB_disha-mongo_A",
                            "name": "disha-mongo",
                            "records.#": "1",
                            "records.3809933792": "10.10.1.33",
                            "set_identifier": "",
                            "ttl": "60",
                            "type": "A",
                            "zone_id": "Z2IEUVQFSOSZOB"
                        },
                        "meta": {
                            "schema_version": "2"
                        },
                        "tainted": false
                    },
                    "deposed": [],
                    "provider": ""
                }
            },
            "depends_on": []
        },
        {
            "path": [
                "root",
                "disha_mettl_in_env",
                "disha_sns"
            ],
            "outputs": {},
            "resources": {
                "aws_sns_topic.sns_topic": {
                    "type": "aws_sns_topic",
                    "depends_on": [],
                    "primary": {
                        "id": "arn:aws:sns:ap-northeast-1:760572120597:disha-sns-websitepvt",
                        "attributes": {
                            "arn": "arn:aws:sns:ap-northeast-1:760572120597:disha-sns-websitepvt",
                            "display_name": "",
                            "id": "arn:aws:sns:ap-northeast-1:760572120597:disha-sns-websitepvt",
                            "name": "disha-sns-websitepvt",
                            "policy": "{\"Id\":\"__default_policy_ID\",\"Statement\":[{\"Action\":[\"SNS:GetTopicAttributes\",\"SNS:SetTopicAttributes\",\"SNS:AddPermission\",\"SNS:RemovePermission\",\"SNS:DeleteTopic\",\"SNS:Subscribe\",\"SNS:ListSubscriptionsByTopic\",\"SNS:Publish\",\"SNS:Receive\"],\"Condition\":{\"StringEquals\":{\"AWS:SourceOwner\":\"760572120597\"}},\"Effect\":\"Allow\",\"Principal\":{\"AWS\":\"*\"},\"Resource\":\"arn:aws:sns:ap-northeast-1:760572120597:disha-sns-websitepvt\",\"Sid\":\"__default_statement_ID\"}],\"Version\":\"2008-10-17\"}"
                        },
                        "meta": {},
                        "tainted": false
                    },
                    "deposed": [],
                    "provider": ""
                }
            },
            "depends_on": []
        },
        {
            "path": [
                "root",
                "disha_mettl_in_env",
                "disha_web_tcmap_instance"
            ],
            "outputs": {},
            "resources": {
                "aws_cloudwatch_metric_alarm.instance_status_check": {
                    "type": "aws_cloudwatch_metric_alarm",
                    "depends_on": [
                        "aws_instance.instance"
                    ],
                    "primary": {
                        "id": "disha-web-tcmap-status-checks-failed-websitepvt",
                        "attributes": {
                            "actions_enabled": "true",
                            "alarm_actions.#": "1",
                            "alarm_actions.1013585629": "arn:aws:sns:ap-northeast-1:760572120597:disha-sns-websitepvt",
                            "alarm_description": "This metric monitors ec2 status checks",
                            "alarm_name": "disha-web-tcmap-status-checks-failed-websitepvt",
                            "comparison_operator": "GreaterThanOrEqualToThreshold",
                            "dimensions.%": "1",
                            "dimensions.InstanceId": "i-0a35a93f8fde80cbd",
                            "evaluate_low_sample_count_percentiles": "",
                            "evaluation_periods": "1",
                            "extended_statistic": "",
                            "id": "disha-web-tcmap-status-checks-failed-websitepvt",
                            "insufficient_data_actions.#": "1",
                            "insufficient_data_actions.1013585629": "arn:aws:sns:ap-northeast-1:760572120597:disha-sns-websitepvt",
                            "metric_name": "StatusCheckFailed",
                            "namespace": "AWS/EC2",
                            "ok_actions.#": "1",
                            "ok_actions.1013585629": "arn:aws:sns:ap-northeast-1:760572120597:disha-sns-websitepvt",
                            "period": "60",
                            "statistic": "Average",
                            "threshold": "1",
                            "treat_missing_data": "missing",
                            "unit": ""
                        },
                        "meta": {
                            "schema_version": "1"
                        },
                        "tainted": false
                    },
                    "deposed": [],
                    "provider": ""
                },
                "aws_instance.instance": {
                    "type": "aws_instance",
                    "depends_on": [
                        "module.sg"
                    ],
                    "primary": {
                        "id": "i-0a35a93f8fde80cbd",
                        "attributes": {
                            "ami": "ami-18c3167e",
                            "associate_public_ip_address": "false",
                            "availability_zone": "ap-northeast-1a",
                            "disable_api_termination": "false",
                            "ebs_block_device.#": "1",
                            "ebs_block_device.2616103959.delete_on_termination": "true",
                            "ebs_block_device.2616103959.device_name": "/dev/sdb",
                            "ebs_block_device.2616103959.encrypted": "false",
                            "ebs_block_device.2616103959.iops": "0",
                            "ebs_block_device.2616103959.snapshot_id": "snap-00db727640ec3e4e3",
                            "ebs_block_device.2616103959.volume_size": "30",
                            "ebs_block_device.2616103959.volume_type": "standard",
                            "ebs_optimized": "false",
                            "ephemeral_block_device.#": "0",
                            "iam_instance_profile": "instance-profile.websitepvt",
                            "id": "i-0a35a93f8fde80cbd",
                            "instance_state": "running",
                            "instance_type": "t2.micro",
                            "ipv6_addresses.#": "0",
                            "key_name": "disha-india.websitepvt",
                            "monitoring": "false",
                            "network_interface.#": "0",
                            "network_interface_id": "eni-5b57ce66",
                            "primary_network_interface_id": "eni-5b57ce66",
                            "private_dns": "ip-10-10-1-213.ap-northeast-1.compute.internal",
                            "private_ip": "10.10.1.213",
                            "public_dns": "",
                            "public_ip": "",
                            "root_block_device.#": "1",
                            "root_block_device.0.delete_on_termination": "true",
                            "root_block_device.0.iops": "100",
                            "root_block_device.0.volume_size": "24",
                            "root_block_device.0.volume_type": "gp2",
                            "security_groups.#": "0",
                            "source_dest_check": "true",
                            "subnet_id": "subnet-6a00a523",
                            "tags.%": "3",
                            "tags.Cluster": "disha-web-server",
                            "tags.Environment": "websitepvt",
                            "tags.Name": "disha-web-tcmap.websitepvt",
                            "tenancy": "default",
                            "volume_tags.%": "1",
                            "volume_tags.Name": "disha-web-tcmap.websitepvt",
                            "vpc_security_group_ids.#": "2",
                            "vpc_security_group_ids.2449068200": "sg-69e3cd0f",
                            "vpc_security_group_ids.2576193434": "sg-e5fed083"
                        },
                        "meta": {
                            "e2bfb730-ecaa-11e6-8f88-34363bc7c4c0": {
                                "create": 600000000000,
                                "delete": 600000000000,
                                "update": 600000000000
                            },
                            "schema_version": "1"
                        },
                        "tainted": false
                    },
                    "deposed": [],
                    "provider": ""
                },
                "aws_route53_record.instance_route53_entry": {
                    "type": "aws_route53_record",
                    "depends_on": [
                        "aws_instance.instance"
                    ],
                    "primary": {
                        "id": "Z2IEUVQFSOSZOB_disha-web-tcmap_A",
                        "attributes": {
                            "fqdn": "disha-web-tcmap.websitepvt",
                            "health_check_id": "",
                            "id": "Z2IEUVQFSOSZOB_disha-web-tcmap_A",
                            "name": "disha-web-tcmap",
                            "records.#": "1",
                            "records.4275008175": "10.10.1.213",
                            "set_identifier": "",
                            "ttl": "60",
                            "type": "A",
                            "zone_id": "Z2IEUVQFSOSZOB"
                        },
                        "meta": {
                            "schema_version": "2"
                        },
                        "tainted": false
                    },
                    "deposed": [],
                    "provider": ""
                }
            },
            "depends_on": []
        },
        {
            "path": [
                "root",
                "disha_mettl_in_env",
                "elb-http-sg"
            ],
            "outputs": {},
            "resources": {
                "aws_security_group.sg": {
                    "type": "aws_security_group",
                    "depends_on": [],
                    "primary": {
                        "id": "sg-a22c04c4",
                        "attributes": {
                            "description": "Managed by Terraform",
                            "egress.#": "1",
                            "egress.482069346.cidr_blocks.#": "1",
                            "egress.482069346.cidr_blocks.0": "0.0.0.0/0",
                            "egress.482069346.description": "",
                            "egress.482069346.from_port": "0",
                            "egress.482069346.ipv6_cidr_blocks.#": "0",
                            "egress.482069346.prefix_list_ids.#": "0",
                            "egress.482069346.protocol": "-1",
                            "egress.482069346.security_groups.#": "0",
                            "egress.482069346.self": "false",
                            "egress.482069346.to_port": "0",
                            "id": "sg-a22c04c4",
                            "ingress.#": "2",
                            "ingress.2214680975.cidr_blocks.#": "1",
                            "ingress.2214680975.cidr_blocks.0": "0.0.0.0/0",
                            "ingress.2214680975.description": "",
                            "ingress.2214680975.from_port": "80",
                            "ingress.2214680975.ipv6_cidr_blocks.#": "0",
                            "ingress.2214680975.protocol": "tcp",
                            "ingress.2214680975.security_groups.#": "0",
                            "ingress.2214680975.self": "false",
                            "ingress.2214680975.to_port": "80",
                            "ingress.2617001939.cidr_blocks.#": "1",
                            "ingress.2617001939.cidr_blocks.0": "0.0.0.0/0",
                            "ingress.2617001939.description": "",
                            "ingress.2617001939.from_port": "443",
                            "ingress.2617001939.ipv6_cidr_blocks.#": "0",
                            "ingress.2617001939.protocol": "tcp",
                            "ingress.2617001939.security_groups.#": "0",
                            "ingress.2617001939.self": "false",
                            "ingress.2617001939.to_port": "443",
                            "name": "elb-http-sg.websitepvt",
                            "owner_id": "760572120597",
                            "revoke_rules_on_delete": "false",
                            "tags.%": "1",
                            "tags.Name": "elb-http-sg.websitepvt",
                            "vpc_id": "vpc-7aa9ab1e"
                        },
                        "meta": {
                            "schema_version": "1"
                        },
                        "tainted": false
                    },
                    "deposed": [],
                    "provider": ""
                },
                "aws_security_group_rule.sg_rule.0": {
                    "type": "aws_security_group_rule",
                    "depends_on": [
                        "aws_security_group.sg"
                    ],
                    "primary": {
                        "id": "sgrule-4124872339",
                        "attributes": {
                            "cidr_blocks.#": "1",
                            "cidr_blocks.0": "0.0.0.0/0",
                            "description": "",
                            "from_port": "80",
                            "id": "sgrule-4124872339",
                            "ipv6_cidr_blocks.#": "0",
                            "prefix_list_ids.#": "0",
                            "protocol": "tcp",
                            "security_group_id": "sg-a22c04c4",
                            "self": "false",
                            "to_port": "80",
                            "type": "ingress"
                        },
                        "meta": {
                            "schema_version": "2"
                        },
                        "tainted": false
                    },
                    "deposed": [],
                    "provider": ""
                },
                "aws_security_group_rule.sg_rule.1": {
                    "type": "aws_security_group_rule",
                    "depends_on": [
                        "aws_security_group.sg"
                    ],
                    "primary": {
                        "id": "sgrule-4132430032",
                        "attributes": {
                            "cidr_blocks.#": "1",
                            "cidr_blocks.0": "0.0.0.0/0",
                            "description": "",
                            "from_port": "443",
                            "id": "sgrule-4132430032",
                            "ipv6_cidr_blocks.#": "0",
                            "prefix_list_ids.#": "0",
                            "protocol": "tcp",
                            "security_group_id": "sg-a22c04c4",
                            "self": "false",
                            "to_port": "443",
                            "type": "ingress"
                        },
                        "meta": {
                            "schema_version": "2"
                        },
                        "tainted": false
                    },
                    "deposed": [],
                    "provider": ""
                },
                "aws_security_group_rule.sg_rule.2": {
                    "type": "aws_security_group_rule",
                    "depends_on": [
                        "aws_security_group.sg"
                    ],
                    "primary": {
                        "id": "sgrule-3910876364",
                        "attributes": {
                            "cidr_blocks.#": "1",
                            "cidr_blocks.0": "0.0.0.0/0",
                            "description": "",
                            "from_port": "0",
                            "id": "sgrule-3910876364",
                            "ipv6_cidr_blocks.#": "0",
                            "prefix_list_ids.#": "0",
                            "protocol": "-1",
                            "security_group_id": "sg-a22c04c4",
                            "self": "false",
                            "to_port": "0",
                            "type": "egress"
                        },
                        "meta": {
                            "schema_version": "2"
                        },
                        "tainted": false
                    },
                    "deposed": [],
                    "provider": ""
                }
            },
            "depends_on": []
        },
        {
            "path": [
                "root",
                "disha_mettl_in_env",
                "iam_user"
            ],
            "outputs": {},
            "resources": {},
            "depends_on": []
        },
        {
            "path": [
                "root",
                "disha_mettl_in_env",
                "iam_user_disha_certificate"
            ],
            "outputs": {},
            "resources": {
                "aws_iam_access_key.iam_access_key": {
                    "type": "aws_iam_access_key",
                    "depends_on": [
                        "aws_iam_user.iam_user"
                    ],
                    "primary": {
                        "id": "AKIAJTGD5NKD3CMXXB5A",
                        "attributes": {
                            "id": "AKIAJTGD5NKD3CMXXB5A",
                            "secret": "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",
                            "ses_smtp_password": "AlFdRWD12A1hux9Q2+nLLlrnA1KA/8JnbCz8S44/0yZc",
                            "status": "Active",
                            "user": "disha-certificate-iam-user-websitepvt"
                        },
                        "meta": {},
                        "tainted": false
                    },
                    "deposed": [],
                    "provider": ""
                },
                "aws_iam_user.iam_user": {
                    "type": "aws_iam_user",
                    "depends_on": [],
                    "primary": {
                        "id": "disha-certificate-iam-user-websitepvt",
                        "attributes": {
                            "arn": "arn:aws:iam::760572120597:user/disha-certificate-iam-user-websitepvt",
                            "force_destroy": "false",
                            "id": "disha-certificate-iam-user-websitepvt",
                            "name": "disha-certificate-iam-user-websitepvt",
                            "path": "/",
                            "unique_id": "AIDAIQB4MKBZOZQQGPJIA"
                        },
                        "meta": {},
                        "tainted": false
                    },
                    "deposed": [],
                    "provider": ""
                },
                "aws_iam_user_policy.lb_ro": {
                    "type": "aws_iam_user_policy",
                    "depends_on": [
                        "aws_iam_user.iam_user"
                    ],
                    "primary": {
                        "id": "disha-certificate-iam-user-websitepvt:disha-certificate-iam-user-websitepvt-policy",
                        "attributes": {
                            "id": "disha-certificate-iam-user-websitepvt:disha-certificate-iam-user-websitepvt-policy",
                            "name": "disha-certificate-iam-user-websitepvt-policy",
                            "policy": "{\n    \"Version\": \"2012-10-17\",\n    \"Statement\": [\n        {\n            \"Sid\": \"Stmt1489128738000\",\n            \"Effect\": \"Allow\",\n            \"Action\": [\n                \"sqs:AddPermission\",\n                \"sqs:ChangeMessageVisibility\",\n                \"sqs:ChangeMessageVisibilityBatch\",\n                \"sqs:CreateQueue\",\n                \"sqs:GetQueueAttributes\",\n                \"sqs:GetQueueUrl\",\n                \"sqs:ListDeadLetterSourceQueues\",\n                \"sqs:ListQueues\",\n                \"sqs:PurgeQueue\",\n                \"sqs:ReceiveMessage\",\n                \"sqs:SendMessage\",\n                \"sqs:SendMessageBatch\",\n                \"sqs:SetQueueAttributes\",\n                \"sqs:DeleteMessage\"\n            ],\n            \"Resource\": [\n                \"arn:aws:sqs:ap-northeast-1:760572120597:pmgdisha-website-certificate\",\n                \"arn:aws:sqs:ap-northeast-1:760572120597:pmgdisha-website-certificate-status\"\n            ]\n        },\n        {\n            \"Effect\": \"Allow\",\n            \"Action\": [\n                \"s3:*\"\n            ],\n            \"Resource\": [\n                \"arn:aws:s3:::student-certificates-websitepvt/*\"\n            ]\n        }\n    ]\n}\n",
                            "user": "disha-certificate-iam-user-websitepvt"
                        },
                        "meta": {},
                        "tainted": false
                    },
                    "deposed": [],
                    "provider": ""
                }
            },
            "depends_on": []
        },
        {
            "path": [
                "root",
                "disha_mettl_in_env",
                "iam_user_disha_eligibilitty"
            ],
            "outputs": {},
            "resources": {
                "aws_iam_access_key.iam_access_key": {
                    "type": "aws_iam_access_key",
                    "depends_on": [
                        "aws_iam_user.iam_user"
                    ],
                    "primary": {
                        "id": "AKIAJUKRCVO5JYDYP3KQ",
                        "attributes": {
                            "id": "AKIAJUKRCVO5JYDYP3KQ",
                            "secret": "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",
                            "ses_smtp_password": "AmRPaifyPcu1mh2UXz2uh1jzLVhZOPhzSZvvZ+jo0cIh",
                            "status": "Active",
                            "user": "disha-eligibility-iam-user-websitepvt"
                        },
                        "meta": {},
                        "tainted": false
                    },
                    "deposed": [],
                    "provider": ""
                },
                "aws_iam_user.iam_user": {
                    "type": "aws_iam_user",
                    "depends_on": [],
                    "primary": {
                        "id": "disha-eligibility-iam-user-websitepvt",
                        "attributes": {
                            "arn": "arn:aws:iam::760572120597:user/disha-eligibility-iam-user-websitepvt",
                            "force_destroy": "false",
                            "id": "disha-eligibility-iam-user-websitepvt",
                            "name": "disha-eligibility-iam-user-websitepvt",
                            "path": "/",
                            "unique_id": "AIDAJRL63J5IVUCLL3NYE"
                        },
                        "meta": {},
                        "tainted": false
                    },
                    "deposed": [],
                    "provider": ""
                },
                "aws_iam_user_policy.lb_ro": {
                    "type": "aws_iam_user_policy",
                    "depends_on": [
                        "aws_iam_user.iam_user"
                    ],
                    "primary": {
                        "id": "disha-eligibility-iam-user-websitepvt:disha-eligibility-iam-user-websitepvt-policy",
                        "attributes": {
                            "id": "disha-eligibility-iam-user-websitepvt:disha-eligibility-iam-user-websitepvt-policy",
                            "name": "disha-eligibility-iam-user-websitepvt-policy",
                            "policy": "{\n    \"Version\": \"2012-10-17\",\n    \"Statement\": [\n        {\n            \"Sid\": \"Stmt1489128738000\",\n            \"Effect\": \"Allow\",\n            \"Action\": [\n                \"sqs:AddPermission\",\n                \"sqs:ChangeMessageVisibility\",\n                \"sqs:ChangeMessageVisibilityBatch\",\n                \"sqs:CreateQueue\",\n                \"sqs:GetQueueAttributes\",\n                \"sqs:GetQueueUrl\",\n                \"sqs:ListDeadLetterSourceQueues\",\n                \"sqs:ListQueues\",\n                \"sqs:PurgeQueue\",\n                \"sqs:ReceiveMessage\",\n                \"sqs:SendMessage\",\n                \"sqs:SendMessageBatch\",\n                \"sqs:SetQueueAttributes\",\n                \"sqs:DeleteMessage\"\n            ],\n            \"Resource\": [\n                \"arn:aws:sqs:ap-northeast-1:760572120597:pmgdisha-website-excel-reports\",\n                \"arn:aws:sqs:ap-northeast-1:760572120597:pmgdisha-website-ses-email\",\n                \"arn:aws:sqs:ap-northeast-1:760572120597:pmgdisha-website-emailid-verification\"\n\n            ]\n        },\n        {\n            \"Effect\": \"Allow\",\n            \"Action\": [\n                \"s3:*\"\n            ],\n            \"Resource\": [\n                \"arn:aws:s3:::disha-document-websitepvt/*\",\n                \"arn:aws:s3:::disha-email-websitepvt/*\",\n                \"arn:aws:s3:::disha-certificates-websitepvt/*\"\n            ]\n        }\n    ]\n}\n",
                            "user": "disha-eligibility-iam-user-websitepvt"
                        },
                        "meta": {},
                        "tainted": false
                    },
                    "deposed": [],
                    "provider": ""
                }
            },
            "depends_on": []
        },
        {
            "path": [
                "root",
                "disha_mettl_in_env",
                "iam_user_disha_web"
            ],
            "outputs": {},
            "resources": {
                "aws_iam_access_key.iam_access_key": {
                    "type": "aws_iam_access_key",
                    "depends_on": [
                        "aws_iam_user.iam_user"
                    ],
                    "primary": {
                        "id": "AKIAJXS7JAWUSBUXYTZQ",
                        "attributes": {
                            "id": "AKIAJXS7JAWUSBUXYTZQ",
                            "secret": "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",
                            "ses_smtp_password": "AjKvI/Uj/FgQwTjQHFBS3yeRd0yHqLjw/L6CChbpW37n",
                            "status": "Active",
                            "user": "disha-web-iam-user-websitepvt"
                        },
                        "meta": {},
                        "tainted": false
                    },
                    "deposed": [],
                    "provider": ""
                },
                "aws_iam_user.iam_user": {
                    "type": "aws_iam_user",
                    "depends_on": [],
                    "primary": {
                        "id": "disha-web-iam-user-websitepvt",
                        "attributes": {
                            "arn": "arn:aws:iam::760572120597:user/disha-web-iam-user-websitepvt",
                            "force_destroy": "false",
                            "id": "disha-web-iam-user-websitepvt",
                            "name": "disha-web-iam-user-websitepvt",
                            "path": "/",
                            "unique_id": "AIDAJMMC6KBNCL23EKR5I"
                        },
                        "meta": {},
                        "tainted": false
                    },
                    "deposed": [],
                    "provider": ""
                },
                "aws_iam_user_policy.lb_ro": {
                    "type": "aws_iam_user_policy",
                    "depends_on": [
                        "aws_iam_user.iam_user"
                    ],
                    "primary": {
                        "id": "disha-web-iam-user-websitepvt:disha-web-iam-user-websitepvt-policy",
                        "attributes": {
                            "id": "disha-web-iam-user-websitepvt:disha-web-iam-user-websitepvt-policy",
                            "name": "disha-web-iam-user-websitepvt-policy",
                            "policy": "{\n    \"Version\": \"2012-10-17\",\n    \"Statement\": [\n        {\n            \"Sid\": \"Stmt1489128738000\",\n            \"Effect\": \"Allow\",\n            \"Action\": [\n                \"sqs:AddPermission\",\n                \"sqs:ChangeMessageVisibility\",\n                \"sqs:ChangeMessageVisibilityBatch\",\n                \"sqs:CreateQueue\",\n                \"sqs:GetQueueAttributes\",\n                \"sqs:GetQueueUrl\",\n                \"sqs:ListDeadLetterSourceQueues\",\n                \"sqs:ListQueues\",\n                \"sqs:PurgeQueue\",\n                \"sqs:ReceiveMessage\",\n                \"sqs:SendMessage\",\n                \"sqs:SendMessageBatch\",\n                \"sqs:SetQueueAttributes\",\n                \"sqs:DeleteMessage\"\n            ],\n            \"Resource\": [\n                \"arn:aws:sqs:ap-northeast-1:760572120597:pmgdisha-website-excel-reports\"\n            ]\n        },\n        {\n            \"Effect\": \"Allow\",\n            \"Action\": [\n                \"s3:*\"\n            ],\n            \"Resource\": [\n                \"arn:aws:s3:::disha-document-websitepvt/*\"\n            ]\n        }\n    ]\n}\n",
                            "user": "disha-web-iam-user-websitepvt"
                        },
                        "meta": {},
                        "tainted": false
                    },
                    "deposed": [],
                    "provider": ""
                }
            },
            "depends_on": []
        },
        {
            "path": [
                "root",
                "disha_mettl_in_env",
                "jump_box"
            ],
            "outputs": {},
            "resources": {
                "aws_cloudwatch_metric_alarm.instance_status_check": {
                    "type": "aws_cloudwatch_metric_alarm",
                    "depends_on": [
                        "aws_instance.instance"
                    ],
                    "primary": {
                        "id": "jump-box-status-checks-failed-websitepvt",
                        "attributes": {
                            "actions_enabled": "true",
                            "alarm_actions.#": "1",
                            "alarm_actions.1013585629": "arn:aws:sns:ap-northeast-1:760572120597:disha-sns-websitepvt",
                            "alarm_description": "This metric monitors ec2 status checks",
                            "alarm_name": "jump-box-status-checks-failed-websitepvt",
                            "comparison_operator": "GreaterThanOrEqualToThreshold",
                            "dimensions.%": "1",
                            "dimensions.InstanceId": "i-039ae4c439efbc44a",
                            "evaluate_low_sample_count_percentiles": "",
                            "evaluation_periods": "1",
                            "extended_statistic": "",
                            "id": "jump-box-status-checks-failed-websitepvt",
                            "insufficient_data_actions.#": "1",
                            "insufficient_data_actions.1013585629": "arn:aws:sns:ap-northeast-1:760572120597:disha-sns-websitepvt",
                            "metric_name": "StatusCheckFailed",
                            "namespace": "AWS/EC2",
                            "ok_actions.#": "1",
                            "ok_actions.1013585629": "arn:aws:sns:ap-northeast-1:760572120597:disha-sns-websitepvt",
                            "period": "60",
                            "statistic": "Average",
                            "threshold": "1",
                            "treat_missing_data": "missing",
                            "unit": ""
                        },
                        "meta": {
                            "schema_version": "1"
                        },
                        "tainted": false
                    },
                    "deposed": [],
                    "provider": ""
                },
                "aws_instance.instance": {
                    "type": "aws_instance",
                    "depends_on": [
                        "module.sg"
                    ],
                    "primary": {
                        "id": "i-039ae4c439efbc44a",
                        "attributes": {
                            "ami": "ami-18c3167e",
                            "associate_public_ip_address": "true",
                            "availability_zone": "ap-northeast-1a",
                            "disable_api_termination": "false",
                            "ebs_block_device.#": "1",
                            "ebs_block_device.2616103959.delete_on_termination": "true",
                            "ebs_block_device.2616103959.device_name": "/dev/sdb",
                            "ebs_block_device.2616103959.encrypted": "false",
                            "ebs_block_device.2616103959.iops": "0",
                            "ebs_block_device.2616103959.snapshot_id": "snap-00db727640ec3e4e3",
                            "ebs_block_device.2616103959.volume_size": "30",
                            "ebs_block_device.2616103959.volume_type": "standard",
                            "ebs_optimized": "false",
                            "ephemeral_block_device.#": "0",
                            "iam_instance_profile": "",
                            "id": "i-039ae4c439efbc44a",
                            "instance_state": "running",
                            "instance_type": "t2.micro",
                            "ipv6_addresses.#": "0",
                            "key_name": "disha-india.websitepvt",
                            "monitoring": "false",
                            "network_interface.#": "0",
                            "network_interface_id": "eni-1a53ca27",
                            "primary_network_interface_id": "eni-1a53ca27",
                            "private_dns": "ip-10-10-5-90.ap-northeast-1.compute.internal",
                            "private_ip": "10.10.5.90",
                            "public_dns": "ec2-54-65-169-29.ap-northeast-1.compute.amazonaws.com",
                            "public_ip": "54.65.169.29",
                            "root_block_device.#": "1",
                            "root_block_device.0.delete_on_termination": "true",
                            "root_block_device.0.iops": "100",
                            "root_block_device.0.volume_size": "24",
                            "root_block_device.0.volume_type": "gp2",
                            "security_groups.#": "0",
                            "source_dest_check": "true",
                            "subnet_id": "subnet-390faa70",
                            "tags.%": "3",
                            "tags.Cluster": "maintenance",
                            "tags.Environment": "websitepvt",
                            "tags.Name": "jump-box.websitepvt",
                            "tenancy": "default",
                            "volume_tags.%": "1",
                            "volume_tags.Name": "jump-box.websitepvt",
                            "vpc_security_group_ids.#": "2",
                            "vpc_security_group_ids.2449068200": "sg-69e3cd0f",
                            "vpc_security_group_ids.935785748": "sg-a5e4cac3"
                        },
                        "meta": {
                            "e2bfb730-ecaa-11e6-8f88-34363bc7c4c0": {
                                "create": 600000000000,
                                "delete": 600000000000,
                                "update": 600000000000
                            },
                            "schema_version": "1"
                        },
                        "tainted": false
                    },
                    "deposed": [],
                    "provider": ""
                },
                "aws_route53_record.instance_route53_entry": {
                    "type": "aws_route53_record",
                    "depends_on": [
                        "aws_instance.instance"
                    ],
                    "primary": {
                        "id": "Z2IEUVQFSOSZOB_jump-box_A",
                        "attributes": {
                            "fqdn": "jump-box.websitepvt",
                            "health_check_id": "",
                            "id": "Z2IEUVQFSOSZOB_jump-box_A",
                            "name": "jump-box",
                            "records.#": "1",
                            "records.261281671": "10.10.5.90",
                            "set_identifier": "",
                            "ttl": "60",
                            "type": "A",
                            "zone_id": "Z2IEUVQFSOSZOB"
                        },
                        "meta": {
                            "schema_version": "2"
                        },
                        "tainted": false
                    },
                    "deposed": [],
                    "provider": ""
                }
            },
            "depends_on": []
        },
        {
            "path": [
                "root",
                "disha_mettl_in_env",
                "nfs_instance"
            ],
            "outputs": {},
            "resources": {
                "aws_cloudwatch_metric_alarm.instance_status_check": {
                    "type": "aws_cloudwatch_metric_alarm",
                    "depends_on": [
                        "aws_instance.instance"
                    ],
                    "primary": {
                        "id": "nfs-status-checks-failed-websitepvt",
                        "attributes": {
                            "actions_enabled": "true",
                            "alarm_actions.#": "1",
                            "alarm_actions.1013585629": "arn:aws:sns:ap-northeast-1:760572120597:disha-sns-websitepvt",
                            "alarm_description": "This metric monitors ec2 status checks",
                            "alarm_name": "nfs-status-checks-failed-websitepvt",
                            "comparison_operator": "GreaterThanOrEqualToThreshold",
                            "dimensions.%": "1",
                            "dimensions.InstanceId": "i-0014fef9c36eff947",
                            "evaluate_low_sample_count_percentiles": "",
                            "evaluation_periods": "1",
                            "extended_statistic": "",
                            "id": "nfs-status-checks-failed-websitepvt",
                            "insufficient_data_actions.#": "1",
                            "insufficient_data_actions.1013585629": "arn:aws:sns:ap-northeast-1:760572120597:disha-sns-websitepvt",
                            "metric_name": "StatusCheckFailed",
                            "namespace": "AWS/EC2",
                            "ok_actions.#": "1",
                            "ok_actions.1013585629": "arn:aws:sns:ap-northeast-1:760572120597:disha-sns-websitepvt",
                            "period": "60",
                            "statistic": "Average",
                            "threshold": "1",
                            "treat_missing_data": "missing",
                            "unit": ""
                        },
                        "meta": {
                            "schema_version": "1"
                        },
                        "tainted": false
                    },
                    "deposed": [],
                    "provider": ""
                },
                "aws_instance.instance": {
                    "type": "aws_instance",
                    "depends_on": [
                        "module.sg"
                    ],
                    "primary": {
                        "id": "i-0014fef9c36eff947",
                        "attributes": {
                            "ami": "ami-18c3167e",
                            "associate_public_ip_address": "false",
                            "availability_zone": "ap-northeast-1a",
                            "disable_api_termination": "false",
                            "ebs_block_device.#": "1",
                            "ebs_block_device.2616103959.delete_on_termination": "true",
                            "ebs_block_device.2616103959.device_name": "/dev/sdb",
                            "ebs_block_device.2616103959.encrypted": "false",
                            "ebs_block_device.2616103959.iops": "0",
                            "ebs_block_device.2616103959.snapshot_id": "snap-00db727640ec3e4e3",
                            "ebs_block_device.2616103959.volume_size": "30",
                            "ebs_block_device.2616103959.volume_type": "standard",
                            "ebs_optimized": "false",
                            "ephemeral_block_device.#": "0",
                            "iam_instance_profile": "instance-profile.websitepvt",
                            "id": "i-0014fef9c36eff947",
                            "instance_state": "running",
                            "instance_type": "t2.medium",
                            "ipv6_addresses.#": "0",
                            "key_name": "disha-india.websitepvt",
                            "monitoring": "false",
                            "network_interface.#": "0",
                            "network_interface_id": "eni-b953ca84",
                            "primary_network_interface_id": "eni-b953ca84",
                            "private_dns": "ip-10-10-1-87.ap-northeast-1.compute.internal",
                            "private_ip": "10.10.1.87",
                            "public_dns": "",
                            "public_ip": "",
                            "root_block_device.#": "1",
                            "root_block_device.0.delete_on_termination": "true",
                            "root_block_device.0.iops": "100",
                            "root_block_device.0.volume_size": "24",
                            "root_block_device.0.volume_type": "gp2",
                            "security_groups.#": "0",
                            "source_dest_check": "true",
                            "subnet_id": "subnet-6a00a523",
                            "tags.%": "3",
                            "tags.Cluster": "platform-core-server",
                            "tags.Environment": "websitepvt",
                            "tags.Name": "nfs.websitepvt",
                            "tenancy": "default",
                            "volume_tags.%": "1",
                            "volume_tags.Name": "nfs.websitepvt",
                            "vpc_security_group_ids.#": "2",
                            "vpc_security_group_ids.2449068200": "sg-69e3cd0f",
                            "vpc_security_group_ids.482342519": "sg-03fcd265"
                        },
                        "meta": {
                            "e2bfb730-ecaa-11e6-8f88-34363bc7c4c0": {
                                "create": 600000000000,
                                "delete": 600000000000,
                                "update": 600000000000
                            },
                            "schema_version": "1"
                        },
                        "tainted": false
                    },
                    "deposed": [],
                    "provider": ""
                },
                "aws_route53_record.instance_route53_entry": {
                    "type": "aws_route53_record",
                    "depends_on": [
                        "aws_instance.instance"
                    ],
                    "primary": {
                        "id": "Z2IEUVQFSOSZOB_nfs_A",
                        "attributes": {
                            "fqdn": "nfs.websitepvt",
                            "health_check_id": "",
                            "id": "Z2IEUVQFSOSZOB_nfs_A",
                            "name": "nfs",
                            "records.#": "1",
                            "records.126870578": "10.10.1.87",
                            "set_identifier": "",
                            "ttl": "60",
                            "type": "A",
                            "zone_id": "Z2IEUVQFSOSZOB"
                        },
                        "meta": {
                            "schema_version": "2"
                        },
                        "tainted": false
                    },
                    "deposed": [],
                    "provider": ""
                }
            },
            "depends_on": []
        },
        {
            "path": [
                "root",
                "disha_mettl_in_env",
                "pmgdisha_info_instance"
            ],
            "outputs": {},
            "resources": {
                "aws_cloudwatch_metric_alarm.instance_status_check": {
                    "type": "aws_cloudwatch_metric_alarm",
                    "depends_on": [
                        "aws_instance.instance"
                    ],
                    "primary": {
                        "id": "pmgdisha_info-status-checks-failed-websitepvt",
                        "attributes": {
                            "actions_enabled": "true",
                            "alarm_actions.#": "1",
                            "alarm_actions.1013585629": "arn:aws:sns:ap-northeast-1:760572120597:disha-sns-websitepvt",
                            "alarm_description": "This metric monitors ec2 status checks",
                            "alarm_name": "pmgdisha_info-status-checks-failed-websitepvt",
                            "comparison_operator": "GreaterThanOrEqualToThreshold",
                            "dimensions.%": "1",
                            "dimensions.InstanceId": "i-0b6403f1c420c31bd",
                            "evaluate_low_sample_count_percentiles": "",
                            "evaluation_periods": "1",
                            "extended_statistic": "",
                            "id": "pmgdisha_info-status-checks-failed-websitepvt",
                            "insufficient_data_actions.#": "1",
                            "insufficient_data_actions.1013585629": "arn:aws:sns:ap-northeast-1:760572120597:disha-sns-websitepvt",
                            "metric_name": "StatusCheckFailed",
                            "namespace": "AWS/EC2",
                            "ok_actions.#": "1",
                            "ok_actions.1013585629": "arn:aws:sns:ap-northeast-1:760572120597:disha-sns-websitepvt",
                            "period": "60",
                            "statistic": "Average",
                            "threshold": "1",
                            "treat_missing_data": "missing",
                            "unit": ""
                        },
                        "meta": {
                            "schema_version": "1"
                        },
                        "tainted": false
                    },
                    "deposed": [],
                    "provider": ""
                },
                "aws_instance.instance": {
                    "type": "aws_instance",
                    "depends_on": [
                        "module.sg"
                    ],
                    "primary": {
                        "id": "i-0b6403f1c420c31bd",
                        "attributes": {
                            "ami": "ami-18c3167e",
                            "associate_public_ip_address": "false",
                            "availability_zone": "ap-northeast-1a",
                            "disable_api_termination": "false",
                            "ebs_block_device.#": "1",
                            "ebs_block_device.2616103959.delete_on_termination": "true",
                            "ebs_block_device.2616103959.device_name": "/dev/sdb",
                            "ebs_block_device.2616103959.encrypted": "false",
                            "ebs_block_device.2616103959.iops": "0",
                            "ebs_block_device.2616103959.snapshot_id": "snap-00db727640ec3e4e3",
                            "ebs_block_device.2616103959.volume_size": "30",
                            "ebs_block_device.2616103959.volume_type": "standard",
                            "ebs_optimized": "false",
                            "ephemeral_block_device.#": "0",
                            "iam_instance_profile": "instance-profile.websitepvt",
                            "id": "i-0b6403f1c420c31bd",
                            "instance_state": "running",
                            "instance_type": "t2.micro",
                            "ipv6_addresses.#": "0",
                            "key_name": "disha-india.websitepvt",
                            "monitoring": "false",
                            "network_interface.#": "0",
                            "network_interface_id": "eni-6c452051",
                            "primary_network_interface_id": "eni-6c452051",
                            "private_dns": "ip-10-10-1-4.ap-northeast-1.compute.internal",
                            "private_ip": "10.10.1.4",
                            "public_dns": "",
                            "public_ip": "",
                            "root_block_device.#": "1",
                            "root_block_device.0.delete_on_termination": "true",
                            "root_block_device.0.iops": "100",
                            "root_block_device.0.volume_size": "24",
                            "root_block_device.0.volume_type": "gp2",
                            "security_groups.#": "0",
                            "source_dest_check": "true",
                            "subnet_id": "subnet-6a00a523",
                            "tags.%": "3",
                            "tags.Cluster": "disha",
                            "tags.Environment": "websitepvt",
                            "tags.Name": "pmgdisha_info.websitepvt",
                            "tenancy": "default",
                            "volume_tags.%": "1",
                            "volume_tags.Name": "pmgdisha_info.websitepvt",
                            "vpc_security_group_ids.#": "2",
                            "vpc_security_group_ids.2449068200": "sg-69e3cd0f",
                            "vpc_security_group_ids.3636308278": "sg-242b0342"
                        },
                        "meta": {
                            "e2bfb730-ecaa-11e6-8f88-34363bc7c4c0": {
                                "create": 600000000000,
                                "delete": 600000000000,
                                "update": 600000000000
                            },
                            "schema_version": "1"
                        },
                        "tainted": false
                    },
                    "deposed": [],
                    "provider": ""
                },
                "aws_route53_record.instance_route53_entry": {
                    "type": "aws_route53_record",
                    "depends_on": [
                        "aws_instance.instance"
                    ],
                    "primary": {
                        "id": "Z2IEUVQFSOSZOB_pmgdisha_info_A",
                        "attributes": {
                            "fqdn": "pmgdisha_info.websitepvt",
                            "health_check_id": "",
                            "id": "Z2IEUVQFSOSZOB_pmgdisha_info_A",
                            "name": "pmgdisha_info",
                            "records.#": "1",
                            "records.3841726270": "10.10.1.4",
                            "set_identifier": "",
                            "ttl": "60",
                            "type": "A",
                            "zone_id": "Z2IEUVQFSOSZOB"
                        },
                        "meta": {
                            "schema_version": "2"
                        },
                        "tainted": false
                    },
                    "deposed": [],
                    "provider": ""
                }
            },
            "depends_on": []
        },
        {
            "path": [
                "root",
                "disha_mettl_in_env",
                "redis_instance"
            ],
            "outputs": {},
            "resources": {
                "aws_cloudwatch_metric_alarm.instance_status_check": {
                    "type": "aws_cloudwatch_metric_alarm",
                    "depends_on": [
                        "aws_instance.instance"
                    ],
                    "primary": {
                        "id": "redis-status-checks-failed-websitepvt",
                        "attributes": {
                            "actions_enabled": "true",
                            "alarm_actions.#": "1",
                            "alarm_actions.1013585629": "arn:aws:sns:ap-northeast-1:760572120597:disha-sns-websitepvt",
                            "alarm_description": "This metric monitors ec2 status checks",
                            "alarm_name": "redis-status-checks-failed-websitepvt",
                            "comparison_operator": "GreaterThanOrEqualToThreshold",
                            "dimensions.%": "1",
                            "dimensions.InstanceId": "i-0abf9afe7b4ead9d0",
                            "evaluate_low_sample_count_percentiles": "",
                            "evaluation_periods": "1",
                            "extended_statistic": "",
                            "id": "redis-status-checks-failed-websitepvt",
                            "insufficient_data_actions.#": "1",
                            "insufficient_data_actions.1013585629": "arn:aws:sns:ap-northeast-1:760572120597:disha-sns-websitepvt",
                            "metric_name": "StatusCheckFailed",
                            "namespace": "AWS/EC2",
                            "ok_actions.#": "1",
                            "ok_actions.1013585629": "arn:aws:sns:ap-northeast-1:760572120597:disha-sns-websitepvt",
                            "period": "60",
                            "statistic": "Average",
                            "threshold": "1",
                            "treat_missing_data": "missing",
                            "unit": ""
                        },
                        "meta": {
                            "schema_version": "1"
                        },
                        "tainted": false
                    },
                    "deposed": [],
                    "provider": ""
                },
                "aws_instance.instance": {
                    "type": "aws_instance",
                    "depends_on": [
                        "module.sg"
                    ],
                    "primary": {
                        "id": "i-0abf9afe7b4ead9d0",
                        "attributes": {
                            "ami": "ami-18c3167e",
                            "associate_public_ip_address": "false",
                            "availability_zone": "ap-northeast-1a",
                            "disable_api_termination": "false",
                            "ebs_block_device.#": "1",
                            "ebs_block_device.2616103959.delete_on_termination": "true",
                            "ebs_block_device.2616103959.device_name": "/dev/sdb",
                            "ebs_block_device.2616103959.encrypted": "false",
                            "ebs_block_device.2616103959.iops": "0",
                            "ebs_block_device.2616103959.snapshot_id": "snap-00db727640ec3e4e3",
                            "ebs_block_device.2616103959.volume_size": "30",
                            "ebs_block_device.2616103959.volume_type": "standard",
                            "ebs_optimized": "false",
                            "ephemeral_block_device.#": "0",
                            "iam_instance_profile": "instance-profile.websitepvt",
                            "id": "i-0abf9afe7b4ead9d0",
                            "instance_state": "running",
                            "instance_type": "t2.micro",
                            "ipv6_addresses.#": "0",
                            "key_name": "disha-india.websitepvt",
                            "monitoring": "false",
                            "network_interface.#": "0",
                            "network_interface_id": "eni-9654cdab",
                            "primary_network_interface_id": "eni-9654cdab",
                            "private_dns": "ip-10-10-1-229.ap-northeast-1.compute.internal",
                            "private_ip": "10.10.1.229",
                            "public_dns": "",
                            "public_ip": "",
                            "root_block_device.#": "1",
                            "root_block_device.0.delete_on_termination": "true",
                            "root_block_device.0.iops": "100",
                            "root_block_device.0.volume_size": "24",
                            "root_block_device.0.volume_type": "gp2",
                            "security_groups.#": "0",
                            "source_dest_check": "true",
                            "subnet_id": "subnet-6a00a523",
                            "tags.%": "3",
                            "tags.Cluster": "platform-core-server",
                            "tags.Environment": "websitepvt",
                            "tags.Name": "redis.websitepvt",
                            "tenancy": "default",
                            "volume_tags.%": "1",
                            "volume_tags.Name": "redis.websitepvt",
                            "vpc_security_group_ids.#": "2",
                            "vpc_security_group_ids.1224584376": "sg-e4fed082",
                            "vpc_security_group_ids.2449068200": "sg-69e3cd0f"
                        },
                        "meta": {
                            "e2bfb730-ecaa-11e6-8f88-34363bc7c4c0": {
                                "create": 600000000000,
                                "delete": 600000000000,
                                "update": 600000000000
                            },
                            "schema_version": "1"
                        },
                        "tainted": false
                    },
                    "deposed": [],
                    "provider": ""
                },
                "aws_route53_record.instance_route53_entry": {
                    "type": "aws_route53_record",
                    "depends_on": [
                        "aws_instance.instance"
                    ],
                    "primary": {
                        "id": "Z2IEUVQFSOSZOB_redis_A",
                        "attributes": {
                            "fqdn": "redis.websitepvt",
                            "health_check_id": "",
                            "id": "Z2IEUVQFSOSZOB_redis_A",
                            "name": "redis",
                            "records.#": "1",
                            "records.892848242": "10.10.1.229",
                            "set_identifier": "",
                            "ttl": "60",
                            "type": "A",
                            "zone_id": "Z2IEUVQFSOSZOB"
                        },
                        "meta": {
                            "schema_version": "2"
                        },
                        "tainted": false
                    },
                    "deposed": [],
                    "provider": ""
                }
            },
            "depends_on": []
        },
        {
            "path": [
                "root",
                "disha_mettl_in_env",
                "reporting_database_updator_instance"
            ],
            "outputs": {},
            "resources": {
                "aws_cloudwatch_metric_alarm.instance_status_check": {
                    "type": "aws_cloudwatch_metric_alarm",
                    "depends_on": [
                        "aws_instance.instance-without-special-sg"
                    ],
                    "primary": {
                        "id": "reporting-database-updator-status-checks-failed-websitepvt",
                        "attributes": {
                            "actions_enabled": "true",
                            "alarm_actions.#": "1",
                            "alarm_actions.1013585629": "arn:aws:sns:ap-northeast-1:760572120597:disha-sns-websitepvt",
                            "alarm_description": "This metric monitors ec2 status checks",
                            "alarm_name": "reporting-database-updator-status-checks-failed-websitepvt",
                            "comparison_operator": "GreaterThanOrEqualToThreshold",
                            "dimensions.%": "1",
                            "dimensions.InstanceId": "i-04c21e7e8df2e3860",
                            "evaluate_low_sample_count_percentiles": "",
                            "evaluation_periods": "1",
                            "extended_statistic": "",
                            "id": "reporting-database-updator-status-checks-failed-websitepvt",
                            "insufficient_data_actions.#": "1",
                            "insufficient_data_actions.1013585629": "arn:aws:sns:ap-northeast-1:760572120597:disha-sns-websitepvt",
                            "metric_name": "StatusCheckFailed",
                            "namespace": "AWS/EC2",
                            "ok_actions.#": "1",
                            "ok_actions.1013585629": "arn:aws:sns:ap-northeast-1:760572120597:disha-sns-websitepvt",
                            "period": "60",
                            "statistic": "Average",
                            "threshold": "1",
                            "treat_missing_data": "missing",
                            "unit": ""
                        },
                        "meta": {
                            "schema_version": "1"
                        },
                        "tainted": false
                    },
                    "deposed": [],
                    "provider": ""
                },
                "aws_instance.instance-without-special-sg": {
                    "type": "aws_instance",
                    "depends_on": [],
                    "primary": {
                        "id": "i-04c21e7e8df2e3860",
                        "attributes": {
                            "ami": "ami-18c3167e",
                            "associate_public_ip_address": "false",
                            "availability_zone": "ap-northeast-1a",
                            "disable_api_termination": "false",
                            "ebs_block_device.#": "1",
                            "ebs_block_device.2616103959.delete_on_termination": "true",
                            "ebs_block_device.2616103959.device_name": "/dev/sdb",
                            "ebs_block_device.2616103959.encrypted": "false",
                            "ebs_block_device.2616103959.iops": "0",
                            "ebs_block_device.2616103959.snapshot_id": "snap-00db727640ec3e4e3",
                            "ebs_block_device.2616103959.volume_size": "30",
                            "ebs_block_device.2616103959.volume_type": "standard",
                            "ebs_optimized": "false",
                            "ephemeral_block_device.#": "0",
                            "iam_instance_profile": "instance-profile.websitepvt",
                            "id": "i-04c21e7e8df2e3860",
                            "instance_state": "running",
                            "instance_type": "t2.micro",
                            "ipv6_addresses.#": "0",
                            "key_name": "disha-india.websitepvt",
                            "monitoring": "false",
                            "network_interface.#": "0",
                            "network_interface_id": "eni-75f9ec48",
                            "primary_network_interface_id": "eni-75f9ec48",
                            "private_dns": "ip-10-10-1-225.ap-northeast-1.compute.internal",
                            "private_ip": "10.10.1.225",
                            "public_dns": "",
                            "public_ip": "",
                            "root_block_device.#": "1",
                            "root_block_device.0.delete_on_termination": "true",
                            "root_block_device.0.iops": "100",
                            "root_block_device.0.volume_size": "24",
                            "root_block_device.0.volume_type": "gp2",
                            "security_groups.#": "0",
                            "source_dest_check": "true",
                            "subnet_id": "subnet-6a00a523",
                            "tags.%": "3",
                            "tags.Cluster": "disha",
                            "tags.Environment": "websitepvt",
                            "tags.Name": "reporting-database-updator.websitepvt",
                            "tenancy": "default",
                            "volume_tags.%": "1",
                            "volume_tags.Name": "reporting-database-updator.websitepvt",
                            "vpc_security_group_ids.#": "1",
                            "vpc_security_group_ids.2449068200": "sg-69e3cd0f"
                        },
                        "meta": {
                            "e2bfb730-ecaa-11e6-8f88-34363bc7c4c0": {
                                "create": 600000000000,
                                "delete": 600000000000,
                                "update": 600000000000
                            },
                            "schema_version": "1"
                        },
                        "tainted": false
                    },
                    "deposed": [],
                    "provider": ""
                },
                "aws_route53_record.instance_route53_entry": {
                    "type": "aws_route53_record",
                    "depends_on": [
                        "aws_instance.instance-without-special-sg"
                    ],
                    "primary": {
                        "id": "Z2IEUVQFSOSZOB_reporting-database-updator_A",
                        "attributes": {
                            "fqdn": "reporting-database-updator.websitepvt",
                            "health_check_id": "",
                            "id": "Z2IEUVQFSOSZOB_reporting-database-updator_A",
                            "name": "reporting-database-updator",
                            "records.#": "1",
                            "records.1015120985": "10.10.1.225",
                            "set_identifier": "",
                            "ttl": "60",
                            "type": "A",
                            "zone_id": "Z2IEUVQFSOSZOB"
                        },
                        "meta": {
                            "schema_version": "2"
                        },
                        "tainted": false
                    },
                    "deposed": [],
                    "provider": ""
                }
            },
            "depends_on": []
        },
        {
            "path": [
                "root",
                "disha_mettl_in_env",
                "s3_bucket"
            ],
            "outputs": {},
            "resources": {
                "aws_s3_bucket.bucket": {
                    "type": "aws_s3_bucket",
                    "depends_on": [],
                    "primary": {
                        "id": "first-bucket-by-terraform-websitepvt",
                        "attributes": {
                            "acceleration_status": "",
                            "acl": "private",
                            "arn": "arn:aws:s3:::first-bucket-by-terraform-websitepvt",
                            "bucket": "first-bucket-by-terraform-websitepvt",
                            "bucket_domain_name": "first-bucket-by-terraform-websitepvt.s3.amazonaws.com",
                            "force_destroy": "false",
                            "hosted_zone_id": "Z2M4EHUR26P7ZW",
                            "id": "first-bucket-by-terraform-websitepvt",
                            "logging.#": "0",
                            "region": "ap-northeast-1",
                            "request_payer": "BucketOwner",
                            "tags.%": "0",
                            "versioning.#": "1",
                            "versioning.0.enabled": "false",
                            "versioning.0.mfa_delete": "false",
                            "website.#": "0"
                        },
                        "meta": {},
                        "tainted": false
                    },
                    "deposed": [],
                    "provider": ""
                }
            },
            "depends_on": []
        },
        {
            "path": [
                "root",
                "disha_mettl_in_env",
                "ses_rule"
            ],
            "outputs": {},
            "resources": {
                "aws_ses_receipt_rule.ses_rule": {
                    "type": "aws_ses_receipt_rule",
                    "depends_on": [],
                    "primary": {
                        "id": "website-pmgdishamail-in",
                        "attributes": {
                            "add_header_action.#": "0",
                            "bounce_action.#": "0",
                            "enabled": "true",
                            "id": "website-pmgdishamail-in",
                            "lambda_action.#": "0",
                            "name": "website-pmgdishamail-in",
                            "recipients.#": "1",
                            "recipients.3525699056": "goahead@website.pmgdishamail.in",
                            "rule_set_name": "default-rule-set",
                            "s3_action.#": "1",
                            "s3_action.4125587475.bucket_name": "disha-email-websitepvt",
                            "s3_action.4125587475.kms_key_arn": "",
                            "s3_action.4125587475.object_key_prefix": "goahead/",
                            "s3_action.4125587475.position": "1",
                            "s3_action.4125587475.topic_arn": "",
                            "scan_enabled": "true",
                            "sns_action.#": "0",
                            "stop_action.#": "0",
                            "tls_policy": "Optional",
                            "workmail_action.#": "0"
                        },
                        "meta": {},
                        "tainted": false
                    },
                    "deposed": [],
                    "provider": "aws.aws_ses"
                }
            },
            "depends_on": []
        },
        {
            "path": [
                "root",
                "disha_mettl_in_env",
                "sqs"
            ],
            "outputs": {
                "sqs_arn": {
                    "sensitive": false,
                    "type": "string",
                    "value": "arn:aws:sqs:ap-northeast-1:760572120597:pmgdisha-website-first-sqs-by-terraform"
                }
            },
            "resources": {},
            "depends_on": []
        },
        {
            "path": [
                "root",
                "disha_mettl_in_env",
                "sqs_certificate"
            ],
            "outputs": {},
            "resources": {
                "aws_sqs_queue.sqs": {
                    "type": "aws_sqs_queue",
                    "depends_on": [],
                    "primary": {
                        "id": "https://sqs.ap-northeast-1.amazonaws.com/760572120597/pmgdisha-website-certificate",
                        "attributes": {
                            "arn": "arn:aws:sqs:ap-northeast-1:760572120597:pmgdisha-website-certificate",
                            "content_based_deduplication": "false",
                            "delay_seconds": "0",
                            "fifo_queue": "false",
                            "id": "https://sqs.ap-northeast-1.amazonaws.com/760572120597/pmgdisha-website-certificate",
                            "max_message_size": "256000",
                            "message_retention_seconds": "345600",
                            "name": "pmgdisha-website-certificate",
                            "receive_wait_time_seconds": "0",
                            "tags.%": "0",
                            "visibility_timeout_seconds": "30"
                        },
                        "meta": {},
                        "tainted": false
                    },
                    "deposed": [],
                    "provider": ""
                }
            },
            "depends_on": []
        },
        {
            "path": [
                "root",
                "disha_mettl_in_env",
                "sqs_certificate_status"
            ],
            "outputs": {},
            "resources": {
                "aws_sqs_queue.sqs": {
                    "type": "aws_sqs_queue",
                    "depends_on": [],
                    "primary": {
                        "id": "https://sqs.ap-northeast-1.amazonaws.com/760572120597/pmgdisha-website-certificate-status",
                        "attributes": {
                            "arn": "arn:aws:sqs:ap-northeast-1:760572120597:pmgdisha-website-certificate-status",
                            "content_based_deduplication": "false",
                            "delay_seconds": "0",
                            "fifo_queue": "false",
                            "id": "https://sqs.ap-northeast-1.amazonaws.com/760572120597/pmgdisha-website-certificate-status",
                            "max_message_size": "256000",
                            "message_retention_seconds": "345600",
                            "name": "pmgdisha-website-certificate-status",
                            "receive_wait_time_seconds": "0",
                            "tags.%": "0",
                            "visibility_timeout_seconds": "30"
                        },
                        "meta": {},
                        "tainted": false
                    },
                    "deposed": [],
                    "provider": ""
                }
            },
            "depends_on": []
        },
        {
            "path": [
                "root",
                "disha_mettl_in_env",
                "sqs_disha_web"
            ],
            "outputs": {
                "sqs_arn": {
                    "sensitive": false,
                    "type": "string",
                    "value": "arn:aws:sqs:ap-northeast-1:760572120597:pmgdisha-website-disha-excel-reports"
                }
            },
            "resources": {},
            "depends_on": []
        },
        {
            "path": [
                "root",
                "disha_mettl_in_env",
                "sqs_eligibility"
            ],
            "outputs": {},
            "resources": {
                "aws_sqs_queue.sqs": {
                    "type": "aws_sqs_queue",
                    "depends_on": [],
                    "primary": {
                        "id": "https://sqs.ap-northeast-1.amazonaws.com/760572120597/pmgdisha-website-ses-email",
                        "attributes": {
                            "arn": "arn:aws:sqs:ap-northeast-1:760572120597:pmgdisha-website-ses-email",
                            "content_based_deduplication": "false",
                            "delay_seconds": "0",
                            "fifo_queue": "false",
                            "id": "https://sqs.ap-northeast-1.amazonaws.com/760572120597/pmgdisha-website-ses-email",
                            "max_message_size": "256000",
                            "message_retention_seconds": "345600",
                            "name": "pmgdisha-website-ses-email",
                            "policy": "{\"Version\":\"2008-10-17\",\"Id\":\"example-ID\",\"Statement\":[{\"Sid\":\"example-statement-ID\",\"Effect\":\"Allow\",\"Principal\":{\"AWS\":\"*\"},\"Action\":\"SQS:SendMessage\",\"Resource\":\"arn:aws:sqs:ap-northeast-1:760572120597:pmgdisha-website-ses-email\",\"Condition\":{\"ArnLike\":{\"aws:SourceArn\":\"arn:aws:s3:*:*:disha-email-websitepvt\"}}}]}",
                            "receive_wait_time_seconds": "0",
                            "tags.%": "0",
                            "visibility_timeout_seconds": "30"
                        },
                        "meta": {},
                        "tainted": false
                    },
                    "deposed": [],
                    "provider": ""
                }
            },
            "depends_on": []
        },
        {
            "path": [
                "root",
                "disha_mettl_in_env",
                "sqs_eligibility_mail"
            ],
            "outputs": {},
            "resources": {
                "aws_sqs_queue.sqs": {
                    "type": "aws_sqs_queue",
                    "depends_on": [],
                    "primary": {
                        "id": "https://sqs.ap-northeast-1.amazonaws.com/760572120597/pmgdisha-website-emailid-verification",
                        "attributes": {
                            "arn": "arn:aws:sqs:ap-northeast-1:760572120597:pmgdisha-website-emailid-verification",
                            "content_based_deduplication": "false",
                            "delay_seconds": "0",
                            "fifo_queue": "false",
                            "id": "https://sqs.ap-northeast-1.amazonaws.com/760572120597/pmgdisha-website-emailid-verification",
                            "max_message_size": "256000",
                            "message_retention_seconds": "345600",
                            "name": "pmgdisha-website-emailid-verification",
                            "receive_wait_time_seconds": "0",
                            "tags.%": "0",
                            "visibility_timeout_seconds": "30"
                        },
                        "meta": {},
                        "tainted": false
                    },
                    "deposed": [],
                    "provider": ""
                }
            },
            "depends_on": []
        },
        {
            "path": [
                "root",
                "disha_mettl_in_env",
                "sqs_excel_reports"
            ],
            "outputs": {},
            "resources": {
                "aws_sqs_queue.sqs": {
                    "type": "aws_sqs_queue",
                    "depends_on": [],
                    "primary": {
                        "id": "https://sqs.ap-northeast-1.amazonaws.com/760572120597/pmgdisha-website-excel-reports",
                        "attributes": {
                            "arn": "arn:aws:sqs:ap-northeast-1:760572120597:pmgdisha-website-excel-reports",
                            "content_based_deduplication": "false",
                            "delay_seconds": "0",
                            "fifo_queue": "false",
                            "id": "https://sqs.ap-northeast-1.amazonaws.com/760572120597/pmgdisha-website-excel-reports",
                            "max_message_size": "256000",
                            "message_retention_seconds": "345600",
                            "name": "pmgdisha-website-excel-reports",
                            "receive_wait_time_seconds": "0",
                            "tags.%": "0",
                            "visibility_timeout_seconds": "30"
                        },
                        "meta": {},
                        "tainted": false
                    },
                    "deposed": [],
                    "provider": ""
                }
            },
            "depends_on": []
        },
        {
            "path": [
                "root",
                "disha_mettl_in_env",
                "sqs_lambda_execution_rate_limiter"
            ],
            "outputs": {},
            "resources": {
                "aws_sqs_queue.sqs": {
                    "type": "aws_sqs_queue",
                    "depends_on": [],
                    "primary": {
                        "id": "https://sqs.ap-northeast-1.amazonaws.com/760572120597/pmgdisha-website-lambda-execution-rate-limiter-queue",
                        "attributes": {
                            "arn": "arn:aws:sqs:ap-northeast-1:760572120597:pmgdisha-website-lambda-execution-rate-limiter-queue",
                            "content_based_deduplication": "false",
                            "delay_seconds": "0",
                            "fifo_queue": "false",
                            "id": "https://sqs.ap-northeast-1.amazonaws.com/760572120597/pmgdisha-website-lambda-execution-rate-limiter-queue",
                            "max_message_size": "256000",
                            "message_retention_seconds": "345600",
                            "name": "pmgdisha-website-lambda-execution-rate-limiter-queue",
                            "receive_wait_time_seconds": "0",
                            "tags.%": "0",
                            "visibility_timeout_seconds": "30"
                        },
                        "meta": {},
                        "tainted": false
                    },
                    "deposed": [],
                    "provider": ""
                }
            },
            "depends_on": []
        },
        {
            "path": [
                "root",
                "disha_mettl_in_env",
                "student_certificates"
            ],
            "outputs": {},
            "resources": {
                "aws_s3_bucket.bucket": {
                    "type": "aws_s3_bucket",
                    "depends_on": [],
                    "primary": {
                        "id": "student-certificates-websitepvt",
                        "attributes": {
                            "acceleration_status": "",
                            "acl": "private",
                            "arn": "arn:aws:s3:::student-certificates-websitepvt",
                            "bucket": "student-certificates-websitepvt",
                            "bucket_domain_name": "student-certificates-websitepvt.s3.amazonaws.com",
                            "force_destroy": "false",
                            "hosted_zone_id": "Z2M4EHUR26P7ZW",
                            "id": "student-certificates-websitepvt",
                            "logging.#": "0",
                            "region": "ap-northeast-1",
                            "request_payer": "BucketOwner",
                            "tags.%": "0",
                            "versioning.#": "1",
                            "versioning.0.enabled": "false",
                            "versioning.0.mfa_delete": "false",
                            "website.#": "0"
                        },
                        "meta": {},
                        "tainted": false
                    },
                    "deposed": [],
                    "provider": ""
                }
            },
            "depends_on": []
        },
        {
            "path": [
                "root",
                "disha_mettl_in_env",
                "username_disha_instance"
            ],
            "outputs": {},
            "resources": {
                "aws_cloudwatch_metric_alarm.instance_status_check": {
                    "type": "aws_cloudwatch_metric_alarm",
                    "depends_on": [
                        "aws_instance.instance"
                    ],
                    "primary": {
                        "id": "disha-username-status-checks-failed-websitepvt",
                        "attributes": {
                            "actions_enabled": "true",
                            "alarm_actions.#": "1",
                            "alarm_actions.1013585629": "arn:aws:sns:ap-northeast-1:760572120597:disha-sns-websitepvt",
                            "alarm_description": "This metric monitors ec2 status checks",
                            "alarm_name": "disha-username-status-checks-failed-websitepvt",
                            "comparison_operator": "GreaterThanOrEqualToThreshold",
                            "dimensions.%": "1",
                            "dimensions.InstanceId": "i-0c04727f28e2b69e9",
                            "evaluate_low_sample_count_percentiles": "",
                            "evaluation_periods": "1",
                            "extended_statistic": "",
                            "id": "disha-username-status-checks-failed-websitepvt",
                            "insufficient_data_actions.#": "1",
                            "insufficient_data_actions.1013585629": "arn:aws:sns:ap-northeast-1:760572120597:disha-sns-websitepvt",
                            "metric_name": "StatusCheckFailed",
                            "namespace": "AWS/EC2",
                            "ok_actions.#": "1",
                            "ok_actions.1013585629": "arn:aws:sns:ap-northeast-1:760572120597:disha-sns-websitepvt",
                            "period": "60",
                            "statistic": "Average",
                            "threshold": "1",
                            "treat_missing_data": "missing",
                            "unit": ""
                        },
                        "meta": {
                            "schema_version": "1"
                        },
                        "tainted": false
                    },
                    "deposed": [],
                    "provider": ""
                },
                "aws_instance.instance": {
                    "type": "aws_instance",
                    "depends_on": [
                        "module.sg"
                    ],
                    "primary": {
                        "id": "i-0c04727f28e2b69e9",
                        "attributes": {
                            "ami": "ami-18c3167e",
                            "associate_public_ip_address": "false",
                            "availability_zone": "ap-northeast-1a",
                            "disable_api_termination": "false",
                            "ebs_block_device.#": "1",
                            "ebs_block_device.2616103959.delete_on_termination": "true",
                            "ebs_block_device.2616103959.device_name": "/dev/sdb",
                            "ebs_block_device.2616103959.encrypted": "false",
                            "ebs_block_device.2616103959.iops": "0",
                            "ebs_block_device.2616103959.snapshot_id": "snap-00db727640ec3e4e3",
                            "ebs_block_device.2616103959.volume_size": "30",
                            "ebs_block_device.2616103959.volume_type": "standard",
                            "ebs_optimized": "false",
                            "ephemeral_block_device.#": "0",
                            "iam_instance_profile": "instance-profile.websitepvt",
                            "id": "i-0c04727f28e2b69e9",
                            "instance_state": "running",
                            "instance_type": "t2.micro",
                            "ipv6_addresses.#": "0",
                            "key_name": "disha-india.websitepvt",
                            "monitoring": "false",
                            "network_interface.#": "0",
                            "network_interface_id": "eni-c64722fb",
                            "primary_network_interface_id": "eni-c64722fb",
                            "private_dns": "ip-10-10-1-177.ap-northeast-1.compute.internal",
                            "private_ip": "10.10.1.177",
                            "public_dns": "",
                            "public_ip": "",
                            "root_block_device.#": "1",
                            "root_block_device.0.delete_on_termination": "true",
                            "root_block_device.0.iops": "100",
                            "root_block_device.0.volume_size": "24",
                            "root_block_device.0.volume_type": "gp2",
                            "security_groups.#": "0",
                            "source_dest_check": "true",
                            "subnet_id": "subnet-6a00a523",
                            "tags.%": "3",
                            "tags.Cluster": "disha",
                            "tags.Environment": "websitepvt",
                            "tags.Name": "disha-username.websitepvt",
                            "tenancy": "default",
                            "volume_tags.%": "1",
                            "volume_tags.Name": "disha-username.websitepvt",
                            "vpc_security_group_ids.#": "2",
                            "vpc_security_group_ids.2449068200": "sg-69e3cd0f",
                            "vpc_security_group_ids.4243925182": "sg-ff557d99"
                        },
                        "meta": {
                            "e2bfb730-ecaa-11e6-8f88-34363bc7c4c0": {
                                "create": 600000000000,
                                "delete": 600000000000,
                                "update": 600000000000
                            },
                            "schema_version": "1"
                        },
                        "tainted": false
                    },
                    "deposed": [],
                    "provider": ""
                },
                "aws_route53_record.instance_route53_entry": {
                    "type": "aws_route53_record",
                    "depends_on": [
                        "aws_instance.instance"
                    ],
                    "primary": {
                        "id": "Z2IEUVQFSOSZOB_disha-username_A",
                        "attributes": {
                            "fqdn": "disha-username.websitepvt",
                            "health_check_id": "",
                            "id": "Z2IEUVQFSOSZOB_disha-username_A",
                            "name": "disha-username",
                            "records.#": "1",
                            "records.2914955113": "10.10.1.177",
                            "set_identifier": "",
                            "ttl": "60",
                            "type": "A",
                            "zone_id": "Z2IEUVQFSOSZOB"
                        },
                        "meta": {
                            "schema_version": "2"
                        },
                        "tainted": false
                    },
                    "deposed": [],
                    "provider": ""
                }
            },
            "depends_on": []
        },
        {
            "path": [
                "root",
                "disha_mettl_in_env",
                "vpc"
            ],
            "outputs": {},
            "resources": {
                "aws_internet_gateway.igw": {
                    "type": "aws_internet_gateway",
                    "depends_on": [
                        "aws_vpc.vpc"
                    ],
                    "primary": {
                        "id": "igw-2209d146",
                        "attributes": {
                            "id": "igw-2209d146",
                            "tags.%": "1",
                            "tags.Name": "igw.websitepvt",
                            "vpc_id": "vpc-7aa9ab1e"
                        },
                        "meta": {},
                        "tainted": false
                    },
                    "deposed": [],
                    "provider": ""
                },
                "aws_key_pair.auth": {
                    "type": "aws_key_pair",
                    "depends_on": [],
                    "primary": {
                        "id": "disha-india.websitepvt",
                        "attributes": {
                            "fingerprint": "44:a0:07:30:6e:e0:4c:c3:22:fd:8b:13:99:7c:44:3c",
                            "id": "disha-india.websitepvt",
                            "key_name": "disha-india.websitepvt",
                            "public_key": "ssh-rsa AAAAB3NzaC1yc2EAAAADAQABAAABAQDVAzyzuSQ7HN3OPZjk2tf/PizSOctHodw4S55Nkt1iyfPn84IkBwd2ZIBYRA+X+aAeWF2WuNCh3VJm8drsGZLi18ahqXhSuN5hrrrnVrZNYmdmjQYPxxQfbLUgZvjovngc1F9FbPyxwI/zdxCvq5YbFZE7GBhfuVyDc276dVLQkq9mGFcKl3tkaWwVKp93a8OTTr8jfuos+eqaJ2a6AC8ckkgjPskwfnEnwBeHAZ+g4QwS4qXMnCmduro4Nxfd08XUeJ46ST4epBI4dhvwFTBcETJIhxTtLtt7F5RlslcG18VDLEKcseLC1wA9mw0x+R45s7B2KFhP2LZVPfCjascV"
                        },
                        "meta": {
                            "schema_version": "1"
                        },
                        "tainted": false
                    },
                    "deposed": [],
                    "provider": ""
                },
                "aws_nat_gateway.nat_gateway": {
                    "type": "aws_nat_gateway",
                    "depends_on": [
                        "aws_subnet.public_subnet"
                    ],
                    "primary": {
                        "id": "nat-0c43b227ceb133451",
                        "attributes": {
                            "allocation_id": "eipalloc-96d4bfac",
                            "id": "nat-0c43b227ceb133451",
                            "network_interface_id": "eni-8f57ceb2",
                            "private_ip": "10.10.5.230",
                            "public_ip": "52.192.56.118",
                            "subnet_id": "subnet-390faa70",
                            "tags.%": "0"
                        },
                        "meta": {},
                        "tainted": false
                    },
                    "deposed": [],
                    "provider": ""
                },
                "aws_route53_zone.private_dns_zone": {
                    "type": "aws_route53_zone",
                    "depends_on": [
                        "aws_vpc.vpc"
                    ],
                    "primary": {
                        "id": "Z2IEUVQFSOSZOB",
                        "attributes": {
                            "comment": "Managed by Terraform",
                            "force_destroy": "false",
                            "id": "Z2IEUVQFSOSZOB",
                            "name": "websitepvt",
                            "name_servers.#": "4",
                            "name_servers.0": "ns-0.awsdns-00.com.",
                            "name_servers.1": "ns-1024.awsdns-00.org.",
                            "name_servers.2": "ns-1536.awsdns-00.co.uk.",
                            "name_servers.3": "ns-512.awsdns-00.net.",
                            "tags.%": "0",
                            "vpc_id": "vpc-7aa9ab1e",
                            "vpc_region": "ap-northeast-1",
                            "zone_id": "Z2IEUVQFSOSZOB"
                        },
                        "meta": {},
                        "tainted": false
                    },
                    "deposed": [],
                    "provider": ""
                },
                "aws_route53_zone.public_dns_zone": {
                    "type": "aws_route53_zone",
                    "depends_on": [],
                    "primary": {
                        "id": "ZM3GYRSPUAUW9",
                        "attributes": {
                            "comment": "Managed by Terraform",
                            "force_destroy": "false",
                            "id": "ZM3GYRSPUAUW9",
                            "name": "pmgdisha.website",
                            "name_servers.#": "4",
                            "name_servers.0": "ns-1174.awsdns-18.org",
                            "name_servers.1": "ns-1539.awsdns-00.co.uk",
                            "name_servers.2": "ns-187.awsdns-23.com",
                            "name_servers.3": "ns-765.awsdns-31.net",
                            "tags.%": "0",
                            "zone_id": "ZM3GYRSPUAUW9"
                        },
                        "meta": {},
                        "tainted": false
                    },
                    "deposed": [],
                    "provider": ""
                },
                "aws_route_table.private_subnet_route": {
                    "type": "aws_route_table",
                    "depends_on": [
                        "aws_nat_gateway.nat_gateway",
                        "aws_vpc.vpc"
                    ],
                    "primary": {
                        "id": "rtb-c18b38a6",
                        "attributes": {
                            "id": "rtb-c18b38a6",
                            "propagating_vgws.#": "0",
                            "route.#": "1",
                            "route.59098686.cidr_block": "0.0.0.0/0",
                            "route.59098686.egress_only_gateway_id": "",
                            "route.59098686.gateway_id": "",
                            "route.59098686.instance_id": "",
                            "route.59098686.ipv6_cidr_block": "",
                            "route.59098686.nat_gateway_id": "nat-0c43b227ceb133451",
                            "route.59098686.network_interface_id": "",
                            "route.59098686.vpc_peering_connection_id": "",
                            "tags.%": "1",
                            "tags.Name": "private_subnet_route.websitepvt",
                            "vpc_id": "vpc-7aa9ab1e"
                        },
                        "meta": {},
                        "tainted": false
                    },
                    "deposed": [],
                    "provider": ""
                },
                "aws_route_table.public_subnet_route": {
                    "type": "aws_route_table",
                    "depends_on": [
                        "aws_internet_gateway.igw",
                        "aws_vpc.vpc"
                    ],
                    "primary": {
                        "id": "rtb-c0893aa7",
                        "attributes": {
                            "id": "rtb-c0893aa7",
                            "propagating_vgws.#": "0",
                            "route.#": "1",
                            "route.3689939550.cidr_block": "0.0.0.0/0",
                            "route.3689939550.egress_only_gateway_id": "",
                            "route.3689939550.gateway_id": "igw-2209d146",
                            "route.3689939550.instance_id": "",
                            "route.3689939550.ipv6_cidr_block": "",
                            "route.3689939550.nat_gateway_id": "",
                            "route.3689939550.network_interface_id": "",
                            "route.3689939550.vpc_peering_connection_id": "",
                            "tags.%": "1",
                            "tags.Name": "public_subnet_route.websitepvt",
                            "vpc_id": "vpc-7aa9ab1e"
                        },
                        "meta": {},
                        "tainted": false
                    },
                    "deposed": [],
                    "provider": ""
                },
                "aws_route_table_association.additional_application_subnet_route": {
                    "type": "aws_route_table_association",
                    "depends_on": [
                        "aws_route_table.private_subnet_route",
                        "aws_subnet.additional_application_subnet"
                    ],
                    "primary": {
                        "id": "rtbassoc-6d01f60b",
                        "attributes": {
                            "id": "rtbassoc-6d01f60b",
                            "route_table_id": "rtb-c18b38a6",
                            "subnet_id": "subnet-ec7b64b4"
                        },
                        "meta": {},
                        "tainted": false
                    },
                    "deposed": [],
                    "provider": ""
                },
                "aws_route_table_association.additional_maintenance_subnet_route": {
                    "type": "aws_route_table_association",
                    "depends_on": [
                        "aws_route_table.private_subnet_route",
                        "aws_subnet.additional_maintenance_subnet"
                    ],
                    "primary": {
                        "id": "rtbassoc-5600f730",
                        "attributes": {
                            "id": "rtbassoc-5600f730",
                            "route_table_id": "rtb-c18b38a6",
                            "subnet_id": "subnet-6e7c6336"
                        },
                        "meta": {},
                        "tainted": false
                    },
                    "deposed": [],
                    "provider": ""
                },
                "aws_route_table_association.additional_public_subnet_route": {
                    "type": "aws_route_table_association",
                    "depends_on": [
                        "aws_route_table.public_subnet_route",
                        "aws_subnet.additional_public_subnet"
                    ],
                    "primary": {
                        "id": "rtbassoc-6404f302",
                        "attributes": {
                            "id": "rtbassoc-6404f302",
                            "route_table_id": "rtb-c0893aa7",
                            "subnet_id": "subnet-877a65df"
                        },
                        "meta": {},
                        "tainted": false
                    },
                    "deposed": [],
                    "provider": ""
                },
                "aws_route_table_association.application_subnet_route": {
                    "type": "aws_route_table_association",
                    "depends_on": [
                        "aws_route_table.private_subnet_route",
                        "aws_subnet.application_subnet"
                    ],
                    "primary": {
                        "id": "rtbassoc-e906f18f",
                        "attributes": {
                            "id": "rtbassoc-e906f18f",
                            "route_table_id": "rtb-c18b38a6",
                            "subnet_id": "subnet-6a00a523"
                        },
                        "meta": {},
                        "tainted": false
                    },
                    "deposed": [],
                    "provider": ""
                },
                "aws_route_table_association.maintenance_subnet_route": {
                    "type": "aws_route_table_association",
                    "depends_on": [
                        "aws_route_table.private_subnet_route",
                        "aws_subnet.maintenance_subnet"
                    ],
                    "primary": {
                        "id": "rtbassoc-5805f23e",
                        "attributes": {
                            "id": "rtbassoc-5805f23e",
                            "route_table_id": "rtb-c18b38a6",
                            "subnet_id": "subnet-3700a57e"
                        },
                        "meta": {},
                        "tainted": false
                    },
                    "deposed": [],
                    "provider": ""
                },
                "aws_route_table_association.public_subnet_route": {
                    "type": "aws_route_table_association",
                    "depends_on": [
                        "aws_route_table.public_subnet_route",
                        "aws_subnet.public_subnet"
                    ],
                    "primary": {
                        "id": "rtbassoc-ea03f48c",
                        "attributes": {
                            "id": "rtbassoc-ea03f48c",
                            "route_table_id": "rtb-c0893aa7",
                            "subnet_id": "subnet-390faa70"
                        },
                        "meta": {},
                        "tainted": false
                    },
                    "deposed": [],
                    "provider": ""
                },
                "aws_security_group.default-sg": {
                    "type": "aws_security_group",
                    "depends_on": [
                        "aws_vpc.vpc"
                    ],
                    "primary": {
                        "id": "sg-c5e0cea3",
                        "attributes": {
                            "description": "Added as it is mandatory for instance module to have 2 sgs",
                            "egress.#": "1",
                            "egress.482069346.cidr_blocks.#": "1",
                            "egress.482069346.cidr_blocks.0": "0.0.0.0/0",
                            "egress.482069346.description": "",
                            "egress.482069346.from_port": "0",
                            "egress.482069346.ipv6_cidr_blocks.#": "0",
                            "egress.482069346.prefix_list_ids.#": "0",
                            "egress.482069346.protocol": "-1",
                            "egress.482069346.security_groups.#": "0",
                            "egress.482069346.self": "false",
                            "egress.482069346.to_port": "0",
                            "id": "sg-c5e0cea3",
                            "ingress.#": "1",
                            "ingress.676206008.cidr_blocks.#": "1",
                            "ingress.676206008.cidr_blocks.0": "10.10.0.0/16",
                            "ingress.676206008.description": "",
                            "ingress.676206008.from_port": "22",
                            "ingress.676206008.ipv6_cidr_blocks.#": "0",
                            "ingress.676206008.protocol": "tcp",
                            "ingress.676206008.security_groups.#": "0",
                            "ingress.676206008.self": "false",
                            "ingress.676206008.to_port": "22",
                            "name": "default-sg.websitepvt",
                            "owner_id": "760572120597",
                            "revoke_rules_on_delete": "false",
                            "tags.%": "0",
                            "vpc_id": "vpc-7aa9ab1e"
                        },
                        "meta": {
                            "schema_version": "1"
                        },
                        "tainted": false
                    },
                    "deposed": [],
                    "provider": ""
                },
                "aws_subnet.additional_application_subnet": {
                    "type": "aws_subnet",
                    "depends_on": [
                        "aws_vpc.vpc"
                    ],
                    "primary": {
                        "id": "subnet-ec7b64b4",
                        "attributes": {
                            "assign_ipv6_address_on_creation": "false",
                            "availability_zone": "ap-northeast-1c",
                            "cidr_block": "10.10.2.0/24",
                            "id": "subnet-ec7b64b4",
                            "map_public_ip_on_launch": "false",
                            "tags.%": "1",
                            "tags.Name": "private_application_subnet.ap-northeast-1c.websitepvt",
                            "vpc_id": "vpc-7aa9ab1e"
                        },
                        "meta": {
                            "schema_version": "1"
                        },
                        "tainted": false
                    },
                    "deposed": [],
                    "provider": ""
                },
                "aws_subnet.additional_maintenance_subnet": {
                    "type": "aws_subnet",
                    "depends_on": [
                        "aws_vpc.vpc"
                    ],
                    "primary": {
                        "id": "subnet-6e7c6336",
                        "attributes": {
                            "assign_ipv6_address_on_creation": "false",
                            "availability_zone": "ap-northeast-1c",
                            "cidr_block": "10.10.4.0/24",
                            "id": "subnet-6e7c6336",
                            "map_public_ip_on_launch": "false",
                            "tags.%": "1",
                            "tags.Name": "private_maintenance_subnet.ap-northeast-1c.websitepvt",
                            "vpc_id": "vpc-7aa9ab1e"
                        },
                        "meta": {
                            "schema_version": "1"
                        },
                        "tainted": false
                    },
                    "deposed": [],
                    "provider": ""
                },
                "aws_subnet.additional_public_subnet": {
                    "type": "aws_subnet",
                    "depends_on": [
                        "aws_vpc.vpc"
                    ],
                    "primary": {
                        "id": "subnet-877a65df",
                        "attributes": {
                            "assign_ipv6_address_on_creation": "false",
                            "availability_zone": "ap-northeast-1c",
                            "cidr_block": "10.10.6.0/24",
                            "id": "subnet-877a65df",
                            "map_public_ip_on_launch": "false",
                            "tags.%": "1",
                            "tags.Name": "public-subnet.ap-northeast-1c.websitepvt",
                            "vpc_id": "vpc-7aa9ab1e"
                        },
                        "meta": {
                            "schema_version": "1"
                        },
                        "tainted": false
                    },
                    "deposed": [],
                    "provider": ""
                },
                "aws_subnet.application_subnet": {
                    "type": "aws_subnet",
                    "depends_on": [
                        "aws_vpc.vpc"
                    ],
                    "primary": {
                        "id": "subnet-6a00a523",
                        "attributes": {
                            "assign_ipv6_address_on_creation": "false",
                            "availability_zone": "ap-northeast-1a",
                            "cidr_block": "10.10.1.0/24",
                            "id": "subnet-6a00a523",
                            "map_public_ip_on_launch": "false",
                            "tags.%": "1",
                            "tags.Name": "private_application_subnet.ap-northeast-1a.websitepvt",
                            "vpc_id": "vpc-7aa9ab1e"
                        },
                        "meta": {
                            "schema_version": "1"
                        },
                        "tainted": false
                    },
                    "deposed": [],
                    "provider": ""
                },
                "aws_subnet.maintenance_subnet": {
                    "type": "aws_subnet",
                    "depends_on": [
                        "aws_vpc.vpc"
                    ],
                    "primary": {
                        "id": "subnet-3700a57e",
                        "attributes": {
                            "assign_ipv6_address_on_creation": "false",
                            "availability_zone": "ap-northeast-1a",
                            "cidr_block": "10.10.3.0/24",
                            "id": "subnet-3700a57e",
                            "map_public_ip_on_launch": "false",
                            "tags.%": "1",
                            "tags.Name": "private_maintenance_subnet.ap-northeast-1a.websitepvt",
                            "vpc_id": "vpc-7aa9ab1e"
                        },
                        "meta": {
                            "schema_version": "1"
                        },
                        "tainted": false
                    },
                    "deposed": [],
                    "provider": ""
                },
                "aws_subnet.public_subnet": {
                    "type": "aws_subnet",
                    "depends_on": [
                        "aws_vpc.vpc"
                    ],
                    "primary": {
                        "id": "subnet-390faa70",
                        "attributes": {
                            "assign_ipv6_address_on_creation": "false",
                            "availability_zone": "ap-northeast-1a",
                            "cidr_block": "10.10.5.0/24",
                            "id": "subnet-390faa70",
                            "map_public_ip_on_launch": "false",
                            "tags.%": "1",
                            "tags.Name": "public-subnet.ap-northeast-1a.websitepvt",
                            "vpc_id": "vpc-7aa9ab1e"
                        },
                        "meta": {
                            "schema_version": "1"
                        },
                        "tainted": false
                    },
                    "deposed": [],
                    "provider": ""
                },
                "aws_vpc.vpc": {
                    "type": "aws_vpc",
                    "depends_on": [],
                    "primary": {
                        "id": "vpc-7aa9ab1e",
                        "attributes": {
                            "assign_generated_ipv6_cidr_block": "false",
                            "cidr_block": "10.10.0.0/16",
                            "default_network_acl_id": "acl-f9d1089e",
                            "default_route_table_id": "rtb-21803346",
                            "default_security_group_id": "sg-aee1cfc8",
                            "dhcp_options_id": "dopt-229c074a",
                            "enable_classiclink": "false",
                            "enable_classiclink_dns_support": "false",
                            "enable_dns_hostnames": "true",
                            "enable_dns_support": "true",
                            "id": "vpc-7aa9ab1e",
                            "instance_tenancy": "default",
                            "main_route_table_id": "rtb-21803346",
                            "tags.%": "1",
                            "tags.Name": "pmgdisha-vpc.websitepvt"
                        },
                        "meta": {
                            "schema_version": "1"
                        },
                        "tainted": false
                    },
                    "deposed": [],
                    "provider": ""
                }
            },
            "depends_on": []
        },
        {
            "path": [
                "root",
                "disha_mettl_in_env",
                "biometric",
                "sg"
            ],
            "outputs": {},
            "resources": {
                "aws_security_group.sg": {
                    "type": "aws_security_group",
                    "depends_on": [],
                    "primary": {
                        "id": "sg-af292cc9",
                        "attributes": {
                            "description": "Managed by Terraform",
                            "egress.#": "0",
                            "id": "sg-af292cc9",
                            "ingress.#": "2",
                            "ingress.2482231526.cidr_blocks.#": "1",
                            "ingress.2482231526.cidr_blocks.0": "10.10.0.0/16",
                            "ingress.2482231526.description": "",
                            "ingress.2482231526.from_port": "80",
                            "ingress.2482231526.ipv6_cidr_blocks.#": "0",
                            "ingress.2482231526.protocol": "tcp",
                            "ingress.2482231526.security_groups.#": "0",
                            "ingress.2482231526.self": "false",
                            "ingress.2482231526.to_port": "80",
                            "ingress.3776495187.cidr_blocks.#": "1",
                            "ingress.3776495187.cidr_blocks.0": "10.10.0.0/16",
                            "ingress.3776495187.description": "",
                            "ingress.3776495187.from_port": "443",
                            "ingress.3776495187.ipv6_cidr_blocks.#": "0",
                            "ingress.3776495187.protocol": "tcp",
                            "ingress.3776495187.security_groups.#": "0",
                            "ingress.3776495187.self": "false",
                            "ingress.3776495187.to_port": "443",
                            "name": "biometric-sg.websitepvt",
                            "owner_id": "760572120597",
                            "revoke_rules_on_delete": "false",
                            "tags.%": "1",
                            "tags.Name": "biometric-sg.websitepvt",
                            "vpc_id": "vpc-7aa9ab1e"
                        },
                        "meta": {
                            "schema_version": "1"
                        },
                        "tainted": false
                    },
                    "deposed": [],
                    "provider": ""
                },
                "aws_security_group_rule.sg_rule.0": {
                    "type": "aws_security_group_rule",
                    "depends_on": [
                        "aws_security_group.sg"
                    ],
                    "primary": {
                        "id": "sgrule-1124084352",
                        "attributes": {
                            "cidr_blocks.#": "1",
                            "cidr_blocks.0": "10.10.0.0/16",
                            "description": "",
                            "from_port": "80",
                            "id": "sgrule-1124084352",
                            "ipv6_cidr_blocks.#": "0",
                            "prefix_list_ids.#": "0",
                            "protocol": "tcp",
                            "security_group_id": "sg-af292cc9",
                            "self": "false",
                            "to_port": "80",
                            "type": "ingress"
                        },
                        "meta": {
                            "schema_version": "2"
                        },
                        "tainted": false
                    },
                    "deposed": [],
                    "provider": ""
                },
                "aws_security_group_rule.sg_rule.1": {
                    "type": "aws_security_group_rule",
                    "depends_on": [
                        "aws_security_group.sg"
                    ],
                    "primary": {
                        "id": "sgrule-2642563818",
                        "attributes": {
                            "cidr_blocks.#": "1",
                            "cidr_blocks.0": "10.10.0.0/16",
                            "description": "",
                            "from_port": "443",
                            "id": "sgrule-2642563818",
                            "ipv6_cidr_blocks.#": "0",
                            "prefix_list_ids.#": "0",
                            "protocol": "tcp",
                            "security_group_id": "sg-af292cc9",
                            "self": "false",
                            "to_port": "443",
                            "type": "ingress"
                        },
                        "meta": {
                            "schema_version": "2"
                        },
                        "tainted": false
                    },
                    "deposed": [],
                    "provider": ""
                }
            },
            "depends_on": []
        },
        {
            "path": [
                "root",
                "disha_mettl_in_env",
                "biometric_admin",
                "sg"
            ],
            "outputs": {},
            "resources": {
                "aws_security_group.sg": {
                    "type": "aws_security_group",
                    "depends_on": [],
                    "primary": {
                        "id": "sg-15222773",
                        "attributes": {
                            "description": "Managed by Terraform",
                            "egress.#": "0",
                            "id": "sg-15222773",
                            "ingress.#": "2",
                            "ingress.2482231526.cidr_blocks.#": "1",
                            "ingress.2482231526.cidr_blocks.0": "10.10.0.0/16",
                            "ingress.2482231526.description": "",
                            "ingress.2482231526.from_port": "80",
                            "ingress.2482231526.ipv6_cidr_blocks.#": "0",
                            "ingress.2482231526.protocol": "tcp",
                            "ingress.2482231526.security_groups.#": "0",
                            "ingress.2482231526.self": "false",
                            "ingress.2482231526.to_port": "80",
                            "ingress.3776495187.cidr_blocks.#": "1",
                            "ingress.3776495187.cidr_blocks.0": "10.10.0.0/16",
                            "ingress.3776495187.description": "",
                            "ingress.3776495187.from_port": "443",
                            "ingress.3776495187.ipv6_cidr_blocks.#": "0",
                            "ingress.3776495187.protocol": "tcp",
                            "ingress.3776495187.security_groups.#": "0",
                            "ingress.3776495187.self": "false",
                            "ingress.3776495187.to_port": "443",
                            "name": "biometric-admin-sg.websitepvt",
                            "owner_id": "760572120597",
                            "revoke_rules_on_delete": "false",
                            "tags.%": "1",
                            "tags.Name": "biometric-admin-sg.websitepvt",
                            "vpc_id": "vpc-7aa9ab1e"
                        },
                        "meta": {
                            "schema_version": "1"
                        },
                        "tainted": false
                    },
                    "deposed": [],
                    "provider": ""
                },
                "aws_security_group_rule.sg_rule.0": {
                    "type": "aws_security_group_rule",
                    "depends_on": [
                        "aws_security_group.sg"
                    ],
                    "primary": {
                        "id": "sgrule-2033593571",
                        "attributes": {
                            "cidr_blocks.#": "1",
                            "cidr_blocks.0": "10.10.0.0/16",
                            "description": "",
                            "from_port": "80",
                            "id": "sgrule-2033593571",
                            "ipv6_cidr_blocks.#": "0",
                            "prefix_list_ids.#": "0",
                            "protocol": "tcp",
                            "security_group_id": "sg-15222773",
                            "self": "false",
                            "to_port": "80",
                            "type": "ingress"
                        },
                        "meta": {
                            "schema_version": "2"
                        },
                        "tainted": false
                    },
                    "deposed": [],
                    "provider": ""
                },
                "aws_security_group_rule.sg_rule.1": {
                    "type": "aws_security_group_rule",
                    "depends_on": [
                        "aws_security_group.sg"
                    ],
                    "primary": {
                        "id": "sgrule-976352653",
                        "attributes": {
                            "cidr_blocks.#": "1",
                            "cidr_blocks.0": "10.10.0.0/16",
                            "description": "",
                            "from_port": "443",
                            "id": "sgrule-976352653",
                            "ipv6_cidr_blocks.#": "0",
                            "prefix_list_ids.#": "0",
                            "protocol": "tcp",
                            "security_group_id": "sg-15222773",
                            "self": "false",
                            "to_port": "443",
                            "type": "ingress"
                        },
                        "meta": {
                            "schema_version": "2"
                        },
                        "tainted": false
                    },
                    "deposed": [],
                    "provider": ""
                }
            },
            "depends_on": []
        },
        {
            "path": [
                "root",
                "disha_mettl_in_env",
                "certificate_instance",
                "sg"
            ],
            "outputs": {},
            "resources": {
                "aws_security_group.sg": {
                    "type": "aws_security_group",
                    "depends_on": [],
                    "primary": {
                        "id": "sg-22c0d344",
                        "attributes": {
                            "description": "Managed by Terraform",
                            "egress.#": "0",
                            "id": "sg-22c0d344",
                            "ingress.#": "2",
                            "ingress.2482231526.cidr_blocks.#": "1",
                            "ingress.2482231526.cidr_blocks.0": "10.10.0.0/16",
                            "ingress.2482231526.description": "",
                            "ingress.2482231526.from_port": "80",
                            "ingress.2482231526.ipv6_cidr_blocks.#": "0",
                            "ingress.2482231526.protocol": "tcp",
                            "ingress.2482231526.security_groups.#": "0",
                            "ingress.2482231526.self": "false",
                            "ingress.2482231526.to_port": "80",
                            "ingress.3776495187.cidr_blocks.#": "1",
                            "ingress.3776495187.cidr_blocks.0": "10.10.0.0/16",
                            "ingress.3776495187.description": "",
                            "ingress.3776495187.from_port": "443",
                            "ingress.3776495187.ipv6_cidr_blocks.#": "0",
                            "ingress.3776495187.protocol": "tcp",
                            "ingress.3776495187.security_groups.#": "0",
                            "ingress.3776495187.self": "false",
                            "ingress.3776495187.to_port": "443",
                            "name": "disha-certificate-sg.websitepvt",
                            "owner_id": "760572120597",
                            "revoke_rules_on_delete": "false",
                            "tags.%": "1",
                            "tags.Name": "disha-certificate-sg.websitepvt",
                            "vpc_id": "vpc-7aa9ab1e"
                        },
                        "meta": {
                            "schema_version": "1"
                        },
                        "tainted": false
                    },
                    "deposed": [],
                    "provider": ""
                },
                "aws_security_group_rule.sg_rule.0": {
                    "type": "aws_security_group_rule",
                    "depends_on": [
                        "aws_security_group.sg"
                    ],
                    "primary": {
                        "id": "sgrule-3371202277",
                        "attributes": {
                            "cidr_blocks.#": "1",
                            "cidr_blocks.0": "10.10.0.0/16",
                            "description": "",
                            "from_port": "443",
                            "id": "sgrule-3371202277",
                            "ipv6_cidr_blocks.#": "0",
                            "prefix_list_ids.#": "0",
                            "protocol": "tcp",
                            "security_group_id": "sg-22c0d344",
                            "self": "false",
                            "to_port": "443",
                            "type": "ingress"
                        },
                        "meta": {
                            "schema_version": "2"
                        },
                        "tainted": false
                    },
                    "deposed": [],
                    "provider": ""
                },
                "aws_security_group_rule.sg_rule.1": {
                    "type": "aws_security_group_rule",
                    "depends_on": [
                        "aws_security_group.sg"
                    ],
                    "primary": {
                        "id": "sgrule-1175456641",
                        "attributes": {
                            "cidr_blocks.#": "1",
                            "cidr_blocks.0": "10.10.0.0/16",
                            "description": "",
                            "from_port": "80",
                            "id": "sgrule-1175456641",
                            "ipv6_cidr_blocks.#": "0",
                            "prefix_list_ids.#": "0",
                            "protocol": "tcp",
                            "security_group_id": "sg-22c0d344",
                            "self": "false",
                            "to_port": "80",
                            "type": "ingress"
                        },
                        "meta": {
                            "schema_version": "2"
                        },
                        "tainted": false
                    },
                    "deposed": [],
                    "provider": ""
                }
            },
            "depends_on": []
        },
        {
            "path": [
                "root",
                "disha_mettl_in_env",
                "disha-cms",
                "lc-with-extra-ebs"
            ],
            "outputs": {},
            "resources": {},
            "depends_on": []
        },
        {
            "path": [
                "root",
                "disha_mettl_in_env",
                "disha-cms",
                "lc-without-extra-ebs"
            ],
            "outputs": {},
            "resources": {
                "aws_launch_configuration.lc": {
                    "type": "aws_launch_configuration",
                    "depends_on": [
                        "data.template_file.userdata_as_template"
                    ],
                    "primary": {
                        "id": "disha-cms-lc.websitepvt",
                        "attributes": {
                            "associate_public_ip_address": "false",
                            "ebs_block_device.#": "0",
                            "ebs_optimized": "false",
                            "enable_monitoring": "true",
                            "ephemeral_block_device.#": "0",
                            "iam_instance_profile": "autoscaling-deployment-s3logs-iam-profile.websitepvt",
                            "id": "disha-cms-lc.websitepvt",
                            "image_id": "ami-69f8200f",
                            "instance_type": "t2.micro",
                            "key_name": "disha-india.websitepvt",
                            "name": "disha-cms-lc.websitepvt",
                            "root_block_device.#": "0",
                            "security_groups.#": "2",
                            "security_groups.1737476505": "sg-7efcd218",
                            "security_groups.2449068200": "sg-69e3cd0f",
                            "spot_price": "",
                            "user_data": "6d37e777d1a1186bef28e39fc3e0149839b84c04",
                            "vpc_classic_link_id": "",
                            "vpc_classic_link_security_groups.#": "0"
                        },
                        "meta": {},
                        "tainted": false
                    },
                    "deposed": [],
                    "provider": ""
                },
                "data.template_file.userdata_as_template": {
                    "type": "template_file",
                    "depends_on": [],
                    "primary": {
                        "id": "edf7a46ef4e7b4b0cc7f3a7893796af5a8325f962f9b75a54ab666b84c4eec8c",
                        "attributes": {
                            "id": "edf7a46ef4e7b4b0cc7f3a7893796af5a8325f962f9b75a54ab666b84c4eec8c",
                            "rendered": "#!/bin/bash\nrm -rf /var/tmp/aws-mon/\n/bin/su - mettl /home/mettl/release/misc/genericMachineUp.sh pmgdisha-website disha-cms web \u003e /home/mettl/mettl_logs/machineup.log",
                            "template": "#!/bin/bash\nrm -rf /var/tmp/aws-mon/\n/bin/su - mettl /home/mettl/release/misc/genericMachineUp.sh ${deployement_env} disha-cms web \u003e /home/mettl/mettl_logs/machineup.log",
                            "vars.%": "7",
                            "vars.ansible_public_key": "ssh-rsa AAAAB3NzaC1yc2EAAAADAQABAAABAQCbBJWHQfbWdylZoea/dhtKmlOuw1zoflF3wH6W0crorGRO/WBEl7riW+hcTsjFJAYowNFB+ODgTdzQhAINyviMLsG2gYwTCe+gmlkRPgelDbR7TkgrZuW+vEsUMnW8ZvbCywhxg6Ib3MONO9XwH84ivBP3VvISnBVq+ZPClPo2YC5bNlx7x7nj5APs+Vs2B3dk234vVM5E7aiFokf7bEK9Vg+I2hPuUJEe3Mq9T8U8Y/Ef2I/46xoDpLdlYtp3HRo2xRQ+oPaYySR7iCZv8nzzcgK45pGIgcY7XuNBmZjDRHpzTQAeFFy5HmKqmkeswSO2WsgxA7CT5STcaz+aGJ/D",
                            "vars.deployement_env": "pmgdisha-website",
                            "vars.jenkins_public_key": "",
                            "vars.stunServerAddress": "",
                            "vars.stunServerPort": "",
                            "vars.turnURL": "",
                            "vars.turnURLPort": ""
                        },
                        "meta": {},
                        "tainted": false
                    },
                    "deposed": [],
                    "provider": ""
                }
            },
            "depends_on": []
        },
        {
            "path": [
                "root",
                "disha_mettl_in_env",
                "disha-web",
                "lc-with-extra-ebs"
            ],
            "outputs": {},
            "resources": {},
            "depends_on": []
        },
        {
            "path": [
                "root",
                "disha_mettl_in_env",
                "disha-web",
                "lc-without-extra-ebs"
            ],
            "outputs": {},
            "resources": {
                "aws_launch_configuration.lc": {
                    "type": "aws_launch_configuration",
                    "depends_on": [
                        "data.template_file.userdata_as_template"
                    ],
                    "primary": {
                        "id": "disha-web-lc.websitepvt",
                        "attributes": {
                            "associate_public_ip_address": "false",
                            "ebs_block_device.#": "0",
                            "ebs_optimized": "false",
                            "enable_monitoring": "true",
                            "ephemeral_block_device.#": "0",
                            "iam_instance_profile": "autoscaling-deployment-s3logs-iam-profile.websitepvt",
                            "id": "disha-web-lc.websitepvt",
                            "image_id": "ami-5cf9213a",
                            "instance_type": "r3.large",
                            "key_name": "disha-india.websitepvt",
                            "name": "disha-web-lc.websitepvt",
                            "root_block_device.#": "0",
                            "security_groups.#": "2",
                            "security_groups.142702293": "sg-afe1cfc9",
                            "security_groups.2449068200": "sg-69e3cd0f",
                            "spot_price": "",
                            "user_data": "6774fbc2492fa7143ff3f2ccaf942d09481f9467",
                            "vpc_classic_link_id": "",
                            "vpc_classic_link_security_groups.#": "0"
                        },
                        "meta": {},
                        "tainted": false
                    },
                    "deposed": [],
                    "provider": ""
                },
                "data.template_file.userdata_as_template": {
                    "type": "template_file",
                    "depends_on": [],
                    "primary": {
                        "id": "3ccf214b325e755d168f48f18ef46152f1f0641ebe0701c150c4fc2b5d79c742",
                        "attributes": {
                            "id": "3ccf214b325e755d168f48f18ef46152f1f0641ebe0701c150c4fc2b5d79c742",
                            "rendered": "#!/bin/bash\nrm -rf /var/tmp/aws-mon/\nsleep 30\n/bin/su - mettl /home/mettl/release/misc/genericMachineUp.sh pmgdisha-website disha-web web \u003e /home/mettl/mettl_logs/machineup.log",
                            "template": "#!/bin/bash\nrm -rf /var/tmp/aws-mon/\nsleep 30\n/bin/su - mettl /home/mettl/release/misc/genericMachineUp.sh ${deployement_env} disha-web web \u003e /home/mettl/mettl_logs/machineup.log",
                            "vars.%": "7",
                            "vars.ansible_public_key": "ssh-rsa AAAAB3NzaC1yc2EAAAADAQABAAABAQCbBJWHQfbWdylZoea/dhtKmlOuw1zoflF3wH6W0crorGRO/WBEl7riW+hcTsjFJAYowNFB+ODgTdzQhAINyviMLsG2gYwTCe+gmlkRPgelDbR7TkgrZuW+vEsUMnW8ZvbCywhxg6Ib3MONO9XwH84ivBP3VvISnBVq+ZPClPo2YC5bNlx7x7nj5APs+Vs2B3dk234vVM5E7aiFokf7bEK9Vg+I2hPuUJEe3Mq9T8U8Y/Ef2I/46xoDpLdlYtp3HRo2xRQ+oPaYySR7iCZv8nzzcgK45pGIgcY7XuNBmZjDRHpzTQAeFFy5HmKqmkeswSO2WsgxA7CT5STcaz+aGJ/D",
                            "vars.deployement_env": "pmgdisha-website",
                            "vars.jenkins_public_key": "",
                            "vars.stunServerAddress": "",
                            "vars.stunServerPort": "",
                            "vars.turnURL": "",
                            "vars.turnURLPort": ""
                        },
                        "meta": {},
                        "tainted": false
                    },
                    "deposed": [],
                    "provider": ""
                }
            },
            "depends_on": []
        },
        {
            "path": [
                "root",
                "disha_mettl_in_env",
                "disha_eligibility_instance",
                "sg"
            ],
            "outputs": {},
            "resources": {
                "aws_security_group.sg": {
                    "type": "aws_security_group",
                    "depends_on": [],
                    "primary": {
                        "id": "sg-c794bca1",
                        "attributes": {
                            "description": "Managed by Terraform",
                            "egress.#": "0",
                            "id": "sg-c794bca1",
                            "ingress.#": "1",
                            "ingress.993351428.cidr_blocks.#": "1",
                            "ingress.993351428.cidr_blocks.0": "10.10.0.0/16",
                            "ingress.993351428.description": "",
                            "ingress.993351428.from_port": "8080",
                            "ingress.993351428.ipv6_cidr_blocks.#": "0",
                            "ingress.993351428.protocol": "tcp",
                            "ingress.993351428.security_groups.#": "0",
                            "ingress.993351428.self": "false",
                            "ingress.993351428.to_port": "8080",
                            "name": "disha-eligibility-sg.websitepvt",
                            "owner_id": "760572120597",
                            "revoke_rules_on_delete": "false",
                            "tags.%": "1",
                            "tags.Name": "disha-eligibility-sg.websitepvt",
                            "vpc_id": "vpc-7aa9ab1e"
                        },
                        "meta": {
                            "schema_version": "1"
                        },
                        "tainted": false
                    },
                    "deposed": [],
                    "provider": ""
                },
                "aws_security_group_rule.sg_rule": {
                    "type": "aws_security_group_rule",
                    "depends_on": [
                        "aws_security_group.sg"
                    ],
                    "primary": {
                        "id": "sgrule-110443814",
                        "attributes": {
                            "cidr_blocks.#": "1",
                            "cidr_blocks.0": "10.10.0.0/16",
                            "description": "",
                            "from_port": "8080",
                            "id": "sgrule-110443814",
                            "ipv6_cidr_blocks.#": "0",
                            "prefix_list_ids.#": "0",
                            "protocol": "tcp",
                            "security_group_id": "sg-c794bca1",
                            "self": "false",
                            "to_port": "8080",
                            "type": "ingress"
                        },
                        "meta": {
                            "schema_version": "2"
                        },
                        "tainted": false
                    },
                    "deposed": [],
                    "provider": ""
                }
            },
            "depends_on": []
        },
        {
            "path": [
                "root",
                "disha_mettl_in_env",
                "disha_ifsc_instance",
                "sg"
            ],
            "outputs": {},
            "resources": {
                "aws_security_group.sg": {
                    "type": "aws_security_group",
                    "depends_on": [],
                    "primary": {
                        "id": "sg-7094bc16",
                        "attributes": {
                            "description": "Managed by Terraform",
                            "egress.#": "0",
                            "id": "sg-7094bc16",
                            "ingress.#": "1",
                            "ingress.993351428.cidr_blocks.#": "1",
                            "ingress.993351428.cidr_blocks.0": "10.10.0.0/16",
                            "ingress.993351428.description": "",
                            "ingress.993351428.from_port": "8080",
                            "ingress.993351428.ipv6_cidr_blocks.#": "0",
                            "ingress.993351428.protocol": "tcp",
                            "ingress.993351428.security_groups.#": "0",
                            "ingress.993351428.self": "false",
                            "ingress.993351428.to_port": "8080",
                            "name": "disha-ifsc-sg.websitepvt",
                            "owner_id": "760572120597",
                            "revoke_rules_on_delete": "false",
                            "tags.%": "1",
                            "tags.Name": "disha-ifsc-sg.websitepvt",
                            "vpc_id": "vpc-7aa9ab1e"
                        },
                        "meta": {
                            "schema_version": "1"
                        },
                        "tainted": false
                    },
                    "deposed": [],
                    "provider": ""
                },
                "aws_security_group_rule.sg_rule": {
                    "type": "aws_security_group_rule",
                    "depends_on": [
                        "aws_security_group.sg"
                    ],
                    "primary": {
                        "id": "sgrule-3747083302",
                        "attributes": {
                            "cidr_blocks.#": "1",
                            "cidr_blocks.0": "10.10.0.0/16",
                            "description": "",
                            "from_port": "8080",
                            "id": "sgrule-3747083302",
                            "ipv6_cidr_blocks.#": "0",
                            "prefix_list_ids.#": "0",
                            "protocol": "tcp",
                            "security_group_id": "sg-7094bc16",
                            "self": "false",
                            "to_port": "8080",
                            "type": "ingress"
                        },
                        "meta": {
                            "schema_version": "2"
                        },
                        "tainted": false
                    },
                    "deposed": [],
                    "provider": ""
                }
            },
            "depends_on": []
        },
        {
            "path": [
                "root",
                "disha_mettl_in_env",
                "disha_location_instance",
                "sg"
            ],
            "outputs": {},
            "resources": {
                "aws_security_group.sg": {
                    "type": "aws_security_group",
                    "depends_on": [],
                    "primary": {
                        "id": "sg-0f2c0469",
                        "attributes": {
                            "description": "Managed by Terraform",
                            "egress.#": "1",
                            "egress.482069346.cidr_blocks.#": "1",
                            "egress.482069346.cidr_blocks.0": "0.0.0.0/0",
                            "egress.482069346.description": "",
                            "egress.482069346.from_port": "0",
                            "egress.482069346.ipv6_cidr_blocks.#": "0",
                            "egress.482069346.prefix_list_ids.#": "0",
                            "egress.482069346.protocol": "-1",
                            "egress.482069346.security_groups.#": "0",
                            "egress.482069346.self": "false",
                            "egress.482069346.to_port": "0",
                            "id": "sg-0f2c0469",
                            "ingress.#": "3",
                            "ingress.2214680975.cidr_blocks.#": "1",
                            "ingress.2214680975.cidr_blocks.0": "0.0.0.0/0",
                            "ingress.2214680975.description": "",
                            "ingress.2214680975.from_port": "80",
                            "ingress.2214680975.ipv6_cidr_blocks.#": "0",
                            "ingress.2214680975.protocol": "tcp",
                            "ingress.2214680975.security_groups.#": "0",
                            "ingress.2214680975.self": "false",
                            "ingress.2214680975.to_port": "80",
                            "ingress.2617001939.cidr_blocks.#": "1",
                            "ingress.2617001939.cidr_blocks.0": "0.0.0.0/0",
                            "ingress.2617001939.description": "",
                            "ingress.2617001939.from_port": "443",
                            "ingress.2617001939.ipv6_cidr_blocks.#": "0",
                            "ingress.2617001939.protocol": "tcp",
                            "ingress.2617001939.security_groups.#": "0",
                            "ingress.2617001939.self": "false",
                            "ingress.2617001939.to_port": "443",
                            "ingress.993351428.cidr_blocks.#": "1",
                            "ingress.993351428.cidr_blocks.0": "10.10.0.0/16",
                            "ingress.993351428.description": "",
                            "ingress.993351428.from_port": "8080",
                            "ingress.993351428.ipv6_cidr_blocks.#": "0",
                            "ingress.993351428.protocol": "tcp",
                            "ingress.993351428.security_groups.#": "0",
                            "ingress.993351428.self": "false",
                            "ingress.993351428.to_port": "8080",
                            "name": "disha-location-sg.websitepvt",
                            "owner_id": "760572120597",
                            "revoke_rules_on_delete": "false",
                            "tags.%": "1",
                            "tags.Name": "disha-location-sg.websitepvt",
                            "vpc_id": "vpc-7aa9ab1e"
                        },
                        "meta": {
                            "schema_version": "1"
                        },
                        "tainted": false
                    },
                    "deposed": [],
                    "provider": ""
                },
                "aws_security_group_rule.sg_rule.0": {
                    "type": "aws_security_group_rule",
                    "depends_on": [
                        "aws_security_group.sg"
                    ],
                    "primary": {
                        "id": "sgrule-2414707155",
                        "attributes": {
                            "cidr_blocks.#": "1",
                            "cidr_blocks.0": "0.0.0.0/0",
                            "description": "",
                            "from_port": "80",
                            "id": "sgrule-2414707155",
                            "ipv6_cidr_blocks.#": "0",
                            "prefix_list_ids.#": "0",
                            "protocol": "tcp",
                            "security_group_id": "sg-0f2c0469",
                            "self": "false",
                            "to_port": "80",
                            "type": "ingress"
                        },
                        "meta": {
                            "schema_version": "2"
                        },
                        "tainted": false
                    },
                    "deposed": [],
                    "provider": ""
                },
                "aws_security_group_rule.sg_rule.1": {
                    "type": "aws_security_group_rule",
                    "depends_on": [
                        "aws_security_group.sg"
                    ],
                    "primary": {
                        "id": "sgrule-2525612149",
                        "attributes": {
                            "cidr_blocks.#": "1",
                            "cidr_blocks.0": "0.0.0.0/0",
                            "description": "",
                            "from_port": "443",
                            "id": "sgrule-2525612149",
                            "ipv6_cidr_blocks.#": "0",
                            "prefix_list_ids.#": "0",
                            "protocol": "tcp",
                            "security_group_id": "sg-0f2c0469",
                            "self": "false",
                            "to_port": "443",
                            "type": "ingress"
                        },
                        "meta": {
                            "schema_version": "2"
                        },
                        "tainted": false
                    },
                    "deposed": [],
                    "provider": ""
                },
                "aws_security_group_rule.sg_rule.2": {
                    "type": "aws_security_group_rule",
                    "depends_on": [
                        "aws_security_group.sg"
                    ],
                    "primary": {
                        "id": "sgrule-610750897",
                        "attributes": {
                            "cidr_blocks.#": "1",
                            "cidr_blocks.0": "10.10.0.0/16",
                            "description": "",
                            "from_port": "8080",
                            "id": "sgrule-610750897",
                            "ipv6_cidr_blocks.#": "0",
                            "prefix_list_ids.#": "0",
                            "protocol": "tcp",
                            "security_group_id": "sg-0f2c0469",
                            "self": "false",
                            "to_port": "8080",
                            "type": "ingress"
                        },
                        "meta": {
                            "schema_version": "2"
                        },
                        "tainted": false
                    },
                    "deposed": [],
                    "provider": ""
                },
                "aws_security_group_rule.sg_rule.3": {
                    "type": "aws_security_group_rule",
                    "depends_on": [
                        "aws_security_group.sg"
                    ],
                    "primary": {
                        "id": "sgrule-1741631781",
                        "attributes": {
                            "cidr_blocks.#": "1",
                            "cidr_blocks.0": "0.0.0.0/0",
                            "description": "",
                            "from_port": "0",
                            "id": "sgrule-1741631781",
                            "ipv6_cidr_blocks.#": "0",
                            "prefix_list_ids.#": "0",
                            "protocol": "-1",
                            "security_group_id": "sg-0f2c0469",
                            "self": "false",
                            "to_port": "0",
                            "type": "egress"
                        },
                        "meta": {
                            "schema_version": "2"
                        },
                        "tainted": false
                    },
                    "deposed": [],
                    "provider": ""
                }
            },
            "depends_on": []
        },
        {
            "path": [
                "root",
                "disha_mettl_in_env",
                "disha_mongo_instance",
                "sg"
            ],
            "outputs": {},
            "resources": {
                "aws_security_group.sg": {
                    "type": "aws_security_group",
                    "depends_on": [],
                    "primary": {
                        "id": "sg-b9c2ecdf",
                        "attributes": {
                            "description": "Managed by Terraform",
                            "egress.#": "0",
                            "id": "sg-b9c2ecdf",
                            "ingress.#": "1",
                            "ingress.2782493200.cidr_blocks.#": "1",
                            "ingress.2782493200.cidr_blocks.0": "10.10.0.0/16",
                            "ingress.2782493200.description": "",
                            "ingress.2782493200.from_port": "27017",
                            "ingress.2782493200.ipv6_cidr_blocks.#": "0",
                            "ingress.2782493200.protocol": "tcp",
                            "ingress.2782493200.security_groups.#": "0",
                            "ingress.2782493200.self": "false",
                            "ingress.2782493200.to_port": "27017",
                            "name": "disha-mongo-sg.websitepvt",
                            "owner_id": "760572120597",
                            "revoke_rules_on_delete": "false",
                            "tags.%": "1",
                            "tags.Name": "disha-mongo-sg.websitepvt",
                            "vpc_id": "vpc-7aa9ab1e"
                        },
                        "meta": {
                            "schema_version": "1"
                        },
                        "tainted": false
                    },
                    "deposed": [],
                    "provider": ""
                },
                "aws_security_group_rule.sg_rule": {
                    "type": "aws_security_group_rule",
                    "depends_on": [
                        "aws_security_group.sg"
                    ],
                    "primary": {
                        "id": "sgrule-3719969944",
                        "attributes": {
                            "cidr_blocks.#": "1",
                            "cidr_blocks.0": "10.10.0.0/16",
                            "description": "",
                            "from_port": "27017",
                            "id": "sgrule-3719969944",
                            "ipv6_cidr_blocks.#": "0",
                            "prefix_list_ids.#": "0",
                            "protocol": "tcp",
                            "security_group_id": "sg-b9c2ecdf",
                            "self": "false",
                            "to_port": "27017",
                            "type": "ingress"
                        },
                        "meta": {
                            "schema_version": "2"
                        },
                        "tainted": false
                    },
                    "deposed": [],
                    "provider": ""
                }
            },
            "depends_on": []
        },
        {
            "path": [
                "root",
                "disha_mettl_in_env",
                "disha_web_tcmap_instance",
                "sg"
            ],
            "outputs": {},
            "resources": {
                "aws_security_group.sg": {
                    "type": "aws_security_group",
                    "depends_on": [],
                    "primary": {
                        "id": "sg-e5fed083",
                        "attributes": {
                            "description": "Managed by Terraform",
                            "egress.#": "0",
                            "id": "sg-e5fed083",
                            "ingress.#": "3",
                            "ingress.2482231526.cidr_blocks.#": "1",
                            "ingress.2482231526.cidr_blocks.0": "10.10.0.0/16",
                            "ingress.2482231526.description": "",
                            "ingress.2482231526.from_port": "80",
                            "ingress.2482231526.ipv6_cidr_blocks.#": "0",
                            "ingress.2482231526.protocol": "tcp",
                            "ingress.2482231526.security_groups.#": "0",
                            "ingress.2482231526.self": "false",
                            "ingress.2482231526.to_port": "80",
                            "ingress.3536787778.cidr_blocks.#": "1",
                            "ingress.3536787778.cidr_blocks.0": "10.10.0.0/16",
                            "ingress.3536787778.description": "",
                            "ingress.3536787778.from_port": "8090",
                            "ingress.3536787778.ipv6_cidr_blocks.#": "0",
                            "ingress.3536787778.protocol": "tcp",
                            "ingress.3536787778.security_groups.#": "0",
                            "ingress.3536787778.self": "false",
                            "ingress.3536787778.to_port": "8090",
                            "ingress.3776495187.cidr_blocks.#": "1",
                            "ingress.3776495187.cidr_blocks.0": "10.10.0.0/16",
                            "ingress.3776495187.description": "",
                            "ingress.3776495187.from_port": "443",
                            "ingress.3776495187.ipv6_cidr_blocks.#": "0",
                            "ingress.3776495187.protocol": "tcp",
                            "ingress.3776495187.security_groups.#": "0",
                            "ingress.3776495187.self": "false",
                            "ingress.3776495187.to_port": "443",
                            "name": "disha-web-tcmap-sg.websitepvt",
                            "owner_id": "760572120597",
                            "revoke_rules_on_delete": "false",
                            "tags.%": "1",
                            "tags.Name": "disha-web-tcmap-sg.websitepvt",
                            "vpc_id": "vpc-7aa9ab1e"
                        },
                        "meta": {
                            "schema_version": "1"
                        },
                        "tainted": false
                    },
                    "deposed": [],
                    "provider": ""
                },
                "aws_security_group_rule.sg_rule.0": {
                    "type": "aws_security_group_rule",
                    "depends_on": [
                        "aws_security_group.sg"
                    ],
                    "primary": {
                        "id": "sgrule-1882825380",
                        "attributes": {
                            "cidr_blocks.#": "1",
                            "cidr_blocks.0": "10.10.0.0/16",
                            "description": "",
                            "from_port": "80",
                            "id": "sgrule-1882825380",
                            "ipv6_cidr_blocks.#": "0",
                            "prefix_list_ids.#": "0",
                            "protocol": "tcp",
                            "security_group_id": "sg-e5fed083",
                            "self": "false",
                            "to_port": "80",
                            "type": "ingress"
                        },
                        "meta": {
                            "schema_version": "2"
                        },
                        "tainted": false
                    },
                    "deposed": [],
                    "provider": ""
                },
                "aws_security_group_rule.sg_rule.1": {
                    "type": "aws_security_group_rule",
                    "depends_on": [
                        "aws_security_group.sg"
                    ],
                    "primary": {
                        "id": "sgrule-2399767399",
                        "attributes": {
                            "cidr_blocks.#": "1",
                            "cidr_blocks.0": "10.10.0.0/16",
                            "description": "",
                            "from_port": "443",
                            "id": "sgrule-2399767399",
                            "ipv6_cidr_blocks.#": "0",
                            "prefix_list_ids.#": "0",
                            "protocol": "tcp",
                            "security_group_id": "sg-e5fed083",
                            "self": "false",
                            "to_port": "443",
                            "type": "ingress"
                        },
                        "meta": {
                            "schema_version": "2"
                        },
                        "tainted": false
                    },
                    "deposed": [],
                    "provider": ""
                },
                "aws_security_group_rule.sg_rule.2": {
                    "type": "aws_security_group_rule",
                    "depends_on": [
                        "aws_security_group.sg"
                    ],
                    "primary": {
                        "id": "sgrule-1399881015",
                        "attributes": {
                            "cidr_blocks.#": "1",
                            "cidr_blocks.0": "10.10.0.0/16",
                            "description": "",
                            "from_port": "8090",
                            "id": "sgrule-1399881015",
                            "ipv6_cidr_blocks.#": "0",
                            "prefix_list_ids.#": "0",
                            "protocol": "tcp",
                            "security_group_id": "sg-e5fed083",
                            "self": "false",
                            "to_port": "8090",
                            "type": "ingress"
                        },
                        "meta": {
                            "schema_version": "2"
                        },
                        "tainted": false
                    },
                    "deposed": [],
                    "provider": ""
                }
            },
            "depends_on": []
        },
        {
            "path": [
                "root",
                "disha_mettl_in_env",
                "jump_box",
                "sg"
            ],
            "outputs": {},
            "resources": {
                "aws_security_group.sg": {
                    "type": "aws_security_group",
                    "depends_on": [],
                    "primary": {
                        "id": "sg-a5e4cac3",
                        "attributes": {
                            "description": "Managed by Terraform",
                            "egress.#": "0",
                            "id": "sg-a5e4cac3",
                            "ingress.#": "1",
                            "ingress.2541437006.cidr_blocks.#": "1",
                            "ingress.2541437006.cidr_blocks.0": "0.0.0.0/0",
                            "ingress.2541437006.description": "",
                            "ingress.2541437006.from_port": "22",
                            "ingress.2541437006.ipv6_cidr_blocks.#": "0",
                            "ingress.2541437006.protocol": "tcp",
                            "ingress.2541437006.security_groups.#": "0",
                            "ingress.2541437006.self": "false",
                            "ingress.2541437006.to_port": "22",
                            "name": "jump-box-sg.websitepvt",
                            "owner_id": "760572120597",
                            "revoke_rules_on_delete": "false",
                            "tags.%": "1",
                            "tags.Name": "jump-box-sg.websitepvt",
                            "vpc_id": "vpc-7aa9ab1e"
                        },
                        "meta": {
                            "schema_version": "1"
                        },
                        "tainted": false
                    },
                    "deposed": [],
                    "provider": ""
                },
                "aws_security_group_rule.sg_rule": {
                    "type": "aws_security_group_rule",
                    "depends_on": [
                        "aws_security_group.sg"
                    ],
                    "primary": {
                        "id": "sgrule-4117812583",
                        "attributes": {
                            "cidr_blocks.#": "1",
                            "cidr_blocks.0": "0.0.0.0/0",
                            "description": "",
                            "from_port": "22",
                            "id": "sgrule-4117812583",
                            "ipv6_cidr_blocks.#": "0",
                            "prefix_list_ids.#": "0",
                            "protocol": "tcp",
                            "security_group_id": "sg-a5e4cac3",
                            "self": "false",
                            "to_port": "22",
                            "type": "ingress"
                        },
                        "meta": {
                            "schema_version": "2"
                        },
                        "tainted": false
                    },
                    "deposed": [],
                    "provider": ""
                }
            },
            "depends_on": []
        },
        {
            "path": [
                "root",
                "disha_mettl_in_env",
                "nfs_instance",
                "sg"
            ],
            "outputs": {},
            "resources": {
                "aws_security_group.sg": {
                    "type": "aws_security_group",
                    "depends_on": [],
                    "primary": {
                        "id": "sg-03fcd265",
                        "attributes": {
                            "description": "Managed by Terraform",
                            "egress.#": "0",
                            "id": "sg-03fcd265",
                            "ingress.#": "1",
                            "ingress.2323269111.cidr_blocks.#": "1",
                            "ingress.2323269111.cidr_blocks.0": "10.10.0.0/16",
                            "ingress.2323269111.description": "",
                            "ingress.2323269111.from_port": "2049",
                            "ingress.2323269111.ipv6_cidr_blocks.#": "0",
                            "ingress.2323269111.protocol": "tcp",
                            "ingress.2323269111.security_groups.#": "0",
                            "ingress.2323269111.self": "false",
                            "ingress.2323269111.to_port": "2049",
                            "name": "nfs-sg.websitepvt",
                            "owner_id": "760572120597",
                            "revoke_rules_on_delete": "false",
                            "tags.%": "1",
                            "tags.Name": "nfs-sg.websitepvt",
                            "vpc_id": "vpc-7aa9ab1e"
                        },
                        "meta": {
                            "schema_version": "1"
                        },
                        "tainted": false
                    },
                    "deposed": [],
                    "provider": ""
                },
                "aws_security_group_rule.sg_rule": {
                    "type": "aws_security_group_rule",
                    "depends_on": [
                        "aws_security_group.sg"
                    ],
                    "primary": {
                        "id": "sgrule-1052623411",
                        "attributes": {
                            "cidr_blocks.#": "1",
                            "cidr_blocks.0": "10.10.0.0/16",
                            "description": "",
                            "from_port": "2049",
                            "id": "sgrule-1052623411",
                            "ipv6_cidr_blocks.#": "0",
                            "prefix_list_ids.#": "0",
                            "protocol": "tcp",
                            "security_group_id": "sg-03fcd265",
                            "self": "false",
                            "to_port": "2049",
                            "type": "ingress"
                        },
                        "meta": {
                            "schema_version": "2"
                        },
                        "tainted": false
                    },
                    "deposed": [],
                    "provider": ""
                }
            },
            "depends_on": []
        },
        {
            "path": [
                "root",
                "disha_mettl_in_env",
                "pmgdisha_info_instance",
                "sg"
            ],
            "outputs": {},
            "resources": {
                "aws_security_group.sg": {
                    "type": "aws_security_group",
                    "depends_on": [],
                    "primary": {
                        "id": "sg-242b0342",
                        "attributes": {
                            "description": "Managed by Terraform",
                            "egress.#": "0",
                            "id": "sg-242b0342",
                            "ingress.#": "2",
                            "ingress.2482231526.cidr_blocks.#": "1",
                            "ingress.2482231526.cidr_blocks.0": "10.10.0.0/16",
                            "ingress.2482231526.description": "",
                            "ingress.2482231526.from_port": "80",
                            "ingress.2482231526.ipv6_cidr_blocks.#": "0",
                            "ingress.2482231526.protocol": "tcp",
                            "ingress.2482231526.security_groups.#": "0",
                            "ingress.2482231526.self": "false",
                            "ingress.2482231526.to_port": "80",
                            "ingress.3788654572.cidr_blocks.#": "1",
                            "ingress.3788654572.cidr_blocks.0": "10.10.0.0/16",
                            "ingress.3788654572.description": "",
                            "ingress.3788654572.from_port": "8050",
                            "ingress.3788654572.ipv6_cidr_blocks.#": "0",
                            "ingress.3788654572.protocol": "tcp",
                            "ingress.3788654572.security_groups.#": "0",
                            "ingress.3788654572.self": "false",
                            "ingress.3788654572.to_port": "8050",
                            "name": "pmgdisha_info-sg.websitepvt",
                            "owner_id": "760572120597",
                            "revoke_rules_on_delete": "false",
                            "tags.%": "1",
                            "tags.Name": "pmgdisha_info-sg.websitepvt",
                            "vpc_id": "vpc-7aa9ab1e"
                        },
                        "meta": {
                            "schema_version": "1"
                        },
                        "tainted": false
                    },
                    "deposed": [],
                    "provider": ""
                },
                "aws_security_group_rule.sg_rule.0": {
                    "type": "aws_security_group_rule",
                    "depends_on": [
                        "aws_security_group.sg"
                    ],
                    "primary": {
                        "id": "sgrule-2257661165",
                        "attributes": {
                            "cidr_blocks.#": "1",
                            "cidr_blocks.0": "10.10.0.0/16",
                            "description": "",
                            "from_port": "8050",
                            "id": "sgrule-2257661165",
                            "ipv6_cidr_blocks.#": "0",
                            "prefix_list_ids.#": "0",
                            "protocol": "tcp",
                            "security_group_id": "sg-242b0342",
                            "self": "false",
                            "to_port": "8050",
                            "type": "ingress"
                        },
                        "meta": {
                            "schema_version": "2"
                        },
                        "tainted": false
                    },
                    "deposed": [],
                    "provider": ""
                },
                "aws_security_group_rule.sg_rule.1": {
                    "type": "aws_security_group_rule",
                    "depends_on": [
                        "aws_security_group.sg"
                    ],
                    "primary": {
                        "id": "sgrule-247537834",
                        "attributes": {
                            "cidr_blocks.#": "1",
                            "cidr_blocks.0": "10.10.0.0/16",
                            "description": "",
                            "from_port": "80",
                            "id": "sgrule-247537834",
                            "ipv6_cidr_blocks.#": "0",
                            "prefix_list_ids.#": "0",
                            "protocol": "tcp",
                            "security_group_id": "sg-242b0342",
                            "self": "false",
                            "to_port": "80",
                            "type": "ingress"
                        },
                        "meta": {
                            "schema_version": "2"
                        },
                        "tainted": false
                    },
                    "deposed": [],
                    "provider": ""
                }
            },
            "depends_on": []
        },
        {
            "path": [
                "root",
                "disha_mettl_in_env",
                "redis_instance",
                "sg"
            ],
            "outputs": {},
            "resources": {
                "aws_security_group.sg": {
                    "type": "aws_security_group",
                    "depends_on": [],
                    "primary": {
                        "id": "sg-e4fed082",
                        "attributes": {
                            "description": "Managed by Terraform",
                            "egress.#": "0",
                            "id": "sg-e4fed082",
                            "ingress.#": "1",
                            "ingress.3432186808.cidr_blocks.#": "1",
                            "ingress.3432186808.cidr_blocks.0": "10.10.0.0/16",
                            "ingress.3432186808.description": "",
                            "ingress.3432186808.from_port": "6379",
                            "ingress.3432186808.ipv6_cidr_blocks.#": "0",
                            "ingress.3432186808.protocol": "tcp",
                            "ingress.3432186808.security_groups.#": "0",
                            "ingress.3432186808.self": "false",
                            "ingress.3432186808.to_port": "6379",
                            "name": "redis-sg.websitepvt",
                            "owner_id": "760572120597",
                            "revoke_rules_on_delete": "false",
                            "tags.%": "1",
                            "tags.Name": "redis-sg.websitepvt",
                            "vpc_id": "vpc-7aa9ab1e"
                        },
                        "meta": {
                            "schema_version": "1"
                        },
                        "tainted": false
                    },
                    "deposed": [],
                    "provider": ""
                },
                "aws_security_group_rule.sg_rule": {
                    "type": "aws_security_group_rule",
                    "depends_on": [
                        "aws_security_group.sg"
                    ],
                    "primary": {
                        "id": "sgrule-2275570370",
                        "attributes": {
                            "cidr_blocks.#": "1",
                            "cidr_blocks.0": "10.10.0.0/16",
                            "description": "",
                            "from_port": "6379",
                            "id": "sgrule-2275570370",
                            "ipv6_cidr_blocks.#": "0",
                            "prefix_list_ids.#": "0",
                            "protocol": "tcp",
                            "security_group_id": "sg-e4fed082",
                            "self": "false",
                            "to_port": "6379",
                            "type": "ingress"
                        },
                        "meta": {
                            "schema_version": "2"
                        },
                        "tainted": false
                    },
                    "deposed": [],
                    "provider": ""
                }
            },
            "depends_on": []
        },
        {
            "path": [
                "root",
                "disha_mettl_in_env",
                "username_disha_instance",
                "sg"
            ],
            "outputs": {},
            "resources": {
                "aws_security_group.sg": {
                    "type": "aws_security_group",
                    "depends_on": [],
                    "primary": {
                        "id": "sg-ff557d99",
                        "attributes": {
                            "description": "Managed by Terraform",
                            "egress.#": "0",
                            "id": "sg-ff557d99",
                            "ingress.#": "1",
                            "ingress.2445507244.cidr_blocks.#": "1",
                            "ingress.2445507244.cidr_blocks.0": "10.10.0.0/16",
                            "ingress.2445507244.description": "",
                            "ingress.2445507244.from_port": "8041",
                            "ingress.2445507244.ipv6_cidr_blocks.#": "0",
                            "ingress.2445507244.protocol": "tcp",
                            "ingress.2445507244.security_groups.#": "0",
                            "ingress.2445507244.self": "false",
                            "ingress.2445507244.to_port": "8041",
                            "name": "disha-username-sg.websitepvt",
                            "owner_id": "760572120597",
                            "revoke_rules_on_delete": "false",
                            "tags.%": "1",
                            "tags.Name": "disha-username-sg.websitepvt",
                            "vpc_id": "vpc-7aa9ab1e"
                        },
                        "meta": {
                            "schema_version": "1"
                        },
                        "tainted": false
                    },
                    "deposed": [],
                    "provider": ""
                },
                "aws_security_group_rule.sg_rule": {
                    "type": "aws_security_group_rule",
                    "depends_on": [
                        "aws_security_group.sg"
                    ],
                    "primary": {
                        "id": "sgrule-1051095525",
                        "attributes": {
                            "cidr_blocks.#": "1",
                            "cidr_blocks.0": "10.10.0.0/16",
                            "description": "",
                            "from_port": "8041",
                            "id": "sgrule-1051095525",
                            "ipv6_cidr_blocks.#": "0",
                            "prefix_list_ids.#": "0",
                            "protocol": "tcp",
                            "security_group_id": "sg-ff557d99",
                            "self": "false",
                            "to_port": "8041",
                            "type": "ingress"
                        },
                        "meta": {
                            "schema_version": "2"
                        },
                        "tainted": false
                    },
                    "deposed": [],
                    "provider": ""
                }
            },
            "depends_on": []
        }
    ]
}
